{
  "version": 4,
  "terraform_version": "1.5.7",
  "serial": 48,
  "lineage": "cfc497c8-9daf-cb59-8073-00b5f261fced",
  "outputs": {},
  "resources": [
    {
      "mode": "data",
      "type": "google_client_config",
      "name": "default",
      "provider": "provider[\"registry.terraform.io/hashicorp/google\"]",
      "instances": [
        {
          "schema_version": 0,
          "attributes": {
            "access_token": "ya29.a0AcM612xuUTzBMxrP1PnQY6MYSPxNo74eDeZivh7_C70xptNqJ4m_DMUpU79tFFw7wUy_lOQEe_WBnV5vIRDdtMMZRbnm1925NNghBmFdTstzdzDfycxLCpoLDsJOofoN6NFmptldfgjQ8Cnf94tanmOsjEPt0-IEqhHmtjArwgaCgYKAdwSAQ8SFQHGX2MiBDCfCGK_ClupCv0tPj04Ug0177",
            "id": "projects/\"genlu-gke-dev\"/regions/\u003cnull\u003e/zones/\u003cnull\u003e",
            "project": "genlu-gke-dev",
            "region": null,
            "zone": null
          },
          "sensitive_attributes": []
        }
      ]
    },
    {
      "mode": "data",
      "type": "google_container_cluster",
      "name": "my_cluster",
      "provider": "provider[\"registry.terraform.io/hashicorp/google\"]",
      "instances": [
        {
          "schema_version": 0,
          "attributes": {
            "addons_config": [
              {
                "cloudrun_config": [],
                "config_connector_config": [],
                "dns_cache_config": [
                  {
                    "enabled": false
                  }
                ],
                "gce_persistent_disk_csi_driver_config": [
                  {
                    "enabled": true
                  }
                ],
                "gcp_filestore_csi_driver_config": [],
                "gcs_fuse_csi_driver_config": [
                  {
                    "enabled": false
                  }
                ],
                "gke_backup_agent_config": [],
                "horizontal_pod_autoscaling": [
                  {
                    "disabled": false
                  }
                ],
                "http_load_balancing": [
                  {
                    "disabled": false
                  }
                ],
                "network_policy_config": [
                  {
                    "disabled": true
                  }
                ],
                "ray_operator_config": [
                  {
                    "enabled": true,
                    "ray_cluster_logging_config": [
                      {
                        "enabled": true
                      }
                    ],
                    "ray_cluster_monitoring_config": [
                      {
                        "enabled": true
                      }
                    ]
                  }
                ],
                "stateful_ha_config": []
              }
            ],
            "allow_net_admin": null,
            "authenticator_groups_config": [
              {
                "security_group": ""
              }
            ],
            "binary_authorization": [
              {
                "enabled": false,
                "evaluation_mode": "DISABLED"
              }
            ],
            "cluster_autoscaling": [
              {
                "auto_provisioning_defaults": [],
                "auto_provisioning_locations": [],
                "autoscaling_profile": "BALANCED",
                "enabled": false,
                "resource_limits": []
              }
            ],
            "cluster_ipv4_cidr": "10.44.0.0/14",
            "confidential_nodes": [],
            "cost_management_config": [],
            "database_encryption": [
              {
                "key_name": "",
                "state": "DECRYPTED"
              }
            ],
            "datapath_provider": "LEGACY_DATAPATH",
            "default_max_pods_per_node": 110,
            "default_snat_status": [
              {
                "disabled": false
              }
            ],
            "deletion_protection": null,
            "description": "",
            "dns_config": [],
            "enable_autopilot": false,
            "enable_cilium_clusterwide_network_policy": false,
            "enable_intranode_visibility": false,
            "enable_k8s_beta_apis": [],
            "enable_kubernetes_alpha": false,
            "enable_l4_ilb_subsetting": false,
            "enable_legacy_abac": false,
            "enable_multi_networking": false,
            "enable_shielded_nodes": true,
            "enable_tpu": false,
            "endpoint": "104.155.149.238",
            "fleet": [],
            "gateway_api_config": [],
            "id": "projects/genlu-gke-dev/locations/us-central1-c/clusters/ray-st",
            "identity_service_config": [],
            "initial_node_count": 0,
            "ip_allocation_policy": [
              {
                "additional_pod_ranges_config": [],
                "cluster_ipv4_cidr_block": "10.44.0.0/14",
                "cluster_secondary_range_name": "gke-ray-st-pods-a2212e0a",
                "pod_cidr_overprovision_config": [
                  {
                    "disabled": false
                  }
                ],
                "services_ipv4_cidr_block": "34.118.224.0/20",
                "services_secondary_range_name": "",
                "stack_type": "IPV4"
              }
            ],
            "label_fingerprint": "a9dc16a7",
            "location": "us-central1-c",
            "logging_config": [
              {
                "enable_components": [
                  "SYSTEM_COMPONENTS",
                  "WORKLOADS"
                ]
              }
            ],
            "logging_service": "logging.googleapis.com/kubernetes",
            "maintenance_policy": [],
            "master_auth": [
              {
                "client_certificate": "",
                "client_certificate_config": [
                  {
                    "issue_client_certificate": false
                  }
                ],
                "client_key": "",
                "cluster_ca_certificate": "LS0tLS1CRUdJTiBDRVJUSUZJQ0FURS0tLS0tCk1JSUVMVENDQXBXZ0F3SUJBZ0lSQUtYcVJlY2NOVGg0bUluMytvRmNYeU13RFFZSktvWklodmNOQVFFTEJRQXcKTHpFdE1Dc0dBMVVFQXhNa1ptVXlaR1prTmpBdE1XVXdZaTAwTkdKbExUZzVaVFF0T1RjNE1qWXpOakl6TlRVMgpNQ0FYRFRJME1EZ3dPVEUzTWpNd09Wb1lEekl3TlRRd09EQXlNVGd5TXpBNVdqQXZNUzB3S3dZRFZRUURFeVJtClpUSmtabVEyTUMweFpUQmlMVFEwWW1VdE9EbGxOQzA1TnpneU5qTTJNak0xTlRZd2dnR2lNQTBHQ1NxR1NJYjMKRFFFQkFRVUFBNElCandBd2dnR0tBb0lCZ1FERXJRcm5kaWpMTFJZZUwwU2hDSzhsWWRReHJ0SFlrVE1TMFVTYwpkUVprVFlMeTdndkZQN0FSbFNuS1pSZTRVVkRWWkovK1RVYmx1eTZJemE4dnEvL3h6QUFTdDA5cVdydytOTG96CkJpOFVTZTNBcXJPT2tERTc0MUtXY01LNkdMcVpIQllhRzRpZWErdzB5V0diaHBIcU0rdlVMZEUxcG0xNEMybjgKbmFCUi9sMnhBOXh0NkErM0JVWUFTcEZlckNMbFhGbHVZQy9xaXhjek82Mm1JYmw0R1Qyei9hazNBbWJlVCt5WQpicnZjOGlFOUc3Ny9oaVprckFSbU4zcE1GaWRuKzBnMy9FWEV5ckd1aFhuelJVUUJuZ2dqSndqamZCUU9RSzlZCjMrMklxT2dKR0VGaStZRzZEcjNuOWsra25vdk1GTFhTbWZGT1RVenlEcmprYzNQcEt1RDl5MzlHNmVxcVg2Rm0KZjlVQk5sN1Y4dkZ6Y0x1QWZCZEFWdnlEWnVRc290K2tQUTV1bWIxOW80LzRMY1pYOERGcGNtczVJTDR5RlBqZQpJUm5meE9uNUlFS1U2bFM5czBiaWtaOEFPaVV0UENsLy9QT2NtcXBPUkNTM1FCRml5aUx4YUtpSDZWUWE2ZGVBCjFEbHQ1c1I0dDhaT044WFdyRHgxbVhGKy91Y0NBd0VBQWFOQ01FQXdEZ1lEVlIwUEFRSC9CQVFEQWdJRU1BOEcKQTFVZEV3RUIvd1FGTUFNQkFmOHdIUVlEVlIwT0JCWUVGSlZsL1RmYnd4cG1TZy9SVnNXQWxQamdLQUlXTUEwRwpDU3FHU0liM0RRRUJDd1VBQTRJQmdRQ1BHbkUyaExleHdiNXdhdUJDcG93R2ZiNE1jQlVINWVTc0hkcjBURlIyCi9ncDZ4U1FYaDliWjBvU2FrWGM1U1lxeEFoM1J2SytTQ0Yra0luTVhJVnBIQWY0SFIxajkxRlZHbzhkNG9aQ0YKL29qbGp2Wi94eEZxWXh4aUkzbHBYUkV1V0tqN1ZSdkhPMGg1Y0Z5TmNOM1BqK0V6SE55VTNlOEhvUHNiWldvbApueGcxSlVieTY3Rjl0bUt0djdkWU5VSjBNVkJrZkw0Mjh1d1orZWN0R0xZM3ZPVzlIRDFHRTFQQjNBWWFhQ3pDCitCVEo5eC9xdDdGSTRlQzZ2SHRleVVPZTdyWG9XU3lNdnNJTWZ3REIwaWdmbGNDenUzcWVIUHROaHA1cTkvb2EKUWlSTHloOGNwVnB4eVBNZ2J4aG85dktKdjE0U2NFSVBpcXFwTnhVYndDKy91bzRpd2FtcHM1ejVKdWJLa1BuWAp3OXBQWitsWWx0Z3QzNnBBdHJ0cEs3YUtkRTMwMFlyb21UTG0ydzBwL1BHc1F6OFJtUVZTS0dDL1FTaHhOU3RBCmxXMm00Z3MyQmp4RFltZW5PVzJIMTFTakwydFJWZTVIbEx4RWFxRmdlVUtwQ0MrYnRMVTBpMFFOelYwK1lRUk8KOXR5aVpHdktxWlhYeXA4eWVpYUgxQ1E9Ci0tLS0tRU5EIENFUlRJRklDQVRFLS0tLS0K"
              }
            ],
            "master_authorized_networks_config": [],
            "master_version": "1.30.2-gke.1587003",
            "mesh_certificates": [],
            "min_master_version": null,
            "monitoring_config": [
              {
                "advanced_datapath_observability_config": [
                  {
                    "enable_metrics": false,
                    "enable_relay": false,
                    "relay_mode": "DISABLED"
                  }
                ],
                "enable_components": [
                  "SYSTEM_COMPONENTS",
                  "STORAGE",
                  "POD",
                  "DEPLOYMENT",
                  "STATEFULSET",
                  "DAEMONSET",
                  "HPA",
                  "CADVISOR",
                  "KUBELET"
                ],
                "managed_prometheus": [
                  {
                    "enabled": true
                  }
                ]
              }
            ],
            "monitoring_service": "monitoring.googleapis.com/kubernetes",
            "name": "ray-st",
            "network": "projects/genlu-gke-dev/global/networks/default",
            "network_policy": [
              {
                "enabled": false,
                "provider": "PROVIDER_UNSPECIFIED"
              }
            ],
            "networking_mode": "VPC_NATIVE",
            "node_config": [
              {
                "advanced_machine_features": [
                  {
                    "enable_nested_virtualization": false,
                    "threads_per_core": 0
                  }
                ],
                "boot_disk_kms_key": "",
                "confidential_nodes": [],
                "containerd_config": [],
                "disk_size_gb": 100,
                "disk_type": "pd-balanced",
                "effective_taints": [],
                "enable_confidential_storage": false,
                "ephemeral_storage_local_ssd_config": [],
                "fast_socket": [],
                "gcfs_config": [],
                "guest_accelerator": [],
                "gvnic": [],
                "host_maintenance_policy": [],
                "image_type": "COS_CONTAINERD",
                "kubelet_config": [],
                "labels": {},
                "linux_node_config": [],
                "local_nvme_ssd_block_config": [],
                "local_ssd_count": 0,
                "logging_variant": "DEFAULT",
                "machine_type": "e2-medium",
                "metadata": {
                  "disable-legacy-endpoints": "true"
                },
                "min_cpu_platform": "",
                "node_group": "",
                "oauth_scopes": [
                  "https://www.googleapis.com/auth/devstorage.read_only",
                  "https://www.googleapis.com/auth/logging.write",
                  "https://www.googleapis.com/auth/monitoring",
                  "https://www.googleapis.com/auth/service.management.readonly",
                  "https://www.googleapis.com/auth/servicecontrol",
                  "https://www.googleapis.com/auth/trace.append"
                ],
                "preemptible": false,
                "reservation_affinity": [],
                "resource_labels": {},
                "resource_manager_tags": {},
                "secondary_boot_disks": [],
                "service_account": "default",
                "shielded_instance_config": [
                  {
                    "enable_integrity_monitoring": true,
                    "enable_secure_boot": false
                  }
                ],
                "sole_tenant_config": [],
                "spot": false,
                "tags": [],
                "taint": [],
                "workload_metadata_config": []
              }
            ],
            "node_locations": [],
            "node_pool": [
              {
                "autoscaling": [],
                "initial_node_count": 3,
                "instance_group_urls": [
                  "https://www.googleapis.com/compute/v1/projects/genlu-gke-dev/zones/us-central1-c/instanceGroupManagers/gke-ray-st-default-pool-d280f8d8-grp"
                ],
                "managed_instance_group_urls": [
                  "https://www.googleapis.com/compute/v1/projects/genlu-gke-dev/zones/us-central1-c/instanceGroups/gke-ray-st-default-pool-d280f8d8-grp"
                ],
                "management": [
                  {
                    "auto_repair": true,
                    "auto_upgrade": true
                  }
                ],
                "max_pods_per_node": 110,
                "name": "default-pool",
                "name_prefix": "",
                "network_config": [
                  {
                    "additional_node_network_configs": [],
                    "additional_pod_network_configs": [],
                    "create_pod_range": false,
                    "enable_private_nodes": false,
                    "network_performance_config": [],
                    "pod_cidr_overprovision_config": [],
                    "pod_ipv4_cidr_block": "10.44.0.0/14",
                    "pod_range": "gke-ray-st-pods-a2212e0a"
                  }
                ],
                "node_config": [
                  {
                    "advanced_machine_features": [
                      {
                        "enable_nested_virtualization": false,
                        "threads_per_core": 0
                      }
                    ],
                    "boot_disk_kms_key": "",
                    "confidential_nodes": [],
                    "containerd_config": [],
                    "disk_size_gb": 100,
                    "disk_type": "pd-balanced",
                    "effective_taints": [],
                    "enable_confidential_storage": false,
                    "ephemeral_storage_local_ssd_config": [],
                    "fast_socket": [],
                    "gcfs_config": [],
                    "guest_accelerator": [],
                    "gvnic": [],
                    "host_maintenance_policy": [],
                    "image_type": "COS_CONTAINERD",
                    "kubelet_config": [],
                    "labels": {},
                    "linux_node_config": [],
                    "local_nvme_ssd_block_config": [],
                    "local_ssd_count": 0,
                    "logging_variant": "DEFAULT",
                    "machine_type": "e2-medium",
                    "metadata": {
                      "disable-legacy-endpoints": "true"
                    },
                    "min_cpu_platform": "",
                    "node_group": "",
                    "oauth_scopes": [
                      "https://www.googleapis.com/auth/devstorage.read_only",
                      "https://www.googleapis.com/auth/logging.write",
                      "https://www.googleapis.com/auth/monitoring",
                      "https://www.googleapis.com/auth/service.management.readonly",
                      "https://www.googleapis.com/auth/servicecontrol",
                      "https://www.googleapis.com/auth/trace.append"
                    ],
                    "preemptible": false,
                    "reservation_affinity": [],
                    "resource_labels": {},
                    "resource_manager_tags": {},
                    "secondary_boot_disks": [],
                    "service_account": "default",
                    "shielded_instance_config": [
                      {
                        "enable_integrity_monitoring": true,
                        "enable_secure_boot": false
                      }
                    ],
                    "sole_tenant_config": [],
                    "spot": false,
                    "tags": [],
                    "taint": [],
                    "workload_metadata_config": []
                  }
                ],
                "node_count": 3,
                "node_locations": [
                  "us-central1-c"
                ],
                "placement_policy": [],
                "queued_provisioning": [
                  {
                    "enabled": false
                  }
                ],
                "upgrade_settings": [
                  {
                    "blue_green_settings": [],
                    "max_surge": 1,
                    "max_unavailable": 0,
                    "strategy": "SURGE"
                  }
                ],
                "version": "1.30.2-gke.1587003"
              }
            ],
            "node_pool_auto_config": [],
            "node_pool_defaults": [
              {
                "node_config_defaults": [
                  {
                    "containerd_config": [],
                    "logging_variant": "DEFAULT"
                  }
                ]
              }
            ],
            "node_version": "1.30.2-gke.1587003",
            "notification_config": [
              {
                "pubsub": [
                  {
                    "enabled": false,
                    "filter": [],
                    "topic": ""
                  }
                ]
              }
            ],
            "operation": null,
            "private_cluster_config": [
              {
                "enable_private_endpoint": false,
                "enable_private_nodes": false,
                "master_global_access_config": [
                  {
                    "enabled": false
                  }
                ],
                "master_ipv4_cidr_block": "",
                "peering_name": "",
                "private_endpoint": "10.128.0.49",
                "private_endpoint_subnetwork": "",
                "public_endpoint": "104.155.149.238"
              }
            ],
            "private_ipv6_google_access": "",
            "project": "genlu-gke-dev",
            "release_channel": [
              {
                "channel": "RAPID"
              }
            ],
            "remove_default_node_pool": null,
            "resource_labels": {},
            "resource_usage_export_config": [],
            "security_posture_config": [
              {
                "mode": "BASIC",
                "vulnerability_mode": "VULNERABILITY_DISABLED"
              }
            ],
            "self_link": "https://container.googleapis.com/v1/projects/genlu-gke-dev/zones/us-central1-c/clusters/ray-st",
            "service_external_ips_config": [
              {
                "enabled": false
              }
            ],
            "services_ipv4_cidr": "34.118.224.0/20",
            "subnetwork": "projects/genlu-gke-dev/regions/us-central1/subnetworks/default",
            "tpu_ipv4_cidr_block": "",
            "vertical_pod_autoscaling": [],
            "workload_identity_config": []
          },
          "sensitive_attributes": []
        }
      ]
    },
    {
      "mode": "data",
      "type": "google_project",
      "name": "project",
      "provider": "provider[\"registry.terraform.io/hashicorp/google\"]",
      "instances": [
        {
          "schema_version": 0,
          "attributes": {
            "auto_create_network": null,
            "billing_account": "00E7A7-4928AF-F1C514",
            "deletion_policy": "DELETE",
            "effective_labels": {},
            "folder_id": "657923791383",
            "id": "projects/genlu-gke-dev",
            "labels": {},
            "name": "genlu-gke-dev",
            "number": "696654398756",
            "org_id": "",
            "project_id": "genlu-gke-dev",
            "skip_delete": null,
            "terraform_labels": {}
          },
          "sensitive_attributes": []
        }
      ]
    },
    {
      "mode": "managed",
      "type": "helm_release",
      "name": "gmp-engine",
      "provider": "provider[\"registry.terraform.io/hashicorp/helm\"].test",
      "instances": [
        {
          "schema_version": 1,
          "attributes": {
            "atomic": false,
            "chart": "./../../charts/gmp-engine/",
            "cleanup_on_fail": false,
            "create_namespace": false,
            "dependency_update": false,
            "description": null,
            "devel": null,
            "disable_crd_hooks": false,
            "disable_openapi_validation": false,
            "disable_webhooks": false,
            "force_update": false,
            "id": "gmp-engine",
            "keyring": null,
            "lint": false,
            "manifest": null,
            "max_history": 0,
            "metadata": [
              {
                "app_version": "1.0.0",
                "chart": "gmp-engine",
                "first_deployed": 1723575492,
                "last_deployed": 1723575492,
                "name": "gmp-engine",
                "namespace": "default",
                "notes": "",
                "revision": 1,
                "values": "{\"podMonitoring\":[{\"interval\":\"30s\",\"name\":\"mistral-7b-instruct\",\"port\":\"metrics\",\"selector\":{\"app\":\"mistral-7b-instruct\"}}]}",
                "version": "0.1.0"
              }
            ],
            "name": "gmp-engine",
            "namespace": "default",
            "pass_credentials": false,
            "postrender": [],
            "recreate_pods": false,
            "render_subchart_notes": true,
            "replace": false,
            "repository": null,
            "repository_ca_file": null,
            "repository_cert_file": null,
            "repository_key_file": null,
            "repository_password": null,
            "repository_username": null,
            "reset_values": false,
            "reuse_values": false,
            "set": [],
            "set_list": [],
            "set_sensitive": [],
            "skip_crds": false,
            "status": "deployed",
            "timeout": 1200,
            "values": [
              "podMonitoring:\n- name: mistral-7b-instruct\n  selector:\n    app: mistral-7b-instruct\n  port: metrics\n  interval: 30s\n"
            ],
            "verify": false,
            "version": "0.1.0",
            "wait": true,
            "wait_for_jobs": false
          },
          "sensitive_attributes": [],
          "private": "eyJzY2hlbWFfdmVyc2lvbiI6IjEifQ==",
          "dependencies": [
            "data.google_client_config.default",
            "data.google_container_cluster.my_cluster"
          ]
        }
      ]
    }
  ],
  "check_results": null
}
