{
  "version": 4,
  "terraform_version": "1.5.7",
  "serial": 38,
  "lineage": "c0b46857-5754-2442-099f-7bc2e18b517c",
  "outputs": {
    "gke_cluster_location": {
      "value": "us-central1",
      "type": "string"
    },
    "gke_cluster_name": {
      "value": "ap-1",
      "type": "string"
    },
    "jupyterhub_ip_address": {
      "value": "",
      "type": "string"
    },
    "jupyterhub_password": {
      "value": "8Oip9zDVwp",
      "type": "string",
      "sensitive": true
    },
    "jupyterhub_uri": {
      "value": "https://console.cloud.google.com/kubernetes/service/us-central1/ap-1/jupyter-test/proxy-public/overview?project=genlu-gke-dev",
      "type": "string"
    },
    "jupyterhub_user": {
      "value": "admin",
      "type": "string"
    },
    "kubernetes_namespace": {
      "value": "jupyter-test",
      "type": "string"
    },
    "project_id": {
      "value": "genlu-gke-dev",
      "type": "string"
    }
  },
  "resources": [
    {
      "mode": "data",
      "type": "google_client_config",
      "name": "default",
      "provider": "provider[\"registry.terraform.io/hashicorp/google\"]",
      "instances": [
        {
          "schema_version": 0,
          "attributes": {
            "access_token": "ya29.a0AcM612xedFmP4dlbpK9wFJf9spcI4kqBCBu8GgSImM_ePJ5yGjLxTrTTTCzzJxceRpOZ6vCx3p7ZeSMma_-QIN-OdrOHB26euln4NbnTCt7V0d2bu8WEh7oGXO_XXl7H7F82XTq7f3h3wL75djTBw8Wz59o6JjKWAPvRHorRo34aCgYKAZsSAQ8SFQHGX2MiQd7g6k8knxwgOhWqQLgIaQ0178",
            "default_labels": null,
            "id": "projects/\"genlu-gke-dev\"/regions/\u003cnull\u003e/zones/\u003cnull\u003e",
            "project": "genlu-gke-dev",
            "region": null,
            "zone": null
          },
          "sensitive_attributes": []
        }
      ]
    },
    {
      "mode": "data",
      "type": "google_container_cluster",
      "name": "default",
      "provider": "provider[\"registry.terraform.io/hashicorp/google\"]",
      "instances": [
        {
          "index_key": 0,
          "schema_version": 0,
          "attributes": {
            "addons_config": [
              {
                "cloudrun_config": [],
                "config_connector_config": [],
                "dns_cache_config": [
                  {
                    "enabled": true
                  }
                ],
                "gce_persistent_disk_csi_driver_config": [
                  {
                    "enabled": true
                  }
                ],
                "gcp_filestore_csi_driver_config": [
                  {
                    "enabled": true
                  }
                ],
                "gcs_fuse_csi_driver_config": [
                  {
                    "enabled": true
                  }
                ],
                "gke_backup_agent_config": [],
                "horizontal_pod_autoscaling": [
                  {
                    "disabled": false
                  }
                ],
                "http_load_balancing": [
                  {
                    "disabled": false
                  }
                ],
                "network_policy_config": [
                  {
                    "disabled": true
                  }
                ],
                "ray_operator_config": [
                  {
                    "enabled": false,
                    "ray_cluster_logging_config": [],
                    "ray_cluster_monitoring_config": []
                  }
                ],
                "stateful_ha_config": [
                  {
                    "enabled": true
                  }
                ]
              }
            ],
            "allow_net_admin": true,
            "authenticator_groups_config": [
              {
                "security_group": ""
              }
            ],
            "binary_authorization": [
              {
                "enabled": false,
                "evaluation_mode": "DISABLED"
              }
            ],
            "cluster_autoscaling": [
              {
                "auto_provisioning_defaults": [
                  {
                    "boot_disk_kms_key": "",
                    "disk_size": 0,
                    "disk_type": "",
                    "image_type": "COS_CONTAINERD",
                    "management": [
                      {
                        "auto_repair": true,
                        "auto_upgrade": true,
                        "upgrade_options": []
                      }
                    ],
                    "min_cpu_platform": "",
                    "oauth_scopes": [
                      "https://www.googleapis.com/auth/devstorage.read_only",
                      "https://www.googleapis.com/auth/logging.write",
                      "https://www.googleapis.com/auth/monitoring",
                      "https://www.googleapis.com/auth/service.management.readonly",
                      "https://www.googleapis.com/auth/servicecontrol",
                      "https://www.googleapis.com/auth/trace.append"
                    ],
                    "service_account": "default",
                    "shielded_instance_config": [],
                    "upgrade_settings": [
                      {
                        "blue_green_settings": [],
                        "max_surge": 1,
                        "max_unavailable": 0,
                        "strategy": "SURGE"
                      }
                    ]
                  }
                ],
                "auto_provisioning_locations": [],
                "autoscaling_profile": "OPTIMIZE_UTILIZATION",
                "enabled": true,
                "resource_limits": [
                  {
                    "maximum": 1000000000,
                    "minimum": 0,
                    "resource_type": "cpu"
                  },
                  {
                    "maximum": 1000000000,
                    "minimum": 0,
                    "resource_type": "memory"
                  },
                  {
                    "maximum": 1000000000,
                    "minimum": 0,
                    "resource_type": "nvidia-tesla-t4"
                  },
                  {
                    "maximum": 1000000000,
                    "minimum": 0,
                    "resource_type": "nvidia-tesla-a100"
                  }
                ]
              }
            ],
            "cluster_ipv4_cidr": "10.85.0.0/17",
            "confidential_nodes": [],
            "cost_management_config": [],
            "database_encryption": [
              {
                "key_name": "",
                "state": "DECRYPTED"
              }
            ],
            "datapath_provider": "ADVANCED_DATAPATH",
            "default_max_pods_per_node": 110,
            "default_snat_status": [
              {
                "disabled": false
              }
            ],
            "deletion_protection": null,
            "description": "",
            "dns_config": [
              {
                "cluster_dns": "CLOUD_DNS",
                "cluster_dns_domain": "cluster.local",
                "cluster_dns_scope": "CLUSTER_SCOPE"
              }
            ],
            "enable_autopilot": true,
            "enable_cilium_clusterwide_network_policy": false,
            "enable_intranode_visibility": true,
            "enable_k8s_beta_apis": [],
            "enable_kubernetes_alpha": false,
            "enable_l4_ilb_subsetting": false,
            "enable_legacy_abac": false,
            "enable_multi_networking": false,
            "enable_shielded_nodes": true,
            "enable_tpu": false,
            "endpoint": "146.148.45.161",
            "fleet": [],
            "gateway_api_config": [
              {
                "channel": "CHANNEL_STANDARD"
              }
            ],
            "id": "projects/genlu-gke-dev/locations/us-central1/clusters/ap-1",
            "identity_service_config": [],
            "initial_node_count": 0,
            "ip_allocation_policy": [
              {
                "additional_pod_ranges_config": [],
                "cluster_ipv4_cidr_block": "10.85.0.0/17",
                "cluster_secondary_range_name": "gke-ap-1-pods-99581041",
                "pod_cidr_overprovision_config": [
                  {
                    "disabled": false
                  }
                ],
                "services_ipv4_cidr_block": "34.118.224.0/20",
                "services_secondary_range_name": "",
                "stack_type": "IPV4"
              }
            ],
            "label_fingerprint": "a9dc16a7",
            "location": "us-central1",
            "logging_config": [
              {
                "enable_components": [
                  "SYSTEM_COMPONENTS",
                  "WORKLOADS"
                ]
              }
            ],
            "logging_service": "logging.googleapis.com/kubernetes",
            "maintenance_policy": [],
            "master_auth": [
              {
                "client_certificate": "",
                "client_certificate_config": [
                  {
                    "issue_client_certificate": false
                  }
                ],
                "client_key": "",
                "cluster_ca_certificate": "LS0tLS1CRUdJTiBDRVJUSUZJQ0FURS0tLS0tCk1JSUVMRENDQXBTZ0F3SUJBZ0lRRm9seVp3dHpwemtMSGNCc2llcG5DVEFOQmdrcWhraUc5dzBCQVFzRkFEQXYKTVMwd0t3WURWUVFERXlRMk1UZ3lPVEExWlMweVptSXpMVFF5TnpndE9EWmtOaTAxWm1Vd056TTFZekV4T1dNdwpJQmNOTWpRd09UQTBNakV6TURNMFdoZ1BNakExTkRBNE1qZ3lNak13TXpSYU1DOHhMVEFyQmdOVkJBTVRKRFl4Ck9ESTVNRFZsTFRKbVlqTXROREkzT0MwNE5tUTJMVFZtWlRBM016VmpNVEU1WXpDQ0FhSXdEUVlKS29aSWh2Y04KQVFFQkJRQURnZ0dQQURDQ0FZb0NnZ0dCQU1FZnR2NEdhSGhUd0tMVjgzNGVaM0QvU2hvSzZVNlh6cUM3TzdqOQpzSHlxaStwS3h1YlJkM1dBcm1rdjNySjJ3R0s1b2xhQWNsN0JPbWRJbXI5cm1DTVdDc0NqKzdJMHlCU3hsa3NiCi9iQjNhQU01SW1heHhVWkYweWpxQ1lSdWx1d2tHTmNPdE5tQk9NVFVDb1R4K1lCZGtjNFUrWVh6ZTEzNTNsb3MKZDIzd3dKMVhNQmNybEFpZ21UREVYRytVNUlkajE2N1c1bVR0bWZQRUVJN2ZhdDd1R3d4RnpOaGxjYklOcmF6aQpHSFRYc040U0xJK2xEdktMNE1jNmo4bUsvcU1BZHlqU3JKdDQyRXROTGJjUUhiUUZQTFhUWmhIblg4WjY0VldBCm9KdVNaQ0gxLzg1L2Y0STNVNVBGcVVnNXIvdENsTG5lM2IweTlseklGNE1FOXk2ZHhsT0Y4ZmVrZFR4NjJCeXcKcTFJYXZGVi96UWhDMFh2NTFwc1FlaTRaaldkdmRld1hrUUg2QzBuY3d4QkR6K2I3TmZQcCs3Wk5pSTV6bTE5KwpOOThiZjFNSGxJUXUxYkplcFZ5aDBMMWd4cGhBM3JPTHhVOHcwenlUNE5kRnE2WVBPTTg4akJ3dkFJS0JXM1BUClFkOElsSityQnJvR3RmbjNFakZkQnV5R2p3SURBUUFCbzBJd1FEQU9CZ05WSFE4QkFmOEVCQU1DQWdRd0R3WUQKVlIwVEFRSC9CQVV3QXdFQi96QWRCZ05WSFE0RUZnUVVqaDBaWDZDS3lRWTZCUnYwQUwrZk1UQ1U5ejB3RFFZSgpLb1pJaHZjTkFRRUxCUUFEZ2dHQkFLMG4zVFZDREhTSVdOZGVmcGNQVUYwVkFmaFJOaTZKL1lJOENkM1c2V2Y2CnpiaDA1aFlWN3Jqbi82NFQvRzVJMTUrMllSS1NFSVkyRjdQcHVFajhjVUgrWVhrY3d4QVM2d25NVTJGMW9YcmIKSWhBZGFmR2pUbUlHWWZia2t4WitpSE9BT3ErRFRvOHB4amZ3V0haQ1RmbnFDV1lvdk0vOEY0OUJjZElWaXZZUAo3VDhrVFBqcEE0Tzc3dFk1OEhLR3IrcVRDWXVPeUQ1dVBqK1l1MlhCOHpvdjdNeGt3YTVaQXkrcCsrYXZHelhpCmlSK0FyN3E4WVVoSDVtQ1c4OFd3aEhHcloyT0Z0NXp1azJRZ1FSdGRnNEpBVG5yVGFmVXIydUN4OXNtamZhYmcKVTMyQ08rS2lYcEZxTkFEK3FGT2UzcEVPd05ISjFJTlhJYVIxTENobStmcDJjWDRxOHJjV0FrYVRyeEt4bWlTSgoxUjc0RU5kUHJ2ejB1ZFhyU3V4QndUdm5OZXhsR1RhcjdWRkNRMEk0YWpIanQ5SzF4b3paUS92U1JKKy8wQ1Y3CkxXdVFLRmZpMkU4TWFOVVVjQmhkWkE0c2Z6RUtWbzR5YytZbklBUlh0U1JINUp2MXlGRUx3czJVZ01YK09XbmMKVU9rSlVVNnBiTEFXQWFVcGVwcGNvZz09Ci0tLS0tRU5EIENFUlRJRklDQVRFLS0tLS0K"
              }
            ],
            "master_authorized_networks_config": [],
            "master_version": "1.30.3-gke.1639000",
            "mesh_certificates": [],
            "min_master_version": null,
            "monitoring_config": [
              {
                "advanced_datapath_observability_config": [
                  {
                    "enable_metrics": true,
                    "enable_relay": false,
                    "relay_mode": "DISABLED"
                  }
                ],
                "enable_components": [
                  "SYSTEM_COMPONENTS",
                  "STORAGE",
                  "POD",
                  "DEPLOYMENT",
                  "STATEFULSET",
                  "DAEMONSET",
                  "HPA",
                  "CADVISOR",
                  "KUBELET"
                ],
                "managed_prometheus": [
                  {
                    "enabled": true
                  }
                ]
              }
            ],
            "monitoring_service": "monitoring.googleapis.com/kubernetes",
            "name": "ap-1",
            "network": "projects/genlu-gke-dev/global/networks/default",
            "network_policy": [
              {
                "enabled": false,
                "provider": "PROVIDER_UNSPECIFIED"
              }
            ],
            "networking_mode": "VPC_NATIVE",
            "node_config": [
              {
                "advanced_machine_features": [],
                "boot_disk_kms_key": "",
                "confidential_nodes": [],
                "containerd_config": [],
                "disk_size_gb": 100,
                "disk_type": "pd-balanced",
                "effective_taints": [
                  {
                    "effect": "NO_SCHEDULE",
                    "key": "cloud.google.com/gke-quick-remove",
                    "value": "true"
                  }
                ],
                "enable_confidential_storage": false,
                "ephemeral_storage_local_ssd_config": [],
                "fast_socket": [],
                "gcfs_config": [],
                "guest_accelerator": [],
                "gvnic": [
                  {
                    "enabled": true
                  }
                ],
                "host_maintenance_policy": [],
                "image_type": "COS_CONTAINERD",
                "kubelet_config": [],
                "labels": {},
                "linux_node_config": [],
                "local_nvme_ssd_block_config": [],
                "local_ssd_count": 0,
                "logging_variant": "DEFAULT",
                "machine_type": "e2-small",
                "metadata": {
                  "disable-legacy-endpoints": "true"
                },
                "min_cpu_platform": "",
                "node_group": "",
                "oauth_scopes": [
                  "https://www.googleapis.com/auth/devstorage.read_only",
                  "https://www.googleapis.com/auth/logging.write",
                  "https://www.googleapis.com/auth/monitoring",
                  "https://www.googleapis.com/auth/service.management.readonly",
                  "https://www.googleapis.com/auth/servicecontrol",
                  "https://www.googleapis.com/auth/trace.append"
                ],
                "preemptible": false,
                "reservation_affinity": [
                  {
                    "consume_reservation_type": "NO_RESERVATION",
                    "key": "",
                    "values": []
                  }
                ],
                "resource_labels": {},
                "resource_manager_tags": {},
                "secondary_boot_disks": [],
                "service_account": "default",
                "shielded_instance_config": [
                  {
                    "enable_integrity_monitoring": true,
                    "enable_secure_boot": true
                  }
                ],
                "sole_tenant_config": [],
                "spot": false,
                "tags": [],
                "taint": [],
                "workload_metadata_config": [
                  {
                    "mode": "GKE_METADATA"
                  }
                ]
              }
            ],
            "node_locations": [
              "us-central1-a",
              "us-central1-b",
              "us-central1-c",
              "us-central1-f"
            ],
            "node_pool": [
              {
                "autoscaling": [
                  {
                    "location_policy": "BALANCED",
                    "max_node_count": 1000,
                    "min_node_count": 0,
                    "total_max_node_count": 0,
                    "total_min_node_count": 0
                  }
                ],
                "initial_node_count": 1,
                "instance_group_urls": [
                  "https://www.googleapis.com/compute/v1/projects/genlu-gke-dev/zones/us-central1-c/instanceGroupManagers/gk3-ap-1-default-pool-d88f14f8-grp"
                ],
                "managed_instance_group_urls": [
                  "https://www.googleapis.com/compute/v1/projects/genlu-gke-dev/zones/us-central1-c/instanceGroups/gk3-ap-1-default-pool-d88f14f8-grp"
                ],
                "management": [
                  {
                    "auto_repair": true,
                    "auto_upgrade": true
                  }
                ],
                "max_pods_per_node": 32,
                "name": "default-pool",
                "name_prefix": "",
                "network_config": [
                  {
                    "additional_node_network_configs": [],
                    "additional_pod_network_configs": [],
                    "create_pod_range": false,
                    "enable_private_nodes": false,
                    "network_performance_config": [],
                    "pod_cidr_overprovision_config": [],
                    "pod_ipv4_cidr_block": "10.85.0.0/17",
                    "pod_range": "gke-ap-1-pods-99581041"
                  }
                ],
                "node_config": [
                  {
                    "advanced_machine_features": [],
                    "boot_disk_kms_key": "",
                    "confidential_nodes": [],
                    "containerd_config": [],
                    "disk_size_gb": 100,
                    "disk_type": "pd-balanced",
                    "effective_taints": [
                      {
                        "effect": "NO_SCHEDULE",
                        "key": "cloud.google.com/gke-quick-remove",
                        "value": "true"
                      }
                    ],
                    "enable_confidential_storage": false,
                    "ephemeral_storage_local_ssd_config": [],
                    "fast_socket": [],
                    "gcfs_config": [],
                    "guest_accelerator": [],
                    "gvnic": [
                      {
                        "enabled": true
                      }
                    ],
                    "host_maintenance_policy": [],
                    "image_type": "COS_CONTAINERD",
                    "kubelet_config": [],
                    "labels": {},
                    "linux_node_config": [],
                    "local_nvme_ssd_block_config": [],
                    "local_ssd_count": 0,
                    "logging_variant": "DEFAULT",
                    "machine_type": "e2-small",
                    "metadata": {
                      "disable-legacy-endpoints": "true"
                    },
                    "min_cpu_platform": "",
                    "node_group": "",
                    "oauth_scopes": [
                      "https://www.googleapis.com/auth/devstorage.read_only",
                      "https://www.googleapis.com/auth/logging.write",
                      "https://www.googleapis.com/auth/monitoring",
                      "https://www.googleapis.com/auth/service.management.readonly",
                      "https://www.googleapis.com/auth/servicecontrol",
                      "https://www.googleapis.com/auth/trace.append"
                    ],
                    "preemptible": false,
                    "reservation_affinity": [
                      {
                        "consume_reservation_type": "NO_RESERVATION",
                        "key": "",
                        "values": []
                      }
                    ],
                    "resource_labels": {},
                    "resource_manager_tags": {},
                    "secondary_boot_disks": [],
                    "service_account": "default",
                    "shielded_instance_config": [
                      {
                        "enable_integrity_monitoring": true,
                        "enable_secure_boot": true
                      }
                    ],
                    "sole_tenant_config": [],
                    "spot": false,
                    "tags": [],
                    "taint": [],
                    "workload_metadata_config": [
                      {
                        "mode": "GKE_METADATA"
                      }
                    ]
                  }
                ],
                "node_count": 0,
                "node_locations": [
                  "us-central1-c"
                ],
                "placement_policy": [],
                "queued_provisioning": [],
                "upgrade_settings": [
                  {
                    "blue_green_settings": [],
                    "max_surge": 1,
                    "max_unavailable": 0,
                    "strategy": "SURGE"
                  }
                ],
                "version": "1.30.3-gke.1639000"
              },
              {
                "autoscaling": [
                  {
                    "location_policy": "BALANCED",
                    "max_node_count": 1000,
                    "min_node_count": 0,
                    "total_max_node_count": 0,
                    "total_min_node_count": 0
                  }
                ],
                "initial_node_count": 0,
                "instance_group_urls": [
                  "https://www.googleapis.com/compute/v1/projects/genlu-gke-dev/zones/us-central1-a/instanceGroupManagers/gk3-ap-1-pool-1-96d0dd3f-grp",
                  "https://www.googleapis.com/compute/v1/projects/genlu-gke-dev/zones/us-central1-b/instanceGroupManagers/gk3-ap-1-pool-1-6140efe6-grp",
                  "https://www.googleapis.com/compute/v1/projects/genlu-gke-dev/zones/us-central1-c/instanceGroupManagers/gk3-ap-1-pool-1-4becaf76-grp",
                  "https://www.googleapis.com/compute/v1/projects/genlu-gke-dev/zones/us-central1-f/instanceGroupManagers/gk3-ap-1-pool-1-d2f26693-grp"
                ],
                "managed_instance_group_urls": [
                  "https://www.googleapis.com/compute/v1/projects/genlu-gke-dev/zones/us-central1-a/instanceGroups/gk3-ap-1-pool-1-96d0dd3f-grp",
                  "https://www.googleapis.com/compute/v1/projects/genlu-gke-dev/zones/us-central1-b/instanceGroups/gk3-ap-1-pool-1-6140efe6-grp",
                  "https://www.googleapis.com/compute/v1/projects/genlu-gke-dev/zones/us-central1-c/instanceGroups/gk3-ap-1-pool-1-4becaf76-grp",
                  "https://www.googleapis.com/compute/v1/projects/genlu-gke-dev/zones/us-central1-f/instanceGroups/gk3-ap-1-pool-1-d2f26693-grp"
                ],
                "management": [
                  {
                    "auto_repair": true,
                    "auto_upgrade": true
                  }
                ],
                "max_pods_per_node": 32,
                "name": "pool-1",
                "name_prefix": "",
                "network_config": [
                  {
                    "additional_node_network_configs": [],
                    "additional_pod_network_configs": [],
                    "create_pod_range": false,
                    "enable_private_nodes": false,
                    "network_performance_config": [],
                    "pod_cidr_overprovision_config": [],
                    "pod_ipv4_cidr_block": "10.85.0.0/17",
                    "pod_range": "gke-ap-1-pods-99581041"
                  }
                ],
                "node_config": [
                  {
                    "advanced_machine_features": [],
                    "boot_disk_kms_key": "",
                    "confidential_nodes": [],
                    "containerd_config": [],
                    "disk_size_gb": 100,
                    "disk_type": "pd-balanced",
                    "effective_taints": [],
                    "enable_confidential_storage": false,
                    "ephemeral_storage_local_ssd_config": [],
                    "fast_socket": [],
                    "gcfs_config": [],
                    "guest_accelerator": [],
                    "gvnic": [
                      {
                        "enabled": true
                      }
                    ],
                    "host_maintenance_policy": [],
                    "image_type": "COS_CONTAINERD",
                    "kubelet_config": [],
                    "labels": {},
                    "linux_node_config": [],
                    "local_nvme_ssd_block_config": [],
                    "local_ssd_count": 0,
                    "logging_variant": "DEFAULT",
                    "machine_type": "e2-medium",
                    "metadata": {
                      "disable-legacy-endpoints": "true"
                    },
                    "min_cpu_platform": "",
                    "node_group": "",
                    "oauth_scopes": [
                      "https://www.googleapis.com/auth/devstorage.read_only",
                      "https://www.googleapis.com/auth/logging.write",
                      "https://www.googleapis.com/auth/monitoring",
                      "https://www.googleapis.com/auth/service.management.readonly",
                      "https://www.googleapis.com/auth/servicecontrol",
                      "https://www.googleapis.com/auth/trace.append"
                    ],
                    "preemptible": false,
                    "reservation_affinity": [
                      {
                        "consume_reservation_type": "NO_RESERVATION",
                        "key": "",
                        "values": []
                      }
                    ],
                    "resource_labels": {},
                    "resource_manager_tags": {},
                    "secondary_boot_disks": [],
                    "service_account": "default",
                    "shielded_instance_config": [
                      {
                        "enable_integrity_monitoring": true,
                        "enable_secure_boot": true
                      }
                    ],
                    "sole_tenant_config": [],
                    "spot": false,
                    "tags": [],
                    "taint": [],
                    "workload_metadata_config": [
                      {
                        "mode": "GKE_METADATA"
                      }
                    ]
                  }
                ],
                "node_count": 0,
                "node_locations": [
                  "us-central1-a",
                  "us-central1-b",
                  "us-central1-c",
                  "us-central1-f"
                ],
                "placement_policy": [],
                "queued_provisioning": [],
                "upgrade_settings": [
                  {
                    "blue_green_settings": [],
                    "max_surge": 1,
                    "max_unavailable": 0,
                    "strategy": "SURGE"
                  }
                ],
                "version": "1.30.3-gke.1639000"
              },
              {
                "autoscaling": [
                  {
                    "location_policy": "BALANCED",
                    "max_node_count": 1000,
                    "min_node_count": 0,
                    "total_max_node_count": 0,
                    "total_min_node_count": 0
                  }
                ],
                "initial_node_count": 0,
                "instance_group_urls": [
                  "https://www.googleapis.com/compute/v1/projects/genlu-gke-dev/zones/us-central1-a/instanceGroupManagers/gk3-ap-1-pool-2-64e8ee81-grp",
                  "https://www.googleapis.com/compute/v1/projects/genlu-gke-dev/zones/us-central1-b/instanceGroupManagers/gk3-ap-1-pool-2-47648808-grp",
                  "https://www.googleapis.com/compute/v1/projects/genlu-gke-dev/zones/us-central1-c/instanceGroupManagers/gk3-ap-1-pool-2-6ea4b00f-grp",
                  "https://www.googleapis.com/compute/v1/projects/genlu-gke-dev/zones/us-central1-f/instanceGroupManagers/gk3-ap-1-pool-2-7b243916-grp"
                ],
                "managed_instance_group_urls": [
                  "https://www.googleapis.com/compute/v1/projects/genlu-gke-dev/zones/us-central1-a/instanceGroups/gk3-ap-1-pool-2-64e8ee81-grp",
                  "https://www.googleapis.com/compute/v1/projects/genlu-gke-dev/zones/us-central1-b/instanceGroups/gk3-ap-1-pool-2-47648808-grp",
                  "https://www.googleapis.com/compute/v1/projects/genlu-gke-dev/zones/us-central1-c/instanceGroups/gk3-ap-1-pool-2-6ea4b00f-grp",
                  "https://www.googleapis.com/compute/v1/projects/genlu-gke-dev/zones/us-central1-f/instanceGroups/gk3-ap-1-pool-2-7b243916-grp"
                ],
                "management": [
                  {
                    "auto_repair": true,
                    "auto_upgrade": true
                  }
                ],
                "max_pods_per_node": 32,
                "name": "pool-2",
                "name_prefix": "",
                "network_config": [
                  {
                    "additional_node_network_configs": [],
                    "additional_pod_network_configs": [],
                    "create_pod_range": false,
                    "enable_private_nodes": false,
                    "network_performance_config": [],
                    "pod_cidr_overprovision_config": [],
                    "pod_ipv4_cidr_block": "10.85.0.0/17",
                    "pod_range": "gke-ap-1-pods-99581041"
                  }
                ],
                "node_config": [
                  {
                    "advanced_machine_features": [],
                    "boot_disk_kms_key": "",
                    "confidential_nodes": [],
                    "containerd_config": [],
                    "disk_size_gb": 100,
                    "disk_type": "pd-balanced",
                    "effective_taints": [],
                    "enable_confidential_storage": false,
                    "ephemeral_storage_local_ssd_config": [],
                    "fast_socket": [],
                    "gcfs_config": [],
                    "guest_accelerator": [],
                    "gvnic": [
                      {
                        "enabled": true
                      }
                    ],
                    "host_maintenance_policy": [],
                    "image_type": "COS_CONTAINERD",
                    "kubelet_config": [],
                    "labels": {},
                    "linux_node_config": [],
                    "local_nvme_ssd_block_config": [],
                    "local_ssd_count": 0,
                    "logging_variant": "DEFAULT",
                    "machine_type": "e2-standard-2",
                    "metadata": {
                      "disable-legacy-endpoints": "true"
                    },
                    "min_cpu_platform": "",
                    "node_group": "",
                    "oauth_scopes": [
                      "https://www.googleapis.com/auth/devstorage.read_only",
                      "https://www.googleapis.com/auth/logging.write",
                      "https://www.googleapis.com/auth/monitoring",
                      "https://www.googleapis.com/auth/service.management.readonly",
                      "https://www.googleapis.com/auth/servicecontrol",
                      "https://www.googleapis.com/auth/trace.append"
                    ],
                    "preemptible": false,
                    "reservation_affinity": [
                      {
                        "consume_reservation_type": "NO_RESERVATION",
                        "key": "",
                        "values": []
                      }
                    ],
                    "resource_labels": {},
                    "resource_manager_tags": {},
                    "secondary_boot_disks": [],
                    "service_account": "default",
                    "shielded_instance_config": [
                      {
                        "enable_integrity_monitoring": true,
                        "enable_secure_boot": true
                      }
                    ],
                    "sole_tenant_config": [],
                    "spot": false,
                    "tags": [],
                    "taint": [],
                    "workload_metadata_config": [
                      {
                        "mode": "GKE_METADATA"
                      }
                    ]
                  }
                ],
                "node_count": 0,
                "node_locations": [
                  "us-central1-a",
                  "us-central1-b",
                  "us-central1-c",
                  "us-central1-f"
                ],
                "placement_policy": [],
                "queued_provisioning": [],
                "upgrade_settings": [
                  {
                    "blue_green_settings": [],
                    "max_surge": 1,
                    "max_unavailable": 0,
                    "strategy": "SURGE"
                  }
                ],
                "version": "1.30.3-gke.1639000"
              },
              {
                "autoscaling": [
                  {
                    "location_policy": "BALANCED",
                    "max_node_count": 1000,
                    "min_node_count": 0,
                    "total_max_node_count": 0,
                    "total_min_node_count": 0
                  }
                ],
                "initial_node_count": 0,
                "instance_group_urls": [
                  "https://www.googleapis.com/compute/v1/projects/genlu-gke-dev/zones/us-central1-a/instanceGroupManagers/gk3-ap-1-pool-3-3b327ba9-grp",
                  "https://www.googleapis.com/compute/v1/projects/genlu-gke-dev/zones/us-central1-b/instanceGroupManagers/gk3-ap-1-pool-3-a8f014ac-grp",
                  "https://www.googleapis.com/compute/v1/projects/genlu-gke-dev/zones/us-central1-c/instanceGroupManagers/gk3-ap-1-pool-3-e6a0ad66-grp",
                  "https://www.googleapis.com/compute/v1/projects/genlu-gke-dev/zones/us-central1-f/instanceGroupManagers/gk3-ap-1-pool-3-cfd98c32-grp"
                ],
                "managed_instance_group_urls": [
                  "https://www.googleapis.com/compute/v1/projects/genlu-gke-dev/zones/us-central1-a/instanceGroups/gk3-ap-1-pool-3-3b327ba9-grp",
                  "https://www.googleapis.com/compute/v1/projects/genlu-gke-dev/zones/us-central1-b/instanceGroups/gk3-ap-1-pool-3-a8f014ac-grp",
                  "https://www.googleapis.com/compute/v1/projects/genlu-gke-dev/zones/us-central1-c/instanceGroups/gk3-ap-1-pool-3-e6a0ad66-grp",
                  "https://www.googleapis.com/compute/v1/projects/genlu-gke-dev/zones/us-central1-f/instanceGroups/gk3-ap-1-pool-3-cfd98c32-grp"
                ],
                "management": [
                  {
                    "auto_repair": true,
                    "auto_upgrade": true
                  }
                ],
                "max_pods_per_node": 32,
                "name": "pool-3",
                "name_prefix": "",
                "network_config": [
                  {
                    "additional_node_network_configs": [],
                    "additional_pod_network_configs": [],
                    "create_pod_range": false,
                    "enable_private_nodes": false,
                    "network_performance_config": [],
                    "pod_cidr_overprovision_config": [],
                    "pod_ipv4_cidr_block": "10.85.0.0/17",
                    "pod_range": "gke-ap-1-pods-99581041"
                  }
                ],
                "node_config": [
                  {
                    "advanced_machine_features": [],
                    "boot_disk_kms_key": "",
                    "confidential_nodes": [],
                    "containerd_config": [],
                    "disk_size_gb": 100,
                    "disk_type": "pd-balanced",
                    "effective_taints": [],
                    "enable_confidential_storage": false,
                    "ephemeral_storage_local_ssd_config": [],
                    "fast_socket": [],
                    "gcfs_config": [],
                    "guest_accelerator": [],
                    "gvnic": [
                      {
                        "enabled": true
                      }
                    ],
                    "host_maintenance_policy": [],
                    "image_type": "COS_CONTAINERD",
                    "kubelet_config": [],
                    "labels": {},
                    "linux_node_config": [],
                    "local_nvme_ssd_block_config": [],
                    "local_ssd_count": 0,
                    "logging_variant": "DEFAULT",
                    "machine_type": "e2-standard-4",
                    "metadata": {
                      "disable-legacy-endpoints": "true"
                    },
                    "min_cpu_platform": "",
                    "node_group": "",
                    "oauth_scopes": [
                      "https://www.googleapis.com/auth/devstorage.read_only",
                      "https://www.googleapis.com/auth/logging.write",
                      "https://www.googleapis.com/auth/monitoring",
                      "https://www.googleapis.com/auth/service.management.readonly",
                      "https://www.googleapis.com/auth/servicecontrol",
                      "https://www.googleapis.com/auth/trace.append"
                    ],
                    "preemptible": false,
                    "reservation_affinity": [
                      {
                        "consume_reservation_type": "NO_RESERVATION",
                        "key": "",
                        "values": []
                      }
                    ],
                    "resource_labels": {},
                    "resource_manager_tags": {},
                    "secondary_boot_disks": [],
                    "service_account": "default",
                    "shielded_instance_config": [
                      {
                        "enable_integrity_monitoring": true,
                        "enable_secure_boot": true
                      }
                    ],
                    "sole_tenant_config": [],
                    "spot": false,
                    "tags": [],
                    "taint": [],
                    "workload_metadata_config": [
                      {
                        "mode": "GKE_METADATA"
                      }
                    ]
                  }
                ],
                "node_count": 0,
                "node_locations": [
                  "us-central1-a",
                  "us-central1-b",
                  "us-central1-c",
                  "us-central1-f"
                ],
                "placement_policy": [],
                "queued_provisioning": [],
                "upgrade_settings": [
                  {
                    "blue_green_settings": [],
                    "max_surge": 1,
                    "max_unavailable": 0,
                    "strategy": "SURGE"
                  }
                ],
                "version": "1.30.3-gke.1639000"
              },
              {
                "autoscaling": [
                  {
                    "location_policy": "BALANCED",
                    "max_node_count": 1000,
                    "min_node_count": 0,
                    "total_max_node_count": 0,
                    "total_min_node_count": 0
                  }
                ],
                "initial_node_count": 0,
                "instance_group_urls": [
                  "https://www.googleapis.com/compute/v1/projects/genlu-gke-dev/zones/us-central1-a/instanceGroupManagers/gk3-ap-1-pool-4-0731c2ee-grp",
                  "https://www.googleapis.com/compute/v1/projects/genlu-gke-dev/zones/us-central1-b/instanceGroupManagers/gk3-ap-1-pool-4-f5187431-grp",
                  "https://www.googleapis.com/compute/v1/projects/genlu-gke-dev/zones/us-central1-c/instanceGroupManagers/gk3-ap-1-pool-4-60929b3d-grp",
                  "https://www.googleapis.com/compute/v1/projects/genlu-gke-dev/zones/us-central1-f/instanceGroupManagers/gk3-ap-1-pool-4-791054c9-grp"
                ],
                "managed_instance_group_urls": [
                  "https://www.googleapis.com/compute/v1/projects/genlu-gke-dev/zones/us-central1-a/instanceGroups/gk3-ap-1-pool-4-0731c2ee-grp",
                  "https://www.googleapis.com/compute/v1/projects/genlu-gke-dev/zones/us-central1-b/instanceGroups/gk3-ap-1-pool-4-f5187431-grp",
                  "https://www.googleapis.com/compute/v1/projects/genlu-gke-dev/zones/us-central1-c/instanceGroups/gk3-ap-1-pool-4-60929b3d-grp",
                  "https://www.googleapis.com/compute/v1/projects/genlu-gke-dev/zones/us-central1-f/instanceGroups/gk3-ap-1-pool-4-791054c9-grp"
                ],
                "management": [
                  {
                    "auto_repair": true,
                    "auto_upgrade": true
                  }
                ],
                "max_pods_per_node": 32,
                "name": "pool-4",
                "name_prefix": "",
                "network_config": [
                  {
                    "additional_node_network_configs": [],
                    "additional_pod_network_configs": [],
                    "create_pod_range": false,
                    "enable_private_nodes": false,
                    "network_performance_config": [],
                    "pod_cidr_overprovision_config": [],
                    "pod_ipv4_cidr_block": "10.85.0.0/17",
                    "pod_range": "gke-ap-1-pods-99581041"
                  }
                ],
                "node_config": [
                  {
                    "advanced_machine_features": [],
                    "boot_disk_kms_key": "",
                    "confidential_nodes": [],
                    "containerd_config": [],
                    "disk_size_gb": 100,
                    "disk_type": "pd-balanced",
                    "effective_taints": [],
                    "enable_confidential_storage": false,
                    "ephemeral_storage_local_ssd_config": [],
                    "fast_socket": [],
                    "gcfs_config": [],
                    "guest_accelerator": [],
                    "gvnic": [
                      {
                        "enabled": true
                      }
                    ],
                    "host_maintenance_policy": [],
                    "image_type": "COS_CONTAINERD",
                    "kubelet_config": [],
                    "labels": {},
                    "linux_node_config": [],
                    "local_nvme_ssd_block_config": [],
                    "local_ssd_count": 0,
                    "logging_variant": "DEFAULT",
                    "machine_type": "e2-standard-8",
                    "metadata": {
                      "disable-legacy-endpoints": "true"
                    },
                    "min_cpu_platform": "",
                    "node_group": "",
                    "oauth_scopes": [
                      "https://www.googleapis.com/auth/devstorage.read_only",
                      "https://www.googleapis.com/auth/logging.write",
                      "https://www.googleapis.com/auth/monitoring",
                      "https://www.googleapis.com/auth/service.management.readonly",
                      "https://www.googleapis.com/auth/servicecontrol",
                      "https://www.googleapis.com/auth/trace.append"
                    ],
                    "preemptible": false,
                    "reservation_affinity": [
                      {
                        "consume_reservation_type": "NO_RESERVATION",
                        "key": "",
                        "values": []
                      }
                    ],
                    "resource_labels": {},
                    "resource_manager_tags": {},
                    "secondary_boot_disks": [],
                    "service_account": "default",
                    "shielded_instance_config": [
                      {
                        "enable_integrity_monitoring": true,
                        "enable_secure_boot": true
                      }
                    ],
                    "sole_tenant_config": [],
                    "spot": false,
                    "tags": [],
                    "taint": [],
                    "workload_metadata_config": [
                      {
                        "mode": "GKE_METADATA"
                      }
                    ]
                  }
                ],
                "node_count": 0,
                "node_locations": [
                  "us-central1-a",
                  "us-central1-b",
                  "us-central1-c",
                  "us-central1-f"
                ],
                "placement_policy": [],
                "queued_provisioning": [],
                "upgrade_settings": [
                  {
                    "blue_green_settings": [],
                    "max_surge": 1,
                    "max_unavailable": 0,
                    "strategy": "SURGE"
                  }
                ],
                "version": "1.30.3-gke.1639000"
              },
              {
                "autoscaling": [
                  {
                    "location_policy": "BALANCED",
                    "max_node_count": 1000,
                    "min_node_count": 0,
                    "total_max_node_count": 0,
                    "total_min_node_count": 0
                  }
                ],
                "initial_node_count": 0,
                "instance_group_urls": [
                  "https://www.googleapis.com/compute/v1/projects/genlu-gke-dev/zones/us-central1-a/instanceGroupManagers/gk3-ap-1-pool-5-606323a6-grp",
                  "https://www.googleapis.com/compute/v1/projects/genlu-gke-dev/zones/us-central1-b/instanceGroupManagers/gk3-ap-1-pool-5-10dc32fe-grp",
                  "https://www.googleapis.com/compute/v1/projects/genlu-gke-dev/zones/us-central1-c/instanceGroupManagers/gk3-ap-1-pool-5-7e490a1b-grp",
                  "https://www.googleapis.com/compute/v1/projects/genlu-gke-dev/zones/us-central1-f/instanceGroupManagers/gk3-ap-1-pool-5-86d2f0f4-grp"
                ],
                "managed_instance_group_urls": [
                  "https://www.googleapis.com/compute/v1/projects/genlu-gke-dev/zones/us-central1-a/instanceGroups/gk3-ap-1-pool-5-606323a6-grp",
                  "https://www.googleapis.com/compute/v1/projects/genlu-gke-dev/zones/us-central1-b/instanceGroups/gk3-ap-1-pool-5-10dc32fe-grp",
                  "https://www.googleapis.com/compute/v1/projects/genlu-gke-dev/zones/us-central1-c/instanceGroups/gk3-ap-1-pool-5-7e490a1b-grp",
                  "https://www.googleapis.com/compute/v1/projects/genlu-gke-dev/zones/us-central1-f/instanceGroups/gk3-ap-1-pool-5-86d2f0f4-grp"
                ],
                "management": [
                  {
                    "auto_repair": true,
                    "auto_upgrade": true
                  }
                ],
                "max_pods_per_node": 32,
                "name": "pool-5",
                "name_prefix": "",
                "network_config": [
                  {
                    "additional_node_network_configs": [],
                    "additional_pod_network_configs": [],
                    "create_pod_range": false,
                    "enable_private_nodes": false,
                    "network_performance_config": [],
                    "pod_cidr_overprovision_config": [],
                    "pod_ipv4_cidr_block": "10.85.0.0/17",
                    "pod_range": "gke-ap-1-pods-99581041"
                  }
                ],
                "node_config": [
                  {
                    "advanced_machine_features": [],
                    "boot_disk_kms_key": "",
                    "confidential_nodes": [],
                    "containerd_config": [],
                    "disk_size_gb": 100,
                    "disk_type": "pd-balanced",
                    "effective_taints": [],
                    "enable_confidential_storage": false,
                    "ephemeral_storage_local_ssd_config": [],
                    "fast_socket": [],
                    "gcfs_config": [],
                    "guest_accelerator": [],
                    "gvnic": [
                      {
                        "enabled": true
                      }
                    ],
                    "host_maintenance_policy": [],
                    "image_type": "COS_CONTAINERD",
                    "kubelet_config": [],
                    "labels": {},
                    "linux_node_config": [],
                    "local_nvme_ssd_block_config": [],
                    "local_ssd_count": 0,
                    "logging_variant": "DEFAULT",
                    "machine_type": "e2-standard-16",
                    "metadata": {
                      "disable-legacy-endpoints": "true"
                    },
                    "min_cpu_platform": "",
                    "node_group": "",
                    "oauth_scopes": [
                      "https://www.googleapis.com/auth/devstorage.read_only",
                      "https://www.googleapis.com/auth/logging.write",
                      "https://www.googleapis.com/auth/monitoring",
                      "https://www.googleapis.com/auth/service.management.readonly",
                      "https://www.googleapis.com/auth/servicecontrol",
                      "https://www.googleapis.com/auth/trace.append"
                    ],
                    "preemptible": false,
                    "reservation_affinity": [
                      {
                        "consume_reservation_type": "NO_RESERVATION",
                        "key": "",
                        "values": []
                      }
                    ],
                    "resource_labels": {},
                    "resource_manager_tags": {},
                    "secondary_boot_disks": [],
                    "service_account": "default",
                    "shielded_instance_config": [
                      {
                        "enable_integrity_monitoring": true,
                        "enable_secure_boot": true
                      }
                    ],
                    "sole_tenant_config": [],
                    "spot": false,
                    "tags": [],
                    "taint": [],
                    "workload_metadata_config": [
                      {
                        "mode": "GKE_METADATA"
                      }
                    ]
                  }
                ],
                "node_count": 0,
                "node_locations": [
                  "us-central1-a",
                  "us-central1-b",
                  "us-central1-c",
                  "us-central1-f"
                ],
                "placement_policy": [],
                "queued_provisioning": [],
                "upgrade_settings": [
                  {
                    "blue_green_settings": [],
                    "max_surge": 1,
                    "max_unavailable": 0,
                    "strategy": "SURGE"
                  }
                ],
                "version": "1.30.3-gke.1639000"
              },
              {
                "autoscaling": [
                  {
                    "location_policy": "BALANCED",
                    "max_node_count": 1000,
                    "min_node_count": 0,
                    "total_max_node_count": 0,
                    "total_min_node_count": 0
                  }
                ],
                "initial_node_count": 0,
                "instance_group_urls": [
                  "https://www.googleapis.com/compute/v1/projects/genlu-gke-dev/zones/us-central1-a/instanceGroupManagers/gk3-ap-1-pool-6-38e30683-grp",
                  "https://www.googleapis.com/compute/v1/projects/genlu-gke-dev/zones/us-central1-b/instanceGroupManagers/gk3-ap-1-pool-6-0f6c6cce-grp",
                  "https://www.googleapis.com/compute/v1/projects/genlu-gke-dev/zones/us-central1-c/instanceGroupManagers/gk3-ap-1-pool-6-d4267707-grp",
                  "https://www.googleapis.com/compute/v1/projects/genlu-gke-dev/zones/us-central1-f/instanceGroupManagers/gk3-ap-1-pool-6-240d208d-grp"
                ],
                "managed_instance_group_urls": [
                  "https://www.googleapis.com/compute/v1/projects/genlu-gke-dev/zones/us-central1-a/instanceGroups/gk3-ap-1-pool-6-38e30683-grp",
                  "https://www.googleapis.com/compute/v1/projects/genlu-gke-dev/zones/us-central1-b/instanceGroups/gk3-ap-1-pool-6-0f6c6cce-grp",
                  "https://www.googleapis.com/compute/v1/projects/genlu-gke-dev/zones/us-central1-c/instanceGroups/gk3-ap-1-pool-6-d4267707-grp",
                  "https://www.googleapis.com/compute/v1/projects/genlu-gke-dev/zones/us-central1-f/instanceGroups/gk3-ap-1-pool-6-240d208d-grp"
                ],
                "management": [
                  {
                    "auto_repair": true,
                    "auto_upgrade": true
                  }
                ],
                "max_pods_per_node": 32,
                "name": "pool-6",
                "name_prefix": "",
                "network_config": [
                  {
                    "additional_node_network_configs": [],
                    "additional_pod_network_configs": [],
                    "create_pod_range": false,
                    "enable_private_nodes": false,
                    "network_performance_config": [],
                    "pod_cidr_overprovision_config": [],
                    "pod_ipv4_cidr_block": "10.85.0.0/17",
                    "pod_range": "gke-ap-1-pods-99581041"
                  }
                ],
                "node_config": [
                  {
                    "advanced_machine_features": [],
                    "boot_disk_kms_key": "",
                    "confidential_nodes": [],
                    "containerd_config": [],
                    "disk_size_gb": 100,
                    "disk_type": "pd-balanced",
                    "effective_taints": [],
                    "enable_confidential_storage": false,
                    "ephemeral_storage_local_ssd_config": [],
                    "fast_socket": [],
                    "gcfs_config": [],
                    "guest_accelerator": [],
                    "gvnic": [
                      {
                        "enabled": true
                      }
                    ],
                    "host_maintenance_policy": [],
                    "image_type": "COS_CONTAINERD",
                    "kubelet_config": [],
                    "labels": {},
                    "linux_node_config": [],
                    "local_nvme_ssd_block_config": [],
                    "local_ssd_count": 0,
                    "logging_variant": "DEFAULT",
                    "machine_type": "e2-standard-32",
                    "metadata": {
                      "disable-legacy-endpoints": "true"
                    },
                    "min_cpu_platform": "",
                    "node_group": "",
                    "oauth_scopes": [
                      "https://www.googleapis.com/auth/devstorage.read_only",
                      "https://www.googleapis.com/auth/logging.write",
                      "https://www.googleapis.com/auth/monitoring",
                      "https://www.googleapis.com/auth/service.management.readonly",
                      "https://www.googleapis.com/auth/servicecontrol",
                      "https://www.googleapis.com/auth/trace.append"
                    ],
                    "preemptible": false,
                    "reservation_affinity": [
                      {
                        "consume_reservation_type": "NO_RESERVATION",
                        "key": "",
                        "values": []
                      }
                    ],
                    "resource_labels": {},
                    "resource_manager_tags": {},
                    "secondary_boot_disks": [],
                    "service_account": "default",
                    "shielded_instance_config": [
                      {
                        "enable_integrity_monitoring": true,
                        "enable_secure_boot": true
                      }
                    ],
                    "sole_tenant_config": [],
                    "spot": false,
                    "tags": [],
                    "taint": [],
                    "workload_metadata_config": [
                      {
                        "mode": "GKE_METADATA"
                      }
                    ]
                  }
                ],
                "node_count": 0,
                "node_locations": [
                  "us-central1-a",
                  "us-central1-b",
                  "us-central1-c",
                  "us-central1-f"
                ],
                "placement_policy": [],
                "queued_provisioning": [],
                "upgrade_settings": [
                  {
                    "blue_green_settings": [],
                    "max_surge": 1,
                    "max_unavailable": 0,
                    "strategy": "SURGE"
                  }
                ],
                "version": "1.30.3-gke.1639000"
              },
              {
                "autoscaling": [
                  {
                    "location_policy": "BALANCED",
                    "max_node_count": 1000,
                    "min_node_count": 0,
                    "total_max_node_count": 0,
                    "total_min_node_count": 0
                  }
                ],
                "initial_node_count": 0,
                "instance_group_urls": [
                  "https://www.googleapis.com/compute/v1/projects/genlu-gke-dev/zones/us-central1-a/instanceGroupManagers/gk3-ap-1-nap-1of8fdtd-96316e26-grp",
                  "https://www.googleapis.com/compute/v1/projects/genlu-gke-dev/zones/us-central1-b/instanceGroupManagers/gk3-ap-1-nap-1of8fdtd-64929749-grp",
                  "https://www.googleapis.com/compute/v1/projects/genlu-gke-dev/zones/us-central1-c/instanceGroupManagers/gk3-ap-1-nap-1of8fdtd-a4658eb1-grp",
                  "https://www.googleapis.com/compute/v1/projects/genlu-gke-dev/zones/us-central1-f/instanceGroupManagers/gk3-ap-1-nap-1of8fdtd-7f5e0ce2-grp"
                ],
                "managed_instance_group_urls": [
                  "https://www.googleapis.com/compute/v1/projects/genlu-gke-dev/zones/us-central1-a/instanceGroups/gk3-ap-1-nap-1of8fdtd-96316e26-grp",
                  "https://www.googleapis.com/compute/v1/projects/genlu-gke-dev/zones/us-central1-b/instanceGroups/gk3-ap-1-nap-1of8fdtd-64929749-grp",
                  "https://www.googleapis.com/compute/v1/projects/genlu-gke-dev/zones/us-central1-c/instanceGroups/gk3-ap-1-nap-1of8fdtd-a4658eb1-grp",
                  "https://www.googleapis.com/compute/v1/projects/genlu-gke-dev/zones/us-central1-f/instanceGroups/gk3-ap-1-nap-1of8fdtd-7f5e0ce2-grp"
                ],
                "management": [
                  {
                    "auto_repair": true,
                    "auto_upgrade": true
                  }
                ],
                "max_pods_per_node": 32,
                "name": "nap-1of8fdtd",
                "name_prefix": "",
                "network_config": [
                  {
                    "additional_node_network_configs": [],
                    "additional_pod_network_configs": [],
                    "create_pod_range": false,
                    "enable_private_nodes": false,
                    "network_performance_config": [],
                    "pod_cidr_overprovision_config": [],
                    "pod_ipv4_cidr_block": "10.85.0.0/17",
                    "pod_range": "gke-ap-1-pods-99581041"
                  }
                ],
                "node_config": [
                  {
                    "advanced_machine_features": [],
                    "boot_disk_kms_key": "",
                    "confidential_nodes": [],
                    "containerd_config": [],
                    "disk_size_gb": 100,
                    "disk_type": "pd-balanced",
                    "effective_taints": [],
                    "enable_confidential_storage": false,
                    "ephemeral_storage_local_ssd_config": [],
                    "fast_socket": [],
                    "gcfs_config": [],
                    "guest_accelerator": [],
                    "gvnic": [
                      {
                        "enabled": true
                      }
                    ],
                    "host_maintenance_policy": [],
                    "image_type": "COS_CONTAINERD",
                    "kubelet_config": [],
                    "labels": {},
                    "linux_node_config": [],
                    "local_nvme_ssd_block_config": [],
                    "local_ssd_count": 0,
                    "logging_variant": "DEFAULT",
                    "machine_type": "e2-standard-2",
                    "metadata": {
                      "disable-legacy-endpoints": "true"
                    },
                    "min_cpu_platform": "",
                    "node_group": "",
                    "oauth_scopes": [
                      "https://www.googleapis.com/auth/devstorage.read_only",
                      "https://www.googleapis.com/auth/logging.write",
                      "https://www.googleapis.com/auth/monitoring",
                      "https://www.googleapis.com/auth/service.management.readonly",
                      "https://www.googleapis.com/auth/servicecontrol",
                      "https://www.googleapis.com/auth/trace.append"
                    ],
                    "preemptible": false,
                    "reservation_affinity": [
                      {
                        "consume_reservation_type": "NO_RESERVATION",
                        "key": "",
                        "values": []
                      }
                    ],
                    "resource_labels": {},
                    "resource_manager_tags": {},
                    "secondary_boot_disks": [],
                    "service_account": "default",
                    "shielded_instance_config": [
                      {
                        "enable_integrity_monitoring": true,
                        "enable_secure_boot": true
                      }
                    ],
                    "sole_tenant_config": [],
                    "spot": false,
                    "tags": [],
                    "taint": [],
                    "workload_metadata_config": [
                      {
                        "mode": "GKE_METADATA"
                      }
                    ]
                  }
                ],
                "node_count": 1,
                "node_locations": [
                  "us-central1-a",
                  "us-central1-b",
                  "us-central1-c",
                  "us-central1-f"
                ],
                "placement_policy": [
                  {
                    "policy_name": "",
                    "tpu_topology": "",
                    "type": ""
                  }
                ],
                "queued_provisioning": [],
                "upgrade_settings": [
                  {
                    "blue_green_settings": [],
                    "max_surge": 1,
                    "max_unavailable": 0,
                    "strategy": "SURGE"
                  }
                ],
                "version": "1.30.3-gke.1639000"
              }
            ],
            "node_pool_auto_config": [],
            "node_pool_defaults": [
              {
                "node_config_defaults": [
                  {
                    "containerd_config": [],
                    "logging_variant": "DEFAULT"
                  }
                ]
              }
            ],
            "node_version": "1.30.3-gke.1639000",
            "notification_config": [
              {
                "pubsub": [
                  {
                    "enabled": false,
                    "filter": [],
                    "topic": ""
                  }
                ]
              }
            ],
            "operation": null,
            "private_cluster_config": [
              {
                "enable_private_endpoint": false,
                "enable_private_nodes": false,
                "master_global_access_config": [
                  {
                    "enabled": false
                  }
                ],
                "master_ipv4_cidr_block": "",
                "peering_name": "",
                "private_endpoint": "10.128.15.242",
                "private_endpoint_subnetwork": "",
                "public_endpoint": "146.148.45.161"
              }
            ],
            "private_ipv6_google_access": "",
            "project": "genlu-gke-dev",
            "release_channel": [
              {
                "channel": "RAPID"
              }
            ],
            "remove_default_node_pool": null,
            "resource_labels": {},
            "resource_usage_export_config": [],
            "security_posture_config": [
              {
                "mode": "BASIC",
                "vulnerability_mode": "VULNERABILITY_DISABLED"
              }
            ],
            "self_link": "https://container.googleapis.com/v1/projects/genlu-gke-dev/locations/us-central1/clusters/ap-1",
            "service_external_ips_config": [
              {
                "enabled": false
              }
            ],
            "services_ipv4_cidr": "34.118.224.0/20",
            "subnetwork": "projects/genlu-gke-dev/regions/us-central1/subnetworks/default",
            "tpu_ipv4_cidr_block": "",
            "vertical_pod_autoscaling": [
              {
                "enabled": true
              }
            ],
            "workload_identity_config": [
              {
                "workload_pool": "genlu-gke-dev.svc.id.goog"
              }
            ]
          },
          "sensitive_attributes": []
        }
      ]
    },
    {
      "mode": "data",
      "type": "google_project",
      "name": "project",
      "provider": "provider[\"registry.terraform.io/hashicorp/google\"]",
      "instances": [
        {
          "schema_version": 0,
          "attributes": {
            "auto_create_network": null,
            "billing_account": "00E7A7-4928AF-F1C514",
            "deletion_policy": "DELETE",
            "effective_labels": {},
            "folder_id": "657923791383",
            "id": "projects/genlu-gke-dev",
            "labels": {},
            "name": "genlu-gke-dev",
            "number": "696654398756",
            "org_id": "",
            "project_id": "genlu-gke-dev",
            "skip_delete": null,
            "terraform_labels": {}
          },
          "sensitive_attributes": []
        }
      ]
    },
    {
      "module": "module.jupyterhub",
      "mode": "data",
      "type": "google_project",
      "name": "project",
      "provider": "provider[\"registry.terraform.io/hashicorp/google\"]",
      "instances": [
        {
          "schema_version": 0,
          "attributes": {
            "auto_create_network": null,
            "billing_account": "00E7A7-4928AF-F1C514",
            "deletion_policy": "DELETE",
            "effective_labels": {},
            "folder_id": "657923791383",
            "id": "projects/genlu-gke-dev",
            "labels": {},
            "name": "genlu-gke-dev",
            "number": "696654398756",
            "org_id": "",
            "project_id": "genlu-gke-dev",
            "skip_delete": null,
            "terraform_labels": {}
          },
          "sensitive_attributes": []
        }
      ]
    },
    {
      "module": "module.jupyterhub",
      "mode": "data",
      "type": "kubernetes_service",
      "name": "jupyter",
      "provider": "provider[\"registry.terraform.io/hashicorp/kubernetes\"].jupyter",
      "instances": [
        {
          "schema_version": 0,
          "attributes": {
            "id": "jupyter-test/proxy-public",
            "metadata": [
              {
                "annotations": {
                  "beta.cloud.google.com/backend-config": "{\"default\": \"jupyter-iap-config\"}",
                  "cloud.google.com/neg": "{\"ingress\":true}",
                  "meta.helm.sh/release-name": "jupyterhub",
                  "meta.helm.sh/release-namespace": "jupyter-test"
                },
                "generation": 0,
                "labels": {
                  "app": "jupyterhub",
                  "app.kubernetes.io/managed-by": "Helm",
                  "chart": "jupyterhub-3.3.8",
                  "component": "proxy-public",
                  "heritage": "Helm",
                  "release": "jupyterhub"
                },
                "name": "proxy-public",
                "namespace": "jupyter-test",
                "resource_version": "20864373",
                "uid": "4323067f-723e-4f64-8069-82d88c7fe8a1"
              }
            ],
            "spec": [
              {
                "allocate_load_balancer_node_ports": true,
                "cluster_ip": "34.118.234.242",
                "cluster_ips": [
                  "34.118.234.242"
                ],
                "external_ips": [],
                "external_name": "",
                "external_traffic_policy": "",
                "health_check_node_port": 0,
                "internal_traffic_policy": "Cluster",
                "ip_families": [
                  "IPv4"
                ],
                "ip_family_policy": "SingleStack",
                "load_balancer_class": "",
                "load_balancer_ip": "",
                "load_balancer_source_ranges": [],
                "port": [
                  {
                    "app_protocol": "",
                    "name": "http",
                    "node_port": 0,
                    "port": 80,
                    "protocol": "TCP",
                    "target_port": "http"
                  }
                ],
                "publish_not_ready_addresses": false,
                "selector": {
                  "app": "jupyterhub",
                  "component": "proxy",
                  "release": "jupyterhub"
                },
                "session_affinity": "None",
                "session_affinity_config": [],
                "type": "ClusterIP"
              }
            ],
            "status": [
              {
                "load_balancer": [
                  {
                    "ingress": []
                  }
                ]
              }
            ]
          },
          "sensitive_attributes": []
        }
      ]
    },
    {
      "module": "module.jupyterhub",
      "mode": "managed",
      "type": "google_storage_bucket_iam_member",
      "name": "gcs-bucket-iam",
      "provider": "provider[\"registry.terraform.io/hashicorp/google\"]",
      "instances": [
        {
          "schema_version": 0,
          "attributes": {
            "bucket": "b/genlu-gke-dev-bucket",
            "condition": [],
            "etag": "CA8=",
            "id": "b/genlu-gke-dev-bucket/roles/storage.objectAdmin/serviceAccount:jupyter-sa@genlu-gke-dev.iam.gserviceaccount.com",
            "member": "serviceAccount:jupyter-sa@genlu-gke-dev.iam.gserviceaccount.com",
            "role": "roles/storage.objectAdmin"
          },
          "sensitive_attributes": [],
          "private": "bnVsbA==",
          "dependencies": [
            "data.google_client_config.default",
            "data.google_container_cluster.default",
            "data.google_project.project",
            "module.infra.data.google_compute_subnetwork.subnetwork",
            "module.infra.module.custom-network.google_compute_global_address.google-managed-services-range",
            "module.infra.module.custom-network.google_compute_network.network",
            "module.infra.module.custom-network.google_compute_subnetwork.subnetwork",
            "module.infra.module.custom-network.google_service_networking_connection.private_service_access",
            "module.infra.module.private-gke-autopilot-cluster.google_gke_hub_membership.gke-fleet",
            "module.infra.module.private-gke-autopilot-cluster.module.gke.data.google_compute_subnetwork.gke_subnetwork",
            "module.infra.module.private-gke-autopilot-cluster.module.gke.data.google_compute_zones.available",
            "module.infra.module.private-gke-autopilot-cluster.module.gke.data.google_container_engine_versions.region",
            "module.infra.module.private-gke-autopilot-cluster.module.gke.data.google_container_engine_versions.zone",
            "module.infra.module.private-gke-autopilot-cluster.module.gke.google_compute_firewall.intra_egress",
            "module.infra.module.private-gke-autopilot-cluster.module.gke.google_compute_firewall.master_webhooks",
            "module.infra.module.private-gke-autopilot-cluster.module.gke.google_compute_firewall.shadow_allow_inkubelet",
            "module.infra.module.private-gke-autopilot-cluster.module.gke.google_compute_firewall.shadow_allow_master",
            "module.infra.module.private-gke-autopilot-cluster.module.gke.google_compute_firewall.shadow_allow_nodes",
            "module.infra.module.private-gke-autopilot-cluster.module.gke.google_compute_firewall.shadow_allow_pods",
            "module.infra.module.private-gke-autopilot-cluster.module.gke.google_compute_firewall.shadow_deny_exkubelet",
            "module.infra.module.private-gke-autopilot-cluster.module.gke.google_compute_firewall.tpu_egress",
            "module.infra.module.private-gke-autopilot-cluster.module.gke.google_container_cluster.primary",
            "module.infra.module.private-gke-autopilot-cluster.module.gke.google_project_iam_member.cluster_service_account-artifact-registry",
            "module.infra.module.private-gke-autopilot-cluster.module.gke.google_project_iam_member.cluster_service_account-gcr",
            "module.infra.module.private-gke-autopilot-cluster.module.gke.google_project_iam_member.cluster_service_account-metric_writer",
            "module.infra.module.private-gke-autopilot-cluster.module.gke.google_project_iam_member.cluster_service_account-nodeService_account",
            "module.infra.module.private-gke-autopilot-cluster.module.gke.google_project_iam_member.cluster_service_account-resourceMetadata-writer",
            "module.infra.module.private-gke-autopilot-cluster.module.gke.google_project_iam_member.service_agent",
            "module.infra.module.private-gke-autopilot-cluster.module.gke.google_project_service_identity.fleet_project",
            "module.infra.module.private-gke-autopilot-cluster.module.gke.google_service_account.cluster_service_account",
            "module.infra.module.private-gke-autopilot-cluster.module.gke.kubernetes_config_map.ip-masq-agent",
            "module.infra.module.private-gke-autopilot-cluster.module.gke.kubernetes_config_map_v1_data.kube-dns",
            "module.infra.module.private-gke-autopilot-cluster.module.gke.kubernetes_config_map_v1_data.kube-dns-upstream-nameservers-and-stub-domains",
            "module.infra.module.private-gke-autopilot-cluster.module.gke.kubernetes_config_map_v1_data.kube-dns-upstream-namservers",
            "module.infra.module.private-gke-autopilot-cluster.module.gke.random_shuffle.available_zones",
            "module.infra.module.private-gke-autopilot-cluster.module.gke.random_string.cluster_service_account_suffix",
            "module.infra.module.private-gke-standard-cluster.google_gke_hub_membership.gke-fleet",
            "module.infra.module.private-gke-standard-cluster.module.gke.data.google_compute_subnetwork.gke_subnetwork",
            "module.infra.module.private-gke-standard-cluster.module.gke.data.google_compute_zones.available",
            "module.infra.module.private-gke-standard-cluster.module.gke.data.google_container_engine_versions.region",
            "module.infra.module.private-gke-standard-cluster.module.gke.data.google_container_engine_versions.zone",
            "module.infra.module.private-gke-standard-cluster.module.gke.google_compute_firewall.intra_egress",
            "module.infra.module.private-gke-standard-cluster.module.gke.google_compute_firewall.master_webhooks",
            "module.infra.module.private-gke-standard-cluster.module.gke.google_compute_firewall.shadow_allow_inkubelet",
            "module.infra.module.private-gke-standard-cluster.module.gke.google_compute_firewall.shadow_allow_master",
            "module.infra.module.private-gke-standard-cluster.module.gke.google_compute_firewall.shadow_allow_nodes",
            "module.infra.module.private-gke-standard-cluster.module.gke.google_compute_firewall.shadow_allow_pods",
            "module.infra.module.private-gke-standard-cluster.module.gke.google_compute_firewall.shadow_deny_exkubelet",
            "module.infra.module.private-gke-standard-cluster.module.gke.google_compute_firewall.tpu_egress",
            "module.infra.module.private-gke-standard-cluster.module.gke.google_container_cluster.primary",
            "module.infra.module.private-gke-standard-cluster.module.gke.google_container_node_pool.pools",
            "module.infra.module.private-gke-standard-cluster.module.gke.google_container_node_pool.windows_pools",
            "module.infra.module.private-gke-standard-cluster.module.gke.google_project_iam_member.cluster_service_account-artifact-registry",
            "module.infra.module.private-gke-standard-cluster.module.gke.google_project_iam_member.cluster_service_account-gcr",
            "module.infra.module.private-gke-standard-cluster.module.gke.google_project_iam_member.cluster_service_account-metric_writer",
            "module.infra.module.private-gke-standard-cluster.module.gke.google_project_iam_member.cluster_service_account-nodeService_account",
            "module.infra.module.private-gke-standard-cluster.module.gke.google_project_iam_member.cluster_service_account-resourceMetadata-writer",
            "module.infra.module.private-gke-standard-cluster.module.gke.google_service_account.cluster_service_account",
            "module.infra.module.private-gke-standard-cluster.module.gke.kubernetes_config_map.ip-masq-agent",
            "module.infra.module.private-gke-standard-cluster.module.gke.kubernetes_config_map_v1_data.kube-dns",
            "module.infra.module.private-gke-standard-cluster.module.gke.kubernetes_config_map_v1_data.kube-dns-upstream-nameservers-and-stub-domains",
            "module.infra.module.private-gke-standard-cluster.module.gke.kubernetes_config_map_v1_data.kube-dns-upstream-namservers",
            "module.infra.module.private-gke-standard-cluster.module.gke.random_shuffle.available_zones",
            "module.infra.module.private-gke-standard-cluster.module.gke.random_string.cluster_service_account_suffix",
            "module.infra.module.public-gke-autopilot-cluster.module.gke.data.google_compute_subnetwork.gke_subnetwork",
            "module.infra.module.public-gke-autopilot-cluster.module.gke.data.google_compute_zones.available",
            "module.infra.module.public-gke-autopilot-cluster.module.gke.data.google_container_engine_versions.region",
            "module.infra.module.public-gke-autopilot-cluster.module.gke.data.google_container_engine_versions.zone",
            "module.infra.module.public-gke-autopilot-cluster.module.gke.google_compute_firewall.intra_egress",
            "module.infra.module.public-gke-autopilot-cluster.module.gke.google_compute_firewall.master_webhooks",
            "module.infra.module.public-gke-autopilot-cluster.module.gke.google_compute_firewall.shadow_allow_inkubelet",
            "module.infra.module.public-gke-autopilot-cluster.module.gke.google_compute_firewall.shadow_allow_master",
            "module.infra.module.public-gke-autopilot-cluster.module.gke.google_compute_firewall.shadow_allow_nodes",
            "module.infra.module.public-gke-autopilot-cluster.module.gke.google_compute_firewall.shadow_allow_pods",
            "module.infra.module.public-gke-autopilot-cluster.module.gke.google_compute_firewall.shadow_deny_exkubelet",
            "module.infra.module.public-gke-autopilot-cluster.module.gke.google_compute_firewall.tpu_egress",
            "module.infra.module.public-gke-autopilot-cluster.module.gke.google_container_cluster.primary",
            "module.infra.module.public-gke-autopilot-cluster.module.gke.google_project_iam_member.cluster_service_account-artifact-registry",
            "module.infra.module.public-gke-autopilot-cluster.module.gke.google_project_iam_member.cluster_service_account-gcr",
            "module.infra.module.public-gke-autopilot-cluster.module.gke.google_project_iam_member.cluster_service_account-metric_writer",
            "module.infra.module.public-gke-autopilot-cluster.module.gke.google_project_iam_member.cluster_service_account-nodeService_account",
            "module.infra.module.public-gke-autopilot-cluster.module.gke.google_project_iam_member.cluster_service_account-resourceMetadata-writer",
            "module.infra.module.public-gke-autopilot-cluster.module.gke.google_project_iam_member.service_agent",
            "module.infra.module.public-gke-autopilot-cluster.module.gke.google_project_service_identity.fleet_project",
            "module.infra.module.public-gke-autopilot-cluster.module.gke.google_service_account.cluster_service_account",
            "module.infra.module.public-gke-autopilot-cluster.module.gke.kubernetes_config_map.ip-masq-agent",
            "module.infra.module.public-gke-autopilot-cluster.module.gke.kubernetes_config_map_v1_data.kube-dns",
            "module.infra.module.public-gke-autopilot-cluster.module.gke.kubernetes_config_map_v1_data.kube-dns-upstream-nameservers-and-stub-domains",
            "module.infra.module.public-gke-autopilot-cluster.module.gke.kubernetes_config_map_v1_data.kube-dns-upstream-namservers",
            "module.infra.module.public-gke-autopilot-cluster.module.gke.random_shuffle.available_zones",
            "module.infra.module.public-gke-autopilot-cluster.module.gke.random_string.cluster_service_account_suffix",
            "module.infra.module.public-gke-standard-cluster.module.gke.data.google_compute_subnetwork.gke_subnetwork",
            "module.infra.module.public-gke-standard-cluster.module.gke.data.google_compute_zones.available",
            "module.infra.module.public-gke-standard-cluster.module.gke.data.google_container_engine_versions.region",
            "module.infra.module.public-gke-standard-cluster.module.gke.data.google_container_engine_versions.zone",
            "module.infra.module.public-gke-standard-cluster.module.gke.google_compute_firewall.intra_egress",
            "module.infra.module.public-gke-standard-cluster.module.gke.google_compute_firewall.master_webhooks",
            "module.infra.module.public-gke-standard-cluster.module.gke.google_compute_firewall.shadow_allow_inkubelet",
            "module.infra.module.public-gke-standard-cluster.module.gke.google_compute_firewall.shadow_allow_master",
            "module.infra.module.public-gke-standard-cluster.module.gke.google_compute_firewall.shadow_allow_nodes",
            "module.infra.module.public-gke-standard-cluster.module.gke.google_compute_firewall.shadow_allow_pods",
            "module.infra.module.public-gke-standard-cluster.module.gke.google_compute_firewall.shadow_deny_exkubelet",
            "module.infra.module.public-gke-standard-cluster.module.gke.google_compute_firewall.tpu_egress",
            "module.infra.module.public-gke-standard-cluster.module.gke.google_container_cluster.primary",
            "module.infra.module.public-gke-standard-cluster.module.gke.google_container_node_pool.pools",
            "module.infra.module.public-gke-standard-cluster.module.gke.google_container_node_pool.windows_pools",
            "module.infra.module.public-gke-standard-cluster.module.gke.google_project_iam_member.cluster_service_account-artifact-registry",
            "module.infra.module.public-gke-standard-cluster.module.gke.google_project_iam_member.cluster_service_account-gcr",
            "module.infra.module.public-gke-standard-cluster.module.gke.google_project_iam_member.cluster_service_account-metric_writer",
            "module.infra.module.public-gke-standard-cluster.module.gke.google_project_iam_member.cluster_service_account-nodeService_account",
            "module.infra.module.public-gke-standard-cluster.module.gke.google_project_iam_member.cluster_service_account-resourceMetadata-writer",
            "module.infra.module.public-gke-standard-cluster.module.gke.google_service_account.cluster_service_account",
            "module.infra.module.public-gke-standard-cluster.module.gke.kubernetes_config_map.ip-masq-agent",
            "module.infra.module.public-gke-standard-cluster.module.gke.kubernetes_config_map_v1_data.kube-dns",
            "module.infra.module.public-gke-standard-cluster.module.gke.kubernetes_config_map_v1_data.kube-dns-upstream-nameservers-and-stub-domains",
            "module.infra.module.public-gke-standard-cluster.module.gke.kubernetes_config_map_v1_data.kube-dns-upstream-namservers",
            "module.infra.module.public-gke-standard-cluster.module.gke.random_shuffle.available_zones",
            "module.infra.module.public-gke-standard-cluster.module.gke.random_string.cluster_service_account_suffix",
            "module.jupyterhub.module.jupyterhub-workload-identity.data.google_service_account.cluster_service_account",
            "module.jupyterhub.module.jupyterhub-workload-identity.google_service_account.cluster_service_account",
            "module.namespace.helm_release.app-namespace",
            "module.project-services.data.google_compute_default_service_account.default",
            "module.project-services.google_project_iam_member.project_service_identity_roles",
            "module.project-services.google_project_service.project_services",
            "module.project-services.google_project_service_identity.project_service_identities"
          ]
        }
      ]
    },
    {
      "module": "module.jupyterhub",
      "mode": "managed",
      "type": "helm_release",
      "name": "jupyterhub",
      "provider": "provider[\"registry.terraform.io/hashicorp/helm\"].jupyter",
      "instances": [
        {
          "schema_version": 0,
          "attributes": {
            "atomic": false,
            "chart": "jupyterhub",
            "cleanup_on_fail": true,
            "create_namespace": true,
            "dependency_update": false,
            "description": null,
            "devel": null,
            "disable_crd_hooks": false,
            "disable_openapi_validation": false,
            "disable_webhooks": false,
            "force_update": false,
            "id": "jupyterhub",
            "keyring": null,
            "lint": false,
            "manifest": null,
            "max_history": 0,
            "metadata": [
              {
                "app_version": "4.1.6",
                "chart": "jupyterhub",
                "name": "jupyterhub",
                "namespace": "jupyter-test",
                "revision": 1,
                "values": "{\"hub\":{\"config\":{\"Authenticator\":{\"admin_users\":[\"admin\"],\"allowed_users\":[\"user\"]},\"DummyAuthenticator\":{\"password\":\"8Oip9zDVwp\"},\"GCPIAPAuthenticator\":{\"header_name\":\"X-Goog-IAP-JWT-Assertion\",\"namespace\":\"jupyter-test\",\"project_id\":\"genlu-gke-dev\",\"project_number\":\"696654398756\",\"service_name\":\"proxy-public\"},\"JupyterHub\":{\"authenticator_class\":\"dummy\"}},\"image\":{\"name\":\"us-docker.pkg.dev/ai-on-gke/jupyterhub-authentication-class/jupyter-auth-class\",\"tag\":\"1710974014\"},\"labels\":{\"ai.gke.io\":\"jupyter\",\"created-by\":\"ai-on-gke\"},\"networkPolicy\":{\"enabled\":false}},\"prePuller\":{\"hook\":{\"enabled\":false}},\"proxy\":{\"chp\":{\"networkPolicy\":{\"enabled\":false}},\"labels\":{\"ai.gke.io\":\"jupyter\",\"created-by\":\"ai-on-gke\"},\"service\":{\"annotations\":{\"beta.cloud.google.com/backend-config\":\"{\\\"default\\\": \\\"jupyter-iap-config\\\"}\"},\"type\":\"ClusterIP\"},\"traefik\":{\"networkPolicy\":{\"enabled\":false}}},\"scheduling\":{\"userPlaceholder\":{\"enabled\":false},\"userScheduler\":{\"enabled\":false}},\"singleuser\":{\"cloudMetadata\":{\"blockWithIptables\":false},\"cmd\":null,\"cpu\":{\"guarantee\":8,\"limit\":8},\"extraAnnotations\":{\"gke-gcsfuse/cpu-limit\":\"500m\",\"gke-gcsfuse/ephemeral-storage-limit\":\"10Gi\",\"gke-gcsfuse/memory-limit\":\"250Mi\",\"gke-gcsfuse/volumes\":\"true\"},\"extraEnv\":{\"CLOUDSQL_INSTANCE_CONNECTION_NAME\":null,\"JUPYTER_ALLOW_INSECURE_WRITES\":\"true\"},\"extraLabels\":{\"ai.gke.io\":\"jupyter\",\"created-by\":\"ai-on-gke\"},\"extraResource\":{\"guarantees\":{\"ephemeral-storage\":\"20Gi\"},\"limits\":{\"ephemeral-storage\":\"20Gi\"}},\"image\":{\"name\":\"jupyter/tensorflow-notebook\",\"tag\":\"python-3.10\"},\"memory\":{\"guarantee\":\"16G\",\"limit\":\"16G\"},\"networkPolicy\":{\"enabled\":false},\"nodeSelector\":{\"iam.gke.io/gke-metadata-server-enabled\":\"true\"},\"profileList\":[{\"default\":true,\"description\":\"Creates CPU (C3) VMs as the compute for notebook execution.\",\"display_name\":\"CPU (C3)\",\"kubespawner_override\":{\"node_selector\":{\"cloud.google.com/compute-class\":\"Performance\",\"cloud.google.com/gke-ephemeral-storage-local-ssd\":\"true\",\"cloud.google.com/machine-family\":\"c3\"}},\"profile_options\":{\"storage\":{\"choices\":{\"DefaultStorage\":{\"display_name\":\"Local (SSD)\",\"kubespawner_override\":{\"default\":true}}},\"display_name\":\"Storage\"}}},{\"description\":\"Creates GPU VMs (L4) as the compute for notebook execution.\",\"display_name\":\"GPU (L4)\",\"kubespawner_override\":{\"extra_resource_guarantees\":{\"nvidia.com/gpu\":\"2\"},\"extra_resource_limits\":{\"nvidia.com/gpu\":\"2\"},\"image\":\"jupyter/tensorflow-notebook:python-3.10\",\"node_selector\":{\"cloud.google.com/compute-class\":\"Accelerator\",\"cloud.google.com/gke-accelerator\":\"nvidia-l4\",\"cloud.google.com/gke-ephemeral-storage-local-ssd\":\"true\"}},\"profile_options\":{\"storage\":{\"choices\":{\"DefaultStorage\":{\"display_name\":\"Local (SSD)\",\"kubespawner_override\":{\"default\":true}}},\"display_name\":\"Storage\"}}}],\"serviceAccountName\":\"jupyter-sa\",\"startTimeout\":1000,\"storage\":{\"dynamic\":{\"pvcNameTemplate\":\"claim-{username}\"},\"extraVolumeMounts\":[{\"mountPath\":\"/data\",\"name\":\"data-vol\"},{\"mountPath\":\"/etc/secret-volume\",\"name\":\"secret-volume\",\"readOnly\":true}],\"extraVolumes\":[{\"csi\":{\"driver\":\"gcsfuse.csi.storage.gke.io\",\"volumeAttributes\":{\"bucketName\":\"genlu-gke-dev-bucket\",\"mountOptions\":\"implicit-dirs,uid=1000,gid=100\"}},\"name\":\"data-vol\"},{\"name\":\"secret-volume\",\"secret\":{\"optional\":true,\"secretName\":\"dummy_value\"}}]}}}",
                "version": "3.3.8"
              }
            ],
            "name": "jupyterhub",
            "namespace": "jupyter-test",
            "pass_credentials": false,
            "postrender": [],
            "recreate_pods": false,
            "render_subchart_notes": true,
            "replace": false,
            "repository": "https://jupyterhub.github.io/helm-chart",
            "repository_ca_file": null,
            "repository_cert_file": null,
            "repository_key_file": null,
            "repository_password": null,
            "repository_username": null,
            "reset_values": false,
            "reuse_values": false,
            "set": [],
            "set_sensitive": [],
            "skip_crds": false,
            "status": "deployed",
            "timeout": 600,
            "values": [
              "# Copyright 2023 Google LLC\n#\n# Licensed under the Apache License, Version 2.0 (the \"License\");\n# you may not use this file except in compliance with the License.\n# You may obtain a copy of the License at\n#\n#      http://www.apache.org/licenses/LICENSE-2.0\n#\n# Unless required by applicable law or agreed to in writing, software\n# distributed under the License is distributed on an \"AS IS\" BASIS,\n# WITHOUT WARRANTIES OR CONDITIONS OF ANY KIND, either express or implied.\n# See the License for the specific language governing permissions and\n# limitations under the License.\n\n# This file can update the JupyterHub Helm chart's default configuration values.\n#\n# For reference see the configuration reference and default values, but make\n# sure to refer to the Helm chart version of interest to you!\n#\n# Introduction to YAML:     https://www.youtube.com/watch?v=cdLNKUoMc6c\n# Chart config reference:   https://zero-to-jupyterhub.readthedocs.io/en/stable/resources/reference.html\n# Chart default values:     https://github.com/jupyterhub/zero-to-jupyterhub-k8s/blob/HEAD/jupyterhub/values.yaml\n# Available chart versions: https://jupyterhub.github.io/helm-chart/\nhub:\n  image:\n    name: us-docker.pkg.dev/ai-on-gke/jupyterhub-authentication-class/jupyter-auth-class\n    # This is the timestamp of the image, we should avoid using 'latest'\n    tag: '1710974014'\n  labels:\n    {\"ai.gke.io\":\"jupyter\",\"created-by\":\"ai-on-gke\"}\n  config:\n    JupyterHub:\n      authenticator_class: dummy\n    GCPIAPAuthenticator:\n      header_name: 'X-Goog-IAP-JWT-Assertion'\n      project_id: 'genlu-gke-dev'\n      namespace: 'jupyter-test'\n      service_name: 'proxy-public'\n      project_number: '696654398756'\n    Authenticator:\n      admin_users:\n        - admin\n      allowed_users:\n        - user\n    DummyAuthenticator:\n      password: 8Oip9zDVwp\n  networkPolicy:\n    enabled: false\n\nprePuller:\n  hook:\n    enabled: false\n\nproxy:\n  labels:\n    {\"ai.gke.io\":\"jupyter\",\"created-by\":\"ai-on-gke\"}\n  chp:\n    networkPolicy:\n      enabled: false\n  service:\n    type: ClusterIP\n    annotations:\n      beta.cloud.google.com/backend-config: '{\"default\": \"jupyter-iap-config\"}'\n  traefik:\n    networkPolicy:\n      enabled: false\n\nscheduling:\n  userScheduler:\n    enabled: false\n  userPlaceholder:\n    enabled: false\n\nsingleuser:\n  memory:\n    limit: 16G\n    guarantee: 16G\n  cpu:\n    limit: 8\n    guarantee: 8\n  extraResource:\n    limits:\n      ephemeral-storage: 20Gi\n    guarantees:\n      ephemeral-storage: 20Gi\n  nodeSelector:\n    iam.gke.io/gke-metadata-server-enabled: \"true\"\n  extraEnv:\n    # Used for GCSFuse to set the ephemeral storage as the home directory. If not set, it will show a permission error on the pod log when using GCSFuse.\n    JUPYTER_ALLOW_INSECURE_WRITES: \"true\"\n    CLOUDSQL_INSTANCE_CONNECTION_NAME: \n  extraLabels:\n    {\"ai.gke.io\":\"jupyter\",\"created-by\":\"ai-on-gke\"}\n  image:\n    name: jupyter/tensorflow-notebook\n    tag: python-3.10\n  startTimeout: 1000\n  extraAnnotations:\n    gke-gcsfuse/volumes: \"true\"\n    gke-gcsfuse/cpu-limit: 500m\n    gke-gcsfuse/memory-limit: 250Mi\n    gke-gcsfuse/ephemeral-storage-limit: 10Gi\n  serviceAccountName: jupyter-sa\n  # Configure csi for gcsfuse\n  storage:\n    dynamic:\n      pvcNameTemplate: claim-{username}\n    extraVolumes:\n      - name: data-vol\n        csi:\n          driver: gcsfuse.csi.storage.gke.io\n          volumeAttributes:\n            bucketName: genlu-gke-dev-bucket\n            mountOptions: \"implicit-dirs,uid=1000,gid=100\"\n      - name: secret-volume\n        secret:\n          secretName: dummy_value\n          optional: true\n\n    extraVolumeMounts:\n        - name: data-vol\n          mountPath: /data\n        - name: secret-volume\n          mountPath: /etc/secret-volume\n          readOnly: true\n  profileList:\n    - display_name: \"CPU (C3)\"\n      description: \"Creates CPU (C3) VMs as the compute for notebook execution.\"\n      profile_options:\n        storage:\n          display_name: \"Storage\"\n          choices:\n            DefaultStorage:\n              display_name: \"Local (SSD)\"\n              kubespawner_override:\n                default: true\n      kubespawner_override:\n        node_selector:\n          cloud.google.com/compute-class: \"Performance\"\n          cloud.google.com/machine-family: \"c3\"\n          cloud.google.com/gke-ephemeral-storage-local-ssd: \"true\"\n      default: true\n    - display_name: \"GPU (L4)\"\n      description: \"Creates GPU VMs (L4) as the compute for notebook execution.\"\n      profile_options:\n        storage:\n          display_name: \"Storage\"\n          choices:\n            DefaultStorage:\n              display_name: \"Local (SSD)\"\n              kubespawner_override:\n                default: true\n      kubespawner_override:\n        image: jupyter/tensorflow-notebook:python-3.10\n        extra_resource_limits:\n          nvidia.com/gpu: \"2\"\n        extra_resource_guarantees:\n          nvidia.com/gpu: \"2\"\n        node_selector:\n          cloud.google.com/compute-class: \"Accelerator\"\n          cloud.google.com/gke-accelerator: \"nvidia-l4\"\n          cloud.google.com/gke-ephemeral-storage-local-ssd: \"true\"\n  cmd: null\n  cloudMetadata:\n    blockWithIptables: false\n  networkPolicy:\n    enabled: false\n"
            ],
            "verify": false,
            "version": "3.3.8",
            "wait": true,
            "wait_for_jobs": false
          },
          "sensitive_attributes": [
            [
              {
                "type": "get_attr",
                "value": "values"
              },
              {
                "type": "index",
                "value": {
                  "value": 0,
                  "type": "number"
                }
              }
            ]
          ],
          "private": "bnVsbA==",
          "dependencies": [
            "data.google_client_config.default",
            "data.google_container_cluster.default",
            "data.google_project.project",
            "module.infra.data.google_compute_subnetwork.subnetwork",
            "module.infra.module.custom-network.google_compute_global_address.google-managed-services-range",
            "module.infra.module.custom-network.google_compute_network.network",
            "module.infra.module.custom-network.google_compute_subnetwork.subnetwork",
            "module.infra.module.custom-network.google_service_networking_connection.private_service_access",
            "module.infra.module.private-gke-autopilot-cluster.google_gke_hub_membership.gke-fleet",
            "module.infra.module.private-gke-autopilot-cluster.module.gke.data.google_compute_subnetwork.gke_subnetwork",
            "module.infra.module.private-gke-autopilot-cluster.module.gke.data.google_compute_zones.available",
            "module.infra.module.private-gke-autopilot-cluster.module.gke.data.google_container_engine_versions.region",
            "module.infra.module.private-gke-autopilot-cluster.module.gke.data.google_container_engine_versions.zone",
            "module.infra.module.private-gke-autopilot-cluster.module.gke.google_compute_firewall.intra_egress",
            "module.infra.module.private-gke-autopilot-cluster.module.gke.google_compute_firewall.master_webhooks",
            "module.infra.module.private-gke-autopilot-cluster.module.gke.google_compute_firewall.shadow_allow_inkubelet",
            "module.infra.module.private-gke-autopilot-cluster.module.gke.google_compute_firewall.shadow_allow_master",
            "module.infra.module.private-gke-autopilot-cluster.module.gke.google_compute_firewall.shadow_allow_nodes",
            "module.infra.module.private-gke-autopilot-cluster.module.gke.google_compute_firewall.shadow_allow_pods",
            "module.infra.module.private-gke-autopilot-cluster.module.gke.google_compute_firewall.shadow_deny_exkubelet",
            "module.infra.module.private-gke-autopilot-cluster.module.gke.google_compute_firewall.tpu_egress",
            "module.infra.module.private-gke-autopilot-cluster.module.gke.google_container_cluster.primary",
            "module.infra.module.private-gke-autopilot-cluster.module.gke.google_project_iam_member.cluster_service_account-artifact-registry",
            "module.infra.module.private-gke-autopilot-cluster.module.gke.google_project_iam_member.cluster_service_account-gcr",
            "module.infra.module.private-gke-autopilot-cluster.module.gke.google_project_iam_member.cluster_service_account-metric_writer",
            "module.infra.module.private-gke-autopilot-cluster.module.gke.google_project_iam_member.cluster_service_account-nodeService_account",
            "module.infra.module.private-gke-autopilot-cluster.module.gke.google_project_iam_member.cluster_service_account-resourceMetadata-writer",
            "module.infra.module.private-gke-autopilot-cluster.module.gke.google_project_iam_member.service_agent",
            "module.infra.module.private-gke-autopilot-cluster.module.gke.google_project_service_identity.fleet_project",
            "module.infra.module.private-gke-autopilot-cluster.module.gke.google_service_account.cluster_service_account",
            "module.infra.module.private-gke-autopilot-cluster.module.gke.kubernetes_config_map.ip-masq-agent",
            "module.infra.module.private-gke-autopilot-cluster.module.gke.kubernetes_config_map_v1_data.kube-dns",
            "module.infra.module.private-gke-autopilot-cluster.module.gke.kubernetes_config_map_v1_data.kube-dns-upstream-nameservers-and-stub-domains",
            "module.infra.module.private-gke-autopilot-cluster.module.gke.kubernetes_config_map_v1_data.kube-dns-upstream-namservers",
            "module.infra.module.private-gke-autopilot-cluster.module.gke.random_shuffle.available_zones",
            "module.infra.module.private-gke-autopilot-cluster.module.gke.random_string.cluster_service_account_suffix",
            "module.infra.module.private-gke-standard-cluster.google_gke_hub_membership.gke-fleet",
            "module.infra.module.private-gke-standard-cluster.module.gke.data.google_compute_subnetwork.gke_subnetwork",
            "module.infra.module.private-gke-standard-cluster.module.gke.data.google_compute_zones.available",
            "module.infra.module.private-gke-standard-cluster.module.gke.data.google_container_engine_versions.region",
            "module.infra.module.private-gke-standard-cluster.module.gke.data.google_container_engine_versions.zone",
            "module.infra.module.private-gke-standard-cluster.module.gke.google_compute_firewall.intra_egress",
            "module.infra.module.private-gke-standard-cluster.module.gke.google_compute_firewall.master_webhooks",
            "module.infra.module.private-gke-standard-cluster.module.gke.google_compute_firewall.shadow_allow_inkubelet",
            "module.infra.module.private-gke-standard-cluster.module.gke.google_compute_firewall.shadow_allow_master",
            "module.infra.module.private-gke-standard-cluster.module.gke.google_compute_firewall.shadow_allow_nodes",
            "module.infra.module.private-gke-standard-cluster.module.gke.google_compute_firewall.shadow_allow_pods",
            "module.infra.module.private-gke-standard-cluster.module.gke.google_compute_firewall.shadow_deny_exkubelet",
            "module.infra.module.private-gke-standard-cluster.module.gke.google_compute_firewall.tpu_egress",
            "module.infra.module.private-gke-standard-cluster.module.gke.google_container_cluster.primary",
            "module.infra.module.private-gke-standard-cluster.module.gke.google_container_node_pool.pools",
            "module.infra.module.private-gke-standard-cluster.module.gke.google_container_node_pool.windows_pools",
            "module.infra.module.private-gke-standard-cluster.module.gke.google_project_iam_member.cluster_service_account-artifact-registry",
            "module.infra.module.private-gke-standard-cluster.module.gke.google_project_iam_member.cluster_service_account-gcr",
            "module.infra.module.private-gke-standard-cluster.module.gke.google_project_iam_member.cluster_service_account-metric_writer",
            "module.infra.module.private-gke-standard-cluster.module.gke.google_project_iam_member.cluster_service_account-nodeService_account",
            "module.infra.module.private-gke-standard-cluster.module.gke.google_project_iam_member.cluster_service_account-resourceMetadata-writer",
            "module.infra.module.private-gke-standard-cluster.module.gke.google_service_account.cluster_service_account",
            "module.infra.module.private-gke-standard-cluster.module.gke.kubernetes_config_map.ip-masq-agent",
            "module.infra.module.private-gke-standard-cluster.module.gke.kubernetes_config_map_v1_data.kube-dns",
            "module.infra.module.private-gke-standard-cluster.module.gke.kubernetes_config_map_v1_data.kube-dns-upstream-nameservers-and-stub-domains",
            "module.infra.module.private-gke-standard-cluster.module.gke.kubernetes_config_map_v1_data.kube-dns-upstream-namservers",
            "module.infra.module.private-gke-standard-cluster.module.gke.random_shuffle.available_zones",
            "module.infra.module.private-gke-standard-cluster.module.gke.random_string.cluster_service_account_suffix",
            "module.infra.module.public-gke-autopilot-cluster.module.gke.data.google_compute_subnetwork.gke_subnetwork",
            "module.infra.module.public-gke-autopilot-cluster.module.gke.data.google_compute_zones.available",
            "module.infra.module.public-gke-autopilot-cluster.module.gke.data.google_container_engine_versions.region",
            "module.infra.module.public-gke-autopilot-cluster.module.gke.data.google_container_engine_versions.zone",
            "module.infra.module.public-gke-autopilot-cluster.module.gke.google_compute_firewall.intra_egress",
            "module.infra.module.public-gke-autopilot-cluster.module.gke.google_compute_firewall.master_webhooks",
            "module.infra.module.public-gke-autopilot-cluster.module.gke.google_compute_firewall.shadow_allow_inkubelet",
            "module.infra.module.public-gke-autopilot-cluster.module.gke.google_compute_firewall.shadow_allow_master",
            "module.infra.module.public-gke-autopilot-cluster.module.gke.google_compute_firewall.shadow_allow_nodes",
            "module.infra.module.public-gke-autopilot-cluster.module.gke.google_compute_firewall.shadow_allow_pods",
            "module.infra.module.public-gke-autopilot-cluster.module.gke.google_compute_firewall.shadow_deny_exkubelet",
            "module.infra.module.public-gke-autopilot-cluster.module.gke.google_compute_firewall.tpu_egress",
            "module.infra.module.public-gke-autopilot-cluster.module.gke.google_container_cluster.primary",
            "module.infra.module.public-gke-autopilot-cluster.module.gke.google_project_iam_member.cluster_service_account-artifact-registry",
            "module.infra.module.public-gke-autopilot-cluster.module.gke.google_project_iam_member.cluster_service_account-gcr",
            "module.infra.module.public-gke-autopilot-cluster.module.gke.google_project_iam_member.cluster_service_account-metric_writer",
            "module.infra.module.public-gke-autopilot-cluster.module.gke.google_project_iam_member.cluster_service_account-nodeService_account",
            "module.infra.module.public-gke-autopilot-cluster.module.gke.google_project_iam_member.cluster_service_account-resourceMetadata-writer",
            "module.infra.module.public-gke-autopilot-cluster.module.gke.google_project_iam_member.service_agent",
            "module.infra.module.public-gke-autopilot-cluster.module.gke.google_project_service_identity.fleet_project",
            "module.infra.module.public-gke-autopilot-cluster.module.gke.google_service_account.cluster_service_account",
            "module.infra.module.public-gke-autopilot-cluster.module.gke.kubernetes_config_map.ip-masq-agent",
            "module.infra.module.public-gke-autopilot-cluster.module.gke.kubernetes_config_map_v1_data.kube-dns",
            "module.infra.module.public-gke-autopilot-cluster.module.gke.kubernetes_config_map_v1_data.kube-dns-upstream-nameservers-and-stub-domains",
            "module.infra.module.public-gke-autopilot-cluster.module.gke.kubernetes_config_map_v1_data.kube-dns-upstream-namservers",
            "module.infra.module.public-gke-autopilot-cluster.module.gke.random_shuffle.available_zones",
            "module.infra.module.public-gke-autopilot-cluster.module.gke.random_string.cluster_service_account_suffix",
            "module.infra.module.public-gke-standard-cluster.module.gke.data.google_compute_subnetwork.gke_subnetwork",
            "module.infra.module.public-gke-standard-cluster.module.gke.data.google_compute_zones.available",
            "module.infra.module.public-gke-standard-cluster.module.gke.data.google_container_engine_versions.region",
            "module.infra.module.public-gke-standard-cluster.module.gke.data.google_container_engine_versions.zone",
            "module.infra.module.public-gke-standard-cluster.module.gke.google_compute_firewall.intra_egress",
            "module.infra.module.public-gke-standard-cluster.module.gke.google_compute_firewall.master_webhooks",
            "module.infra.module.public-gke-standard-cluster.module.gke.google_compute_firewall.shadow_allow_inkubelet",
            "module.infra.module.public-gke-standard-cluster.module.gke.google_compute_firewall.shadow_allow_master",
            "module.infra.module.public-gke-standard-cluster.module.gke.google_compute_firewall.shadow_allow_nodes",
            "module.infra.module.public-gke-standard-cluster.module.gke.google_compute_firewall.shadow_allow_pods",
            "module.infra.module.public-gke-standard-cluster.module.gke.google_compute_firewall.shadow_deny_exkubelet",
            "module.infra.module.public-gke-standard-cluster.module.gke.google_compute_firewall.tpu_egress",
            "module.infra.module.public-gke-standard-cluster.module.gke.google_container_cluster.primary",
            "module.infra.module.public-gke-standard-cluster.module.gke.google_container_node_pool.pools",
            "module.infra.module.public-gke-standard-cluster.module.gke.google_container_node_pool.windows_pools",
            "module.infra.module.public-gke-standard-cluster.module.gke.google_project_iam_member.cluster_service_account-artifact-registry",
            "module.infra.module.public-gke-standard-cluster.module.gke.google_project_iam_member.cluster_service_account-gcr",
            "module.infra.module.public-gke-standard-cluster.module.gke.google_project_iam_member.cluster_service_account-metric_writer",
            "module.infra.module.public-gke-standard-cluster.module.gke.google_project_iam_member.cluster_service_account-nodeService_account",
            "module.infra.module.public-gke-standard-cluster.module.gke.google_project_iam_member.cluster_service_account-resourceMetadata-writer",
            "module.infra.module.public-gke-standard-cluster.module.gke.google_service_account.cluster_service_account",
            "module.infra.module.public-gke-standard-cluster.module.gke.kubernetes_config_map.ip-masq-agent",
            "module.infra.module.public-gke-standard-cluster.module.gke.kubernetes_config_map_v1_data.kube-dns",
            "module.infra.module.public-gke-standard-cluster.module.gke.kubernetes_config_map_v1_data.kube-dns-upstream-nameservers-and-stub-domains",
            "module.infra.module.public-gke-standard-cluster.module.gke.kubernetes_config_map_v1_data.kube-dns-upstream-namservers",
            "module.infra.module.public-gke-standard-cluster.module.gke.random_shuffle.available_zones",
            "module.infra.module.public-gke-standard-cluster.module.gke.random_string.cluster_service_account_suffix",
            "module.jupyterhub.data.google_project.project",
            "module.jupyterhub.module.jupyterhub-workload-identity.data.google_service_account.cluster_service_account",
            "module.jupyterhub.module.jupyterhub-workload-identity.google_project_iam_member.workload_identity_sa_bindings",
            "module.jupyterhub.module.jupyterhub-workload-identity.google_project_iam_member.workload_identity_sa_bindings_additional_projects",
            "module.jupyterhub.module.jupyterhub-workload-identity.google_service_account.cluster_service_account",
            "module.jupyterhub.module.jupyterhub-workload-identity.google_service_account_iam_member.main",
            "module.jupyterhub.module.jupyterhub-workload-identity.kubernetes_service_account.main",
            "module.jupyterhub.module.jupyterhub-workload-identity.module.annotate-sa.module.gcloud_kubectl.data.external.env_override",
            "module.jupyterhub.module.jupyterhub-workload-identity.module.annotate-sa.module.gcloud_kubectl.null_resource.additional_components",
            "module.jupyterhub.module.jupyterhub-workload-identity.module.annotate-sa.module.gcloud_kubectl.null_resource.additional_components_destroy",
            "module.jupyterhub.module.jupyterhub-workload-identity.module.annotate-sa.module.gcloud_kubectl.null_resource.decompress",
            "module.jupyterhub.module.jupyterhub-workload-identity.module.annotate-sa.module.gcloud_kubectl.null_resource.decompress_destroy",
            "module.jupyterhub.module.jupyterhub-workload-identity.module.annotate-sa.module.gcloud_kubectl.null_resource.download_gcloud",
            "module.jupyterhub.module.jupyterhub-workload-identity.module.annotate-sa.module.gcloud_kubectl.null_resource.download_jq",
            "module.jupyterhub.module.jupyterhub-workload-identity.module.annotate-sa.module.gcloud_kubectl.null_resource.gcloud_auth_google_credentials",
            "module.jupyterhub.module.jupyterhub-workload-identity.module.annotate-sa.module.gcloud_kubectl.null_resource.gcloud_auth_google_credentials_destroy",
            "module.jupyterhub.module.jupyterhub-workload-identity.module.annotate-sa.module.gcloud_kubectl.null_resource.gcloud_auth_service_account_key_file",
            "module.jupyterhub.module.jupyterhub-workload-identity.module.annotate-sa.module.gcloud_kubectl.null_resource.gcloud_auth_service_account_key_file_destroy",
            "module.jupyterhub.module.jupyterhub-workload-identity.module.annotate-sa.module.gcloud_kubectl.null_resource.module_depends_on",
            "module.jupyterhub.module.jupyterhub-workload-identity.module.annotate-sa.module.gcloud_kubectl.null_resource.prepare_cache",
            "module.jupyterhub.module.jupyterhub-workload-identity.module.annotate-sa.module.gcloud_kubectl.null_resource.run_command",
            "module.jupyterhub.module.jupyterhub-workload-identity.module.annotate-sa.module.gcloud_kubectl.null_resource.run_destroy_command",
            "module.jupyterhub.module.jupyterhub-workload-identity.module.annotate-sa.module.gcloud_kubectl.null_resource.upgrade",
            "module.jupyterhub.module.jupyterhub-workload-identity.module.annotate-sa.module.gcloud_kubectl.null_resource.upgrade_destroy",
            "module.jupyterhub.module.jupyterhub-workload-identity.module.annotate-sa.module.gcloud_kubectl.random_id.cache",
            "module.jupyterhub.random_password.generated_password",
            "module.namespace.helm_release.app-namespace",
            "module.project-services.data.google_compute_default_service_account.default",
            "module.project-services.google_project_iam_member.project_service_identity_roles",
            "module.project-services.google_project_service.project_services",
            "module.project-services.google_project_service_identity.project_service_identities"
          ]
        }
      ]
    },
    {
      "module": "module.jupyterhub",
      "mode": "managed",
      "type": "kubernetes_annotations",
      "name": "hub",
      "provider": "provider[\"registry.terraform.io/hashicorp/kubernetes\"].jupyter",
      "instances": [
        {
          "schema_version": 0,
          "attributes": {
            "annotations": {
              "iam.gke.io/gcp-service-account": "jupyter-sa@genlu-gke-dev.iam.gserviceaccount.com"
            },
            "api_version": "v1",
            "field_manager": "Terraform",
            "force": null,
            "id": "apiVersion=v1,kind=ServiceAccount,name=hub,namespace=jupyter-test",
            "kind": "ServiceAccount",
            "metadata": [
              {
                "name": "hub",
                "namespace": "jupyter-test"
              }
            ],
            "template_annotations": null
          },
          "sensitive_attributes": [],
          "private": "bnVsbA==",
          "dependencies": [
            "data.google_client_config.default",
            "data.google_container_cluster.default",
            "data.google_project.project",
            "module.infra.data.google_compute_subnetwork.subnetwork",
            "module.infra.module.custom-network.google_compute_global_address.google-managed-services-range",
            "module.infra.module.custom-network.google_compute_network.network",
            "module.infra.module.custom-network.google_compute_subnetwork.subnetwork",
            "module.infra.module.custom-network.google_service_networking_connection.private_service_access",
            "module.infra.module.private-gke-autopilot-cluster.google_gke_hub_membership.gke-fleet",
            "module.infra.module.private-gke-autopilot-cluster.module.gke.data.google_compute_subnetwork.gke_subnetwork",
            "module.infra.module.private-gke-autopilot-cluster.module.gke.data.google_compute_zones.available",
            "module.infra.module.private-gke-autopilot-cluster.module.gke.data.google_container_engine_versions.region",
            "module.infra.module.private-gke-autopilot-cluster.module.gke.data.google_container_engine_versions.zone",
            "module.infra.module.private-gke-autopilot-cluster.module.gke.google_compute_firewall.intra_egress",
            "module.infra.module.private-gke-autopilot-cluster.module.gke.google_compute_firewall.master_webhooks",
            "module.infra.module.private-gke-autopilot-cluster.module.gke.google_compute_firewall.shadow_allow_inkubelet",
            "module.infra.module.private-gke-autopilot-cluster.module.gke.google_compute_firewall.shadow_allow_master",
            "module.infra.module.private-gke-autopilot-cluster.module.gke.google_compute_firewall.shadow_allow_nodes",
            "module.infra.module.private-gke-autopilot-cluster.module.gke.google_compute_firewall.shadow_allow_pods",
            "module.infra.module.private-gke-autopilot-cluster.module.gke.google_compute_firewall.shadow_deny_exkubelet",
            "module.infra.module.private-gke-autopilot-cluster.module.gke.google_compute_firewall.tpu_egress",
            "module.infra.module.private-gke-autopilot-cluster.module.gke.google_container_cluster.primary",
            "module.infra.module.private-gke-autopilot-cluster.module.gke.google_project_iam_member.cluster_service_account-artifact-registry",
            "module.infra.module.private-gke-autopilot-cluster.module.gke.google_project_iam_member.cluster_service_account-gcr",
            "module.infra.module.private-gke-autopilot-cluster.module.gke.google_project_iam_member.cluster_service_account-metric_writer",
            "module.infra.module.private-gke-autopilot-cluster.module.gke.google_project_iam_member.cluster_service_account-nodeService_account",
            "module.infra.module.private-gke-autopilot-cluster.module.gke.google_project_iam_member.cluster_service_account-resourceMetadata-writer",
            "module.infra.module.private-gke-autopilot-cluster.module.gke.google_project_iam_member.service_agent",
            "module.infra.module.private-gke-autopilot-cluster.module.gke.google_project_service_identity.fleet_project",
            "module.infra.module.private-gke-autopilot-cluster.module.gke.google_service_account.cluster_service_account",
            "module.infra.module.private-gke-autopilot-cluster.module.gke.kubernetes_config_map.ip-masq-agent",
            "module.infra.module.private-gke-autopilot-cluster.module.gke.kubernetes_config_map_v1_data.kube-dns",
            "module.infra.module.private-gke-autopilot-cluster.module.gke.kubernetes_config_map_v1_data.kube-dns-upstream-nameservers-and-stub-domains",
            "module.infra.module.private-gke-autopilot-cluster.module.gke.kubernetes_config_map_v1_data.kube-dns-upstream-namservers",
            "module.infra.module.private-gke-autopilot-cluster.module.gke.random_shuffle.available_zones",
            "module.infra.module.private-gke-autopilot-cluster.module.gke.random_string.cluster_service_account_suffix",
            "module.infra.module.private-gke-standard-cluster.google_gke_hub_membership.gke-fleet",
            "module.infra.module.private-gke-standard-cluster.module.gke.data.google_compute_subnetwork.gke_subnetwork",
            "module.infra.module.private-gke-standard-cluster.module.gke.data.google_compute_zones.available",
            "module.infra.module.private-gke-standard-cluster.module.gke.data.google_container_engine_versions.region",
            "module.infra.module.private-gke-standard-cluster.module.gke.data.google_container_engine_versions.zone",
            "module.infra.module.private-gke-standard-cluster.module.gke.google_compute_firewall.intra_egress",
            "module.infra.module.private-gke-standard-cluster.module.gke.google_compute_firewall.master_webhooks",
            "module.infra.module.private-gke-standard-cluster.module.gke.google_compute_firewall.shadow_allow_inkubelet",
            "module.infra.module.private-gke-standard-cluster.module.gke.google_compute_firewall.shadow_allow_master",
            "module.infra.module.private-gke-standard-cluster.module.gke.google_compute_firewall.shadow_allow_nodes",
            "module.infra.module.private-gke-standard-cluster.module.gke.google_compute_firewall.shadow_allow_pods",
            "module.infra.module.private-gke-standard-cluster.module.gke.google_compute_firewall.shadow_deny_exkubelet",
            "module.infra.module.private-gke-standard-cluster.module.gke.google_compute_firewall.tpu_egress",
            "module.infra.module.private-gke-standard-cluster.module.gke.google_container_cluster.primary",
            "module.infra.module.private-gke-standard-cluster.module.gke.google_container_node_pool.pools",
            "module.infra.module.private-gke-standard-cluster.module.gke.google_container_node_pool.windows_pools",
            "module.infra.module.private-gke-standard-cluster.module.gke.google_project_iam_member.cluster_service_account-artifact-registry",
            "module.infra.module.private-gke-standard-cluster.module.gke.google_project_iam_member.cluster_service_account-gcr",
            "module.infra.module.private-gke-standard-cluster.module.gke.google_project_iam_member.cluster_service_account-metric_writer",
            "module.infra.module.private-gke-standard-cluster.module.gke.google_project_iam_member.cluster_service_account-nodeService_account",
            "module.infra.module.private-gke-standard-cluster.module.gke.google_project_iam_member.cluster_service_account-resourceMetadata-writer",
            "module.infra.module.private-gke-standard-cluster.module.gke.google_service_account.cluster_service_account",
            "module.infra.module.private-gke-standard-cluster.module.gke.kubernetes_config_map.ip-masq-agent",
            "module.infra.module.private-gke-standard-cluster.module.gke.kubernetes_config_map_v1_data.kube-dns",
            "module.infra.module.private-gke-standard-cluster.module.gke.kubernetes_config_map_v1_data.kube-dns-upstream-nameservers-and-stub-domains",
            "module.infra.module.private-gke-standard-cluster.module.gke.kubernetes_config_map_v1_data.kube-dns-upstream-namservers",
            "module.infra.module.private-gke-standard-cluster.module.gke.random_shuffle.available_zones",
            "module.infra.module.private-gke-standard-cluster.module.gke.random_string.cluster_service_account_suffix",
            "module.infra.module.public-gke-autopilot-cluster.module.gke.data.google_compute_subnetwork.gke_subnetwork",
            "module.infra.module.public-gke-autopilot-cluster.module.gke.data.google_compute_zones.available",
            "module.infra.module.public-gke-autopilot-cluster.module.gke.data.google_container_engine_versions.region",
            "module.infra.module.public-gke-autopilot-cluster.module.gke.data.google_container_engine_versions.zone",
            "module.infra.module.public-gke-autopilot-cluster.module.gke.google_compute_firewall.intra_egress",
            "module.infra.module.public-gke-autopilot-cluster.module.gke.google_compute_firewall.master_webhooks",
            "module.infra.module.public-gke-autopilot-cluster.module.gke.google_compute_firewall.shadow_allow_inkubelet",
            "module.infra.module.public-gke-autopilot-cluster.module.gke.google_compute_firewall.shadow_allow_master",
            "module.infra.module.public-gke-autopilot-cluster.module.gke.google_compute_firewall.shadow_allow_nodes",
            "module.infra.module.public-gke-autopilot-cluster.module.gke.google_compute_firewall.shadow_allow_pods",
            "module.infra.module.public-gke-autopilot-cluster.module.gke.google_compute_firewall.shadow_deny_exkubelet",
            "module.infra.module.public-gke-autopilot-cluster.module.gke.google_compute_firewall.tpu_egress",
            "module.infra.module.public-gke-autopilot-cluster.module.gke.google_container_cluster.primary",
            "module.infra.module.public-gke-autopilot-cluster.module.gke.google_project_iam_member.cluster_service_account-artifact-registry",
            "module.infra.module.public-gke-autopilot-cluster.module.gke.google_project_iam_member.cluster_service_account-gcr",
            "module.infra.module.public-gke-autopilot-cluster.module.gke.google_project_iam_member.cluster_service_account-metric_writer",
            "module.infra.module.public-gke-autopilot-cluster.module.gke.google_project_iam_member.cluster_service_account-nodeService_account",
            "module.infra.module.public-gke-autopilot-cluster.module.gke.google_project_iam_member.cluster_service_account-resourceMetadata-writer",
            "module.infra.module.public-gke-autopilot-cluster.module.gke.google_project_iam_member.service_agent",
            "module.infra.module.public-gke-autopilot-cluster.module.gke.google_project_service_identity.fleet_project",
            "module.infra.module.public-gke-autopilot-cluster.module.gke.google_service_account.cluster_service_account",
            "module.infra.module.public-gke-autopilot-cluster.module.gke.kubernetes_config_map.ip-masq-agent",
            "module.infra.module.public-gke-autopilot-cluster.module.gke.kubernetes_config_map_v1_data.kube-dns",
            "module.infra.module.public-gke-autopilot-cluster.module.gke.kubernetes_config_map_v1_data.kube-dns-upstream-nameservers-and-stub-domains",
            "module.infra.module.public-gke-autopilot-cluster.module.gke.kubernetes_config_map_v1_data.kube-dns-upstream-namservers",
            "module.infra.module.public-gke-autopilot-cluster.module.gke.random_shuffle.available_zones",
            "module.infra.module.public-gke-autopilot-cluster.module.gke.random_string.cluster_service_account_suffix",
            "module.infra.module.public-gke-standard-cluster.module.gke.data.google_compute_subnetwork.gke_subnetwork",
            "module.infra.module.public-gke-standard-cluster.module.gke.data.google_compute_zones.available",
            "module.infra.module.public-gke-standard-cluster.module.gke.data.google_container_engine_versions.region",
            "module.infra.module.public-gke-standard-cluster.module.gke.data.google_container_engine_versions.zone",
            "module.infra.module.public-gke-standard-cluster.module.gke.google_compute_firewall.intra_egress",
            "module.infra.module.public-gke-standard-cluster.module.gke.google_compute_firewall.master_webhooks",
            "module.infra.module.public-gke-standard-cluster.module.gke.google_compute_firewall.shadow_allow_inkubelet",
            "module.infra.module.public-gke-standard-cluster.module.gke.google_compute_firewall.shadow_allow_master",
            "module.infra.module.public-gke-standard-cluster.module.gke.google_compute_firewall.shadow_allow_nodes",
            "module.infra.module.public-gke-standard-cluster.module.gke.google_compute_firewall.shadow_allow_pods",
            "module.infra.module.public-gke-standard-cluster.module.gke.google_compute_firewall.shadow_deny_exkubelet",
            "module.infra.module.public-gke-standard-cluster.module.gke.google_compute_firewall.tpu_egress",
            "module.infra.module.public-gke-standard-cluster.module.gke.google_container_cluster.primary",
            "module.infra.module.public-gke-standard-cluster.module.gke.google_container_node_pool.pools",
            "module.infra.module.public-gke-standard-cluster.module.gke.google_container_node_pool.windows_pools",
            "module.infra.module.public-gke-standard-cluster.module.gke.google_project_iam_member.cluster_service_account-artifact-registry",
            "module.infra.module.public-gke-standard-cluster.module.gke.google_project_iam_member.cluster_service_account-gcr",
            "module.infra.module.public-gke-standard-cluster.module.gke.google_project_iam_member.cluster_service_account-metric_writer",
            "module.infra.module.public-gke-standard-cluster.module.gke.google_project_iam_member.cluster_service_account-nodeService_account",
            "module.infra.module.public-gke-standard-cluster.module.gke.google_project_iam_member.cluster_service_account-resourceMetadata-writer",
            "module.infra.module.public-gke-standard-cluster.module.gke.google_service_account.cluster_service_account",
            "module.infra.module.public-gke-standard-cluster.module.gke.kubernetes_config_map.ip-masq-agent",
            "module.infra.module.public-gke-standard-cluster.module.gke.kubernetes_config_map_v1_data.kube-dns",
            "module.infra.module.public-gke-standard-cluster.module.gke.kubernetes_config_map_v1_data.kube-dns-upstream-nameservers-and-stub-domains",
            "module.infra.module.public-gke-standard-cluster.module.gke.kubernetes_config_map_v1_data.kube-dns-upstream-namservers",
            "module.infra.module.public-gke-standard-cluster.module.gke.random_shuffle.available_zones",
            "module.infra.module.public-gke-standard-cluster.module.gke.random_string.cluster_service_account_suffix",
            "module.jupyterhub.data.google_project.project",
            "module.jupyterhub.helm_release.jupyterhub",
            "module.jupyterhub.module.jupyterhub-workload-identity.data.google_service_account.cluster_service_account",
            "module.jupyterhub.module.jupyterhub-workload-identity.google_project_iam_member.workload_identity_sa_bindings",
            "module.jupyterhub.module.jupyterhub-workload-identity.google_project_iam_member.workload_identity_sa_bindings_additional_projects",
            "module.jupyterhub.module.jupyterhub-workload-identity.google_service_account.cluster_service_account",
            "module.jupyterhub.module.jupyterhub-workload-identity.google_service_account_iam_member.main",
            "module.jupyterhub.module.jupyterhub-workload-identity.kubernetes_service_account.main",
            "module.jupyterhub.module.jupyterhub-workload-identity.module.annotate-sa.module.gcloud_kubectl.data.external.env_override",
            "module.jupyterhub.module.jupyterhub-workload-identity.module.annotate-sa.module.gcloud_kubectl.null_resource.additional_components",
            "module.jupyterhub.module.jupyterhub-workload-identity.module.annotate-sa.module.gcloud_kubectl.null_resource.additional_components_destroy",
            "module.jupyterhub.module.jupyterhub-workload-identity.module.annotate-sa.module.gcloud_kubectl.null_resource.decompress",
            "module.jupyterhub.module.jupyterhub-workload-identity.module.annotate-sa.module.gcloud_kubectl.null_resource.decompress_destroy",
            "module.jupyterhub.module.jupyterhub-workload-identity.module.annotate-sa.module.gcloud_kubectl.null_resource.download_gcloud",
            "module.jupyterhub.module.jupyterhub-workload-identity.module.annotate-sa.module.gcloud_kubectl.null_resource.download_jq",
            "module.jupyterhub.module.jupyterhub-workload-identity.module.annotate-sa.module.gcloud_kubectl.null_resource.gcloud_auth_google_credentials",
            "module.jupyterhub.module.jupyterhub-workload-identity.module.annotate-sa.module.gcloud_kubectl.null_resource.gcloud_auth_google_credentials_destroy",
            "module.jupyterhub.module.jupyterhub-workload-identity.module.annotate-sa.module.gcloud_kubectl.null_resource.gcloud_auth_service_account_key_file",
            "module.jupyterhub.module.jupyterhub-workload-identity.module.annotate-sa.module.gcloud_kubectl.null_resource.gcloud_auth_service_account_key_file_destroy",
            "module.jupyterhub.module.jupyterhub-workload-identity.module.annotate-sa.module.gcloud_kubectl.null_resource.module_depends_on",
            "module.jupyterhub.module.jupyterhub-workload-identity.module.annotate-sa.module.gcloud_kubectl.null_resource.prepare_cache",
            "module.jupyterhub.module.jupyterhub-workload-identity.module.annotate-sa.module.gcloud_kubectl.null_resource.run_command",
            "module.jupyterhub.module.jupyterhub-workload-identity.module.annotate-sa.module.gcloud_kubectl.null_resource.run_destroy_command",
            "module.jupyterhub.module.jupyterhub-workload-identity.module.annotate-sa.module.gcloud_kubectl.null_resource.upgrade",
            "module.jupyterhub.module.jupyterhub-workload-identity.module.annotate-sa.module.gcloud_kubectl.null_resource.upgrade_destroy",
            "module.jupyterhub.module.jupyterhub-workload-identity.module.annotate-sa.module.gcloud_kubectl.random_id.cache",
            "module.jupyterhub.random_password.generated_password",
            "module.namespace.helm_release.app-namespace",
            "module.project-services.data.google_compute_default_service_account.default",
            "module.project-services.google_project_iam_member.project_service_identity_roles",
            "module.project-services.google_project_service.project_services",
            "module.project-services.google_project_service_identity.project_service_identities"
          ]
        }
      ]
    },
    {
      "module": "module.jupyterhub",
      "mode": "managed",
      "type": "random_password",
      "name": "generated_password",
      "provider": "provider[\"registry.terraform.io/hashicorp/random\"]",
      "instances": [
        {
          "index_key": 0,
          "schema_version": 3,
          "attributes": {
            "bcrypt_hash": "$2a$10$Xp6gFDoXuWVSSwOdxFT5H.eBVdr8LVCiC6RUd6qg6Q/l8B2NHnNa6",
            "id": "none",
            "keepers": null,
            "length": 10,
            "lower": true,
            "min_lower": 0,
            "min_numeric": 0,
            "min_special": 0,
            "min_upper": 0,
            "number": true,
            "numeric": true,
            "override_special": null,
            "result": "8Oip9zDVwp",
            "special": false,
            "upper": true
          },
          "sensitive_attributes": [],
          "dependencies": [
            "data.google_client_config.default",
            "data.google_container_cluster.default",
            "data.google_project.project",
            "module.infra.data.google_compute_subnetwork.subnetwork",
            "module.infra.module.custom-network.google_compute_global_address.google-managed-services-range",
            "module.infra.module.custom-network.google_compute_network.network",
            "module.infra.module.custom-network.google_compute_subnetwork.subnetwork",
            "module.infra.module.custom-network.google_service_networking_connection.private_service_access",
            "module.infra.module.private-gke-autopilot-cluster.google_gke_hub_membership.gke-fleet",
            "module.infra.module.private-gke-autopilot-cluster.module.gke.data.google_compute_subnetwork.gke_subnetwork",
            "module.infra.module.private-gke-autopilot-cluster.module.gke.data.google_compute_zones.available",
            "module.infra.module.private-gke-autopilot-cluster.module.gke.data.google_container_engine_versions.region",
            "module.infra.module.private-gke-autopilot-cluster.module.gke.data.google_container_engine_versions.zone",
            "module.infra.module.private-gke-autopilot-cluster.module.gke.google_compute_firewall.intra_egress",
            "module.infra.module.private-gke-autopilot-cluster.module.gke.google_compute_firewall.master_webhooks",
            "module.infra.module.private-gke-autopilot-cluster.module.gke.google_compute_firewall.shadow_allow_inkubelet",
            "module.infra.module.private-gke-autopilot-cluster.module.gke.google_compute_firewall.shadow_allow_master",
            "module.infra.module.private-gke-autopilot-cluster.module.gke.google_compute_firewall.shadow_allow_nodes",
            "module.infra.module.private-gke-autopilot-cluster.module.gke.google_compute_firewall.shadow_allow_pods",
            "module.infra.module.private-gke-autopilot-cluster.module.gke.google_compute_firewall.shadow_deny_exkubelet",
            "module.infra.module.private-gke-autopilot-cluster.module.gke.google_compute_firewall.tpu_egress",
            "module.infra.module.private-gke-autopilot-cluster.module.gke.google_container_cluster.primary",
            "module.infra.module.private-gke-autopilot-cluster.module.gke.google_project_iam_member.cluster_service_account-artifact-registry",
            "module.infra.module.private-gke-autopilot-cluster.module.gke.google_project_iam_member.cluster_service_account-gcr",
            "module.infra.module.private-gke-autopilot-cluster.module.gke.google_project_iam_member.cluster_service_account-metric_writer",
            "module.infra.module.private-gke-autopilot-cluster.module.gke.google_project_iam_member.cluster_service_account-nodeService_account",
            "module.infra.module.private-gke-autopilot-cluster.module.gke.google_project_iam_member.cluster_service_account-resourceMetadata-writer",
            "module.infra.module.private-gke-autopilot-cluster.module.gke.google_project_iam_member.service_agent",
            "module.infra.module.private-gke-autopilot-cluster.module.gke.google_project_service_identity.fleet_project",
            "module.infra.module.private-gke-autopilot-cluster.module.gke.google_service_account.cluster_service_account",
            "module.infra.module.private-gke-autopilot-cluster.module.gke.kubernetes_config_map.ip-masq-agent",
            "module.infra.module.private-gke-autopilot-cluster.module.gke.kubernetes_config_map_v1_data.kube-dns",
            "module.infra.module.private-gke-autopilot-cluster.module.gke.kubernetes_config_map_v1_data.kube-dns-upstream-nameservers-and-stub-domains",
            "module.infra.module.private-gke-autopilot-cluster.module.gke.kubernetes_config_map_v1_data.kube-dns-upstream-namservers",
            "module.infra.module.private-gke-autopilot-cluster.module.gke.random_shuffle.available_zones",
            "module.infra.module.private-gke-autopilot-cluster.module.gke.random_string.cluster_service_account_suffix",
            "module.infra.module.private-gke-standard-cluster.google_gke_hub_membership.gke-fleet",
            "module.infra.module.private-gke-standard-cluster.module.gke.data.google_compute_subnetwork.gke_subnetwork",
            "module.infra.module.private-gke-standard-cluster.module.gke.data.google_compute_zones.available",
            "module.infra.module.private-gke-standard-cluster.module.gke.data.google_container_engine_versions.region",
            "module.infra.module.private-gke-standard-cluster.module.gke.data.google_container_engine_versions.zone",
            "module.infra.module.private-gke-standard-cluster.module.gke.google_compute_firewall.intra_egress",
            "module.infra.module.private-gke-standard-cluster.module.gke.google_compute_firewall.master_webhooks",
            "module.infra.module.private-gke-standard-cluster.module.gke.google_compute_firewall.shadow_allow_inkubelet",
            "module.infra.module.private-gke-standard-cluster.module.gke.google_compute_firewall.shadow_allow_master",
            "module.infra.module.private-gke-standard-cluster.module.gke.google_compute_firewall.shadow_allow_nodes",
            "module.infra.module.private-gke-standard-cluster.module.gke.google_compute_firewall.shadow_allow_pods",
            "module.infra.module.private-gke-standard-cluster.module.gke.google_compute_firewall.shadow_deny_exkubelet",
            "module.infra.module.private-gke-standard-cluster.module.gke.google_compute_firewall.tpu_egress",
            "module.infra.module.private-gke-standard-cluster.module.gke.google_container_cluster.primary",
            "module.infra.module.private-gke-standard-cluster.module.gke.google_container_node_pool.pools",
            "module.infra.module.private-gke-standard-cluster.module.gke.google_container_node_pool.windows_pools",
            "module.infra.module.private-gke-standard-cluster.module.gke.google_project_iam_member.cluster_service_account-artifact-registry",
            "module.infra.module.private-gke-standard-cluster.module.gke.google_project_iam_member.cluster_service_account-gcr",
            "module.infra.module.private-gke-standard-cluster.module.gke.google_project_iam_member.cluster_service_account-metric_writer",
            "module.infra.module.private-gke-standard-cluster.module.gke.google_project_iam_member.cluster_service_account-nodeService_account",
            "module.infra.module.private-gke-standard-cluster.module.gke.google_project_iam_member.cluster_service_account-resourceMetadata-writer",
            "module.infra.module.private-gke-standard-cluster.module.gke.google_service_account.cluster_service_account",
            "module.infra.module.private-gke-standard-cluster.module.gke.kubernetes_config_map.ip-masq-agent",
            "module.infra.module.private-gke-standard-cluster.module.gke.kubernetes_config_map_v1_data.kube-dns",
            "module.infra.module.private-gke-standard-cluster.module.gke.kubernetes_config_map_v1_data.kube-dns-upstream-nameservers-and-stub-domains",
            "module.infra.module.private-gke-standard-cluster.module.gke.kubernetes_config_map_v1_data.kube-dns-upstream-namservers",
            "module.infra.module.private-gke-standard-cluster.module.gke.random_shuffle.available_zones",
            "module.infra.module.private-gke-standard-cluster.module.gke.random_string.cluster_service_account_suffix",
            "module.infra.module.public-gke-autopilot-cluster.module.gke.data.google_compute_subnetwork.gke_subnetwork",
            "module.infra.module.public-gke-autopilot-cluster.module.gke.data.google_compute_zones.available",
            "module.infra.module.public-gke-autopilot-cluster.module.gke.data.google_container_engine_versions.region",
            "module.infra.module.public-gke-autopilot-cluster.module.gke.data.google_container_engine_versions.zone",
            "module.infra.module.public-gke-autopilot-cluster.module.gke.google_compute_firewall.intra_egress",
            "module.infra.module.public-gke-autopilot-cluster.module.gke.google_compute_firewall.master_webhooks",
            "module.infra.module.public-gke-autopilot-cluster.module.gke.google_compute_firewall.shadow_allow_inkubelet",
            "module.infra.module.public-gke-autopilot-cluster.module.gke.google_compute_firewall.shadow_allow_master",
            "module.infra.module.public-gke-autopilot-cluster.module.gke.google_compute_firewall.shadow_allow_nodes",
            "module.infra.module.public-gke-autopilot-cluster.module.gke.google_compute_firewall.shadow_allow_pods",
            "module.infra.module.public-gke-autopilot-cluster.module.gke.google_compute_firewall.shadow_deny_exkubelet",
            "module.infra.module.public-gke-autopilot-cluster.module.gke.google_compute_firewall.tpu_egress",
            "module.infra.module.public-gke-autopilot-cluster.module.gke.google_container_cluster.primary",
            "module.infra.module.public-gke-autopilot-cluster.module.gke.google_project_iam_member.cluster_service_account-artifact-registry",
            "module.infra.module.public-gke-autopilot-cluster.module.gke.google_project_iam_member.cluster_service_account-gcr",
            "module.infra.module.public-gke-autopilot-cluster.module.gke.google_project_iam_member.cluster_service_account-metric_writer",
            "module.infra.module.public-gke-autopilot-cluster.module.gke.google_project_iam_member.cluster_service_account-nodeService_account",
            "module.infra.module.public-gke-autopilot-cluster.module.gke.google_project_iam_member.cluster_service_account-resourceMetadata-writer",
            "module.infra.module.public-gke-autopilot-cluster.module.gke.google_project_iam_member.service_agent",
            "module.infra.module.public-gke-autopilot-cluster.module.gke.google_project_service_identity.fleet_project",
            "module.infra.module.public-gke-autopilot-cluster.module.gke.google_service_account.cluster_service_account",
            "module.infra.module.public-gke-autopilot-cluster.module.gke.kubernetes_config_map.ip-masq-agent",
            "module.infra.module.public-gke-autopilot-cluster.module.gke.kubernetes_config_map_v1_data.kube-dns",
            "module.infra.module.public-gke-autopilot-cluster.module.gke.kubernetes_config_map_v1_data.kube-dns-upstream-nameservers-and-stub-domains",
            "module.infra.module.public-gke-autopilot-cluster.module.gke.kubernetes_config_map_v1_data.kube-dns-upstream-namservers",
            "module.infra.module.public-gke-autopilot-cluster.module.gke.random_shuffle.available_zones",
            "module.infra.module.public-gke-autopilot-cluster.module.gke.random_string.cluster_service_account_suffix",
            "module.infra.module.public-gke-standard-cluster.module.gke.data.google_compute_subnetwork.gke_subnetwork",
            "module.infra.module.public-gke-standard-cluster.module.gke.data.google_compute_zones.available",
            "module.infra.module.public-gke-standard-cluster.module.gke.data.google_container_engine_versions.region",
            "module.infra.module.public-gke-standard-cluster.module.gke.data.google_container_engine_versions.zone",
            "module.infra.module.public-gke-standard-cluster.module.gke.google_compute_firewall.intra_egress",
            "module.infra.module.public-gke-standard-cluster.module.gke.google_compute_firewall.master_webhooks",
            "module.infra.module.public-gke-standard-cluster.module.gke.google_compute_firewall.shadow_allow_inkubelet",
            "module.infra.module.public-gke-standard-cluster.module.gke.google_compute_firewall.shadow_allow_master",
            "module.infra.module.public-gke-standard-cluster.module.gke.google_compute_firewall.shadow_allow_nodes",
            "module.infra.module.public-gke-standard-cluster.module.gke.google_compute_firewall.shadow_allow_pods",
            "module.infra.module.public-gke-standard-cluster.module.gke.google_compute_firewall.shadow_deny_exkubelet",
            "module.infra.module.public-gke-standard-cluster.module.gke.google_compute_firewall.tpu_egress",
            "module.infra.module.public-gke-standard-cluster.module.gke.google_container_cluster.primary",
            "module.infra.module.public-gke-standard-cluster.module.gke.google_container_node_pool.pools",
            "module.infra.module.public-gke-standard-cluster.module.gke.google_container_node_pool.windows_pools",
            "module.infra.module.public-gke-standard-cluster.module.gke.google_project_iam_member.cluster_service_account-artifact-registry",
            "module.infra.module.public-gke-standard-cluster.module.gke.google_project_iam_member.cluster_service_account-gcr",
            "module.infra.module.public-gke-standard-cluster.module.gke.google_project_iam_member.cluster_service_account-metric_writer",
            "module.infra.module.public-gke-standard-cluster.module.gke.google_project_iam_member.cluster_service_account-nodeService_account",
            "module.infra.module.public-gke-standard-cluster.module.gke.google_project_iam_member.cluster_service_account-resourceMetadata-writer",
            "module.infra.module.public-gke-standard-cluster.module.gke.google_service_account.cluster_service_account",
            "module.infra.module.public-gke-standard-cluster.module.gke.kubernetes_config_map.ip-masq-agent",
            "module.infra.module.public-gke-standard-cluster.module.gke.kubernetes_config_map_v1_data.kube-dns",
            "module.infra.module.public-gke-standard-cluster.module.gke.kubernetes_config_map_v1_data.kube-dns-upstream-nameservers-and-stub-domains",
            "module.infra.module.public-gke-standard-cluster.module.gke.kubernetes_config_map_v1_data.kube-dns-upstream-namservers",
            "module.infra.module.public-gke-standard-cluster.module.gke.random_shuffle.available_zones",
            "module.infra.module.public-gke-standard-cluster.module.gke.random_string.cluster_service_account_suffix",
            "module.namespace.helm_release.app-namespace",
            "module.project-services.data.google_compute_default_service_account.default",
            "module.project-services.google_project_iam_member.project_service_identity_roles",
            "module.project-services.google_project_service.project_services",
            "module.project-services.google_project_service_identity.project_service_identities"
          ]
        }
      ]
    },
    {
      "module": "module.jupyterhub.module.jupyterhub-workload-identity",
      "mode": "managed",
      "type": "google_project_iam_member",
      "name": "workload_identity_sa_bindings",
      "provider": "provider[\"registry.terraform.io/hashicorp/google\"]",
      "instances": [
        {
          "index_key": "roles/artifactregistry.reader",
          "schema_version": 0,
          "attributes": {
            "condition": [],
            "etag": "BwYibgMQcvY=",
            "id": "genlu-gke-dev/roles/artifactregistry.reader/serviceAccount:jupyter-sa@genlu-gke-dev.iam.gserviceaccount.com",
            "member": "serviceAccount:jupyter-sa@genlu-gke-dev.iam.gserviceaccount.com",
            "project": "genlu-gke-dev",
            "role": "roles/artifactregistry.reader"
          },
          "sensitive_attributes": [],
          "private": "bnVsbA==",
          "dependencies": [
            "data.google_client_config.default",
            "data.google_container_cluster.default",
            "data.google_project.project",
            "module.infra.data.google_compute_subnetwork.subnetwork",
            "module.infra.module.custom-network.google_compute_global_address.google-managed-services-range",
            "module.infra.module.custom-network.google_compute_network.network",
            "module.infra.module.custom-network.google_compute_subnetwork.subnetwork",
            "module.infra.module.custom-network.google_service_networking_connection.private_service_access",
            "module.infra.module.private-gke-autopilot-cluster.google_gke_hub_membership.gke-fleet",
            "module.infra.module.private-gke-autopilot-cluster.module.gke.data.google_compute_subnetwork.gke_subnetwork",
            "module.infra.module.private-gke-autopilot-cluster.module.gke.data.google_compute_zones.available",
            "module.infra.module.private-gke-autopilot-cluster.module.gke.data.google_container_engine_versions.region",
            "module.infra.module.private-gke-autopilot-cluster.module.gke.data.google_container_engine_versions.zone",
            "module.infra.module.private-gke-autopilot-cluster.module.gke.google_compute_firewall.intra_egress",
            "module.infra.module.private-gke-autopilot-cluster.module.gke.google_compute_firewall.master_webhooks",
            "module.infra.module.private-gke-autopilot-cluster.module.gke.google_compute_firewall.shadow_allow_inkubelet",
            "module.infra.module.private-gke-autopilot-cluster.module.gke.google_compute_firewall.shadow_allow_master",
            "module.infra.module.private-gke-autopilot-cluster.module.gke.google_compute_firewall.shadow_allow_nodes",
            "module.infra.module.private-gke-autopilot-cluster.module.gke.google_compute_firewall.shadow_allow_pods",
            "module.infra.module.private-gke-autopilot-cluster.module.gke.google_compute_firewall.shadow_deny_exkubelet",
            "module.infra.module.private-gke-autopilot-cluster.module.gke.google_compute_firewall.tpu_egress",
            "module.infra.module.private-gke-autopilot-cluster.module.gke.google_container_cluster.primary",
            "module.infra.module.private-gke-autopilot-cluster.module.gke.google_project_iam_member.cluster_service_account-artifact-registry",
            "module.infra.module.private-gke-autopilot-cluster.module.gke.google_project_iam_member.cluster_service_account-gcr",
            "module.infra.module.private-gke-autopilot-cluster.module.gke.google_project_iam_member.cluster_service_account-metric_writer",
            "module.infra.module.private-gke-autopilot-cluster.module.gke.google_project_iam_member.cluster_service_account-nodeService_account",
            "module.infra.module.private-gke-autopilot-cluster.module.gke.google_project_iam_member.cluster_service_account-resourceMetadata-writer",
            "module.infra.module.private-gke-autopilot-cluster.module.gke.google_project_iam_member.service_agent",
            "module.infra.module.private-gke-autopilot-cluster.module.gke.google_project_service_identity.fleet_project",
            "module.infra.module.private-gke-autopilot-cluster.module.gke.google_service_account.cluster_service_account",
            "module.infra.module.private-gke-autopilot-cluster.module.gke.kubernetes_config_map.ip-masq-agent",
            "module.infra.module.private-gke-autopilot-cluster.module.gke.kubernetes_config_map_v1_data.kube-dns",
            "module.infra.module.private-gke-autopilot-cluster.module.gke.kubernetes_config_map_v1_data.kube-dns-upstream-nameservers-and-stub-domains",
            "module.infra.module.private-gke-autopilot-cluster.module.gke.kubernetes_config_map_v1_data.kube-dns-upstream-namservers",
            "module.infra.module.private-gke-autopilot-cluster.module.gke.random_shuffle.available_zones",
            "module.infra.module.private-gke-autopilot-cluster.module.gke.random_string.cluster_service_account_suffix",
            "module.infra.module.private-gke-standard-cluster.google_gke_hub_membership.gke-fleet",
            "module.infra.module.private-gke-standard-cluster.module.gke.data.google_compute_subnetwork.gke_subnetwork",
            "module.infra.module.private-gke-standard-cluster.module.gke.data.google_compute_zones.available",
            "module.infra.module.private-gke-standard-cluster.module.gke.data.google_container_engine_versions.region",
            "module.infra.module.private-gke-standard-cluster.module.gke.data.google_container_engine_versions.zone",
            "module.infra.module.private-gke-standard-cluster.module.gke.google_compute_firewall.intra_egress",
            "module.infra.module.private-gke-standard-cluster.module.gke.google_compute_firewall.master_webhooks",
            "module.infra.module.private-gke-standard-cluster.module.gke.google_compute_firewall.shadow_allow_inkubelet",
            "module.infra.module.private-gke-standard-cluster.module.gke.google_compute_firewall.shadow_allow_master",
            "module.infra.module.private-gke-standard-cluster.module.gke.google_compute_firewall.shadow_allow_nodes",
            "module.infra.module.private-gke-standard-cluster.module.gke.google_compute_firewall.shadow_allow_pods",
            "module.infra.module.private-gke-standard-cluster.module.gke.google_compute_firewall.shadow_deny_exkubelet",
            "module.infra.module.private-gke-standard-cluster.module.gke.google_compute_firewall.tpu_egress",
            "module.infra.module.private-gke-standard-cluster.module.gke.google_container_cluster.primary",
            "module.infra.module.private-gke-standard-cluster.module.gke.google_container_node_pool.pools",
            "module.infra.module.private-gke-standard-cluster.module.gke.google_container_node_pool.windows_pools",
            "module.infra.module.private-gke-standard-cluster.module.gke.google_project_iam_member.cluster_service_account-artifact-registry",
            "module.infra.module.private-gke-standard-cluster.module.gke.google_project_iam_member.cluster_service_account-gcr",
            "module.infra.module.private-gke-standard-cluster.module.gke.google_project_iam_member.cluster_service_account-metric_writer",
            "module.infra.module.private-gke-standard-cluster.module.gke.google_project_iam_member.cluster_service_account-nodeService_account",
            "module.infra.module.private-gke-standard-cluster.module.gke.google_project_iam_member.cluster_service_account-resourceMetadata-writer",
            "module.infra.module.private-gke-standard-cluster.module.gke.google_service_account.cluster_service_account",
            "module.infra.module.private-gke-standard-cluster.module.gke.kubernetes_config_map.ip-masq-agent",
            "module.infra.module.private-gke-standard-cluster.module.gke.kubernetes_config_map_v1_data.kube-dns",
            "module.infra.module.private-gke-standard-cluster.module.gke.kubernetes_config_map_v1_data.kube-dns-upstream-nameservers-and-stub-domains",
            "module.infra.module.private-gke-standard-cluster.module.gke.kubernetes_config_map_v1_data.kube-dns-upstream-namservers",
            "module.infra.module.private-gke-standard-cluster.module.gke.random_shuffle.available_zones",
            "module.infra.module.private-gke-standard-cluster.module.gke.random_string.cluster_service_account_suffix",
            "module.infra.module.public-gke-autopilot-cluster.module.gke.data.google_compute_subnetwork.gke_subnetwork",
            "module.infra.module.public-gke-autopilot-cluster.module.gke.data.google_compute_zones.available",
            "module.infra.module.public-gke-autopilot-cluster.module.gke.data.google_container_engine_versions.region",
            "module.infra.module.public-gke-autopilot-cluster.module.gke.data.google_container_engine_versions.zone",
            "module.infra.module.public-gke-autopilot-cluster.module.gke.google_compute_firewall.intra_egress",
            "module.infra.module.public-gke-autopilot-cluster.module.gke.google_compute_firewall.master_webhooks",
            "module.infra.module.public-gke-autopilot-cluster.module.gke.google_compute_firewall.shadow_allow_inkubelet",
            "module.infra.module.public-gke-autopilot-cluster.module.gke.google_compute_firewall.shadow_allow_master",
            "module.infra.module.public-gke-autopilot-cluster.module.gke.google_compute_firewall.shadow_allow_nodes",
            "module.infra.module.public-gke-autopilot-cluster.module.gke.google_compute_firewall.shadow_allow_pods",
            "module.infra.module.public-gke-autopilot-cluster.module.gke.google_compute_firewall.shadow_deny_exkubelet",
            "module.infra.module.public-gke-autopilot-cluster.module.gke.google_compute_firewall.tpu_egress",
            "module.infra.module.public-gke-autopilot-cluster.module.gke.google_container_cluster.primary",
            "module.infra.module.public-gke-autopilot-cluster.module.gke.google_project_iam_member.cluster_service_account-artifact-registry",
            "module.infra.module.public-gke-autopilot-cluster.module.gke.google_project_iam_member.cluster_service_account-gcr",
            "module.infra.module.public-gke-autopilot-cluster.module.gke.google_project_iam_member.cluster_service_account-metric_writer",
            "module.infra.module.public-gke-autopilot-cluster.module.gke.google_project_iam_member.cluster_service_account-nodeService_account",
            "module.infra.module.public-gke-autopilot-cluster.module.gke.google_project_iam_member.cluster_service_account-resourceMetadata-writer",
            "module.infra.module.public-gke-autopilot-cluster.module.gke.google_project_iam_member.service_agent",
            "module.infra.module.public-gke-autopilot-cluster.module.gke.google_project_service_identity.fleet_project",
            "module.infra.module.public-gke-autopilot-cluster.module.gke.google_service_account.cluster_service_account",
            "module.infra.module.public-gke-autopilot-cluster.module.gke.kubernetes_config_map.ip-masq-agent",
            "module.infra.module.public-gke-autopilot-cluster.module.gke.kubernetes_config_map_v1_data.kube-dns",
            "module.infra.module.public-gke-autopilot-cluster.module.gke.kubernetes_config_map_v1_data.kube-dns-upstream-nameservers-and-stub-domains",
            "module.infra.module.public-gke-autopilot-cluster.module.gke.kubernetes_config_map_v1_data.kube-dns-upstream-namservers",
            "module.infra.module.public-gke-autopilot-cluster.module.gke.random_shuffle.available_zones",
            "module.infra.module.public-gke-autopilot-cluster.module.gke.random_string.cluster_service_account_suffix",
            "module.infra.module.public-gke-standard-cluster.module.gke.data.google_compute_subnetwork.gke_subnetwork",
            "module.infra.module.public-gke-standard-cluster.module.gke.data.google_compute_zones.available",
            "module.infra.module.public-gke-standard-cluster.module.gke.data.google_container_engine_versions.region",
            "module.infra.module.public-gke-standard-cluster.module.gke.data.google_container_engine_versions.zone",
            "module.infra.module.public-gke-standard-cluster.module.gke.google_compute_firewall.intra_egress",
            "module.infra.module.public-gke-standard-cluster.module.gke.google_compute_firewall.master_webhooks",
            "module.infra.module.public-gke-standard-cluster.module.gke.google_compute_firewall.shadow_allow_inkubelet",
            "module.infra.module.public-gke-standard-cluster.module.gke.google_compute_firewall.shadow_allow_master",
            "module.infra.module.public-gke-standard-cluster.module.gke.google_compute_firewall.shadow_allow_nodes",
            "module.infra.module.public-gke-standard-cluster.module.gke.google_compute_firewall.shadow_allow_pods",
            "module.infra.module.public-gke-standard-cluster.module.gke.google_compute_firewall.shadow_deny_exkubelet",
            "module.infra.module.public-gke-standard-cluster.module.gke.google_compute_firewall.tpu_egress",
            "module.infra.module.public-gke-standard-cluster.module.gke.google_container_cluster.primary",
            "module.infra.module.public-gke-standard-cluster.module.gke.google_container_node_pool.pools",
            "module.infra.module.public-gke-standard-cluster.module.gke.google_container_node_pool.windows_pools",
            "module.infra.module.public-gke-standard-cluster.module.gke.google_project_iam_member.cluster_service_account-artifact-registry",
            "module.infra.module.public-gke-standard-cluster.module.gke.google_project_iam_member.cluster_service_account-gcr",
            "module.infra.module.public-gke-standard-cluster.module.gke.google_project_iam_member.cluster_service_account-metric_writer",
            "module.infra.module.public-gke-standard-cluster.module.gke.google_project_iam_member.cluster_service_account-nodeService_account",
            "module.infra.module.public-gke-standard-cluster.module.gke.google_project_iam_member.cluster_service_account-resourceMetadata-writer",
            "module.infra.module.public-gke-standard-cluster.module.gke.google_service_account.cluster_service_account",
            "module.infra.module.public-gke-standard-cluster.module.gke.kubernetes_config_map.ip-masq-agent",
            "module.infra.module.public-gke-standard-cluster.module.gke.kubernetes_config_map_v1_data.kube-dns",
            "module.infra.module.public-gke-standard-cluster.module.gke.kubernetes_config_map_v1_data.kube-dns-upstream-nameservers-and-stub-domains",
            "module.infra.module.public-gke-standard-cluster.module.gke.kubernetes_config_map_v1_data.kube-dns-upstream-namservers",
            "module.infra.module.public-gke-standard-cluster.module.gke.random_shuffle.available_zones",
            "module.infra.module.public-gke-standard-cluster.module.gke.random_string.cluster_service_account_suffix",
            "module.jupyterhub.module.jupyterhub-workload-identity.data.google_service_account.cluster_service_account",
            "module.jupyterhub.module.jupyterhub-workload-identity.google_service_account.cluster_service_account",
            "module.namespace.helm_release.app-namespace",
            "module.project-services.data.google_compute_default_service_account.default",
            "module.project-services.google_project_iam_member.project_service_identity_roles",
            "module.project-services.google_project_service.project_services",
            "module.project-services.google_project_service_identity.project_service_identities"
          ]
        },
        {
          "index_key": "roles/cloudsql.client",
          "schema_version": 0,
          "attributes": {
            "condition": [],
            "etag": "BwYibgMQcvY=",
            "id": "genlu-gke-dev/roles/cloudsql.client/serviceAccount:jupyter-sa@genlu-gke-dev.iam.gserviceaccount.com",
            "member": "serviceAccount:jupyter-sa@genlu-gke-dev.iam.gserviceaccount.com",
            "project": "genlu-gke-dev",
            "role": "roles/cloudsql.client"
          },
          "sensitive_attributes": [],
          "private": "bnVsbA==",
          "dependencies": [
            "data.google_client_config.default",
            "data.google_container_cluster.default",
            "data.google_project.project",
            "module.infra.data.google_compute_subnetwork.subnetwork",
            "module.infra.module.custom-network.google_compute_global_address.google-managed-services-range",
            "module.infra.module.custom-network.google_compute_network.network",
            "module.infra.module.custom-network.google_compute_subnetwork.subnetwork",
            "module.infra.module.custom-network.google_service_networking_connection.private_service_access",
            "module.infra.module.private-gke-autopilot-cluster.google_gke_hub_membership.gke-fleet",
            "module.infra.module.private-gke-autopilot-cluster.module.gke.data.google_compute_subnetwork.gke_subnetwork",
            "module.infra.module.private-gke-autopilot-cluster.module.gke.data.google_compute_zones.available",
            "module.infra.module.private-gke-autopilot-cluster.module.gke.data.google_container_engine_versions.region",
            "module.infra.module.private-gke-autopilot-cluster.module.gke.data.google_container_engine_versions.zone",
            "module.infra.module.private-gke-autopilot-cluster.module.gke.google_compute_firewall.intra_egress",
            "module.infra.module.private-gke-autopilot-cluster.module.gke.google_compute_firewall.master_webhooks",
            "module.infra.module.private-gke-autopilot-cluster.module.gke.google_compute_firewall.shadow_allow_inkubelet",
            "module.infra.module.private-gke-autopilot-cluster.module.gke.google_compute_firewall.shadow_allow_master",
            "module.infra.module.private-gke-autopilot-cluster.module.gke.google_compute_firewall.shadow_allow_nodes",
            "module.infra.module.private-gke-autopilot-cluster.module.gke.google_compute_firewall.shadow_allow_pods",
            "module.infra.module.private-gke-autopilot-cluster.module.gke.google_compute_firewall.shadow_deny_exkubelet",
            "module.infra.module.private-gke-autopilot-cluster.module.gke.google_compute_firewall.tpu_egress",
            "module.infra.module.private-gke-autopilot-cluster.module.gke.google_container_cluster.primary",
            "module.infra.module.private-gke-autopilot-cluster.module.gke.google_project_iam_member.cluster_service_account-artifact-registry",
            "module.infra.module.private-gke-autopilot-cluster.module.gke.google_project_iam_member.cluster_service_account-gcr",
            "module.infra.module.private-gke-autopilot-cluster.module.gke.google_project_iam_member.cluster_service_account-metric_writer",
            "module.infra.module.private-gke-autopilot-cluster.module.gke.google_project_iam_member.cluster_service_account-nodeService_account",
            "module.infra.module.private-gke-autopilot-cluster.module.gke.google_project_iam_member.cluster_service_account-resourceMetadata-writer",
            "module.infra.module.private-gke-autopilot-cluster.module.gke.google_project_iam_member.service_agent",
            "module.infra.module.private-gke-autopilot-cluster.module.gke.google_project_service_identity.fleet_project",
            "module.infra.module.private-gke-autopilot-cluster.module.gke.google_service_account.cluster_service_account",
            "module.infra.module.private-gke-autopilot-cluster.module.gke.kubernetes_config_map.ip-masq-agent",
            "module.infra.module.private-gke-autopilot-cluster.module.gke.kubernetes_config_map_v1_data.kube-dns",
            "module.infra.module.private-gke-autopilot-cluster.module.gke.kubernetes_config_map_v1_data.kube-dns-upstream-nameservers-and-stub-domains",
            "module.infra.module.private-gke-autopilot-cluster.module.gke.kubernetes_config_map_v1_data.kube-dns-upstream-namservers",
            "module.infra.module.private-gke-autopilot-cluster.module.gke.random_shuffle.available_zones",
            "module.infra.module.private-gke-autopilot-cluster.module.gke.random_string.cluster_service_account_suffix",
            "module.infra.module.private-gke-standard-cluster.google_gke_hub_membership.gke-fleet",
            "module.infra.module.private-gke-standard-cluster.module.gke.data.google_compute_subnetwork.gke_subnetwork",
            "module.infra.module.private-gke-standard-cluster.module.gke.data.google_compute_zones.available",
            "module.infra.module.private-gke-standard-cluster.module.gke.data.google_container_engine_versions.region",
            "module.infra.module.private-gke-standard-cluster.module.gke.data.google_container_engine_versions.zone",
            "module.infra.module.private-gke-standard-cluster.module.gke.google_compute_firewall.intra_egress",
            "module.infra.module.private-gke-standard-cluster.module.gke.google_compute_firewall.master_webhooks",
            "module.infra.module.private-gke-standard-cluster.module.gke.google_compute_firewall.shadow_allow_inkubelet",
            "module.infra.module.private-gke-standard-cluster.module.gke.google_compute_firewall.shadow_allow_master",
            "module.infra.module.private-gke-standard-cluster.module.gke.google_compute_firewall.shadow_allow_nodes",
            "module.infra.module.private-gke-standard-cluster.module.gke.google_compute_firewall.shadow_allow_pods",
            "module.infra.module.private-gke-standard-cluster.module.gke.google_compute_firewall.shadow_deny_exkubelet",
            "module.infra.module.private-gke-standard-cluster.module.gke.google_compute_firewall.tpu_egress",
            "module.infra.module.private-gke-standard-cluster.module.gke.google_container_cluster.primary",
            "module.infra.module.private-gke-standard-cluster.module.gke.google_container_node_pool.pools",
            "module.infra.module.private-gke-standard-cluster.module.gke.google_container_node_pool.windows_pools",
            "module.infra.module.private-gke-standard-cluster.module.gke.google_project_iam_member.cluster_service_account-artifact-registry",
            "module.infra.module.private-gke-standard-cluster.module.gke.google_project_iam_member.cluster_service_account-gcr",
            "module.infra.module.private-gke-standard-cluster.module.gke.google_project_iam_member.cluster_service_account-metric_writer",
            "module.infra.module.private-gke-standard-cluster.module.gke.google_project_iam_member.cluster_service_account-nodeService_account",
            "module.infra.module.private-gke-standard-cluster.module.gke.google_project_iam_member.cluster_service_account-resourceMetadata-writer",
            "module.infra.module.private-gke-standard-cluster.module.gke.google_service_account.cluster_service_account",
            "module.infra.module.private-gke-standard-cluster.module.gke.kubernetes_config_map.ip-masq-agent",
            "module.infra.module.private-gke-standard-cluster.module.gke.kubernetes_config_map_v1_data.kube-dns",
            "module.infra.module.private-gke-standard-cluster.module.gke.kubernetes_config_map_v1_data.kube-dns-upstream-nameservers-and-stub-domains",
            "module.infra.module.private-gke-standard-cluster.module.gke.kubernetes_config_map_v1_data.kube-dns-upstream-namservers",
            "module.infra.module.private-gke-standard-cluster.module.gke.random_shuffle.available_zones",
            "module.infra.module.private-gke-standard-cluster.module.gke.random_string.cluster_service_account_suffix",
            "module.infra.module.public-gke-autopilot-cluster.module.gke.data.google_compute_subnetwork.gke_subnetwork",
            "module.infra.module.public-gke-autopilot-cluster.module.gke.data.google_compute_zones.available",
            "module.infra.module.public-gke-autopilot-cluster.module.gke.data.google_container_engine_versions.region",
            "module.infra.module.public-gke-autopilot-cluster.module.gke.data.google_container_engine_versions.zone",
            "module.infra.module.public-gke-autopilot-cluster.module.gke.google_compute_firewall.intra_egress",
            "module.infra.module.public-gke-autopilot-cluster.module.gke.google_compute_firewall.master_webhooks",
            "module.infra.module.public-gke-autopilot-cluster.module.gke.google_compute_firewall.shadow_allow_inkubelet",
            "module.infra.module.public-gke-autopilot-cluster.module.gke.google_compute_firewall.shadow_allow_master",
            "module.infra.module.public-gke-autopilot-cluster.module.gke.google_compute_firewall.shadow_allow_nodes",
            "module.infra.module.public-gke-autopilot-cluster.module.gke.google_compute_firewall.shadow_allow_pods",
            "module.infra.module.public-gke-autopilot-cluster.module.gke.google_compute_firewall.shadow_deny_exkubelet",
            "module.infra.module.public-gke-autopilot-cluster.module.gke.google_compute_firewall.tpu_egress",
            "module.infra.module.public-gke-autopilot-cluster.module.gke.google_container_cluster.primary",
            "module.infra.module.public-gke-autopilot-cluster.module.gke.google_project_iam_member.cluster_service_account-artifact-registry",
            "module.infra.module.public-gke-autopilot-cluster.module.gke.google_project_iam_member.cluster_service_account-gcr",
            "module.infra.module.public-gke-autopilot-cluster.module.gke.google_project_iam_member.cluster_service_account-metric_writer",
            "module.infra.module.public-gke-autopilot-cluster.module.gke.google_project_iam_member.cluster_service_account-nodeService_account",
            "module.infra.module.public-gke-autopilot-cluster.module.gke.google_project_iam_member.cluster_service_account-resourceMetadata-writer",
            "module.infra.module.public-gke-autopilot-cluster.module.gke.google_project_iam_member.service_agent",
            "module.infra.module.public-gke-autopilot-cluster.module.gke.google_project_service_identity.fleet_project",
            "module.infra.module.public-gke-autopilot-cluster.module.gke.google_service_account.cluster_service_account",
            "module.infra.module.public-gke-autopilot-cluster.module.gke.kubernetes_config_map.ip-masq-agent",
            "module.infra.module.public-gke-autopilot-cluster.module.gke.kubernetes_config_map_v1_data.kube-dns",
            "module.infra.module.public-gke-autopilot-cluster.module.gke.kubernetes_config_map_v1_data.kube-dns-upstream-nameservers-and-stub-domains",
            "module.infra.module.public-gke-autopilot-cluster.module.gke.kubernetes_config_map_v1_data.kube-dns-upstream-namservers",
            "module.infra.module.public-gke-autopilot-cluster.module.gke.random_shuffle.available_zones",
            "module.infra.module.public-gke-autopilot-cluster.module.gke.random_string.cluster_service_account_suffix",
            "module.infra.module.public-gke-standard-cluster.module.gke.data.google_compute_subnetwork.gke_subnetwork",
            "module.infra.module.public-gke-standard-cluster.module.gke.data.google_compute_zones.available",
            "module.infra.module.public-gke-standard-cluster.module.gke.data.google_container_engine_versions.region",
            "module.infra.module.public-gke-standard-cluster.module.gke.data.google_container_engine_versions.zone",
            "module.infra.module.public-gke-standard-cluster.module.gke.google_compute_firewall.intra_egress",
            "module.infra.module.public-gke-standard-cluster.module.gke.google_compute_firewall.master_webhooks",
            "module.infra.module.public-gke-standard-cluster.module.gke.google_compute_firewall.shadow_allow_inkubelet",
            "module.infra.module.public-gke-standard-cluster.module.gke.google_compute_firewall.shadow_allow_master",
            "module.infra.module.public-gke-standard-cluster.module.gke.google_compute_firewall.shadow_allow_nodes",
            "module.infra.module.public-gke-standard-cluster.module.gke.google_compute_firewall.shadow_allow_pods",
            "module.infra.module.public-gke-standard-cluster.module.gke.google_compute_firewall.shadow_deny_exkubelet",
            "module.infra.module.public-gke-standard-cluster.module.gke.google_compute_firewall.tpu_egress",
            "module.infra.module.public-gke-standard-cluster.module.gke.google_container_cluster.primary",
            "module.infra.module.public-gke-standard-cluster.module.gke.google_container_node_pool.pools",
            "module.infra.module.public-gke-standard-cluster.module.gke.google_container_node_pool.windows_pools",
            "module.infra.module.public-gke-standard-cluster.module.gke.google_project_iam_member.cluster_service_account-artifact-registry",
            "module.infra.module.public-gke-standard-cluster.module.gke.google_project_iam_member.cluster_service_account-gcr",
            "module.infra.module.public-gke-standard-cluster.module.gke.google_project_iam_member.cluster_service_account-metric_writer",
            "module.infra.module.public-gke-standard-cluster.module.gke.google_project_iam_member.cluster_service_account-nodeService_account",
            "module.infra.module.public-gke-standard-cluster.module.gke.google_project_iam_member.cluster_service_account-resourceMetadata-writer",
            "module.infra.module.public-gke-standard-cluster.module.gke.google_service_account.cluster_service_account",
            "module.infra.module.public-gke-standard-cluster.module.gke.kubernetes_config_map.ip-masq-agent",
            "module.infra.module.public-gke-standard-cluster.module.gke.kubernetes_config_map_v1_data.kube-dns",
            "module.infra.module.public-gke-standard-cluster.module.gke.kubernetes_config_map_v1_data.kube-dns-upstream-nameservers-and-stub-domains",
            "module.infra.module.public-gke-standard-cluster.module.gke.kubernetes_config_map_v1_data.kube-dns-upstream-namservers",
            "module.infra.module.public-gke-standard-cluster.module.gke.random_shuffle.available_zones",
            "module.infra.module.public-gke-standard-cluster.module.gke.random_string.cluster_service_account_suffix",
            "module.jupyterhub.module.jupyterhub-workload-identity.data.google_service_account.cluster_service_account",
            "module.jupyterhub.module.jupyterhub-workload-identity.google_service_account.cluster_service_account",
            "module.namespace.helm_release.app-namespace",
            "module.project-services.data.google_compute_default_service_account.default",
            "module.project-services.google_project_iam_member.project_service_identity_roles",
            "module.project-services.google_project_service.project_services",
            "module.project-services.google_project_service_identity.project_service_identities"
          ]
        },
        {
          "index_key": "roles/compute.loadBalancerServiceUser",
          "schema_version": 0,
          "attributes": {
            "condition": [],
            "etag": "BwYibgMQcvY=",
            "id": "genlu-gke-dev/roles/compute.loadBalancerServiceUser/serviceAccount:jupyter-sa@genlu-gke-dev.iam.gserviceaccount.com",
            "member": "serviceAccount:jupyter-sa@genlu-gke-dev.iam.gserviceaccount.com",
            "project": "genlu-gke-dev",
            "role": "roles/compute.loadBalancerServiceUser"
          },
          "sensitive_attributes": [],
          "private": "bnVsbA==",
          "dependencies": [
            "data.google_client_config.default",
            "data.google_container_cluster.default",
            "data.google_project.project",
            "module.infra.data.google_compute_subnetwork.subnetwork",
            "module.infra.module.custom-network.google_compute_global_address.google-managed-services-range",
            "module.infra.module.custom-network.google_compute_network.network",
            "module.infra.module.custom-network.google_compute_subnetwork.subnetwork",
            "module.infra.module.custom-network.google_service_networking_connection.private_service_access",
            "module.infra.module.private-gke-autopilot-cluster.google_gke_hub_membership.gke-fleet",
            "module.infra.module.private-gke-autopilot-cluster.module.gke.data.google_compute_subnetwork.gke_subnetwork",
            "module.infra.module.private-gke-autopilot-cluster.module.gke.data.google_compute_zones.available",
            "module.infra.module.private-gke-autopilot-cluster.module.gke.data.google_container_engine_versions.region",
            "module.infra.module.private-gke-autopilot-cluster.module.gke.data.google_container_engine_versions.zone",
            "module.infra.module.private-gke-autopilot-cluster.module.gke.google_compute_firewall.intra_egress",
            "module.infra.module.private-gke-autopilot-cluster.module.gke.google_compute_firewall.master_webhooks",
            "module.infra.module.private-gke-autopilot-cluster.module.gke.google_compute_firewall.shadow_allow_inkubelet",
            "module.infra.module.private-gke-autopilot-cluster.module.gke.google_compute_firewall.shadow_allow_master",
            "module.infra.module.private-gke-autopilot-cluster.module.gke.google_compute_firewall.shadow_allow_nodes",
            "module.infra.module.private-gke-autopilot-cluster.module.gke.google_compute_firewall.shadow_allow_pods",
            "module.infra.module.private-gke-autopilot-cluster.module.gke.google_compute_firewall.shadow_deny_exkubelet",
            "module.infra.module.private-gke-autopilot-cluster.module.gke.google_compute_firewall.tpu_egress",
            "module.infra.module.private-gke-autopilot-cluster.module.gke.google_container_cluster.primary",
            "module.infra.module.private-gke-autopilot-cluster.module.gke.google_project_iam_member.cluster_service_account-artifact-registry",
            "module.infra.module.private-gke-autopilot-cluster.module.gke.google_project_iam_member.cluster_service_account-gcr",
            "module.infra.module.private-gke-autopilot-cluster.module.gke.google_project_iam_member.cluster_service_account-metric_writer",
            "module.infra.module.private-gke-autopilot-cluster.module.gke.google_project_iam_member.cluster_service_account-nodeService_account",
            "module.infra.module.private-gke-autopilot-cluster.module.gke.google_project_iam_member.cluster_service_account-resourceMetadata-writer",
            "module.infra.module.private-gke-autopilot-cluster.module.gke.google_project_iam_member.service_agent",
            "module.infra.module.private-gke-autopilot-cluster.module.gke.google_project_service_identity.fleet_project",
            "module.infra.module.private-gke-autopilot-cluster.module.gke.google_service_account.cluster_service_account",
            "module.infra.module.private-gke-autopilot-cluster.module.gke.kubernetes_config_map.ip-masq-agent",
            "module.infra.module.private-gke-autopilot-cluster.module.gke.kubernetes_config_map_v1_data.kube-dns",
            "module.infra.module.private-gke-autopilot-cluster.module.gke.kubernetes_config_map_v1_data.kube-dns-upstream-nameservers-and-stub-domains",
            "module.infra.module.private-gke-autopilot-cluster.module.gke.kubernetes_config_map_v1_data.kube-dns-upstream-namservers",
            "module.infra.module.private-gke-autopilot-cluster.module.gke.random_shuffle.available_zones",
            "module.infra.module.private-gke-autopilot-cluster.module.gke.random_string.cluster_service_account_suffix",
            "module.infra.module.private-gke-standard-cluster.google_gke_hub_membership.gke-fleet",
            "module.infra.module.private-gke-standard-cluster.module.gke.data.google_compute_subnetwork.gke_subnetwork",
            "module.infra.module.private-gke-standard-cluster.module.gke.data.google_compute_zones.available",
            "module.infra.module.private-gke-standard-cluster.module.gke.data.google_container_engine_versions.region",
            "module.infra.module.private-gke-standard-cluster.module.gke.data.google_container_engine_versions.zone",
            "module.infra.module.private-gke-standard-cluster.module.gke.google_compute_firewall.intra_egress",
            "module.infra.module.private-gke-standard-cluster.module.gke.google_compute_firewall.master_webhooks",
            "module.infra.module.private-gke-standard-cluster.module.gke.google_compute_firewall.shadow_allow_inkubelet",
            "module.infra.module.private-gke-standard-cluster.module.gke.google_compute_firewall.shadow_allow_master",
            "module.infra.module.private-gke-standard-cluster.module.gke.google_compute_firewall.shadow_allow_nodes",
            "module.infra.module.private-gke-standard-cluster.module.gke.google_compute_firewall.shadow_allow_pods",
            "module.infra.module.private-gke-standard-cluster.module.gke.google_compute_firewall.shadow_deny_exkubelet",
            "module.infra.module.private-gke-standard-cluster.module.gke.google_compute_firewall.tpu_egress",
            "module.infra.module.private-gke-standard-cluster.module.gke.google_container_cluster.primary",
            "module.infra.module.private-gke-standard-cluster.module.gke.google_container_node_pool.pools",
            "module.infra.module.private-gke-standard-cluster.module.gke.google_container_node_pool.windows_pools",
            "module.infra.module.private-gke-standard-cluster.module.gke.google_project_iam_member.cluster_service_account-artifact-registry",
            "module.infra.module.private-gke-standard-cluster.module.gke.google_project_iam_member.cluster_service_account-gcr",
            "module.infra.module.private-gke-standard-cluster.module.gke.google_project_iam_member.cluster_service_account-metric_writer",
            "module.infra.module.private-gke-standard-cluster.module.gke.google_project_iam_member.cluster_service_account-nodeService_account",
            "module.infra.module.private-gke-standard-cluster.module.gke.google_project_iam_member.cluster_service_account-resourceMetadata-writer",
            "module.infra.module.private-gke-standard-cluster.module.gke.google_service_account.cluster_service_account",
            "module.infra.module.private-gke-standard-cluster.module.gke.kubernetes_config_map.ip-masq-agent",
            "module.infra.module.private-gke-standard-cluster.module.gke.kubernetes_config_map_v1_data.kube-dns",
            "module.infra.module.private-gke-standard-cluster.module.gke.kubernetes_config_map_v1_data.kube-dns-upstream-nameservers-and-stub-domains",
            "module.infra.module.private-gke-standard-cluster.module.gke.kubernetes_config_map_v1_data.kube-dns-upstream-namservers",
            "module.infra.module.private-gke-standard-cluster.module.gke.random_shuffle.available_zones",
            "module.infra.module.private-gke-standard-cluster.module.gke.random_string.cluster_service_account_suffix",
            "module.infra.module.public-gke-autopilot-cluster.module.gke.data.google_compute_subnetwork.gke_subnetwork",
            "module.infra.module.public-gke-autopilot-cluster.module.gke.data.google_compute_zones.available",
            "module.infra.module.public-gke-autopilot-cluster.module.gke.data.google_container_engine_versions.region",
            "module.infra.module.public-gke-autopilot-cluster.module.gke.data.google_container_engine_versions.zone",
            "module.infra.module.public-gke-autopilot-cluster.module.gke.google_compute_firewall.intra_egress",
            "module.infra.module.public-gke-autopilot-cluster.module.gke.google_compute_firewall.master_webhooks",
            "module.infra.module.public-gke-autopilot-cluster.module.gke.google_compute_firewall.shadow_allow_inkubelet",
            "module.infra.module.public-gke-autopilot-cluster.module.gke.google_compute_firewall.shadow_allow_master",
            "module.infra.module.public-gke-autopilot-cluster.module.gke.google_compute_firewall.shadow_allow_nodes",
            "module.infra.module.public-gke-autopilot-cluster.module.gke.google_compute_firewall.shadow_allow_pods",
            "module.infra.module.public-gke-autopilot-cluster.module.gke.google_compute_firewall.shadow_deny_exkubelet",
            "module.infra.module.public-gke-autopilot-cluster.module.gke.google_compute_firewall.tpu_egress",
            "module.infra.module.public-gke-autopilot-cluster.module.gke.google_container_cluster.primary",
            "module.infra.module.public-gke-autopilot-cluster.module.gke.google_project_iam_member.cluster_service_account-artifact-registry",
            "module.infra.module.public-gke-autopilot-cluster.module.gke.google_project_iam_member.cluster_service_account-gcr",
            "module.infra.module.public-gke-autopilot-cluster.module.gke.google_project_iam_member.cluster_service_account-metric_writer",
            "module.infra.module.public-gke-autopilot-cluster.module.gke.google_project_iam_member.cluster_service_account-nodeService_account",
            "module.infra.module.public-gke-autopilot-cluster.module.gke.google_project_iam_member.cluster_service_account-resourceMetadata-writer",
            "module.infra.module.public-gke-autopilot-cluster.module.gke.google_project_iam_member.service_agent",
            "module.infra.module.public-gke-autopilot-cluster.module.gke.google_project_service_identity.fleet_project",
            "module.infra.module.public-gke-autopilot-cluster.module.gke.google_service_account.cluster_service_account",
            "module.infra.module.public-gke-autopilot-cluster.module.gke.kubernetes_config_map.ip-masq-agent",
            "module.infra.module.public-gke-autopilot-cluster.module.gke.kubernetes_config_map_v1_data.kube-dns",
            "module.infra.module.public-gke-autopilot-cluster.module.gke.kubernetes_config_map_v1_data.kube-dns-upstream-nameservers-and-stub-domains",
            "module.infra.module.public-gke-autopilot-cluster.module.gke.kubernetes_config_map_v1_data.kube-dns-upstream-namservers",
            "module.infra.module.public-gke-autopilot-cluster.module.gke.random_shuffle.available_zones",
            "module.infra.module.public-gke-autopilot-cluster.module.gke.random_string.cluster_service_account_suffix",
            "module.infra.module.public-gke-standard-cluster.module.gke.data.google_compute_subnetwork.gke_subnetwork",
            "module.infra.module.public-gke-standard-cluster.module.gke.data.google_compute_zones.available",
            "module.infra.module.public-gke-standard-cluster.module.gke.data.google_container_engine_versions.region",
            "module.infra.module.public-gke-standard-cluster.module.gke.data.google_container_engine_versions.zone",
            "module.infra.module.public-gke-standard-cluster.module.gke.google_compute_firewall.intra_egress",
            "module.infra.module.public-gke-standard-cluster.module.gke.google_compute_firewall.master_webhooks",
            "module.infra.module.public-gke-standard-cluster.module.gke.google_compute_firewall.shadow_allow_inkubelet",
            "module.infra.module.public-gke-standard-cluster.module.gke.google_compute_firewall.shadow_allow_master",
            "module.infra.module.public-gke-standard-cluster.module.gke.google_compute_firewall.shadow_allow_nodes",
            "module.infra.module.public-gke-standard-cluster.module.gke.google_compute_firewall.shadow_allow_pods",
            "module.infra.module.public-gke-standard-cluster.module.gke.google_compute_firewall.shadow_deny_exkubelet",
            "module.infra.module.public-gke-standard-cluster.module.gke.google_compute_firewall.tpu_egress",
            "module.infra.module.public-gke-standard-cluster.module.gke.google_container_cluster.primary",
            "module.infra.module.public-gke-standard-cluster.module.gke.google_container_node_pool.pools",
            "module.infra.module.public-gke-standard-cluster.module.gke.google_container_node_pool.windows_pools",
            "module.infra.module.public-gke-standard-cluster.module.gke.google_project_iam_member.cluster_service_account-artifact-registry",
            "module.infra.module.public-gke-standard-cluster.module.gke.google_project_iam_member.cluster_service_account-gcr",
            "module.infra.module.public-gke-standard-cluster.module.gke.google_project_iam_member.cluster_service_account-metric_writer",
            "module.infra.module.public-gke-standard-cluster.module.gke.google_project_iam_member.cluster_service_account-nodeService_account",
            "module.infra.module.public-gke-standard-cluster.module.gke.google_project_iam_member.cluster_service_account-resourceMetadata-writer",
            "module.infra.module.public-gke-standard-cluster.module.gke.google_service_account.cluster_service_account",
            "module.infra.module.public-gke-standard-cluster.module.gke.kubernetes_config_map.ip-masq-agent",
            "module.infra.module.public-gke-standard-cluster.module.gke.kubernetes_config_map_v1_data.kube-dns",
            "module.infra.module.public-gke-standard-cluster.module.gke.kubernetes_config_map_v1_data.kube-dns-upstream-nameservers-and-stub-domains",
            "module.infra.module.public-gke-standard-cluster.module.gke.kubernetes_config_map_v1_data.kube-dns-upstream-namservers",
            "module.infra.module.public-gke-standard-cluster.module.gke.random_shuffle.available_zones",
            "module.infra.module.public-gke-standard-cluster.module.gke.random_string.cluster_service_account_suffix",
            "module.jupyterhub.module.jupyterhub-workload-identity.data.google_service_account.cluster_service_account",
            "module.jupyterhub.module.jupyterhub-workload-identity.google_service_account.cluster_service_account",
            "module.namespace.helm_release.app-namespace",
            "module.project-services.data.google_compute_default_service_account.default",
            "module.project-services.google_project_iam_member.project_service_identity_roles",
            "module.project-services.google_project_service.project_services",
            "module.project-services.google_project_service_identity.project_service_identities"
          ]
        },
        {
          "index_key": "roles/compute.networkViewer",
          "schema_version": 0,
          "attributes": {
            "condition": [],
            "etag": "BwYibgMQcvY=",
            "id": "genlu-gke-dev/roles/compute.networkViewer/serviceAccount:jupyter-sa@genlu-gke-dev.iam.gserviceaccount.com",
            "member": "serviceAccount:jupyter-sa@genlu-gke-dev.iam.gserviceaccount.com",
            "project": "genlu-gke-dev",
            "role": "roles/compute.networkViewer"
          },
          "sensitive_attributes": [],
          "private": "bnVsbA==",
          "dependencies": [
            "data.google_client_config.default",
            "data.google_container_cluster.default",
            "data.google_project.project",
            "module.infra.data.google_compute_subnetwork.subnetwork",
            "module.infra.module.custom-network.google_compute_global_address.google-managed-services-range",
            "module.infra.module.custom-network.google_compute_network.network",
            "module.infra.module.custom-network.google_compute_subnetwork.subnetwork",
            "module.infra.module.custom-network.google_service_networking_connection.private_service_access",
            "module.infra.module.private-gke-autopilot-cluster.google_gke_hub_membership.gke-fleet",
            "module.infra.module.private-gke-autopilot-cluster.module.gke.data.google_compute_subnetwork.gke_subnetwork",
            "module.infra.module.private-gke-autopilot-cluster.module.gke.data.google_compute_zones.available",
            "module.infra.module.private-gke-autopilot-cluster.module.gke.data.google_container_engine_versions.region",
            "module.infra.module.private-gke-autopilot-cluster.module.gke.data.google_container_engine_versions.zone",
            "module.infra.module.private-gke-autopilot-cluster.module.gke.google_compute_firewall.intra_egress",
            "module.infra.module.private-gke-autopilot-cluster.module.gke.google_compute_firewall.master_webhooks",
            "module.infra.module.private-gke-autopilot-cluster.module.gke.google_compute_firewall.shadow_allow_inkubelet",
            "module.infra.module.private-gke-autopilot-cluster.module.gke.google_compute_firewall.shadow_allow_master",
            "module.infra.module.private-gke-autopilot-cluster.module.gke.google_compute_firewall.shadow_allow_nodes",
            "module.infra.module.private-gke-autopilot-cluster.module.gke.google_compute_firewall.shadow_allow_pods",
            "module.infra.module.private-gke-autopilot-cluster.module.gke.google_compute_firewall.shadow_deny_exkubelet",
            "module.infra.module.private-gke-autopilot-cluster.module.gke.google_compute_firewall.tpu_egress",
            "module.infra.module.private-gke-autopilot-cluster.module.gke.google_container_cluster.primary",
            "module.infra.module.private-gke-autopilot-cluster.module.gke.google_project_iam_member.cluster_service_account-artifact-registry",
            "module.infra.module.private-gke-autopilot-cluster.module.gke.google_project_iam_member.cluster_service_account-gcr",
            "module.infra.module.private-gke-autopilot-cluster.module.gke.google_project_iam_member.cluster_service_account-metric_writer",
            "module.infra.module.private-gke-autopilot-cluster.module.gke.google_project_iam_member.cluster_service_account-nodeService_account",
            "module.infra.module.private-gke-autopilot-cluster.module.gke.google_project_iam_member.cluster_service_account-resourceMetadata-writer",
            "module.infra.module.private-gke-autopilot-cluster.module.gke.google_project_iam_member.service_agent",
            "module.infra.module.private-gke-autopilot-cluster.module.gke.google_project_service_identity.fleet_project",
            "module.infra.module.private-gke-autopilot-cluster.module.gke.google_service_account.cluster_service_account",
            "module.infra.module.private-gke-autopilot-cluster.module.gke.kubernetes_config_map.ip-masq-agent",
            "module.infra.module.private-gke-autopilot-cluster.module.gke.kubernetes_config_map_v1_data.kube-dns",
            "module.infra.module.private-gke-autopilot-cluster.module.gke.kubernetes_config_map_v1_data.kube-dns-upstream-nameservers-and-stub-domains",
            "module.infra.module.private-gke-autopilot-cluster.module.gke.kubernetes_config_map_v1_data.kube-dns-upstream-namservers",
            "module.infra.module.private-gke-autopilot-cluster.module.gke.random_shuffle.available_zones",
            "module.infra.module.private-gke-autopilot-cluster.module.gke.random_string.cluster_service_account_suffix",
            "module.infra.module.private-gke-standard-cluster.google_gke_hub_membership.gke-fleet",
            "module.infra.module.private-gke-standard-cluster.module.gke.data.google_compute_subnetwork.gke_subnetwork",
            "module.infra.module.private-gke-standard-cluster.module.gke.data.google_compute_zones.available",
            "module.infra.module.private-gke-standard-cluster.module.gke.data.google_container_engine_versions.region",
            "module.infra.module.private-gke-standard-cluster.module.gke.data.google_container_engine_versions.zone",
            "module.infra.module.private-gke-standard-cluster.module.gke.google_compute_firewall.intra_egress",
            "module.infra.module.private-gke-standard-cluster.module.gke.google_compute_firewall.master_webhooks",
            "module.infra.module.private-gke-standard-cluster.module.gke.google_compute_firewall.shadow_allow_inkubelet",
            "module.infra.module.private-gke-standard-cluster.module.gke.google_compute_firewall.shadow_allow_master",
            "module.infra.module.private-gke-standard-cluster.module.gke.google_compute_firewall.shadow_allow_nodes",
            "module.infra.module.private-gke-standard-cluster.module.gke.google_compute_firewall.shadow_allow_pods",
            "module.infra.module.private-gke-standard-cluster.module.gke.google_compute_firewall.shadow_deny_exkubelet",
            "module.infra.module.private-gke-standard-cluster.module.gke.google_compute_firewall.tpu_egress",
            "module.infra.module.private-gke-standard-cluster.module.gke.google_container_cluster.primary",
            "module.infra.module.private-gke-standard-cluster.module.gke.google_container_node_pool.pools",
            "module.infra.module.private-gke-standard-cluster.module.gke.google_container_node_pool.windows_pools",
            "module.infra.module.private-gke-standard-cluster.module.gke.google_project_iam_member.cluster_service_account-artifact-registry",
            "module.infra.module.private-gke-standard-cluster.module.gke.google_project_iam_member.cluster_service_account-gcr",
            "module.infra.module.private-gke-standard-cluster.module.gke.google_project_iam_member.cluster_service_account-metric_writer",
            "module.infra.module.private-gke-standard-cluster.module.gke.google_project_iam_member.cluster_service_account-nodeService_account",
            "module.infra.module.private-gke-standard-cluster.module.gke.google_project_iam_member.cluster_service_account-resourceMetadata-writer",
            "module.infra.module.private-gke-standard-cluster.module.gke.google_service_account.cluster_service_account",
            "module.infra.module.private-gke-standard-cluster.module.gke.kubernetes_config_map.ip-masq-agent",
            "module.infra.module.private-gke-standard-cluster.module.gke.kubernetes_config_map_v1_data.kube-dns",
            "module.infra.module.private-gke-standard-cluster.module.gke.kubernetes_config_map_v1_data.kube-dns-upstream-nameservers-and-stub-domains",
            "module.infra.module.private-gke-standard-cluster.module.gke.kubernetes_config_map_v1_data.kube-dns-upstream-namservers",
            "module.infra.module.private-gke-standard-cluster.module.gke.random_shuffle.available_zones",
            "module.infra.module.private-gke-standard-cluster.module.gke.random_string.cluster_service_account_suffix",
            "module.infra.module.public-gke-autopilot-cluster.module.gke.data.google_compute_subnetwork.gke_subnetwork",
            "module.infra.module.public-gke-autopilot-cluster.module.gke.data.google_compute_zones.available",
            "module.infra.module.public-gke-autopilot-cluster.module.gke.data.google_container_engine_versions.region",
            "module.infra.module.public-gke-autopilot-cluster.module.gke.data.google_container_engine_versions.zone",
            "module.infra.module.public-gke-autopilot-cluster.module.gke.google_compute_firewall.intra_egress",
            "module.infra.module.public-gke-autopilot-cluster.module.gke.google_compute_firewall.master_webhooks",
            "module.infra.module.public-gke-autopilot-cluster.module.gke.google_compute_firewall.shadow_allow_inkubelet",
            "module.infra.module.public-gke-autopilot-cluster.module.gke.google_compute_firewall.shadow_allow_master",
            "module.infra.module.public-gke-autopilot-cluster.module.gke.google_compute_firewall.shadow_allow_nodes",
            "module.infra.module.public-gke-autopilot-cluster.module.gke.google_compute_firewall.shadow_allow_pods",
            "module.infra.module.public-gke-autopilot-cluster.module.gke.google_compute_firewall.shadow_deny_exkubelet",
            "module.infra.module.public-gke-autopilot-cluster.module.gke.google_compute_firewall.tpu_egress",
            "module.infra.module.public-gke-autopilot-cluster.module.gke.google_container_cluster.primary",
            "module.infra.module.public-gke-autopilot-cluster.module.gke.google_project_iam_member.cluster_service_account-artifact-registry",
            "module.infra.module.public-gke-autopilot-cluster.module.gke.google_project_iam_member.cluster_service_account-gcr",
            "module.infra.module.public-gke-autopilot-cluster.module.gke.google_project_iam_member.cluster_service_account-metric_writer",
            "module.infra.module.public-gke-autopilot-cluster.module.gke.google_project_iam_member.cluster_service_account-nodeService_account",
            "module.infra.module.public-gke-autopilot-cluster.module.gke.google_project_iam_member.cluster_service_account-resourceMetadata-writer",
            "module.infra.module.public-gke-autopilot-cluster.module.gke.google_project_iam_member.service_agent",
            "module.infra.module.public-gke-autopilot-cluster.module.gke.google_project_service_identity.fleet_project",
            "module.infra.module.public-gke-autopilot-cluster.module.gke.google_service_account.cluster_service_account",
            "module.infra.module.public-gke-autopilot-cluster.module.gke.kubernetes_config_map.ip-masq-agent",
            "module.infra.module.public-gke-autopilot-cluster.module.gke.kubernetes_config_map_v1_data.kube-dns",
            "module.infra.module.public-gke-autopilot-cluster.module.gke.kubernetes_config_map_v1_data.kube-dns-upstream-nameservers-and-stub-domains",
            "module.infra.module.public-gke-autopilot-cluster.module.gke.kubernetes_config_map_v1_data.kube-dns-upstream-namservers",
            "module.infra.module.public-gke-autopilot-cluster.module.gke.random_shuffle.available_zones",
            "module.infra.module.public-gke-autopilot-cluster.module.gke.random_string.cluster_service_account_suffix",
            "module.infra.module.public-gke-standard-cluster.module.gke.data.google_compute_subnetwork.gke_subnetwork",
            "module.infra.module.public-gke-standard-cluster.module.gke.data.google_compute_zones.available",
            "module.infra.module.public-gke-standard-cluster.module.gke.data.google_container_engine_versions.region",
            "module.infra.module.public-gke-standard-cluster.module.gke.data.google_container_engine_versions.zone",
            "module.infra.module.public-gke-standard-cluster.module.gke.google_compute_firewall.intra_egress",
            "module.infra.module.public-gke-standard-cluster.module.gke.google_compute_firewall.master_webhooks",
            "module.infra.module.public-gke-standard-cluster.module.gke.google_compute_firewall.shadow_allow_inkubelet",
            "module.infra.module.public-gke-standard-cluster.module.gke.google_compute_firewall.shadow_allow_master",
            "module.infra.module.public-gke-standard-cluster.module.gke.google_compute_firewall.shadow_allow_nodes",
            "module.infra.module.public-gke-standard-cluster.module.gke.google_compute_firewall.shadow_allow_pods",
            "module.infra.module.public-gke-standard-cluster.module.gke.google_compute_firewall.shadow_deny_exkubelet",
            "module.infra.module.public-gke-standard-cluster.module.gke.google_compute_firewall.tpu_egress",
            "module.infra.module.public-gke-standard-cluster.module.gke.google_container_cluster.primary",
            "module.infra.module.public-gke-standard-cluster.module.gke.google_container_node_pool.pools",
            "module.infra.module.public-gke-standard-cluster.module.gke.google_container_node_pool.windows_pools",
            "module.infra.module.public-gke-standard-cluster.module.gke.google_project_iam_member.cluster_service_account-artifact-registry",
            "module.infra.module.public-gke-standard-cluster.module.gke.google_project_iam_member.cluster_service_account-gcr",
            "module.infra.module.public-gke-standard-cluster.module.gke.google_project_iam_member.cluster_service_account-metric_writer",
            "module.infra.module.public-gke-standard-cluster.module.gke.google_project_iam_member.cluster_service_account-nodeService_account",
            "module.infra.module.public-gke-standard-cluster.module.gke.google_project_iam_member.cluster_service_account-resourceMetadata-writer",
            "module.infra.module.public-gke-standard-cluster.module.gke.google_service_account.cluster_service_account",
            "module.infra.module.public-gke-standard-cluster.module.gke.kubernetes_config_map.ip-masq-agent",
            "module.infra.module.public-gke-standard-cluster.module.gke.kubernetes_config_map_v1_data.kube-dns",
            "module.infra.module.public-gke-standard-cluster.module.gke.kubernetes_config_map_v1_data.kube-dns-upstream-nameservers-and-stub-domains",
            "module.infra.module.public-gke-standard-cluster.module.gke.kubernetes_config_map_v1_data.kube-dns-upstream-namservers",
            "module.infra.module.public-gke-standard-cluster.module.gke.random_shuffle.available_zones",
            "module.infra.module.public-gke-standard-cluster.module.gke.random_string.cluster_service_account_suffix",
            "module.jupyterhub.module.jupyterhub-workload-identity.data.google_service_account.cluster_service_account",
            "module.jupyterhub.module.jupyterhub-workload-identity.google_service_account.cluster_service_account",
            "module.namespace.helm_release.app-namespace",
            "module.project-services.data.google_compute_default_service_account.default",
            "module.project-services.google_project_iam_member.project_service_identity_roles",
            "module.project-services.google_project_service.project_services",
            "module.project-services.google_project_service_identity.project_service_identities"
          ]
        },
        {
          "index_key": "roles/iam.serviceAccountAdmin",
          "schema_version": 0,
          "attributes": {
            "condition": [],
            "etag": "BwYibgMQcvY=",
            "id": "genlu-gke-dev/roles/iam.serviceAccountAdmin/serviceAccount:jupyter-sa@genlu-gke-dev.iam.gserviceaccount.com",
            "member": "serviceAccount:jupyter-sa@genlu-gke-dev.iam.gserviceaccount.com",
            "project": "genlu-gke-dev",
            "role": "roles/iam.serviceAccountAdmin"
          },
          "sensitive_attributes": [],
          "private": "bnVsbA==",
          "dependencies": [
            "data.google_client_config.default",
            "data.google_container_cluster.default",
            "data.google_project.project",
            "module.infra.data.google_compute_subnetwork.subnetwork",
            "module.infra.module.custom-network.google_compute_global_address.google-managed-services-range",
            "module.infra.module.custom-network.google_compute_network.network",
            "module.infra.module.custom-network.google_compute_subnetwork.subnetwork",
            "module.infra.module.custom-network.google_service_networking_connection.private_service_access",
            "module.infra.module.private-gke-autopilot-cluster.google_gke_hub_membership.gke-fleet",
            "module.infra.module.private-gke-autopilot-cluster.module.gke.data.google_compute_subnetwork.gke_subnetwork",
            "module.infra.module.private-gke-autopilot-cluster.module.gke.data.google_compute_zones.available",
            "module.infra.module.private-gke-autopilot-cluster.module.gke.data.google_container_engine_versions.region",
            "module.infra.module.private-gke-autopilot-cluster.module.gke.data.google_container_engine_versions.zone",
            "module.infra.module.private-gke-autopilot-cluster.module.gke.google_compute_firewall.intra_egress",
            "module.infra.module.private-gke-autopilot-cluster.module.gke.google_compute_firewall.master_webhooks",
            "module.infra.module.private-gke-autopilot-cluster.module.gke.google_compute_firewall.shadow_allow_inkubelet",
            "module.infra.module.private-gke-autopilot-cluster.module.gke.google_compute_firewall.shadow_allow_master",
            "module.infra.module.private-gke-autopilot-cluster.module.gke.google_compute_firewall.shadow_allow_nodes",
            "module.infra.module.private-gke-autopilot-cluster.module.gke.google_compute_firewall.shadow_allow_pods",
            "module.infra.module.private-gke-autopilot-cluster.module.gke.google_compute_firewall.shadow_deny_exkubelet",
            "module.infra.module.private-gke-autopilot-cluster.module.gke.google_compute_firewall.tpu_egress",
            "module.infra.module.private-gke-autopilot-cluster.module.gke.google_container_cluster.primary",
            "module.infra.module.private-gke-autopilot-cluster.module.gke.google_project_iam_member.cluster_service_account-artifact-registry",
            "module.infra.module.private-gke-autopilot-cluster.module.gke.google_project_iam_member.cluster_service_account-gcr",
            "module.infra.module.private-gke-autopilot-cluster.module.gke.google_project_iam_member.cluster_service_account-metric_writer",
            "module.infra.module.private-gke-autopilot-cluster.module.gke.google_project_iam_member.cluster_service_account-nodeService_account",
            "module.infra.module.private-gke-autopilot-cluster.module.gke.google_project_iam_member.cluster_service_account-resourceMetadata-writer",
            "module.infra.module.private-gke-autopilot-cluster.module.gke.google_project_iam_member.service_agent",
            "module.infra.module.private-gke-autopilot-cluster.module.gke.google_project_service_identity.fleet_project",
            "module.infra.module.private-gke-autopilot-cluster.module.gke.google_service_account.cluster_service_account",
            "module.infra.module.private-gke-autopilot-cluster.module.gke.kubernetes_config_map.ip-masq-agent",
            "module.infra.module.private-gke-autopilot-cluster.module.gke.kubernetes_config_map_v1_data.kube-dns",
            "module.infra.module.private-gke-autopilot-cluster.module.gke.kubernetes_config_map_v1_data.kube-dns-upstream-nameservers-and-stub-domains",
            "module.infra.module.private-gke-autopilot-cluster.module.gke.kubernetes_config_map_v1_data.kube-dns-upstream-namservers",
            "module.infra.module.private-gke-autopilot-cluster.module.gke.random_shuffle.available_zones",
            "module.infra.module.private-gke-autopilot-cluster.module.gke.random_string.cluster_service_account_suffix",
            "module.infra.module.private-gke-standard-cluster.google_gke_hub_membership.gke-fleet",
            "module.infra.module.private-gke-standard-cluster.module.gke.data.google_compute_subnetwork.gke_subnetwork",
            "module.infra.module.private-gke-standard-cluster.module.gke.data.google_compute_zones.available",
            "module.infra.module.private-gke-standard-cluster.module.gke.data.google_container_engine_versions.region",
            "module.infra.module.private-gke-standard-cluster.module.gke.data.google_container_engine_versions.zone",
            "module.infra.module.private-gke-standard-cluster.module.gke.google_compute_firewall.intra_egress",
            "module.infra.module.private-gke-standard-cluster.module.gke.google_compute_firewall.master_webhooks",
            "module.infra.module.private-gke-standard-cluster.module.gke.google_compute_firewall.shadow_allow_inkubelet",
            "module.infra.module.private-gke-standard-cluster.module.gke.google_compute_firewall.shadow_allow_master",
            "module.infra.module.private-gke-standard-cluster.module.gke.google_compute_firewall.shadow_allow_nodes",
            "module.infra.module.private-gke-standard-cluster.module.gke.google_compute_firewall.shadow_allow_pods",
            "module.infra.module.private-gke-standard-cluster.module.gke.google_compute_firewall.shadow_deny_exkubelet",
            "module.infra.module.private-gke-standard-cluster.module.gke.google_compute_firewall.tpu_egress",
            "module.infra.module.private-gke-standard-cluster.module.gke.google_container_cluster.primary",
            "module.infra.module.private-gke-standard-cluster.module.gke.google_container_node_pool.pools",
            "module.infra.module.private-gke-standard-cluster.module.gke.google_container_node_pool.windows_pools",
            "module.infra.module.private-gke-standard-cluster.module.gke.google_project_iam_member.cluster_service_account-artifact-registry",
            "module.infra.module.private-gke-standard-cluster.module.gke.google_project_iam_member.cluster_service_account-gcr",
            "module.infra.module.private-gke-standard-cluster.module.gke.google_project_iam_member.cluster_service_account-metric_writer",
            "module.infra.module.private-gke-standard-cluster.module.gke.google_project_iam_member.cluster_service_account-nodeService_account",
            "module.infra.module.private-gke-standard-cluster.module.gke.google_project_iam_member.cluster_service_account-resourceMetadata-writer",
            "module.infra.module.private-gke-standard-cluster.module.gke.google_service_account.cluster_service_account",
            "module.infra.module.private-gke-standard-cluster.module.gke.kubernetes_config_map.ip-masq-agent",
            "module.infra.module.private-gke-standard-cluster.module.gke.kubernetes_config_map_v1_data.kube-dns",
            "module.infra.module.private-gke-standard-cluster.module.gke.kubernetes_config_map_v1_data.kube-dns-upstream-nameservers-and-stub-domains",
            "module.infra.module.private-gke-standard-cluster.module.gke.kubernetes_config_map_v1_data.kube-dns-upstream-namservers",
            "module.infra.module.private-gke-standard-cluster.module.gke.random_shuffle.available_zones",
            "module.infra.module.private-gke-standard-cluster.module.gke.random_string.cluster_service_account_suffix",
            "module.infra.module.public-gke-autopilot-cluster.module.gke.data.google_compute_subnetwork.gke_subnetwork",
            "module.infra.module.public-gke-autopilot-cluster.module.gke.data.google_compute_zones.available",
            "module.infra.module.public-gke-autopilot-cluster.module.gke.data.google_container_engine_versions.region",
            "module.infra.module.public-gke-autopilot-cluster.module.gke.data.google_container_engine_versions.zone",
            "module.infra.module.public-gke-autopilot-cluster.module.gke.google_compute_firewall.intra_egress",
            "module.infra.module.public-gke-autopilot-cluster.module.gke.google_compute_firewall.master_webhooks",
            "module.infra.module.public-gke-autopilot-cluster.module.gke.google_compute_firewall.shadow_allow_inkubelet",
            "module.infra.module.public-gke-autopilot-cluster.module.gke.google_compute_firewall.shadow_allow_master",
            "module.infra.module.public-gke-autopilot-cluster.module.gke.google_compute_firewall.shadow_allow_nodes",
            "module.infra.module.public-gke-autopilot-cluster.module.gke.google_compute_firewall.shadow_allow_pods",
            "module.infra.module.public-gke-autopilot-cluster.module.gke.google_compute_firewall.shadow_deny_exkubelet",
            "module.infra.module.public-gke-autopilot-cluster.module.gke.google_compute_firewall.tpu_egress",
            "module.infra.module.public-gke-autopilot-cluster.module.gke.google_container_cluster.primary",
            "module.infra.module.public-gke-autopilot-cluster.module.gke.google_project_iam_member.cluster_service_account-artifact-registry",
            "module.infra.module.public-gke-autopilot-cluster.module.gke.google_project_iam_member.cluster_service_account-gcr",
            "module.infra.module.public-gke-autopilot-cluster.module.gke.google_project_iam_member.cluster_service_account-metric_writer",
            "module.infra.module.public-gke-autopilot-cluster.module.gke.google_project_iam_member.cluster_service_account-nodeService_account",
            "module.infra.module.public-gke-autopilot-cluster.module.gke.google_project_iam_member.cluster_service_account-resourceMetadata-writer",
            "module.infra.module.public-gke-autopilot-cluster.module.gke.google_project_iam_member.service_agent",
            "module.infra.module.public-gke-autopilot-cluster.module.gke.google_project_service_identity.fleet_project",
            "module.infra.module.public-gke-autopilot-cluster.module.gke.google_service_account.cluster_service_account",
            "module.infra.module.public-gke-autopilot-cluster.module.gke.kubernetes_config_map.ip-masq-agent",
            "module.infra.module.public-gke-autopilot-cluster.module.gke.kubernetes_config_map_v1_data.kube-dns",
            "module.infra.module.public-gke-autopilot-cluster.module.gke.kubernetes_config_map_v1_data.kube-dns-upstream-nameservers-and-stub-domains",
            "module.infra.module.public-gke-autopilot-cluster.module.gke.kubernetes_config_map_v1_data.kube-dns-upstream-namservers",
            "module.infra.module.public-gke-autopilot-cluster.module.gke.random_shuffle.available_zones",
            "module.infra.module.public-gke-autopilot-cluster.module.gke.random_string.cluster_service_account_suffix",
            "module.infra.module.public-gke-standard-cluster.module.gke.data.google_compute_subnetwork.gke_subnetwork",
            "module.infra.module.public-gke-standard-cluster.module.gke.data.google_compute_zones.available",
            "module.infra.module.public-gke-standard-cluster.module.gke.data.google_container_engine_versions.region",
            "module.infra.module.public-gke-standard-cluster.module.gke.data.google_container_engine_versions.zone",
            "module.infra.module.public-gke-standard-cluster.module.gke.google_compute_firewall.intra_egress",
            "module.infra.module.public-gke-standard-cluster.module.gke.google_compute_firewall.master_webhooks",
            "module.infra.module.public-gke-standard-cluster.module.gke.google_compute_firewall.shadow_allow_inkubelet",
            "module.infra.module.public-gke-standard-cluster.module.gke.google_compute_firewall.shadow_allow_master",
            "module.infra.module.public-gke-standard-cluster.module.gke.google_compute_firewall.shadow_allow_nodes",
            "module.infra.module.public-gke-standard-cluster.module.gke.google_compute_firewall.shadow_allow_pods",
            "module.infra.module.public-gke-standard-cluster.module.gke.google_compute_firewall.shadow_deny_exkubelet",
            "module.infra.module.public-gke-standard-cluster.module.gke.google_compute_firewall.tpu_egress",
            "module.infra.module.public-gke-standard-cluster.module.gke.google_container_cluster.primary",
            "module.infra.module.public-gke-standard-cluster.module.gke.google_container_node_pool.pools",
            "module.infra.module.public-gke-standard-cluster.module.gke.google_container_node_pool.windows_pools",
            "module.infra.module.public-gke-standard-cluster.module.gke.google_project_iam_member.cluster_service_account-artifact-registry",
            "module.infra.module.public-gke-standard-cluster.module.gke.google_project_iam_member.cluster_service_account-gcr",
            "module.infra.module.public-gke-standard-cluster.module.gke.google_project_iam_member.cluster_service_account-metric_writer",
            "module.infra.module.public-gke-standard-cluster.module.gke.google_project_iam_member.cluster_service_account-nodeService_account",
            "module.infra.module.public-gke-standard-cluster.module.gke.google_project_iam_member.cluster_service_account-resourceMetadata-writer",
            "module.infra.module.public-gke-standard-cluster.module.gke.google_service_account.cluster_service_account",
            "module.infra.module.public-gke-standard-cluster.module.gke.kubernetes_config_map.ip-masq-agent",
            "module.infra.module.public-gke-standard-cluster.module.gke.kubernetes_config_map_v1_data.kube-dns",
            "module.infra.module.public-gke-standard-cluster.module.gke.kubernetes_config_map_v1_data.kube-dns-upstream-nameservers-and-stub-domains",
            "module.infra.module.public-gke-standard-cluster.module.gke.kubernetes_config_map_v1_data.kube-dns-upstream-namservers",
            "module.infra.module.public-gke-standard-cluster.module.gke.random_shuffle.available_zones",
            "module.infra.module.public-gke-standard-cluster.module.gke.random_string.cluster_service_account_suffix",
            "module.jupyterhub.module.jupyterhub-workload-identity.data.google_service_account.cluster_service_account",
            "module.jupyterhub.module.jupyterhub-workload-identity.google_service_account.cluster_service_account",
            "module.namespace.helm_release.app-namespace",
            "module.project-services.data.google_compute_default_service_account.default",
            "module.project-services.google_project_iam_member.project_service_identity_roles",
            "module.project-services.google_project_service.project_services",
            "module.project-services.google_project_service_identity.project_service_identities"
          ]
        },
        {
          "index_key": "roles/iam.serviceAccountTokenCreator",
          "schema_version": 0,
          "attributes": {
            "condition": [],
            "etag": "BwYibgMQcvY=",
            "id": "genlu-gke-dev/roles/iam.serviceAccountTokenCreator/serviceAccount:jupyter-sa@genlu-gke-dev.iam.gserviceaccount.com",
            "member": "serviceAccount:jupyter-sa@genlu-gke-dev.iam.gserviceaccount.com",
            "project": "genlu-gke-dev",
            "role": "roles/iam.serviceAccountTokenCreator"
          },
          "sensitive_attributes": [],
          "private": "bnVsbA==",
          "dependencies": [
            "data.google_client_config.default",
            "data.google_container_cluster.default",
            "data.google_project.project",
            "module.infra.data.google_compute_subnetwork.subnetwork",
            "module.infra.module.custom-network.google_compute_global_address.google-managed-services-range",
            "module.infra.module.custom-network.google_compute_network.network",
            "module.infra.module.custom-network.google_compute_subnetwork.subnetwork",
            "module.infra.module.custom-network.google_service_networking_connection.private_service_access",
            "module.infra.module.private-gke-autopilot-cluster.google_gke_hub_membership.gke-fleet",
            "module.infra.module.private-gke-autopilot-cluster.module.gke.data.google_compute_subnetwork.gke_subnetwork",
            "module.infra.module.private-gke-autopilot-cluster.module.gke.data.google_compute_zones.available",
            "module.infra.module.private-gke-autopilot-cluster.module.gke.data.google_container_engine_versions.region",
            "module.infra.module.private-gke-autopilot-cluster.module.gke.data.google_container_engine_versions.zone",
            "module.infra.module.private-gke-autopilot-cluster.module.gke.google_compute_firewall.intra_egress",
            "module.infra.module.private-gke-autopilot-cluster.module.gke.google_compute_firewall.master_webhooks",
            "module.infra.module.private-gke-autopilot-cluster.module.gke.google_compute_firewall.shadow_allow_inkubelet",
            "module.infra.module.private-gke-autopilot-cluster.module.gke.google_compute_firewall.shadow_allow_master",
            "module.infra.module.private-gke-autopilot-cluster.module.gke.google_compute_firewall.shadow_allow_nodes",
            "module.infra.module.private-gke-autopilot-cluster.module.gke.google_compute_firewall.shadow_allow_pods",
            "module.infra.module.private-gke-autopilot-cluster.module.gke.google_compute_firewall.shadow_deny_exkubelet",
            "module.infra.module.private-gke-autopilot-cluster.module.gke.google_compute_firewall.tpu_egress",
            "module.infra.module.private-gke-autopilot-cluster.module.gke.google_container_cluster.primary",
            "module.infra.module.private-gke-autopilot-cluster.module.gke.google_project_iam_member.cluster_service_account-artifact-registry",
            "module.infra.module.private-gke-autopilot-cluster.module.gke.google_project_iam_member.cluster_service_account-gcr",
            "module.infra.module.private-gke-autopilot-cluster.module.gke.google_project_iam_member.cluster_service_account-metric_writer",
            "module.infra.module.private-gke-autopilot-cluster.module.gke.google_project_iam_member.cluster_service_account-nodeService_account",
            "module.infra.module.private-gke-autopilot-cluster.module.gke.google_project_iam_member.cluster_service_account-resourceMetadata-writer",
            "module.infra.module.private-gke-autopilot-cluster.module.gke.google_project_iam_member.service_agent",
            "module.infra.module.private-gke-autopilot-cluster.module.gke.google_project_service_identity.fleet_project",
            "module.infra.module.private-gke-autopilot-cluster.module.gke.google_service_account.cluster_service_account",
            "module.infra.module.private-gke-autopilot-cluster.module.gke.kubernetes_config_map.ip-masq-agent",
            "module.infra.module.private-gke-autopilot-cluster.module.gke.kubernetes_config_map_v1_data.kube-dns",
            "module.infra.module.private-gke-autopilot-cluster.module.gke.kubernetes_config_map_v1_data.kube-dns-upstream-nameservers-and-stub-domains",
            "module.infra.module.private-gke-autopilot-cluster.module.gke.kubernetes_config_map_v1_data.kube-dns-upstream-namservers",
            "module.infra.module.private-gke-autopilot-cluster.module.gke.random_shuffle.available_zones",
            "module.infra.module.private-gke-autopilot-cluster.module.gke.random_string.cluster_service_account_suffix",
            "module.infra.module.private-gke-standard-cluster.google_gke_hub_membership.gke-fleet",
            "module.infra.module.private-gke-standard-cluster.module.gke.data.google_compute_subnetwork.gke_subnetwork",
            "module.infra.module.private-gke-standard-cluster.module.gke.data.google_compute_zones.available",
            "module.infra.module.private-gke-standard-cluster.module.gke.data.google_container_engine_versions.region",
            "module.infra.module.private-gke-standard-cluster.module.gke.data.google_container_engine_versions.zone",
            "module.infra.module.private-gke-standard-cluster.module.gke.google_compute_firewall.intra_egress",
            "module.infra.module.private-gke-standard-cluster.module.gke.google_compute_firewall.master_webhooks",
            "module.infra.module.private-gke-standard-cluster.module.gke.google_compute_firewall.shadow_allow_inkubelet",
            "module.infra.module.private-gke-standard-cluster.module.gke.google_compute_firewall.shadow_allow_master",
            "module.infra.module.private-gke-standard-cluster.module.gke.google_compute_firewall.shadow_allow_nodes",
            "module.infra.module.private-gke-standard-cluster.module.gke.google_compute_firewall.shadow_allow_pods",
            "module.infra.module.private-gke-standard-cluster.module.gke.google_compute_firewall.shadow_deny_exkubelet",
            "module.infra.module.private-gke-standard-cluster.module.gke.google_compute_firewall.tpu_egress",
            "module.infra.module.private-gke-standard-cluster.module.gke.google_container_cluster.primary",
            "module.infra.module.private-gke-standard-cluster.module.gke.google_container_node_pool.pools",
            "module.infra.module.private-gke-standard-cluster.module.gke.google_container_node_pool.windows_pools",
            "module.infra.module.private-gke-standard-cluster.module.gke.google_project_iam_member.cluster_service_account-artifact-registry",
            "module.infra.module.private-gke-standard-cluster.module.gke.google_project_iam_member.cluster_service_account-gcr",
            "module.infra.module.private-gke-standard-cluster.module.gke.google_project_iam_member.cluster_service_account-metric_writer",
            "module.infra.module.private-gke-standard-cluster.module.gke.google_project_iam_member.cluster_service_account-nodeService_account",
            "module.infra.module.private-gke-standard-cluster.module.gke.google_project_iam_member.cluster_service_account-resourceMetadata-writer",
            "module.infra.module.private-gke-standard-cluster.module.gke.google_service_account.cluster_service_account",
            "module.infra.module.private-gke-standard-cluster.module.gke.kubernetes_config_map.ip-masq-agent",
            "module.infra.module.private-gke-standard-cluster.module.gke.kubernetes_config_map_v1_data.kube-dns",
            "module.infra.module.private-gke-standard-cluster.module.gke.kubernetes_config_map_v1_data.kube-dns-upstream-nameservers-and-stub-domains",
            "module.infra.module.private-gke-standard-cluster.module.gke.kubernetes_config_map_v1_data.kube-dns-upstream-namservers",
            "module.infra.module.private-gke-standard-cluster.module.gke.random_shuffle.available_zones",
            "module.infra.module.private-gke-standard-cluster.module.gke.random_string.cluster_service_account_suffix",
            "module.infra.module.public-gke-autopilot-cluster.module.gke.data.google_compute_subnetwork.gke_subnetwork",
            "module.infra.module.public-gke-autopilot-cluster.module.gke.data.google_compute_zones.available",
            "module.infra.module.public-gke-autopilot-cluster.module.gke.data.google_container_engine_versions.region",
            "module.infra.module.public-gke-autopilot-cluster.module.gke.data.google_container_engine_versions.zone",
            "module.infra.module.public-gke-autopilot-cluster.module.gke.google_compute_firewall.intra_egress",
            "module.infra.module.public-gke-autopilot-cluster.module.gke.google_compute_firewall.master_webhooks",
            "module.infra.module.public-gke-autopilot-cluster.module.gke.google_compute_firewall.shadow_allow_inkubelet",
            "module.infra.module.public-gke-autopilot-cluster.module.gke.google_compute_firewall.shadow_allow_master",
            "module.infra.module.public-gke-autopilot-cluster.module.gke.google_compute_firewall.shadow_allow_nodes",
            "module.infra.module.public-gke-autopilot-cluster.module.gke.google_compute_firewall.shadow_allow_pods",
            "module.infra.module.public-gke-autopilot-cluster.module.gke.google_compute_firewall.shadow_deny_exkubelet",
            "module.infra.module.public-gke-autopilot-cluster.module.gke.google_compute_firewall.tpu_egress",
            "module.infra.module.public-gke-autopilot-cluster.module.gke.google_container_cluster.primary",
            "module.infra.module.public-gke-autopilot-cluster.module.gke.google_project_iam_member.cluster_service_account-artifact-registry",
            "module.infra.module.public-gke-autopilot-cluster.module.gke.google_project_iam_member.cluster_service_account-gcr",
            "module.infra.module.public-gke-autopilot-cluster.module.gke.google_project_iam_member.cluster_service_account-metric_writer",
            "module.infra.module.public-gke-autopilot-cluster.module.gke.google_project_iam_member.cluster_service_account-nodeService_account",
            "module.infra.module.public-gke-autopilot-cluster.module.gke.google_project_iam_member.cluster_service_account-resourceMetadata-writer",
            "module.infra.module.public-gke-autopilot-cluster.module.gke.google_project_iam_member.service_agent",
            "module.infra.module.public-gke-autopilot-cluster.module.gke.google_project_service_identity.fleet_project",
            "module.infra.module.public-gke-autopilot-cluster.module.gke.google_service_account.cluster_service_account",
            "module.infra.module.public-gke-autopilot-cluster.module.gke.kubernetes_config_map.ip-masq-agent",
            "module.infra.module.public-gke-autopilot-cluster.module.gke.kubernetes_config_map_v1_data.kube-dns",
            "module.infra.module.public-gke-autopilot-cluster.module.gke.kubernetes_config_map_v1_data.kube-dns-upstream-nameservers-and-stub-domains",
            "module.infra.module.public-gke-autopilot-cluster.module.gke.kubernetes_config_map_v1_data.kube-dns-upstream-namservers",
            "module.infra.module.public-gke-autopilot-cluster.module.gke.random_shuffle.available_zones",
            "module.infra.module.public-gke-autopilot-cluster.module.gke.random_string.cluster_service_account_suffix",
            "module.infra.module.public-gke-standard-cluster.module.gke.data.google_compute_subnetwork.gke_subnetwork",
            "module.infra.module.public-gke-standard-cluster.module.gke.data.google_compute_zones.available",
            "module.infra.module.public-gke-standard-cluster.module.gke.data.google_container_engine_versions.region",
            "module.infra.module.public-gke-standard-cluster.module.gke.data.google_container_engine_versions.zone",
            "module.infra.module.public-gke-standard-cluster.module.gke.google_compute_firewall.intra_egress",
            "module.infra.module.public-gke-standard-cluster.module.gke.google_compute_firewall.master_webhooks",
            "module.infra.module.public-gke-standard-cluster.module.gke.google_compute_firewall.shadow_allow_inkubelet",
            "module.infra.module.public-gke-standard-cluster.module.gke.google_compute_firewall.shadow_allow_master",
            "module.infra.module.public-gke-standard-cluster.module.gke.google_compute_firewall.shadow_allow_nodes",
            "module.infra.module.public-gke-standard-cluster.module.gke.google_compute_firewall.shadow_allow_pods",
            "module.infra.module.public-gke-standard-cluster.module.gke.google_compute_firewall.shadow_deny_exkubelet",
            "module.infra.module.public-gke-standard-cluster.module.gke.google_compute_firewall.tpu_egress",
            "module.infra.module.public-gke-standard-cluster.module.gke.google_container_cluster.primary",
            "module.infra.module.public-gke-standard-cluster.module.gke.google_container_node_pool.pools",
            "module.infra.module.public-gke-standard-cluster.module.gke.google_container_node_pool.windows_pools",
            "module.infra.module.public-gke-standard-cluster.module.gke.google_project_iam_member.cluster_service_account-artifact-registry",
            "module.infra.module.public-gke-standard-cluster.module.gke.google_project_iam_member.cluster_service_account-gcr",
            "module.infra.module.public-gke-standard-cluster.module.gke.google_project_iam_member.cluster_service_account-metric_writer",
            "module.infra.module.public-gke-standard-cluster.module.gke.google_project_iam_member.cluster_service_account-nodeService_account",
            "module.infra.module.public-gke-standard-cluster.module.gke.google_project_iam_member.cluster_service_account-resourceMetadata-writer",
            "module.infra.module.public-gke-standard-cluster.module.gke.google_service_account.cluster_service_account",
            "module.infra.module.public-gke-standard-cluster.module.gke.kubernetes_config_map.ip-masq-agent",
            "module.infra.module.public-gke-standard-cluster.module.gke.kubernetes_config_map_v1_data.kube-dns",
            "module.infra.module.public-gke-standard-cluster.module.gke.kubernetes_config_map_v1_data.kube-dns-upstream-nameservers-and-stub-domains",
            "module.infra.module.public-gke-standard-cluster.module.gke.kubernetes_config_map_v1_data.kube-dns-upstream-namservers",
            "module.infra.module.public-gke-standard-cluster.module.gke.random_shuffle.available_zones",
            "module.infra.module.public-gke-standard-cluster.module.gke.random_string.cluster_service_account_suffix",
            "module.jupyterhub.module.jupyterhub-workload-identity.data.google_service_account.cluster_service_account",
            "module.jupyterhub.module.jupyterhub-workload-identity.google_service_account.cluster_service_account",
            "module.namespace.helm_release.app-namespace",
            "module.project-services.data.google_compute_default_service_account.default",
            "module.project-services.google_project_iam_member.project_service_identity_roles",
            "module.project-services.google_project_service.project_services",
            "module.project-services.google_project_service_identity.project_service_identities"
          ]
        },
        {
          "index_key": "roles/storage.admin",
          "schema_version": 0,
          "attributes": {
            "condition": [],
            "etag": "BwYibgMQcvY=",
            "id": "genlu-gke-dev/roles/storage.admin/serviceAccount:jupyter-sa@genlu-gke-dev.iam.gserviceaccount.com",
            "member": "serviceAccount:jupyter-sa@genlu-gke-dev.iam.gserviceaccount.com",
            "project": "genlu-gke-dev",
            "role": "roles/storage.admin"
          },
          "sensitive_attributes": [],
          "private": "bnVsbA==",
          "dependencies": [
            "data.google_client_config.default",
            "data.google_container_cluster.default",
            "data.google_project.project",
            "module.infra.data.google_compute_subnetwork.subnetwork",
            "module.infra.module.custom-network.google_compute_global_address.google-managed-services-range",
            "module.infra.module.custom-network.google_compute_network.network",
            "module.infra.module.custom-network.google_compute_subnetwork.subnetwork",
            "module.infra.module.custom-network.google_service_networking_connection.private_service_access",
            "module.infra.module.private-gke-autopilot-cluster.google_gke_hub_membership.gke-fleet",
            "module.infra.module.private-gke-autopilot-cluster.module.gke.data.google_compute_subnetwork.gke_subnetwork",
            "module.infra.module.private-gke-autopilot-cluster.module.gke.data.google_compute_zones.available",
            "module.infra.module.private-gke-autopilot-cluster.module.gke.data.google_container_engine_versions.region",
            "module.infra.module.private-gke-autopilot-cluster.module.gke.data.google_container_engine_versions.zone",
            "module.infra.module.private-gke-autopilot-cluster.module.gke.google_compute_firewall.intra_egress",
            "module.infra.module.private-gke-autopilot-cluster.module.gke.google_compute_firewall.master_webhooks",
            "module.infra.module.private-gke-autopilot-cluster.module.gke.google_compute_firewall.shadow_allow_inkubelet",
            "module.infra.module.private-gke-autopilot-cluster.module.gke.google_compute_firewall.shadow_allow_master",
            "module.infra.module.private-gke-autopilot-cluster.module.gke.google_compute_firewall.shadow_allow_nodes",
            "module.infra.module.private-gke-autopilot-cluster.module.gke.google_compute_firewall.shadow_allow_pods",
            "module.infra.module.private-gke-autopilot-cluster.module.gke.google_compute_firewall.shadow_deny_exkubelet",
            "module.infra.module.private-gke-autopilot-cluster.module.gke.google_compute_firewall.tpu_egress",
            "module.infra.module.private-gke-autopilot-cluster.module.gke.google_container_cluster.primary",
            "module.infra.module.private-gke-autopilot-cluster.module.gke.google_project_iam_member.cluster_service_account-artifact-registry",
            "module.infra.module.private-gke-autopilot-cluster.module.gke.google_project_iam_member.cluster_service_account-gcr",
            "module.infra.module.private-gke-autopilot-cluster.module.gke.google_project_iam_member.cluster_service_account-metric_writer",
            "module.infra.module.private-gke-autopilot-cluster.module.gke.google_project_iam_member.cluster_service_account-nodeService_account",
            "module.infra.module.private-gke-autopilot-cluster.module.gke.google_project_iam_member.cluster_service_account-resourceMetadata-writer",
            "module.infra.module.private-gke-autopilot-cluster.module.gke.google_project_iam_member.service_agent",
            "module.infra.module.private-gke-autopilot-cluster.module.gke.google_project_service_identity.fleet_project",
            "module.infra.module.private-gke-autopilot-cluster.module.gke.google_service_account.cluster_service_account",
            "module.infra.module.private-gke-autopilot-cluster.module.gke.kubernetes_config_map.ip-masq-agent",
            "module.infra.module.private-gke-autopilot-cluster.module.gke.kubernetes_config_map_v1_data.kube-dns",
            "module.infra.module.private-gke-autopilot-cluster.module.gke.kubernetes_config_map_v1_data.kube-dns-upstream-nameservers-and-stub-domains",
            "module.infra.module.private-gke-autopilot-cluster.module.gke.kubernetes_config_map_v1_data.kube-dns-upstream-namservers",
            "module.infra.module.private-gke-autopilot-cluster.module.gke.random_shuffle.available_zones",
            "module.infra.module.private-gke-autopilot-cluster.module.gke.random_string.cluster_service_account_suffix",
            "module.infra.module.private-gke-standard-cluster.google_gke_hub_membership.gke-fleet",
            "module.infra.module.private-gke-standard-cluster.module.gke.data.google_compute_subnetwork.gke_subnetwork",
            "module.infra.module.private-gke-standard-cluster.module.gke.data.google_compute_zones.available",
            "module.infra.module.private-gke-standard-cluster.module.gke.data.google_container_engine_versions.region",
            "module.infra.module.private-gke-standard-cluster.module.gke.data.google_container_engine_versions.zone",
            "module.infra.module.private-gke-standard-cluster.module.gke.google_compute_firewall.intra_egress",
            "module.infra.module.private-gke-standard-cluster.module.gke.google_compute_firewall.master_webhooks",
            "module.infra.module.private-gke-standard-cluster.module.gke.google_compute_firewall.shadow_allow_inkubelet",
            "module.infra.module.private-gke-standard-cluster.module.gke.google_compute_firewall.shadow_allow_master",
            "module.infra.module.private-gke-standard-cluster.module.gke.google_compute_firewall.shadow_allow_nodes",
            "module.infra.module.private-gke-standard-cluster.module.gke.google_compute_firewall.shadow_allow_pods",
            "module.infra.module.private-gke-standard-cluster.module.gke.google_compute_firewall.shadow_deny_exkubelet",
            "module.infra.module.private-gke-standard-cluster.module.gke.google_compute_firewall.tpu_egress",
            "module.infra.module.private-gke-standard-cluster.module.gke.google_container_cluster.primary",
            "module.infra.module.private-gke-standard-cluster.module.gke.google_container_node_pool.pools",
            "module.infra.module.private-gke-standard-cluster.module.gke.google_container_node_pool.windows_pools",
            "module.infra.module.private-gke-standard-cluster.module.gke.google_project_iam_member.cluster_service_account-artifact-registry",
            "module.infra.module.private-gke-standard-cluster.module.gke.google_project_iam_member.cluster_service_account-gcr",
            "module.infra.module.private-gke-standard-cluster.module.gke.google_project_iam_member.cluster_service_account-metric_writer",
            "module.infra.module.private-gke-standard-cluster.module.gke.google_project_iam_member.cluster_service_account-nodeService_account",
            "module.infra.module.private-gke-standard-cluster.module.gke.google_project_iam_member.cluster_service_account-resourceMetadata-writer",
            "module.infra.module.private-gke-standard-cluster.module.gke.google_service_account.cluster_service_account",
            "module.infra.module.private-gke-standard-cluster.module.gke.kubernetes_config_map.ip-masq-agent",
            "module.infra.module.private-gke-standard-cluster.module.gke.kubernetes_config_map_v1_data.kube-dns",
            "module.infra.module.private-gke-standard-cluster.module.gke.kubernetes_config_map_v1_data.kube-dns-upstream-nameservers-and-stub-domains",
            "module.infra.module.private-gke-standard-cluster.module.gke.kubernetes_config_map_v1_data.kube-dns-upstream-namservers",
            "module.infra.module.private-gke-standard-cluster.module.gke.random_shuffle.available_zones",
            "module.infra.module.private-gke-standard-cluster.module.gke.random_string.cluster_service_account_suffix",
            "module.infra.module.public-gke-autopilot-cluster.module.gke.data.google_compute_subnetwork.gke_subnetwork",
            "module.infra.module.public-gke-autopilot-cluster.module.gke.data.google_compute_zones.available",
            "module.infra.module.public-gke-autopilot-cluster.module.gke.data.google_container_engine_versions.region",
            "module.infra.module.public-gke-autopilot-cluster.module.gke.data.google_container_engine_versions.zone",
            "module.infra.module.public-gke-autopilot-cluster.module.gke.google_compute_firewall.intra_egress",
            "module.infra.module.public-gke-autopilot-cluster.module.gke.google_compute_firewall.master_webhooks",
            "module.infra.module.public-gke-autopilot-cluster.module.gke.google_compute_firewall.shadow_allow_inkubelet",
            "module.infra.module.public-gke-autopilot-cluster.module.gke.google_compute_firewall.shadow_allow_master",
            "module.infra.module.public-gke-autopilot-cluster.module.gke.google_compute_firewall.shadow_allow_nodes",
            "module.infra.module.public-gke-autopilot-cluster.module.gke.google_compute_firewall.shadow_allow_pods",
            "module.infra.module.public-gke-autopilot-cluster.module.gke.google_compute_firewall.shadow_deny_exkubelet",
            "module.infra.module.public-gke-autopilot-cluster.module.gke.google_compute_firewall.tpu_egress",
            "module.infra.module.public-gke-autopilot-cluster.module.gke.google_container_cluster.primary",
            "module.infra.module.public-gke-autopilot-cluster.module.gke.google_project_iam_member.cluster_service_account-artifact-registry",
            "module.infra.module.public-gke-autopilot-cluster.module.gke.google_project_iam_member.cluster_service_account-gcr",
            "module.infra.module.public-gke-autopilot-cluster.module.gke.google_project_iam_member.cluster_service_account-metric_writer",
            "module.infra.module.public-gke-autopilot-cluster.module.gke.google_project_iam_member.cluster_service_account-nodeService_account",
            "module.infra.module.public-gke-autopilot-cluster.module.gke.google_project_iam_member.cluster_service_account-resourceMetadata-writer",
            "module.infra.module.public-gke-autopilot-cluster.module.gke.google_project_iam_member.service_agent",
            "module.infra.module.public-gke-autopilot-cluster.module.gke.google_project_service_identity.fleet_project",
            "module.infra.module.public-gke-autopilot-cluster.module.gke.google_service_account.cluster_service_account",
            "module.infra.module.public-gke-autopilot-cluster.module.gke.kubernetes_config_map.ip-masq-agent",
            "module.infra.module.public-gke-autopilot-cluster.module.gke.kubernetes_config_map_v1_data.kube-dns",
            "module.infra.module.public-gke-autopilot-cluster.module.gke.kubernetes_config_map_v1_data.kube-dns-upstream-nameservers-and-stub-domains",
            "module.infra.module.public-gke-autopilot-cluster.module.gke.kubernetes_config_map_v1_data.kube-dns-upstream-namservers",
            "module.infra.module.public-gke-autopilot-cluster.module.gke.random_shuffle.available_zones",
            "module.infra.module.public-gke-autopilot-cluster.module.gke.random_string.cluster_service_account_suffix",
            "module.infra.module.public-gke-standard-cluster.module.gke.data.google_compute_subnetwork.gke_subnetwork",
            "module.infra.module.public-gke-standard-cluster.module.gke.data.google_compute_zones.available",
            "module.infra.module.public-gke-standard-cluster.module.gke.data.google_container_engine_versions.region",
            "module.infra.module.public-gke-standard-cluster.module.gke.data.google_container_engine_versions.zone",
            "module.infra.module.public-gke-standard-cluster.module.gke.google_compute_firewall.intra_egress",
            "module.infra.module.public-gke-standard-cluster.module.gke.google_compute_firewall.master_webhooks",
            "module.infra.module.public-gke-standard-cluster.module.gke.google_compute_firewall.shadow_allow_inkubelet",
            "module.infra.module.public-gke-standard-cluster.module.gke.google_compute_firewall.shadow_allow_master",
            "module.infra.module.public-gke-standard-cluster.module.gke.google_compute_firewall.shadow_allow_nodes",
            "module.infra.module.public-gke-standard-cluster.module.gke.google_compute_firewall.shadow_allow_pods",
            "module.infra.module.public-gke-standard-cluster.module.gke.google_compute_firewall.shadow_deny_exkubelet",
            "module.infra.module.public-gke-standard-cluster.module.gke.google_compute_firewall.tpu_egress",
            "module.infra.module.public-gke-standard-cluster.module.gke.google_container_cluster.primary",
            "module.infra.module.public-gke-standard-cluster.module.gke.google_container_node_pool.pools",
            "module.infra.module.public-gke-standard-cluster.module.gke.google_container_node_pool.windows_pools",
            "module.infra.module.public-gke-standard-cluster.module.gke.google_project_iam_member.cluster_service_account-artifact-registry",
            "module.infra.module.public-gke-standard-cluster.module.gke.google_project_iam_member.cluster_service_account-gcr",
            "module.infra.module.public-gke-standard-cluster.module.gke.google_project_iam_member.cluster_service_account-metric_writer",
            "module.infra.module.public-gke-standard-cluster.module.gke.google_project_iam_member.cluster_service_account-nodeService_account",
            "module.infra.module.public-gke-standard-cluster.module.gke.google_project_iam_member.cluster_service_account-resourceMetadata-writer",
            "module.infra.module.public-gke-standard-cluster.module.gke.google_service_account.cluster_service_account",
            "module.infra.module.public-gke-standard-cluster.module.gke.kubernetes_config_map.ip-masq-agent",
            "module.infra.module.public-gke-standard-cluster.module.gke.kubernetes_config_map_v1_data.kube-dns",
            "module.infra.module.public-gke-standard-cluster.module.gke.kubernetes_config_map_v1_data.kube-dns-upstream-nameservers-and-stub-domains",
            "module.infra.module.public-gke-standard-cluster.module.gke.kubernetes_config_map_v1_data.kube-dns-upstream-namservers",
            "module.infra.module.public-gke-standard-cluster.module.gke.random_shuffle.available_zones",
            "module.infra.module.public-gke-standard-cluster.module.gke.random_string.cluster_service_account_suffix",
            "module.jupyterhub.module.jupyterhub-workload-identity.data.google_service_account.cluster_service_account",
            "module.jupyterhub.module.jupyterhub-workload-identity.google_service_account.cluster_service_account",
            "module.namespace.helm_release.app-namespace",
            "module.project-services.data.google_compute_default_service_account.default",
            "module.project-services.google_project_iam_member.project_service_identity_roles",
            "module.project-services.google_project_service.project_services",
            "module.project-services.google_project_service_identity.project_service_identities"
          ]
        },
        {
          "index_key": "roles/viewer",
          "schema_version": 0,
          "attributes": {
            "condition": [],
            "etag": "BwYibgMQcvY=",
            "id": "genlu-gke-dev/roles/viewer/serviceAccount:jupyter-sa@genlu-gke-dev.iam.gserviceaccount.com",
            "member": "serviceAccount:jupyter-sa@genlu-gke-dev.iam.gserviceaccount.com",
            "project": "genlu-gke-dev",
            "role": "roles/viewer"
          },
          "sensitive_attributes": [],
          "private": "bnVsbA==",
          "dependencies": [
            "data.google_client_config.default",
            "data.google_container_cluster.default",
            "data.google_project.project",
            "module.infra.data.google_compute_subnetwork.subnetwork",
            "module.infra.module.custom-network.google_compute_global_address.google-managed-services-range",
            "module.infra.module.custom-network.google_compute_network.network",
            "module.infra.module.custom-network.google_compute_subnetwork.subnetwork",
            "module.infra.module.custom-network.google_service_networking_connection.private_service_access",
            "module.infra.module.private-gke-autopilot-cluster.google_gke_hub_membership.gke-fleet",
            "module.infra.module.private-gke-autopilot-cluster.module.gke.data.google_compute_subnetwork.gke_subnetwork",
            "module.infra.module.private-gke-autopilot-cluster.module.gke.data.google_compute_zones.available",
            "module.infra.module.private-gke-autopilot-cluster.module.gke.data.google_container_engine_versions.region",
            "module.infra.module.private-gke-autopilot-cluster.module.gke.data.google_container_engine_versions.zone",
            "module.infra.module.private-gke-autopilot-cluster.module.gke.google_compute_firewall.intra_egress",
            "module.infra.module.private-gke-autopilot-cluster.module.gke.google_compute_firewall.master_webhooks",
            "module.infra.module.private-gke-autopilot-cluster.module.gke.google_compute_firewall.shadow_allow_inkubelet",
            "module.infra.module.private-gke-autopilot-cluster.module.gke.google_compute_firewall.shadow_allow_master",
            "module.infra.module.private-gke-autopilot-cluster.module.gke.google_compute_firewall.shadow_allow_nodes",
            "module.infra.module.private-gke-autopilot-cluster.module.gke.google_compute_firewall.shadow_allow_pods",
            "module.infra.module.private-gke-autopilot-cluster.module.gke.google_compute_firewall.shadow_deny_exkubelet",
            "module.infra.module.private-gke-autopilot-cluster.module.gke.google_compute_firewall.tpu_egress",
            "module.infra.module.private-gke-autopilot-cluster.module.gke.google_container_cluster.primary",
            "module.infra.module.private-gke-autopilot-cluster.module.gke.google_project_iam_member.cluster_service_account-artifact-registry",
            "module.infra.module.private-gke-autopilot-cluster.module.gke.google_project_iam_member.cluster_service_account-gcr",
            "module.infra.module.private-gke-autopilot-cluster.module.gke.google_project_iam_member.cluster_service_account-metric_writer",
            "module.infra.module.private-gke-autopilot-cluster.module.gke.google_project_iam_member.cluster_service_account-nodeService_account",
            "module.infra.module.private-gke-autopilot-cluster.module.gke.google_project_iam_member.cluster_service_account-resourceMetadata-writer",
            "module.infra.module.private-gke-autopilot-cluster.module.gke.google_project_iam_member.service_agent",
            "module.infra.module.private-gke-autopilot-cluster.module.gke.google_project_service_identity.fleet_project",
            "module.infra.module.private-gke-autopilot-cluster.module.gke.google_service_account.cluster_service_account",
            "module.infra.module.private-gke-autopilot-cluster.module.gke.kubernetes_config_map.ip-masq-agent",
            "module.infra.module.private-gke-autopilot-cluster.module.gke.kubernetes_config_map_v1_data.kube-dns",
            "module.infra.module.private-gke-autopilot-cluster.module.gke.kubernetes_config_map_v1_data.kube-dns-upstream-nameservers-and-stub-domains",
            "module.infra.module.private-gke-autopilot-cluster.module.gke.kubernetes_config_map_v1_data.kube-dns-upstream-namservers",
            "module.infra.module.private-gke-autopilot-cluster.module.gke.random_shuffle.available_zones",
            "module.infra.module.private-gke-autopilot-cluster.module.gke.random_string.cluster_service_account_suffix",
            "module.infra.module.private-gke-standard-cluster.google_gke_hub_membership.gke-fleet",
            "module.infra.module.private-gke-standard-cluster.module.gke.data.google_compute_subnetwork.gke_subnetwork",
            "module.infra.module.private-gke-standard-cluster.module.gke.data.google_compute_zones.available",
            "module.infra.module.private-gke-standard-cluster.module.gke.data.google_container_engine_versions.region",
            "module.infra.module.private-gke-standard-cluster.module.gke.data.google_container_engine_versions.zone",
            "module.infra.module.private-gke-standard-cluster.module.gke.google_compute_firewall.intra_egress",
            "module.infra.module.private-gke-standard-cluster.module.gke.google_compute_firewall.master_webhooks",
            "module.infra.module.private-gke-standard-cluster.module.gke.google_compute_firewall.shadow_allow_inkubelet",
            "module.infra.module.private-gke-standard-cluster.module.gke.google_compute_firewall.shadow_allow_master",
            "module.infra.module.private-gke-standard-cluster.module.gke.google_compute_firewall.shadow_allow_nodes",
            "module.infra.module.private-gke-standard-cluster.module.gke.google_compute_firewall.shadow_allow_pods",
            "module.infra.module.private-gke-standard-cluster.module.gke.google_compute_firewall.shadow_deny_exkubelet",
            "module.infra.module.private-gke-standard-cluster.module.gke.google_compute_firewall.tpu_egress",
            "module.infra.module.private-gke-standard-cluster.module.gke.google_container_cluster.primary",
            "module.infra.module.private-gke-standard-cluster.module.gke.google_container_node_pool.pools",
            "module.infra.module.private-gke-standard-cluster.module.gke.google_container_node_pool.windows_pools",
            "module.infra.module.private-gke-standard-cluster.module.gke.google_project_iam_member.cluster_service_account-artifact-registry",
            "module.infra.module.private-gke-standard-cluster.module.gke.google_project_iam_member.cluster_service_account-gcr",
            "module.infra.module.private-gke-standard-cluster.module.gke.google_project_iam_member.cluster_service_account-metric_writer",
            "module.infra.module.private-gke-standard-cluster.module.gke.google_project_iam_member.cluster_service_account-nodeService_account",
            "module.infra.module.private-gke-standard-cluster.module.gke.google_project_iam_member.cluster_service_account-resourceMetadata-writer",
            "module.infra.module.private-gke-standard-cluster.module.gke.google_service_account.cluster_service_account",
            "module.infra.module.private-gke-standard-cluster.module.gke.kubernetes_config_map.ip-masq-agent",
            "module.infra.module.private-gke-standard-cluster.module.gke.kubernetes_config_map_v1_data.kube-dns",
            "module.infra.module.private-gke-standard-cluster.module.gke.kubernetes_config_map_v1_data.kube-dns-upstream-nameservers-and-stub-domains",
            "module.infra.module.private-gke-standard-cluster.module.gke.kubernetes_config_map_v1_data.kube-dns-upstream-namservers",
            "module.infra.module.private-gke-standard-cluster.module.gke.random_shuffle.available_zones",
            "module.infra.module.private-gke-standard-cluster.module.gke.random_string.cluster_service_account_suffix",
            "module.infra.module.public-gke-autopilot-cluster.module.gke.data.google_compute_subnetwork.gke_subnetwork",
            "module.infra.module.public-gke-autopilot-cluster.module.gke.data.google_compute_zones.available",
            "module.infra.module.public-gke-autopilot-cluster.module.gke.data.google_container_engine_versions.region",
            "module.infra.module.public-gke-autopilot-cluster.module.gke.data.google_container_engine_versions.zone",
            "module.infra.module.public-gke-autopilot-cluster.module.gke.google_compute_firewall.intra_egress",
            "module.infra.module.public-gke-autopilot-cluster.module.gke.google_compute_firewall.master_webhooks",
            "module.infra.module.public-gke-autopilot-cluster.module.gke.google_compute_firewall.shadow_allow_inkubelet",
            "module.infra.module.public-gke-autopilot-cluster.module.gke.google_compute_firewall.shadow_allow_master",
            "module.infra.module.public-gke-autopilot-cluster.module.gke.google_compute_firewall.shadow_allow_nodes",
            "module.infra.module.public-gke-autopilot-cluster.module.gke.google_compute_firewall.shadow_allow_pods",
            "module.infra.module.public-gke-autopilot-cluster.module.gke.google_compute_firewall.shadow_deny_exkubelet",
            "module.infra.module.public-gke-autopilot-cluster.module.gke.google_compute_firewall.tpu_egress",
            "module.infra.module.public-gke-autopilot-cluster.module.gke.google_container_cluster.primary",
            "module.infra.module.public-gke-autopilot-cluster.module.gke.google_project_iam_member.cluster_service_account-artifact-registry",
            "module.infra.module.public-gke-autopilot-cluster.module.gke.google_project_iam_member.cluster_service_account-gcr",
            "module.infra.module.public-gke-autopilot-cluster.module.gke.google_project_iam_member.cluster_service_account-metric_writer",
            "module.infra.module.public-gke-autopilot-cluster.module.gke.google_project_iam_member.cluster_service_account-nodeService_account",
            "module.infra.module.public-gke-autopilot-cluster.module.gke.google_project_iam_member.cluster_service_account-resourceMetadata-writer",
            "module.infra.module.public-gke-autopilot-cluster.module.gke.google_project_iam_member.service_agent",
            "module.infra.module.public-gke-autopilot-cluster.module.gke.google_project_service_identity.fleet_project",
            "module.infra.module.public-gke-autopilot-cluster.module.gke.google_service_account.cluster_service_account",
            "module.infra.module.public-gke-autopilot-cluster.module.gke.kubernetes_config_map.ip-masq-agent",
            "module.infra.module.public-gke-autopilot-cluster.module.gke.kubernetes_config_map_v1_data.kube-dns",
            "module.infra.module.public-gke-autopilot-cluster.module.gke.kubernetes_config_map_v1_data.kube-dns-upstream-nameservers-and-stub-domains",
            "module.infra.module.public-gke-autopilot-cluster.module.gke.kubernetes_config_map_v1_data.kube-dns-upstream-namservers",
            "module.infra.module.public-gke-autopilot-cluster.module.gke.random_shuffle.available_zones",
            "module.infra.module.public-gke-autopilot-cluster.module.gke.random_string.cluster_service_account_suffix",
            "module.infra.module.public-gke-standard-cluster.module.gke.data.google_compute_subnetwork.gke_subnetwork",
            "module.infra.module.public-gke-standard-cluster.module.gke.data.google_compute_zones.available",
            "module.infra.module.public-gke-standard-cluster.module.gke.data.google_container_engine_versions.region",
            "module.infra.module.public-gke-standard-cluster.module.gke.data.google_container_engine_versions.zone",
            "module.infra.module.public-gke-standard-cluster.module.gke.google_compute_firewall.intra_egress",
            "module.infra.module.public-gke-standard-cluster.module.gke.google_compute_firewall.master_webhooks",
            "module.infra.module.public-gke-standard-cluster.module.gke.google_compute_firewall.shadow_allow_inkubelet",
            "module.infra.module.public-gke-standard-cluster.module.gke.google_compute_firewall.shadow_allow_master",
            "module.infra.module.public-gke-standard-cluster.module.gke.google_compute_firewall.shadow_allow_nodes",
            "module.infra.module.public-gke-standard-cluster.module.gke.google_compute_firewall.shadow_allow_pods",
            "module.infra.module.public-gke-standard-cluster.module.gke.google_compute_firewall.shadow_deny_exkubelet",
            "module.infra.module.public-gke-standard-cluster.module.gke.google_compute_firewall.tpu_egress",
            "module.infra.module.public-gke-standard-cluster.module.gke.google_container_cluster.primary",
            "module.infra.module.public-gke-standard-cluster.module.gke.google_container_node_pool.pools",
            "module.infra.module.public-gke-standard-cluster.module.gke.google_container_node_pool.windows_pools",
            "module.infra.module.public-gke-standard-cluster.module.gke.google_project_iam_member.cluster_service_account-artifact-registry",
            "module.infra.module.public-gke-standard-cluster.module.gke.google_project_iam_member.cluster_service_account-gcr",
            "module.infra.module.public-gke-standard-cluster.module.gke.google_project_iam_member.cluster_service_account-metric_writer",
            "module.infra.module.public-gke-standard-cluster.module.gke.google_project_iam_member.cluster_service_account-nodeService_account",
            "module.infra.module.public-gke-standard-cluster.module.gke.google_project_iam_member.cluster_service_account-resourceMetadata-writer",
            "module.infra.module.public-gke-standard-cluster.module.gke.google_service_account.cluster_service_account",
            "module.infra.module.public-gke-standard-cluster.module.gke.kubernetes_config_map.ip-masq-agent",
            "module.infra.module.public-gke-standard-cluster.module.gke.kubernetes_config_map_v1_data.kube-dns",
            "module.infra.module.public-gke-standard-cluster.module.gke.kubernetes_config_map_v1_data.kube-dns-upstream-nameservers-and-stub-domains",
            "module.infra.module.public-gke-standard-cluster.module.gke.kubernetes_config_map_v1_data.kube-dns-upstream-namservers",
            "module.infra.module.public-gke-standard-cluster.module.gke.random_shuffle.available_zones",
            "module.infra.module.public-gke-standard-cluster.module.gke.random_string.cluster_service_account_suffix",
            "module.jupyterhub.module.jupyterhub-workload-identity.data.google_service_account.cluster_service_account",
            "module.jupyterhub.module.jupyterhub-workload-identity.google_service_account.cluster_service_account",
            "module.namespace.helm_release.app-namespace",
            "module.project-services.data.google_compute_default_service_account.default",
            "module.project-services.google_project_iam_member.project_service_identity_roles",
            "module.project-services.google_project_service.project_services",
            "module.project-services.google_project_service_identity.project_service_identities"
          ]
        }
      ]
    },
    {
      "module": "module.jupyterhub.module.jupyterhub-workload-identity",
      "mode": "managed",
      "type": "google_service_account",
      "name": "cluster_service_account",
      "provider": "provider[\"registry.terraform.io/hashicorp/google\"]",
      "instances": [
        {
          "index_key": 0,
          "schema_version": 0,
          "attributes": {
            "account_id": "jupyter-sa",
            "create_ignore_already_exists": null,
            "description": "",
            "disabled": false,
            "display_name": "GCP SA bound to K8S SA genlu-gke-dev[jupyter-sa]",
            "email": "jupyter-sa@genlu-gke-dev.iam.gserviceaccount.com",
            "id": "projects/genlu-gke-dev/serviceAccounts/jupyter-sa@genlu-gke-dev.iam.gserviceaccount.com",
            "member": "serviceAccount:jupyter-sa@genlu-gke-dev.iam.gserviceaccount.com",
            "name": "projects/genlu-gke-dev/serviceAccounts/jupyter-sa@genlu-gke-dev.iam.gserviceaccount.com",
            "project": "genlu-gke-dev",
            "timeouts": null,
            "unique_id": "114230417008608325377"
          },
          "sensitive_attributes": [],
          "private": "eyJlMmJmYjczMC1lY2FhLTExZTYtOGY4OC0zNDM2M2JjN2M0YzAiOnsiY3JlYXRlIjozMDAwMDAwMDAwMDB9fQ==",
          "dependencies": [
            "data.google_client_config.default",
            "data.google_container_cluster.default",
            "data.google_project.project",
            "module.infra.data.google_compute_subnetwork.subnetwork",
            "module.infra.module.custom-network.google_compute_global_address.google-managed-services-range",
            "module.infra.module.custom-network.google_compute_network.network",
            "module.infra.module.custom-network.google_compute_subnetwork.subnetwork",
            "module.infra.module.custom-network.google_service_networking_connection.private_service_access",
            "module.infra.module.private-gke-autopilot-cluster.google_gke_hub_membership.gke-fleet",
            "module.infra.module.private-gke-autopilot-cluster.module.gke.data.google_compute_subnetwork.gke_subnetwork",
            "module.infra.module.private-gke-autopilot-cluster.module.gke.data.google_compute_zones.available",
            "module.infra.module.private-gke-autopilot-cluster.module.gke.data.google_container_engine_versions.region",
            "module.infra.module.private-gke-autopilot-cluster.module.gke.data.google_container_engine_versions.zone",
            "module.infra.module.private-gke-autopilot-cluster.module.gke.google_compute_firewall.intra_egress",
            "module.infra.module.private-gke-autopilot-cluster.module.gke.google_compute_firewall.master_webhooks",
            "module.infra.module.private-gke-autopilot-cluster.module.gke.google_compute_firewall.shadow_allow_inkubelet",
            "module.infra.module.private-gke-autopilot-cluster.module.gke.google_compute_firewall.shadow_allow_master",
            "module.infra.module.private-gke-autopilot-cluster.module.gke.google_compute_firewall.shadow_allow_nodes",
            "module.infra.module.private-gke-autopilot-cluster.module.gke.google_compute_firewall.shadow_allow_pods",
            "module.infra.module.private-gke-autopilot-cluster.module.gke.google_compute_firewall.shadow_deny_exkubelet",
            "module.infra.module.private-gke-autopilot-cluster.module.gke.google_compute_firewall.tpu_egress",
            "module.infra.module.private-gke-autopilot-cluster.module.gke.google_container_cluster.primary",
            "module.infra.module.private-gke-autopilot-cluster.module.gke.google_project_iam_member.cluster_service_account-artifact-registry",
            "module.infra.module.private-gke-autopilot-cluster.module.gke.google_project_iam_member.cluster_service_account-gcr",
            "module.infra.module.private-gke-autopilot-cluster.module.gke.google_project_iam_member.cluster_service_account-metric_writer",
            "module.infra.module.private-gke-autopilot-cluster.module.gke.google_project_iam_member.cluster_service_account-nodeService_account",
            "module.infra.module.private-gke-autopilot-cluster.module.gke.google_project_iam_member.cluster_service_account-resourceMetadata-writer",
            "module.infra.module.private-gke-autopilot-cluster.module.gke.google_project_iam_member.service_agent",
            "module.infra.module.private-gke-autopilot-cluster.module.gke.google_project_service_identity.fleet_project",
            "module.infra.module.private-gke-autopilot-cluster.module.gke.google_service_account.cluster_service_account",
            "module.infra.module.private-gke-autopilot-cluster.module.gke.kubernetes_config_map.ip-masq-agent",
            "module.infra.module.private-gke-autopilot-cluster.module.gke.kubernetes_config_map_v1_data.kube-dns",
            "module.infra.module.private-gke-autopilot-cluster.module.gke.kubernetes_config_map_v1_data.kube-dns-upstream-nameservers-and-stub-domains",
            "module.infra.module.private-gke-autopilot-cluster.module.gke.kubernetes_config_map_v1_data.kube-dns-upstream-namservers",
            "module.infra.module.private-gke-autopilot-cluster.module.gke.random_shuffle.available_zones",
            "module.infra.module.private-gke-autopilot-cluster.module.gke.random_string.cluster_service_account_suffix",
            "module.infra.module.private-gke-standard-cluster.google_gke_hub_membership.gke-fleet",
            "module.infra.module.private-gke-standard-cluster.module.gke.data.google_compute_subnetwork.gke_subnetwork",
            "module.infra.module.private-gke-standard-cluster.module.gke.data.google_compute_zones.available",
            "module.infra.module.private-gke-standard-cluster.module.gke.data.google_container_engine_versions.region",
            "module.infra.module.private-gke-standard-cluster.module.gke.data.google_container_engine_versions.zone",
            "module.infra.module.private-gke-standard-cluster.module.gke.google_compute_firewall.intra_egress",
            "module.infra.module.private-gke-standard-cluster.module.gke.google_compute_firewall.master_webhooks",
            "module.infra.module.private-gke-standard-cluster.module.gke.google_compute_firewall.shadow_allow_inkubelet",
            "module.infra.module.private-gke-standard-cluster.module.gke.google_compute_firewall.shadow_allow_master",
            "module.infra.module.private-gke-standard-cluster.module.gke.google_compute_firewall.shadow_allow_nodes",
            "module.infra.module.private-gke-standard-cluster.module.gke.google_compute_firewall.shadow_allow_pods",
            "module.infra.module.private-gke-standard-cluster.module.gke.google_compute_firewall.shadow_deny_exkubelet",
            "module.infra.module.private-gke-standard-cluster.module.gke.google_compute_firewall.tpu_egress",
            "module.infra.module.private-gke-standard-cluster.module.gke.google_container_cluster.primary",
            "module.infra.module.private-gke-standard-cluster.module.gke.google_container_node_pool.pools",
            "module.infra.module.private-gke-standard-cluster.module.gke.google_container_node_pool.windows_pools",
            "module.infra.module.private-gke-standard-cluster.module.gke.google_project_iam_member.cluster_service_account-artifact-registry",
            "module.infra.module.private-gke-standard-cluster.module.gke.google_project_iam_member.cluster_service_account-gcr",
            "module.infra.module.private-gke-standard-cluster.module.gke.google_project_iam_member.cluster_service_account-metric_writer",
            "module.infra.module.private-gke-standard-cluster.module.gke.google_project_iam_member.cluster_service_account-nodeService_account",
            "module.infra.module.private-gke-standard-cluster.module.gke.google_project_iam_member.cluster_service_account-resourceMetadata-writer",
            "module.infra.module.private-gke-standard-cluster.module.gke.google_service_account.cluster_service_account",
            "module.infra.module.private-gke-standard-cluster.module.gke.kubernetes_config_map.ip-masq-agent",
            "module.infra.module.private-gke-standard-cluster.module.gke.kubernetes_config_map_v1_data.kube-dns",
            "module.infra.module.private-gke-standard-cluster.module.gke.kubernetes_config_map_v1_data.kube-dns-upstream-nameservers-and-stub-domains",
            "module.infra.module.private-gke-standard-cluster.module.gke.kubernetes_config_map_v1_data.kube-dns-upstream-namservers",
            "module.infra.module.private-gke-standard-cluster.module.gke.random_shuffle.available_zones",
            "module.infra.module.private-gke-standard-cluster.module.gke.random_string.cluster_service_account_suffix",
            "module.infra.module.public-gke-autopilot-cluster.module.gke.data.google_compute_subnetwork.gke_subnetwork",
            "module.infra.module.public-gke-autopilot-cluster.module.gke.data.google_compute_zones.available",
            "module.infra.module.public-gke-autopilot-cluster.module.gke.data.google_container_engine_versions.region",
            "module.infra.module.public-gke-autopilot-cluster.module.gke.data.google_container_engine_versions.zone",
            "module.infra.module.public-gke-autopilot-cluster.module.gke.google_compute_firewall.intra_egress",
            "module.infra.module.public-gke-autopilot-cluster.module.gke.google_compute_firewall.master_webhooks",
            "module.infra.module.public-gke-autopilot-cluster.module.gke.google_compute_firewall.shadow_allow_inkubelet",
            "module.infra.module.public-gke-autopilot-cluster.module.gke.google_compute_firewall.shadow_allow_master",
            "module.infra.module.public-gke-autopilot-cluster.module.gke.google_compute_firewall.shadow_allow_nodes",
            "module.infra.module.public-gke-autopilot-cluster.module.gke.google_compute_firewall.shadow_allow_pods",
            "module.infra.module.public-gke-autopilot-cluster.module.gke.google_compute_firewall.shadow_deny_exkubelet",
            "module.infra.module.public-gke-autopilot-cluster.module.gke.google_compute_firewall.tpu_egress",
            "module.infra.module.public-gke-autopilot-cluster.module.gke.google_container_cluster.primary",
            "module.infra.module.public-gke-autopilot-cluster.module.gke.google_project_iam_member.cluster_service_account-artifact-registry",
            "module.infra.module.public-gke-autopilot-cluster.module.gke.google_project_iam_member.cluster_service_account-gcr",
            "module.infra.module.public-gke-autopilot-cluster.module.gke.google_project_iam_member.cluster_service_account-metric_writer",
            "module.infra.module.public-gke-autopilot-cluster.module.gke.google_project_iam_member.cluster_service_account-nodeService_account",
            "module.infra.module.public-gke-autopilot-cluster.module.gke.google_project_iam_member.cluster_service_account-resourceMetadata-writer",
            "module.infra.module.public-gke-autopilot-cluster.module.gke.google_project_iam_member.service_agent",
            "module.infra.module.public-gke-autopilot-cluster.module.gke.google_project_service_identity.fleet_project",
            "module.infra.module.public-gke-autopilot-cluster.module.gke.google_service_account.cluster_service_account",
            "module.infra.module.public-gke-autopilot-cluster.module.gke.kubernetes_config_map.ip-masq-agent",
            "module.infra.module.public-gke-autopilot-cluster.module.gke.kubernetes_config_map_v1_data.kube-dns",
            "module.infra.module.public-gke-autopilot-cluster.module.gke.kubernetes_config_map_v1_data.kube-dns-upstream-nameservers-and-stub-domains",
            "module.infra.module.public-gke-autopilot-cluster.module.gke.kubernetes_config_map_v1_data.kube-dns-upstream-namservers",
            "module.infra.module.public-gke-autopilot-cluster.module.gke.random_shuffle.available_zones",
            "module.infra.module.public-gke-autopilot-cluster.module.gke.random_string.cluster_service_account_suffix",
            "module.infra.module.public-gke-standard-cluster.module.gke.data.google_compute_subnetwork.gke_subnetwork",
            "module.infra.module.public-gke-standard-cluster.module.gke.data.google_compute_zones.available",
            "module.infra.module.public-gke-standard-cluster.module.gke.data.google_container_engine_versions.region",
            "module.infra.module.public-gke-standard-cluster.module.gke.data.google_container_engine_versions.zone",
            "module.infra.module.public-gke-standard-cluster.module.gke.google_compute_firewall.intra_egress",
            "module.infra.module.public-gke-standard-cluster.module.gke.google_compute_firewall.master_webhooks",
            "module.infra.module.public-gke-standard-cluster.module.gke.google_compute_firewall.shadow_allow_inkubelet",
            "module.infra.module.public-gke-standard-cluster.module.gke.google_compute_firewall.shadow_allow_master",
            "module.infra.module.public-gke-standard-cluster.module.gke.google_compute_firewall.shadow_allow_nodes",
            "module.infra.module.public-gke-standard-cluster.module.gke.google_compute_firewall.shadow_allow_pods",
            "module.infra.module.public-gke-standard-cluster.module.gke.google_compute_firewall.shadow_deny_exkubelet",
            "module.infra.module.public-gke-standard-cluster.module.gke.google_compute_firewall.tpu_egress",
            "module.infra.module.public-gke-standard-cluster.module.gke.google_container_cluster.primary",
            "module.infra.module.public-gke-standard-cluster.module.gke.google_container_node_pool.pools",
            "module.infra.module.public-gke-standard-cluster.module.gke.google_container_node_pool.windows_pools",
            "module.infra.module.public-gke-standard-cluster.module.gke.google_project_iam_member.cluster_service_account-artifact-registry",
            "module.infra.module.public-gke-standard-cluster.module.gke.google_project_iam_member.cluster_service_account-gcr",
            "module.infra.module.public-gke-standard-cluster.module.gke.google_project_iam_member.cluster_service_account-metric_writer",
            "module.infra.module.public-gke-standard-cluster.module.gke.google_project_iam_member.cluster_service_account-nodeService_account",
            "module.infra.module.public-gke-standard-cluster.module.gke.google_project_iam_member.cluster_service_account-resourceMetadata-writer",
            "module.infra.module.public-gke-standard-cluster.module.gke.google_service_account.cluster_service_account",
            "module.infra.module.public-gke-standard-cluster.module.gke.kubernetes_config_map.ip-masq-agent",
            "module.infra.module.public-gke-standard-cluster.module.gke.kubernetes_config_map_v1_data.kube-dns",
            "module.infra.module.public-gke-standard-cluster.module.gke.kubernetes_config_map_v1_data.kube-dns-upstream-nameservers-and-stub-domains",
            "module.infra.module.public-gke-standard-cluster.module.gke.kubernetes_config_map_v1_data.kube-dns-upstream-namservers",
            "module.infra.module.public-gke-standard-cluster.module.gke.random_shuffle.available_zones",
            "module.infra.module.public-gke-standard-cluster.module.gke.random_string.cluster_service_account_suffix",
            "module.namespace.helm_release.app-namespace",
            "module.project-services.data.google_compute_default_service_account.default",
            "module.project-services.google_project_iam_member.project_service_identity_roles",
            "module.project-services.google_project_service.project_services",
            "module.project-services.google_project_service_identity.project_service_identities"
          ]
        }
      ]
    },
    {
      "module": "module.jupyterhub.module.jupyterhub-workload-identity",
      "mode": "managed",
      "type": "google_service_account_iam_member",
      "name": "main",
      "provider": "provider[\"registry.terraform.io/hashicorp/google\"]",
      "instances": [
        {
          "schema_version": 0,
          "attributes": {
            "condition": [],
            "etag": "BwYibgLfTaI=",
            "id": "projects/genlu-gke-dev/serviceAccounts/jupyter-sa@genlu-gke-dev.iam.gserviceaccount.com/roles/iam.workloadIdentityUser/serviceAccount:genlu-gke-dev.svc.id.goog[jupyter-test/jupyter-sa]",
            "member": "serviceAccount:genlu-gke-dev.svc.id.goog[jupyter-test/jupyter-sa]",
            "role": "roles/iam.workloadIdentityUser",
            "service_account_id": "projects/genlu-gke-dev/serviceAccounts/jupyter-sa@genlu-gke-dev.iam.gserviceaccount.com"
          },
          "sensitive_attributes": [],
          "private": "bnVsbA==",
          "dependencies": [
            "data.google_client_config.default",
            "data.google_container_cluster.default",
            "data.google_project.project",
            "module.infra.data.google_compute_subnetwork.subnetwork",
            "module.infra.module.custom-network.google_compute_global_address.google-managed-services-range",
            "module.infra.module.custom-network.google_compute_network.network",
            "module.infra.module.custom-network.google_compute_subnetwork.subnetwork",
            "module.infra.module.custom-network.google_service_networking_connection.private_service_access",
            "module.infra.module.private-gke-autopilot-cluster.google_gke_hub_membership.gke-fleet",
            "module.infra.module.private-gke-autopilot-cluster.module.gke.data.google_compute_subnetwork.gke_subnetwork",
            "module.infra.module.private-gke-autopilot-cluster.module.gke.data.google_compute_zones.available",
            "module.infra.module.private-gke-autopilot-cluster.module.gke.data.google_container_engine_versions.region",
            "module.infra.module.private-gke-autopilot-cluster.module.gke.data.google_container_engine_versions.zone",
            "module.infra.module.private-gke-autopilot-cluster.module.gke.google_compute_firewall.intra_egress",
            "module.infra.module.private-gke-autopilot-cluster.module.gke.google_compute_firewall.master_webhooks",
            "module.infra.module.private-gke-autopilot-cluster.module.gke.google_compute_firewall.shadow_allow_inkubelet",
            "module.infra.module.private-gke-autopilot-cluster.module.gke.google_compute_firewall.shadow_allow_master",
            "module.infra.module.private-gke-autopilot-cluster.module.gke.google_compute_firewall.shadow_allow_nodes",
            "module.infra.module.private-gke-autopilot-cluster.module.gke.google_compute_firewall.shadow_allow_pods",
            "module.infra.module.private-gke-autopilot-cluster.module.gke.google_compute_firewall.shadow_deny_exkubelet",
            "module.infra.module.private-gke-autopilot-cluster.module.gke.google_compute_firewall.tpu_egress",
            "module.infra.module.private-gke-autopilot-cluster.module.gke.google_container_cluster.primary",
            "module.infra.module.private-gke-autopilot-cluster.module.gke.google_project_iam_member.cluster_service_account-artifact-registry",
            "module.infra.module.private-gke-autopilot-cluster.module.gke.google_project_iam_member.cluster_service_account-gcr",
            "module.infra.module.private-gke-autopilot-cluster.module.gke.google_project_iam_member.cluster_service_account-metric_writer",
            "module.infra.module.private-gke-autopilot-cluster.module.gke.google_project_iam_member.cluster_service_account-nodeService_account",
            "module.infra.module.private-gke-autopilot-cluster.module.gke.google_project_iam_member.cluster_service_account-resourceMetadata-writer",
            "module.infra.module.private-gke-autopilot-cluster.module.gke.google_project_iam_member.service_agent",
            "module.infra.module.private-gke-autopilot-cluster.module.gke.google_project_service_identity.fleet_project",
            "module.infra.module.private-gke-autopilot-cluster.module.gke.google_service_account.cluster_service_account",
            "module.infra.module.private-gke-autopilot-cluster.module.gke.kubernetes_config_map.ip-masq-agent",
            "module.infra.module.private-gke-autopilot-cluster.module.gke.kubernetes_config_map_v1_data.kube-dns",
            "module.infra.module.private-gke-autopilot-cluster.module.gke.kubernetes_config_map_v1_data.kube-dns-upstream-nameservers-and-stub-domains",
            "module.infra.module.private-gke-autopilot-cluster.module.gke.kubernetes_config_map_v1_data.kube-dns-upstream-namservers",
            "module.infra.module.private-gke-autopilot-cluster.module.gke.random_shuffle.available_zones",
            "module.infra.module.private-gke-autopilot-cluster.module.gke.random_string.cluster_service_account_suffix",
            "module.infra.module.private-gke-standard-cluster.google_gke_hub_membership.gke-fleet",
            "module.infra.module.private-gke-standard-cluster.module.gke.data.google_compute_subnetwork.gke_subnetwork",
            "module.infra.module.private-gke-standard-cluster.module.gke.data.google_compute_zones.available",
            "module.infra.module.private-gke-standard-cluster.module.gke.data.google_container_engine_versions.region",
            "module.infra.module.private-gke-standard-cluster.module.gke.data.google_container_engine_versions.zone",
            "module.infra.module.private-gke-standard-cluster.module.gke.google_compute_firewall.intra_egress",
            "module.infra.module.private-gke-standard-cluster.module.gke.google_compute_firewall.master_webhooks",
            "module.infra.module.private-gke-standard-cluster.module.gke.google_compute_firewall.shadow_allow_inkubelet",
            "module.infra.module.private-gke-standard-cluster.module.gke.google_compute_firewall.shadow_allow_master",
            "module.infra.module.private-gke-standard-cluster.module.gke.google_compute_firewall.shadow_allow_nodes",
            "module.infra.module.private-gke-standard-cluster.module.gke.google_compute_firewall.shadow_allow_pods",
            "module.infra.module.private-gke-standard-cluster.module.gke.google_compute_firewall.shadow_deny_exkubelet",
            "module.infra.module.private-gke-standard-cluster.module.gke.google_compute_firewall.tpu_egress",
            "module.infra.module.private-gke-standard-cluster.module.gke.google_container_cluster.primary",
            "module.infra.module.private-gke-standard-cluster.module.gke.google_container_node_pool.pools",
            "module.infra.module.private-gke-standard-cluster.module.gke.google_container_node_pool.windows_pools",
            "module.infra.module.private-gke-standard-cluster.module.gke.google_project_iam_member.cluster_service_account-artifact-registry",
            "module.infra.module.private-gke-standard-cluster.module.gke.google_project_iam_member.cluster_service_account-gcr",
            "module.infra.module.private-gke-standard-cluster.module.gke.google_project_iam_member.cluster_service_account-metric_writer",
            "module.infra.module.private-gke-standard-cluster.module.gke.google_project_iam_member.cluster_service_account-nodeService_account",
            "module.infra.module.private-gke-standard-cluster.module.gke.google_project_iam_member.cluster_service_account-resourceMetadata-writer",
            "module.infra.module.private-gke-standard-cluster.module.gke.google_service_account.cluster_service_account",
            "module.infra.module.private-gke-standard-cluster.module.gke.kubernetes_config_map.ip-masq-agent",
            "module.infra.module.private-gke-standard-cluster.module.gke.kubernetes_config_map_v1_data.kube-dns",
            "module.infra.module.private-gke-standard-cluster.module.gke.kubernetes_config_map_v1_data.kube-dns-upstream-nameservers-and-stub-domains",
            "module.infra.module.private-gke-standard-cluster.module.gke.kubernetes_config_map_v1_data.kube-dns-upstream-namservers",
            "module.infra.module.private-gke-standard-cluster.module.gke.random_shuffle.available_zones",
            "module.infra.module.private-gke-standard-cluster.module.gke.random_string.cluster_service_account_suffix",
            "module.infra.module.public-gke-autopilot-cluster.module.gke.data.google_compute_subnetwork.gke_subnetwork",
            "module.infra.module.public-gke-autopilot-cluster.module.gke.data.google_compute_zones.available",
            "module.infra.module.public-gke-autopilot-cluster.module.gke.data.google_container_engine_versions.region",
            "module.infra.module.public-gke-autopilot-cluster.module.gke.data.google_container_engine_versions.zone",
            "module.infra.module.public-gke-autopilot-cluster.module.gke.google_compute_firewall.intra_egress",
            "module.infra.module.public-gke-autopilot-cluster.module.gke.google_compute_firewall.master_webhooks",
            "module.infra.module.public-gke-autopilot-cluster.module.gke.google_compute_firewall.shadow_allow_inkubelet",
            "module.infra.module.public-gke-autopilot-cluster.module.gke.google_compute_firewall.shadow_allow_master",
            "module.infra.module.public-gke-autopilot-cluster.module.gke.google_compute_firewall.shadow_allow_nodes",
            "module.infra.module.public-gke-autopilot-cluster.module.gke.google_compute_firewall.shadow_allow_pods",
            "module.infra.module.public-gke-autopilot-cluster.module.gke.google_compute_firewall.shadow_deny_exkubelet",
            "module.infra.module.public-gke-autopilot-cluster.module.gke.google_compute_firewall.tpu_egress",
            "module.infra.module.public-gke-autopilot-cluster.module.gke.google_container_cluster.primary",
            "module.infra.module.public-gke-autopilot-cluster.module.gke.google_project_iam_member.cluster_service_account-artifact-registry",
            "module.infra.module.public-gke-autopilot-cluster.module.gke.google_project_iam_member.cluster_service_account-gcr",
            "module.infra.module.public-gke-autopilot-cluster.module.gke.google_project_iam_member.cluster_service_account-metric_writer",
            "module.infra.module.public-gke-autopilot-cluster.module.gke.google_project_iam_member.cluster_service_account-nodeService_account",
            "module.infra.module.public-gke-autopilot-cluster.module.gke.google_project_iam_member.cluster_service_account-resourceMetadata-writer",
            "module.infra.module.public-gke-autopilot-cluster.module.gke.google_project_iam_member.service_agent",
            "module.infra.module.public-gke-autopilot-cluster.module.gke.google_project_service_identity.fleet_project",
            "module.infra.module.public-gke-autopilot-cluster.module.gke.google_service_account.cluster_service_account",
            "module.infra.module.public-gke-autopilot-cluster.module.gke.kubernetes_config_map.ip-masq-agent",
            "module.infra.module.public-gke-autopilot-cluster.module.gke.kubernetes_config_map_v1_data.kube-dns",
            "module.infra.module.public-gke-autopilot-cluster.module.gke.kubernetes_config_map_v1_data.kube-dns-upstream-nameservers-and-stub-domains",
            "module.infra.module.public-gke-autopilot-cluster.module.gke.kubernetes_config_map_v1_data.kube-dns-upstream-namservers",
            "module.infra.module.public-gke-autopilot-cluster.module.gke.random_shuffle.available_zones",
            "module.infra.module.public-gke-autopilot-cluster.module.gke.random_string.cluster_service_account_suffix",
            "module.infra.module.public-gke-standard-cluster.module.gke.data.google_compute_subnetwork.gke_subnetwork",
            "module.infra.module.public-gke-standard-cluster.module.gke.data.google_compute_zones.available",
            "module.infra.module.public-gke-standard-cluster.module.gke.data.google_container_engine_versions.region",
            "module.infra.module.public-gke-standard-cluster.module.gke.data.google_container_engine_versions.zone",
            "module.infra.module.public-gke-standard-cluster.module.gke.google_compute_firewall.intra_egress",
            "module.infra.module.public-gke-standard-cluster.module.gke.google_compute_firewall.master_webhooks",
            "module.infra.module.public-gke-standard-cluster.module.gke.google_compute_firewall.shadow_allow_inkubelet",
            "module.infra.module.public-gke-standard-cluster.module.gke.google_compute_firewall.shadow_allow_master",
            "module.infra.module.public-gke-standard-cluster.module.gke.google_compute_firewall.shadow_allow_nodes",
            "module.infra.module.public-gke-standard-cluster.module.gke.google_compute_firewall.shadow_allow_pods",
            "module.infra.module.public-gke-standard-cluster.module.gke.google_compute_firewall.shadow_deny_exkubelet",
            "module.infra.module.public-gke-standard-cluster.module.gke.google_compute_firewall.tpu_egress",
            "module.infra.module.public-gke-standard-cluster.module.gke.google_container_cluster.primary",
            "module.infra.module.public-gke-standard-cluster.module.gke.google_container_node_pool.pools",
            "module.infra.module.public-gke-standard-cluster.module.gke.google_container_node_pool.windows_pools",
            "module.infra.module.public-gke-standard-cluster.module.gke.google_project_iam_member.cluster_service_account-artifact-registry",
            "module.infra.module.public-gke-standard-cluster.module.gke.google_project_iam_member.cluster_service_account-gcr",
            "module.infra.module.public-gke-standard-cluster.module.gke.google_project_iam_member.cluster_service_account-metric_writer",
            "module.infra.module.public-gke-standard-cluster.module.gke.google_project_iam_member.cluster_service_account-nodeService_account",
            "module.infra.module.public-gke-standard-cluster.module.gke.google_project_iam_member.cluster_service_account-resourceMetadata-writer",
            "module.infra.module.public-gke-standard-cluster.module.gke.google_service_account.cluster_service_account",
            "module.infra.module.public-gke-standard-cluster.module.gke.kubernetes_config_map.ip-masq-agent",
            "module.infra.module.public-gke-standard-cluster.module.gke.kubernetes_config_map_v1_data.kube-dns",
            "module.infra.module.public-gke-standard-cluster.module.gke.kubernetes_config_map_v1_data.kube-dns-upstream-nameservers-and-stub-domains",
            "module.infra.module.public-gke-standard-cluster.module.gke.kubernetes_config_map_v1_data.kube-dns-upstream-namservers",
            "module.infra.module.public-gke-standard-cluster.module.gke.random_shuffle.available_zones",
            "module.infra.module.public-gke-standard-cluster.module.gke.random_string.cluster_service_account_suffix",
            "module.jupyterhub.module.jupyterhub-workload-identity.data.google_service_account.cluster_service_account",
            "module.jupyterhub.module.jupyterhub-workload-identity.google_service_account.cluster_service_account",
            "module.jupyterhub.module.jupyterhub-workload-identity.kubernetes_service_account.main",
            "module.namespace.helm_release.app-namespace",
            "module.project-services.data.google_compute_default_service_account.default",
            "module.project-services.google_project_iam_member.project_service_identity_roles",
            "module.project-services.google_project_service.project_services",
            "module.project-services.google_project_service_identity.project_service_identities"
          ]
        }
      ]
    },
    {
      "module": "module.jupyterhub.module.jupyterhub-workload-identity",
      "mode": "managed",
      "type": "kubernetes_service_account",
      "name": "main",
      "provider": "provider[\"registry.terraform.io/hashicorp/kubernetes\"].jupyter",
      "instances": [
        {
          "index_key": 0,
          "schema_version": 0,
          "attributes": {
            "automount_service_account_token": false,
            "default_secret_name": "",
            "id": "jupyter-test/jupyter-sa",
            "image_pull_secret": [],
            "metadata": [
              {
                "annotations": {
                  "iam.gke.io/gcp-service-account": "jupyter-sa@genlu-gke-dev.iam.gserviceaccount.com"
                },
                "generate_name": "",
                "generation": 0,
                "labels": null,
                "name": "jupyter-sa",
                "namespace": "jupyter-test",
                "resource_version": "20864064",
                "uid": "65d05deb-fbd8-4f14-ba89-94ccafbc3e49"
              }
            ],
            "secret": [],
            "timeouts": null
          },
          "sensitive_attributes": [],
          "private": "eyJlMmJmYjczMC1lY2FhLTExZTYtOGY4OC0zNDM2M2JjN2M0YzAiOnsiY3JlYXRlIjozMDAwMDAwMDAwMH19",
          "dependencies": [
            "data.google_client_config.default",
            "data.google_container_cluster.default",
            "data.google_project.project",
            "module.infra.data.google_compute_subnetwork.subnetwork",
            "module.infra.module.custom-network.google_compute_global_address.google-managed-services-range",
            "module.infra.module.custom-network.google_compute_network.network",
            "module.infra.module.custom-network.google_compute_subnetwork.subnetwork",
            "module.infra.module.custom-network.google_service_networking_connection.private_service_access",
            "module.infra.module.private-gke-autopilot-cluster.google_gke_hub_membership.gke-fleet",
            "module.infra.module.private-gke-autopilot-cluster.module.gke.data.google_compute_subnetwork.gke_subnetwork",
            "module.infra.module.private-gke-autopilot-cluster.module.gke.data.google_compute_zones.available",
            "module.infra.module.private-gke-autopilot-cluster.module.gke.data.google_container_engine_versions.region",
            "module.infra.module.private-gke-autopilot-cluster.module.gke.data.google_container_engine_versions.zone",
            "module.infra.module.private-gke-autopilot-cluster.module.gke.google_compute_firewall.intra_egress",
            "module.infra.module.private-gke-autopilot-cluster.module.gke.google_compute_firewall.master_webhooks",
            "module.infra.module.private-gke-autopilot-cluster.module.gke.google_compute_firewall.shadow_allow_inkubelet",
            "module.infra.module.private-gke-autopilot-cluster.module.gke.google_compute_firewall.shadow_allow_master",
            "module.infra.module.private-gke-autopilot-cluster.module.gke.google_compute_firewall.shadow_allow_nodes",
            "module.infra.module.private-gke-autopilot-cluster.module.gke.google_compute_firewall.shadow_allow_pods",
            "module.infra.module.private-gke-autopilot-cluster.module.gke.google_compute_firewall.shadow_deny_exkubelet",
            "module.infra.module.private-gke-autopilot-cluster.module.gke.google_compute_firewall.tpu_egress",
            "module.infra.module.private-gke-autopilot-cluster.module.gke.google_container_cluster.primary",
            "module.infra.module.private-gke-autopilot-cluster.module.gke.google_project_iam_member.cluster_service_account-artifact-registry",
            "module.infra.module.private-gke-autopilot-cluster.module.gke.google_project_iam_member.cluster_service_account-gcr",
            "module.infra.module.private-gke-autopilot-cluster.module.gke.google_project_iam_member.cluster_service_account-metric_writer",
            "module.infra.module.private-gke-autopilot-cluster.module.gke.google_project_iam_member.cluster_service_account-nodeService_account",
            "module.infra.module.private-gke-autopilot-cluster.module.gke.google_project_iam_member.cluster_service_account-resourceMetadata-writer",
            "module.infra.module.private-gke-autopilot-cluster.module.gke.google_project_iam_member.service_agent",
            "module.infra.module.private-gke-autopilot-cluster.module.gke.google_project_service_identity.fleet_project",
            "module.infra.module.private-gke-autopilot-cluster.module.gke.google_service_account.cluster_service_account",
            "module.infra.module.private-gke-autopilot-cluster.module.gke.kubernetes_config_map.ip-masq-agent",
            "module.infra.module.private-gke-autopilot-cluster.module.gke.kubernetes_config_map_v1_data.kube-dns",
            "module.infra.module.private-gke-autopilot-cluster.module.gke.kubernetes_config_map_v1_data.kube-dns-upstream-nameservers-and-stub-domains",
            "module.infra.module.private-gke-autopilot-cluster.module.gke.kubernetes_config_map_v1_data.kube-dns-upstream-namservers",
            "module.infra.module.private-gke-autopilot-cluster.module.gke.random_shuffle.available_zones",
            "module.infra.module.private-gke-autopilot-cluster.module.gke.random_string.cluster_service_account_suffix",
            "module.infra.module.private-gke-standard-cluster.google_gke_hub_membership.gke-fleet",
            "module.infra.module.private-gke-standard-cluster.module.gke.data.google_compute_subnetwork.gke_subnetwork",
            "module.infra.module.private-gke-standard-cluster.module.gke.data.google_compute_zones.available",
            "module.infra.module.private-gke-standard-cluster.module.gke.data.google_container_engine_versions.region",
            "module.infra.module.private-gke-standard-cluster.module.gke.data.google_container_engine_versions.zone",
            "module.infra.module.private-gke-standard-cluster.module.gke.google_compute_firewall.intra_egress",
            "module.infra.module.private-gke-standard-cluster.module.gke.google_compute_firewall.master_webhooks",
            "module.infra.module.private-gke-standard-cluster.module.gke.google_compute_firewall.shadow_allow_inkubelet",
            "module.infra.module.private-gke-standard-cluster.module.gke.google_compute_firewall.shadow_allow_master",
            "module.infra.module.private-gke-standard-cluster.module.gke.google_compute_firewall.shadow_allow_nodes",
            "module.infra.module.private-gke-standard-cluster.module.gke.google_compute_firewall.shadow_allow_pods",
            "module.infra.module.private-gke-standard-cluster.module.gke.google_compute_firewall.shadow_deny_exkubelet",
            "module.infra.module.private-gke-standard-cluster.module.gke.google_compute_firewall.tpu_egress",
            "module.infra.module.private-gke-standard-cluster.module.gke.google_container_cluster.primary",
            "module.infra.module.private-gke-standard-cluster.module.gke.google_container_node_pool.pools",
            "module.infra.module.private-gke-standard-cluster.module.gke.google_container_node_pool.windows_pools",
            "module.infra.module.private-gke-standard-cluster.module.gke.google_project_iam_member.cluster_service_account-artifact-registry",
            "module.infra.module.private-gke-standard-cluster.module.gke.google_project_iam_member.cluster_service_account-gcr",
            "module.infra.module.private-gke-standard-cluster.module.gke.google_project_iam_member.cluster_service_account-metric_writer",
            "module.infra.module.private-gke-standard-cluster.module.gke.google_project_iam_member.cluster_service_account-nodeService_account",
            "module.infra.module.private-gke-standard-cluster.module.gke.google_project_iam_member.cluster_service_account-resourceMetadata-writer",
            "module.infra.module.private-gke-standard-cluster.module.gke.google_service_account.cluster_service_account",
            "module.infra.module.private-gke-standard-cluster.module.gke.kubernetes_config_map.ip-masq-agent",
            "module.infra.module.private-gke-standard-cluster.module.gke.kubernetes_config_map_v1_data.kube-dns",
            "module.infra.module.private-gke-standard-cluster.module.gke.kubernetes_config_map_v1_data.kube-dns-upstream-nameservers-and-stub-domains",
            "module.infra.module.private-gke-standard-cluster.module.gke.kubernetes_config_map_v1_data.kube-dns-upstream-namservers",
            "module.infra.module.private-gke-standard-cluster.module.gke.random_shuffle.available_zones",
            "module.infra.module.private-gke-standard-cluster.module.gke.random_string.cluster_service_account_suffix",
            "module.infra.module.public-gke-autopilot-cluster.module.gke.data.google_compute_subnetwork.gke_subnetwork",
            "module.infra.module.public-gke-autopilot-cluster.module.gke.data.google_compute_zones.available",
            "module.infra.module.public-gke-autopilot-cluster.module.gke.data.google_container_engine_versions.region",
            "module.infra.module.public-gke-autopilot-cluster.module.gke.data.google_container_engine_versions.zone",
            "module.infra.module.public-gke-autopilot-cluster.module.gke.google_compute_firewall.intra_egress",
            "module.infra.module.public-gke-autopilot-cluster.module.gke.google_compute_firewall.master_webhooks",
            "module.infra.module.public-gke-autopilot-cluster.module.gke.google_compute_firewall.shadow_allow_inkubelet",
            "module.infra.module.public-gke-autopilot-cluster.module.gke.google_compute_firewall.shadow_allow_master",
            "module.infra.module.public-gke-autopilot-cluster.module.gke.google_compute_firewall.shadow_allow_nodes",
            "module.infra.module.public-gke-autopilot-cluster.module.gke.google_compute_firewall.shadow_allow_pods",
            "module.infra.module.public-gke-autopilot-cluster.module.gke.google_compute_firewall.shadow_deny_exkubelet",
            "module.infra.module.public-gke-autopilot-cluster.module.gke.google_compute_firewall.tpu_egress",
            "module.infra.module.public-gke-autopilot-cluster.module.gke.google_container_cluster.primary",
            "module.infra.module.public-gke-autopilot-cluster.module.gke.google_project_iam_member.cluster_service_account-artifact-registry",
            "module.infra.module.public-gke-autopilot-cluster.module.gke.google_project_iam_member.cluster_service_account-gcr",
            "module.infra.module.public-gke-autopilot-cluster.module.gke.google_project_iam_member.cluster_service_account-metric_writer",
            "module.infra.module.public-gke-autopilot-cluster.module.gke.google_project_iam_member.cluster_service_account-nodeService_account",
            "module.infra.module.public-gke-autopilot-cluster.module.gke.google_project_iam_member.cluster_service_account-resourceMetadata-writer",
            "module.infra.module.public-gke-autopilot-cluster.module.gke.google_project_iam_member.service_agent",
            "module.infra.module.public-gke-autopilot-cluster.module.gke.google_project_service_identity.fleet_project",
            "module.infra.module.public-gke-autopilot-cluster.module.gke.google_service_account.cluster_service_account",
            "module.infra.module.public-gke-autopilot-cluster.module.gke.kubernetes_config_map.ip-masq-agent",
            "module.infra.module.public-gke-autopilot-cluster.module.gke.kubernetes_config_map_v1_data.kube-dns",
            "module.infra.module.public-gke-autopilot-cluster.module.gke.kubernetes_config_map_v1_data.kube-dns-upstream-nameservers-and-stub-domains",
            "module.infra.module.public-gke-autopilot-cluster.module.gke.kubernetes_config_map_v1_data.kube-dns-upstream-namservers",
            "module.infra.module.public-gke-autopilot-cluster.module.gke.random_shuffle.available_zones",
            "module.infra.module.public-gke-autopilot-cluster.module.gke.random_string.cluster_service_account_suffix",
            "module.infra.module.public-gke-standard-cluster.module.gke.data.google_compute_subnetwork.gke_subnetwork",
            "module.infra.module.public-gke-standard-cluster.module.gke.data.google_compute_zones.available",
            "module.infra.module.public-gke-standard-cluster.module.gke.data.google_container_engine_versions.region",
            "module.infra.module.public-gke-standard-cluster.module.gke.data.google_container_engine_versions.zone",
            "module.infra.module.public-gke-standard-cluster.module.gke.google_compute_firewall.intra_egress",
            "module.infra.module.public-gke-standard-cluster.module.gke.google_compute_firewall.master_webhooks",
            "module.infra.module.public-gke-standard-cluster.module.gke.google_compute_firewall.shadow_allow_inkubelet",
            "module.infra.module.public-gke-standard-cluster.module.gke.google_compute_firewall.shadow_allow_master",
            "module.infra.module.public-gke-standard-cluster.module.gke.google_compute_firewall.shadow_allow_nodes",
            "module.infra.module.public-gke-standard-cluster.module.gke.google_compute_firewall.shadow_allow_pods",
            "module.infra.module.public-gke-standard-cluster.module.gke.google_compute_firewall.shadow_deny_exkubelet",
            "module.infra.module.public-gke-standard-cluster.module.gke.google_compute_firewall.tpu_egress",
            "module.infra.module.public-gke-standard-cluster.module.gke.google_container_cluster.primary",
            "module.infra.module.public-gke-standard-cluster.module.gke.google_container_node_pool.pools",
            "module.infra.module.public-gke-standard-cluster.module.gke.google_container_node_pool.windows_pools",
            "module.infra.module.public-gke-standard-cluster.module.gke.google_project_iam_member.cluster_service_account-artifact-registry",
            "module.infra.module.public-gke-standard-cluster.module.gke.google_project_iam_member.cluster_service_account-gcr",
            "module.infra.module.public-gke-standard-cluster.module.gke.google_project_iam_member.cluster_service_account-metric_writer",
            "module.infra.module.public-gke-standard-cluster.module.gke.google_project_iam_member.cluster_service_account-nodeService_account",
            "module.infra.module.public-gke-standard-cluster.module.gke.google_project_iam_member.cluster_service_account-resourceMetadata-writer",
            "module.infra.module.public-gke-standard-cluster.module.gke.google_service_account.cluster_service_account",
            "module.infra.module.public-gke-standard-cluster.module.gke.kubernetes_config_map.ip-masq-agent",
            "module.infra.module.public-gke-standard-cluster.module.gke.kubernetes_config_map_v1_data.kube-dns",
            "module.infra.module.public-gke-standard-cluster.module.gke.kubernetes_config_map_v1_data.kube-dns-upstream-nameservers-and-stub-domains",
            "module.infra.module.public-gke-standard-cluster.module.gke.kubernetes_config_map_v1_data.kube-dns-upstream-namservers",
            "module.infra.module.public-gke-standard-cluster.module.gke.random_shuffle.available_zones",
            "module.infra.module.public-gke-standard-cluster.module.gke.random_string.cluster_service_account_suffix",
            "module.jupyterhub.module.jupyterhub-workload-identity.data.google_service_account.cluster_service_account",
            "module.jupyterhub.module.jupyterhub-workload-identity.google_service_account.cluster_service_account",
            "module.namespace.helm_release.app-namespace",
            "module.project-services.data.google_compute_default_service_account.default",
            "module.project-services.google_project_iam_member.project_service_identity_roles",
            "module.project-services.google_project_service.project_services",
            "module.project-services.google_project_service_identity.project_service_identities"
          ]
        }
      ]
    },
    {
      "module": "module.namespace",
      "mode": "managed",
      "type": "helm_release",
      "name": "app-namespace",
      "provider": "provider[\"registry.terraform.io/hashicorp/helm\"].jupyter",
      "instances": [
        {
          "schema_version": 0,
          "attributes": {
            "atomic": false,
            "chart": "../../modules/kubernetes-namespace/charts/namespace/",
            "cleanup_on_fail": false,
            "create_namespace": true,
            "dependency_update": false,
            "description": null,
            "devel": null,
            "disable_crd_hooks": false,
            "disable_openapi_validation": false,
            "disable_webhooks": false,
            "force_update": false,
            "id": "app-namespace",
            "keyring": null,
            "lint": false,
            "manifest": null,
            "max_history": 0,
            "metadata": [
              {
                "app_version": "1.0.0",
                "chart": "ns",
                "name": "app-namespace",
                "namespace": "jupyter-test",
                "revision": 1,
                "values": "{}",
                "version": "0.1.0"
              }
            ],
            "name": "app-namespace",
            "namespace": "jupyter-test",
            "pass_credentials": false,
            "postrender": [],
            "recreate_pods": false,
            "render_subchart_notes": true,
            "replace": false,
            "repository": null,
            "repository_ca_file": null,
            "repository_cert_file": null,
            "repository_key_file": null,
            "repository_password": null,
            "repository_username": null,
            "reset_values": false,
            "reuse_values": false,
            "set": [],
            "set_sensitive": [],
            "skip_crds": false,
            "status": "deployed",
            "timeout": 300,
            "values": null,
            "verify": false,
            "version": "0.1.0",
            "wait": true,
            "wait_for_jobs": false
          },
          "sensitive_attributes": [],
          "private": "bnVsbA==",
          "dependencies": [
            "data.google_client_config.default",
            "data.google_container_cluster.default",
            "data.google_project.project",
            "module.infra.data.google_compute_subnetwork.subnetwork",
            "module.infra.module.custom-network.google_compute_global_address.google-managed-services-range",
            "module.infra.module.custom-network.google_compute_network.network",
            "module.infra.module.custom-network.google_compute_subnetwork.subnetwork",
            "module.infra.module.custom-network.google_service_networking_connection.private_service_access",
            "module.infra.module.private-gke-autopilot-cluster.google_gke_hub_membership.gke-fleet",
            "module.infra.module.private-gke-autopilot-cluster.module.gke.data.google_compute_subnetwork.gke_subnetwork",
            "module.infra.module.private-gke-autopilot-cluster.module.gke.data.google_compute_zones.available",
            "module.infra.module.private-gke-autopilot-cluster.module.gke.data.google_container_engine_versions.region",
            "module.infra.module.private-gke-autopilot-cluster.module.gke.data.google_container_engine_versions.zone",
            "module.infra.module.private-gke-autopilot-cluster.module.gke.google_compute_firewall.intra_egress",
            "module.infra.module.private-gke-autopilot-cluster.module.gke.google_compute_firewall.master_webhooks",
            "module.infra.module.private-gke-autopilot-cluster.module.gke.google_compute_firewall.shadow_allow_inkubelet",
            "module.infra.module.private-gke-autopilot-cluster.module.gke.google_compute_firewall.shadow_allow_master",
            "module.infra.module.private-gke-autopilot-cluster.module.gke.google_compute_firewall.shadow_allow_nodes",
            "module.infra.module.private-gke-autopilot-cluster.module.gke.google_compute_firewall.shadow_allow_pods",
            "module.infra.module.private-gke-autopilot-cluster.module.gke.google_compute_firewall.shadow_deny_exkubelet",
            "module.infra.module.private-gke-autopilot-cluster.module.gke.google_compute_firewall.tpu_egress",
            "module.infra.module.private-gke-autopilot-cluster.module.gke.google_container_cluster.primary",
            "module.infra.module.private-gke-autopilot-cluster.module.gke.google_project_iam_member.cluster_service_account-artifact-registry",
            "module.infra.module.private-gke-autopilot-cluster.module.gke.google_project_iam_member.cluster_service_account-gcr",
            "module.infra.module.private-gke-autopilot-cluster.module.gke.google_project_iam_member.cluster_service_account-metric_writer",
            "module.infra.module.private-gke-autopilot-cluster.module.gke.google_project_iam_member.cluster_service_account-nodeService_account",
            "module.infra.module.private-gke-autopilot-cluster.module.gke.google_project_iam_member.cluster_service_account-resourceMetadata-writer",
            "module.infra.module.private-gke-autopilot-cluster.module.gke.google_project_iam_member.service_agent",
            "module.infra.module.private-gke-autopilot-cluster.module.gke.google_project_service_identity.fleet_project",
            "module.infra.module.private-gke-autopilot-cluster.module.gke.google_service_account.cluster_service_account",
            "module.infra.module.private-gke-autopilot-cluster.module.gke.kubernetes_config_map.ip-masq-agent",
            "module.infra.module.private-gke-autopilot-cluster.module.gke.kubernetes_config_map_v1_data.kube-dns",
            "module.infra.module.private-gke-autopilot-cluster.module.gke.kubernetes_config_map_v1_data.kube-dns-upstream-nameservers-and-stub-domains",
            "module.infra.module.private-gke-autopilot-cluster.module.gke.kubernetes_config_map_v1_data.kube-dns-upstream-namservers",
            "module.infra.module.private-gke-autopilot-cluster.module.gke.random_shuffle.available_zones",
            "module.infra.module.private-gke-autopilot-cluster.module.gke.random_string.cluster_service_account_suffix",
            "module.infra.module.private-gke-standard-cluster.google_gke_hub_membership.gke-fleet",
            "module.infra.module.private-gke-standard-cluster.module.gke.data.google_compute_subnetwork.gke_subnetwork",
            "module.infra.module.private-gke-standard-cluster.module.gke.data.google_compute_zones.available",
            "module.infra.module.private-gke-standard-cluster.module.gke.data.google_container_engine_versions.region",
            "module.infra.module.private-gke-standard-cluster.module.gke.data.google_container_engine_versions.zone",
            "module.infra.module.private-gke-standard-cluster.module.gke.google_compute_firewall.intra_egress",
            "module.infra.module.private-gke-standard-cluster.module.gke.google_compute_firewall.master_webhooks",
            "module.infra.module.private-gke-standard-cluster.module.gke.google_compute_firewall.shadow_allow_inkubelet",
            "module.infra.module.private-gke-standard-cluster.module.gke.google_compute_firewall.shadow_allow_master",
            "module.infra.module.private-gke-standard-cluster.module.gke.google_compute_firewall.shadow_allow_nodes",
            "module.infra.module.private-gke-standard-cluster.module.gke.google_compute_firewall.shadow_allow_pods",
            "module.infra.module.private-gke-standard-cluster.module.gke.google_compute_firewall.shadow_deny_exkubelet",
            "module.infra.module.private-gke-standard-cluster.module.gke.google_compute_firewall.tpu_egress",
            "module.infra.module.private-gke-standard-cluster.module.gke.google_container_cluster.primary",
            "module.infra.module.private-gke-standard-cluster.module.gke.google_container_node_pool.pools",
            "module.infra.module.private-gke-standard-cluster.module.gke.google_container_node_pool.windows_pools",
            "module.infra.module.private-gke-standard-cluster.module.gke.google_project_iam_member.cluster_service_account-artifact-registry",
            "module.infra.module.private-gke-standard-cluster.module.gke.google_project_iam_member.cluster_service_account-gcr",
            "module.infra.module.private-gke-standard-cluster.module.gke.google_project_iam_member.cluster_service_account-metric_writer",
            "module.infra.module.private-gke-standard-cluster.module.gke.google_project_iam_member.cluster_service_account-nodeService_account",
            "module.infra.module.private-gke-standard-cluster.module.gke.google_project_iam_member.cluster_service_account-resourceMetadata-writer",
            "module.infra.module.private-gke-standard-cluster.module.gke.google_service_account.cluster_service_account",
            "module.infra.module.private-gke-standard-cluster.module.gke.kubernetes_config_map.ip-masq-agent",
            "module.infra.module.private-gke-standard-cluster.module.gke.kubernetes_config_map_v1_data.kube-dns",
            "module.infra.module.private-gke-standard-cluster.module.gke.kubernetes_config_map_v1_data.kube-dns-upstream-nameservers-and-stub-domains",
            "module.infra.module.private-gke-standard-cluster.module.gke.kubernetes_config_map_v1_data.kube-dns-upstream-namservers",
            "module.infra.module.private-gke-standard-cluster.module.gke.random_shuffle.available_zones",
            "module.infra.module.private-gke-standard-cluster.module.gke.random_string.cluster_service_account_suffix",
            "module.infra.module.public-gke-autopilot-cluster.module.gke.data.google_compute_subnetwork.gke_subnetwork",
            "module.infra.module.public-gke-autopilot-cluster.module.gke.data.google_compute_zones.available",
            "module.infra.module.public-gke-autopilot-cluster.module.gke.data.google_container_engine_versions.region",
            "module.infra.module.public-gke-autopilot-cluster.module.gke.data.google_container_engine_versions.zone",
            "module.infra.module.public-gke-autopilot-cluster.module.gke.google_compute_firewall.intra_egress",
            "module.infra.module.public-gke-autopilot-cluster.module.gke.google_compute_firewall.master_webhooks",
            "module.infra.module.public-gke-autopilot-cluster.module.gke.google_compute_firewall.shadow_allow_inkubelet",
            "module.infra.module.public-gke-autopilot-cluster.module.gke.google_compute_firewall.shadow_allow_master",
            "module.infra.module.public-gke-autopilot-cluster.module.gke.google_compute_firewall.shadow_allow_nodes",
            "module.infra.module.public-gke-autopilot-cluster.module.gke.google_compute_firewall.shadow_allow_pods",
            "module.infra.module.public-gke-autopilot-cluster.module.gke.google_compute_firewall.shadow_deny_exkubelet",
            "module.infra.module.public-gke-autopilot-cluster.module.gke.google_compute_firewall.tpu_egress",
            "module.infra.module.public-gke-autopilot-cluster.module.gke.google_container_cluster.primary",
            "module.infra.module.public-gke-autopilot-cluster.module.gke.google_project_iam_member.cluster_service_account-artifact-registry",
            "module.infra.module.public-gke-autopilot-cluster.module.gke.google_project_iam_member.cluster_service_account-gcr",
            "module.infra.module.public-gke-autopilot-cluster.module.gke.google_project_iam_member.cluster_service_account-metric_writer",
            "module.infra.module.public-gke-autopilot-cluster.module.gke.google_project_iam_member.cluster_service_account-nodeService_account",
            "module.infra.module.public-gke-autopilot-cluster.module.gke.google_project_iam_member.cluster_service_account-resourceMetadata-writer",
            "module.infra.module.public-gke-autopilot-cluster.module.gke.google_project_iam_member.service_agent",
            "module.infra.module.public-gke-autopilot-cluster.module.gke.google_project_service_identity.fleet_project",
            "module.infra.module.public-gke-autopilot-cluster.module.gke.google_service_account.cluster_service_account",
            "module.infra.module.public-gke-autopilot-cluster.module.gke.kubernetes_config_map.ip-masq-agent",
            "module.infra.module.public-gke-autopilot-cluster.module.gke.kubernetes_config_map_v1_data.kube-dns",
            "module.infra.module.public-gke-autopilot-cluster.module.gke.kubernetes_config_map_v1_data.kube-dns-upstream-nameservers-and-stub-domains",
            "module.infra.module.public-gke-autopilot-cluster.module.gke.kubernetes_config_map_v1_data.kube-dns-upstream-namservers",
            "module.infra.module.public-gke-autopilot-cluster.module.gke.random_shuffle.available_zones",
            "module.infra.module.public-gke-autopilot-cluster.module.gke.random_string.cluster_service_account_suffix",
            "module.infra.module.public-gke-standard-cluster.module.gke.data.google_compute_subnetwork.gke_subnetwork",
            "module.infra.module.public-gke-standard-cluster.module.gke.data.google_compute_zones.available",
            "module.infra.module.public-gke-standard-cluster.module.gke.data.google_container_engine_versions.region",
            "module.infra.module.public-gke-standard-cluster.module.gke.data.google_container_engine_versions.zone",
            "module.infra.module.public-gke-standard-cluster.module.gke.google_compute_firewall.intra_egress",
            "module.infra.module.public-gke-standard-cluster.module.gke.google_compute_firewall.master_webhooks",
            "module.infra.module.public-gke-standard-cluster.module.gke.google_compute_firewall.shadow_allow_inkubelet",
            "module.infra.module.public-gke-standard-cluster.module.gke.google_compute_firewall.shadow_allow_master",
            "module.infra.module.public-gke-standard-cluster.module.gke.google_compute_firewall.shadow_allow_nodes",
            "module.infra.module.public-gke-standard-cluster.module.gke.google_compute_firewall.shadow_allow_pods",
            "module.infra.module.public-gke-standard-cluster.module.gke.google_compute_firewall.shadow_deny_exkubelet",
            "module.infra.module.public-gke-standard-cluster.module.gke.google_compute_firewall.tpu_egress",
            "module.infra.module.public-gke-standard-cluster.module.gke.google_container_cluster.primary",
            "module.infra.module.public-gke-standard-cluster.module.gke.google_container_node_pool.pools",
            "module.infra.module.public-gke-standard-cluster.module.gke.google_container_node_pool.windows_pools",
            "module.infra.module.public-gke-standard-cluster.module.gke.google_project_iam_member.cluster_service_account-artifact-registry",
            "module.infra.module.public-gke-standard-cluster.module.gke.google_project_iam_member.cluster_service_account-gcr",
            "module.infra.module.public-gke-standard-cluster.module.gke.google_project_iam_member.cluster_service_account-metric_writer",
            "module.infra.module.public-gke-standard-cluster.module.gke.google_project_iam_member.cluster_service_account-nodeService_account",
            "module.infra.module.public-gke-standard-cluster.module.gke.google_project_iam_member.cluster_service_account-resourceMetadata-writer",
            "module.infra.module.public-gke-standard-cluster.module.gke.google_service_account.cluster_service_account",
            "module.infra.module.public-gke-standard-cluster.module.gke.kubernetes_config_map.ip-masq-agent",
            "module.infra.module.public-gke-standard-cluster.module.gke.kubernetes_config_map_v1_data.kube-dns",
            "module.infra.module.public-gke-standard-cluster.module.gke.kubernetes_config_map_v1_data.kube-dns-upstream-nameservers-and-stub-domains",
            "module.infra.module.public-gke-standard-cluster.module.gke.kubernetes_config_map_v1_data.kube-dns-upstream-namservers",
            "module.infra.module.public-gke-standard-cluster.module.gke.random_shuffle.available_zones",
            "module.infra.module.public-gke-standard-cluster.module.gke.random_string.cluster_service_account_suffix",
            "module.project-services.data.google_compute_default_service_account.default",
            "module.project-services.google_project_iam_member.project_service_identity_roles",
            "module.project-services.google_project_service.project_services",
            "module.project-services.google_project_service_identity.project_service_identities"
          ]
        }
      ]
    },
    {
      "module": "module.project-services",
      "mode": "managed",
      "type": "google_project_service",
      "name": "project_services",
      "provider": "provider[\"registry.terraform.io/hashicorp/google\"]",
      "instances": [
        {
          "index_key": "autoscaling.googleapis.com",
          "schema_version": 0,
          "attributes": {
            "disable_dependent_services": false,
            "disable_on_destroy": false,
            "id": "genlu-gke-dev/autoscaling.googleapis.com",
            "project": "genlu-gke-dev",
            "service": "autoscaling.googleapis.com",
            "timeouts": null
          },
          "sensitive_attributes": [],
          "private": "eyJlMmJmYjczMC1lY2FhLTExZTYtOGY4OC0zNDM2M2JjN2M0YzAiOnsiY3JlYXRlIjoxMjAwMDAwMDAwMDAwLCJkZWxldGUiOjEyMDAwMDAwMDAwMDAsInJlYWQiOjYwMDAwMDAwMDAwMCwidXBkYXRlIjoxMjAwMDAwMDAwMDAwfX0="
        },
        {
          "index_key": "cloudbuild.googleapis.com",
          "schema_version": 0,
          "attributes": {
            "disable_dependent_services": false,
            "disable_on_destroy": false,
            "id": "genlu-gke-dev/cloudbuild.googleapis.com",
            "project": "genlu-gke-dev",
            "service": "cloudbuild.googleapis.com",
            "timeouts": null
          },
          "sensitive_attributes": [],
          "private": "eyJlMmJmYjczMC1lY2FhLTExZTYtOGY4OC0zNDM2M2JjN2M0YzAiOnsiY3JlYXRlIjoxMjAwMDAwMDAwMDAwLCJkZWxldGUiOjEyMDAwMDAwMDAwMDAsInJlYWQiOjYwMDAwMDAwMDAwMCwidXBkYXRlIjoxMjAwMDAwMDAwMDAwfX0="
        },
        {
          "index_key": "cloudresourcemanager.googleapis.com",
          "schema_version": 0,
          "attributes": {
            "disable_dependent_services": false,
            "disable_on_destroy": false,
            "id": "genlu-gke-dev/cloudresourcemanager.googleapis.com",
            "project": "genlu-gke-dev",
            "service": "cloudresourcemanager.googleapis.com",
            "timeouts": null
          },
          "sensitive_attributes": [],
          "private": "eyJlMmJmYjczMC1lY2FhLTExZTYtOGY4OC0zNDM2M2JjN2M0YzAiOnsiY3JlYXRlIjoxMjAwMDAwMDAwMDAwLCJkZWxldGUiOjEyMDAwMDAwMDAwMDAsInJlYWQiOjYwMDAwMDAwMDAwMCwidXBkYXRlIjoxMjAwMDAwMDAwMDAwfX0="
        },
        {
          "index_key": "compute.googleapis.com",
          "schema_version": 0,
          "attributes": {
            "disable_dependent_services": false,
            "disable_on_destroy": false,
            "id": "genlu-gke-dev/compute.googleapis.com",
            "project": "genlu-gke-dev",
            "service": "compute.googleapis.com",
            "timeouts": null
          },
          "sensitive_attributes": [],
          "private": "eyJlMmJmYjczMC1lY2FhLTExZTYtOGY4OC0zNDM2M2JjN2M0YzAiOnsiY3JlYXRlIjoxMjAwMDAwMDAwMDAwLCJkZWxldGUiOjEyMDAwMDAwMDAwMDAsInJlYWQiOjYwMDAwMDAwMDAwMCwidXBkYXRlIjoxMjAwMDAwMDAwMDAwfX0="
        },
        {
          "index_key": "config.googleapis.com",
          "schema_version": 0,
          "attributes": {
            "disable_dependent_services": false,
            "disable_on_destroy": false,
            "id": "genlu-gke-dev/config.googleapis.com",
            "project": "genlu-gke-dev",
            "service": "config.googleapis.com",
            "timeouts": null
          },
          "sensitive_attributes": [],
          "private": "eyJlMmJmYjczMC1lY2FhLTExZTYtOGY4OC0zNDM2M2JjN2M0YzAiOnsiY3JlYXRlIjoxMjAwMDAwMDAwMDAwLCJkZWxldGUiOjEyMDAwMDAwMDAwMDAsInJlYWQiOjYwMDAwMDAwMDAwMCwidXBkYXRlIjoxMjAwMDAwMDAwMDAwfX0="
        },
        {
          "index_key": "connectgateway.googleapis.com",
          "schema_version": 0,
          "attributes": {
            "disable_dependent_services": false,
            "disable_on_destroy": false,
            "id": "genlu-gke-dev/connectgateway.googleapis.com",
            "project": "genlu-gke-dev",
            "service": "connectgateway.googleapis.com",
            "timeouts": null
          },
          "sensitive_attributes": [],
          "private": "eyJlMmJmYjczMC1lY2FhLTExZTYtOGY4OC0zNDM2M2JjN2M0YzAiOnsiY3JlYXRlIjoxMjAwMDAwMDAwMDAwLCJkZWxldGUiOjEyMDAwMDAwMDAwMDAsInJlYWQiOjYwMDAwMDAwMDAwMCwidXBkYXRlIjoxMjAwMDAwMDAwMDAwfX0="
        },
        {
          "index_key": "container.googleapis.com",
          "schema_version": 0,
          "attributes": {
            "disable_dependent_services": false,
            "disable_on_destroy": false,
            "id": "genlu-gke-dev/container.googleapis.com",
            "project": "genlu-gke-dev",
            "service": "container.googleapis.com",
            "timeouts": null
          },
          "sensitive_attributes": [],
          "private": "eyJlMmJmYjczMC1lY2FhLTExZTYtOGY4OC0zNDM2M2JjN2M0YzAiOnsiY3JlYXRlIjoxMjAwMDAwMDAwMDAwLCJkZWxldGUiOjEyMDAwMDAwMDAwMDAsInJlYWQiOjYwMDAwMDAwMDAwMCwidXBkYXRlIjoxMjAwMDAwMDAwMDAwfX0="
        },
        {
          "index_key": "containerfilesystem.googleapis.com",
          "schema_version": 0,
          "attributes": {
            "disable_dependent_services": false,
            "disable_on_destroy": false,
            "id": "genlu-gke-dev/containerfilesystem.googleapis.com",
            "project": "genlu-gke-dev",
            "service": "containerfilesystem.googleapis.com",
            "timeouts": null
          },
          "sensitive_attributes": [],
          "private": "eyJlMmJmYjczMC1lY2FhLTExZTYtOGY4OC0zNDM2M2JjN2M0YzAiOnsiY3JlYXRlIjoxMjAwMDAwMDAwMDAwLCJkZWxldGUiOjEyMDAwMDAwMDAwMDAsInJlYWQiOjYwMDAwMDAwMDAwMCwidXBkYXRlIjoxMjAwMDAwMDAwMDAwfX0="
        },
        {
          "index_key": "dns.googleapis.com",
          "schema_version": 0,
          "attributes": {
            "disable_dependent_services": false,
            "disable_on_destroy": false,
            "id": "genlu-gke-dev/dns.googleapis.com",
            "project": "genlu-gke-dev",
            "service": "dns.googleapis.com",
            "timeouts": null
          },
          "sensitive_attributes": [],
          "private": "eyJlMmJmYjczMC1lY2FhLTExZTYtOGY4OC0zNDM2M2JjN2M0YzAiOnsiY3JlYXRlIjoxMjAwMDAwMDAwMDAwLCJkZWxldGUiOjEyMDAwMDAwMDAwMDAsInJlYWQiOjYwMDAwMDAwMDAwMCwidXBkYXRlIjoxMjAwMDAwMDAwMDAwfX0="
        },
        {
          "index_key": "gkehub.googleapis.com",
          "schema_version": 0,
          "attributes": {
            "disable_dependent_services": false,
            "disable_on_destroy": false,
            "id": "genlu-gke-dev/gkehub.googleapis.com",
            "project": "genlu-gke-dev",
            "service": "gkehub.googleapis.com",
            "timeouts": null
          },
          "sensitive_attributes": [],
          "private": "eyJlMmJmYjczMC1lY2FhLTExZTYtOGY4OC0zNDM2M2JjN2M0YzAiOnsiY3JlYXRlIjoxMjAwMDAwMDAwMDAwLCJkZWxldGUiOjEyMDAwMDAwMDAwMDAsInJlYWQiOjYwMDAwMDAwMDAwMCwidXBkYXRlIjoxMjAwMDAwMDAwMDAwfX0="
        },
        {
          "index_key": "iamcredentials.googleapis.com",
          "schema_version": 0,
          "attributes": {
            "disable_dependent_services": false,
            "disable_on_destroy": false,
            "id": "genlu-gke-dev/iamcredentials.googleapis.com",
            "project": "genlu-gke-dev",
            "service": "iamcredentials.googleapis.com",
            "timeouts": null
          },
          "sensitive_attributes": [],
          "private": "eyJlMmJmYjczMC1lY2FhLTExZTYtOGY4OC0zNDM2M2JjN2M0YzAiOnsiY3JlYXRlIjoxMjAwMDAwMDAwMDAwLCJkZWxldGUiOjEyMDAwMDAwMDAwMDAsInJlYWQiOjYwMDAwMDAwMDAwMCwidXBkYXRlIjoxMjAwMDAwMDAwMDAwfX0="
        },
        {
          "index_key": "iap.googleapis.com",
          "schema_version": 0,
          "attributes": {
            "disable_dependent_services": false,
            "disable_on_destroy": false,
            "id": "genlu-gke-dev/iap.googleapis.com",
            "project": "genlu-gke-dev",
            "service": "iap.googleapis.com",
            "timeouts": null
          },
          "sensitive_attributes": [],
          "private": "eyJlMmJmYjczMC1lY2FhLTExZTYtOGY4OC0zNDM2M2JjN2M0YzAiOnsiY3JlYXRlIjoxMjAwMDAwMDAwMDAwLCJkZWxldGUiOjEyMDAwMDAwMDAwMDAsInJlYWQiOjYwMDAwMDAwMDAwMCwidXBkYXRlIjoxMjAwMDAwMDAwMDAwfX0="
        },
        {
          "index_key": "logging.googleapis.com",
          "schema_version": 0,
          "attributes": {
            "disable_dependent_services": false,
            "disable_on_destroy": false,
            "id": "genlu-gke-dev/logging.googleapis.com",
            "project": "genlu-gke-dev",
            "service": "logging.googleapis.com",
            "timeouts": null
          },
          "sensitive_attributes": [],
          "private": "eyJlMmJmYjczMC1lY2FhLTExZTYtOGY4OC0zNDM2M2JjN2M0YzAiOnsiY3JlYXRlIjoxMjAwMDAwMDAwMDAwLCJkZWxldGUiOjEyMDAwMDAwMDAwMDAsInJlYWQiOjYwMDAwMDAwMDAwMCwidXBkYXRlIjoxMjAwMDAwMDAwMDAwfX0="
        },
        {
          "index_key": "monitoring.googleapis.com",
          "schema_version": 0,
          "attributes": {
            "disable_dependent_services": false,
            "disable_on_destroy": false,
            "id": "genlu-gke-dev/monitoring.googleapis.com",
            "project": "genlu-gke-dev",
            "service": "monitoring.googleapis.com",
            "timeouts": null
          },
          "sensitive_attributes": [],
          "private": "eyJlMmJmYjczMC1lY2FhLTExZTYtOGY4OC0zNDM2M2JjN2M0YzAiOnsiY3JlYXRlIjoxMjAwMDAwMDAwMDAwLCJkZWxldGUiOjEyMDAwMDAwMDAwMDAsInJlYWQiOjYwMDAwMDAwMDAwMCwidXBkYXRlIjoxMjAwMDAwMDAwMDAwfX0="
        },
        {
          "index_key": "pubsub.googleapis.com",
          "schema_version": 0,
          "attributes": {
            "disable_dependent_services": false,
            "disable_on_destroy": false,
            "id": "genlu-gke-dev/pubsub.googleapis.com",
            "project": "genlu-gke-dev",
            "service": "pubsub.googleapis.com",
            "timeouts": null
          },
          "sensitive_attributes": [],
          "private": "eyJlMmJmYjczMC1lY2FhLTExZTYtOGY4OC0zNDM2M2JjN2M0YzAiOnsiY3JlYXRlIjoxMjAwMDAwMDAwMDAwLCJkZWxldGUiOjEyMDAwMDAwMDAwMDAsInJlYWQiOjYwMDAwMDAwMDAwMCwidXBkYXRlIjoxMjAwMDAwMDAwMDAwfX0="
        },
        {
          "index_key": "servicenetworking.googleapis.com",
          "schema_version": 0,
          "attributes": {
            "disable_dependent_services": false,
            "disable_on_destroy": false,
            "id": "genlu-gke-dev/servicenetworking.googleapis.com",
            "project": "genlu-gke-dev",
            "service": "servicenetworking.googleapis.com",
            "timeouts": null
          },
          "sensitive_attributes": [],
          "private": "eyJlMmJmYjczMC1lY2FhLTExZTYtOGY4OC0zNDM2M2JjN2M0YzAiOnsiY3JlYXRlIjoxMjAwMDAwMDAwMDAwLCJkZWxldGUiOjEyMDAwMDAwMDAwMDAsInJlYWQiOjYwMDAwMDAwMDAwMCwidXBkYXRlIjoxMjAwMDAwMDAwMDAwfX0="
        },
        {
          "index_key": "serviceusage.googleapis.com",
          "schema_version": 0,
          "attributes": {
            "disable_dependent_services": false,
            "disable_on_destroy": false,
            "id": "genlu-gke-dev/serviceusage.googleapis.com",
            "project": "genlu-gke-dev",
            "service": "serviceusage.googleapis.com",
            "timeouts": null
          },
          "sensitive_attributes": [],
          "private": "eyJlMmJmYjczMC1lY2FhLTExZTYtOGY4OC0zNDM2M2JjN2M0YzAiOnsiY3JlYXRlIjoxMjAwMDAwMDAwMDAwLCJkZWxldGUiOjEyMDAwMDAwMDAwMDAsInJlYWQiOjYwMDAwMDAwMDAwMCwidXBkYXRlIjoxMjAwMDAwMDAwMDAwfX0="
        },
        {
          "index_key": "sourcerepo.googleapis.com",
          "schema_version": 0,
          "attributes": {
            "disable_dependent_services": false,
            "disable_on_destroy": false,
            "id": "genlu-gke-dev/sourcerepo.googleapis.com",
            "project": "genlu-gke-dev",
            "service": "sourcerepo.googleapis.com",
            "timeouts": null
          },
          "sensitive_attributes": [],
          "private": "eyJlMmJmYjczMC1lY2FhLTExZTYtOGY4OC0zNDM2M2JjN2M0YzAiOnsiY3JlYXRlIjoxMjAwMDAwMDAwMDAwLCJkZWxldGUiOjEyMDAwMDAwMDAwMDAsInJlYWQiOjYwMDAwMDAwMDAwMCwidXBkYXRlIjoxMjAwMDAwMDAwMDAwfX0="
        }
      ]
    }
  ],
  "check_results": [
    {
      "object_kind": "resource",
      "config_addr": "module.jupyterhub.module.iap_auth.terraform_data.domain_validation",
      "status": "pass",
      "objects": null
    }
  ]
}
