{
  "version": 4,
  "terraform_version": "1.7.1",
  "serial": 39,
  "lineage": "048c221a-5b39-cc81-5abf-befd45bd76c5",
  "outputs": {},
  "resources": [
    {
      "mode": "managed",
      "type": "google_project",
      "name": "environment",
      "provider": "provider[\"registry.terraform.io/hashicorp/google\"]",
      "instances": [
        {
          "schema_version": 1,
          "attributes": {
            "auto_create_network": true,
            "billing_account": "01EF67-93C321-CB8BDE",
            "effective_labels": {},
            "folder_id": "",
            "id": "projects/mlp-dev-n5w1z3m2u4tmsjksn8q1hg",
            "labels": null,
            "name": "mlp-dev",
            "number": "882788124079",
            "org_id": "886449255148",
            "project_id": "mlp-dev-n5w1z3m2u4tmsjksn8q1hg",
            "skip_delete": null,
            "terraform_labels": {},
            "timeouts": null
          },
          "sensitive_attributes": [],
          "private": "eyJlMmJmYjczMC1lY2FhLTExZTYtOGY4OC0zNDM2M2JjN2M0YzAiOnsiY3JlYXRlIjo2MDAwMDAwMDAwMDAsImRlbGV0ZSI6NjAwMDAwMDAwMDAwLCJyZWFkIjo2MDAwMDAwMDAwMDAsInVwZGF0ZSI6NjAwMDAwMDAwMDAwfSwic2NoZW1hX3ZlcnNpb24iOiIxIn0=",
          "dependencies": [
            "random_string.project_id_suffix"
          ]
        }
      ]
    },
    {
      "mode": "managed",
      "type": "google_storage_bucket",
      "name": "mlp",
      "provider": "provider[\"registry.terraform.io/hashicorp/google\"]",
      "instances": [
        {
          "schema_version": 1,
          "attributes": {
            "autoclass": [],
            "cors": [],
            "custom_placement_config": [],
            "default_event_based_hold": false,
            "effective_labels": {},
            "enable_object_retention": false,
            "encryption": [],
            "force_destroy": false,
            "id": "mlp-dev-n5w1z3m2u4tmsjksn8q1hg-mlp",
            "labels": null,
            "lifecycle_rule": [],
            "location": "US-CENTRAL1",
            "logging": [],
            "name": "mlp-dev-n5w1z3m2u4tmsjksn8q1hg-mlp",
            "project": "mlp-dev-n5w1z3m2u4tmsjksn8q1hg",
            "public_access_prevention": "inherited",
            "requester_pays": false,
            "retention_policy": [],
            "rpo": null,
            "self_link": "https://www.googleapis.com/storage/v1/b/mlp-dev-n5w1z3m2u4tmsjksn8q1hg-mlp",
            "storage_class": "STANDARD",
            "terraform_labels": {},
            "timeouts": null,
            "uniform_bucket_level_access": true,
            "url": "gs://mlp-dev-n5w1z3m2u4tmsjksn8q1hg-mlp",
            "versioning": [
              {
                "enabled": true
              }
            ],
            "website": []
          },
          "sensitive_attributes": [],
          "private": "eyJlMmJmYjczMC1lY2FhLTExZTYtOGY4OC0zNDM2M2JjN2M0YzAiOnsiY3JlYXRlIjo2MDAwMDAwMDAwMDAsInJlYWQiOjI0MDAwMDAwMDAwMCwidXBkYXRlIjoyNDAwMDAwMDAwMDB9LCJzY2hlbWFfdmVyc2lvbiI6IjEifQ==",
          "dependencies": [
            "google_project.environment",
            "random_string.project_id_suffix"
          ]
        }
      ]
    },
    {
      "mode": "managed",
      "type": "null_resource",
      "name": "write_environment_name",
      "provider": "provider[\"registry.terraform.io/hashicorp/null\"]",
      "instances": [
        {
          "schema_version": 0,
          "attributes": {
            "id": "7387891238569079315",
            "triggers": {
              "md5": "dev",
              "tfvars_file": "../mlp.auto.tfvars"
            }
          },
          "sensitive_attributes": []
        }
      ]
    },
    {
      "mode": "managed",
      "type": "null_resource",
      "name": "write_project_id",
      "provider": "provider[\"registry.terraform.io/hashicorp/null\"]",
      "instances": [
        {
          "schema_version": 0,
          "attributes": {
            "id": "1485193428210134212",
            "triggers": {
              "md5": "mlp-dev-n5w1z3m2u4tmsjksn8q1hg",
              "tfvars_file": "../mlp.auto.tfvars"
            }
          },
          "sensitive_attributes": [],
          "dependencies": [
            "google_project.environment",
            "random_string.project_id_suffix"
          ]
        }
      ]
    },
    {
      "mode": "managed",
      "type": "null_resource",
      "name": "write_storage_bucket",
      "provider": "provider[\"registry.terraform.io/hashicorp/null\"]",
      "instances": [
        {
          "schema_version": 0,
          "attributes": {
            "id": "7155781797202565811",
            "triggers": {
              "backend_file": "../backend.tf",
              "md5": "mlp-dev-n5w1z3m2u4tmsjksn8q1hg-mlp"
            }
          },
          "sensitive_attributes": [],
          "dependencies": [
            "google_project.environment",
            "google_storage_bucket.mlp",
            "random_string.project_id_suffix"
          ]
        }
      ]
    },
    {
      "mode": "managed",
      "type": "random_string",
      "name": "project_id_suffix",
      "provider": "provider[\"registry.terraform.io/hashicorp/random\"]",
      "instances": [
        {
          "schema_version": 2,
          "attributes": {
            "id": "n5w1z3m2u4tmsjksn8q1hg",
            "keepers": null,
            "length": 22,
            "lower": true,
            "min_lower": 0,
            "min_numeric": 0,
            "min_special": 0,
            "min_upper": 0,
            "number": true,
            "numeric": true,
            "override_special": null,
            "result": "n5w1z3m2u4tmsjksn8q1hg",
            "special": false,
            "upper": false
          },
          "sensitive_attributes": []
        }
      ]
    }
  ],
  "check_results": [
    {
      "object_kind": "var",
      "config_addr": "var.project",
      "status": "pass",
      "objects": [
        {
          "object_addr": "var.project",
          "status": "pass"
        }
      ]
    }
  ]
}
