{
  "version": 4,
  "terraform_version": "1.5.7",
  "serial": 92,
  "lineage": "72f5d0cb-4c4f-e872-1976-f606b90e4856",
  "outputs": {
    "frontend_ip_address": {
      "value": "",
      "type": "string"
    },
    "frontend_uri": {
      "value": "https://console.cloud.google.com/kubernetes/service/us-central1/rag-addon-1/ai-on-gke/rag-frontend/overview?project=genlu-gke-dev",
      "type": "string"
    },
    "gcp_network": {
      "value": "ml-network",
      "type": "string"
    },
    "gke_cluster_location": {
      "value": "us-central1",
      "type": "string"
    },
    "gke_cluster_name": {
      "value": "rag-addon-1",
      "type": "string"
    },
    "jupyterhub_ip_address": {
      "value": "",
      "type": "string"
    },
    "jupyterhub_password": {
      "value": "8jbR5WRlHK",
      "type": "string",
      "sensitive": true
    },
    "jupyterhub_uri": {
      "value": "https://console.cloud.google.com/kubernetes/service/us-central1/rag-addon-1/ai-on-gke/proxy-public/overview?project=genlu-gke-dev",
      "type": "string"
    },
    "jupyterhub_user": {
      "value": "admin",
      "type": "string"
    },
    "kubernetes_namespace": {
      "value": "ai-on-gke",
      "type": "string"
    },
    "project_id": {
      "value": "genlu-gke-dev",
      "type": "string"
    },
    "ray_dashboard_ip_address": {
      "value": "",
      "type": "string"
    },
    "ray_dashboard_uri": {
      "value": "",
      "type": "string"
    }
  },
  "resources": [
    {
      "mode": "data",
      "type": "google_client_config",
      "name": "default",
      "provider": "provider[\"registry.terraform.io/hashicorp/google\"]",
      "instances": [
        {
          "schema_version": 0,
          "attributes": {
            "access_token": "ya29.a0AcM612zZhQ6AqdcdKZHngwiP00eSAz2oOPg6HLoTAHqAjrpuyq7ZnSLaZNKwERk2x_nzg58Upg9clJK0m0fdEOMst8E2gXwQ1rdAXAD1VkXKJJJDKMFExTVyuSmumViwWg0a23jUdE_h96HGRWsyAXzwnalodaz4IQe9iXnuGXwaCgYKAdcSAQ8SFQHGX2MiHfibQu91NjstGXIsAvyOWQ0178",
            "id": "projects/\"genlu-gke-dev\"/regions/\u003cnull\u003e/zones/\u003cnull\u003e",
            "project": "genlu-gke-dev",
            "region": null,
            "zone": null
          },
          "sensitive_attributes": []
        }
      ]
    },
    {
      "mode": "data",
      "type": "google_project",
      "name": "project",
      "provider": "provider[\"registry.terraform.io/hashicorp/google\"]",
      "instances": [
        {
          "schema_version": 0,
          "attributes": {
            "auto_create_network": null,
            "billing_account": "00E7A7-4928AF-F1C514",
            "deletion_policy": "DELETE",
            "effective_labels": {},
            "folder_id": "657923791383",
            "id": "projects/genlu-gke-dev",
            "labels": {},
            "name": "genlu-gke-dev",
            "number": "696654398756",
            "org_id": "",
            "project_id": "genlu-gke-dev",
            "skip_delete": null,
            "terraform_labels": {}
          },
          "sensitive_attributes": []
        }
      ]
    },
    {
      "mode": "managed",
      "type": "helm_release",
      "name": "gmp-apps",
      "provider": "provider[\"registry.terraform.io/hashicorp/helm\"].rag",
      "instances": [
        {
          "schema_version": 0,
          "attributes": {
            "atomic": false,
            "chart": "../../charts/gmp-engine/",
            "cleanup_on_fail": false,
            "create_namespace": false,
            "dependency_update": false,
            "description": null,
            "devel": null,
            "disable_crd_hooks": false,
            "disable_openapi_validation": false,
            "disable_webhooks": false,
            "force_update": false,
            "id": "gmp-apps",
            "keyring": null,
            "lint": false,
            "manifest": null,
            "max_history": 0,
            "metadata": [
              {
                "app_version": "1.0.0",
                "chart": "gmp-engine",
                "name": "gmp-apps",
                "namespace": "ai-on-gke",
                "revision": 1,
                "values": "{\"podMonitoring\":[{\"interval\":\"30s\",\"name\":\"mistral-7b-instruct\",\"port\":\"metrics\",\"selector\":{\"app\":\"mistral-7b-instruct\"}},{\"interval\":\"30s\",\"name\":\"rag-frontend\",\"port\":\"metrics\",\"selector\":{\"app\":\"rag-frontend\"}}]}",
                "version": "0.1.0"
              }
            ],
            "name": "gmp-apps",
            "namespace": "ai-on-gke",
            "pass_credentials": false,
            "postrender": [],
            "recreate_pods": false,
            "render_subchart_notes": true,
            "replace": false,
            "repository": null,
            "repository_ca_file": null,
            "repository_cert_file": null,
            "repository_key_file": null,
            "repository_password": null,
            "repository_username": null,
            "reset_values": false,
            "reuse_values": false,
            "set": [],
            "set_sensitive": [],
            "skip_crds": false,
            "status": "deployed",
            "timeout": 1200,
            "values": [
              "podMonitoring:\n- name: mistral-7b-instruct\n  selector:\n    app: mistral-7b-instruct\n  port: metrics\n  interval: 30s\n- name: rag-frontend\n  selector:\n    app: rag-frontend\n  port: metrics\n  interval: 30s\n"
            ],
            "verify": false,
            "version": "0.1.0",
            "wait": true,
            "wait_for_jobs": false
          },
          "sensitive_attributes": [],
          "private": "bnVsbA==",
          "dependencies": [
            "data.google_client_config.default",
            "data.google_container_cluster.default",
            "data.google_project.project",
            "module.cloudsql.kubernetes_secret.secret",
            "module.cloudsql.module.cloudsql.google_sql_database_instance.default",
            "module.cloudsql.module.cloudsql.null_resource.module_depends_on",
            "module.cloudsql.module.cloudsql.random_id.suffix",
            "module.cloudsql.random_password.pwd",
            "module.frontend.data.google_project.project",
            "module.frontend.kubernetes_deployment.rag_frontend_deployment",
            "module.frontend.kubernetes_service.rag_frontend_service",
            "module.frontend.module.frontend-workload-identity.data.google_service_account.cluster_service_account",
            "module.frontend.module.frontend-workload-identity.google_project_iam_member.workload_identity_sa_bindings",
            "module.frontend.module.frontend-workload-identity.google_project_iam_member.workload_identity_sa_bindings_additional_projects",
            "module.frontend.module.frontend-workload-identity.google_service_account.cluster_service_account",
            "module.frontend.module.frontend-workload-identity.google_service_account_iam_member.main",
            "module.frontend.module.frontend-workload-identity.kubernetes_service_account.main",
            "module.frontend.module.frontend-workload-identity.module.annotate-sa.module.gcloud_kubectl.data.external.env_override",
            "module.frontend.module.frontend-workload-identity.module.annotate-sa.module.gcloud_kubectl.null_resource.additional_components",
            "module.frontend.module.frontend-workload-identity.module.annotate-sa.module.gcloud_kubectl.null_resource.additional_components_destroy",
            "module.frontend.module.frontend-workload-identity.module.annotate-sa.module.gcloud_kubectl.null_resource.decompress",
            "module.frontend.module.frontend-workload-identity.module.annotate-sa.module.gcloud_kubectl.null_resource.decompress_destroy",
            "module.frontend.module.frontend-workload-identity.module.annotate-sa.module.gcloud_kubectl.null_resource.download_gcloud",
            "module.frontend.module.frontend-workload-identity.module.annotate-sa.module.gcloud_kubectl.null_resource.download_jq",
            "module.frontend.module.frontend-workload-identity.module.annotate-sa.module.gcloud_kubectl.null_resource.gcloud_auth_google_credentials",
            "module.frontend.module.frontend-workload-identity.module.annotate-sa.module.gcloud_kubectl.null_resource.gcloud_auth_google_credentials_destroy",
            "module.frontend.module.frontend-workload-identity.module.annotate-sa.module.gcloud_kubectl.null_resource.gcloud_auth_service_account_key_file",
            "module.frontend.module.frontend-workload-identity.module.annotate-sa.module.gcloud_kubectl.null_resource.gcloud_auth_service_account_key_file_destroy",
            "module.frontend.module.frontend-workload-identity.module.annotate-sa.module.gcloud_kubectl.null_resource.module_depends_on",
            "module.frontend.module.frontend-workload-identity.module.annotate-sa.module.gcloud_kubectl.null_resource.prepare_cache",
            "module.frontend.module.frontend-workload-identity.module.annotate-sa.module.gcloud_kubectl.null_resource.run_command",
            "module.frontend.module.frontend-workload-identity.module.annotate-sa.module.gcloud_kubectl.null_resource.run_destroy_command",
            "module.frontend.module.frontend-workload-identity.module.annotate-sa.module.gcloud_kubectl.null_resource.upgrade",
            "module.frontend.module.frontend-workload-identity.module.annotate-sa.module.gcloud_kubectl.null_resource.upgrade_destroy",
            "module.frontend.module.frontend-workload-identity.module.annotate-sa.module.gcloud_kubectl.random_id.cache",
            "module.frontend.module.iap_auth.data.google_project.project",
            "module.frontend.module.iap_auth.google_compute_global_address.ip_address",
            "module.frontend.module.iap_auth.google_iap_brand.project_brand",
            "module.frontend.module.iap_auth.google_iap_client.iap_oauth_client",
            "module.frontend.module.iap_auth.google_project_iam_member.project",
            "module.frontend.module.iap_auth.helm_release.iap",
            "module.frontend.module.iap_auth.kubernetes_annotations.annotation",
            "module.frontend.module.iap_auth.random_string.random",
            "module.frontend.module.iap_auth.terraform_data.domain_validation",
            "module.inference-server.kubernetes_deployment.inference_deployment",
            "module.inference-server.kubernetes_service.inference_service",
            "module.infra.data.google_compute_subnetwork.subnetwork",
            "module.infra.module.custom-network.google_compute_global_address.google-managed-services-range",
            "module.infra.module.custom-network.google_compute_network.network",
            "module.infra.module.custom-network.google_compute_subnetwork.subnetwork",
            "module.infra.module.custom-network.google_service_networking_connection.private_service_access",
            "module.infra.module.private-gke-autopilot-cluster.google_gke_hub_membership.gke-fleet",
            "module.infra.module.private-gke-autopilot-cluster.module.gke.data.google_compute_subnetwork.gke_subnetwork",
            "module.infra.module.private-gke-autopilot-cluster.module.gke.data.google_compute_zones.available",
            "module.infra.module.private-gke-autopilot-cluster.module.gke.data.google_container_engine_versions.region",
            "module.infra.module.private-gke-autopilot-cluster.module.gke.data.google_container_engine_versions.zone",
            "module.infra.module.private-gke-autopilot-cluster.module.gke.google_compute_firewall.intra_egress",
            "module.infra.module.private-gke-autopilot-cluster.module.gke.google_compute_firewall.master_webhooks",
            "module.infra.module.private-gke-autopilot-cluster.module.gke.google_compute_firewall.shadow_allow_inkubelet",
            "module.infra.module.private-gke-autopilot-cluster.module.gke.google_compute_firewall.shadow_allow_master",
            "module.infra.module.private-gke-autopilot-cluster.module.gke.google_compute_firewall.shadow_allow_nodes",
            "module.infra.module.private-gke-autopilot-cluster.module.gke.google_compute_firewall.shadow_allow_pods",
            "module.infra.module.private-gke-autopilot-cluster.module.gke.google_compute_firewall.shadow_deny_exkubelet",
            "module.infra.module.private-gke-autopilot-cluster.module.gke.google_compute_firewall.tpu_egress",
            "module.infra.module.private-gke-autopilot-cluster.module.gke.google_container_cluster.primary",
            "module.infra.module.private-gke-autopilot-cluster.module.gke.google_project_iam_member.cluster_service_account-artifact-registry",
            "module.infra.module.private-gke-autopilot-cluster.module.gke.google_project_iam_member.cluster_service_account-gcr",
            "module.infra.module.private-gke-autopilot-cluster.module.gke.google_project_iam_member.cluster_service_account-metric_writer",
            "module.infra.module.private-gke-autopilot-cluster.module.gke.google_project_iam_member.cluster_service_account-nodeService_account",
            "module.infra.module.private-gke-autopilot-cluster.module.gke.google_project_iam_member.cluster_service_account-resourceMetadata-writer",
            "module.infra.module.private-gke-autopilot-cluster.module.gke.google_project_iam_member.service_agent",
            "module.infra.module.private-gke-autopilot-cluster.module.gke.google_project_service_identity.fleet_project",
            "module.infra.module.private-gke-autopilot-cluster.module.gke.google_service_account.cluster_service_account",
            "module.infra.module.private-gke-autopilot-cluster.module.gke.kubernetes_config_map.ip-masq-agent",
            "module.infra.module.private-gke-autopilot-cluster.module.gke.kubernetes_config_map_v1_data.kube-dns",
            "module.infra.module.private-gke-autopilot-cluster.module.gke.kubernetes_config_map_v1_data.kube-dns-upstream-nameservers-and-stub-domains",
            "module.infra.module.private-gke-autopilot-cluster.module.gke.kubernetes_config_map_v1_data.kube-dns-upstream-namservers",
            "module.infra.module.private-gke-autopilot-cluster.module.gke.random_shuffle.available_zones",
            "module.infra.module.private-gke-autopilot-cluster.module.gke.random_string.cluster_service_account_suffix",
            "module.infra.module.private-gke-standard-cluster.google_gke_hub_membership.gke-fleet",
            "module.infra.module.private-gke-standard-cluster.module.gke.data.google_compute_subnetwork.gke_subnetwork",
            "module.infra.module.private-gke-standard-cluster.module.gke.data.google_compute_zones.available",
            "module.infra.module.private-gke-standard-cluster.module.gke.data.google_container_engine_versions.region",
            "module.infra.module.private-gke-standard-cluster.module.gke.data.google_container_engine_versions.zone",
            "module.infra.module.private-gke-standard-cluster.module.gke.google_compute_firewall.intra_egress",
            "module.infra.module.private-gke-standard-cluster.module.gke.google_compute_firewall.master_webhooks",
            "module.infra.module.private-gke-standard-cluster.module.gke.google_compute_firewall.shadow_allow_inkubelet",
            "module.infra.module.private-gke-standard-cluster.module.gke.google_compute_firewall.shadow_allow_master",
            "module.infra.module.private-gke-standard-cluster.module.gke.google_compute_firewall.shadow_allow_nodes",
            "module.infra.module.private-gke-standard-cluster.module.gke.google_compute_firewall.shadow_allow_pods",
            "module.infra.module.private-gke-standard-cluster.module.gke.google_compute_firewall.shadow_deny_exkubelet",
            "module.infra.module.private-gke-standard-cluster.module.gke.google_compute_firewall.tpu_egress",
            "module.infra.module.private-gke-standard-cluster.module.gke.google_container_cluster.primary",
            "module.infra.module.private-gke-standard-cluster.module.gke.google_container_node_pool.pools",
            "module.infra.module.private-gke-standard-cluster.module.gke.google_container_node_pool.windows_pools",
            "module.infra.module.private-gke-standard-cluster.module.gke.google_project_iam_member.cluster_service_account-artifact-registry",
            "module.infra.module.private-gke-standard-cluster.module.gke.google_project_iam_member.cluster_service_account-gcr",
            "module.infra.module.private-gke-standard-cluster.module.gke.google_project_iam_member.cluster_service_account-metric_writer",
            "module.infra.module.private-gke-standard-cluster.module.gke.google_project_iam_member.cluster_service_account-nodeService_account",
            "module.infra.module.private-gke-standard-cluster.module.gke.google_project_iam_member.cluster_service_account-resourceMetadata-writer",
            "module.infra.module.private-gke-standard-cluster.module.gke.google_service_account.cluster_service_account",
            "module.infra.module.private-gke-standard-cluster.module.gke.kubernetes_config_map.ip-masq-agent",
            "module.infra.module.private-gke-standard-cluster.module.gke.kubernetes_config_map_v1_data.kube-dns",
            "module.infra.module.private-gke-standard-cluster.module.gke.kubernetes_config_map_v1_data.kube-dns-upstream-nameservers-and-stub-domains",
            "module.infra.module.private-gke-standard-cluster.module.gke.kubernetes_config_map_v1_data.kube-dns-upstream-namservers",
            "module.infra.module.private-gke-standard-cluster.module.gke.random_shuffle.available_zones",
            "module.infra.module.private-gke-standard-cluster.module.gke.random_string.cluster_service_account_suffix",
            "module.infra.module.public-gke-autopilot-cluster.module.gke.data.google_compute_subnetwork.gke_subnetwork",
            "module.infra.module.public-gke-autopilot-cluster.module.gke.data.google_compute_zones.available",
            "module.infra.module.public-gke-autopilot-cluster.module.gke.data.google_container_engine_versions.region",
            "module.infra.module.public-gke-autopilot-cluster.module.gke.data.google_container_engine_versions.zone",
            "module.infra.module.public-gke-autopilot-cluster.module.gke.google_compute_firewall.intra_egress",
            "module.infra.module.public-gke-autopilot-cluster.module.gke.google_compute_firewall.master_webhooks",
            "module.infra.module.public-gke-autopilot-cluster.module.gke.google_compute_firewall.shadow_allow_inkubelet",
            "module.infra.module.public-gke-autopilot-cluster.module.gke.google_compute_firewall.shadow_allow_master",
            "module.infra.module.public-gke-autopilot-cluster.module.gke.google_compute_firewall.shadow_allow_nodes",
            "module.infra.module.public-gke-autopilot-cluster.module.gke.google_compute_firewall.shadow_allow_pods",
            "module.infra.module.public-gke-autopilot-cluster.module.gke.google_compute_firewall.shadow_deny_exkubelet",
            "module.infra.module.public-gke-autopilot-cluster.module.gke.google_compute_firewall.tpu_egress",
            "module.infra.module.public-gke-autopilot-cluster.module.gke.google_container_cluster.primary",
            "module.infra.module.public-gke-autopilot-cluster.module.gke.google_project_iam_member.cluster_service_account-artifact-registry",
            "module.infra.module.public-gke-autopilot-cluster.module.gke.google_project_iam_member.cluster_service_account-gcr",
            "module.infra.module.public-gke-autopilot-cluster.module.gke.google_project_iam_member.cluster_service_account-metric_writer",
            "module.infra.module.public-gke-autopilot-cluster.module.gke.google_project_iam_member.cluster_service_account-nodeService_account",
            "module.infra.module.public-gke-autopilot-cluster.module.gke.google_project_iam_member.cluster_service_account-resourceMetadata-writer",
            "module.infra.module.public-gke-autopilot-cluster.module.gke.google_project_iam_member.service_agent",
            "module.infra.module.public-gke-autopilot-cluster.module.gke.google_project_service_identity.fleet_project",
            "module.infra.module.public-gke-autopilot-cluster.module.gke.google_service_account.cluster_service_account",
            "module.infra.module.public-gke-autopilot-cluster.module.gke.kubernetes_config_map.ip-masq-agent",
            "module.infra.module.public-gke-autopilot-cluster.module.gke.kubernetes_config_map_v1_data.kube-dns",
            "module.infra.module.public-gke-autopilot-cluster.module.gke.kubernetes_config_map_v1_data.kube-dns-upstream-nameservers-and-stub-domains",
            "module.infra.module.public-gke-autopilot-cluster.module.gke.kubernetes_config_map_v1_data.kube-dns-upstream-namservers",
            "module.infra.module.public-gke-autopilot-cluster.module.gke.random_shuffle.available_zones",
            "module.infra.module.public-gke-autopilot-cluster.module.gke.random_string.cluster_service_account_suffix",
            "module.infra.module.public-gke-standard-cluster.module.gke.data.google_compute_subnetwork.gke_subnetwork",
            "module.infra.module.public-gke-standard-cluster.module.gke.data.google_compute_zones.available",
            "module.infra.module.public-gke-standard-cluster.module.gke.data.google_container_engine_versions.region",
            "module.infra.module.public-gke-standard-cluster.module.gke.data.google_container_engine_versions.zone",
            "module.infra.module.public-gke-standard-cluster.module.gke.google_compute_firewall.intra_egress",
            "module.infra.module.public-gke-standard-cluster.module.gke.google_compute_firewall.master_webhooks",
            "module.infra.module.public-gke-standard-cluster.module.gke.google_compute_firewall.shadow_allow_inkubelet",
            "module.infra.module.public-gke-standard-cluster.module.gke.google_compute_firewall.shadow_allow_master",
            "module.infra.module.public-gke-standard-cluster.module.gke.google_compute_firewall.shadow_allow_nodes",
            "module.infra.module.public-gke-standard-cluster.module.gke.google_compute_firewall.shadow_allow_pods",
            "module.infra.module.public-gke-standard-cluster.module.gke.google_compute_firewall.shadow_deny_exkubelet",
            "module.infra.module.public-gke-standard-cluster.module.gke.google_compute_firewall.tpu_egress",
            "module.infra.module.public-gke-standard-cluster.module.gke.google_container_cluster.primary",
            "module.infra.module.public-gke-standard-cluster.module.gke.google_container_node_pool.pools",
            "module.infra.module.public-gke-standard-cluster.module.gke.google_container_node_pool.windows_pools",
            "module.infra.module.public-gke-standard-cluster.module.gke.google_project_iam_member.cluster_service_account-artifact-registry",
            "module.infra.module.public-gke-standard-cluster.module.gke.google_project_iam_member.cluster_service_account-gcr",
            "module.infra.module.public-gke-standard-cluster.module.gke.google_project_iam_member.cluster_service_account-metric_writer",
            "module.infra.module.public-gke-standard-cluster.module.gke.google_project_iam_member.cluster_service_account-nodeService_account",
            "module.infra.module.public-gke-standard-cluster.module.gke.google_project_iam_member.cluster_service_account-resourceMetadata-writer",
            "module.infra.module.public-gke-standard-cluster.module.gke.google_service_account.cluster_service_account",
            "module.infra.module.public-gke-standard-cluster.module.gke.kubernetes_config_map.ip-masq-agent",
            "module.infra.module.public-gke-standard-cluster.module.gke.kubernetes_config_map_v1_data.kube-dns",
            "module.infra.module.public-gke-standard-cluster.module.gke.kubernetes_config_map_v1_data.kube-dns-upstream-nameservers-and-stub-domains",
            "module.infra.module.public-gke-standard-cluster.module.gke.kubernetes_config_map_v1_data.kube-dns-upstream-namservers",
            "module.infra.module.public-gke-standard-cluster.module.gke.random_shuffle.available_zones",
            "module.infra.module.public-gke-standard-cluster.module.gke.random_string.cluster_service_account_suffix",
            "module.namespace.helm_release.app-namespace",
            "module.project-services.data.google_compute_default_service_account.default",
            "module.project-services.google_project_iam_member.project_service_identity_roles",
            "module.project-services.google_project_service.project_services",
            "module.project-services.google_project_service_identity.project_service_identities"
          ]
        }
      ]
    },
    {
      "module": "module.cloudsql",
      "mode": "managed",
      "type": "kubernetes_secret",
      "name": "secret",
      "provider": "provider[\"registry.terraform.io/hashicorp/kubernetes\"].rag",
      "instances": [
        {
          "schema_version": 0,
          "attributes": {
            "binary_data": null,
            "data": {
              "database": "pgvector-database",
              "password": "Hi7JKu4AKnS39AFz",
              "username": "rag-user"
            },
            "id": "ai-on-gke/db-secret",
            "immutable": false,
            "metadata": [
              {
                "annotations": {},
                "generate_name": "",
                "generation": 0,
                "labels": {},
                "name": "db-secret",
                "namespace": "ai-on-gke",
                "resource_version": "4977",
                "uid": "5d495e52-a35c-421e-a0d6-eff89150bc3c"
              }
            ],
            "timeouts": null,
            "type": "kubernetes.io/basic-auth",
            "wait_for_service_account_token": true
          },
          "sensitive_attributes": [
            [
              {
                "type": "get_attr",
                "value": "data"
              },
              {
                "type": "index",
                "value": {
                  "value": "password",
                  "type": "string"
                }
              }
            ]
          ],
          "private": "eyJlMmJmYjczMC1lY2FhLTExZTYtOGY4OC0zNDM2M2JjN2M0YzAiOnsiY3JlYXRlIjo2MDAwMDAwMDAwMH19",
          "dependencies": [
            "data.google_client_config.default",
            "data.google_container_cluster.default",
            "data.google_project.project",
            "module.cloudsql.random_password.pwd",
            "module.infra.data.google_compute_subnetwork.subnetwork",
            "module.infra.module.custom-network.google_compute_global_address.google-managed-services-range",
            "module.infra.module.custom-network.google_compute_network.network",
            "module.infra.module.custom-network.google_compute_subnetwork.subnetwork",
            "module.infra.module.custom-network.google_service_networking_connection.private_service_access",
            "module.infra.module.private-gke-autopilot-cluster.google_gke_hub_membership.gke-fleet",
            "module.infra.module.private-gke-autopilot-cluster.module.gke.data.google_compute_subnetwork.gke_subnetwork",
            "module.infra.module.private-gke-autopilot-cluster.module.gke.data.google_compute_zones.available",
            "module.infra.module.private-gke-autopilot-cluster.module.gke.data.google_container_engine_versions.region",
            "module.infra.module.private-gke-autopilot-cluster.module.gke.data.google_container_engine_versions.zone",
            "module.infra.module.private-gke-autopilot-cluster.module.gke.google_compute_firewall.intra_egress",
            "module.infra.module.private-gke-autopilot-cluster.module.gke.google_compute_firewall.master_webhooks",
            "module.infra.module.private-gke-autopilot-cluster.module.gke.google_compute_firewall.shadow_allow_inkubelet",
            "module.infra.module.private-gke-autopilot-cluster.module.gke.google_compute_firewall.shadow_allow_master",
            "module.infra.module.private-gke-autopilot-cluster.module.gke.google_compute_firewall.shadow_allow_nodes",
            "module.infra.module.private-gke-autopilot-cluster.module.gke.google_compute_firewall.shadow_allow_pods",
            "module.infra.module.private-gke-autopilot-cluster.module.gke.google_compute_firewall.shadow_deny_exkubelet",
            "module.infra.module.private-gke-autopilot-cluster.module.gke.google_compute_firewall.tpu_egress",
            "module.infra.module.private-gke-autopilot-cluster.module.gke.google_container_cluster.primary",
            "module.infra.module.private-gke-autopilot-cluster.module.gke.google_project_iam_member.cluster_service_account-artifact-registry",
            "module.infra.module.private-gke-autopilot-cluster.module.gke.google_project_iam_member.cluster_service_account-gcr",
            "module.infra.module.private-gke-autopilot-cluster.module.gke.google_project_iam_member.cluster_service_account-metric_writer",
            "module.infra.module.private-gke-autopilot-cluster.module.gke.google_project_iam_member.cluster_service_account-nodeService_account",
            "module.infra.module.private-gke-autopilot-cluster.module.gke.google_project_iam_member.cluster_service_account-resourceMetadata-writer",
            "module.infra.module.private-gke-autopilot-cluster.module.gke.google_project_iam_member.service_agent",
            "module.infra.module.private-gke-autopilot-cluster.module.gke.google_project_service_identity.fleet_project",
            "module.infra.module.private-gke-autopilot-cluster.module.gke.google_service_account.cluster_service_account",
            "module.infra.module.private-gke-autopilot-cluster.module.gke.kubernetes_config_map.ip-masq-agent",
            "module.infra.module.private-gke-autopilot-cluster.module.gke.kubernetes_config_map_v1_data.kube-dns",
            "module.infra.module.private-gke-autopilot-cluster.module.gke.kubernetes_config_map_v1_data.kube-dns-upstream-nameservers-and-stub-domains",
            "module.infra.module.private-gke-autopilot-cluster.module.gke.kubernetes_config_map_v1_data.kube-dns-upstream-namservers",
            "module.infra.module.private-gke-autopilot-cluster.module.gke.random_shuffle.available_zones",
            "module.infra.module.private-gke-autopilot-cluster.module.gke.random_string.cluster_service_account_suffix",
            "module.infra.module.private-gke-standard-cluster.google_gke_hub_membership.gke-fleet",
            "module.infra.module.private-gke-standard-cluster.module.gke.data.google_compute_subnetwork.gke_subnetwork",
            "module.infra.module.private-gke-standard-cluster.module.gke.data.google_compute_zones.available",
            "module.infra.module.private-gke-standard-cluster.module.gke.data.google_container_engine_versions.region",
            "module.infra.module.private-gke-standard-cluster.module.gke.data.google_container_engine_versions.zone",
            "module.infra.module.private-gke-standard-cluster.module.gke.google_compute_firewall.intra_egress",
            "module.infra.module.private-gke-standard-cluster.module.gke.google_compute_firewall.master_webhooks",
            "module.infra.module.private-gke-standard-cluster.module.gke.google_compute_firewall.shadow_allow_inkubelet",
            "module.infra.module.private-gke-standard-cluster.module.gke.google_compute_firewall.shadow_allow_master",
            "module.infra.module.private-gke-standard-cluster.module.gke.google_compute_firewall.shadow_allow_nodes",
            "module.infra.module.private-gke-standard-cluster.module.gke.google_compute_firewall.shadow_allow_pods",
            "module.infra.module.private-gke-standard-cluster.module.gke.google_compute_firewall.shadow_deny_exkubelet",
            "module.infra.module.private-gke-standard-cluster.module.gke.google_compute_firewall.tpu_egress",
            "module.infra.module.private-gke-standard-cluster.module.gke.google_container_cluster.primary",
            "module.infra.module.private-gke-standard-cluster.module.gke.google_container_node_pool.pools",
            "module.infra.module.private-gke-standard-cluster.module.gke.google_container_node_pool.windows_pools",
            "module.infra.module.private-gke-standard-cluster.module.gke.google_project_iam_member.cluster_service_account-artifact-registry",
            "module.infra.module.private-gke-standard-cluster.module.gke.google_project_iam_member.cluster_service_account-gcr",
            "module.infra.module.private-gke-standard-cluster.module.gke.google_project_iam_member.cluster_service_account-metric_writer",
            "module.infra.module.private-gke-standard-cluster.module.gke.google_project_iam_member.cluster_service_account-nodeService_account",
            "module.infra.module.private-gke-standard-cluster.module.gke.google_project_iam_member.cluster_service_account-resourceMetadata-writer",
            "module.infra.module.private-gke-standard-cluster.module.gke.google_service_account.cluster_service_account",
            "module.infra.module.private-gke-standard-cluster.module.gke.kubernetes_config_map.ip-masq-agent",
            "module.infra.module.private-gke-standard-cluster.module.gke.kubernetes_config_map_v1_data.kube-dns",
            "module.infra.module.private-gke-standard-cluster.module.gke.kubernetes_config_map_v1_data.kube-dns-upstream-nameservers-and-stub-domains",
            "module.infra.module.private-gke-standard-cluster.module.gke.kubernetes_config_map_v1_data.kube-dns-upstream-namservers",
            "module.infra.module.private-gke-standard-cluster.module.gke.random_shuffle.available_zones",
            "module.infra.module.private-gke-standard-cluster.module.gke.random_string.cluster_service_account_suffix",
            "module.infra.module.public-gke-autopilot-cluster.module.gke.data.google_compute_subnetwork.gke_subnetwork",
            "module.infra.module.public-gke-autopilot-cluster.module.gke.data.google_compute_zones.available",
            "module.infra.module.public-gke-autopilot-cluster.module.gke.data.google_container_engine_versions.region",
            "module.infra.module.public-gke-autopilot-cluster.module.gke.data.google_container_engine_versions.zone",
            "module.infra.module.public-gke-autopilot-cluster.module.gke.google_compute_firewall.intra_egress",
            "module.infra.module.public-gke-autopilot-cluster.module.gke.google_compute_firewall.master_webhooks",
            "module.infra.module.public-gke-autopilot-cluster.module.gke.google_compute_firewall.shadow_allow_inkubelet",
            "module.infra.module.public-gke-autopilot-cluster.module.gke.google_compute_firewall.shadow_allow_master",
            "module.infra.module.public-gke-autopilot-cluster.module.gke.google_compute_firewall.shadow_allow_nodes",
            "module.infra.module.public-gke-autopilot-cluster.module.gke.google_compute_firewall.shadow_allow_pods",
            "module.infra.module.public-gke-autopilot-cluster.module.gke.google_compute_firewall.shadow_deny_exkubelet",
            "module.infra.module.public-gke-autopilot-cluster.module.gke.google_compute_firewall.tpu_egress",
            "module.infra.module.public-gke-autopilot-cluster.module.gke.google_container_cluster.primary",
            "module.infra.module.public-gke-autopilot-cluster.module.gke.google_project_iam_member.cluster_service_account-artifact-registry",
            "module.infra.module.public-gke-autopilot-cluster.module.gke.google_project_iam_member.cluster_service_account-gcr",
            "module.infra.module.public-gke-autopilot-cluster.module.gke.google_project_iam_member.cluster_service_account-metric_writer",
            "module.infra.module.public-gke-autopilot-cluster.module.gke.google_project_iam_member.cluster_service_account-nodeService_account",
            "module.infra.module.public-gke-autopilot-cluster.module.gke.google_project_iam_member.cluster_service_account-resourceMetadata-writer",
            "module.infra.module.public-gke-autopilot-cluster.module.gke.google_project_iam_member.service_agent",
            "module.infra.module.public-gke-autopilot-cluster.module.gke.google_project_service_identity.fleet_project",
            "module.infra.module.public-gke-autopilot-cluster.module.gke.google_service_account.cluster_service_account",
            "module.infra.module.public-gke-autopilot-cluster.module.gke.kubernetes_config_map.ip-masq-agent",
            "module.infra.module.public-gke-autopilot-cluster.module.gke.kubernetes_config_map_v1_data.kube-dns",
            "module.infra.module.public-gke-autopilot-cluster.module.gke.kubernetes_config_map_v1_data.kube-dns-upstream-nameservers-and-stub-domains",
            "module.infra.module.public-gke-autopilot-cluster.module.gke.kubernetes_config_map_v1_data.kube-dns-upstream-namservers",
            "module.infra.module.public-gke-autopilot-cluster.module.gke.random_shuffle.available_zones",
            "module.infra.module.public-gke-autopilot-cluster.module.gke.random_string.cluster_service_account_suffix",
            "module.infra.module.public-gke-standard-cluster.module.gke.data.google_compute_subnetwork.gke_subnetwork",
            "module.infra.module.public-gke-standard-cluster.module.gke.data.google_compute_zones.available",
            "module.infra.module.public-gke-standard-cluster.module.gke.data.google_container_engine_versions.region",
            "module.infra.module.public-gke-standard-cluster.module.gke.data.google_container_engine_versions.zone",
            "module.infra.module.public-gke-standard-cluster.module.gke.google_compute_firewall.intra_egress",
            "module.infra.module.public-gke-standard-cluster.module.gke.google_compute_firewall.master_webhooks",
            "module.infra.module.public-gke-standard-cluster.module.gke.google_compute_firewall.shadow_allow_inkubelet",
            "module.infra.module.public-gke-standard-cluster.module.gke.google_compute_firewall.shadow_allow_master",
            "module.infra.module.public-gke-standard-cluster.module.gke.google_compute_firewall.shadow_allow_nodes",
            "module.infra.module.public-gke-standard-cluster.module.gke.google_compute_firewall.shadow_allow_pods",
            "module.infra.module.public-gke-standard-cluster.module.gke.google_compute_firewall.shadow_deny_exkubelet",
            "module.infra.module.public-gke-standard-cluster.module.gke.google_compute_firewall.tpu_egress",
            "module.infra.module.public-gke-standard-cluster.module.gke.google_container_cluster.primary",
            "module.infra.module.public-gke-standard-cluster.module.gke.google_container_node_pool.pools",
            "module.infra.module.public-gke-standard-cluster.module.gke.google_container_node_pool.windows_pools",
            "module.infra.module.public-gke-standard-cluster.module.gke.google_project_iam_member.cluster_service_account-artifact-registry",
            "module.infra.module.public-gke-standard-cluster.module.gke.google_project_iam_member.cluster_service_account-gcr",
            "module.infra.module.public-gke-standard-cluster.module.gke.google_project_iam_member.cluster_service_account-metric_writer",
            "module.infra.module.public-gke-standard-cluster.module.gke.google_project_iam_member.cluster_service_account-nodeService_account",
            "module.infra.module.public-gke-standard-cluster.module.gke.google_project_iam_member.cluster_service_account-resourceMetadata-writer",
            "module.infra.module.public-gke-standard-cluster.module.gke.google_service_account.cluster_service_account",
            "module.infra.module.public-gke-standard-cluster.module.gke.kubernetes_config_map.ip-masq-agent",
            "module.infra.module.public-gke-standard-cluster.module.gke.kubernetes_config_map_v1_data.kube-dns",
            "module.infra.module.public-gke-standard-cluster.module.gke.kubernetes_config_map_v1_data.kube-dns-upstream-nameservers-and-stub-domains",
            "module.infra.module.public-gke-standard-cluster.module.gke.kubernetes_config_map_v1_data.kube-dns-upstream-namservers",
            "module.infra.module.public-gke-standard-cluster.module.gke.random_shuffle.available_zones",
            "module.infra.module.public-gke-standard-cluster.module.gke.random_string.cluster_service_account_suffix",
            "module.namespace.helm_release.app-namespace",
            "module.project-services.data.google_compute_default_service_account.default",
            "module.project-services.google_project_iam_member.project_service_identity_roles",
            "module.project-services.google_project_service.project_services",
            "module.project-services.google_project_service_identity.project_service_identities"
          ]
        }
      ]
    },
    {
      "module": "module.cloudsql",
      "mode": "managed",
      "type": "random_password",
      "name": "pwd",
      "provider": "provider[\"registry.terraform.io/hashicorp/random\"]",
      "instances": [
        {
          "schema_version": 3,
          "attributes": {
            "bcrypt_hash": "$2a$10$OQrd0xaQrR3GwcZf1AFj1uG6X1kKRZydc7Q6svuPW16asnDQx5Q6W",
            "id": "none",
            "keepers": null,
            "length": 16,
            "lower": true,
            "min_lower": 0,
            "min_numeric": 0,
            "min_special": 0,
            "min_upper": 0,
            "number": true,
            "numeric": true,
            "override_special": null,
            "result": "Hi7JKu4AKnS39AFz",
            "special": false,
            "upper": true
          },
          "sensitive_attributes": [],
          "dependencies": [
            "data.google_client_config.default",
            "data.google_container_cluster.default",
            "data.google_project.project",
            "module.infra.data.google_compute_subnetwork.subnetwork",
            "module.infra.module.custom-network.google_compute_global_address.google-managed-services-range",
            "module.infra.module.custom-network.google_compute_network.network",
            "module.infra.module.custom-network.google_compute_subnetwork.subnetwork",
            "module.infra.module.custom-network.google_service_networking_connection.private_service_access",
            "module.infra.module.private-gke-autopilot-cluster.google_gke_hub_membership.gke-fleet",
            "module.infra.module.private-gke-autopilot-cluster.module.gke.data.google_compute_subnetwork.gke_subnetwork",
            "module.infra.module.private-gke-autopilot-cluster.module.gke.data.google_compute_zones.available",
            "module.infra.module.private-gke-autopilot-cluster.module.gke.data.google_container_engine_versions.region",
            "module.infra.module.private-gke-autopilot-cluster.module.gke.data.google_container_engine_versions.zone",
            "module.infra.module.private-gke-autopilot-cluster.module.gke.google_compute_firewall.intra_egress",
            "module.infra.module.private-gke-autopilot-cluster.module.gke.google_compute_firewall.master_webhooks",
            "module.infra.module.private-gke-autopilot-cluster.module.gke.google_compute_firewall.shadow_allow_inkubelet",
            "module.infra.module.private-gke-autopilot-cluster.module.gke.google_compute_firewall.shadow_allow_master",
            "module.infra.module.private-gke-autopilot-cluster.module.gke.google_compute_firewall.shadow_allow_nodes",
            "module.infra.module.private-gke-autopilot-cluster.module.gke.google_compute_firewall.shadow_allow_pods",
            "module.infra.module.private-gke-autopilot-cluster.module.gke.google_compute_firewall.shadow_deny_exkubelet",
            "module.infra.module.private-gke-autopilot-cluster.module.gke.google_compute_firewall.tpu_egress",
            "module.infra.module.private-gke-autopilot-cluster.module.gke.google_container_cluster.primary",
            "module.infra.module.private-gke-autopilot-cluster.module.gke.google_project_iam_member.cluster_service_account-artifact-registry",
            "module.infra.module.private-gke-autopilot-cluster.module.gke.google_project_iam_member.cluster_service_account-gcr",
            "module.infra.module.private-gke-autopilot-cluster.module.gke.google_project_iam_member.cluster_service_account-metric_writer",
            "module.infra.module.private-gke-autopilot-cluster.module.gke.google_project_iam_member.cluster_service_account-nodeService_account",
            "module.infra.module.private-gke-autopilot-cluster.module.gke.google_project_iam_member.cluster_service_account-resourceMetadata-writer",
            "module.infra.module.private-gke-autopilot-cluster.module.gke.google_project_iam_member.service_agent",
            "module.infra.module.private-gke-autopilot-cluster.module.gke.google_project_service_identity.fleet_project",
            "module.infra.module.private-gke-autopilot-cluster.module.gke.google_service_account.cluster_service_account",
            "module.infra.module.private-gke-autopilot-cluster.module.gke.kubernetes_config_map.ip-masq-agent",
            "module.infra.module.private-gke-autopilot-cluster.module.gke.kubernetes_config_map_v1_data.kube-dns",
            "module.infra.module.private-gke-autopilot-cluster.module.gke.kubernetes_config_map_v1_data.kube-dns-upstream-nameservers-and-stub-domains",
            "module.infra.module.private-gke-autopilot-cluster.module.gke.kubernetes_config_map_v1_data.kube-dns-upstream-namservers",
            "module.infra.module.private-gke-autopilot-cluster.module.gke.random_shuffle.available_zones",
            "module.infra.module.private-gke-autopilot-cluster.module.gke.random_string.cluster_service_account_suffix",
            "module.infra.module.private-gke-standard-cluster.google_gke_hub_membership.gke-fleet",
            "module.infra.module.private-gke-standard-cluster.module.gke.data.google_compute_subnetwork.gke_subnetwork",
            "module.infra.module.private-gke-standard-cluster.module.gke.data.google_compute_zones.available",
            "module.infra.module.private-gke-standard-cluster.module.gke.data.google_container_engine_versions.region",
            "module.infra.module.private-gke-standard-cluster.module.gke.data.google_container_engine_versions.zone",
            "module.infra.module.private-gke-standard-cluster.module.gke.google_compute_firewall.intra_egress",
            "module.infra.module.private-gke-standard-cluster.module.gke.google_compute_firewall.master_webhooks",
            "module.infra.module.private-gke-standard-cluster.module.gke.google_compute_firewall.shadow_allow_inkubelet",
            "module.infra.module.private-gke-standard-cluster.module.gke.google_compute_firewall.shadow_allow_master",
            "module.infra.module.private-gke-standard-cluster.module.gke.google_compute_firewall.shadow_allow_nodes",
            "module.infra.module.private-gke-standard-cluster.module.gke.google_compute_firewall.shadow_allow_pods",
            "module.infra.module.private-gke-standard-cluster.module.gke.google_compute_firewall.shadow_deny_exkubelet",
            "module.infra.module.private-gke-standard-cluster.module.gke.google_compute_firewall.tpu_egress",
            "module.infra.module.private-gke-standard-cluster.module.gke.google_container_cluster.primary",
            "module.infra.module.private-gke-standard-cluster.module.gke.google_container_node_pool.pools",
            "module.infra.module.private-gke-standard-cluster.module.gke.google_container_node_pool.windows_pools",
            "module.infra.module.private-gke-standard-cluster.module.gke.google_project_iam_member.cluster_service_account-artifact-registry",
            "module.infra.module.private-gke-standard-cluster.module.gke.google_project_iam_member.cluster_service_account-gcr",
            "module.infra.module.private-gke-standard-cluster.module.gke.google_project_iam_member.cluster_service_account-metric_writer",
            "module.infra.module.private-gke-standard-cluster.module.gke.google_project_iam_member.cluster_service_account-nodeService_account",
            "module.infra.module.private-gke-standard-cluster.module.gke.google_project_iam_member.cluster_service_account-resourceMetadata-writer",
            "module.infra.module.private-gke-standard-cluster.module.gke.google_service_account.cluster_service_account",
            "module.infra.module.private-gke-standard-cluster.module.gke.kubernetes_config_map.ip-masq-agent",
            "module.infra.module.private-gke-standard-cluster.module.gke.kubernetes_config_map_v1_data.kube-dns",
            "module.infra.module.private-gke-standard-cluster.module.gke.kubernetes_config_map_v1_data.kube-dns-upstream-nameservers-and-stub-domains",
            "module.infra.module.private-gke-standard-cluster.module.gke.kubernetes_config_map_v1_data.kube-dns-upstream-namservers",
            "module.infra.module.private-gke-standard-cluster.module.gke.random_shuffle.available_zones",
            "module.infra.module.private-gke-standard-cluster.module.gke.random_string.cluster_service_account_suffix",
            "module.infra.module.public-gke-autopilot-cluster.module.gke.data.google_compute_subnetwork.gke_subnetwork",
            "module.infra.module.public-gke-autopilot-cluster.module.gke.data.google_compute_zones.available",
            "module.infra.module.public-gke-autopilot-cluster.module.gke.data.google_container_engine_versions.region",
            "module.infra.module.public-gke-autopilot-cluster.module.gke.data.google_container_engine_versions.zone",
            "module.infra.module.public-gke-autopilot-cluster.module.gke.google_compute_firewall.intra_egress",
            "module.infra.module.public-gke-autopilot-cluster.module.gke.google_compute_firewall.master_webhooks",
            "module.infra.module.public-gke-autopilot-cluster.module.gke.google_compute_firewall.shadow_allow_inkubelet",
            "module.infra.module.public-gke-autopilot-cluster.module.gke.google_compute_firewall.shadow_allow_master",
            "module.infra.module.public-gke-autopilot-cluster.module.gke.google_compute_firewall.shadow_allow_nodes",
            "module.infra.module.public-gke-autopilot-cluster.module.gke.google_compute_firewall.shadow_allow_pods",
            "module.infra.module.public-gke-autopilot-cluster.module.gke.google_compute_firewall.shadow_deny_exkubelet",
            "module.infra.module.public-gke-autopilot-cluster.module.gke.google_compute_firewall.tpu_egress",
            "module.infra.module.public-gke-autopilot-cluster.module.gke.google_container_cluster.primary",
            "module.infra.module.public-gke-autopilot-cluster.module.gke.google_project_iam_member.cluster_service_account-artifact-registry",
            "module.infra.module.public-gke-autopilot-cluster.module.gke.google_project_iam_member.cluster_service_account-gcr",
            "module.infra.module.public-gke-autopilot-cluster.module.gke.google_project_iam_member.cluster_service_account-metric_writer",
            "module.infra.module.public-gke-autopilot-cluster.module.gke.google_project_iam_member.cluster_service_account-nodeService_account",
            "module.infra.module.public-gke-autopilot-cluster.module.gke.google_project_iam_member.cluster_service_account-resourceMetadata-writer",
            "module.infra.module.public-gke-autopilot-cluster.module.gke.google_project_iam_member.service_agent",
            "module.infra.module.public-gke-autopilot-cluster.module.gke.google_project_service_identity.fleet_project",
            "module.infra.module.public-gke-autopilot-cluster.module.gke.google_service_account.cluster_service_account",
            "module.infra.module.public-gke-autopilot-cluster.module.gke.kubernetes_config_map.ip-masq-agent",
            "module.infra.module.public-gke-autopilot-cluster.module.gke.kubernetes_config_map_v1_data.kube-dns",
            "module.infra.module.public-gke-autopilot-cluster.module.gke.kubernetes_config_map_v1_data.kube-dns-upstream-nameservers-and-stub-domains",
            "module.infra.module.public-gke-autopilot-cluster.module.gke.kubernetes_config_map_v1_data.kube-dns-upstream-namservers",
            "module.infra.module.public-gke-autopilot-cluster.module.gke.random_shuffle.available_zones",
            "module.infra.module.public-gke-autopilot-cluster.module.gke.random_string.cluster_service_account_suffix",
            "module.infra.module.public-gke-standard-cluster.module.gke.data.google_compute_subnetwork.gke_subnetwork",
            "module.infra.module.public-gke-standard-cluster.module.gke.data.google_compute_zones.available",
            "module.infra.module.public-gke-standard-cluster.module.gke.data.google_container_engine_versions.region",
            "module.infra.module.public-gke-standard-cluster.module.gke.data.google_container_engine_versions.zone",
            "module.infra.module.public-gke-standard-cluster.module.gke.google_compute_firewall.intra_egress",
            "module.infra.module.public-gke-standard-cluster.module.gke.google_compute_firewall.master_webhooks",
            "module.infra.module.public-gke-standard-cluster.module.gke.google_compute_firewall.shadow_allow_inkubelet",
            "module.infra.module.public-gke-standard-cluster.module.gke.google_compute_firewall.shadow_allow_master",
            "module.infra.module.public-gke-standard-cluster.module.gke.google_compute_firewall.shadow_allow_nodes",
            "module.infra.module.public-gke-standard-cluster.module.gke.google_compute_firewall.shadow_allow_pods",
            "module.infra.module.public-gke-standard-cluster.module.gke.google_compute_firewall.shadow_deny_exkubelet",
            "module.infra.module.public-gke-standard-cluster.module.gke.google_compute_firewall.tpu_egress",
            "module.infra.module.public-gke-standard-cluster.module.gke.google_container_cluster.primary",
            "module.infra.module.public-gke-standard-cluster.module.gke.google_container_node_pool.pools",
            "module.infra.module.public-gke-standard-cluster.module.gke.google_container_node_pool.windows_pools",
            "module.infra.module.public-gke-standard-cluster.module.gke.google_project_iam_member.cluster_service_account-artifact-registry",
            "module.infra.module.public-gke-standard-cluster.module.gke.google_project_iam_member.cluster_service_account-gcr",
            "module.infra.module.public-gke-standard-cluster.module.gke.google_project_iam_member.cluster_service_account-metric_writer",
            "module.infra.module.public-gke-standard-cluster.module.gke.google_project_iam_member.cluster_service_account-nodeService_account",
            "module.infra.module.public-gke-standard-cluster.module.gke.google_project_iam_member.cluster_service_account-resourceMetadata-writer",
            "module.infra.module.public-gke-standard-cluster.module.gke.google_service_account.cluster_service_account",
            "module.infra.module.public-gke-standard-cluster.module.gke.kubernetes_config_map.ip-masq-agent",
            "module.infra.module.public-gke-standard-cluster.module.gke.kubernetes_config_map_v1_data.kube-dns",
            "module.infra.module.public-gke-standard-cluster.module.gke.kubernetes_config_map_v1_data.kube-dns-upstream-nameservers-and-stub-domains",
            "module.infra.module.public-gke-standard-cluster.module.gke.kubernetes_config_map_v1_data.kube-dns-upstream-namservers",
            "module.infra.module.public-gke-standard-cluster.module.gke.random_shuffle.available_zones",
            "module.infra.module.public-gke-standard-cluster.module.gke.random_string.cluster_service_account_suffix",
            "module.namespace.helm_release.app-namespace",
            "module.project-services.data.google_compute_default_service_account.default",
            "module.project-services.google_project_iam_member.project_service_identity_roles",
            "module.project-services.google_project_service.project_services",
            "module.project-services.google_project_service_identity.project_service_identities"
          ]
        }
      ]
    },
    {
      "module": "module.cloudsql.module.cloudsql",
      "mode": "data",
      "type": "google_compute_zones",
      "name": "available",
      "provider": "provider[\"registry.terraform.io/hashicorp/google\"]",
      "instances": [
        {
          "index_key": 0,
          "schema_version": 0,
          "attributes": {
            "id": "projects/genlu-gke-dev/regions/us-central1",
            "names": [
              "us-central1-a",
              "us-central1-b",
              "us-central1-c",
              "us-central1-f"
            ],
            "project": "genlu-gke-dev",
            "region": "us-central1",
            "status": null
          },
          "sensitive_attributes": []
        }
      ]
    },
    {
      "module": "module.cloudsql.module.cloudsql",
      "mode": "managed",
      "type": "google_sql_database",
      "name": "additional_databases",
      "provider": "provider[\"registry.terraform.io/hashicorp/google\"]",
      "instances": [
        {
          "index_key": "pgvector-database",
          "schema_version": 0,
          "attributes": {
            "charset": "UTF8",
            "collation": "en_US.UTF8",
            "deletion_policy": "ABANDON",
            "id": "projects/genlu-gke-dev/instances/pgvector-instance/databases/pgvector-database",
            "instance": "pgvector-instance",
            "name": "pgvector-database",
            "project": "genlu-gke-dev",
            "self_link": "https://sqladmin.googleapis.com/sql/v1beta4/projects/genlu-gke-dev/instances/pgvector-instance/databases/pgvector-database",
            "timeouts": null
          },
          "sensitive_attributes": [],
          "private": "eyJlMmJmYjczMC1lY2FhLTExZTYtOGY4OC0zNDM2M2JjN2M0YzAiOnsiY3JlYXRlIjoxMjAwMDAwMDAwMDAwLCJkZWxldGUiOjEyMDAwMDAwMDAwMDAsInVwZGF0ZSI6MTIwMDAwMDAwMDAwMH19",
          "dependencies": [
            "data.google_client_config.default",
            "data.google_container_cluster.default",
            "data.google_project.project",
            "module.cloudsql.module.cloudsql.google_sql_database_instance.default",
            "module.cloudsql.module.cloudsql.null_resource.module_depends_on",
            "module.cloudsql.module.cloudsql.random_id.suffix",
            "module.infra.data.google_compute_subnetwork.subnetwork",
            "module.infra.module.custom-network.google_compute_global_address.google-managed-services-range",
            "module.infra.module.custom-network.google_compute_network.network",
            "module.infra.module.custom-network.google_compute_subnetwork.subnetwork",
            "module.infra.module.custom-network.google_service_networking_connection.private_service_access",
            "module.infra.module.private-gke-autopilot-cluster.google_gke_hub_membership.gke-fleet",
            "module.infra.module.private-gke-autopilot-cluster.module.gke.data.google_compute_subnetwork.gke_subnetwork",
            "module.infra.module.private-gke-autopilot-cluster.module.gke.data.google_compute_zones.available",
            "module.infra.module.private-gke-autopilot-cluster.module.gke.data.google_container_engine_versions.region",
            "module.infra.module.private-gke-autopilot-cluster.module.gke.data.google_container_engine_versions.zone",
            "module.infra.module.private-gke-autopilot-cluster.module.gke.google_compute_firewall.intra_egress",
            "module.infra.module.private-gke-autopilot-cluster.module.gke.google_compute_firewall.master_webhooks",
            "module.infra.module.private-gke-autopilot-cluster.module.gke.google_compute_firewall.shadow_allow_inkubelet",
            "module.infra.module.private-gke-autopilot-cluster.module.gke.google_compute_firewall.shadow_allow_master",
            "module.infra.module.private-gke-autopilot-cluster.module.gke.google_compute_firewall.shadow_allow_nodes",
            "module.infra.module.private-gke-autopilot-cluster.module.gke.google_compute_firewall.shadow_allow_pods",
            "module.infra.module.private-gke-autopilot-cluster.module.gke.google_compute_firewall.shadow_deny_exkubelet",
            "module.infra.module.private-gke-autopilot-cluster.module.gke.google_compute_firewall.tpu_egress",
            "module.infra.module.private-gke-autopilot-cluster.module.gke.google_container_cluster.primary",
            "module.infra.module.private-gke-autopilot-cluster.module.gke.google_project_iam_member.cluster_service_account-artifact-registry",
            "module.infra.module.private-gke-autopilot-cluster.module.gke.google_project_iam_member.cluster_service_account-gcr",
            "module.infra.module.private-gke-autopilot-cluster.module.gke.google_project_iam_member.cluster_service_account-metric_writer",
            "module.infra.module.private-gke-autopilot-cluster.module.gke.google_project_iam_member.cluster_service_account-nodeService_account",
            "module.infra.module.private-gke-autopilot-cluster.module.gke.google_project_iam_member.cluster_service_account-resourceMetadata-writer",
            "module.infra.module.private-gke-autopilot-cluster.module.gke.google_project_iam_member.service_agent",
            "module.infra.module.private-gke-autopilot-cluster.module.gke.google_project_service_identity.fleet_project",
            "module.infra.module.private-gke-autopilot-cluster.module.gke.google_service_account.cluster_service_account",
            "module.infra.module.private-gke-autopilot-cluster.module.gke.kubernetes_config_map.ip-masq-agent",
            "module.infra.module.private-gke-autopilot-cluster.module.gke.kubernetes_config_map_v1_data.kube-dns",
            "module.infra.module.private-gke-autopilot-cluster.module.gke.kubernetes_config_map_v1_data.kube-dns-upstream-nameservers-and-stub-domains",
            "module.infra.module.private-gke-autopilot-cluster.module.gke.kubernetes_config_map_v1_data.kube-dns-upstream-namservers",
            "module.infra.module.private-gke-autopilot-cluster.module.gke.random_shuffle.available_zones",
            "module.infra.module.private-gke-autopilot-cluster.module.gke.random_string.cluster_service_account_suffix",
            "module.infra.module.private-gke-standard-cluster.google_gke_hub_membership.gke-fleet",
            "module.infra.module.private-gke-standard-cluster.module.gke.data.google_compute_subnetwork.gke_subnetwork",
            "module.infra.module.private-gke-standard-cluster.module.gke.data.google_compute_zones.available",
            "module.infra.module.private-gke-standard-cluster.module.gke.data.google_container_engine_versions.region",
            "module.infra.module.private-gke-standard-cluster.module.gke.data.google_container_engine_versions.zone",
            "module.infra.module.private-gke-standard-cluster.module.gke.google_compute_firewall.intra_egress",
            "module.infra.module.private-gke-standard-cluster.module.gke.google_compute_firewall.master_webhooks",
            "module.infra.module.private-gke-standard-cluster.module.gke.google_compute_firewall.shadow_allow_inkubelet",
            "module.infra.module.private-gke-standard-cluster.module.gke.google_compute_firewall.shadow_allow_master",
            "module.infra.module.private-gke-standard-cluster.module.gke.google_compute_firewall.shadow_allow_nodes",
            "module.infra.module.private-gke-standard-cluster.module.gke.google_compute_firewall.shadow_allow_pods",
            "module.infra.module.private-gke-standard-cluster.module.gke.google_compute_firewall.shadow_deny_exkubelet",
            "module.infra.module.private-gke-standard-cluster.module.gke.google_compute_firewall.tpu_egress",
            "module.infra.module.private-gke-standard-cluster.module.gke.google_container_cluster.primary",
            "module.infra.module.private-gke-standard-cluster.module.gke.google_container_node_pool.pools",
            "module.infra.module.private-gke-standard-cluster.module.gke.google_container_node_pool.windows_pools",
            "module.infra.module.private-gke-standard-cluster.module.gke.google_project_iam_member.cluster_service_account-artifact-registry",
            "module.infra.module.private-gke-standard-cluster.module.gke.google_project_iam_member.cluster_service_account-gcr",
            "module.infra.module.private-gke-standard-cluster.module.gke.google_project_iam_member.cluster_service_account-metric_writer",
            "module.infra.module.private-gke-standard-cluster.module.gke.google_project_iam_member.cluster_service_account-nodeService_account",
            "module.infra.module.private-gke-standard-cluster.module.gke.google_project_iam_member.cluster_service_account-resourceMetadata-writer",
            "module.infra.module.private-gke-standard-cluster.module.gke.google_service_account.cluster_service_account",
            "module.infra.module.private-gke-standard-cluster.module.gke.kubernetes_config_map.ip-masq-agent",
            "module.infra.module.private-gke-standard-cluster.module.gke.kubernetes_config_map_v1_data.kube-dns",
            "module.infra.module.private-gke-standard-cluster.module.gke.kubernetes_config_map_v1_data.kube-dns-upstream-nameservers-and-stub-domains",
            "module.infra.module.private-gke-standard-cluster.module.gke.kubernetes_config_map_v1_data.kube-dns-upstream-namservers",
            "module.infra.module.private-gke-standard-cluster.module.gke.random_shuffle.available_zones",
            "module.infra.module.private-gke-standard-cluster.module.gke.random_string.cluster_service_account_suffix",
            "module.infra.module.public-gke-autopilot-cluster.module.gke.data.google_compute_subnetwork.gke_subnetwork",
            "module.infra.module.public-gke-autopilot-cluster.module.gke.data.google_compute_zones.available",
            "module.infra.module.public-gke-autopilot-cluster.module.gke.data.google_container_engine_versions.region",
            "module.infra.module.public-gke-autopilot-cluster.module.gke.data.google_container_engine_versions.zone",
            "module.infra.module.public-gke-autopilot-cluster.module.gke.google_compute_firewall.intra_egress",
            "module.infra.module.public-gke-autopilot-cluster.module.gke.google_compute_firewall.master_webhooks",
            "module.infra.module.public-gke-autopilot-cluster.module.gke.google_compute_firewall.shadow_allow_inkubelet",
            "module.infra.module.public-gke-autopilot-cluster.module.gke.google_compute_firewall.shadow_allow_master",
            "module.infra.module.public-gke-autopilot-cluster.module.gke.google_compute_firewall.shadow_allow_nodes",
            "module.infra.module.public-gke-autopilot-cluster.module.gke.google_compute_firewall.shadow_allow_pods",
            "module.infra.module.public-gke-autopilot-cluster.module.gke.google_compute_firewall.shadow_deny_exkubelet",
            "module.infra.module.public-gke-autopilot-cluster.module.gke.google_compute_firewall.tpu_egress",
            "module.infra.module.public-gke-autopilot-cluster.module.gke.google_container_cluster.primary",
            "module.infra.module.public-gke-autopilot-cluster.module.gke.google_project_iam_member.cluster_service_account-artifact-registry",
            "module.infra.module.public-gke-autopilot-cluster.module.gke.google_project_iam_member.cluster_service_account-gcr",
            "module.infra.module.public-gke-autopilot-cluster.module.gke.google_project_iam_member.cluster_service_account-metric_writer",
            "module.infra.module.public-gke-autopilot-cluster.module.gke.google_project_iam_member.cluster_service_account-nodeService_account",
            "module.infra.module.public-gke-autopilot-cluster.module.gke.google_project_iam_member.cluster_service_account-resourceMetadata-writer",
            "module.infra.module.public-gke-autopilot-cluster.module.gke.google_project_iam_member.service_agent",
            "module.infra.module.public-gke-autopilot-cluster.module.gke.google_project_service_identity.fleet_project",
            "module.infra.module.public-gke-autopilot-cluster.module.gke.google_service_account.cluster_service_account",
            "module.infra.module.public-gke-autopilot-cluster.module.gke.kubernetes_config_map.ip-masq-agent",
            "module.infra.module.public-gke-autopilot-cluster.module.gke.kubernetes_config_map_v1_data.kube-dns",
            "module.infra.module.public-gke-autopilot-cluster.module.gke.kubernetes_config_map_v1_data.kube-dns-upstream-nameservers-and-stub-domains",
            "module.infra.module.public-gke-autopilot-cluster.module.gke.kubernetes_config_map_v1_data.kube-dns-upstream-namservers",
            "module.infra.module.public-gke-autopilot-cluster.module.gke.random_shuffle.available_zones",
            "module.infra.module.public-gke-autopilot-cluster.module.gke.random_string.cluster_service_account_suffix",
            "module.infra.module.public-gke-standard-cluster.module.gke.data.google_compute_subnetwork.gke_subnetwork",
            "module.infra.module.public-gke-standard-cluster.module.gke.data.google_compute_zones.available",
            "module.infra.module.public-gke-standard-cluster.module.gke.data.google_container_engine_versions.region",
            "module.infra.module.public-gke-standard-cluster.module.gke.data.google_container_engine_versions.zone",
            "module.infra.module.public-gke-standard-cluster.module.gke.google_compute_firewall.intra_egress",
            "module.infra.module.public-gke-standard-cluster.module.gke.google_compute_firewall.master_webhooks",
            "module.infra.module.public-gke-standard-cluster.module.gke.google_compute_firewall.shadow_allow_inkubelet",
            "module.infra.module.public-gke-standard-cluster.module.gke.google_compute_firewall.shadow_allow_master",
            "module.infra.module.public-gke-standard-cluster.module.gke.google_compute_firewall.shadow_allow_nodes",
            "module.infra.module.public-gke-standard-cluster.module.gke.google_compute_firewall.shadow_allow_pods",
            "module.infra.module.public-gke-standard-cluster.module.gke.google_compute_firewall.shadow_deny_exkubelet",
            "module.infra.module.public-gke-standard-cluster.module.gke.google_compute_firewall.tpu_egress",
            "module.infra.module.public-gke-standard-cluster.module.gke.google_container_cluster.primary",
            "module.infra.module.public-gke-standard-cluster.module.gke.google_container_node_pool.pools",
            "module.infra.module.public-gke-standard-cluster.module.gke.google_container_node_pool.windows_pools",
            "module.infra.module.public-gke-standard-cluster.module.gke.google_project_iam_member.cluster_service_account-artifact-registry",
            "module.infra.module.public-gke-standard-cluster.module.gke.google_project_iam_member.cluster_service_account-gcr",
            "module.infra.module.public-gke-standard-cluster.module.gke.google_project_iam_member.cluster_service_account-metric_writer",
            "module.infra.module.public-gke-standard-cluster.module.gke.google_project_iam_member.cluster_service_account-nodeService_account",
            "module.infra.module.public-gke-standard-cluster.module.gke.google_project_iam_member.cluster_service_account-resourceMetadata-writer",
            "module.infra.module.public-gke-standard-cluster.module.gke.google_service_account.cluster_service_account",
            "module.infra.module.public-gke-standard-cluster.module.gke.kubernetes_config_map.ip-masq-agent",
            "module.infra.module.public-gke-standard-cluster.module.gke.kubernetes_config_map_v1_data.kube-dns",
            "module.infra.module.public-gke-standard-cluster.module.gke.kubernetes_config_map_v1_data.kube-dns-upstream-nameservers-and-stub-domains",
            "module.infra.module.public-gke-standard-cluster.module.gke.kubernetes_config_map_v1_data.kube-dns-upstream-namservers",
            "module.infra.module.public-gke-standard-cluster.module.gke.random_shuffle.available_zones",
            "module.infra.module.public-gke-standard-cluster.module.gke.random_string.cluster_service_account_suffix",
            "module.namespace.helm_release.app-namespace",
            "module.project-services.data.google_compute_default_service_account.default",
            "module.project-services.google_project_iam_member.project_service_identity_roles",
            "module.project-services.google_project_service.project_services",
            "module.project-services.google_project_service_identity.project_service_identities"
          ]
        }
      ]
    },
    {
      "module": "module.cloudsql.module.cloudsql",
      "mode": "managed",
      "type": "google_sql_database",
      "name": "default",
      "provider": "provider[\"registry.terraform.io/hashicorp/google\"]",
      "instances": [
        {
          "index_key": 0,
          "schema_version": 0,
          "attributes": {
            "charset": "UTF8",
            "collation": "en_US.UTF8",
            "deletion_policy": "ABANDON",
            "id": "projects/genlu-gke-dev/instances/pgvector-instance/databases/default",
            "instance": "pgvector-instance",
            "name": "default",
            "project": "genlu-gke-dev",
            "self_link": "https://sqladmin.googleapis.com/sql/v1beta4/projects/genlu-gke-dev/instances/pgvector-instance/databases/default",
            "timeouts": null
          },
          "sensitive_attributes": [],
          "private": "eyJlMmJmYjczMC1lY2FhLTExZTYtOGY4OC0zNDM2M2JjN2M0YzAiOnsiY3JlYXRlIjoxMjAwMDAwMDAwMDAwLCJkZWxldGUiOjEyMDAwMDAwMDAwMDAsInVwZGF0ZSI6MTIwMDAwMDAwMDAwMH19",
          "dependencies": [
            "data.google_client_config.default",
            "data.google_container_cluster.default",
            "data.google_project.project",
            "module.cloudsql.module.cloudsql.google_sql_database_instance.default",
            "module.cloudsql.module.cloudsql.null_resource.module_depends_on",
            "module.cloudsql.module.cloudsql.random_id.suffix",
            "module.infra.data.google_compute_subnetwork.subnetwork",
            "module.infra.module.custom-network.google_compute_global_address.google-managed-services-range",
            "module.infra.module.custom-network.google_compute_network.network",
            "module.infra.module.custom-network.google_compute_subnetwork.subnetwork",
            "module.infra.module.custom-network.google_service_networking_connection.private_service_access",
            "module.infra.module.private-gke-autopilot-cluster.google_gke_hub_membership.gke-fleet",
            "module.infra.module.private-gke-autopilot-cluster.module.gke.data.google_compute_subnetwork.gke_subnetwork",
            "module.infra.module.private-gke-autopilot-cluster.module.gke.data.google_compute_zones.available",
            "module.infra.module.private-gke-autopilot-cluster.module.gke.data.google_container_engine_versions.region",
            "module.infra.module.private-gke-autopilot-cluster.module.gke.data.google_container_engine_versions.zone",
            "module.infra.module.private-gke-autopilot-cluster.module.gke.google_compute_firewall.intra_egress",
            "module.infra.module.private-gke-autopilot-cluster.module.gke.google_compute_firewall.master_webhooks",
            "module.infra.module.private-gke-autopilot-cluster.module.gke.google_compute_firewall.shadow_allow_inkubelet",
            "module.infra.module.private-gke-autopilot-cluster.module.gke.google_compute_firewall.shadow_allow_master",
            "module.infra.module.private-gke-autopilot-cluster.module.gke.google_compute_firewall.shadow_allow_nodes",
            "module.infra.module.private-gke-autopilot-cluster.module.gke.google_compute_firewall.shadow_allow_pods",
            "module.infra.module.private-gke-autopilot-cluster.module.gke.google_compute_firewall.shadow_deny_exkubelet",
            "module.infra.module.private-gke-autopilot-cluster.module.gke.google_compute_firewall.tpu_egress",
            "module.infra.module.private-gke-autopilot-cluster.module.gke.google_container_cluster.primary",
            "module.infra.module.private-gke-autopilot-cluster.module.gke.google_project_iam_member.cluster_service_account-artifact-registry",
            "module.infra.module.private-gke-autopilot-cluster.module.gke.google_project_iam_member.cluster_service_account-gcr",
            "module.infra.module.private-gke-autopilot-cluster.module.gke.google_project_iam_member.cluster_service_account-metric_writer",
            "module.infra.module.private-gke-autopilot-cluster.module.gke.google_project_iam_member.cluster_service_account-nodeService_account",
            "module.infra.module.private-gke-autopilot-cluster.module.gke.google_project_iam_member.cluster_service_account-resourceMetadata-writer",
            "module.infra.module.private-gke-autopilot-cluster.module.gke.google_project_iam_member.service_agent",
            "module.infra.module.private-gke-autopilot-cluster.module.gke.google_project_service_identity.fleet_project",
            "module.infra.module.private-gke-autopilot-cluster.module.gke.google_service_account.cluster_service_account",
            "module.infra.module.private-gke-autopilot-cluster.module.gke.kubernetes_config_map.ip-masq-agent",
            "module.infra.module.private-gke-autopilot-cluster.module.gke.kubernetes_config_map_v1_data.kube-dns",
            "module.infra.module.private-gke-autopilot-cluster.module.gke.kubernetes_config_map_v1_data.kube-dns-upstream-nameservers-and-stub-domains",
            "module.infra.module.private-gke-autopilot-cluster.module.gke.kubernetes_config_map_v1_data.kube-dns-upstream-namservers",
            "module.infra.module.private-gke-autopilot-cluster.module.gke.random_shuffle.available_zones",
            "module.infra.module.private-gke-autopilot-cluster.module.gke.random_string.cluster_service_account_suffix",
            "module.infra.module.private-gke-standard-cluster.google_gke_hub_membership.gke-fleet",
            "module.infra.module.private-gke-standard-cluster.module.gke.data.google_compute_subnetwork.gke_subnetwork",
            "module.infra.module.private-gke-standard-cluster.module.gke.data.google_compute_zones.available",
            "module.infra.module.private-gke-standard-cluster.module.gke.data.google_container_engine_versions.region",
            "module.infra.module.private-gke-standard-cluster.module.gke.data.google_container_engine_versions.zone",
            "module.infra.module.private-gke-standard-cluster.module.gke.google_compute_firewall.intra_egress",
            "module.infra.module.private-gke-standard-cluster.module.gke.google_compute_firewall.master_webhooks",
            "module.infra.module.private-gke-standard-cluster.module.gke.google_compute_firewall.shadow_allow_inkubelet",
            "module.infra.module.private-gke-standard-cluster.module.gke.google_compute_firewall.shadow_allow_master",
            "module.infra.module.private-gke-standard-cluster.module.gke.google_compute_firewall.shadow_allow_nodes",
            "module.infra.module.private-gke-standard-cluster.module.gke.google_compute_firewall.shadow_allow_pods",
            "module.infra.module.private-gke-standard-cluster.module.gke.google_compute_firewall.shadow_deny_exkubelet",
            "module.infra.module.private-gke-standard-cluster.module.gke.google_compute_firewall.tpu_egress",
            "module.infra.module.private-gke-standard-cluster.module.gke.google_container_cluster.primary",
            "module.infra.module.private-gke-standard-cluster.module.gke.google_container_node_pool.pools",
            "module.infra.module.private-gke-standard-cluster.module.gke.google_container_node_pool.windows_pools",
            "module.infra.module.private-gke-standard-cluster.module.gke.google_project_iam_member.cluster_service_account-artifact-registry",
            "module.infra.module.private-gke-standard-cluster.module.gke.google_project_iam_member.cluster_service_account-gcr",
            "module.infra.module.private-gke-standard-cluster.module.gke.google_project_iam_member.cluster_service_account-metric_writer",
            "module.infra.module.private-gke-standard-cluster.module.gke.google_project_iam_member.cluster_service_account-nodeService_account",
            "module.infra.module.private-gke-standard-cluster.module.gke.google_project_iam_member.cluster_service_account-resourceMetadata-writer",
            "module.infra.module.private-gke-standard-cluster.module.gke.google_service_account.cluster_service_account",
            "module.infra.module.private-gke-standard-cluster.module.gke.kubernetes_config_map.ip-masq-agent",
            "module.infra.module.private-gke-standard-cluster.module.gke.kubernetes_config_map_v1_data.kube-dns",
            "module.infra.module.private-gke-standard-cluster.module.gke.kubernetes_config_map_v1_data.kube-dns-upstream-nameservers-and-stub-domains",
            "module.infra.module.private-gke-standard-cluster.module.gke.kubernetes_config_map_v1_data.kube-dns-upstream-namservers",
            "module.infra.module.private-gke-standard-cluster.module.gke.random_shuffle.available_zones",
            "module.infra.module.private-gke-standard-cluster.module.gke.random_string.cluster_service_account_suffix",
            "module.infra.module.public-gke-autopilot-cluster.module.gke.data.google_compute_subnetwork.gke_subnetwork",
            "module.infra.module.public-gke-autopilot-cluster.module.gke.data.google_compute_zones.available",
            "module.infra.module.public-gke-autopilot-cluster.module.gke.data.google_container_engine_versions.region",
            "module.infra.module.public-gke-autopilot-cluster.module.gke.data.google_container_engine_versions.zone",
            "module.infra.module.public-gke-autopilot-cluster.module.gke.google_compute_firewall.intra_egress",
            "module.infra.module.public-gke-autopilot-cluster.module.gke.google_compute_firewall.master_webhooks",
            "module.infra.module.public-gke-autopilot-cluster.module.gke.google_compute_firewall.shadow_allow_inkubelet",
            "module.infra.module.public-gke-autopilot-cluster.module.gke.google_compute_firewall.shadow_allow_master",
            "module.infra.module.public-gke-autopilot-cluster.module.gke.google_compute_firewall.shadow_allow_nodes",
            "module.infra.module.public-gke-autopilot-cluster.module.gke.google_compute_firewall.shadow_allow_pods",
            "module.infra.module.public-gke-autopilot-cluster.module.gke.google_compute_firewall.shadow_deny_exkubelet",
            "module.infra.module.public-gke-autopilot-cluster.module.gke.google_compute_firewall.tpu_egress",
            "module.infra.module.public-gke-autopilot-cluster.module.gke.google_container_cluster.primary",
            "module.infra.module.public-gke-autopilot-cluster.module.gke.google_project_iam_member.cluster_service_account-artifact-registry",
            "module.infra.module.public-gke-autopilot-cluster.module.gke.google_project_iam_member.cluster_service_account-gcr",
            "module.infra.module.public-gke-autopilot-cluster.module.gke.google_project_iam_member.cluster_service_account-metric_writer",
            "module.infra.module.public-gke-autopilot-cluster.module.gke.google_project_iam_member.cluster_service_account-nodeService_account",
            "module.infra.module.public-gke-autopilot-cluster.module.gke.google_project_iam_member.cluster_service_account-resourceMetadata-writer",
            "module.infra.module.public-gke-autopilot-cluster.module.gke.google_project_iam_member.service_agent",
            "module.infra.module.public-gke-autopilot-cluster.module.gke.google_project_service_identity.fleet_project",
            "module.infra.module.public-gke-autopilot-cluster.module.gke.google_service_account.cluster_service_account",
            "module.infra.module.public-gke-autopilot-cluster.module.gke.kubernetes_config_map.ip-masq-agent",
            "module.infra.module.public-gke-autopilot-cluster.module.gke.kubernetes_config_map_v1_data.kube-dns",
            "module.infra.module.public-gke-autopilot-cluster.module.gke.kubernetes_config_map_v1_data.kube-dns-upstream-nameservers-and-stub-domains",
            "module.infra.module.public-gke-autopilot-cluster.module.gke.kubernetes_config_map_v1_data.kube-dns-upstream-namservers",
            "module.infra.module.public-gke-autopilot-cluster.module.gke.random_shuffle.available_zones",
            "module.infra.module.public-gke-autopilot-cluster.module.gke.random_string.cluster_service_account_suffix",
            "module.infra.module.public-gke-standard-cluster.module.gke.data.google_compute_subnetwork.gke_subnetwork",
            "module.infra.module.public-gke-standard-cluster.module.gke.data.google_compute_zones.available",
            "module.infra.module.public-gke-standard-cluster.module.gke.data.google_container_engine_versions.region",
            "module.infra.module.public-gke-standard-cluster.module.gke.data.google_container_engine_versions.zone",
            "module.infra.module.public-gke-standard-cluster.module.gke.google_compute_firewall.intra_egress",
            "module.infra.module.public-gke-standard-cluster.module.gke.google_compute_firewall.master_webhooks",
            "module.infra.module.public-gke-standard-cluster.module.gke.google_compute_firewall.shadow_allow_inkubelet",
            "module.infra.module.public-gke-standard-cluster.module.gke.google_compute_firewall.shadow_allow_master",
            "module.infra.module.public-gke-standard-cluster.module.gke.google_compute_firewall.shadow_allow_nodes",
            "module.infra.module.public-gke-standard-cluster.module.gke.google_compute_firewall.shadow_allow_pods",
            "module.infra.module.public-gke-standard-cluster.module.gke.google_compute_firewall.shadow_deny_exkubelet",
            "module.infra.module.public-gke-standard-cluster.module.gke.google_compute_firewall.tpu_egress",
            "module.infra.module.public-gke-standard-cluster.module.gke.google_container_cluster.primary",
            "module.infra.module.public-gke-standard-cluster.module.gke.google_container_node_pool.pools",
            "module.infra.module.public-gke-standard-cluster.module.gke.google_container_node_pool.windows_pools",
            "module.infra.module.public-gke-standard-cluster.module.gke.google_project_iam_member.cluster_service_account-artifact-registry",
            "module.infra.module.public-gke-standard-cluster.module.gke.google_project_iam_member.cluster_service_account-gcr",
            "module.infra.module.public-gke-standard-cluster.module.gke.google_project_iam_member.cluster_service_account-metric_writer",
            "module.infra.module.public-gke-standard-cluster.module.gke.google_project_iam_member.cluster_service_account-nodeService_account",
            "module.infra.module.public-gke-standard-cluster.module.gke.google_project_iam_member.cluster_service_account-resourceMetadata-writer",
            "module.infra.module.public-gke-standard-cluster.module.gke.google_service_account.cluster_service_account",
            "module.infra.module.public-gke-standard-cluster.module.gke.kubernetes_config_map.ip-masq-agent",
            "module.infra.module.public-gke-standard-cluster.module.gke.kubernetes_config_map_v1_data.kube-dns",
            "module.infra.module.public-gke-standard-cluster.module.gke.kubernetes_config_map_v1_data.kube-dns-upstream-nameservers-and-stub-domains",
            "module.infra.module.public-gke-standard-cluster.module.gke.kubernetes_config_map_v1_data.kube-dns-upstream-namservers",
            "module.infra.module.public-gke-standard-cluster.module.gke.random_shuffle.available_zones",
            "module.infra.module.public-gke-standard-cluster.module.gke.random_string.cluster_service_account_suffix",
            "module.namespace.helm_release.app-namespace",
            "module.project-services.data.google_compute_default_service_account.default",
            "module.project-services.google_project_iam_member.project_service_identity_roles",
            "module.project-services.google_project_service.project_services",
            "module.project-services.google_project_service_identity.project_service_identities"
          ]
        }
      ]
    },
    {
      "module": "module.cloudsql.module.cloudsql",
      "mode": "managed",
      "type": "google_sql_database_instance",
      "name": "default",
      "provider": "provider[\"registry.terraform.io/hashicorp/google-beta\"]",
      "instances": [
        {
          "schema_version": 0,
          "attributes": {
            "available_maintenance_versions": [],
            "clone": [],
            "connection_name": "genlu-gke-dev:us-central1:pgvector-instance",
            "database_version": "POSTGRES_15",
            "deletion_protection": false,
            "dns_name": "",
            "encryption_key_name": null,
            "first_ip_address": "10.203.0.3",
            "id": "pgvector-instance",
            "instance_type": "CLOUD_SQL_INSTANCE",
            "ip_address": [
              {
                "ip_address": "10.203.0.3",
                "time_to_retire": "",
                "type": "PRIVATE"
              }
            ],
            "maintenance_version": "POSTGRES_15_7.R20240514.00_12",
            "master_instance_name": "",
            "name": "pgvector-instance",
            "private_ip_address": "10.203.0.3",
            "project": "genlu-gke-dev",
            "psc_service_attachment_link": "",
            "public_ip_address": "",
            "region": "us-central1",
            "replica_configuration": [],
            "restore_backup_context": [],
            "root_password": null,
            "self_link": "https://sqladmin.googleapis.com/sql/v1beta4/projects/genlu-gke-dev/instances/pgvector-instance",
            "server_ca_cert": [
              {
                "cert": "-----BEGIN CERTIFICATE-----\nMIIDfzCCAmegAwIBAgIBADANBgkqhkiG9w0BAQsFADB3MS0wKwYDVQQuEyQ2NDUy\nMDQxMC1iODk2LTRjM2ItOTVjMC1mZGEzODlmZjI0MDcxIzAhBgNVBAMTGkdvb2ds\nZSBDbG91ZCBTUUwgU2VydmVyIENBMRQwEgYDVQQKEwtHb29nbGUsIEluYzELMAkG\nA1UEBhMCVVMwHhcNMjQwODIxMjEzNjAyWhcNMzQwODE5MjEzNzAyWjB3MS0wKwYD\nVQQuEyQ2NDUyMDQxMC1iODk2LTRjM2ItOTVjMC1mZGEzODlmZjI0MDcxIzAhBgNV\nBAMTGkdvb2dsZSBDbG91ZCBTUUwgU2VydmVyIENBMRQwEgYDVQQKEwtHb29nbGUs\nIEluYzELMAkGA1UEBhMCVVMwggEiMA0GCSqGSIb3DQEBAQUAA4IBDwAwggEKAoIB\nAQD51Cgi5iPPw7H4C0Z5/a5IZ2zncfK8QTrYuDtucAaw9R/X6VhnWE0kOJdQKGMM\nfeuT5dM6v/kKX6pUvPDGL48ZW/EoHya+CyGnpB3icym3oJdkcefG89X6UuJ39X1j\n+NOocj8S/8HyPAWe0AxXGQrhj63zHfZ3EzxDPkmQRhlROnyz3R6mxBPUMP5+wXSz\nbg7cWhYI415joMPKgmD29HPHVSDutyIGLL4rinlLnRoi7zaSxdmRvZZjcdLTNRYs\noQ1+BL9ptQY+MpQhHY2s4958uk7sCOtxVgi16HIk/jh2a6TYsgCV9ra6UiaFZTtA\nyaOKxJP/A/V6NVihDrtgSej1AgMBAAGjFjAUMBIGA1UdEwEB/wQIMAYBAf8CAQAw\nDQYJKoZIhvcNAQELBQADggEBAF7Y4uyou5aYuBLyI4pgREKpOKiDBmwDEBY7fQ5o\nYPu52s6XZn4+FqVsb6BgfB6+GZqaUrX/HgRaj6FrOiv8G260C2daCyvfDibOJU89\nN69/uKKkY26lZkRBx1CDnjTPElaBxYTvL5p9viT//wW70Ufm9144DDcDxNXKW/qC\nlrIN+P+YUKepHHFIyEXt7gYtbGKtINu4Ekr4Ei3bcdZ6ReLCICkfVzzNRXy0xa2x\ni8djP5HnU6Mmvho7S/Z13U1YuBmtGMPt6CaMsWCH46n1IJCr9rItudnt/Mk8+MPE\nCXYcTG8iaI4z+EBfTC69jgxpNGuR0Z/3ppeCQNqHGVPuII8=\n-----END CERTIFICATE-----",
                "common_name": "C=US,O=Google\\, Inc,CN=Google Cloud SQL Server CA,dnQualifier=64520410-b896-4c3b-95c0-fda389ff2407",
                "create_time": "2024-08-21T21:36:02.567Z",
                "expiration_time": "2034-08-19T21:37:02.567Z",
                "sha1_fingerprint": "c2d49b10ebafb73f7e7c6b5838cb46283fe21295"
              }
            ],
            "service_account_email_address": "p696654398756-lpqdoa@gcp-sa-cloud-sql.iam.gserviceaccount.com",
            "settings": [
              {
                "activation_policy": "ALWAYS",
                "active_directory_config": [],
                "advanced_machine_features": [],
                "availability_type": "ZONAL",
                "backup_configuration": [
                  {
                    "backup_retention_settings": [
                      {
                        "retained_backups": 7,
                        "retention_unit": "COUNT"
                      }
                    ],
                    "binary_log_enabled": false,
                    "enabled": false,
                    "location": "",
                    "point_in_time_recovery_enabled": false,
                    "start_time": "18:00",
                    "transaction_log_retention_days": 7
                  }
                ],
                "collation": "",
                "connector_enforcement": "NOT_REQUIRED",
                "data_cache_config": [],
                "database_flags": [],
                "deletion_protection_enabled": false,
                "deny_maintenance_period": [],
                "disk_autoresize": true,
                "disk_autoresize_limit": 0,
                "disk_size": 10,
                "disk_type": "PD_SSD",
                "edition": "ENTERPRISE",
                "enable_dataplex_integration": false,
                "enable_google_ml_integration": false,
                "insights_config": [],
                "ip_configuration": [
                  {
                    "allocated_ip_range": "",
                    "authorized_networks": [],
                    "enable_private_path_for_google_cloud_services": true,
                    "ipv4_enabled": false,
                    "private_network": "projects/genlu-gke-dev/global/networks/ml-network",
                    "psc_config": [],
                    "require_ssl": false,
                    "ssl_mode": ""
                  }
                ],
                "location_preference": [
                  {
                    "follow_gae_application": "",
                    "secondary_zone": "",
                    "zone": "us-central1-b"
                  }
                ],
                "maintenance_window": [
                  {
                    "day": 1,
                    "hour": 23,
                    "update_track": "canary"
                  }
                ],
                "password_validation_policy": [],
                "pricing_plan": "PER_USE",
                "sql_server_audit_config": [],
                "tier": "db-f1-micro",
                "time_zone": "",
                "user_labels": {},
                "version": 1
              }
            ],
            "timeouts": {
              "create": "30m",
              "delete": "30m",
              "update": "30m"
            }
          },
          "sensitive_attributes": [],
          "private": "eyJlMmJmYjczMC1lY2FhLTExZTYtOGY4OC0zNDM2M2JjN2M0YzAiOnsiY3JlYXRlIjoxODAwMDAwMDAwMDAwLCJkZWxldGUiOjE4MDAwMDAwMDAwMDAsInVwZGF0ZSI6MTgwMDAwMDAwMDAwMH19",
          "dependencies": [
            "data.google_client_config.default",
            "data.google_container_cluster.default",
            "data.google_project.project",
            "module.cloudsql.module.cloudsql.null_resource.module_depends_on",
            "module.cloudsql.module.cloudsql.random_id.suffix",
            "module.infra.data.google_compute_subnetwork.subnetwork",
            "module.infra.module.custom-network.google_compute_global_address.google-managed-services-range",
            "module.infra.module.custom-network.google_compute_network.network",
            "module.infra.module.custom-network.google_compute_subnetwork.subnetwork",
            "module.infra.module.custom-network.google_service_networking_connection.private_service_access",
            "module.infra.module.private-gke-autopilot-cluster.google_gke_hub_membership.gke-fleet",
            "module.infra.module.private-gke-autopilot-cluster.module.gke.data.google_compute_subnetwork.gke_subnetwork",
            "module.infra.module.private-gke-autopilot-cluster.module.gke.data.google_compute_zones.available",
            "module.infra.module.private-gke-autopilot-cluster.module.gke.data.google_container_engine_versions.region",
            "module.infra.module.private-gke-autopilot-cluster.module.gke.data.google_container_engine_versions.zone",
            "module.infra.module.private-gke-autopilot-cluster.module.gke.google_compute_firewall.intra_egress",
            "module.infra.module.private-gke-autopilot-cluster.module.gke.google_compute_firewall.master_webhooks",
            "module.infra.module.private-gke-autopilot-cluster.module.gke.google_compute_firewall.shadow_allow_inkubelet",
            "module.infra.module.private-gke-autopilot-cluster.module.gke.google_compute_firewall.shadow_allow_master",
            "module.infra.module.private-gke-autopilot-cluster.module.gke.google_compute_firewall.shadow_allow_nodes",
            "module.infra.module.private-gke-autopilot-cluster.module.gke.google_compute_firewall.shadow_allow_pods",
            "module.infra.module.private-gke-autopilot-cluster.module.gke.google_compute_firewall.shadow_deny_exkubelet",
            "module.infra.module.private-gke-autopilot-cluster.module.gke.google_compute_firewall.tpu_egress",
            "module.infra.module.private-gke-autopilot-cluster.module.gke.google_container_cluster.primary",
            "module.infra.module.private-gke-autopilot-cluster.module.gke.google_project_iam_member.cluster_service_account-artifact-registry",
            "module.infra.module.private-gke-autopilot-cluster.module.gke.google_project_iam_member.cluster_service_account-gcr",
            "module.infra.module.private-gke-autopilot-cluster.module.gke.google_project_iam_member.cluster_service_account-metric_writer",
            "module.infra.module.private-gke-autopilot-cluster.module.gke.google_project_iam_member.cluster_service_account-nodeService_account",
            "module.infra.module.private-gke-autopilot-cluster.module.gke.google_project_iam_member.cluster_service_account-resourceMetadata-writer",
            "module.infra.module.private-gke-autopilot-cluster.module.gke.google_project_iam_member.service_agent",
            "module.infra.module.private-gke-autopilot-cluster.module.gke.google_project_service_identity.fleet_project",
            "module.infra.module.private-gke-autopilot-cluster.module.gke.google_service_account.cluster_service_account",
            "module.infra.module.private-gke-autopilot-cluster.module.gke.kubernetes_config_map.ip-masq-agent",
            "module.infra.module.private-gke-autopilot-cluster.module.gke.kubernetes_config_map_v1_data.kube-dns",
            "module.infra.module.private-gke-autopilot-cluster.module.gke.kubernetes_config_map_v1_data.kube-dns-upstream-nameservers-and-stub-domains",
            "module.infra.module.private-gke-autopilot-cluster.module.gke.kubernetes_config_map_v1_data.kube-dns-upstream-namservers",
            "module.infra.module.private-gke-autopilot-cluster.module.gke.random_shuffle.available_zones",
            "module.infra.module.private-gke-autopilot-cluster.module.gke.random_string.cluster_service_account_suffix",
            "module.infra.module.private-gke-standard-cluster.google_gke_hub_membership.gke-fleet",
            "module.infra.module.private-gke-standard-cluster.module.gke.data.google_compute_subnetwork.gke_subnetwork",
            "module.infra.module.private-gke-standard-cluster.module.gke.data.google_compute_zones.available",
            "module.infra.module.private-gke-standard-cluster.module.gke.data.google_container_engine_versions.region",
            "module.infra.module.private-gke-standard-cluster.module.gke.data.google_container_engine_versions.zone",
            "module.infra.module.private-gke-standard-cluster.module.gke.google_compute_firewall.intra_egress",
            "module.infra.module.private-gke-standard-cluster.module.gke.google_compute_firewall.master_webhooks",
            "module.infra.module.private-gke-standard-cluster.module.gke.google_compute_firewall.shadow_allow_inkubelet",
            "module.infra.module.private-gke-standard-cluster.module.gke.google_compute_firewall.shadow_allow_master",
            "module.infra.module.private-gke-standard-cluster.module.gke.google_compute_firewall.shadow_allow_nodes",
            "module.infra.module.private-gke-standard-cluster.module.gke.google_compute_firewall.shadow_allow_pods",
            "module.infra.module.private-gke-standard-cluster.module.gke.google_compute_firewall.shadow_deny_exkubelet",
            "module.infra.module.private-gke-standard-cluster.module.gke.google_compute_firewall.tpu_egress",
            "module.infra.module.private-gke-standard-cluster.module.gke.google_container_cluster.primary",
            "module.infra.module.private-gke-standard-cluster.module.gke.google_container_node_pool.pools",
            "module.infra.module.private-gke-standard-cluster.module.gke.google_container_node_pool.windows_pools",
            "module.infra.module.private-gke-standard-cluster.module.gke.google_project_iam_member.cluster_service_account-artifact-registry",
            "module.infra.module.private-gke-standard-cluster.module.gke.google_project_iam_member.cluster_service_account-gcr",
            "module.infra.module.private-gke-standard-cluster.module.gke.google_project_iam_member.cluster_service_account-metric_writer",
            "module.infra.module.private-gke-standard-cluster.module.gke.google_project_iam_member.cluster_service_account-nodeService_account",
            "module.infra.module.private-gke-standard-cluster.module.gke.google_project_iam_member.cluster_service_account-resourceMetadata-writer",
            "module.infra.module.private-gke-standard-cluster.module.gke.google_service_account.cluster_service_account",
            "module.infra.module.private-gke-standard-cluster.module.gke.kubernetes_config_map.ip-masq-agent",
            "module.infra.module.private-gke-standard-cluster.module.gke.kubernetes_config_map_v1_data.kube-dns",
            "module.infra.module.private-gke-standard-cluster.module.gke.kubernetes_config_map_v1_data.kube-dns-upstream-nameservers-and-stub-domains",
            "module.infra.module.private-gke-standard-cluster.module.gke.kubernetes_config_map_v1_data.kube-dns-upstream-namservers",
            "module.infra.module.private-gke-standard-cluster.module.gke.random_shuffle.available_zones",
            "module.infra.module.private-gke-standard-cluster.module.gke.random_string.cluster_service_account_suffix",
            "module.infra.module.public-gke-autopilot-cluster.module.gke.data.google_compute_subnetwork.gke_subnetwork",
            "module.infra.module.public-gke-autopilot-cluster.module.gke.data.google_compute_zones.available",
            "module.infra.module.public-gke-autopilot-cluster.module.gke.data.google_container_engine_versions.region",
            "module.infra.module.public-gke-autopilot-cluster.module.gke.data.google_container_engine_versions.zone",
            "module.infra.module.public-gke-autopilot-cluster.module.gke.google_compute_firewall.intra_egress",
            "module.infra.module.public-gke-autopilot-cluster.module.gke.google_compute_firewall.master_webhooks",
            "module.infra.module.public-gke-autopilot-cluster.module.gke.google_compute_firewall.shadow_allow_inkubelet",
            "module.infra.module.public-gke-autopilot-cluster.module.gke.google_compute_firewall.shadow_allow_master",
            "module.infra.module.public-gke-autopilot-cluster.module.gke.google_compute_firewall.shadow_allow_nodes",
            "module.infra.module.public-gke-autopilot-cluster.module.gke.google_compute_firewall.shadow_allow_pods",
            "module.infra.module.public-gke-autopilot-cluster.module.gke.google_compute_firewall.shadow_deny_exkubelet",
            "module.infra.module.public-gke-autopilot-cluster.module.gke.google_compute_firewall.tpu_egress",
            "module.infra.module.public-gke-autopilot-cluster.module.gke.google_container_cluster.primary",
            "module.infra.module.public-gke-autopilot-cluster.module.gke.google_project_iam_member.cluster_service_account-artifact-registry",
            "module.infra.module.public-gke-autopilot-cluster.module.gke.google_project_iam_member.cluster_service_account-gcr",
            "module.infra.module.public-gke-autopilot-cluster.module.gke.google_project_iam_member.cluster_service_account-metric_writer",
            "module.infra.module.public-gke-autopilot-cluster.module.gke.google_project_iam_member.cluster_service_account-nodeService_account",
            "module.infra.module.public-gke-autopilot-cluster.module.gke.google_project_iam_member.cluster_service_account-resourceMetadata-writer",
            "module.infra.module.public-gke-autopilot-cluster.module.gke.google_project_iam_member.service_agent",
            "module.infra.module.public-gke-autopilot-cluster.module.gke.google_project_service_identity.fleet_project",
            "module.infra.module.public-gke-autopilot-cluster.module.gke.google_service_account.cluster_service_account",
            "module.infra.module.public-gke-autopilot-cluster.module.gke.kubernetes_config_map.ip-masq-agent",
            "module.infra.module.public-gke-autopilot-cluster.module.gke.kubernetes_config_map_v1_data.kube-dns",
            "module.infra.module.public-gke-autopilot-cluster.module.gke.kubernetes_config_map_v1_data.kube-dns-upstream-nameservers-and-stub-domains",
            "module.infra.module.public-gke-autopilot-cluster.module.gke.kubernetes_config_map_v1_data.kube-dns-upstream-namservers",
            "module.infra.module.public-gke-autopilot-cluster.module.gke.random_shuffle.available_zones",
            "module.infra.module.public-gke-autopilot-cluster.module.gke.random_string.cluster_service_account_suffix",
            "module.infra.module.public-gke-standard-cluster.module.gke.data.google_compute_subnetwork.gke_subnetwork",
            "module.infra.module.public-gke-standard-cluster.module.gke.data.google_compute_zones.available",
            "module.infra.module.public-gke-standard-cluster.module.gke.data.google_container_engine_versions.region",
            "module.infra.module.public-gke-standard-cluster.module.gke.data.google_container_engine_versions.zone",
            "module.infra.module.public-gke-standard-cluster.module.gke.google_compute_firewall.intra_egress",
            "module.infra.module.public-gke-standard-cluster.module.gke.google_compute_firewall.master_webhooks",
            "module.infra.module.public-gke-standard-cluster.module.gke.google_compute_firewall.shadow_allow_inkubelet",
            "module.infra.module.public-gke-standard-cluster.module.gke.google_compute_firewall.shadow_allow_master",
            "module.infra.module.public-gke-standard-cluster.module.gke.google_compute_firewall.shadow_allow_nodes",
            "module.infra.module.public-gke-standard-cluster.module.gke.google_compute_firewall.shadow_allow_pods",
            "module.infra.module.public-gke-standard-cluster.module.gke.google_compute_firewall.shadow_deny_exkubelet",
            "module.infra.module.public-gke-standard-cluster.module.gke.google_compute_firewall.tpu_egress",
            "module.infra.module.public-gke-standard-cluster.module.gke.google_container_cluster.primary",
            "module.infra.module.public-gke-standard-cluster.module.gke.google_container_node_pool.pools",
            "module.infra.module.public-gke-standard-cluster.module.gke.google_container_node_pool.windows_pools",
            "module.infra.module.public-gke-standard-cluster.module.gke.google_project_iam_member.cluster_service_account-artifact-registry",
            "module.infra.module.public-gke-standard-cluster.module.gke.google_project_iam_member.cluster_service_account-gcr",
            "module.infra.module.public-gke-standard-cluster.module.gke.google_project_iam_member.cluster_service_account-metric_writer",
            "module.infra.module.public-gke-standard-cluster.module.gke.google_project_iam_member.cluster_service_account-nodeService_account",
            "module.infra.module.public-gke-standard-cluster.module.gke.google_project_iam_member.cluster_service_account-resourceMetadata-writer",
            "module.infra.module.public-gke-standard-cluster.module.gke.google_service_account.cluster_service_account",
            "module.infra.module.public-gke-standard-cluster.module.gke.kubernetes_config_map.ip-masq-agent",
            "module.infra.module.public-gke-standard-cluster.module.gke.kubernetes_config_map_v1_data.kube-dns",
            "module.infra.module.public-gke-standard-cluster.module.gke.kubernetes_config_map_v1_data.kube-dns-upstream-nameservers-and-stub-domains",
            "module.infra.module.public-gke-standard-cluster.module.gke.kubernetes_config_map_v1_data.kube-dns-upstream-namservers",
            "module.infra.module.public-gke-standard-cluster.module.gke.random_shuffle.available_zones",
            "module.infra.module.public-gke-standard-cluster.module.gke.random_string.cluster_service_account_suffix",
            "module.namespace.helm_release.app-namespace",
            "module.project-services.data.google_compute_default_service_account.default",
            "module.project-services.google_project_iam_member.project_service_identity_roles",
            "module.project-services.google_project_service.project_services",
            "module.project-services.google_project_service_identity.project_service_identities"
          ]
        }
      ]
    },
    {
      "module": "module.cloudsql.module.cloudsql",
      "mode": "managed",
      "type": "google_sql_user",
      "name": "additional_users",
      "provider": "provider[\"registry.terraform.io/hashicorp/google\"]",
      "instances": [
        {
          "index_key": "rag-user",
          "schema_version": 1,
          "attributes": {
            "deletion_policy": "ABANDON",
            "host": "",
            "id": "rag-user//pgvector-instance",
            "instance": "pgvector-instance",
            "name": "rag-user",
            "password": "Hi7JKu4AKnS39AFz",
            "password_policy": [],
            "project": "genlu-gke-dev",
            "sql_server_user_details": [],
            "timeouts": null,
            "type": ""
          },
          "sensitive_attributes": [
            [
              {
                "type": "get_attr",
                "value": "password"
              }
            ]
          ],
          "private": "eyJlMmJmYjczMC1lY2FhLTExZTYtOGY4OC0zNDM2M2JjN2M0YzAiOnsiY3JlYXRlIjo2MDAwMDAwMDAwMDAsImRlbGV0ZSI6NjAwMDAwMDAwMDAwLCJ1cGRhdGUiOjYwMDAwMDAwMDAwMH0sInNjaGVtYV92ZXJzaW9uIjoiMSJ9",
          "dependencies": [
            "data.google_client_config.default",
            "data.google_container_cluster.default",
            "data.google_project.project",
            "module.cloudsql.module.cloudsql.data.google_compute_zones.available",
            "module.cloudsql.module.cloudsql.google_sql_database_instance.default",
            "module.cloudsql.module.cloudsql.google_sql_database_instance.replicas",
            "module.cloudsql.module.cloudsql.null_resource.module_depends_on",
            "module.cloudsql.module.cloudsql.random_id.suffix",
            "module.cloudsql.module.cloudsql.random_password.additional_passwords",
            "module.cloudsql.random_password.pwd",
            "module.infra.data.google_compute_subnetwork.subnetwork",
            "module.infra.module.custom-network.google_compute_global_address.google-managed-services-range",
            "module.infra.module.custom-network.google_compute_network.network",
            "module.infra.module.custom-network.google_compute_subnetwork.subnetwork",
            "module.infra.module.custom-network.google_service_networking_connection.private_service_access",
            "module.infra.module.private-gke-autopilot-cluster.google_gke_hub_membership.gke-fleet",
            "module.infra.module.private-gke-autopilot-cluster.module.gke.data.google_compute_subnetwork.gke_subnetwork",
            "module.infra.module.private-gke-autopilot-cluster.module.gke.data.google_compute_zones.available",
            "module.infra.module.private-gke-autopilot-cluster.module.gke.data.google_container_engine_versions.region",
            "module.infra.module.private-gke-autopilot-cluster.module.gke.data.google_container_engine_versions.zone",
            "module.infra.module.private-gke-autopilot-cluster.module.gke.google_compute_firewall.intra_egress",
            "module.infra.module.private-gke-autopilot-cluster.module.gke.google_compute_firewall.master_webhooks",
            "module.infra.module.private-gke-autopilot-cluster.module.gke.google_compute_firewall.shadow_allow_inkubelet",
            "module.infra.module.private-gke-autopilot-cluster.module.gke.google_compute_firewall.shadow_allow_master",
            "module.infra.module.private-gke-autopilot-cluster.module.gke.google_compute_firewall.shadow_allow_nodes",
            "module.infra.module.private-gke-autopilot-cluster.module.gke.google_compute_firewall.shadow_allow_pods",
            "module.infra.module.private-gke-autopilot-cluster.module.gke.google_compute_firewall.shadow_deny_exkubelet",
            "module.infra.module.private-gke-autopilot-cluster.module.gke.google_compute_firewall.tpu_egress",
            "module.infra.module.private-gke-autopilot-cluster.module.gke.google_container_cluster.primary",
            "module.infra.module.private-gke-autopilot-cluster.module.gke.google_project_iam_member.cluster_service_account-artifact-registry",
            "module.infra.module.private-gke-autopilot-cluster.module.gke.google_project_iam_member.cluster_service_account-gcr",
            "module.infra.module.private-gke-autopilot-cluster.module.gke.google_project_iam_member.cluster_service_account-metric_writer",
            "module.infra.module.private-gke-autopilot-cluster.module.gke.google_project_iam_member.cluster_service_account-nodeService_account",
            "module.infra.module.private-gke-autopilot-cluster.module.gke.google_project_iam_member.cluster_service_account-resourceMetadata-writer",
            "module.infra.module.private-gke-autopilot-cluster.module.gke.google_project_iam_member.service_agent",
            "module.infra.module.private-gke-autopilot-cluster.module.gke.google_project_service_identity.fleet_project",
            "module.infra.module.private-gke-autopilot-cluster.module.gke.google_service_account.cluster_service_account",
            "module.infra.module.private-gke-autopilot-cluster.module.gke.kubernetes_config_map.ip-masq-agent",
            "module.infra.module.private-gke-autopilot-cluster.module.gke.kubernetes_config_map_v1_data.kube-dns",
            "module.infra.module.private-gke-autopilot-cluster.module.gke.kubernetes_config_map_v1_data.kube-dns-upstream-nameservers-and-stub-domains",
            "module.infra.module.private-gke-autopilot-cluster.module.gke.kubernetes_config_map_v1_data.kube-dns-upstream-namservers",
            "module.infra.module.private-gke-autopilot-cluster.module.gke.random_shuffle.available_zones",
            "module.infra.module.private-gke-autopilot-cluster.module.gke.random_string.cluster_service_account_suffix",
            "module.infra.module.private-gke-standard-cluster.google_gke_hub_membership.gke-fleet",
            "module.infra.module.private-gke-standard-cluster.module.gke.data.google_compute_subnetwork.gke_subnetwork",
            "module.infra.module.private-gke-standard-cluster.module.gke.data.google_compute_zones.available",
            "module.infra.module.private-gke-standard-cluster.module.gke.data.google_container_engine_versions.region",
            "module.infra.module.private-gke-standard-cluster.module.gke.data.google_container_engine_versions.zone",
            "module.infra.module.private-gke-standard-cluster.module.gke.google_compute_firewall.intra_egress",
            "module.infra.module.private-gke-standard-cluster.module.gke.google_compute_firewall.master_webhooks",
            "module.infra.module.private-gke-standard-cluster.module.gke.google_compute_firewall.shadow_allow_inkubelet",
            "module.infra.module.private-gke-standard-cluster.module.gke.google_compute_firewall.shadow_allow_master",
            "module.infra.module.private-gke-standard-cluster.module.gke.google_compute_firewall.shadow_allow_nodes",
            "module.infra.module.private-gke-standard-cluster.module.gke.google_compute_firewall.shadow_allow_pods",
            "module.infra.module.private-gke-standard-cluster.module.gke.google_compute_firewall.shadow_deny_exkubelet",
            "module.infra.module.private-gke-standard-cluster.module.gke.google_compute_firewall.tpu_egress",
            "module.infra.module.private-gke-standard-cluster.module.gke.google_container_cluster.primary",
            "module.infra.module.private-gke-standard-cluster.module.gke.google_container_node_pool.pools",
            "module.infra.module.private-gke-standard-cluster.module.gke.google_container_node_pool.windows_pools",
            "module.infra.module.private-gke-standard-cluster.module.gke.google_project_iam_member.cluster_service_account-artifact-registry",
            "module.infra.module.private-gke-standard-cluster.module.gke.google_project_iam_member.cluster_service_account-gcr",
            "module.infra.module.private-gke-standard-cluster.module.gke.google_project_iam_member.cluster_service_account-metric_writer",
            "module.infra.module.private-gke-standard-cluster.module.gke.google_project_iam_member.cluster_service_account-nodeService_account",
            "module.infra.module.private-gke-standard-cluster.module.gke.google_project_iam_member.cluster_service_account-resourceMetadata-writer",
            "module.infra.module.private-gke-standard-cluster.module.gke.google_service_account.cluster_service_account",
            "module.infra.module.private-gke-standard-cluster.module.gke.kubernetes_config_map.ip-masq-agent",
            "module.infra.module.private-gke-standard-cluster.module.gke.kubernetes_config_map_v1_data.kube-dns",
            "module.infra.module.private-gke-standard-cluster.module.gke.kubernetes_config_map_v1_data.kube-dns-upstream-nameservers-and-stub-domains",
            "module.infra.module.private-gke-standard-cluster.module.gke.kubernetes_config_map_v1_data.kube-dns-upstream-namservers",
            "module.infra.module.private-gke-standard-cluster.module.gke.random_shuffle.available_zones",
            "module.infra.module.private-gke-standard-cluster.module.gke.random_string.cluster_service_account_suffix",
            "module.infra.module.public-gke-autopilot-cluster.module.gke.data.google_compute_subnetwork.gke_subnetwork",
            "module.infra.module.public-gke-autopilot-cluster.module.gke.data.google_compute_zones.available",
            "module.infra.module.public-gke-autopilot-cluster.module.gke.data.google_container_engine_versions.region",
            "module.infra.module.public-gke-autopilot-cluster.module.gke.data.google_container_engine_versions.zone",
            "module.infra.module.public-gke-autopilot-cluster.module.gke.google_compute_firewall.intra_egress",
            "module.infra.module.public-gke-autopilot-cluster.module.gke.google_compute_firewall.master_webhooks",
            "module.infra.module.public-gke-autopilot-cluster.module.gke.google_compute_firewall.shadow_allow_inkubelet",
            "module.infra.module.public-gke-autopilot-cluster.module.gke.google_compute_firewall.shadow_allow_master",
            "module.infra.module.public-gke-autopilot-cluster.module.gke.google_compute_firewall.shadow_allow_nodes",
            "module.infra.module.public-gke-autopilot-cluster.module.gke.google_compute_firewall.shadow_allow_pods",
            "module.infra.module.public-gke-autopilot-cluster.module.gke.google_compute_firewall.shadow_deny_exkubelet",
            "module.infra.module.public-gke-autopilot-cluster.module.gke.google_compute_firewall.tpu_egress",
            "module.infra.module.public-gke-autopilot-cluster.module.gke.google_container_cluster.primary",
            "module.infra.module.public-gke-autopilot-cluster.module.gke.google_project_iam_member.cluster_service_account-artifact-registry",
            "module.infra.module.public-gke-autopilot-cluster.module.gke.google_project_iam_member.cluster_service_account-gcr",
            "module.infra.module.public-gke-autopilot-cluster.module.gke.google_project_iam_member.cluster_service_account-metric_writer",
            "module.infra.module.public-gke-autopilot-cluster.module.gke.google_project_iam_member.cluster_service_account-nodeService_account",
            "module.infra.module.public-gke-autopilot-cluster.module.gke.google_project_iam_member.cluster_service_account-resourceMetadata-writer",
            "module.infra.module.public-gke-autopilot-cluster.module.gke.google_project_iam_member.service_agent",
            "module.infra.module.public-gke-autopilot-cluster.module.gke.google_project_service_identity.fleet_project",
            "module.infra.module.public-gke-autopilot-cluster.module.gke.google_service_account.cluster_service_account",
            "module.infra.module.public-gke-autopilot-cluster.module.gke.kubernetes_config_map.ip-masq-agent",
            "module.infra.module.public-gke-autopilot-cluster.module.gke.kubernetes_config_map_v1_data.kube-dns",
            "module.infra.module.public-gke-autopilot-cluster.module.gke.kubernetes_config_map_v1_data.kube-dns-upstream-nameservers-and-stub-domains",
            "module.infra.module.public-gke-autopilot-cluster.module.gke.kubernetes_config_map_v1_data.kube-dns-upstream-namservers",
            "module.infra.module.public-gke-autopilot-cluster.module.gke.random_shuffle.available_zones",
            "module.infra.module.public-gke-autopilot-cluster.module.gke.random_string.cluster_service_account_suffix",
            "module.infra.module.public-gke-standard-cluster.module.gke.data.google_compute_subnetwork.gke_subnetwork",
            "module.infra.module.public-gke-standard-cluster.module.gke.data.google_compute_zones.available",
            "module.infra.module.public-gke-standard-cluster.module.gke.data.google_container_engine_versions.region",
            "module.infra.module.public-gke-standard-cluster.module.gke.data.google_container_engine_versions.zone",
            "module.infra.module.public-gke-standard-cluster.module.gke.google_compute_firewall.intra_egress",
            "module.infra.module.public-gke-standard-cluster.module.gke.google_compute_firewall.master_webhooks",
            "module.infra.module.public-gke-standard-cluster.module.gke.google_compute_firewall.shadow_allow_inkubelet",
            "module.infra.module.public-gke-standard-cluster.module.gke.google_compute_firewall.shadow_allow_master",
            "module.infra.module.public-gke-standard-cluster.module.gke.google_compute_firewall.shadow_allow_nodes",
            "module.infra.module.public-gke-standard-cluster.module.gke.google_compute_firewall.shadow_allow_pods",
            "module.infra.module.public-gke-standard-cluster.module.gke.google_compute_firewall.shadow_deny_exkubelet",
            "module.infra.module.public-gke-standard-cluster.module.gke.google_compute_firewall.tpu_egress",
            "module.infra.module.public-gke-standard-cluster.module.gke.google_container_cluster.primary",
            "module.infra.module.public-gke-standard-cluster.module.gke.google_container_node_pool.pools",
            "module.infra.module.public-gke-standard-cluster.module.gke.google_container_node_pool.windows_pools",
            "module.infra.module.public-gke-standard-cluster.module.gke.google_project_iam_member.cluster_service_account-artifact-registry",
            "module.infra.module.public-gke-standard-cluster.module.gke.google_project_iam_member.cluster_service_account-gcr",
            "module.infra.module.public-gke-standard-cluster.module.gke.google_project_iam_member.cluster_service_account-metric_writer",
            "module.infra.module.public-gke-standard-cluster.module.gke.google_project_iam_member.cluster_service_account-nodeService_account",
            "module.infra.module.public-gke-standard-cluster.module.gke.google_project_iam_member.cluster_service_account-resourceMetadata-writer",
            "module.infra.module.public-gke-standard-cluster.module.gke.google_service_account.cluster_service_account",
            "module.infra.module.public-gke-standard-cluster.module.gke.kubernetes_config_map.ip-masq-agent",
            "module.infra.module.public-gke-standard-cluster.module.gke.kubernetes_config_map_v1_data.kube-dns",
            "module.infra.module.public-gke-standard-cluster.module.gke.kubernetes_config_map_v1_data.kube-dns-upstream-nameservers-and-stub-domains",
            "module.infra.module.public-gke-standard-cluster.module.gke.kubernetes_config_map_v1_data.kube-dns-upstream-namservers",
            "module.infra.module.public-gke-standard-cluster.module.gke.random_shuffle.available_zones",
            "module.infra.module.public-gke-standard-cluster.module.gke.random_string.cluster_service_account_suffix",
            "module.namespace.helm_release.app-namespace",
            "module.project-services.data.google_compute_default_service_account.default",
            "module.project-services.google_project_iam_member.project_service_identity_roles",
            "module.project-services.google_project_service.project_services",
            "module.project-services.google_project_service_identity.project_service_identities"
          ]
        }
      ]
    },
    {
      "module": "module.cloudsql.module.cloudsql",
      "mode": "managed",
      "type": "google_sql_user",
      "name": "default",
      "provider": "provider[\"registry.terraform.io/hashicorp/google\"]",
      "instances": [
        {
          "index_key": 0,
          "schema_version": 1,
          "attributes": {
            "deletion_policy": "ABANDON",
            "host": "",
            "id": "default//pgvector-instance",
            "instance": "pgvector-instance",
            "name": "default",
            "password": "JqXHpNMOQ6UgzV8KJ3x4FNRItSNgcCqJ",
            "password_policy": [],
            "project": "genlu-gke-dev",
            "sql_server_user_details": [],
            "timeouts": null,
            "type": ""
          },
          "sensitive_attributes": [
            [
              {
                "type": "get_attr",
                "value": "password"
              }
            ]
          ],
          "private": "eyJlMmJmYjczMC1lY2FhLTExZTYtOGY4OC0zNDM2M2JjN2M0YzAiOnsiY3JlYXRlIjo2MDAwMDAwMDAwMDAsImRlbGV0ZSI6NjAwMDAwMDAwMDAwLCJ1cGRhdGUiOjYwMDAwMDAwMDAwMH0sInNjaGVtYV92ZXJzaW9uIjoiMSJ9",
          "dependencies": [
            "data.google_client_config.default",
            "data.google_container_cluster.default",
            "data.google_project.project",
            "module.cloudsql.module.cloudsql.data.google_compute_zones.available",
            "module.cloudsql.module.cloudsql.google_sql_database_instance.default",
            "module.cloudsql.module.cloudsql.google_sql_database_instance.replicas",
            "module.cloudsql.module.cloudsql.null_resource.module_depends_on",
            "module.cloudsql.module.cloudsql.random_id.suffix",
            "module.cloudsql.module.cloudsql.random_password.user-password",
            "module.infra.data.google_compute_subnetwork.subnetwork",
            "module.infra.module.custom-network.google_compute_global_address.google-managed-services-range",
            "module.infra.module.custom-network.google_compute_network.network",
            "module.infra.module.custom-network.google_compute_subnetwork.subnetwork",
            "module.infra.module.custom-network.google_service_networking_connection.private_service_access",
            "module.infra.module.private-gke-autopilot-cluster.google_gke_hub_membership.gke-fleet",
            "module.infra.module.private-gke-autopilot-cluster.module.gke.data.google_compute_subnetwork.gke_subnetwork",
            "module.infra.module.private-gke-autopilot-cluster.module.gke.data.google_compute_zones.available",
            "module.infra.module.private-gke-autopilot-cluster.module.gke.data.google_container_engine_versions.region",
            "module.infra.module.private-gke-autopilot-cluster.module.gke.data.google_container_engine_versions.zone",
            "module.infra.module.private-gke-autopilot-cluster.module.gke.google_compute_firewall.intra_egress",
            "module.infra.module.private-gke-autopilot-cluster.module.gke.google_compute_firewall.master_webhooks",
            "module.infra.module.private-gke-autopilot-cluster.module.gke.google_compute_firewall.shadow_allow_inkubelet",
            "module.infra.module.private-gke-autopilot-cluster.module.gke.google_compute_firewall.shadow_allow_master",
            "module.infra.module.private-gke-autopilot-cluster.module.gke.google_compute_firewall.shadow_allow_nodes",
            "module.infra.module.private-gke-autopilot-cluster.module.gke.google_compute_firewall.shadow_allow_pods",
            "module.infra.module.private-gke-autopilot-cluster.module.gke.google_compute_firewall.shadow_deny_exkubelet",
            "module.infra.module.private-gke-autopilot-cluster.module.gke.google_compute_firewall.tpu_egress",
            "module.infra.module.private-gke-autopilot-cluster.module.gke.google_container_cluster.primary",
            "module.infra.module.private-gke-autopilot-cluster.module.gke.google_project_iam_member.cluster_service_account-artifact-registry",
            "module.infra.module.private-gke-autopilot-cluster.module.gke.google_project_iam_member.cluster_service_account-gcr",
            "module.infra.module.private-gke-autopilot-cluster.module.gke.google_project_iam_member.cluster_service_account-metric_writer",
            "module.infra.module.private-gke-autopilot-cluster.module.gke.google_project_iam_member.cluster_service_account-nodeService_account",
            "module.infra.module.private-gke-autopilot-cluster.module.gke.google_project_iam_member.cluster_service_account-resourceMetadata-writer",
            "module.infra.module.private-gke-autopilot-cluster.module.gke.google_project_iam_member.service_agent",
            "module.infra.module.private-gke-autopilot-cluster.module.gke.google_project_service_identity.fleet_project",
            "module.infra.module.private-gke-autopilot-cluster.module.gke.google_service_account.cluster_service_account",
            "module.infra.module.private-gke-autopilot-cluster.module.gke.kubernetes_config_map.ip-masq-agent",
            "module.infra.module.private-gke-autopilot-cluster.module.gke.kubernetes_config_map_v1_data.kube-dns",
            "module.infra.module.private-gke-autopilot-cluster.module.gke.kubernetes_config_map_v1_data.kube-dns-upstream-nameservers-and-stub-domains",
            "module.infra.module.private-gke-autopilot-cluster.module.gke.kubernetes_config_map_v1_data.kube-dns-upstream-namservers",
            "module.infra.module.private-gke-autopilot-cluster.module.gke.random_shuffle.available_zones",
            "module.infra.module.private-gke-autopilot-cluster.module.gke.random_string.cluster_service_account_suffix",
            "module.infra.module.private-gke-standard-cluster.google_gke_hub_membership.gke-fleet",
            "module.infra.module.private-gke-standard-cluster.module.gke.data.google_compute_subnetwork.gke_subnetwork",
            "module.infra.module.private-gke-standard-cluster.module.gke.data.google_compute_zones.available",
            "module.infra.module.private-gke-standard-cluster.module.gke.data.google_container_engine_versions.region",
            "module.infra.module.private-gke-standard-cluster.module.gke.data.google_container_engine_versions.zone",
            "module.infra.module.private-gke-standard-cluster.module.gke.google_compute_firewall.intra_egress",
            "module.infra.module.private-gke-standard-cluster.module.gke.google_compute_firewall.master_webhooks",
            "module.infra.module.private-gke-standard-cluster.module.gke.google_compute_firewall.shadow_allow_inkubelet",
            "module.infra.module.private-gke-standard-cluster.module.gke.google_compute_firewall.shadow_allow_master",
            "module.infra.module.private-gke-standard-cluster.module.gke.google_compute_firewall.shadow_allow_nodes",
            "module.infra.module.private-gke-standard-cluster.module.gke.google_compute_firewall.shadow_allow_pods",
            "module.infra.module.private-gke-standard-cluster.module.gke.google_compute_firewall.shadow_deny_exkubelet",
            "module.infra.module.private-gke-standard-cluster.module.gke.google_compute_firewall.tpu_egress",
            "module.infra.module.private-gke-standard-cluster.module.gke.google_container_cluster.primary",
            "module.infra.module.private-gke-standard-cluster.module.gke.google_container_node_pool.pools",
            "module.infra.module.private-gke-standard-cluster.module.gke.google_container_node_pool.windows_pools",
            "module.infra.module.private-gke-standard-cluster.module.gke.google_project_iam_member.cluster_service_account-artifact-registry",
            "module.infra.module.private-gke-standard-cluster.module.gke.google_project_iam_member.cluster_service_account-gcr",
            "module.infra.module.private-gke-standard-cluster.module.gke.google_project_iam_member.cluster_service_account-metric_writer",
            "module.infra.module.private-gke-standard-cluster.module.gke.google_project_iam_member.cluster_service_account-nodeService_account",
            "module.infra.module.private-gke-standard-cluster.module.gke.google_project_iam_member.cluster_service_account-resourceMetadata-writer",
            "module.infra.module.private-gke-standard-cluster.module.gke.google_service_account.cluster_service_account",
            "module.infra.module.private-gke-standard-cluster.module.gke.kubernetes_config_map.ip-masq-agent",
            "module.infra.module.private-gke-standard-cluster.module.gke.kubernetes_config_map_v1_data.kube-dns",
            "module.infra.module.private-gke-standard-cluster.module.gke.kubernetes_config_map_v1_data.kube-dns-upstream-nameservers-and-stub-domains",
            "module.infra.module.private-gke-standard-cluster.module.gke.kubernetes_config_map_v1_data.kube-dns-upstream-namservers",
            "module.infra.module.private-gke-standard-cluster.module.gke.random_shuffle.available_zones",
            "module.infra.module.private-gke-standard-cluster.module.gke.random_string.cluster_service_account_suffix",
            "module.infra.module.public-gke-autopilot-cluster.module.gke.data.google_compute_subnetwork.gke_subnetwork",
            "module.infra.module.public-gke-autopilot-cluster.module.gke.data.google_compute_zones.available",
            "module.infra.module.public-gke-autopilot-cluster.module.gke.data.google_container_engine_versions.region",
            "module.infra.module.public-gke-autopilot-cluster.module.gke.data.google_container_engine_versions.zone",
            "module.infra.module.public-gke-autopilot-cluster.module.gke.google_compute_firewall.intra_egress",
            "module.infra.module.public-gke-autopilot-cluster.module.gke.google_compute_firewall.master_webhooks",
            "module.infra.module.public-gke-autopilot-cluster.module.gke.google_compute_firewall.shadow_allow_inkubelet",
            "module.infra.module.public-gke-autopilot-cluster.module.gke.google_compute_firewall.shadow_allow_master",
            "module.infra.module.public-gke-autopilot-cluster.module.gke.google_compute_firewall.shadow_allow_nodes",
            "module.infra.module.public-gke-autopilot-cluster.module.gke.google_compute_firewall.shadow_allow_pods",
            "module.infra.module.public-gke-autopilot-cluster.module.gke.google_compute_firewall.shadow_deny_exkubelet",
            "module.infra.module.public-gke-autopilot-cluster.module.gke.google_compute_firewall.tpu_egress",
            "module.infra.module.public-gke-autopilot-cluster.module.gke.google_container_cluster.primary",
            "module.infra.module.public-gke-autopilot-cluster.module.gke.google_project_iam_member.cluster_service_account-artifact-registry",
            "module.infra.module.public-gke-autopilot-cluster.module.gke.google_project_iam_member.cluster_service_account-gcr",
            "module.infra.module.public-gke-autopilot-cluster.module.gke.google_project_iam_member.cluster_service_account-metric_writer",
            "module.infra.module.public-gke-autopilot-cluster.module.gke.google_project_iam_member.cluster_service_account-nodeService_account",
            "module.infra.module.public-gke-autopilot-cluster.module.gke.google_project_iam_member.cluster_service_account-resourceMetadata-writer",
            "module.infra.module.public-gke-autopilot-cluster.module.gke.google_project_iam_member.service_agent",
            "module.infra.module.public-gke-autopilot-cluster.module.gke.google_project_service_identity.fleet_project",
            "module.infra.module.public-gke-autopilot-cluster.module.gke.google_service_account.cluster_service_account",
            "module.infra.module.public-gke-autopilot-cluster.module.gke.kubernetes_config_map.ip-masq-agent",
            "module.infra.module.public-gke-autopilot-cluster.module.gke.kubernetes_config_map_v1_data.kube-dns",
            "module.infra.module.public-gke-autopilot-cluster.module.gke.kubernetes_config_map_v1_data.kube-dns-upstream-nameservers-and-stub-domains",
            "module.infra.module.public-gke-autopilot-cluster.module.gke.kubernetes_config_map_v1_data.kube-dns-upstream-namservers",
            "module.infra.module.public-gke-autopilot-cluster.module.gke.random_shuffle.available_zones",
            "module.infra.module.public-gke-autopilot-cluster.module.gke.random_string.cluster_service_account_suffix",
            "module.infra.module.public-gke-standard-cluster.module.gke.data.google_compute_subnetwork.gke_subnetwork",
            "module.infra.module.public-gke-standard-cluster.module.gke.data.google_compute_zones.available",
            "module.infra.module.public-gke-standard-cluster.module.gke.data.google_container_engine_versions.region",
            "module.infra.module.public-gke-standard-cluster.module.gke.data.google_container_engine_versions.zone",
            "module.infra.module.public-gke-standard-cluster.module.gke.google_compute_firewall.intra_egress",
            "module.infra.module.public-gke-standard-cluster.module.gke.google_compute_firewall.master_webhooks",
            "module.infra.module.public-gke-standard-cluster.module.gke.google_compute_firewall.shadow_allow_inkubelet",
            "module.infra.module.public-gke-standard-cluster.module.gke.google_compute_firewall.shadow_allow_master",
            "module.infra.module.public-gke-standard-cluster.module.gke.google_compute_firewall.shadow_allow_nodes",
            "module.infra.module.public-gke-standard-cluster.module.gke.google_compute_firewall.shadow_allow_pods",
            "module.infra.module.public-gke-standard-cluster.module.gke.google_compute_firewall.shadow_deny_exkubelet",
            "module.infra.module.public-gke-standard-cluster.module.gke.google_compute_firewall.tpu_egress",
            "module.infra.module.public-gke-standard-cluster.module.gke.google_container_cluster.primary",
            "module.infra.module.public-gke-standard-cluster.module.gke.google_container_node_pool.pools",
            "module.infra.module.public-gke-standard-cluster.module.gke.google_container_node_pool.windows_pools",
            "module.infra.module.public-gke-standard-cluster.module.gke.google_project_iam_member.cluster_service_account-artifact-registry",
            "module.infra.module.public-gke-standard-cluster.module.gke.google_project_iam_member.cluster_service_account-gcr",
            "module.infra.module.public-gke-standard-cluster.module.gke.google_project_iam_member.cluster_service_account-metric_writer",
            "module.infra.module.public-gke-standard-cluster.module.gke.google_project_iam_member.cluster_service_account-nodeService_account",
            "module.infra.module.public-gke-standard-cluster.module.gke.google_project_iam_member.cluster_service_account-resourceMetadata-writer",
            "module.infra.module.public-gke-standard-cluster.module.gke.google_service_account.cluster_service_account",
            "module.infra.module.public-gke-standard-cluster.module.gke.kubernetes_config_map.ip-masq-agent",
            "module.infra.module.public-gke-standard-cluster.module.gke.kubernetes_config_map_v1_data.kube-dns",
            "module.infra.module.public-gke-standard-cluster.module.gke.kubernetes_config_map_v1_data.kube-dns-upstream-nameservers-and-stub-domains",
            "module.infra.module.public-gke-standard-cluster.module.gke.kubernetes_config_map_v1_data.kube-dns-upstream-namservers",
            "module.infra.module.public-gke-standard-cluster.module.gke.random_shuffle.available_zones",
            "module.infra.module.public-gke-standard-cluster.module.gke.random_string.cluster_service_account_suffix",
            "module.namespace.helm_release.app-namespace",
            "module.project-services.data.google_compute_default_service_account.default",
            "module.project-services.google_project_iam_member.project_service_identity_roles",
            "module.project-services.google_project_service.project_services",
            "module.project-services.google_project_service_identity.project_service_identities"
          ]
        }
      ]
    },
    {
      "module": "module.cloudsql.module.cloudsql",
      "mode": "managed",
      "type": "null_resource",
      "name": "module_depends_on",
      "provider": "provider[\"registry.terraform.io/hashicorp/null\"]",
      "instances": [
        {
          "schema_version": 0,
          "attributes": {
            "id": "749477672524248938",
            "triggers": {
              "value": "0"
            }
          },
          "sensitive_attributes": [],
          "dependencies": [
            "data.google_client_config.default",
            "data.google_container_cluster.default",
            "data.google_project.project",
            "module.infra.data.google_compute_subnetwork.subnetwork",
            "module.infra.module.custom-network.google_compute_global_address.google-managed-services-range",
            "module.infra.module.custom-network.google_compute_network.network",
            "module.infra.module.custom-network.google_compute_subnetwork.subnetwork",
            "module.infra.module.custom-network.google_service_networking_connection.private_service_access",
            "module.infra.module.private-gke-autopilot-cluster.google_gke_hub_membership.gke-fleet",
            "module.infra.module.private-gke-autopilot-cluster.module.gke.data.google_compute_subnetwork.gke_subnetwork",
            "module.infra.module.private-gke-autopilot-cluster.module.gke.data.google_compute_zones.available",
            "module.infra.module.private-gke-autopilot-cluster.module.gke.data.google_container_engine_versions.region",
            "module.infra.module.private-gke-autopilot-cluster.module.gke.data.google_container_engine_versions.zone",
            "module.infra.module.private-gke-autopilot-cluster.module.gke.google_compute_firewall.intra_egress",
            "module.infra.module.private-gke-autopilot-cluster.module.gke.google_compute_firewall.master_webhooks",
            "module.infra.module.private-gke-autopilot-cluster.module.gke.google_compute_firewall.shadow_allow_inkubelet",
            "module.infra.module.private-gke-autopilot-cluster.module.gke.google_compute_firewall.shadow_allow_master",
            "module.infra.module.private-gke-autopilot-cluster.module.gke.google_compute_firewall.shadow_allow_nodes",
            "module.infra.module.private-gke-autopilot-cluster.module.gke.google_compute_firewall.shadow_allow_pods",
            "module.infra.module.private-gke-autopilot-cluster.module.gke.google_compute_firewall.shadow_deny_exkubelet",
            "module.infra.module.private-gke-autopilot-cluster.module.gke.google_compute_firewall.tpu_egress",
            "module.infra.module.private-gke-autopilot-cluster.module.gke.google_container_cluster.primary",
            "module.infra.module.private-gke-autopilot-cluster.module.gke.google_project_iam_member.cluster_service_account-artifact-registry",
            "module.infra.module.private-gke-autopilot-cluster.module.gke.google_project_iam_member.cluster_service_account-gcr",
            "module.infra.module.private-gke-autopilot-cluster.module.gke.google_project_iam_member.cluster_service_account-metric_writer",
            "module.infra.module.private-gke-autopilot-cluster.module.gke.google_project_iam_member.cluster_service_account-nodeService_account",
            "module.infra.module.private-gke-autopilot-cluster.module.gke.google_project_iam_member.cluster_service_account-resourceMetadata-writer",
            "module.infra.module.private-gke-autopilot-cluster.module.gke.google_project_iam_member.service_agent",
            "module.infra.module.private-gke-autopilot-cluster.module.gke.google_project_service_identity.fleet_project",
            "module.infra.module.private-gke-autopilot-cluster.module.gke.google_service_account.cluster_service_account",
            "module.infra.module.private-gke-autopilot-cluster.module.gke.kubernetes_config_map.ip-masq-agent",
            "module.infra.module.private-gke-autopilot-cluster.module.gke.kubernetes_config_map_v1_data.kube-dns",
            "module.infra.module.private-gke-autopilot-cluster.module.gke.kubernetes_config_map_v1_data.kube-dns-upstream-nameservers-and-stub-domains",
            "module.infra.module.private-gke-autopilot-cluster.module.gke.kubernetes_config_map_v1_data.kube-dns-upstream-namservers",
            "module.infra.module.private-gke-autopilot-cluster.module.gke.random_shuffle.available_zones",
            "module.infra.module.private-gke-autopilot-cluster.module.gke.random_string.cluster_service_account_suffix",
            "module.infra.module.private-gke-standard-cluster.google_gke_hub_membership.gke-fleet",
            "module.infra.module.private-gke-standard-cluster.module.gke.data.google_compute_subnetwork.gke_subnetwork",
            "module.infra.module.private-gke-standard-cluster.module.gke.data.google_compute_zones.available",
            "module.infra.module.private-gke-standard-cluster.module.gke.data.google_container_engine_versions.region",
            "module.infra.module.private-gke-standard-cluster.module.gke.data.google_container_engine_versions.zone",
            "module.infra.module.private-gke-standard-cluster.module.gke.google_compute_firewall.intra_egress",
            "module.infra.module.private-gke-standard-cluster.module.gke.google_compute_firewall.master_webhooks",
            "module.infra.module.private-gke-standard-cluster.module.gke.google_compute_firewall.shadow_allow_inkubelet",
            "module.infra.module.private-gke-standard-cluster.module.gke.google_compute_firewall.shadow_allow_master",
            "module.infra.module.private-gke-standard-cluster.module.gke.google_compute_firewall.shadow_allow_nodes",
            "module.infra.module.private-gke-standard-cluster.module.gke.google_compute_firewall.shadow_allow_pods",
            "module.infra.module.private-gke-standard-cluster.module.gke.google_compute_firewall.shadow_deny_exkubelet",
            "module.infra.module.private-gke-standard-cluster.module.gke.google_compute_firewall.tpu_egress",
            "module.infra.module.private-gke-standard-cluster.module.gke.google_container_cluster.primary",
            "module.infra.module.private-gke-standard-cluster.module.gke.google_container_node_pool.pools",
            "module.infra.module.private-gke-standard-cluster.module.gke.google_container_node_pool.windows_pools",
            "module.infra.module.private-gke-standard-cluster.module.gke.google_project_iam_member.cluster_service_account-artifact-registry",
            "module.infra.module.private-gke-standard-cluster.module.gke.google_project_iam_member.cluster_service_account-gcr",
            "module.infra.module.private-gke-standard-cluster.module.gke.google_project_iam_member.cluster_service_account-metric_writer",
            "module.infra.module.private-gke-standard-cluster.module.gke.google_project_iam_member.cluster_service_account-nodeService_account",
            "module.infra.module.private-gke-standard-cluster.module.gke.google_project_iam_member.cluster_service_account-resourceMetadata-writer",
            "module.infra.module.private-gke-standard-cluster.module.gke.google_service_account.cluster_service_account",
            "module.infra.module.private-gke-standard-cluster.module.gke.kubernetes_config_map.ip-masq-agent",
            "module.infra.module.private-gke-standard-cluster.module.gke.kubernetes_config_map_v1_data.kube-dns",
            "module.infra.module.private-gke-standard-cluster.module.gke.kubernetes_config_map_v1_data.kube-dns-upstream-nameservers-and-stub-domains",
            "module.infra.module.private-gke-standard-cluster.module.gke.kubernetes_config_map_v1_data.kube-dns-upstream-namservers",
            "module.infra.module.private-gke-standard-cluster.module.gke.random_shuffle.available_zones",
            "module.infra.module.private-gke-standard-cluster.module.gke.random_string.cluster_service_account_suffix",
            "module.infra.module.public-gke-autopilot-cluster.module.gke.data.google_compute_subnetwork.gke_subnetwork",
            "module.infra.module.public-gke-autopilot-cluster.module.gke.data.google_compute_zones.available",
            "module.infra.module.public-gke-autopilot-cluster.module.gke.data.google_container_engine_versions.region",
            "module.infra.module.public-gke-autopilot-cluster.module.gke.data.google_container_engine_versions.zone",
            "module.infra.module.public-gke-autopilot-cluster.module.gke.google_compute_firewall.intra_egress",
            "module.infra.module.public-gke-autopilot-cluster.module.gke.google_compute_firewall.master_webhooks",
            "module.infra.module.public-gke-autopilot-cluster.module.gke.google_compute_firewall.shadow_allow_inkubelet",
            "module.infra.module.public-gke-autopilot-cluster.module.gke.google_compute_firewall.shadow_allow_master",
            "module.infra.module.public-gke-autopilot-cluster.module.gke.google_compute_firewall.shadow_allow_nodes",
            "module.infra.module.public-gke-autopilot-cluster.module.gke.google_compute_firewall.shadow_allow_pods",
            "module.infra.module.public-gke-autopilot-cluster.module.gke.google_compute_firewall.shadow_deny_exkubelet",
            "module.infra.module.public-gke-autopilot-cluster.module.gke.google_compute_firewall.tpu_egress",
            "module.infra.module.public-gke-autopilot-cluster.module.gke.google_container_cluster.primary",
            "module.infra.module.public-gke-autopilot-cluster.module.gke.google_project_iam_member.cluster_service_account-artifact-registry",
            "module.infra.module.public-gke-autopilot-cluster.module.gke.google_project_iam_member.cluster_service_account-gcr",
            "module.infra.module.public-gke-autopilot-cluster.module.gke.google_project_iam_member.cluster_service_account-metric_writer",
            "module.infra.module.public-gke-autopilot-cluster.module.gke.google_project_iam_member.cluster_service_account-nodeService_account",
            "module.infra.module.public-gke-autopilot-cluster.module.gke.google_project_iam_member.cluster_service_account-resourceMetadata-writer",
            "module.infra.module.public-gke-autopilot-cluster.module.gke.google_project_iam_member.service_agent",
            "module.infra.module.public-gke-autopilot-cluster.module.gke.google_project_service_identity.fleet_project",
            "module.infra.module.public-gke-autopilot-cluster.module.gke.google_service_account.cluster_service_account",
            "module.infra.module.public-gke-autopilot-cluster.module.gke.kubernetes_config_map.ip-masq-agent",
            "module.infra.module.public-gke-autopilot-cluster.module.gke.kubernetes_config_map_v1_data.kube-dns",
            "module.infra.module.public-gke-autopilot-cluster.module.gke.kubernetes_config_map_v1_data.kube-dns-upstream-nameservers-and-stub-domains",
            "module.infra.module.public-gke-autopilot-cluster.module.gke.kubernetes_config_map_v1_data.kube-dns-upstream-namservers",
            "module.infra.module.public-gke-autopilot-cluster.module.gke.random_shuffle.available_zones",
            "module.infra.module.public-gke-autopilot-cluster.module.gke.random_string.cluster_service_account_suffix",
            "module.infra.module.public-gke-standard-cluster.module.gke.data.google_compute_subnetwork.gke_subnetwork",
            "module.infra.module.public-gke-standard-cluster.module.gke.data.google_compute_zones.available",
            "module.infra.module.public-gke-standard-cluster.module.gke.data.google_container_engine_versions.region",
            "module.infra.module.public-gke-standard-cluster.module.gke.data.google_container_engine_versions.zone",
            "module.infra.module.public-gke-standard-cluster.module.gke.google_compute_firewall.intra_egress",
            "module.infra.module.public-gke-standard-cluster.module.gke.google_compute_firewall.master_webhooks",
            "module.infra.module.public-gke-standard-cluster.module.gke.google_compute_firewall.shadow_allow_inkubelet",
            "module.infra.module.public-gke-standard-cluster.module.gke.google_compute_firewall.shadow_allow_master",
            "module.infra.module.public-gke-standard-cluster.module.gke.google_compute_firewall.shadow_allow_nodes",
            "module.infra.module.public-gke-standard-cluster.module.gke.google_compute_firewall.shadow_allow_pods",
            "module.infra.module.public-gke-standard-cluster.module.gke.google_compute_firewall.shadow_deny_exkubelet",
            "module.infra.module.public-gke-standard-cluster.module.gke.google_compute_firewall.tpu_egress",
            "module.infra.module.public-gke-standard-cluster.module.gke.google_container_cluster.primary",
            "module.infra.module.public-gke-standard-cluster.module.gke.google_container_node_pool.pools",
            "module.infra.module.public-gke-standard-cluster.module.gke.google_container_node_pool.windows_pools",
            "module.infra.module.public-gke-standard-cluster.module.gke.google_project_iam_member.cluster_service_account-artifact-registry",
            "module.infra.module.public-gke-standard-cluster.module.gke.google_project_iam_member.cluster_service_account-gcr",
            "module.infra.module.public-gke-standard-cluster.module.gke.google_project_iam_member.cluster_service_account-metric_writer",
            "module.infra.module.public-gke-standard-cluster.module.gke.google_project_iam_member.cluster_service_account-nodeService_account",
            "module.infra.module.public-gke-standard-cluster.module.gke.google_project_iam_member.cluster_service_account-resourceMetadata-writer",
            "module.infra.module.public-gke-standard-cluster.module.gke.google_service_account.cluster_service_account",
            "module.infra.module.public-gke-standard-cluster.module.gke.kubernetes_config_map.ip-masq-agent",
            "module.infra.module.public-gke-standard-cluster.module.gke.kubernetes_config_map_v1_data.kube-dns",
            "module.infra.module.public-gke-standard-cluster.module.gke.kubernetes_config_map_v1_data.kube-dns-upstream-nameservers-and-stub-domains",
            "module.infra.module.public-gke-standard-cluster.module.gke.kubernetes_config_map_v1_data.kube-dns-upstream-namservers",
            "module.infra.module.public-gke-standard-cluster.module.gke.random_shuffle.available_zones",
            "module.infra.module.public-gke-standard-cluster.module.gke.random_string.cluster_service_account_suffix",
            "module.namespace.helm_release.app-namespace",
            "module.project-services.data.google_compute_default_service_account.default",
            "module.project-services.google_project_iam_member.project_service_identity_roles",
            "module.project-services.google_project_service.project_services",
            "module.project-services.google_project_service_identity.project_service_identities"
          ]
        }
      ]
    },
    {
      "module": "module.cloudsql.module.cloudsql",
      "mode": "managed",
      "type": "random_password",
      "name": "additional_passwords",
      "provider": "provider[\"registry.terraform.io/hashicorp/random\"]",
      "instances": [
        {
          "index_key": "rag-user",
          "schema_version": 3,
          "attributes": {
            "bcrypt_hash": "$2a$10$xAs2lm8X3th0FDiyjrLZeekEjY/DRUjH0URSn8gKaUBSWoDScmiwu",
            "id": "none",
            "keepers": {
              "name": "pgvector-instance"
            },
            "length": 32,
            "lower": true,
            "min_lower": 1,
            "min_numeric": 1,
            "min_special": 0,
            "min_upper": 1,
            "number": true,
            "numeric": true,
            "override_special": null,
            "result": "t4IWe1cgVeKeMeU7SI9tdl7f5R0PovJJ",
            "special": false,
            "upper": true
          },
          "sensitive_attributes": [],
          "dependencies": [
            "data.google_client_config.default",
            "data.google_container_cluster.default",
            "data.google_project.project",
            "module.cloudsql.module.cloudsql.google_sql_database_instance.default",
            "module.cloudsql.module.cloudsql.null_resource.module_depends_on",
            "module.cloudsql.module.cloudsql.random_id.suffix",
            "module.cloudsql.random_password.pwd",
            "module.infra.data.google_compute_subnetwork.subnetwork",
            "module.infra.module.custom-network.google_compute_global_address.google-managed-services-range",
            "module.infra.module.custom-network.google_compute_network.network",
            "module.infra.module.custom-network.google_compute_subnetwork.subnetwork",
            "module.infra.module.custom-network.google_service_networking_connection.private_service_access",
            "module.infra.module.private-gke-autopilot-cluster.google_gke_hub_membership.gke-fleet",
            "module.infra.module.private-gke-autopilot-cluster.module.gke.data.google_compute_subnetwork.gke_subnetwork",
            "module.infra.module.private-gke-autopilot-cluster.module.gke.data.google_compute_zones.available",
            "module.infra.module.private-gke-autopilot-cluster.module.gke.data.google_container_engine_versions.region",
            "module.infra.module.private-gke-autopilot-cluster.module.gke.data.google_container_engine_versions.zone",
            "module.infra.module.private-gke-autopilot-cluster.module.gke.google_compute_firewall.intra_egress",
            "module.infra.module.private-gke-autopilot-cluster.module.gke.google_compute_firewall.master_webhooks",
            "module.infra.module.private-gke-autopilot-cluster.module.gke.google_compute_firewall.shadow_allow_inkubelet",
            "module.infra.module.private-gke-autopilot-cluster.module.gke.google_compute_firewall.shadow_allow_master",
            "module.infra.module.private-gke-autopilot-cluster.module.gke.google_compute_firewall.shadow_allow_nodes",
            "module.infra.module.private-gke-autopilot-cluster.module.gke.google_compute_firewall.shadow_allow_pods",
            "module.infra.module.private-gke-autopilot-cluster.module.gke.google_compute_firewall.shadow_deny_exkubelet",
            "module.infra.module.private-gke-autopilot-cluster.module.gke.google_compute_firewall.tpu_egress",
            "module.infra.module.private-gke-autopilot-cluster.module.gke.google_container_cluster.primary",
            "module.infra.module.private-gke-autopilot-cluster.module.gke.google_project_iam_member.cluster_service_account-artifact-registry",
            "module.infra.module.private-gke-autopilot-cluster.module.gke.google_project_iam_member.cluster_service_account-gcr",
            "module.infra.module.private-gke-autopilot-cluster.module.gke.google_project_iam_member.cluster_service_account-metric_writer",
            "module.infra.module.private-gke-autopilot-cluster.module.gke.google_project_iam_member.cluster_service_account-nodeService_account",
            "module.infra.module.private-gke-autopilot-cluster.module.gke.google_project_iam_member.cluster_service_account-resourceMetadata-writer",
            "module.infra.module.private-gke-autopilot-cluster.module.gke.google_project_iam_member.service_agent",
            "module.infra.module.private-gke-autopilot-cluster.module.gke.google_project_service_identity.fleet_project",
            "module.infra.module.private-gke-autopilot-cluster.module.gke.google_service_account.cluster_service_account",
            "module.infra.module.private-gke-autopilot-cluster.module.gke.kubernetes_config_map.ip-masq-agent",
            "module.infra.module.private-gke-autopilot-cluster.module.gke.kubernetes_config_map_v1_data.kube-dns",
            "module.infra.module.private-gke-autopilot-cluster.module.gke.kubernetes_config_map_v1_data.kube-dns-upstream-nameservers-and-stub-domains",
            "module.infra.module.private-gke-autopilot-cluster.module.gke.kubernetes_config_map_v1_data.kube-dns-upstream-namservers",
            "module.infra.module.private-gke-autopilot-cluster.module.gke.random_shuffle.available_zones",
            "module.infra.module.private-gke-autopilot-cluster.module.gke.random_string.cluster_service_account_suffix",
            "module.infra.module.private-gke-standard-cluster.google_gke_hub_membership.gke-fleet",
            "module.infra.module.private-gke-standard-cluster.module.gke.data.google_compute_subnetwork.gke_subnetwork",
            "module.infra.module.private-gke-standard-cluster.module.gke.data.google_compute_zones.available",
            "module.infra.module.private-gke-standard-cluster.module.gke.data.google_container_engine_versions.region",
            "module.infra.module.private-gke-standard-cluster.module.gke.data.google_container_engine_versions.zone",
            "module.infra.module.private-gke-standard-cluster.module.gke.google_compute_firewall.intra_egress",
            "module.infra.module.private-gke-standard-cluster.module.gke.google_compute_firewall.master_webhooks",
            "module.infra.module.private-gke-standard-cluster.module.gke.google_compute_firewall.shadow_allow_inkubelet",
            "module.infra.module.private-gke-standard-cluster.module.gke.google_compute_firewall.shadow_allow_master",
            "module.infra.module.private-gke-standard-cluster.module.gke.google_compute_firewall.shadow_allow_nodes",
            "module.infra.module.private-gke-standard-cluster.module.gke.google_compute_firewall.shadow_allow_pods",
            "module.infra.module.private-gke-standard-cluster.module.gke.google_compute_firewall.shadow_deny_exkubelet",
            "module.infra.module.private-gke-standard-cluster.module.gke.google_compute_firewall.tpu_egress",
            "module.infra.module.private-gke-standard-cluster.module.gke.google_container_cluster.primary",
            "module.infra.module.private-gke-standard-cluster.module.gke.google_container_node_pool.pools",
            "module.infra.module.private-gke-standard-cluster.module.gke.google_container_node_pool.windows_pools",
            "module.infra.module.private-gke-standard-cluster.module.gke.google_project_iam_member.cluster_service_account-artifact-registry",
            "module.infra.module.private-gke-standard-cluster.module.gke.google_project_iam_member.cluster_service_account-gcr",
            "module.infra.module.private-gke-standard-cluster.module.gke.google_project_iam_member.cluster_service_account-metric_writer",
            "module.infra.module.private-gke-standard-cluster.module.gke.google_project_iam_member.cluster_service_account-nodeService_account",
            "module.infra.module.private-gke-standard-cluster.module.gke.google_project_iam_member.cluster_service_account-resourceMetadata-writer",
            "module.infra.module.private-gke-standard-cluster.module.gke.google_service_account.cluster_service_account",
            "module.infra.module.private-gke-standard-cluster.module.gke.kubernetes_config_map.ip-masq-agent",
            "module.infra.module.private-gke-standard-cluster.module.gke.kubernetes_config_map_v1_data.kube-dns",
            "module.infra.module.private-gke-standard-cluster.module.gke.kubernetes_config_map_v1_data.kube-dns-upstream-nameservers-and-stub-domains",
            "module.infra.module.private-gke-standard-cluster.module.gke.kubernetes_config_map_v1_data.kube-dns-upstream-namservers",
            "module.infra.module.private-gke-standard-cluster.module.gke.random_shuffle.available_zones",
            "module.infra.module.private-gke-standard-cluster.module.gke.random_string.cluster_service_account_suffix",
            "module.infra.module.public-gke-autopilot-cluster.module.gke.data.google_compute_subnetwork.gke_subnetwork",
            "module.infra.module.public-gke-autopilot-cluster.module.gke.data.google_compute_zones.available",
            "module.infra.module.public-gke-autopilot-cluster.module.gke.data.google_container_engine_versions.region",
            "module.infra.module.public-gke-autopilot-cluster.module.gke.data.google_container_engine_versions.zone",
            "module.infra.module.public-gke-autopilot-cluster.module.gke.google_compute_firewall.intra_egress",
            "module.infra.module.public-gke-autopilot-cluster.module.gke.google_compute_firewall.master_webhooks",
            "module.infra.module.public-gke-autopilot-cluster.module.gke.google_compute_firewall.shadow_allow_inkubelet",
            "module.infra.module.public-gke-autopilot-cluster.module.gke.google_compute_firewall.shadow_allow_master",
            "module.infra.module.public-gke-autopilot-cluster.module.gke.google_compute_firewall.shadow_allow_nodes",
            "module.infra.module.public-gke-autopilot-cluster.module.gke.google_compute_firewall.shadow_allow_pods",
            "module.infra.module.public-gke-autopilot-cluster.module.gke.google_compute_firewall.shadow_deny_exkubelet",
            "module.infra.module.public-gke-autopilot-cluster.module.gke.google_compute_firewall.tpu_egress",
            "module.infra.module.public-gke-autopilot-cluster.module.gke.google_container_cluster.primary",
            "module.infra.module.public-gke-autopilot-cluster.module.gke.google_project_iam_member.cluster_service_account-artifact-registry",
            "module.infra.module.public-gke-autopilot-cluster.module.gke.google_project_iam_member.cluster_service_account-gcr",
            "module.infra.module.public-gke-autopilot-cluster.module.gke.google_project_iam_member.cluster_service_account-metric_writer",
            "module.infra.module.public-gke-autopilot-cluster.module.gke.google_project_iam_member.cluster_service_account-nodeService_account",
            "module.infra.module.public-gke-autopilot-cluster.module.gke.google_project_iam_member.cluster_service_account-resourceMetadata-writer",
            "module.infra.module.public-gke-autopilot-cluster.module.gke.google_project_iam_member.service_agent",
            "module.infra.module.public-gke-autopilot-cluster.module.gke.google_project_service_identity.fleet_project",
            "module.infra.module.public-gke-autopilot-cluster.module.gke.google_service_account.cluster_service_account",
            "module.infra.module.public-gke-autopilot-cluster.module.gke.kubernetes_config_map.ip-masq-agent",
            "module.infra.module.public-gke-autopilot-cluster.module.gke.kubernetes_config_map_v1_data.kube-dns",
            "module.infra.module.public-gke-autopilot-cluster.module.gke.kubernetes_config_map_v1_data.kube-dns-upstream-nameservers-and-stub-domains",
            "module.infra.module.public-gke-autopilot-cluster.module.gke.kubernetes_config_map_v1_data.kube-dns-upstream-namservers",
            "module.infra.module.public-gke-autopilot-cluster.module.gke.random_shuffle.available_zones",
            "module.infra.module.public-gke-autopilot-cluster.module.gke.random_string.cluster_service_account_suffix",
            "module.infra.module.public-gke-standard-cluster.module.gke.data.google_compute_subnetwork.gke_subnetwork",
            "module.infra.module.public-gke-standard-cluster.module.gke.data.google_compute_zones.available",
            "module.infra.module.public-gke-standard-cluster.module.gke.data.google_container_engine_versions.region",
            "module.infra.module.public-gke-standard-cluster.module.gke.data.google_container_engine_versions.zone",
            "module.infra.module.public-gke-standard-cluster.module.gke.google_compute_firewall.intra_egress",
            "module.infra.module.public-gke-standard-cluster.module.gke.google_compute_firewall.master_webhooks",
            "module.infra.module.public-gke-standard-cluster.module.gke.google_compute_firewall.shadow_allow_inkubelet",
            "module.infra.module.public-gke-standard-cluster.module.gke.google_compute_firewall.shadow_allow_master",
            "module.infra.module.public-gke-standard-cluster.module.gke.google_compute_firewall.shadow_allow_nodes",
            "module.infra.module.public-gke-standard-cluster.module.gke.google_compute_firewall.shadow_allow_pods",
            "module.infra.module.public-gke-standard-cluster.module.gke.google_compute_firewall.shadow_deny_exkubelet",
            "module.infra.module.public-gke-standard-cluster.module.gke.google_compute_firewall.tpu_egress",
            "module.infra.module.public-gke-standard-cluster.module.gke.google_container_cluster.primary",
            "module.infra.module.public-gke-standard-cluster.module.gke.google_container_node_pool.pools",
            "module.infra.module.public-gke-standard-cluster.module.gke.google_container_node_pool.windows_pools",
            "module.infra.module.public-gke-standard-cluster.module.gke.google_project_iam_member.cluster_service_account-artifact-registry",
            "module.infra.module.public-gke-standard-cluster.module.gke.google_project_iam_member.cluster_service_account-gcr",
            "module.infra.module.public-gke-standard-cluster.module.gke.google_project_iam_member.cluster_service_account-metric_writer",
            "module.infra.module.public-gke-standard-cluster.module.gke.google_project_iam_member.cluster_service_account-nodeService_account",
            "module.infra.module.public-gke-standard-cluster.module.gke.google_project_iam_member.cluster_service_account-resourceMetadata-writer",
            "module.infra.module.public-gke-standard-cluster.module.gke.google_service_account.cluster_service_account",
            "module.infra.module.public-gke-standard-cluster.module.gke.kubernetes_config_map.ip-masq-agent",
            "module.infra.module.public-gke-standard-cluster.module.gke.kubernetes_config_map_v1_data.kube-dns",
            "module.infra.module.public-gke-standard-cluster.module.gke.kubernetes_config_map_v1_data.kube-dns-upstream-nameservers-and-stub-domains",
            "module.infra.module.public-gke-standard-cluster.module.gke.kubernetes_config_map_v1_data.kube-dns-upstream-namservers",
            "module.infra.module.public-gke-standard-cluster.module.gke.random_shuffle.available_zones",
            "module.infra.module.public-gke-standard-cluster.module.gke.random_string.cluster_service_account_suffix",
            "module.namespace.helm_release.app-namespace",
            "module.project-services.data.google_compute_default_service_account.default",
            "module.project-services.google_project_iam_member.project_service_identity_roles",
            "module.project-services.google_project_service.project_services",
            "module.project-services.google_project_service_identity.project_service_identities"
          ]
        }
      ]
    },
    {
      "module": "module.cloudsql.module.cloudsql",
      "mode": "managed",
      "type": "random_password",
      "name": "user-password",
      "provider": "provider[\"registry.terraform.io/hashicorp/random\"]",
      "instances": [
        {
          "schema_version": 3,
          "attributes": {
            "bcrypt_hash": "$2a$10$tHebfD3Ky7OMG8fra47GeeHGvnoEaQo0KCrEeifrEowg7csyhZAHW",
            "id": "none",
            "keepers": {
              "name": "pgvector-instance"
            },
            "length": 32,
            "lower": true,
            "min_lower": 1,
            "min_numeric": 1,
            "min_special": 0,
            "min_upper": 1,
            "number": true,
            "numeric": true,
            "override_special": null,
            "result": "JqXHpNMOQ6UgzV8KJ3x4FNRItSNgcCqJ",
            "special": false,
            "upper": true
          },
          "sensitive_attributes": [],
          "dependencies": [
            "data.google_client_config.default",
            "data.google_container_cluster.default",
            "data.google_project.project",
            "module.cloudsql.module.cloudsql.google_sql_database_instance.default",
            "module.cloudsql.module.cloudsql.null_resource.module_depends_on",
            "module.cloudsql.module.cloudsql.random_id.suffix",
            "module.infra.data.google_compute_subnetwork.subnetwork",
            "module.infra.module.custom-network.google_compute_global_address.google-managed-services-range",
            "module.infra.module.custom-network.google_compute_network.network",
            "module.infra.module.custom-network.google_compute_subnetwork.subnetwork",
            "module.infra.module.custom-network.google_service_networking_connection.private_service_access",
            "module.infra.module.private-gke-autopilot-cluster.google_gke_hub_membership.gke-fleet",
            "module.infra.module.private-gke-autopilot-cluster.module.gke.data.google_compute_subnetwork.gke_subnetwork",
            "module.infra.module.private-gke-autopilot-cluster.module.gke.data.google_compute_zones.available",
            "module.infra.module.private-gke-autopilot-cluster.module.gke.data.google_container_engine_versions.region",
            "module.infra.module.private-gke-autopilot-cluster.module.gke.data.google_container_engine_versions.zone",
            "module.infra.module.private-gke-autopilot-cluster.module.gke.google_compute_firewall.intra_egress",
            "module.infra.module.private-gke-autopilot-cluster.module.gke.google_compute_firewall.master_webhooks",
            "module.infra.module.private-gke-autopilot-cluster.module.gke.google_compute_firewall.shadow_allow_inkubelet",
            "module.infra.module.private-gke-autopilot-cluster.module.gke.google_compute_firewall.shadow_allow_master",
            "module.infra.module.private-gke-autopilot-cluster.module.gke.google_compute_firewall.shadow_allow_nodes",
            "module.infra.module.private-gke-autopilot-cluster.module.gke.google_compute_firewall.shadow_allow_pods",
            "module.infra.module.private-gke-autopilot-cluster.module.gke.google_compute_firewall.shadow_deny_exkubelet",
            "module.infra.module.private-gke-autopilot-cluster.module.gke.google_compute_firewall.tpu_egress",
            "module.infra.module.private-gke-autopilot-cluster.module.gke.google_container_cluster.primary",
            "module.infra.module.private-gke-autopilot-cluster.module.gke.google_project_iam_member.cluster_service_account-artifact-registry",
            "module.infra.module.private-gke-autopilot-cluster.module.gke.google_project_iam_member.cluster_service_account-gcr",
            "module.infra.module.private-gke-autopilot-cluster.module.gke.google_project_iam_member.cluster_service_account-metric_writer",
            "module.infra.module.private-gke-autopilot-cluster.module.gke.google_project_iam_member.cluster_service_account-nodeService_account",
            "module.infra.module.private-gke-autopilot-cluster.module.gke.google_project_iam_member.cluster_service_account-resourceMetadata-writer",
            "module.infra.module.private-gke-autopilot-cluster.module.gke.google_project_iam_member.service_agent",
            "module.infra.module.private-gke-autopilot-cluster.module.gke.google_project_service_identity.fleet_project",
            "module.infra.module.private-gke-autopilot-cluster.module.gke.google_service_account.cluster_service_account",
            "module.infra.module.private-gke-autopilot-cluster.module.gke.kubernetes_config_map.ip-masq-agent",
            "module.infra.module.private-gke-autopilot-cluster.module.gke.kubernetes_config_map_v1_data.kube-dns",
            "module.infra.module.private-gke-autopilot-cluster.module.gke.kubernetes_config_map_v1_data.kube-dns-upstream-nameservers-and-stub-domains",
            "module.infra.module.private-gke-autopilot-cluster.module.gke.kubernetes_config_map_v1_data.kube-dns-upstream-namservers",
            "module.infra.module.private-gke-autopilot-cluster.module.gke.random_shuffle.available_zones",
            "module.infra.module.private-gke-autopilot-cluster.module.gke.random_string.cluster_service_account_suffix",
            "module.infra.module.private-gke-standard-cluster.google_gke_hub_membership.gke-fleet",
            "module.infra.module.private-gke-standard-cluster.module.gke.data.google_compute_subnetwork.gke_subnetwork",
            "module.infra.module.private-gke-standard-cluster.module.gke.data.google_compute_zones.available",
            "module.infra.module.private-gke-standard-cluster.module.gke.data.google_container_engine_versions.region",
            "module.infra.module.private-gke-standard-cluster.module.gke.data.google_container_engine_versions.zone",
            "module.infra.module.private-gke-standard-cluster.module.gke.google_compute_firewall.intra_egress",
            "module.infra.module.private-gke-standard-cluster.module.gke.google_compute_firewall.master_webhooks",
            "module.infra.module.private-gke-standard-cluster.module.gke.google_compute_firewall.shadow_allow_inkubelet",
            "module.infra.module.private-gke-standard-cluster.module.gke.google_compute_firewall.shadow_allow_master",
            "module.infra.module.private-gke-standard-cluster.module.gke.google_compute_firewall.shadow_allow_nodes",
            "module.infra.module.private-gke-standard-cluster.module.gke.google_compute_firewall.shadow_allow_pods",
            "module.infra.module.private-gke-standard-cluster.module.gke.google_compute_firewall.shadow_deny_exkubelet",
            "module.infra.module.private-gke-standard-cluster.module.gke.google_compute_firewall.tpu_egress",
            "module.infra.module.private-gke-standard-cluster.module.gke.google_container_cluster.primary",
            "module.infra.module.private-gke-standard-cluster.module.gke.google_container_node_pool.pools",
            "module.infra.module.private-gke-standard-cluster.module.gke.google_container_node_pool.windows_pools",
            "module.infra.module.private-gke-standard-cluster.module.gke.google_project_iam_member.cluster_service_account-artifact-registry",
            "module.infra.module.private-gke-standard-cluster.module.gke.google_project_iam_member.cluster_service_account-gcr",
            "module.infra.module.private-gke-standard-cluster.module.gke.google_project_iam_member.cluster_service_account-metric_writer",
            "module.infra.module.private-gke-standard-cluster.module.gke.google_project_iam_member.cluster_service_account-nodeService_account",
            "module.infra.module.private-gke-standard-cluster.module.gke.google_project_iam_member.cluster_service_account-resourceMetadata-writer",
            "module.infra.module.private-gke-standard-cluster.module.gke.google_service_account.cluster_service_account",
            "module.infra.module.private-gke-standard-cluster.module.gke.kubernetes_config_map.ip-masq-agent",
            "module.infra.module.private-gke-standard-cluster.module.gke.kubernetes_config_map_v1_data.kube-dns",
            "module.infra.module.private-gke-standard-cluster.module.gke.kubernetes_config_map_v1_data.kube-dns-upstream-nameservers-and-stub-domains",
            "module.infra.module.private-gke-standard-cluster.module.gke.kubernetes_config_map_v1_data.kube-dns-upstream-namservers",
            "module.infra.module.private-gke-standard-cluster.module.gke.random_shuffle.available_zones",
            "module.infra.module.private-gke-standard-cluster.module.gke.random_string.cluster_service_account_suffix",
            "module.infra.module.public-gke-autopilot-cluster.module.gke.data.google_compute_subnetwork.gke_subnetwork",
            "module.infra.module.public-gke-autopilot-cluster.module.gke.data.google_compute_zones.available",
            "module.infra.module.public-gke-autopilot-cluster.module.gke.data.google_container_engine_versions.region",
            "module.infra.module.public-gke-autopilot-cluster.module.gke.data.google_container_engine_versions.zone",
            "module.infra.module.public-gke-autopilot-cluster.module.gke.google_compute_firewall.intra_egress",
            "module.infra.module.public-gke-autopilot-cluster.module.gke.google_compute_firewall.master_webhooks",
            "module.infra.module.public-gke-autopilot-cluster.module.gke.google_compute_firewall.shadow_allow_inkubelet",
            "module.infra.module.public-gke-autopilot-cluster.module.gke.google_compute_firewall.shadow_allow_master",
            "module.infra.module.public-gke-autopilot-cluster.module.gke.google_compute_firewall.shadow_allow_nodes",
            "module.infra.module.public-gke-autopilot-cluster.module.gke.google_compute_firewall.shadow_allow_pods",
            "module.infra.module.public-gke-autopilot-cluster.module.gke.google_compute_firewall.shadow_deny_exkubelet",
            "module.infra.module.public-gke-autopilot-cluster.module.gke.google_compute_firewall.tpu_egress",
            "module.infra.module.public-gke-autopilot-cluster.module.gke.google_container_cluster.primary",
            "module.infra.module.public-gke-autopilot-cluster.module.gke.google_project_iam_member.cluster_service_account-artifact-registry",
            "module.infra.module.public-gke-autopilot-cluster.module.gke.google_project_iam_member.cluster_service_account-gcr",
            "module.infra.module.public-gke-autopilot-cluster.module.gke.google_project_iam_member.cluster_service_account-metric_writer",
            "module.infra.module.public-gke-autopilot-cluster.module.gke.google_project_iam_member.cluster_service_account-nodeService_account",
            "module.infra.module.public-gke-autopilot-cluster.module.gke.google_project_iam_member.cluster_service_account-resourceMetadata-writer",
            "module.infra.module.public-gke-autopilot-cluster.module.gke.google_project_iam_member.service_agent",
            "module.infra.module.public-gke-autopilot-cluster.module.gke.google_project_service_identity.fleet_project",
            "module.infra.module.public-gke-autopilot-cluster.module.gke.google_service_account.cluster_service_account",
            "module.infra.module.public-gke-autopilot-cluster.module.gke.kubernetes_config_map.ip-masq-agent",
            "module.infra.module.public-gke-autopilot-cluster.module.gke.kubernetes_config_map_v1_data.kube-dns",
            "module.infra.module.public-gke-autopilot-cluster.module.gke.kubernetes_config_map_v1_data.kube-dns-upstream-nameservers-and-stub-domains",
            "module.infra.module.public-gke-autopilot-cluster.module.gke.kubernetes_config_map_v1_data.kube-dns-upstream-namservers",
            "module.infra.module.public-gke-autopilot-cluster.module.gke.random_shuffle.available_zones",
            "module.infra.module.public-gke-autopilot-cluster.module.gke.random_string.cluster_service_account_suffix",
            "module.infra.module.public-gke-standard-cluster.module.gke.data.google_compute_subnetwork.gke_subnetwork",
            "module.infra.module.public-gke-standard-cluster.module.gke.data.google_compute_zones.available",
            "module.infra.module.public-gke-standard-cluster.module.gke.data.google_container_engine_versions.region",
            "module.infra.module.public-gke-standard-cluster.module.gke.data.google_container_engine_versions.zone",
            "module.infra.module.public-gke-standard-cluster.module.gke.google_compute_firewall.intra_egress",
            "module.infra.module.public-gke-standard-cluster.module.gke.google_compute_firewall.master_webhooks",
            "module.infra.module.public-gke-standard-cluster.module.gke.google_compute_firewall.shadow_allow_inkubelet",
            "module.infra.module.public-gke-standard-cluster.module.gke.google_compute_firewall.shadow_allow_master",
            "module.infra.module.public-gke-standard-cluster.module.gke.google_compute_firewall.shadow_allow_nodes",
            "module.infra.module.public-gke-standard-cluster.module.gke.google_compute_firewall.shadow_allow_pods",
            "module.infra.module.public-gke-standard-cluster.module.gke.google_compute_firewall.shadow_deny_exkubelet",
            "module.infra.module.public-gke-standard-cluster.module.gke.google_compute_firewall.tpu_egress",
            "module.infra.module.public-gke-standard-cluster.module.gke.google_container_cluster.primary",
            "module.infra.module.public-gke-standard-cluster.module.gke.google_container_node_pool.pools",
            "module.infra.module.public-gke-standard-cluster.module.gke.google_container_node_pool.windows_pools",
            "module.infra.module.public-gke-standard-cluster.module.gke.google_project_iam_member.cluster_service_account-artifact-registry",
            "module.infra.module.public-gke-standard-cluster.module.gke.google_project_iam_member.cluster_service_account-gcr",
            "module.infra.module.public-gke-standard-cluster.module.gke.google_project_iam_member.cluster_service_account-metric_writer",
            "module.infra.module.public-gke-standard-cluster.module.gke.google_project_iam_member.cluster_service_account-nodeService_account",
            "module.infra.module.public-gke-standard-cluster.module.gke.google_project_iam_member.cluster_service_account-resourceMetadata-writer",
            "module.infra.module.public-gke-standard-cluster.module.gke.google_service_account.cluster_service_account",
            "module.infra.module.public-gke-standard-cluster.module.gke.kubernetes_config_map.ip-masq-agent",
            "module.infra.module.public-gke-standard-cluster.module.gke.kubernetes_config_map_v1_data.kube-dns",
            "module.infra.module.public-gke-standard-cluster.module.gke.kubernetes_config_map_v1_data.kube-dns-upstream-nameservers-and-stub-domains",
            "module.infra.module.public-gke-standard-cluster.module.gke.kubernetes_config_map_v1_data.kube-dns-upstream-namservers",
            "module.infra.module.public-gke-standard-cluster.module.gke.random_shuffle.available_zones",
            "module.infra.module.public-gke-standard-cluster.module.gke.random_string.cluster_service_account_suffix",
            "module.namespace.helm_release.app-namespace",
            "module.project-services.data.google_compute_default_service_account.default",
            "module.project-services.google_project_iam_member.project_service_identity_roles",
            "module.project-services.google_project_service.project_services",
            "module.project-services.google_project_service_identity.project_service_identities"
          ]
        }
      ]
    },
    {
      "module": "module.frontend",
      "mode": "data",
      "type": "google_project",
      "name": "project",
      "provider": "provider[\"registry.terraform.io/hashicorp/google\"]",
      "instances": [
        {
          "schema_version": 0,
          "attributes": {
            "auto_create_network": null,
            "billing_account": "00E7A7-4928AF-F1C514",
            "deletion_policy": "DELETE",
            "effective_labels": {},
            "folder_id": "657923791383",
            "id": "projects/genlu-gke-dev",
            "labels": {},
            "name": "genlu-gke-dev",
            "number": "696654398756",
            "org_id": "",
            "project_id": "genlu-gke-dev",
            "skip_delete": null,
            "terraform_labels": {}
          },
          "sensitive_attributes": []
        }
      ]
    },
    {
      "module": "module.frontend",
      "mode": "managed",
      "type": "kubernetes_deployment",
      "name": "rag_frontend_deployment",
      "provider": "provider[\"registry.terraform.io/hashicorp/kubernetes\"].rag",
      "instances": [
        {
          "schema_version": 1,
          "attributes": {
            "id": "ai-on-gke/rag-frontend",
            "metadata": [
              {
                "annotations": {},
                "generate_name": "",
                "generation": 1,
                "labels": {
                  "ai.gke.io": "rag",
                  "app": "rag-frontend",
                  "created-by": "ai-on-gke"
                },
                "name": "rag-frontend",
                "namespace": "ai-on-gke",
                "resource_version": "14818",
                "uid": "c8323fba-43ac-48c4-8d88-279c3a4466b4"
              }
            ],
            "spec": [
              {
                "min_ready_seconds": 0,
                "paused": false,
                "progress_deadline_seconds": 600,
                "replicas": "3",
                "revision_history_limit": 10,
                "selector": [
                  {
                    "match_expressions": [],
                    "match_labels": {
                      "ai.gke.io": "rag",
                      "app": "rag-frontend",
                      "created-by": "ai-on-gke"
                    }
                  }
                ],
                "strategy": [
                  {
                    "rolling_update": [
                      {
                        "max_surge": "25%",
                        "max_unavailable": "25%"
                      }
                    ],
                    "type": "RollingUpdate"
                  }
                ],
                "template": [
                  {
                    "metadata": [
                      {
                        "annotations": {},
                        "generate_name": "",
                        "generation": 0,
                        "labels": {
                          "ai.gke.io": "rag",
                          "app": "rag-frontend",
                          "created-by": "ai-on-gke"
                        },
                        "name": "",
                        "namespace": "",
                        "resource_version": "",
                        "uid": ""
                      }
                    ],
                    "spec": [
                      {
                        "active_deadline_seconds": 0,
                        "affinity": [],
                        "automount_service_account_token": true,
                        "container": [
                          {
                            "args": [],
                            "command": [],
                            "env": [
                              {
                                "name": "PROJECT_ID",
                                "value": "projects/genlu-gke-dev",
                                "value_from": []
                              },
                              {
                                "name": "INSTANCE_CONNECTION_NAME",
                                "value": "genlu-gke-dev:us-central1:pgvector-instance",
                                "value_from": []
                              },
                              {
                                "name": "INFERENCE_ENDPOINT",
                                "value": "10.100.0.11",
                                "value_from": []
                              },
                              {
                                "name": "TABLE_NAME",
                                "value": "netflix_reviews_db",
                                "value_from": []
                              }
                            ],
                            "env_from": [],
                            "image": "us-central1-docker.pkg.dev/ai-on-gke/rag-on-gke/frontend@sha256:ec0e7b1ce6d0f9570957dd7fb3dcf0a16259cba915570846b356a17d6e377c59",
                            "image_pull_policy": "IfNotPresent",
                            "lifecycle": [],
                            "liveness_probe": [],
                            "name": "rag-frontend",
                            "port": [
                              {
                                "container_port": 8080,
                                "host_ip": "",
                                "host_port": 0,
                                "name": "",
                                "protocol": "TCP"
                              }
                            ],
                            "readiness_probe": [],
                            "resources": [
                              {
                                "limits": {
                                  "cpu": "3",
                                  "ephemeral-storage": "5Gi",
                                  "memory": "8Gi"
                                },
                                "requests": {
                                  "cpu": "3",
                                  "ephemeral-storage": "5Gi",
                                  "memory": "8Gi"
                                }
                              }
                            ],
                            "security_context": [],
                            "startup_probe": [],
                            "stdin": false,
                            "stdin_once": false,
                            "termination_message_path": "/dev/termination-log",
                            "termination_message_policy": "File",
                            "tty": false,
                            "volume_mount": [
                              {
                                "mount_path": "/etc/secret-volume",
                                "mount_propagation": "None",
                                "name": "secret-volume",
                                "read_only": true,
                                "sub_path": ""
                              }
                            ],
                            "working_dir": ""
                          },
                          {
                            "args": [
                              "--structured-logs",
                              "genlu-gke-dev:us-central1:pgvector-instance"
                            ],
                            "command": [],
                            "env": [],
                            "env_from": [],
                            "image": "gcr.io/cloud-sql-connectors/cloud-sql-proxy:2.8.0",
                            "image_pull_policy": "IfNotPresent",
                            "lifecycle": [],
                            "liveness_probe": [],
                            "name": "cloud-sql-proxy",
                            "port": [],
                            "readiness_probe": [],
                            "resources": [
                              {
                                "limits": {
                                  "cpu": "1",
                                  "memory": "2Gi"
                                },
                                "requests": {
                                  "cpu": "1",
                                  "memory": "2Gi"
                                }
                              }
                            ],
                            "security_context": [
                              {
                                "allow_privilege_escalation": true,
                                "capabilities": [],
                                "privileged": false,
                                "read_only_root_filesystem": false,
                                "run_as_group": "",
                                "run_as_non_root": true,
                                "run_as_user": "",
                                "se_linux_options": [],
                                "seccomp_profile": []
                              }
                            ],
                            "startup_probe": [],
                            "stdin": false,
                            "stdin_once": false,
                            "termination_message_path": "/dev/termination-log",
                            "termination_message_policy": "File",
                            "tty": false,
                            "volume_mount": [],
                            "working_dir": ""
                          }
                        ],
                        "dns_config": [],
                        "dns_policy": "ClusterFirst",
                        "enable_service_links": true,
                        "host_aliases": [],
                        "host_ipc": false,
                        "host_network": false,
                        "host_pid": false,
                        "hostname": "",
                        "image_pull_secrets": [],
                        "init_container": [],
                        "node_name": "",
                        "node_selector": {},
                        "priority_class_name": "",
                        "readiness_gate": [],
                        "restart_policy": "Always",
                        "runtime_class_name": "",
                        "security_context": [],
                        "service_account_name": "rag-sa",
                        "share_process_namespace": false,
                        "subdomain": "",
                        "termination_grace_period_seconds": 30,
                        "toleration": [],
                        "topology_spread_constraint": [],
                        "volume": [
                          {
                            "aws_elastic_block_store": [],
                            "azure_disk": [],
                            "azure_file": [],
                            "ceph_fs": [],
                            "cinder": [],
                            "config_map": [],
                            "csi": [],
                            "downward_api": [],
                            "empty_dir": [],
                            "fc": [],
                            "flex_volume": [],
                            "flocker": [],
                            "gce_persistent_disk": [],
                            "git_repo": [],
                            "glusterfs": [],
                            "host_path": [],
                            "iscsi": [],
                            "local": [],
                            "name": "secret-volume",
                            "nfs": [],
                            "persistent_volume_claim": [],
                            "photon_persistent_disk": [],
                            "projected": [],
                            "quobyte": [],
                            "rbd": [],
                            "secret": [
                              {
                                "default_mode": "0644",
                                "items": [],
                                "optional": false,
                                "secret_name": "db-secret"
                              }
                            ],
                            "vsphere_volume": []
                          }
                        ]
                      }
                    ]
                  }
                ]
              }
            ],
            "timeouts": null,
            "wait_for_rollout": true
          },
          "sensitive_attributes": [],
          "private": "eyJlMmJmYjczMC1lY2FhLTExZTYtOGY4OC0zNDM2M2JjN2M0YzAiOnsiY3JlYXRlIjo2MDAwMDAwMDAwMDAsImRlbGV0ZSI6NjAwMDAwMDAwMDAwLCJ1cGRhdGUiOjYwMDAwMDAwMDAwMH0sInNjaGVtYV92ZXJzaW9uIjoiMSJ9",
          "dependencies": [
            "data.google_client_config.default",
            "data.google_container_cluster.default",
            "data.google_project.project",
            "module.cloudsql.kubernetes_secret.secret",
            "module.cloudsql.module.cloudsql.google_sql_database_instance.default",
            "module.cloudsql.module.cloudsql.null_resource.module_depends_on",
            "module.cloudsql.module.cloudsql.random_id.suffix",
            "module.cloudsql.random_password.pwd",
            "module.inference-server.kubernetes_service.inference_service",
            "module.infra.data.google_compute_subnetwork.subnetwork",
            "module.infra.module.custom-network.google_compute_global_address.google-managed-services-range",
            "module.infra.module.custom-network.google_compute_network.network",
            "module.infra.module.custom-network.google_compute_subnetwork.subnetwork",
            "module.infra.module.custom-network.google_service_networking_connection.private_service_access",
            "module.infra.module.private-gke-autopilot-cluster.google_gke_hub_membership.gke-fleet",
            "module.infra.module.private-gke-autopilot-cluster.module.gke.data.google_compute_subnetwork.gke_subnetwork",
            "module.infra.module.private-gke-autopilot-cluster.module.gke.data.google_compute_zones.available",
            "module.infra.module.private-gke-autopilot-cluster.module.gke.data.google_container_engine_versions.region",
            "module.infra.module.private-gke-autopilot-cluster.module.gke.data.google_container_engine_versions.zone",
            "module.infra.module.private-gke-autopilot-cluster.module.gke.google_compute_firewall.intra_egress",
            "module.infra.module.private-gke-autopilot-cluster.module.gke.google_compute_firewall.master_webhooks",
            "module.infra.module.private-gke-autopilot-cluster.module.gke.google_compute_firewall.shadow_allow_inkubelet",
            "module.infra.module.private-gke-autopilot-cluster.module.gke.google_compute_firewall.shadow_allow_master",
            "module.infra.module.private-gke-autopilot-cluster.module.gke.google_compute_firewall.shadow_allow_nodes",
            "module.infra.module.private-gke-autopilot-cluster.module.gke.google_compute_firewall.shadow_allow_pods",
            "module.infra.module.private-gke-autopilot-cluster.module.gke.google_compute_firewall.shadow_deny_exkubelet",
            "module.infra.module.private-gke-autopilot-cluster.module.gke.google_compute_firewall.tpu_egress",
            "module.infra.module.private-gke-autopilot-cluster.module.gke.google_container_cluster.primary",
            "module.infra.module.private-gke-autopilot-cluster.module.gke.google_project_iam_member.cluster_service_account-artifact-registry",
            "module.infra.module.private-gke-autopilot-cluster.module.gke.google_project_iam_member.cluster_service_account-gcr",
            "module.infra.module.private-gke-autopilot-cluster.module.gke.google_project_iam_member.cluster_service_account-metric_writer",
            "module.infra.module.private-gke-autopilot-cluster.module.gke.google_project_iam_member.cluster_service_account-nodeService_account",
            "module.infra.module.private-gke-autopilot-cluster.module.gke.google_project_iam_member.cluster_service_account-resourceMetadata-writer",
            "module.infra.module.private-gke-autopilot-cluster.module.gke.google_project_iam_member.service_agent",
            "module.infra.module.private-gke-autopilot-cluster.module.gke.google_project_service_identity.fleet_project",
            "module.infra.module.private-gke-autopilot-cluster.module.gke.google_service_account.cluster_service_account",
            "module.infra.module.private-gke-autopilot-cluster.module.gke.kubernetes_config_map.ip-masq-agent",
            "module.infra.module.private-gke-autopilot-cluster.module.gke.kubernetes_config_map_v1_data.kube-dns",
            "module.infra.module.private-gke-autopilot-cluster.module.gke.kubernetes_config_map_v1_data.kube-dns-upstream-nameservers-and-stub-domains",
            "module.infra.module.private-gke-autopilot-cluster.module.gke.kubernetes_config_map_v1_data.kube-dns-upstream-namservers",
            "module.infra.module.private-gke-autopilot-cluster.module.gke.random_shuffle.available_zones",
            "module.infra.module.private-gke-autopilot-cluster.module.gke.random_string.cluster_service_account_suffix",
            "module.infra.module.private-gke-standard-cluster.google_gke_hub_membership.gke-fleet",
            "module.infra.module.private-gke-standard-cluster.module.gke.data.google_compute_subnetwork.gke_subnetwork",
            "module.infra.module.private-gke-standard-cluster.module.gke.data.google_compute_zones.available",
            "module.infra.module.private-gke-standard-cluster.module.gke.data.google_container_engine_versions.region",
            "module.infra.module.private-gke-standard-cluster.module.gke.data.google_container_engine_versions.zone",
            "module.infra.module.private-gke-standard-cluster.module.gke.google_compute_firewall.intra_egress",
            "module.infra.module.private-gke-standard-cluster.module.gke.google_compute_firewall.master_webhooks",
            "module.infra.module.private-gke-standard-cluster.module.gke.google_compute_firewall.shadow_allow_inkubelet",
            "module.infra.module.private-gke-standard-cluster.module.gke.google_compute_firewall.shadow_allow_master",
            "module.infra.module.private-gke-standard-cluster.module.gke.google_compute_firewall.shadow_allow_nodes",
            "module.infra.module.private-gke-standard-cluster.module.gke.google_compute_firewall.shadow_allow_pods",
            "module.infra.module.private-gke-standard-cluster.module.gke.google_compute_firewall.shadow_deny_exkubelet",
            "module.infra.module.private-gke-standard-cluster.module.gke.google_compute_firewall.tpu_egress",
            "module.infra.module.private-gke-standard-cluster.module.gke.google_container_cluster.primary",
            "module.infra.module.private-gke-standard-cluster.module.gke.google_container_node_pool.pools",
            "module.infra.module.private-gke-standard-cluster.module.gke.google_container_node_pool.windows_pools",
            "module.infra.module.private-gke-standard-cluster.module.gke.google_project_iam_member.cluster_service_account-artifact-registry",
            "module.infra.module.private-gke-standard-cluster.module.gke.google_project_iam_member.cluster_service_account-gcr",
            "module.infra.module.private-gke-standard-cluster.module.gke.google_project_iam_member.cluster_service_account-metric_writer",
            "module.infra.module.private-gke-standard-cluster.module.gke.google_project_iam_member.cluster_service_account-nodeService_account",
            "module.infra.module.private-gke-standard-cluster.module.gke.google_project_iam_member.cluster_service_account-resourceMetadata-writer",
            "module.infra.module.private-gke-standard-cluster.module.gke.google_service_account.cluster_service_account",
            "module.infra.module.private-gke-standard-cluster.module.gke.kubernetes_config_map.ip-masq-agent",
            "module.infra.module.private-gke-standard-cluster.module.gke.kubernetes_config_map_v1_data.kube-dns",
            "module.infra.module.private-gke-standard-cluster.module.gke.kubernetes_config_map_v1_data.kube-dns-upstream-nameservers-and-stub-domains",
            "module.infra.module.private-gke-standard-cluster.module.gke.kubernetes_config_map_v1_data.kube-dns-upstream-namservers",
            "module.infra.module.private-gke-standard-cluster.module.gke.random_shuffle.available_zones",
            "module.infra.module.private-gke-standard-cluster.module.gke.random_string.cluster_service_account_suffix",
            "module.infra.module.public-gke-autopilot-cluster.module.gke.data.google_compute_subnetwork.gke_subnetwork",
            "module.infra.module.public-gke-autopilot-cluster.module.gke.data.google_compute_zones.available",
            "module.infra.module.public-gke-autopilot-cluster.module.gke.data.google_container_engine_versions.region",
            "module.infra.module.public-gke-autopilot-cluster.module.gke.data.google_container_engine_versions.zone",
            "module.infra.module.public-gke-autopilot-cluster.module.gke.google_compute_firewall.intra_egress",
            "module.infra.module.public-gke-autopilot-cluster.module.gke.google_compute_firewall.master_webhooks",
            "module.infra.module.public-gke-autopilot-cluster.module.gke.google_compute_firewall.shadow_allow_inkubelet",
            "module.infra.module.public-gke-autopilot-cluster.module.gke.google_compute_firewall.shadow_allow_master",
            "module.infra.module.public-gke-autopilot-cluster.module.gke.google_compute_firewall.shadow_allow_nodes",
            "module.infra.module.public-gke-autopilot-cluster.module.gke.google_compute_firewall.shadow_allow_pods",
            "module.infra.module.public-gke-autopilot-cluster.module.gke.google_compute_firewall.shadow_deny_exkubelet",
            "module.infra.module.public-gke-autopilot-cluster.module.gke.google_compute_firewall.tpu_egress",
            "module.infra.module.public-gke-autopilot-cluster.module.gke.google_container_cluster.primary",
            "module.infra.module.public-gke-autopilot-cluster.module.gke.google_project_iam_member.cluster_service_account-artifact-registry",
            "module.infra.module.public-gke-autopilot-cluster.module.gke.google_project_iam_member.cluster_service_account-gcr",
            "module.infra.module.public-gke-autopilot-cluster.module.gke.google_project_iam_member.cluster_service_account-metric_writer",
            "module.infra.module.public-gke-autopilot-cluster.module.gke.google_project_iam_member.cluster_service_account-nodeService_account",
            "module.infra.module.public-gke-autopilot-cluster.module.gke.google_project_iam_member.cluster_service_account-resourceMetadata-writer",
            "module.infra.module.public-gke-autopilot-cluster.module.gke.google_project_iam_member.service_agent",
            "module.infra.module.public-gke-autopilot-cluster.module.gke.google_project_service_identity.fleet_project",
            "module.infra.module.public-gke-autopilot-cluster.module.gke.google_service_account.cluster_service_account",
            "module.infra.module.public-gke-autopilot-cluster.module.gke.kubernetes_config_map.ip-masq-agent",
            "module.infra.module.public-gke-autopilot-cluster.module.gke.kubernetes_config_map_v1_data.kube-dns",
            "module.infra.module.public-gke-autopilot-cluster.module.gke.kubernetes_config_map_v1_data.kube-dns-upstream-nameservers-and-stub-domains",
            "module.infra.module.public-gke-autopilot-cluster.module.gke.kubernetes_config_map_v1_data.kube-dns-upstream-namservers",
            "module.infra.module.public-gke-autopilot-cluster.module.gke.random_shuffle.available_zones",
            "module.infra.module.public-gke-autopilot-cluster.module.gke.random_string.cluster_service_account_suffix",
            "module.infra.module.public-gke-standard-cluster.module.gke.data.google_compute_subnetwork.gke_subnetwork",
            "module.infra.module.public-gke-standard-cluster.module.gke.data.google_compute_zones.available",
            "module.infra.module.public-gke-standard-cluster.module.gke.data.google_container_engine_versions.region",
            "module.infra.module.public-gke-standard-cluster.module.gke.data.google_container_engine_versions.zone",
            "module.infra.module.public-gke-standard-cluster.module.gke.google_compute_firewall.intra_egress",
            "module.infra.module.public-gke-standard-cluster.module.gke.google_compute_firewall.master_webhooks",
            "module.infra.module.public-gke-standard-cluster.module.gke.google_compute_firewall.shadow_allow_inkubelet",
            "module.infra.module.public-gke-standard-cluster.module.gke.google_compute_firewall.shadow_allow_master",
            "module.infra.module.public-gke-standard-cluster.module.gke.google_compute_firewall.shadow_allow_nodes",
            "module.infra.module.public-gke-standard-cluster.module.gke.google_compute_firewall.shadow_allow_pods",
            "module.infra.module.public-gke-standard-cluster.module.gke.google_compute_firewall.shadow_deny_exkubelet",
            "module.infra.module.public-gke-standard-cluster.module.gke.google_compute_firewall.tpu_egress",
            "module.infra.module.public-gke-standard-cluster.module.gke.google_container_cluster.primary",
            "module.infra.module.public-gke-standard-cluster.module.gke.google_container_node_pool.pools",
            "module.infra.module.public-gke-standard-cluster.module.gke.google_container_node_pool.windows_pools",
            "module.infra.module.public-gke-standard-cluster.module.gke.google_project_iam_member.cluster_service_account-artifact-registry",
            "module.infra.module.public-gke-standard-cluster.module.gke.google_project_iam_member.cluster_service_account-gcr",
            "module.infra.module.public-gke-standard-cluster.module.gke.google_project_iam_member.cluster_service_account-metric_writer",
            "module.infra.module.public-gke-standard-cluster.module.gke.google_project_iam_member.cluster_service_account-nodeService_account",
            "module.infra.module.public-gke-standard-cluster.module.gke.google_project_iam_member.cluster_service_account-resourceMetadata-writer",
            "module.infra.module.public-gke-standard-cluster.module.gke.google_service_account.cluster_service_account",
            "module.infra.module.public-gke-standard-cluster.module.gke.kubernetes_config_map.ip-masq-agent",
            "module.infra.module.public-gke-standard-cluster.module.gke.kubernetes_config_map_v1_data.kube-dns",
            "module.infra.module.public-gke-standard-cluster.module.gke.kubernetes_config_map_v1_data.kube-dns-upstream-nameservers-and-stub-domains",
            "module.infra.module.public-gke-standard-cluster.module.gke.kubernetes_config_map_v1_data.kube-dns-upstream-namservers",
            "module.infra.module.public-gke-standard-cluster.module.gke.random_shuffle.available_zones",
            "module.infra.module.public-gke-standard-cluster.module.gke.random_string.cluster_service_account_suffix",
            "module.namespace.helm_release.app-namespace",
            "module.project-services.data.google_compute_default_service_account.default",
            "module.project-services.google_project_iam_member.project_service_identity_roles",
            "module.project-services.google_project_service.project_services",
            "module.project-services.google_project_service_identity.project_service_identities"
          ]
        }
      ]
    },
    {
      "module": "module.frontend",
      "mode": "managed",
      "type": "kubernetes_service",
      "name": "rag_frontend_service",
      "provider": "provider[\"registry.terraform.io/hashicorp/kubernetes\"].rag",
      "instances": [
        {
          "schema_version": 1,
          "attributes": {
            "id": "ai-on-gke/rag-frontend",
            "metadata": [
              {
                "annotations": {
                  "cloud.google.com/neg": "{\"ingress\":true}"
                },
                "generate_name": "",
                "generation": 0,
                "labels": {},
                "name": "rag-frontend",
                "namespace": "ai-on-gke",
                "resource_version": "4968",
                "uid": "7cbd44ad-aa16-476d-98c6-5a0e81c5460d"
              }
            ],
            "spec": [
              {
                "allocate_load_balancer_node_ports": true,
                "cluster_ip": "34.118.226.75",
                "cluster_ips": [
                  "34.118.226.75"
                ],
                "external_ips": [],
                "external_name": "",
                "external_traffic_policy": "",
                "health_check_node_port": 0,
                "internal_traffic_policy": "Cluster",
                "ip_families": [
                  "IPv4"
                ],
                "ip_family_policy": "SingleStack",
                "load_balancer_class": "",
                "load_balancer_ip": "",
                "load_balancer_source_ranges": [],
                "port": [
                  {
                    "app_protocol": "",
                    "name": "",
                    "node_port": 0,
                    "port": 8080,
                    "protocol": "TCP",
                    "target_port": "8080"
                  }
                ],
                "publish_not_ready_addresses": false,
                "selector": {
                  "app": "rag-frontend"
                },
                "session_affinity": "ClientIP",
                "session_affinity_config": [
                  {
                    "client_ip": [
                      {
                        "timeout_seconds": 10800
                      }
                    ]
                  }
                ],
                "type": "ClusterIP"
              }
            ],
            "status": [
              {
                "load_balancer": [
                  {
                    "ingress": []
                  }
                ]
              }
            ],
            "timeouts": null,
            "wait_for_load_balancer": true
          },
          "sensitive_attributes": [],
          "private": "eyJlMmJmYjczMC1lY2FhLTExZTYtOGY4OC0zNDM2M2JjN2M0YzAiOnsiY3JlYXRlIjo2MDAwMDAwMDAwMDB9LCJzY2hlbWFfdmVyc2lvbiI6IjEifQ==",
          "dependencies": [
            "data.google_client_config.default",
            "data.google_container_cluster.default",
            "data.google_project.project",
            "module.infra.data.google_compute_subnetwork.subnetwork",
            "module.infra.module.custom-network.google_compute_global_address.google-managed-services-range",
            "module.infra.module.custom-network.google_compute_network.network",
            "module.infra.module.custom-network.google_compute_subnetwork.subnetwork",
            "module.infra.module.custom-network.google_service_networking_connection.private_service_access",
            "module.infra.module.private-gke-autopilot-cluster.google_gke_hub_membership.gke-fleet",
            "module.infra.module.private-gke-autopilot-cluster.module.gke.data.google_compute_subnetwork.gke_subnetwork",
            "module.infra.module.private-gke-autopilot-cluster.module.gke.data.google_compute_zones.available",
            "module.infra.module.private-gke-autopilot-cluster.module.gke.data.google_container_engine_versions.region",
            "module.infra.module.private-gke-autopilot-cluster.module.gke.data.google_container_engine_versions.zone",
            "module.infra.module.private-gke-autopilot-cluster.module.gke.google_compute_firewall.intra_egress",
            "module.infra.module.private-gke-autopilot-cluster.module.gke.google_compute_firewall.master_webhooks",
            "module.infra.module.private-gke-autopilot-cluster.module.gke.google_compute_firewall.shadow_allow_inkubelet",
            "module.infra.module.private-gke-autopilot-cluster.module.gke.google_compute_firewall.shadow_allow_master",
            "module.infra.module.private-gke-autopilot-cluster.module.gke.google_compute_firewall.shadow_allow_nodes",
            "module.infra.module.private-gke-autopilot-cluster.module.gke.google_compute_firewall.shadow_allow_pods",
            "module.infra.module.private-gke-autopilot-cluster.module.gke.google_compute_firewall.shadow_deny_exkubelet",
            "module.infra.module.private-gke-autopilot-cluster.module.gke.google_compute_firewall.tpu_egress",
            "module.infra.module.private-gke-autopilot-cluster.module.gke.google_container_cluster.primary",
            "module.infra.module.private-gke-autopilot-cluster.module.gke.google_project_iam_member.cluster_service_account-artifact-registry",
            "module.infra.module.private-gke-autopilot-cluster.module.gke.google_project_iam_member.cluster_service_account-gcr",
            "module.infra.module.private-gke-autopilot-cluster.module.gke.google_project_iam_member.cluster_service_account-metric_writer",
            "module.infra.module.private-gke-autopilot-cluster.module.gke.google_project_iam_member.cluster_service_account-nodeService_account",
            "module.infra.module.private-gke-autopilot-cluster.module.gke.google_project_iam_member.cluster_service_account-resourceMetadata-writer",
            "module.infra.module.private-gke-autopilot-cluster.module.gke.google_project_iam_member.service_agent",
            "module.infra.module.private-gke-autopilot-cluster.module.gke.google_project_service_identity.fleet_project",
            "module.infra.module.private-gke-autopilot-cluster.module.gke.google_service_account.cluster_service_account",
            "module.infra.module.private-gke-autopilot-cluster.module.gke.kubernetes_config_map.ip-masq-agent",
            "module.infra.module.private-gke-autopilot-cluster.module.gke.kubernetes_config_map_v1_data.kube-dns",
            "module.infra.module.private-gke-autopilot-cluster.module.gke.kubernetes_config_map_v1_data.kube-dns-upstream-nameservers-and-stub-domains",
            "module.infra.module.private-gke-autopilot-cluster.module.gke.kubernetes_config_map_v1_data.kube-dns-upstream-namservers",
            "module.infra.module.private-gke-autopilot-cluster.module.gke.random_shuffle.available_zones",
            "module.infra.module.private-gke-autopilot-cluster.module.gke.random_string.cluster_service_account_suffix",
            "module.infra.module.private-gke-standard-cluster.google_gke_hub_membership.gke-fleet",
            "module.infra.module.private-gke-standard-cluster.module.gke.data.google_compute_subnetwork.gke_subnetwork",
            "module.infra.module.private-gke-standard-cluster.module.gke.data.google_compute_zones.available",
            "module.infra.module.private-gke-standard-cluster.module.gke.data.google_container_engine_versions.region",
            "module.infra.module.private-gke-standard-cluster.module.gke.data.google_container_engine_versions.zone",
            "module.infra.module.private-gke-standard-cluster.module.gke.google_compute_firewall.intra_egress",
            "module.infra.module.private-gke-standard-cluster.module.gke.google_compute_firewall.master_webhooks",
            "module.infra.module.private-gke-standard-cluster.module.gke.google_compute_firewall.shadow_allow_inkubelet",
            "module.infra.module.private-gke-standard-cluster.module.gke.google_compute_firewall.shadow_allow_master",
            "module.infra.module.private-gke-standard-cluster.module.gke.google_compute_firewall.shadow_allow_nodes",
            "module.infra.module.private-gke-standard-cluster.module.gke.google_compute_firewall.shadow_allow_pods",
            "module.infra.module.private-gke-standard-cluster.module.gke.google_compute_firewall.shadow_deny_exkubelet",
            "module.infra.module.private-gke-standard-cluster.module.gke.google_compute_firewall.tpu_egress",
            "module.infra.module.private-gke-standard-cluster.module.gke.google_container_cluster.primary",
            "module.infra.module.private-gke-standard-cluster.module.gke.google_container_node_pool.pools",
            "module.infra.module.private-gke-standard-cluster.module.gke.google_container_node_pool.windows_pools",
            "module.infra.module.private-gke-standard-cluster.module.gke.google_project_iam_member.cluster_service_account-artifact-registry",
            "module.infra.module.private-gke-standard-cluster.module.gke.google_project_iam_member.cluster_service_account-gcr",
            "module.infra.module.private-gke-standard-cluster.module.gke.google_project_iam_member.cluster_service_account-metric_writer",
            "module.infra.module.private-gke-standard-cluster.module.gke.google_project_iam_member.cluster_service_account-nodeService_account",
            "module.infra.module.private-gke-standard-cluster.module.gke.google_project_iam_member.cluster_service_account-resourceMetadata-writer",
            "module.infra.module.private-gke-standard-cluster.module.gke.google_service_account.cluster_service_account",
            "module.infra.module.private-gke-standard-cluster.module.gke.kubernetes_config_map.ip-masq-agent",
            "module.infra.module.private-gke-standard-cluster.module.gke.kubernetes_config_map_v1_data.kube-dns",
            "module.infra.module.private-gke-standard-cluster.module.gke.kubernetes_config_map_v1_data.kube-dns-upstream-nameservers-and-stub-domains",
            "module.infra.module.private-gke-standard-cluster.module.gke.kubernetes_config_map_v1_data.kube-dns-upstream-namservers",
            "module.infra.module.private-gke-standard-cluster.module.gke.random_shuffle.available_zones",
            "module.infra.module.private-gke-standard-cluster.module.gke.random_string.cluster_service_account_suffix",
            "module.infra.module.public-gke-autopilot-cluster.module.gke.data.google_compute_subnetwork.gke_subnetwork",
            "module.infra.module.public-gke-autopilot-cluster.module.gke.data.google_compute_zones.available",
            "module.infra.module.public-gke-autopilot-cluster.module.gke.data.google_container_engine_versions.region",
            "module.infra.module.public-gke-autopilot-cluster.module.gke.data.google_container_engine_versions.zone",
            "module.infra.module.public-gke-autopilot-cluster.module.gke.google_compute_firewall.intra_egress",
            "module.infra.module.public-gke-autopilot-cluster.module.gke.google_compute_firewall.master_webhooks",
            "module.infra.module.public-gke-autopilot-cluster.module.gke.google_compute_firewall.shadow_allow_inkubelet",
            "module.infra.module.public-gke-autopilot-cluster.module.gke.google_compute_firewall.shadow_allow_master",
            "module.infra.module.public-gke-autopilot-cluster.module.gke.google_compute_firewall.shadow_allow_nodes",
            "module.infra.module.public-gke-autopilot-cluster.module.gke.google_compute_firewall.shadow_allow_pods",
            "module.infra.module.public-gke-autopilot-cluster.module.gke.google_compute_firewall.shadow_deny_exkubelet",
            "module.infra.module.public-gke-autopilot-cluster.module.gke.google_compute_firewall.tpu_egress",
            "module.infra.module.public-gke-autopilot-cluster.module.gke.google_container_cluster.primary",
            "module.infra.module.public-gke-autopilot-cluster.module.gke.google_project_iam_member.cluster_service_account-artifact-registry",
            "module.infra.module.public-gke-autopilot-cluster.module.gke.google_project_iam_member.cluster_service_account-gcr",
            "module.infra.module.public-gke-autopilot-cluster.module.gke.google_project_iam_member.cluster_service_account-metric_writer",
            "module.infra.module.public-gke-autopilot-cluster.module.gke.google_project_iam_member.cluster_service_account-nodeService_account",
            "module.infra.module.public-gke-autopilot-cluster.module.gke.google_project_iam_member.cluster_service_account-resourceMetadata-writer",
            "module.infra.module.public-gke-autopilot-cluster.module.gke.google_project_iam_member.service_agent",
            "module.infra.module.public-gke-autopilot-cluster.module.gke.google_project_service_identity.fleet_project",
            "module.infra.module.public-gke-autopilot-cluster.module.gke.google_service_account.cluster_service_account",
            "module.infra.module.public-gke-autopilot-cluster.module.gke.kubernetes_config_map.ip-masq-agent",
            "module.infra.module.public-gke-autopilot-cluster.module.gke.kubernetes_config_map_v1_data.kube-dns",
            "module.infra.module.public-gke-autopilot-cluster.module.gke.kubernetes_config_map_v1_data.kube-dns-upstream-nameservers-and-stub-domains",
            "module.infra.module.public-gke-autopilot-cluster.module.gke.kubernetes_config_map_v1_data.kube-dns-upstream-namservers",
            "module.infra.module.public-gke-autopilot-cluster.module.gke.random_shuffle.available_zones",
            "module.infra.module.public-gke-autopilot-cluster.module.gke.random_string.cluster_service_account_suffix",
            "module.infra.module.public-gke-standard-cluster.module.gke.data.google_compute_subnetwork.gke_subnetwork",
            "module.infra.module.public-gke-standard-cluster.module.gke.data.google_compute_zones.available",
            "module.infra.module.public-gke-standard-cluster.module.gke.data.google_container_engine_versions.region",
            "module.infra.module.public-gke-standard-cluster.module.gke.data.google_container_engine_versions.zone",
            "module.infra.module.public-gke-standard-cluster.module.gke.google_compute_firewall.intra_egress",
            "module.infra.module.public-gke-standard-cluster.module.gke.google_compute_firewall.master_webhooks",
            "module.infra.module.public-gke-standard-cluster.module.gke.google_compute_firewall.shadow_allow_inkubelet",
            "module.infra.module.public-gke-standard-cluster.module.gke.google_compute_firewall.shadow_allow_master",
            "module.infra.module.public-gke-standard-cluster.module.gke.google_compute_firewall.shadow_allow_nodes",
            "module.infra.module.public-gke-standard-cluster.module.gke.google_compute_firewall.shadow_allow_pods",
            "module.infra.module.public-gke-standard-cluster.module.gke.google_compute_firewall.shadow_deny_exkubelet",
            "module.infra.module.public-gke-standard-cluster.module.gke.google_compute_firewall.tpu_egress",
            "module.infra.module.public-gke-standard-cluster.module.gke.google_container_cluster.primary",
            "module.infra.module.public-gke-standard-cluster.module.gke.google_container_node_pool.pools",
            "module.infra.module.public-gke-standard-cluster.module.gke.google_container_node_pool.windows_pools",
            "module.infra.module.public-gke-standard-cluster.module.gke.google_project_iam_member.cluster_service_account-artifact-registry",
            "module.infra.module.public-gke-standard-cluster.module.gke.google_project_iam_member.cluster_service_account-gcr",
            "module.infra.module.public-gke-standard-cluster.module.gke.google_project_iam_member.cluster_service_account-metric_writer",
            "module.infra.module.public-gke-standard-cluster.module.gke.google_project_iam_member.cluster_service_account-nodeService_account",
            "module.infra.module.public-gke-standard-cluster.module.gke.google_project_iam_member.cluster_service_account-resourceMetadata-writer",
            "module.infra.module.public-gke-standard-cluster.module.gke.google_service_account.cluster_service_account",
            "module.infra.module.public-gke-standard-cluster.module.gke.kubernetes_config_map.ip-masq-agent",
            "module.infra.module.public-gke-standard-cluster.module.gke.kubernetes_config_map_v1_data.kube-dns",
            "module.infra.module.public-gke-standard-cluster.module.gke.kubernetes_config_map_v1_data.kube-dns-upstream-nameservers-and-stub-domains",
            "module.infra.module.public-gke-standard-cluster.module.gke.kubernetes_config_map_v1_data.kube-dns-upstream-namservers",
            "module.infra.module.public-gke-standard-cluster.module.gke.random_shuffle.available_zones",
            "module.infra.module.public-gke-standard-cluster.module.gke.random_string.cluster_service_account_suffix",
            "module.namespace.helm_release.app-namespace",
            "module.project-services.data.google_compute_default_service_account.default",
            "module.project-services.google_project_iam_member.project_service_identity_roles",
            "module.project-services.google_project_service.project_services",
            "module.project-services.google_project_service_identity.project_service_identities"
          ]
        }
      ]
    },
    {
      "module": "module.frontend.module.frontend-workload-identity",
      "mode": "managed",
      "type": "google_project_iam_member",
      "name": "workload_identity_sa_bindings",
      "provider": "provider[\"registry.terraform.io/hashicorp/google\"]",
      "instances": [
        {
          "index_key": "roles/cloudsql.client",
          "schema_version": 0,
          "attributes": {
            "condition": [],
            "etag": "BwYgOJIkq4Q=",
            "id": "genlu-gke-dev/roles/cloudsql.client/serviceAccount:rag-sa@genlu-gke-dev.iam.gserviceaccount.com",
            "member": "serviceAccount:rag-sa@genlu-gke-dev.iam.gserviceaccount.com",
            "project": "genlu-gke-dev",
            "role": "roles/cloudsql.client"
          },
          "sensitive_attributes": [],
          "private": "bnVsbA==",
          "dependencies": [
            "data.google_client_config.default",
            "data.google_container_cluster.default",
            "data.google_project.project",
            "module.frontend.module.frontend-workload-identity.data.google_service_account.cluster_service_account",
            "module.frontend.module.frontend-workload-identity.google_service_account.cluster_service_account",
            "module.infra.data.google_compute_subnetwork.subnetwork",
            "module.infra.module.custom-network.google_compute_global_address.google-managed-services-range",
            "module.infra.module.custom-network.google_compute_network.network",
            "module.infra.module.custom-network.google_compute_subnetwork.subnetwork",
            "module.infra.module.custom-network.google_service_networking_connection.private_service_access",
            "module.infra.module.private-gke-autopilot-cluster.google_gke_hub_membership.gke-fleet",
            "module.infra.module.private-gke-autopilot-cluster.module.gke.data.google_compute_subnetwork.gke_subnetwork",
            "module.infra.module.private-gke-autopilot-cluster.module.gke.data.google_compute_zones.available",
            "module.infra.module.private-gke-autopilot-cluster.module.gke.data.google_container_engine_versions.region",
            "module.infra.module.private-gke-autopilot-cluster.module.gke.data.google_container_engine_versions.zone",
            "module.infra.module.private-gke-autopilot-cluster.module.gke.google_compute_firewall.intra_egress",
            "module.infra.module.private-gke-autopilot-cluster.module.gke.google_compute_firewall.master_webhooks",
            "module.infra.module.private-gke-autopilot-cluster.module.gke.google_compute_firewall.shadow_allow_inkubelet",
            "module.infra.module.private-gke-autopilot-cluster.module.gke.google_compute_firewall.shadow_allow_master",
            "module.infra.module.private-gke-autopilot-cluster.module.gke.google_compute_firewall.shadow_allow_nodes",
            "module.infra.module.private-gke-autopilot-cluster.module.gke.google_compute_firewall.shadow_allow_pods",
            "module.infra.module.private-gke-autopilot-cluster.module.gke.google_compute_firewall.shadow_deny_exkubelet",
            "module.infra.module.private-gke-autopilot-cluster.module.gke.google_compute_firewall.tpu_egress",
            "module.infra.module.private-gke-autopilot-cluster.module.gke.google_container_cluster.primary",
            "module.infra.module.private-gke-autopilot-cluster.module.gke.google_project_iam_member.cluster_service_account-artifact-registry",
            "module.infra.module.private-gke-autopilot-cluster.module.gke.google_project_iam_member.cluster_service_account-gcr",
            "module.infra.module.private-gke-autopilot-cluster.module.gke.google_project_iam_member.cluster_service_account-metric_writer",
            "module.infra.module.private-gke-autopilot-cluster.module.gke.google_project_iam_member.cluster_service_account-nodeService_account",
            "module.infra.module.private-gke-autopilot-cluster.module.gke.google_project_iam_member.cluster_service_account-resourceMetadata-writer",
            "module.infra.module.private-gke-autopilot-cluster.module.gke.google_project_iam_member.service_agent",
            "module.infra.module.private-gke-autopilot-cluster.module.gke.google_project_service_identity.fleet_project",
            "module.infra.module.private-gke-autopilot-cluster.module.gke.google_service_account.cluster_service_account",
            "module.infra.module.private-gke-autopilot-cluster.module.gke.kubernetes_config_map.ip-masq-agent",
            "module.infra.module.private-gke-autopilot-cluster.module.gke.kubernetes_config_map_v1_data.kube-dns",
            "module.infra.module.private-gke-autopilot-cluster.module.gke.kubernetes_config_map_v1_data.kube-dns-upstream-nameservers-and-stub-domains",
            "module.infra.module.private-gke-autopilot-cluster.module.gke.kubernetes_config_map_v1_data.kube-dns-upstream-namservers",
            "module.infra.module.private-gke-autopilot-cluster.module.gke.random_shuffle.available_zones",
            "module.infra.module.private-gke-autopilot-cluster.module.gke.random_string.cluster_service_account_suffix",
            "module.infra.module.private-gke-standard-cluster.google_gke_hub_membership.gke-fleet",
            "module.infra.module.private-gke-standard-cluster.module.gke.data.google_compute_subnetwork.gke_subnetwork",
            "module.infra.module.private-gke-standard-cluster.module.gke.data.google_compute_zones.available",
            "module.infra.module.private-gke-standard-cluster.module.gke.data.google_container_engine_versions.region",
            "module.infra.module.private-gke-standard-cluster.module.gke.data.google_container_engine_versions.zone",
            "module.infra.module.private-gke-standard-cluster.module.gke.google_compute_firewall.intra_egress",
            "module.infra.module.private-gke-standard-cluster.module.gke.google_compute_firewall.master_webhooks",
            "module.infra.module.private-gke-standard-cluster.module.gke.google_compute_firewall.shadow_allow_inkubelet",
            "module.infra.module.private-gke-standard-cluster.module.gke.google_compute_firewall.shadow_allow_master",
            "module.infra.module.private-gke-standard-cluster.module.gke.google_compute_firewall.shadow_allow_nodes",
            "module.infra.module.private-gke-standard-cluster.module.gke.google_compute_firewall.shadow_allow_pods",
            "module.infra.module.private-gke-standard-cluster.module.gke.google_compute_firewall.shadow_deny_exkubelet",
            "module.infra.module.private-gke-standard-cluster.module.gke.google_compute_firewall.tpu_egress",
            "module.infra.module.private-gke-standard-cluster.module.gke.google_container_cluster.primary",
            "module.infra.module.private-gke-standard-cluster.module.gke.google_container_node_pool.pools",
            "module.infra.module.private-gke-standard-cluster.module.gke.google_container_node_pool.windows_pools",
            "module.infra.module.private-gke-standard-cluster.module.gke.google_project_iam_member.cluster_service_account-artifact-registry",
            "module.infra.module.private-gke-standard-cluster.module.gke.google_project_iam_member.cluster_service_account-gcr",
            "module.infra.module.private-gke-standard-cluster.module.gke.google_project_iam_member.cluster_service_account-metric_writer",
            "module.infra.module.private-gke-standard-cluster.module.gke.google_project_iam_member.cluster_service_account-nodeService_account",
            "module.infra.module.private-gke-standard-cluster.module.gke.google_project_iam_member.cluster_service_account-resourceMetadata-writer",
            "module.infra.module.private-gke-standard-cluster.module.gke.google_service_account.cluster_service_account",
            "module.infra.module.private-gke-standard-cluster.module.gke.kubernetes_config_map.ip-masq-agent",
            "module.infra.module.private-gke-standard-cluster.module.gke.kubernetes_config_map_v1_data.kube-dns",
            "module.infra.module.private-gke-standard-cluster.module.gke.kubernetes_config_map_v1_data.kube-dns-upstream-nameservers-and-stub-domains",
            "module.infra.module.private-gke-standard-cluster.module.gke.kubernetes_config_map_v1_data.kube-dns-upstream-namservers",
            "module.infra.module.private-gke-standard-cluster.module.gke.random_shuffle.available_zones",
            "module.infra.module.private-gke-standard-cluster.module.gke.random_string.cluster_service_account_suffix",
            "module.infra.module.public-gke-autopilot-cluster.module.gke.data.google_compute_subnetwork.gke_subnetwork",
            "module.infra.module.public-gke-autopilot-cluster.module.gke.data.google_compute_zones.available",
            "module.infra.module.public-gke-autopilot-cluster.module.gke.data.google_container_engine_versions.region",
            "module.infra.module.public-gke-autopilot-cluster.module.gke.data.google_container_engine_versions.zone",
            "module.infra.module.public-gke-autopilot-cluster.module.gke.google_compute_firewall.intra_egress",
            "module.infra.module.public-gke-autopilot-cluster.module.gke.google_compute_firewall.master_webhooks",
            "module.infra.module.public-gke-autopilot-cluster.module.gke.google_compute_firewall.shadow_allow_inkubelet",
            "module.infra.module.public-gke-autopilot-cluster.module.gke.google_compute_firewall.shadow_allow_master",
            "module.infra.module.public-gke-autopilot-cluster.module.gke.google_compute_firewall.shadow_allow_nodes",
            "module.infra.module.public-gke-autopilot-cluster.module.gke.google_compute_firewall.shadow_allow_pods",
            "module.infra.module.public-gke-autopilot-cluster.module.gke.google_compute_firewall.shadow_deny_exkubelet",
            "module.infra.module.public-gke-autopilot-cluster.module.gke.google_compute_firewall.tpu_egress",
            "module.infra.module.public-gke-autopilot-cluster.module.gke.google_container_cluster.primary",
            "module.infra.module.public-gke-autopilot-cluster.module.gke.google_project_iam_member.cluster_service_account-artifact-registry",
            "module.infra.module.public-gke-autopilot-cluster.module.gke.google_project_iam_member.cluster_service_account-gcr",
            "module.infra.module.public-gke-autopilot-cluster.module.gke.google_project_iam_member.cluster_service_account-metric_writer",
            "module.infra.module.public-gke-autopilot-cluster.module.gke.google_project_iam_member.cluster_service_account-nodeService_account",
            "module.infra.module.public-gke-autopilot-cluster.module.gke.google_project_iam_member.cluster_service_account-resourceMetadata-writer",
            "module.infra.module.public-gke-autopilot-cluster.module.gke.google_project_iam_member.service_agent",
            "module.infra.module.public-gke-autopilot-cluster.module.gke.google_project_service_identity.fleet_project",
            "module.infra.module.public-gke-autopilot-cluster.module.gke.google_service_account.cluster_service_account",
            "module.infra.module.public-gke-autopilot-cluster.module.gke.kubernetes_config_map.ip-masq-agent",
            "module.infra.module.public-gke-autopilot-cluster.module.gke.kubernetes_config_map_v1_data.kube-dns",
            "module.infra.module.public-gke-autopilot-cluster.module.gke.kubernetes_config_map_v1_data.kube-dns-upstream-nameservers-and-stub-domains",
            "module.infra.module.public-gke-autopilot-cluster.module.gke.kubernetes_config_map_v1_data.kube-dns-upstream-namservers",
            "module.infra.module.public-gke-autopilot-cluster.module.gke.random_shuffle.available_zones",
            "module.infra.module.public-gke-autopilot-cluster.module.gke.random_string.cluster_service_account_suffix",
            "module.infra.module.public-gke-standard-cluster.module.gke.data.google_compute_subnetwork.gke_subnetwork",
            "module.infra.module.public-gke-standard-cluster.module.gke.data.google_compute_zones.available",
            "module.infra.module.public-gke-standard-cluster.module.gke.data.google_container_engine_versions.region",
            "module.infra.module.public-gke-standard-cluster.module.gke.data.google_container_engine_versions.zone",
            "module.infra.module.public-gke-standard-cluster.module.gke.google_compute_firewall.intra_egress",
            "module.infra.module.public-gke-standard-cluster.module.gke.google_compute_firewall.master_webhooks",
            "module.infra.module.public-gke-standard-cluster.module.gke.google_compute_firewall.shadow_allow_inkubelet",
            "module.infra.module.public-gke-standard-cluster.module.gke.google_compute_firewall.shadow_allow_master",
            "module.infra.module.public-gke-standard-cluster.module.gke.google_compute_firewall.shadow_allow_nodes",
            "module.infra.module.public-gke-standard-cluster.module.gke.google_compute_firewall.shadow_allow_pods",
            "module.infra.module.public-gke-standard-cluster.module.gke.google_compute_firewall.shadow_deny_exkubelet",
            "module.infra.module.public-gke-standard-cluster.module.gke.google_compute_firewall.tpu_egress",
            "module.infra.module.public-gke-standard-cluster.module.gke.google_container_cluster.primary",
            "module.infra.module.public-gke-standard-cluster.module.gke.google_container_node_pool.pools",
            "module.infra.module.public-gke-standard-cluster.module.gke.google_container_node_pool.windows_pools",
            "module.infra.module.public-gke-standard-cluster.module.gke.google_project_iam_member.cluster_service_account-artifact-registry",
            "module.infra.module.public-gke-standard-cluster.module.gke.google_project_iam_member.cluster_service_account-gcr",
            "module.infra.module.public-gke-standard-cluster.module.gke.google_project_iam_member.cluster_service_account-metric_writer",
            "module.infra.module.public-gke-standard-cluster.module.gke.google_project_iam_member.cluster_service_account-nodeService_account",
            "module.infra.module.public-gke-standard-cluster.module.gke.google_project_iam_member.cluster_service_account-resourceMetadata-writer",
            "module.infra.module.public-gke-standard-cluster.module.gke.google_service_account.cluster_service_account",
            "module.infra.module.public-gke-standard-cluster.module.gke.kubernetes_config_map.ip-masq-agent",
            "module.infra.module.public-gke-standard-cluster.module.gke.kubernetes_config_map_v1_data.kube-dns",
            "module.infra.module.public-gke-standard-cluster.module.gke.kubernetes_config_map_v1_data.kube-dns-upstream-nameservers-and-stub-domains",
            "module.infra.module.public-gke-standard-cluster.module.gke.kubernetes_config_map_v1_data.kube-dns-upstream-namservers",
            "module.infra.module.public-gke-standard-cluster.module.gke.random_shuffle.available_zones",
            "module.infra.module.public-gke-standard-cluster.module.gke.random_string.cluster_service_account_suffix",
            "module.namespace.helm_release.app-namespace",
            "module.project-services.data.google_compute_default_service_account.default",
            "module.project-services.google_project_iam_member.project_service_identity_roles",
            "module.project-services.google_project_service.project_services",
            "module.project-services.google_project_service_identity.project_service_identities"
          ]
        },
        {
          "index_key": "roles/dlp.admin",
          "schema_version": 0,
          "attributes": {
            "condition": [],
            "etag": "BwYgOJIkq4Q=",
            "id": "genlu-gke-dev/roles/dlp.admin/serviceAccount:rag-sa@genlu-gke-dev.iam.gserviceaccount.com",
            "member": "serviceAccount:rag-sa@genlu-gke-dev.iam.gserviceaccount.com",
            "project": "genlu-gke-dev",
            "role": "roles/dlp.admin"
          },
          "sensitive_attributes": [],
          "private": "bnVsbA==",
          "dependencies": [
            "data.google_client_config.default",
            "data.google_container_cluster.default",
            "data.google_project.project",
            "module.frontend.module.frontend-workload-identity.data.google_service_account.cluster_service_account",
            "module.frontend.module.frontend-workload-identity.google_service_account.cluster_service_account",
            "module.infra.data.google_compute_subnetwork.subnetwork",
            "module.infra.module.custom-network.google_compute_global_address.google-managed-services-range",
            "module.infra.module.custom-network.google_compute_network.network",
            "module.infra.module.custom-network.google_compute_subnetwork.subnetwork",
            "module.infra.module.custom-network.google_service_networking_connection.private_service_access",
            "module.infra.module.private-gke-autopilot-cluster.google_gke_hub_membership.gke-fleet",
            "module.infra.module.private-gke-autopilot-cluster.module.gke.data.google_compute_subnetwork.gke_subnetwork",
            "module.infra.module.private-gke-autopilot-cluster.module.gke.data.google_compute_zones.available",
            "module.infra.module.private-gke-autopilot-cluster.module.gke.data.google_container_engine_versions.region",
            "module.infra.module.private-gke-autopilot-cluster.module.gke.data.google_container_engine_versions.zone",
            "module.infra.module.private-gke-autopilot-cluster.module.gke.google_compute_firewall.intra_egress",
            "module.infra.module.private-gke-autopilot-cluster.module.gke.google_compute_firewall.master_webhooks",
            "module.infra.module.private-gke-autopilot-cluster.module.gke.google_compute_firewall.shadow_allow_inkubelet",
            "module.infra.module.private-gke-autopilot-cluster.module.gke.google_compute_firewall.shadow_allow_master",
            "module.infra.module.private-gke-autopilot-cluster.module.gke.google_compute_firewall.shadow_allow_nodes",
            "module.infra.module.private-gke-autopilot-cluster.module.gke.google_compute_firewall.shadow_allow_pods",
            "module.infra.module.private-gke-autopilot-cluster.module.gke.google_compute_firewall.shadow_deny_exkubelet",
            "module.infra.module.private-gke-autopilot-cluster.module.gke.google_compute_firewall.tpu_egress",
            "module.infra.module.private-gke-autopilot-cluster.module.gke.google_container_cluster.primary",
            "module.infra.module.private-gke-autopilot-cluster.module.gke.google_project_iam_member.cluster_service_account-artifact-registry",
            "module.infra.module.private-gke-autopilot-cluster.module.gke.google_project_iam_member.cluster_service_account-gcr",
            "module.infra.module.private-gke-autopilot-cluster.module.gke.google_project_iam_member.cluster_service_account-metric_writer",
            "module.infra.module.private-gke-autopilot-cluster.module.gke.google_project_iam_member.cluster_service_account-nodeService_account",
            "module.infra.module.private-gke-autopilot-cluster.module.gke.google_project_iam_member.cluster_service_account-resourceMetadata-writer",
            "module.infra.module.private-gke-autopilot-cluster.module.gke.google_project_iam_member.service_agent",
            "module.infra.module.private-gke-autopilot-cluster.module.gke.google_project_service_identity.fleet_project",
            "module.infra.module.private-gke-autopilot-cluster.module.gke.google_service_account.cluster_service_account",
            "module.infra.module.private-gke-autopilot-cluster.module.gke.kubernetes_config_map.ip-masq-agent",
            "module.infra.module.private-gke-autopilot-cluster.module.gke.kubernetes_config_map_v1_data.kube-dns",
            "module.infra.module.private-gke-autopilot-cluster.module.gke.kubernetes_config_map_v1_data.kube-dns-upstream-nameservers-and-stub-domains",
            "module.infra.module.private-gke-autopilot-cluster.module.gke.kubernetes_config_map_v1_data.kube-dns-upstream-namservers",
            "module.infra.module.private-gke-autopilot-cluster.module.gke.random_shuffle.available_zones",
            "module.infra.module.private-gke-autopilot-cluster.module.gke.random_string.cluster_service_account_suffix",
            "module.infra.module.private-gke-standard-cluster.google_gke_hub_membership.gke-fleet",
            "module.infra.module.private-gke-standard-cluster.module.gke.data.google_compute_subnetwork.gke_subnetwork",
            "module.infra.module.private-gke-standard-cluster.module.gke.data.google_compute_zones.available",
            "module.infra.module.private-gke-standard-cluster.module.gke.data.google_container_engine_versions.region",
            "module.infra.module.private-gke-standard-cluster.module.gke.data.google_container_engine_versions.zone",
            "module.infra.module.private-gke-standard-cluster.module.gke.google_compute_firewall.intra_egress",
            "module.infra.module.private-gke-standard-cluster.module.gke.google_compute_firewall.master_webhooks",
            "module.infra.module.private-gke-standard-cluster.module.gke.google_compute_firewall.shadow_allow_inkubelet",
            "module.infra.module.private-gke-standard-cluster.module.gke.google_compute_firewall.shadow_allow_master",
            "module.infra.module.private-gke-standard-cluster.module.gke.google_compute_firewall.shadow_allow_nodes",
            "module.infra.module.private-gke-standard-cluster.module.gke.google_compute_firewall.shadow_allow_pods",
            "module.infra.module.private-gke-standard-cluster.module.gke.google_compute_firewall.shadow_deny_exkubelet",
            "module.infra.module.private-gke-standard-cluster.module.gke.google_compute_firewall.tpu_egress",
            "module.infra.module.private-gke-standard-cluster.module.gke.google_container_cluster.primary",
            "module.infra.module.private-gke-standard-cluster.module.gke.google_container_node_pool.pools",
            "module.infra.module.private-gke-standard-cluster.module.gke.google_container_node_pool.windows_pools",
            "module.infra.module.private-gke-standard-cluster.module.gke.google_project_iam_member.cluster_service_account-artifact-registry",
            "module.infra.module.private-gke-standard-cluster.module.gke.google_project_iam_member.cluster_service_account-gcr",
            "module.infra.module.private-gke-standard-cluster.module.gke.google_project_iam_member.cluster_service_account-metric_writer",
            "module.infra.module.private-gke-standard-cluster.module.gke.google_project_iam_member.cluster_service_account-nodeService_account",
            "module.infra.module.private-gke-standard-cluster.module.gke.google_project_iam_member.cluster_service_account-resourceMetadata-writer",
            "module.infra.module.private-gke-standard-cluster.module.gke.google_service_account.cluster_service_account",
            "module.infra.module.private-gke-standard-cluster.module.gke.kubernetes_config_map.ip-masq-agent",
            "module.infra.module.private-gke-standard-cluster.module.gke.kubernetes_config_map_v1_data.kube-dns",
            "module.infra.module.private-gke-standard-cluster.module.gke.kubernetes_config_map_v1_data.kube-dns-upstream-nameservers-and-stub-domains",
            "module.infra.module.private-gke-standard-cluster.module.gke.kubernetes_config_map_v1_data.kube-dns-upstream-namservers",
            "module.infra.module.private-gke-standard-cluster.module.gke.random_shuffle.available_zones",
            "module.infra.module.private-gke-standard-cluster.module.gke.random_string.cluster_service_account_suffix",
            "module.infra.module.public-gke-autopilot-cluster.module.gke.data.google_compute_subnetwork.gke_subnetwork",
            "module.infra.module.public-gke-autopilot-cluster.module.gke.data.google_compute_zones.available",
            "module.infra.module.public-gke-autopilot-cluster.module.gke.data.google_container_engine_versions.region",
            "module.infra.module.public-gke-autopilot-cluster.module.gke.data.google_container_engine_versions.zone",
            "module.infra.module.public-gke-autopilot-cluster.module.gke.google_compute_firewall.intra_egress",
            "module.infra.module.public-gke-autopilot-cluster.module.gke.google_compute_firewall.master_webhooks",
            "module.infra.module.public-gke-autopilot-cluster.module.gke.google_compute_firewall.shadow_allow_inkubelet",
            "module.infra.module.public-gke-autopilot-cluster.module.gke.google_compute_firewall.shadow_allow_master",
            "module.infra.module.public-gke-autopilot-cluster.module.gke.google_compute_firewall.shadow_allow_nodes",
            "module.infra.module.public-gke-autopilot-cluster.module.gke.google_compute_firewall.shadow_allow_pods",
            "module.infra.module.public-gke-autopilot-cluster.module.gke.google_compute_firewall.shadow_deny_exkubelet",
            "module.infra.module.public-gke-autopilot-cluster.module.gke.google_compute_firewall.tpu_egress",
            "module.infra.module.public-gke-autopilot-cluster.module.gke.google_container_cluster.primary",
            "module.infra.module.public-gke-autopilot-cluster.module.gke.google_project_iam_member.cluster_service_account-artifact-registry",
            "module.infra.module.public-gke-autopilot-cluster.module.gke.google_project_iam_member.cluster_service_account-gcr",
            "module.infra.module.public-gke-autopilot-cluster.module.gke.google_project_iam_member.cluster_service_account-metric_writer",
            "module.infra.module.public-gke-autopilot-cluster.module.gke.google_project_iam_member.cluster_service_account-nodeService_account",
            "module.infra.module.public-gke-autopilot-cluster.module.gke.google_project_iam_member.cluster_service_account-resourceMetadata-writer",
            "module.infra.module.public-gke-autopilot-cluster.module.gke.google_project_iam_member.service_agent",
            "module.infra.module.public-gke-autopilot-cluster.module.gke.google_project_service_identity.fleet_project",
            "module.infra.module.public-gke-autopilot-cluster.module.gke.google_service_account.cluster_service_account",
            "module.infra.module.public-gke-autopilot-cluster.module.gke.kubernetes_config_map.ip-masq-agent",
            "module.infra.module.public-gke-autopilot-cluster.module.gke.kubernetes_config_map_v1_data.kube-dns",
            "module.infra.module.public-gke-autopilot-cluster.module.gke.kubernetes_config_map_v1_data.kube-dns-upstream-nameservers-and-stub-domains",
            "module.infra.module.public-gke-autopilot-cluster.module.gke.kubernetes_config_map_v1_data.kube-dns-upstream-namservers",
            "module.infra.module.public-gke-autopilot-cluster.module.gke.random_shuffle.available_zones",
            "module.infra.module.public-gke-autopilot-cluster.module.gke.random_string.cluster_service_account_suffix",
            "module.infra.module.public-gke-standard-cluster.module.gke.data.google_compute_subnetwork.gke_subnetwork",
            "module.infra.module.public-gke-standard-cluster.module.gke.data.google_compute_zones.available",
            "module.infra.module.public-gke-standard-cluster.module.gke.data.google_container_engine_versions.region",
            "module.infra.module.public-gke-standard-cluster.module.gke.data.google_container_engine_versions.zone",
            "module.infra.module.public-gke-standard-cluster.module.gke.google_compute_firewall.intra_egress",
            "module.infra.module.public-gke-standard-cluster.module.gke.google_compute_firewall.master_webhooks",
            "module.infra.module.public-gke-standard-cluster.module.gke.google_compute_firewall.shadow_allow_inkubelet",
            "module.infra.module.public-gke-standard-cluster.module.gke.google_compute_firewall.shadow_allow_master",
            "module.infra.module.public-gke-standard-cluster.module.gke.google_compute_firewall.shadow_allow_nodes",
            "module.infra.module.public-gke-standard-cluster.module.gke.google_compute_firewall.shadow_allow_pods",
            "module.infra.module.public-gke-standard-cluster.module.gke.google_compute_firewall.shadow_deny_exkubelet",
            "module.infra.module.public-gke-standard-cluster.module.gke.google_compute_firewall.tpu_egress",
            "module.infra.module.public-gke-standard-cluster.module.gke.google_container_cluster.primary",
            "module.infra.module.public-gke-standard-cluster.module.gke.google_container_node_pool.pools",
            "module.infra.module.public-gke-standard-cluster.module.gke.google_container_node_pool.windows_pools",
            "module.infra.module.public-gke-standard-cluster.module.gke.google_project_iam_member.cluster_service_account-artifact-registry",
            "module.infra.module.public-gke-standard-cluster.module.gke.google_project_iam_member.cluster_service_account-gcr",
            "module.infra.module.public-gke-standard-cluster.module.gke.google_project_iam_member.cluster_service_account-metric_writer",
            "module.infra.module.public-gke-standard-cluster.module.gke.google_project_iam_member.cluster_service_account-nodeService_account",
            "module.infra.module.public-gke-standard-cluster.module.gke.google_project_iam_member.cluster_service_account-resourceMetadata-writer",
            "module.infra.module.public-gke-standard-cluster.module.gke.google_service_account.cluster_service_account",
            "module.infra.module.public-gke-standard-cluster.module.gke.kubernetes_config_map.ip-masq-agent",
            "module.infra.module.public-gke-standard-cluster.module.gke.kubernetes_config_map_v1_data.kube-dns",
            "module.infra.module.public-gke-standard-cluster.module.gke.kubernetes_config_map_v1_data.kube-dns-upstream-nameservers-and-stub-domains",
            "module.infra.module.public-gke-standard-cluster.module.gke.kubernetes_config_map_v1_data.kube-dns-upstream-namservers",
            "module.infra.module.public-gke-standard-cluster.module.gke.random_shuffle.available_zones",
            "module.infra.module.public-gke-standard-cluster.module.gke.random_string.cluster_service_account_suffix",
            "module.namespace.helm_release.app-namespace",
            "module.project-services.data.google_compute_default_service_account.default",
            "module.project-services.google_project_iam_member.project_service_identity_roles",
            "module.project-services.google_project_service.project_services",
            "module.project-services.google_project_service_identity.project_service_identities"
          ]
        }
      ]
    },
    {
      "module": "module.frontend.module.frontend-workload-identity",
      "mode": "managed",
      "type": "google_service_account",
      "name": "cluster_service_account",
      "provider": "provider[\"registry.terraform.io/hashicorp/google\"]",
      "instances": [
        {
          "index_key": 0,
          "schema_version": 0,
          "attributes": {
            "account_id": "rag-sa",
            "create_ignore_already_exists": null,
            "description": "",
            "disabled": false,
            "display_name": "GCP SA bound to K8S SA genlu-gke-dev[rag-sa]",
            "email": "rag-sa@genlu-gke-dev.iam.gserviceaccount.com",
            "id": "projects/genlu-gke-dev/serviceAccounts/rag-sa@genlu-gke-dev.iam.gserviceaccount.com",
            "member": "serviceAccount:rag-sa@genlu-gke-dev.iam.gserviceaccount.com",
            "name": "projects/genlu-gke-dev/serviceAccounts/rag-sa@genlu-gke-dev.iam.gserviceaccount.com",
            "project": "genlu-gke-dev",
            "timeouts": null,
            "unique_id": "111466703308628120624"
          },
          "sensitive_attributes": [],
          "private": "eyJlMmJmYjczMC1lY2FhLTExZTYtOGY4OC0zNDM2M2JjN2M0YzAiOnsiY3JlYXRlIjozMDAwMDAwMDAwMDB9fQ==",
          "dependencies": [
            "data.google_client_config.default",
            "data.google_container_cluster.default",
            "data.google_project.project",
            "module.infra.data.google_compute_subnetwork.subnetwork",
            "module.infra.module.custom-network.google_compute_global_address.google-managed-services-range",
            "module.infra.module.custom-network.google_compute_network.network",
            "module.infra.module.custom-network.google_compute_subnetwork.subnetwork",
            "module.infra.module.custom-network.google_service_networking_connection.private_service_access",
            "module.infra.module.private-gke-autopilot-cluster.google_gke_hub_membership.gke-fleet",
            "module.infra.module.private-gke-autopilot-cluster.module.gke.data.google_compute_subnetwork.gke_subnetwork",
            "module.infra.module.private-gke-autopilot-cluster.module.gke.data.google_compute_zones.available",
            "module.infra.module.private-gke-autopilot-cluster.module.gke.data.google_container_engine_versions.region",
            "module.infra.module.private-gke-autopilot-cluster.module.gke.data.google_container_engine_versions.zone",
            "module.infra.module.private-gke-autopilot-cluster.module.gke.google_compute_firewall.intra_egress",
            "module.infra.module.private-gke-autopilot-cluster.module.gke.google_compute_firewall.master_webhooks",
            "module.infra.module.private-gke-autopilot-cluster.module.gke.google_compute_firewall.shadow_allow_inkubelet",
            "module.infra.module.private-gke-autopilot-cluster.module.gke.google_compute_firewall.shadow_allow_master",
            "module.infra.module.private-gke-autopilot-cluster.module.gke.google_compute_firewall.shadow_allow_nodes",
            "module.infra.module.private-gke-autopilot-cluster.module.gke.google_compute_firewall.shadow_allow_pods",
            "module.infra.module.private-gke-autopilot-cluster.module.gke.google_compute_firewall.shadow_deny_exkubelet",
            "module.infra.module.private-gke-autopilot-cluster.module.gke.google_compute_firewall.tpu_egress",
            "module.infra.module.private-gke-autopilot-cluster.module.gke.google_container_cluster.primary",
            "module.infra.module.private-gke-autopilot-cluster.module.gke.google_project_iam_member.cluster_service_account-artifact-registry",
            "module.infra.module.private-gke-autopilot-cluster.module.gke.google_project_iam_member.cluster_service_account-gcr",
            "module.infra.module.private-gke-autopilot-cluster.module.gke.google_project_iam_member.cluster_service_account-metric_writer",
            "module.infra.module.private-gke-autopilot-cluster.module.gke.google_project_iam_member.cluster_service_account-nodeService_account",
            "module.infra.module.private-gke-autopilot-cluster.module.gke.google_project_iam_member.cluster_service_account-resourceMetadata-writer",
            "module.infra.module.private-gke-autopilot-cluster.module.gke.google_project_iam_member.service_agent",
            "module.infra.module.private-gke-autopilot-cluster.module.gke.google_project_service_identity.fleet_project",
            "module.infra.module.private-gke-autopilot-cluster.module.gke.google_service_account.cluster_service_account",
            "module.infra.module.private-gke-autopilot-cluster.module.gke.kubernetes_config_map.ip-masq-agent",
            "module.infra.module.private-gke-autopilot-cluster.module.gke.kubernetes_config_map_v1_data.kube-dns",
            "module.infra.module.private-gke-autopilot-cluster.module.gke.kubernetes_config_map_v1_data.kube-dns-upstream-nameservers-and-stub-domains",
            "module.infra.module.private-gke-autopilot-cluster.module.gke.kubernetes_config_map_v1_data.kube-dns-upstream-namservers",
            "module.infra.module.private-gke-autopilot-cluster.module.gke.random_shuffle.available_zones",
            "module.infra.module.private-gke-autopilot-cluster.module.gke.random_string.cluster_service_account_suffix",
            "module.infra.module.private-gke-standard-cluster.google_gke_hub_membership.gke-fleet",
            "module.infra.module.private-gke-standard-cluster.module.gke.data.google_compute_subnetwork.gke_subnetwork",
            "module.infra.module.private-gke-standard-cluster.module.gke.data.google_compute_zones.available",
            "module.infra.module.private-gke-standard-cluster.module.gke.data.google_container_engine_versions.region",
            "module.infra.module.private-gke-standard-cluster.module.gke.data.google_container_engine_versions.zone",
            "module.infra.module.private-gke-standard-cluster.module.gke.google_compute_firewall.intra_egress",
            "module.infra.module.private-gke-standard-cluster.module.gke.google_compute_firewall.master_webhooks",
            "module.infra.module.private-gke-standard-cluster.module.gke.google_compute_firewall.shadow_allow_inkubelet",
            "module.infra.module.private-gke-standard-cluster.module.gke.google_compute_firewall.shadow_allow_master",
            "module.infra.module.private-gke-standard-cluster.module.gke.google_compute_firewall.shadow_allow_nodes",
            "module.infra.module.private-gke-standard-cluster.module.gke.google_compute_firewall.shadow_allow_pods",
            "module.infra.module.private-gke-standard-cluster.module.gke.google_compute_firewall.shadow_deny_exkubelet",
            "module.infra.module.private-gke-standard-cluster.module.gke.google_compute_firewall.tpu_egress",
            "module.infra.module.private-gke-standard-cluster.module.gke.google_container_cluster.primary",
            "module.infra.module.private-gke-standard-cluster.module.gke.google_container_node_pool.pools",
            "module.infra.module.private-gke-standard-cluster.module.gke.google_container_node_pool.windows_pools",
            "module.infra.module.private-gke-standard-cluster.module.gke.google_project_iam_member.cluster_service_account-artifact-registry",
            "module.infra.module.private-gke-standard-cluster.module.gke.google_project_iam_member.cluster_service_account-gcr",
            "module.infra.module.private-gke-standard-cluster.module.gke.google_project_iam_member.cluster_service_account-metric_writer",
            "module.infra.module.private-gke-standard-cluster.module.gke.google_project_iam_member.cluster_service_account-nodeService_account",
            "module.infra.module.private-gke-standard-cluster.module.gke.google_project_iam_member.cluster_service_account-resourceMetadata-writer",
            "module.infra.module.private-gke-standard-cluster.module.gke.google_service_account.cluster_service_account",
            "module.infra.module.private-gke-standard-cluster.module.gke.kubernetes_config_map.ip-masq-agent",
            "module.infra.module.private-gke-standard-cluster.module.gke.kubernetes_config_map_v1_data.kube-dns",
            "module.infra.module.private-gke-standard-cluster.module.gke.kubernetes_config_map_v1_data.kube-dns-upstream-nameservers-and-stub-domains",
            "module.infra.module.private-gke-standard-cluster.module.gke.kubernetes_config_map_v1_data.kube-dns-upstream-namservers",
            "module.infra.module.private-gke-standard-cluster.module.gke.random_shuffle.available_zones",
            "module.infra.module.private-gke-standard-cluster.module.gke.random_string.cluster_service_account_suffix",
            "module.infra.module.public-gke-autopilot-cluster.module.gke.data.google_compute_subnetwork.gke_subnetwork",
            "module.infra.module.public-gke-autopilot-cluster.module.gke.data.google_compute_zones.available",
            "module.infra.module.public-gke-autopilot-cluster.module.gke.data.google_container_engine_versions.region",
            "module.infra.module.public-gke-autopilot-cluster.module.gke.data.google_container_engine_versions.zone",
            "module.infra.module.public-gke-autopilot-cluster.module.gke.google_compute_firewall.intra_egress",
            "module.infra.module.public-gke-autopilot-cluster.module.gke.google_compute_firewall.master_webhooks",
            "module.infra.module.public-gke-autopilot-cluster.module.gke.google_compute_firewall.shadow_allow_inkubelet",
            "module.infra.module.public-gke-autopilot-cluster.module.gke.google_compute_firewall.shadow_allow_master",
            "module.infra.module.public-gke-autopilot-cluster.module.gke.google_compute_firewall.shadow_allow_nodes",
            "module.infra.module.public-gke-autopilot-cluster.module.gke.google_compute_firewall.shadow_allow_pods",
            "module.infra.module.public-gke-autopilot-cluster.module.gke.google_compute_firewall.shadow_deny_exkubelet",
            "module.infra.module.public-gke-autopilot-cluster.module.gke.google_compute_firewall.tpu_egress",
            "module.infra.module.public-gke-autopilot-cluster.module.gke.google_container_cluster.primary",
            "module.infra.module.public-gke-autopilot-cluster.module.gke.google_project_iam_member.cluster_service_account-artifact-registry",
            "module.infra.module.public-gke-autopilot-cluster.module.gke.google_project_iam_member.cluster_service_account-gcr",
            "module.infra.module.public-gke-autopilot-cluster.module.gke.google_project_iam_member.cluster_service_account-metric_writer",
            "module.infra.module.public-gke-autopilot-cluster.module.gke.google_project_iam_member.cluster_service_account-nodeService_account",
            "module.infra.module.public-gke-autopilot-cluster.module.gke.google_project_iam_member.cluster_service_account-resourceMetadata-writer",
            "module.infra.module.public-gke-autopilot-cluster.module.gke.google_project_iam_member.service_agent",
            "module.infra.module.public-gke-autopilot-cluster.module.gke.google_project_service_identity.fleet_project",
            "module.infra.module.public-gke-autopilot-cluster.module.gke.google_service_account.cluster_service_account",
            "module.infra.module.public-gke-autopilot-cluster.module.gke.kubernetes_config_map.ip-masq-agent",
            "module.infra.module.public-gke-autopilot-cluster.module.gke.kubernetes_config_map_v1_data.kube-dns",
            "module.infra.module.public-gke-autopilot-cluster.module.gke.kubernetes_config_map_v1_data.kube-dns-upstream-nameservers-and-stub-domains",
            "module.infra.module.public-gke-autopilot-cluster.module.gke.kubernetes_config_map_v1_data.kube-dns-upstream-namservers",
            "module.infra.module.public-gke-autopilot-cluster.module.gke.random_shuffle.available_zones",
            "module.infra.module.public-gke-autopilot-cluster.module.gke.random_string.cluster_service_account_suffix",
            "module.infra.module.public-gke-standard-cluster.module.gke.data.google_compute_subnetwork.gke_subnetwork",
            "module.infra.module.public-gke-standard-cluster.module.gke.data.google_compute_zones.available",
            "module.infra.module.public-gke-standard-cluster.module.gke.data.google_container_engine_versions.region",
            "module.infra.module.public-gke-standard-cluster.module.gke.data.google_container_engine_versions.zone",
            "module.infra.module.public-gke-standard-cluster.module.gke.google_compute_firewall.intra_egress",
            "module.infra.module.public-gke-standard-cluster.module.gke.google_compute_firewall.master_webhooks",
            "module.infra.module.public-gke-standard-cluster.module.gke.google_compute_firewall.shadow_allow_inkubelet",
            "module.infra.module.public-gke-standard-cluster.module.gke.google_compute_firewall.shadow_allow_master",
            "module.infra.module.public-gke-standard-cluster.module.gke.google_compute_firewall.shadow_allow_nodes",
            "module.infra.module.public-gke-standard-cluster.module.gke.google_compute_firewall.shadow_allow_pods",
            "module.infra.module.public-gke-standard-cluster.module.gke.google_compute_firewall.shadow_deny_exkubelet",
            "module.infra.module.public-gke-standard-cluster.module.gke.google_compute_firewall.tpu_egress",
            "module.infra.module.public-gke-standard-cluster.module.gke.google_container_cluster.primary",
            "module.infra.module.public-gke-standard-cluster.module.gke.google_container_node_pool.pools",
            "module.infra.module.public-gke-standard-cluster.module.gke.google_container_node_pool.windows_pools",
            "module.infra.module.public-gke-standard-cluster.module.gke.google_project_iam_member.cluster_service_account-artifact-registry",
            "module.infra.module.public-gke-standard-cluster.module.gke.google_project_iam_member.cluster_service_account-gcr",
            "module.infra.module.public-gke-standard-cluster.module.gke.google_project_iam_member.cluster_service_account-metric_writer",
            "module.infra.module.public-gke-standard-cluster.module.gke.google_project_iam_member.cluster_service_account-nodeService_account",
            "module.infra.module.public-gke-standard-cluster.module.gke.google_project_iam_member.cluster_service_account-resourceMetadata-writer",
            "module.infra.module.public-gke-standard-cluster.module.gke.google_service_account.cluster_service_account",
            "module.infra.module.public-gke-standard-cluster.module.gke.kubernetes_config_map.ip-masq-agent",
            "module.infra.module.public-gke-standard-cluster.module.gke.kubernetes_config_map_v1_data.kube-dns",
            "module.infra.module.public-gke-standard-cluster.module.gke.kubernetes_config_map_v1_data.kube-dns-upstream-nameservers-and-stub-domains",
            "module.infra.module.public-gke-standard-cluster.module.gke.kubernetes_config_map_v1_data.kube-dns-upstream-namservers",
            "module.infra.module.public-gke-standard-cluster.module.gke.random_shuffle.available_zones",
            "module.infra.module.public-gke-standard-cluster.module.gke.random_string.cluster_service_account_suffix",
            "module.namespace.helm_release.app-namespace",
            "module.project-services.data.google_compute_default_service_account.default",
            "module.project-services.google_project_iam_member.project_service_identity_roles",
            "module.project-services.google_project_service.project_services",
            "module.project-services.google_project_service_identity.project_service_identities"
          ]
        }
      ]
    },
    {
      "module": "module.frontend.module.frontend-workload-identity",
      "mode": "managed",
      "type": "google_service_account_iam_member",
      "name": "main",
      "provider": "provider[\"registry.terraform.io/hashicorp/google\"]",
      "instances": [
        {
          "schema_version": 0,
          "attributes": {
            "condition": [],
            "etag": "BwYgOJHwp0c=",
            "id": "projects/genlu-gke-dev/serviceAccounts/rag-sa@genlu-gke-dev.iam.gserviceaccount.com/roles/iam.workloadIdentityUser/serviceAccount:genlu-gke-dev.svc.id.goog[ai-on-gke/rag-sa]",
            "member": "serviceAccount:genlu-gke-dev.svc.id.goog[ai-on-gke/rag-sa]",
            "role": "roles/iam.workloadIdentityUser",
            "service_account_id": "projects/genlu-gke-dev/serviceAccounts/rag-sa@genlu-gke-dev.iam.gserviceaccount.com"
          },
          "sensitive_attributes": [],
          "private": "bnVsbA==",
          "dependencies": [
            "data.google_client_config.default",
            "data.google_container_cluster.default",
            "data.google_project.project",
            "module.frontend.module.frontend-workload-identity.data.google_service_account.cluster_service_account",
            "module.frontend.module.frontend-workload-identity.google_service_account.cluster_service_account",
            "module.frontend.module.frontend-workload-identity.kubernetes_service_account.main",
            "module.infra.data.google_compute_subnetwork.subnetwork",
            "module.infra.module.custom-network.google_compute_global_address.google-managed-services-range",
            "module.infra.module.custom-network.google_compute_network.network",
            "module.infra.module.custom-network.google_compute_subnetwork.subnetwork",
            "module.infra.module.custom-network.google_service_networking_connection.private_service_access",
            "module.infra.module.private-gke-autopilot-cluster.google_gke_hub_membership.gke-fleet",
            "module.infra.module.private-gke-autopilot-cluster.module.gke.data.google_compute_subnetwork.gke_subnetwork",
            "module.infra.module.private-gke-autopilot-cluster.module.gke.data.google_compute_zones.available",
            "module.infra.module.private-gke-autopilot-cluster.module.gke.data.google_container_engine_versions.region",
            "module.infra.module.private-gke-autopilot-cluster.module.gke.data.google_container_engine_versions.zone",
            "module.infra.module.private-gke-autopilot-cluster.module.gke.google_compute_firewall.intra_egress",
            "module.infra.module.private-gke-autopilot-cluster.module.gke.google_compute_firewall.master_webhooks",
            "module.infra.module.private-gke-autopilot-cluster.module.gke.google_compute_firewall.shadow_allow_inkubelet",
            "module.infra.module.private-gke-autopilot-cluster.module.gke.google_compute_firewall.shadow_allow_master",
            "module.infra.module.private-gke-autopilot-cluster.module.gke.google_compute_firewall.shadow_allow_nodes",
            "module.infra.module.private-gke-autopilot-cluster.module.gke.google_compute_firewall.shadow_allow_pods",
            "module.infra.module.private-gke-autopilot-cluster.module.gke.google_compute_firewall.shadow_deny_exkubelet",
            "module.infra.module.private-gke-autopilot-cluster.module.gke.google_compute_firewall.tpu_egress",
            "module.infra.module.private-gke-autopilot-cluster.module.gke.google_container_cluster.primary",
            "module.infra.module.private-gke-autopilot-cluster.module.gke.google_project_iam_member.cluster_service_account-artifact-registry",
            "module.infra.module.private-gke-autopilot-cluster.module.gke.google_project_iam_member.cluster_service_account-gcr",
            "module.infra.module.private-gke-autopilot-cluster.module.gke.google_project_iam_member.cluster_service_account-metric_writer",
            "module.infra.module.private-gke-autopilot-cluster.module.gke.google_project_iam_member.cluster_service_account-nodeService_account",
            "module.infra.module.private-gke-autopilot-cluster.module.gke.google_project_iam_member.cluster_service_account-resourceMetadata-writer",
            "module.infra.module.private-gke-autopilot-cluster.module.gke.google_project_iam_member.service_agent",
            "module.infra.module.private-gke-autopilot-cluster.module.gke.google_project_service_identity.fleet_project",
            "module.infra.module.private-gke-autopilot-cluster.module.gke.google_service_account.cluster_service_account",
            "module.infra.module.private-gke-autopilot-cluster.module.gke.kubernetes_config_map.ip-masq-agent",
            "module.infra.module.private-gke-autopilot-cluster.module.gke.kubernetes_config_map_v1_data.kube-dns",
            "module.infra.module.private-gke-autopilot-cluster.module.gke.kubernetes_config_map_v1_data.kube-dns-upstream-nameservers-and-stub-domains",
            "module.infra.module.private-gke-autopilot-cluster.module.gke.kubernetes_config_map_v1_data.kube-dns-upstream-namservers",
            "module.infra.module.private-gke-autopilot-cluster.module.gke.random_shuffle.available_zones",
            "module.infra.module.private-gke-autopilot-cluster.module.gke.random_string.cluster_service_account_suffix",
            "module.infra.module.private-gke-standard-cluster.google_gke_hub_membership.gke-fleet",
            "module.infra.module.private-gke-standard-cluster.module.gke.data.google_compute_subnetwork.gke_subnetwork",
            "module.infra.module.private-gke-standard-cluster.module.gke.data.google_compute_zones.available",
            "module.infra.module.private-gke-standard-cluster.module.gke.data.google_container_engine_versions.region",
            "module.infra.module.private-gke-standard-cluster.module.gke.data.google_container_engine_versions.zone",
            "module.infra.module.private-gke-standard-cluster.module.gke.google_compute_firewall.intra_egress",
            "module.infra.module.private-gke-standard-cluster.module.gke.google_compute_firewall.master_webhooks",
            "module.infra.module.private-gke-standard-cluster.module.gke.google_compute_firewall.shadow_allow_inkubelet",
            "module.infra.module.private-gke-standard-cluster.module.gke.google_compute_firewall.shadow_allow_master",
            "module.infra.module.private-gke-standard-cluster.module.gke.google_compute_firewall.shadow_allow_nodes",
            "module.infra.module.private-gke-standard-cluster.module.gke.google_compute_firewall.shadow_allow_pods",
            "module.infra.module.private-gke-standard-cluster.module.gke.google_compute_firewall.shadow_deny_exkubelet",
            "module.infra.module.private-gke-standard-cluster.module.gke.google_compute_firewall.tpu_egress",
            "module.infra.module.private-gke-standard-cluster.module.gke.google_container_cluster.primary",
            "module.infra.module.private-gke-standard-cluster.module.gke.google_container_node_pool.pools",
            "module.infra.module.private-gke-standard-cluster.module.gke.google_container_node_pool.windows_pools",
            "module.infra.module.private-gke-standard-cluster.module.gke.google_project_iam_member.cluster_service_account-artifact-registry",
            "module.infra.module.private-gke-standard-cluster.module.gke.google_project_iam_member.cluster_service_account-gcr",
            "module.infra.module.private-gke-standard-cluster.module.gke.google_project_iam_member.cluster_service_account-metric_writer",
            "module.infra.module.private-gke-standard-cluster.module.gke.google_project_iam_member.cluster_service_account-nodeService_account",
            "module.infra.module.private-gke-standard-cluster.module.gke.google_project_iam_member.cluster_service_account-resourceMetadata-writer",
            "module.infra.module.private-gke-standard-cluster.module.gke.google_service_account.cluster_service_account",
            "module.infra.module.private-gke-standard-cluster.module.gke.kubernetes_config_map.ip-masq-agent",
            "module.infra.module.private-gke-standard-cluster.module.gke.kubernetes_config_map_v1_data.kube-dns",
            "module.infra.module.private-gke-standard-cluster.module.gke.kubernetes_config_map_v1_data.kube-dns-upstream-nameservers-and-stub-domains",
            "module.infra.module.private-gke-standard-cluster.module.gke.kubernetes_config_map_v1_data.kube-dns-upstream-namservers",
            "module.infra.module.private-gke-standard-cluster.module.gke.random_shuffle.available_zones",
            "module.infra.module.private-gke-standard-cluster.module.gke.random_string.cluster_service_account_suffix",
            "module.infra.module.public-gke-autopilot-cluster.module.gke.data.google_compute_subnetwork.gke_subnetwork",
            "module.infra.module.public-gke-autopilot-cluster.module.gke.data.google_compute_zones.available",
            "module.infra.module.public-gke-autopilot-cluster.module.gke.data.google_container_engine_versions.region",
            "module.infra.module.public-gke-autopilot-cluster.module.gke.data.google_container_engine_versions.zone",
            "module.infra.module.public-gke-autopilot-cluster.module.gke.google_compute_firewall.intra_egress",
            "module.infra.module.public-gke-autopilot-cluster.module.gke.google_compute_firewall.master_webhooks",
            "module.infra.module.public-gke-autopilot-cluster.module.gke.google_compute_firewall.shadow_allow_inkubelet",
            "module.infra.module.public-gke-autopilot-cluster.module.gke.google_compute_firewall.shadow_allow_master",
            "module.infra.module.public-gke-autopilot-cluster.module.gke.google_compute_firewall.shadow_allow_nodes",
            "module.infra.module.public-gke-autopilot-cluster.module.gke.google_compute_firewall.shadow_allow_pods",
            "module.infra.module.public-gke-autopilot-cluster.module.gke.google_compute_firewall.shadow_deny_exkubelet",
            "module.infra.module.public-gke-autopilot-cluster.module.gke.google_compute_firewall.tpu_egress",
            "module.infra.module.public-gke-autopilot-cluster.module.gke.google_container_cluster.primary",
            "module.infra.module.public-gke-autopilot-cluster.module.gke.google_project_iam_member.cluster_service_account-artifact-registry",
            "module.infra.module.public-gke-autopilot-cluster.module.gke.google_project_iam_member.cluster_service_account-gcr",
            "module.infra.module.public-gke-autopilot-cluster.module.gke.google_project_iam_member.cluster_service_account-metric_writer",
            "module.infra.module.public-gke-autopilot-cluster.module.gke.google_project_iam_member.cluster_service_account-nodeService_account",
            "module.infra.module.public-gke-autopilot-cluster.module.gke.google_project_iam_member.cluster_service_account-resourceMetadata-writer",
            "module.infra.module.public-gke-autopilot-cluster.module.gke.google_project_iam_member.service_agent",
            "module.infra.module.public-gke-autopilot-cluster.module.gke.google_project_service_identity.fleet_project",
            "module.infra.module.public-gke-autopilot-cluster.module.gke.google_service_account.cluster_service_account",
            "module.infra.module.public-gke-autopilot-cluster.module.gke.kubernetes_config_map.ip-masq-agent",
            "module.infra.module.public-gke-autopilot-cluster.module.gke.kubernetes_config_map_v1_data.kube-dns",
            "module.infra.module.public-gke-autopilot-cluster.module.gke.kubernetes_config_map_v1_data.kube-dns-upstream-nameservers-and-stub-domains",
            "module.infra.module.public-gke-autopilot-cluster.module.gke.kubernetes_config_map_v1_data.kube-dns-upstream-namservers",
            "module.infra.module.public-gke-autopilot-cluster.module.gke.random_shuffle.available_zones",
            "module.infra.module.public-gke-autopilot-cluster.module.gke.random_string.cluster_service_account_suffix",
            "module.infra.module.public-gke-standard-cluster.module.gke.data.google_compute_subnetwork.gke_subnetwork",
            "module.infra.module.public-gke-standard-cluster.module.gke.data.google_compute_zones.available",
            "module.infra.module.public-gke-standard-cluster.module.gke.data.google_container_engine_versions.region",
            "module.infra.module.public-gke-standard-cluster.module.gke.data.google_container_engine_versions.zone",
            "module.infra.module.public-gke-standard-cluster.module.gke.google_compute_firewall.intra_egress",
            "module.infra.module.public-gke-standard-cluster.module.gke.google_compute_firewall.master_webhooks",
            "module.infra.module.public-gke-standard-cluster.module.gke.google_compute_firewall.shadow_allow_inkubelet",
            "module.infra.module.public-gke-standard-cluster.module.gke.google_compute_firewall.shadow_allow_master",
            "module.infra.module.public-gke-standard-cluster.module.gke.google_compute_firewall.shadow_allow_nodes",
            "module.infra.module.public-gke-standard-cluster.module.gke.google_compute_firewall.shadow_allow_pods",
            "module.infra.module.public-gke-standard-cluster.module.gke.google_compute_firewall.shadow_deny_exkubelet",
            "module.infra.module.public-gke-standard-cluster.module.gke.google_compute_firewall.tpu_egress",
            "module.infra.module.public-gke-standard-cluster.module.gke.google_container_cluster.primary",
            "module.infra.module.public-gke-standard-cluster.module.gke.google_container_node_pool.pools",
            "module.infra.module.public-gke-standard-cluster.module.gke.google_container_node_pool.windows_pools",
            "module.infra.module.public-gke-standard-cluster.module.gke.google_project_iam_member.cluster_service_account-artifact-registry",
            "module.infra.module.public-gke-standard-cluster.module.gke.google_project_iam_member.cluster_service_account-gcr",
            "module.infra.module.public-gke-standard-cluster.module.gke.google_project_iam_member.cluster_service_account-metric_writer",
            "module.infra.module.public-gke-standard-cluster.module.gke.google_project_iam_member.cluster_service_account-nodeService_account",
            "module.infra.module.public-gke-standard-cluster.module.gke.google_project_iam_member.cluster_service_account-resourceMetadata-writer",
            "module.infra.module.public-gke-standard-cluster.module.gke.google_service_account.cluster_service_account",
            "module.infra.module.public-gke-standard-cluster.module.gke.kubernetes_config_map.ip-masq-agent",
            "module.infra.module.public-gke-standard-cluster.module.gke.kubernetes_config_map_v1_data.kube-dns",
            "module.infra.module.public-gke-standard-cluster.module.gke.kubernetes_config_map_v1_data.kube-dns-upstream-nameservers-and-stub-domains",
            "module.infra.module.public-gke-standard-cluster.module.gke.kubernetes_config_map_v1_data.kube-dns-upstream-namservers",
            "module.infra.module.public-gke-standard-cluster.module.gke.random_shuffle.available_zones",
            "module.infra.module.public-gke-standard-cluster.module.gke.random_string.cluster_service_account_suffix",
            "module.namespace.helm_release.app-namespace",
            "module.project-services.data.google_compute_default_service_account.default",
            "module.project-services.google_project_iam_member.project_service_identity_roles",
            "module.project-services.google_project_service.project_services",
            "module.project-services.google_project_service_identity.project_service_identities"
          ]
        }
      ]
    },
    {
      "module": "module.frontend.module.frontend-workload-identity",
      "mode": "managed",
      "type": "kubernetes_service_account",
      "name": "main",
      "provider": "provider[\"registry.terraform.io/hashicorp/kubernetes\"].rag",
      "instances": [
        {
          "index_key": 0,
          "schema_version": 0,
          "attributes": {
            "automount_service_account_token": false,
            "default_secret_name": "",
            "id": "ai-on-gke/rag-sa",
            "image_pull_secret": [],
            "metadata": [
              {
                "annotations": {
                  "iam.gke.io/gcp-service-account": "rag-sa@genlu-gke-dev.iam.gserviceaccount.com"
                },
                "generate_name": "",
                "generation": 0,
                "labels": {},
                "name": "rag-sa",
                "namespace": "ai-on-gke",
                "resource_version": "5142",
                "uid": "ffc6e2cb-8008-4e47-ac31-989883b866d5"
              }
            ],
            "secret": [],
            "timeouts": null
          },
          "sensitive_attributes": [],
          "private": "eyJlMmJmYjczMC1lY2FhLTExZTYtOGY4OC0zNDM2M2JjN2M0YzAiOnsiY3JlYXRlIjozMDAwMDAwMDAwMH19",
          "dependencies": [
            "data.google_client_config.default",
            "data.google_container_cluster.default",
            "data.google_project.project",
            "module.frontend.module.frontend-workload-identity.data.google_service_account.cluster_service_account",
            "module.frontend.module.frontend-workload-identity.google_service_account.cluster_service_account",
            "module.infra.data.google_compute_subnetwork.subnetwork",
            "module.infra.module.custom-network.google_compute_global_address.google-managed-services-range",
            "module.infra.module.custom-network.google_compute_network.network",
            "module.infra.module.custom-network.google_compute_subnetwork.subnetwork",
            "module.infra.module.custom-network.google_service_networking_connection.private_service_access",
            "module.infra.module.private-gke-autopilot-cluster.google_gke_hub_membership.gke-fleet",
            "module.infra.module.private-gke-autopilot-cluster.module.gke.data.google_compute_subnetwork.gke_subnetwork",
            "module.infra.module.private-gke-autopilot-cluster.module.gke.data.google_compute_zones.available",
            "module.infra.module.private-gke-autopilot-cluster.module.gke.data.google_container_engine_versions.region",
            "module.infra.module.private-gke-autopilot-cluster.module.gke.data.google_container_engine_versions.zone",
            "module.infra.module.private-gke-autopilot-cluster.module.gke.google_compute_firewall.intra_egress",
            "module.infra.module.private-gke-autopilot-cluster.module.gke.google_compute_firewall.master_webhooks",
            "module.infra.module.private-gke-autopilot-cluster.module.gke.google_compute_firewall.shadow_allow_inkubelet",
            "module.infra.module.private-gke-autopilot-cluster.module.gke.google_compute_firewall.shadow_allow_master",
            "module.infra.module.private-gke-autopilot-cluster.module.gke.google_compute_firewall.shadow_allow_nodes",
            "module.infra.module.private-gke-autopilot-cluster.module.gke.google_compute_firewall.shadow_allow_pods",
            "module.infra.module.private-gke-autopilot-cluster.module.gke.google_compute_firewall.shadow_deny_exkubelet",
            "module.infra.module.private-gke-autopilot-cluster.module.gke.google_compute_firewall.tpu_egress",
            "module.infra.module.private-gke-autopilot-cluster.module.gke.google_container_cluster.primary",
            "module.infra.module.private-gke-autopilot-cluster.module.gke.google_project_iam_member.cluster_service_account-artifact-registry",
            "module.infra.module.private-gke-autopilot-cluster.module.gke.google_project_iam_member.cluster_service_account-gcr",
            "module.infra.module.private-gke-autopilot-cluster.module.gke.google_project_iam_member.cluster_service_account-metric_writer",
            "module.infra.module.private-gke-autopilot-cluster.module.gke.google_project_iam_member.cluster_service_account-nodeService_account",
            "module.infra.module.private-gke-autopilot-cluster.module.gke.google_project_iam_member.cluster_service_account-resourceMetadata-writer",
            "module.infra.module.private-gke-autopilot-cluster.module.gke.google_project_iam_member.service_agent",
            "module.infra.module.private-gke-autopilot-cluster.module.gke.google_project_service_identity.fleet_project",
            "module.infra.module.private-gke-autopilot-cluster.module.gke.google_service_account.cluster_service_account",
            "module.infra.module.private-gke-autopilot-cluster.module.gke.kubernetes_config_map.ip-masq-agent",
            "module.infra.module.private-gke-autopilot-cluster.module.gke.kubernetes_config_map_v1_data.kube-dns",
            "module.infra.module.private-gke-autopilot-cluster.module.gke.kubernetes_config_map_v1_data.kube-dns-upstream-nameservers-and-stub-domains",
            "module.infra.module.private-gke-autopilot-cluster.module.gke.kubernetes_config_map_v1_data.kube-dns-upstream-namservers",
            "module.infra.module.private-gke-autopilot-cluster.module.gke.random_shuffle.available_zones",
            "module.infra.module.private-gke-autopilot-cluster.module.gke.random_string.cluster_service_account_suffix",
            "module.infra.module.private-gke-standard-cluster.google_gke_hub_membership.gke-fleet",
            "module.infra.module.private-gke-standard-cluster.module.gke.data.google_compute_subnetwork.gke_subnetwork",
            "module.infra.module.private-gke-standard-cluster.module.gke.data.google_compute_zones.available",
            "module.infra.module.private-gke-standard-cluster.module.gke.data.google_container_engine_versions.region",
            "module.infra.module.private-gke-standard-cluster.module.gke.data.google_container_engine_versions.zone",
            "module.infra.module.private-gke-standard-cluster.module.gke.google_compute_firewall.intra_egress",
            "module.infra.module.private-gke-standard-cluster.module.gke.google_compute_firewall.master_webhooks",
            "module.infra.module.private-gke-standard-cluster.module.gke.google_compute_firewall.shadow_allow_inkubelet",
            "module.infra.module.private-gke-standard-cluster.module.gke.google_compute_firewall.shadow_allow_master",
            "module.infra.module.private-gke-standard-cluster.module.gke.google_compute_firewall.shadow_allow_nodes",
            "module.infra.module.private-gke-standard-cluster.module.gke.google_compute_firewall.shadow_allow_pods",
            "module.infra.module.private-gke-standard-cluster.module.gke.google_compute_firewall.shadow_deny_exkubelet",
            "module.infra.module.private-gke-standard-cluster.module.gke.google_compute_firewall.tpu_egress",
            "module.infra.module.private-gke-standard-cluster.module.gke.google_container_cluster.primary",
            "module.infra.module.private-gke-standard-cluster.module.gke.google_container_node_pool.pools",
            "module.infra.module.private-gke-standard-cluster.module.gke.google_container_node_pool.windows_pools",
            "module.infra.module.private-gke-standard-cluster.module.gke.google_project_iam_member.cluster_service_account-artifact-registry",
            "module.infra.module.private-gke-standard-cluster.module.gke.google_project_iam_member.cluster_service_account-gcr",
            "module.infra.module.private-gke-standard-cluster.module.gke.google_project_iam_member.cluster_service_account-metric_writer",
            "module.infra.module.private-gke-standard-cluster.module.gke.google_project_iam_member.cluster_service_account-nodeService_account",
            "module.infra.module.private-gke-standard-cluster.module.gke.google_project_iam_member.cluster_service_account-resourceMetadata-writer",
            "module.infra.module.private-gke-standard-cluster.module.gke.google_service_account.cluster_service_account",
            "module.infra.module.private-gke-standard-cluster.module.gke.kubernetes_config_map.ip-masq-agent",
            "module.infra.module.private-gke-standard-cluster.module.gke.kubernetes_config_map_v1_data.kube-dns",
            "module.infra.module.private-gke-standard-cluster.module.gke.kubernetes_config_map_v1_data.kube-dns-upstream-nameservers-and-stub-domains",
            "module.infra.module.private-gke-standard-cluster.module.gke.kubernetes_config_map_v1_data.kube-dns-upstream-namservers",
            "module.infra.module.private-gke-standard-cluster.module.gke.random_shuffle.available_zones",
            "module.infra.module.private-gke-standard-cluster.module.gke.random_string.cluster_service_account_suffix",
            "module.infra.module.public-gke-autopilot-cluster.module.gke.data.google_compute_subnetwork.gke_subnetwork",
            "module.infra.module.public-gke-autopilot-cluster.module.gke.data.google_compute_zones.available",
            "module.infra.module.public-gke-autopilot-cluster.module.gke.data.google_container_engine_versions.region",
            "module.infra.module.public-gke-autopilot-cluster.module.gke.data.google_container_engine_versions.zone",
            "module.infra.module.public-gke-autopilot-cluster.module.gke.google_compute_firewall.intra_egress",
            "module.infra.module.public-gke-autopilot-cluster.module.gke.google_compute_firewall.master_webhooks",
            "module.infra.module.public-gke-autopilot-cluster.module.gke.google_compute_firewall.shadow_allow_inkubelet",
            "module.infra.module.public-gke-autopilot-cluster.module.gke.google_compute_firewall.shadow_allow_master",
            "module.infra.module.public-gke-autopilot-cluster.module.gke.google_compute_firewall.shadow_allow_nodes",
            "module.infra.module.public-gke-autopilot-cluster.module.gke.google_compute_firewall.shadow_allow_pods",
            "module.infra.module.public-gke-autopilot-cluster.module.gke.google_compute_firewall.shadow_deny_exkubelet",
            "module.infra.module.public-gke-autopilot-cluster.module.gke.google_compute_firewall.tpu_egress",
            "module.infra.module.public-gke-autopilot-cluster.module.gke.google_container_cluster.primary",
            "module.infra.module.public-gke-autopilot-cluster.module.gke.google_project_iam_member.cluster_service_account-artifact-registry",
            "module.infra.module.public-gke-autopilot-cluster.module.gke.google_project_iam_member.cluster_service_account-gcr",
            "module.infra.module.public-gke-autopilot-cluster.module.gke.google_project_iam_member.cluster_service_account-metric_writer",
            "module.infra.module.public-gke-autopilot-cluster.module.gke.google_project_iam_member.cluster_service_account-nodeService_account",
            "module.infra.module.public-gke-autopilot-cluster.module.gke.google_project_iam_member.cluster_service_account-resourceMetadata-writer",
            "module.infra.module.public-gke-autopilot-cluster.module.gke.google_project_iam_member.service_agent",
            "module.infra.module.public-gke-autopilot-cluster.module.gke.google_project_service_identity.fleet_project",
            "module.infra.module.public-gke-autopilot-cluster.module.gke.google_service_account.cluster_service_account",
            "module.infra.module.public-gke-autopilot-cluster.module.gke.kubernetes_config_map.ip-masq-agent",
            "module.infra.module.public-gke-autopilot-cluster.module.gke.kubernetes_config_map_v1_data.kube-dns",
            "module.infra.module.public-gke-autopilot-cluster.module.gke.kubernetes_config_map_v1_data.kube-dns-upstream-nameservers-and-stub-domains",
            "module.infra.module.public-gke-autopilot-cluster.module.gke.kubernetes_config_map_v1_data.kube-dns-upstream-namservers",
            "module.infra.module.public-gke-autopilot-cluster.module.gke.random_shuffle.available_zones",
            "module.infra.module.public-gke-autopilot-cluster.module.gke.random_string.cluster_service_account_suffix",
            "module.infra.module.public-gke-standard-cluster.module.gke.data.google_compute_subnetwork.gke_subnetwork",
            "module.infra.module.public-gke-standard-cluster.module.gke.data.google_compute_zones.available",
            "module.infra.module.public-gke-standard-cluster.module.gke.data.google_container_engine_versions.region",
            "module.infra.module.public-gke-standard-cluster.module.gke.data.google_container_engine_versions.zone",
            "module.infra.module.public-gke-standard-cluster.module.gke.google_compute_firewall.intra_egress",
            "module.infra.module.public-gke-standard-cluster.module.gke.google_compute_firewall.master_webhooks",
            "module.infra.module.public-gke-standard-cluster.module.gke.google_compute_firewall.shadow_allow_inkubelet",
            "module.infra.module.public-gke-standard-cluster.module.gke.google_compute_firewall.shadow_allow_master",
            "module.infra.module.public-gke-standard-cluster.module.gke.google_compute_firewall.shadow_allow_nodes",
            "module.infra.module.public-gke-standard-cluster.module.gke.google_compute_firewall.shadow_allow_pods",
            "module.infra.module.public-gke-standard-cluster.module.gke.google_compute_firewall.shadow_deny_exkubelet",
            "module.infra.module.public-gke-standard-cluster.module.gke.google_compute_firewall.tpu_egress",
            "module.infra.module.public-gke-standard-cluster.module.gke.google_container_cluster.primary",
            "module.infra.module.public-gke-standard-cluster.module.gke.google_container_node_pool.pools",
            "module.infra.module.public-gke-standard-cluster.module.gke.google_container_node_pool.windows_pools",
            "module.infra.module.public-gke-standard-cluster.module.gke.google_project_iam_member.cluster_service_account-artifact-registry",
            "module.infra.module.public-gke-standard-cluster.module.gke.google_project_iam_member.cluster_service_account-gcr",
            "module.infra.module.public-gke-standard-cluster.module.gke.google_project_iam_member.cluster_service_account-metric_writer",
            "module.infra.module.public-gke-standard-cluster.module.gke.google_project_iam_member.cluster_service_account-nodeService_account",
            "module.infra.module.public-gke-standard-cluster.module.gke.google_project_iam_member.cluster_service_account-resourceMetadata-writer",
            "module.infra.module.public-gke-standard-cluster.module.gke.google_service_account.cluster_service_account",
            "module.infra.module.public-gke-standard-cluster.module.gke.kubernetes_config_map.ip-masq-agent",
            "module.infra.module.public-gke-standard-cluster.module.gke.kubernetes_config_map_v1_data.kube-dns",
            "module.infra.module.public-gke-standard-cluster.module.gke.kubernetes_config_map_v1_data.kube-dns-upstream-nameservers-and-stub-domains",
            "module.infra.module.public-gke-standard-cluster.module.gke.kubernetes_config_map_v1_data.kube-dns-upstream-namservers",
            "module.infra.module.public-gke-standard-cluster.module.gke.random_shuffle.available_zones",
            "module.infra.module.public-gke-standard-cluster.module.gke.random_string.cluster_service_account_suffix",
            "module.namespace.helm_release.app-namespace",
            "module.project-services.data.google_compute_default_service_account.default",
            "module.project-services.google_project_iam_member.project_service_identity_roles",
            "module.project-services.google_project_service.project_services",
            "module.project-services.google_project_service_identity.project_service_identities"
          ]
        }
      ]
    },
    {
      "module": "module.inference-server",
      "mode": "managed",
      "type": "kubernetes_deployment",
      "name": "inference_deployment",
      "provider": "provider[\"registry.terraform.io/hashicorp/kubernetes\"].rag",
      "instances": [
        {
          "schema_version": 1,
          "attributes": {
            "id": "ai-on-gke/mistral-7b-instruct",
            "metadata": [
              {
                "annotations": {},
                "generate_name": "",
                "generation": 1,
                "labels": {
                  "ai.gke.io": "rag",
                  "app": "mistral-7b-instruct",
                  "created-by": "ai-on-gke"
                },
                "name": "mistral-7b-instruct",
                "namespace": "ai-on-gke",
                "resource_version": "9265",
                "uid": "c992261b-785e-4bc6-9e6b-96dc9ec98df6"
              }
            ],
            "spec": [
              {
                "min_ready_seconds": 0,
                "paused": false,
                "progress_deadline_seconds": 1800,
                "replicas": "1",
                "revision_history_limit": 10,
                "selector": [
                  {
                    "match_expressions": [],
                    "match_labels": {
                      "ai.gke.io": "rag",
                      "app": "mistral-7b-instruct",
                      "created-by": "ai-on-gke"
                    }
                  }
                ],
                "strategy": [
                  {
                    "rolling_update": [
                      {
                        "max_surge": "25%",
                        "max_unavailable": "25%"
                      }
                    ],
                    "type": "RollingUpdate"
                  }
                ],
                "template": [
                  {
                    "metadata": [
                      {
                        "annotations": {},
                        "generate_name": "",
                        "generation": 0,
                        "labels": {
                          "ai.gke.io": "rag",
                          "app": "mistral-7b-instruct",
                          "created-by": "ai-on-gke"
                        },
                        "name": "",
                        "namespace": "",
                        "resource_version": "",
                        "uid": ""
                      }
                    ],
                    "spec": [
                      {
                        "active_deadline_seconds": 0,
                        "affinity": [],
                        "automount_service_account_token": true,
                        "container": [
                          {
                            "args": [
                              "--model-id",
                              "$(MODEL_ID)"
                            ],
                            "command": [],
                            "env": [
                              {
                                "name": "MODEL_ID",
                                "value": "/model/Mistral-7B-Instruct-v0.1",
                                "value_from": []
                              },
                              {
                                "name": "NUM_SHARD",
                                "value": "2",
                                "value_from": []
                              },
                              {
                                "name": "PORT",
                                "value": "8080",
                                "value_from": []
                              }
                            ],
                            "env_from": [],
                            "image": "ghcr.io/huggingface/text-generation-inference:1.1.0",
                            "image_pull_policy": "IfNotPresent",
                            "lifecycle": [],
                            "liveness_probe": [],
                            "name": "mistral-7b-instruct",
                            "port": [
                              {
                                "container_port": 8080,
                                "host_ip": "",
                                "host_port": 0,
                                "name": "metrics",
                                "protocol": "TCP"
                              }
                            ],
                            "readiness_probe": [],
                            "resources": [
                              {
                                "limits": {
                                  "nvidia.com/gpu": "2"
                                },
                                "requests": {
                                  "ephemeral-storage": "20Gi",
                                  "nvidia.com/gpu": "2"
                                }
                              }
                            ],
                            "security_context": [],
                            "startup_probe": [],
                            "stdin": false,
                            "stdin_once": false,
                            "termination_message_path": "/dev/termination-log",
                            "termination_message_policy": "File",
                            "tty": false,
                            "volume_mount": [
                              {
                                "mount_path": "/dev/shm",
                                "mount_propagation": "None",
                                "name": "dshm",
                                "read_only": false,
                                "sub_path": ""
                              },
                              {
                                "mount_path": "/data",
                                "mount_propagation": "None",
                                "name": "data",
                                "read_only": false,
                                "sub_path": ""
                              },
                              {
                                "mount_path": "/model",
                                "mount_propagation": "None",
                                "name": "model-storage",
                                "read_only": true,
                                "sub_path": ""
                              }
                            ],
                            "working_dir": ""
                          }
                        ],
                        "dns_config": [],
                        "dns_policy": "ClusterFirst",
                        "enable_service_links": true,
                        "host_aliases": [],
                        "host_ipc": false,
                        "host_network": false,
                        "host_pid": false,
                        "hostname": "",
                        "image_pull_secrets": [],
                        "init_container": [
                          {
                            "args": [],
                            "command": [
                              "gsutil",
                              "cp",
                              "-r",
                              "gs://vertex-model-garden-public-us/mistralai/Mistral-7B-Instruct-v0.1/",
                              "/model-data/"
                            ],
                            "env": [],
                            "env_from": [],
                            "image": "google/cloud-sdk:473.0.0-alpine",
                            "image_pull_policy": "IfNotPresent",
                            "lifecycle": [],
                            "liveness_probe": [],
                            "name": "download-model",
                            "port": [],
                            "readiness_probe": [],
                            "resources": [
                              {
                                "limits": {},
                                "requests": {}
                              }
                            ],
                            "security_context": [],
                            "startup_probe": [],
                            "stdin": false,
                            "stdin_once": false,
                            "termination_message_path": "/dev/termination-log",
                            "termination_message_policy": "File",
                            "tty": false,
                            "volume_mount": [
                              {
                                "mount_path": "/model-data",
                                "mount_propagation": "None",
                                "name": "model-storage",
                                "read_only": false,
                                "sub_path": ""
                              }
                            ],
                            "working_dir": ""
                          }
                        ],
                        "node_name": "",
                        "node_selector": {
                          "cloud.google.com/gke-accelerator": "nvidia-l4"
                        },
                        "priority_class_name": "",
                        "readiness_gate": [],
                        "restart_policy": "Always",
                        "runtime_class_name": "",
                        "security_context": [],
                        "service_account_name": "",
                        "share_process_namespace": false,
                        "subdomain": "",
                        "termination_grace_period_seconds": 30,
                        "toleration": [],
                        "topology_spread_constraint": [],
                        "volume": [
                          {
                            "aws_elastic_block_store": [],
                            "azure_disk": [],
                            "azure_file": [],
                            "ceph_fs": [],
                            "cinder": [],
                            "config_map": [],
                            "csi": [],
                            "downward_api": [],
                            "empty_dir": [
                              {
                                "medium": "Memory",
                                "size_limit": ""
                              }
                            ],
                            "fc": [],
                            "flex_volume": [],
                            "flocker": [],
                            "gce_persistent_disk": [],
                            "git_repo": [],
                            "glusterfs": [],
                            "host_path": [],
                            "iscsi": [],
                            "local": [],
                            "name": "dshm",
                            "nfs": [],
                            "persistent_volume_claim": [],
                            "photon_persistent_disk": [],
                            "projected": [],
                            "quobyte": [],
                            "rbd": [],
                            "secret": [],
                            "vsphere_volume": []
                          },
                          {
                            "aws_elastic_block_store": [],
                            "azure_disk": [],
                            "azure_file": [],
                            "ceph_fs": [],
                            "cinder": [],
                            "config_map": [],
                            "csi": [],
                            "downward_api": [],
                            "empty_dir": [
                              {
                                "medium": "",
                                "size_limit": ""
                              }
                            ],
                            "fc": [],
                            "flex_volume": [],
                            "flocker": [],
                            "gce_persistent_disk": [],
                            "git_repo": [],
                            "glusterfs": [],
                            "host_path": [],
                            "iscsi": [],
                            "local": [],
                            "name": "data",
                            "nfs": [],
                            "persistent_volume_claim": [],
                            "photon_persistent_disk": [],
                            "projected": [],
                            "quobyte": [],
                            "rbd": [],
                            "secret": [],
                            "vsphere_volume": []
                          },
                          {
                            "aws_elastic_block_store": [],
                            "azure_disk": [],
                            "azure_file": [],
                            "ceph_fs": [],
                            "cinder": [],
                            "config_map": [],
                            "csi": [],
                            "downward_api": [],
                            "empty_dir": [
                              {
                                "medium": "",
                                "size_limit": ""
                              }
                            ],
                            "fc": [],
                            "flex_volume": [],
                            "flocker": [],
                            "gce_persistent_disk": [],
                            "git_repo": [],
                            "glusterfs": [],
                            "host_path": [],
                            "iscsi": [],
                            "local": [],
                            "name": "model-storage",
                            "nfs": [],
                            "persistent_volume_claim": [],
                            "photon_persistent_disk": [],
                            "projected": [],
                            "quobyte": [],
                            "rbd": [],
                            "secret": [],
                            "vsphere_volume": []
                          }
                        ]
                      }
                    ]
                  }
                ]
              }
            ],
            "timeouts": {
              "create": "30m",
              "delete": null,
              "update": null
            },
            "wait_for_rollout": true
          },
          "sensitive_attributes": [],
          "private": "eyJlMmJmYjczMC1lY2FhLTExZTYtOGY4OC0zNDM2M2JjN2M0YzAiOnsiY3JlYXRlIjoxODAwMDAwMDAwMDAwLCJkZWxldGUiOjYwMDAwMDAwMDAwMCwidXBkYXRlIjo2MDAwMDAwMDAwMDB9LCJzY2hlbWFfdmVyc2lvbiI6IjEifQ==",
          "dependencies": [
            "data.google_client_config.default",
            "data.google_container_cluster.default",
            "data.google_project.project",
            "module.infra.data.google_compute_subnetwork.subnetwork",
            "module.infra.module.custom-network.google_compute_global_address.google-managed-services-range",
            "module.infra.module.custom-network.google_compute_network.network",
            "module.infra.module.custom-network.google_compute_subnetwork.subnetwork",
            "module.infra.module.custom-network.google_service_networking_connection.private_service_access",
            "module.infra.module.private-gke-autopilot-cluster.google_gke_hub_membership.gke-fleet",
            "module.infra.module.private-gke-autopilot-cluster.module.gke.data.google_compute_subnetwork.gke_subnetwork",
            "module.infra.module.private-gke-autopilot-cluster.module.gke.data.google_compute_zones.available",
            "module.infra.module.private-gke-autopilot-cluster.module.gke.data.google_container_engine_versions.region",
            "module.infra.module.private-gke-autopilot-cluster.module.gke.data.google_container_engine_versions.zone",
            "module.infra.module.private-gke-autopilot-cluster.module.gke.google_compute_firewall.intra_egress",
            "module.infra.module.private-gke-autopilot-cluster.module.gke.google_compute_firewall.master_webhooks",
            "module.infra.module.private-gke-autopilot-cluster.module.gke.google_compute_firewall.shadow_allow_inkubelet",
            "module.infra.module.private-gke-autopilot-cluster.module.gke.google_compute_firewall.shadow_allow_master",
            "module.infra.module.private-gke-autopilot-cluster.module.gke.google_compute_firewall.shadow_allow_nodes",
            "module.infra.module.private-gke-autopilot-cluster.module.gke.google_compute_firewall.shadow_allow_pods",
            "module.infra.module.private-gke-autopilot-cluster.module.gke.google_compute_firewall.shadow_deny_exkubelet",
            "module.infra.module.private-gke-autopilot-cluster.module.gke.google_compute_firewall.tpu_egress",
            "module.infra.module.private-gke-autopilot-cluster.module.gke.google_container_cluster.primary",
            "module.infra.module.private-gke-autopilot-cluster.module.gke.google_project_iam_member.cluster_service_account-artifact-registry",
            "module.infra.module.private-gke-autopilot-cluster.module.gke.google_project_iam_member.cluster_service_account-gcr",
            "module.infra.module.private-gke-autopilot-cluster.module.gke.google_project_iam_member.cluster_service_account-metric_writer",
            "module.infra.module.private-gke-autopilot-cluster.module.gke.google_project_iam_member.cluster_service_account-nodeService_account",
            "module.infra.module.private-gke-autopilot-cluster.module.gke.google_project_iam_member.cluster_service_account-resourceMetadata-writer",
            "module.infra.module.private-gke-autopilot-cluster.module.gke.google_project_iam_member.service_agent",
            "module.infra.module.private-gke-autopilot-cluster.module.gke.google_project_service_identity.fleet_project",
            "module.infra.module.private-gke-autopilot-cluster.module.gke.google_service_account.cluster_service_account",
            "module.infra.module.private-gke-autopilot-cluster.module.gke.kubernetes_config_map.ip-masq-agent",
            "module.infra.module.private-gke-autopilot-cluster.module.gke.kubernetes_config_map_v1_data.kube-dns",
            "module.infra.module.private-gke-autopilot-cluster.module.gke.kubernetes_config_map_v1_data.kube-dns-upstream-nameservers-and-stub-domains",
            "module.infra.module.private-gke-autopilot-cluster.module.gke.kubernetes_config_map_v1_data.kube-dns-upstream-namservers",
            "module.infra.module.private-gke-autopilot-cluster.module.gke.random_shuffle.available_zones",
            "module.infra.module.private-gke-autopilot-cluster.module.gke.random_string.cluster_service_account_suffix",
            "module.infra.module.private-gke-standard-cluster.google_gke_hub_membership.gke-fleet",
            "module.infra.module.private-gke-standard-cluster.module.gke.data.google_compute_subnetwork.gke_subnetwork",
            "module.infra.module.private-gke-standard-cluster.module.gke.data.google_compute_zones.available",
            "module.infra.module.private-gke-standard-cluster.module.gke.data.google_container_engine_versions.region",
            "module.infra.module.private-gke-standard-cluster.module.gke.data.google_container_engine_versions.zone",
            "module.infra.module.private-gke-standard-cluster.module.gke.google_compute_firewall.intra_egress",
            "module.infra.module.private-gke-standard-cluster.module.gke.google_compute_firewall.master_webhooks",
            "module.infra.module.private-gke-standard-cluster.module.gke.google_compute_firewall.shadow_allow_inkubelet",
            "module.infra.module.private-gke-standard-cluster.module.gke.google_compute_firewall.shadow_allow_master",
            "module.infra.module.private-gke-standard-cluster.module.gke.google_compute_firewall.shadow_allow_nodes",
            "module.infra.module.private-gke-standard-cluster.module.gke.google_compute_firewall.shadow_allow_pods",
            "module.infra.module.private-gke-standard-cluster.module.gke.google_compute_firewall.shadow_deny_exkubelet",
            "module.infra.module.private-gke-standard-cluster.module.gke.google_compute_firewall.tpu_egress",
            "module.infra.module.private-gke-standard-cluster.module.gke.google_container_cluster.primary",
            "module.infra.module.private-gke-standard-cluster.module.gke.google_container_node_pool.pools",
            "module.infra.module.private-gke-standard-cluster.module.gke.google_container_node_pool.windows_pools",
            "module.infra.module.private-gke-standard-cluster.module.gke.google_project_iam_member.cluster_service_account-artifact-registry",
            "module.infra.module.private-gke-standard-cluster.module.gke.google_project_iam_member.cluster_service_account-gcr",
            "module.infra.module.private-gke-standard-cluster.module.gke.google_project_iam_member.cluster_service_account-metric_writer",
            "module.infra.module.private-gke-standard-cluster.module.gke.google_project_iam_member.cluster_service_account-nodeService_account",
            "module.infra.module.private-gke-standard-cluster.module.gke.google_project_iam_member.cluster_service_account-resourceMetadata-writer",
            "module.infra.module.private-gke-standard-cluster.module.gke.google_service_account.cluster_service_account",
            "module.infra.module.private-gke-standard-cluster.module.gke.kubernetes_config_map.ip-masq-agent",
            "module.infra.module.private-gke-standard-cluster.module.gke.kubernetes_config_map_v1_data.kube-dns",
            "module.infra.module.private-gke-standard-cluster.module.gke.kubernetes_config_map_v1_data.kube-dns-upstream-nameservers-and-stub-domains",
            "module.infra.module.private-gke-standard-cluster.module.gke.kubernetes_config_map_v1_data.kube-dns-upstream-namservers",
            "module.infra.module.private-gke-standard-cluster.module.gke.random_shuffle.available_zones",
            "module.infra.module.private-gke-standard-cluster.module.gke.random_string.cluster_service_account_suffix",
            "module.infra.module.public-gke-autopilot-cluster.module.gke.data.google_compute_subnetwork.gke_subnetwork",
            "module.infra.module.public-gke-autopilot-cluster.module.gke.data.google_compute_zones.available",
            "module.infra.module.public-gke-autopilot-cluster.module.gke.data.google_container_engine_versions.region",
            "module.infra.module.public-gke-autopilot-cluster.module.gke.data.google_container_engine_versions.zone",
            "module.infra.module.public-gke-autopilot-cluster.module.gke.google_compute_firewall.intra_egress",
            "module.infra.module.public-gke-autopilot-cluster.module.gke.google_compute_firewall.master_webhooks",
            "module.infra.module.public-gke-autopilot-cluster.module.gke.google_compute_firewall.shadow_allow_inkubelet",
            "module.infra.module.public-gke-autopilot-cluster.module.gke.google_compute_firewall.shadow_allow_master",
            "module.infra.module.public-gke-autopilot-cluster.module.gke.google_compute_firewall.shadow_allow_nodes",
            "module.infra.module.public-gke-autopilot-cluster.module.gke.google_compute_firewall.shadow_allow_pods",
            "module.infra.module.public-gke-autopilot-cluster.module.gke.google_compute_firewall.shadow_deny_exkubelet",
            "module.infra.module.public-gke-autopilot-cluster.module.gke.google_compute_firewall.tpu_egress",
            "module.infra.module.public-gke-autopilot-cluster.module.gke.google_container_cluster.primary",
            "module.infra.module.public-gke-autopilot-cluster.module.gke.google_project_iam_member.cluster_service_account-artifact-registry",
            "module.infra.module.public-gke-autopilot-cluster.module.gke.google_project_iam_member.cluster_service_account-gcr",
            "module.infra.module.public-gke-autopilot-cluster.module.gke.google_project_iam_member.cluster_service_account-metric_writer",
            "module.infra.module.public-gke-autopilot-cluster.module.gke.google_project_iam_member.cluster_service_account-nodeService_account",
            "module.infra.module.public-gke-autopilot-cluster.module.gke.google_project_iam_member.cluster_service_account-resourceMetadata-writer",
            "module.infra.module.public-gke-autopilot-cluster.module.gke.google_project_iam_member.service_agent",
            "module.infra.module.public-gke-autopilot-cluster.module.gke.google_project_service_identity.fleet_project",
            "module.infra.module.public-gke-autopilot-cluster.module.gke.google_service_account.cluster_service_account",
            "module.infra.module.public-gke-autopilot-cluster.module.gke.kubernetes_config_map.ip-masq-agent",
            "module.infra.module.public-gke-autopilot-cluster.module.gke.kubernetes_config_map_v1_data.kube-dns",
            "module.infra.module.public-gke-autopilot-cluster.module.gke.kubernetes_config_map_v1_data.kube-dns-upstream-nameservers-and-stub-domains",
            "module.infra.module.public-gke-autopilot-cluster.module.gke.kubernetes_config_map_v1_data.kube-dns-upstream-namservers",
            "module.infra.module.public-gke-autopilot-cluster.module.gke.random_shuffle.available_zones",
            "module.infra.module.public-gke-autopilot-cluster.module.gke.random_string.cluster_service_account_suffix",
            "module.infra.module.public-gke-standard-cluster.module.gke.data.google_compute_subnetwork.gke_subnetwork",
            "module.infra.module.public-gke-standard-cluster.module.gke.data.google_compute_zones.available",
            "module.infra.module.public-gke-standard-cluster.module.gke.data.google_container_engine_versions.region",
            "module.infra.module.public-gke-standard-cluster.module.gke.data.google_container_engine_versions.zone",
            "module.infra.module.public-gke-standard-cluster.module.gke.google_compute_firewall.intra_egress",
            "module.infra.module.public-gke-standard-cluster.module.gke.google_compute_firewall.master_webhooks",
            "module.infra.module.public-gke-standard-cluster.module.gke.google_compute_firewall.shadow_allow_inkubelet",
            "module.infra.module.public-gke-standard-cluster.module.gke.google_compute_firewall.shadow_allow_master",
            "module.infra.module.public-gke-standard-cluster.module.gke.google_compute_firewall.shadow_allow_nodes",
            "module.infra.module.public-gke-standard-cluster.module.gke.google_compute_firewall.shadow_allow_pods",
            "module.infra.module.public-gke-standard-cluster.module.gke.google_compute_firewall.shadow_deny_exkubelet",
            "module.infra.module.public-gke-standard-cluster.module.gke.google_compute_firewall.tpu_egress",
            "module.infra.module.public-gke-standard-cluster.module.gke.google_container_cluster.primary",
            "module.infra.module.public-gke-standard-cluster.module.gke.google_container_node_pool.pools",
            "module.infra.module.public-gke-standard-cluster.module.gke.google_container_node_pool.windows_pools",
            "module.infra.module.public-gke-standard-cluster.module.gke.google_project_iam_member.cluster_service_account-artifact-registry",
            "module.infra.module.public-gke-standard-cluster.module.gke.google_project_iam_member.cluster_service_account-gcr",
            "module.infra.module.public-gke-standard-cluster.module.gke.google_project_iam_member.cluster_service_account-metric_writer",
            "module.infra.module.public-gke-standard-cluster.module.gke.google_project_iam_member.cluster_service_account-nodeService_account",
            "module.infra.module.public-gke-standard-cluster.module.gke.google_project_iam_member.cluster_service_account-resourceMetadata-writer",
            "module.infra.module.public-gke-standard-cluster.module.gke.google_service_account.cluster_service_account",
            "module.infra.module.public-gke-standard-cluster.module.gke.kubernetes_config_map.ip-masq-agent",
            "module.infra.module.public-gke-standard-cluster.module.gke.kubernetes_config_map_v1_data.kube-dns",
            "module.infra.module.public-gke-standard-cluster.module.gke.kubernetes_config_map_v1_data.kube-dns-upstream-nameservers-and-stub-domains",
            "module.infra.module.public-gke-standard-cluster.module.gke.kubernetes_config_map_v1_data.kube-dns-upstream-namservers",
            "module.infra.module.public-gke-standard-cluster.module.gke.random_shuffle.available_zones",
            "module.infra.module.public-gke-standard-cluster.module.gke.random_string.cluster_service_account_suffix",
            "module.namespace.helm_release.app-namespace",
            "module.project-services.data.google_compute_default_service_account.default",
            "module.project-services.google_project_iam_member.project_service_identity_roles",
            "module.project-services.google_project_service.project_services",
            "module.project-services.google_project_service_identity.project_service_identities"
          ]
        }
      ]
    },
    {
      "module": "module.inference-server",
      "mode": "managed",
      "type": "kubernetes_service",
      "name": "inference_service",
      "provider": "provider[\"registry.terraform.io/hashicorp/kubernetes\"].rag",
      "instances": [
        {
          "schema_version": 1,
          "attributes": {
            "id": "ai-on-gke/mistral-7b-instruct-service",
            "metadata": [
              {
                "annotations": {
                  "cloud.google.com/load-balancer-type": "Internal",
                  "cloud.google.com/neg": "{\"ingress\":true}"
                },
                "generate_name": "",
                "generation": 0,
                "labels": {
                  "app": "mistral-7b-instruct"
                },
                "name": "mistral-7b-instruct-service",
                "namespace": "ai-on-gke",
                "resource_version": "6000",
                "uid": "5ef67f67-362e-4023-b744-163420022a17"
              }
            ],
            "spec": [
              {
                "allocate_load_balancer_node_ports": true,
                "cluster_ip": "34.118.226.184",
                "cluster_ips": [
                  "34.118.226.184"
                ],
                "external_ips": [],
                "external_name": "",
                "external_traffic_policy": "Cluster",
                "health_check_node_port": 0,
                "internal_traffic_policy": "Cluster",
                "ip_families": [
                  "IPv4"
                ],
                "ip_family_policy": "SingleStack",
                "load_balancer_class": "",
                "load_balancer_ip": "",
                "load_balancer_source_ranges": [],
                "port": [
                  {
                    "app_protocol": "",
                    "name": "",
                    "node_port": 32187,
                    "port": 80,
                    "protocol": "TCP",
                    "target_port": "8080"
                  }
                ],
                "publish_not_ready_addresses": false,
                "selector": {
                  "app": "mistral-7b-instruct"
                },
                "session_affinity": "ClientIP",
                "session_affinity_config": [
                  {
                    "client_ip": [
                      {
                        "timeout_seconds": 10800
                      }
                    ]
                  }
                ],
                "type": "LoadBalancer"
              }
            ],
            "status": [
              {
                "load_balancer": [
                  {
                    "ingress": [
                      {
                        "hostname": "",
                        "ip": "10.100.0.11"
                      }
                    ]
                  }
                ]
              }
            ],
            "timeouts": null,
            "wait_for_load_balancer": true
          },
          "sensitive_attributes": [],
          "private": "eyJlMmJmYjczMC1lY2FhLTExZTYtOGY4OC0zNDM2M2JjN2M0YzAiOnsiY3JlYXRlIjo2MDAwMDAwMDAwMDB9LCJzY2hlbWFfdmVyc2lvbiI6IjEifQ==",
          "dependencies": [
            "data.google_client_config.default",
            "data.google_container_cluster.default",
            "data.google_project.project",
            "module.infra.data.google_compute_subnetwork.subnetwork",
            "module.infra.module.custom-network.google_compute_global_address.google-managed-services-range",
            "module.infra.module.custom-network.google_compute_network.network",
            "module.infra.module.custom-network.google_compute_subnetwork.subnetwork",
            "module.infra.module.custom-network.google_service_networking_connection.private_service_access",
            "module.infra.module.private-gke-autopilot-cluster.google_gke_hub_membership.gke-fleet",
            "module.infra.module.private-gke-autopilot-cluster.module.gke.data.google_compute_subnetwork.gke_subnetwork",
            "module.infra.module.private-gke-autopilot-cluster.module.gke.data.google_compute_zones.available",
            "module.infra.module.private-gke-autopilot-cluster.module.gke.data.google_container_engine_versions.region",
            "module.infra.module.private-gke-autopilot-cluster.module.gke.data.google_container_engine_versions.zone",
            "module.infra.module.private-gke-autopilot-cluster.module.gke.google_compute_firewall.intra_egress",
            "module.infra.module.private-gke-autopilot-cluster.module.gke.google_compute_firewall.master_webhooks",
            "module.infra.module.private-gke-autopilot-cluster.module.gke.google_compute_firewall.shadow_allow_inkubelet",
            "module.infra.module.private-gke-autopilot-cluster.module.gke.google_compute_firewall.shadow_allow_master",
            "module.infra.module.private-gke-autopilot-cluster.module.gke.google_compute_firewall.shadow_allow_nodes",
            "module.infra.module.private-gke-autopilot-cluster.module.gke.google_compute_firewall.shadow_allow_pods",
            "module.infra.module.private-gke-autopilot-cluster.module.gke.google_compute_firewall.shadow_deny_exkubelet",
            "module.infra.module.private-gke-autopilot-cluster.module.gke.google_compute_firewall.tpu_egress",
            "module.infra.module.private-gke-autopilot-cluster.module.gke.google_container_cluster.primary",
            "module.infra.module.private-gke-autopilot-cluster.module.gke.google_project_iam_member.cluster_service_account-artifact-registry",
            "module.infra.module.private-gke-autopilot-cluster.module.gke.google_project_iam_member.cluster_service_account-gcr",
            "module.infra.module.private-gke-autopilot-cluster.module.gke.google_project_iam_member.cluster_service_account-metric_writer",
            "module.infra.module.private-gke-autopilot-cluster.module.gke.google_project_iam_member.cluster_service_account-nodeService_account",
            "module.infra.module.private-gke-autopilot-cluster.module.gke.google_project_iam_member.cluster_service_account-resourceMetadata-writer",
            "module.infra.module.private-gke-autopilot-cluster.module.gke.google_project_iam_member.service_agent",
            "module.infra.module.private-gke-autopilot-cluster.module.gke.google_project_service_identity.fleet_project",
            "module.infra.module.private-gke-autopilot-cluster.module.gke.google_service_account.cluster_service_account",
            "module.infra.module.private-gke-autopilot-cluster.module.gke.kubernetes_config_map.ip-masq-agent",
            "module.infra.module.private-gke-autopilot-cluster.module.gke.kubernetes_config_map_v1_data.kube-dns",
            "module.infra.module.private-gke-autopilot-cluster.module.gke.kubernetes_config_map_v1_data.kube-dns-upstream-nameservers-and-stub-domains",
            "module.infra.module.private-gke-autopilot-cluster.module.gke.kubernetes_config_map_v1_data.kube-dns-upstream-namservers",
            "module.infra.module.private-gke-autopilot-cluster.module.gke.random_shuffle.available_zones",
            "module.infra.module.private-gke-autopilot-cluster.module.gke.random_string.cluster_service_account_suffix",
            "module.infra.module.private-gke-standard-cluster.google_gke_hub_membership.gke-fleet",
            "module.infra.module.private-gke-standard-cluster.module.gke.data.google_compute_subnetwork.gke_subnetwork",
            "module.infra.module.private-gke-standard-cluster.module.gke.data.google_compute_zones.available",
            "module.infra.module.private-gke-standard-cluster.module.gke.data.google_container_engine_versions.region",
            "module.infra.module.private-gke-standard-cluster.module.gke.data.google_container_engine_versions.zone",
            "module.infra.module.private-gke-standard-cluster.module.gke.google_compute_firewall.intra_egress",
            "module.infra.module.private-gke-standard-cluster.module.gke.google_compute_firewall.master_webhooks",
            "module.infra.module.private-gke-standard-cluster.module.gke.google_compute_firewall.shadow_allow_inkubelet",
            "module.infra.module.private-gke-standard-cluster.module.gke.google_compute_firewall.shadow_allow_master",
            "module.infra.module.private-gke-standard-cluster.module.gke.google_compute_firewall.shadow_allow_nodes",
            "module.infra.module.private-gke-standard-cluster.module.gke.google_compute_firewall.shadow_allow_pods",
            "module.infra.module.private-gke-standard-cluster.module.gke.google_compute_firewall.shadow_deny_exkubelet",
            "module.infra.module.private-gke-standard-cluster.module.gke.google_compute_firewall.tpu_egress",
            "module.infra.module.private-gke-standard-cluster.module.gke.google_container_cluster.primary",
            "module.infra.module.private-gke-standard-cluster.module.gke.google_container_node_pool.pools",
            "module.infra.module.private-gke-standard-cluster.module.gke.google_container_node_pool.windows_pools",
            "module.infra.module.private-gke-standard-cluster.module.gke.google_project_iam_member.cluster_service_account-artifact-registry",
            "module.infra.module.private-gke-standard-cluster.module.gke.google_project_iam_member.cluster_service_account-gcr",
            "module.infra.module.private-gke-standard-cluster.module.gke.google_project_iam_member.cluster_service_account-metric_writer",
            "module.infra.module.private-gke-standard-cluster.module.gke.google_project_iam_member.cluster_service_account-nodeService_account",
            "module.infra.module.private-gke-standard-cluster.module.gke.google_project_iam_member.cluster_service_account-resourceMetadata-writer",
            "module.infra.module.private-gke-standard-cluster.module.gke.google_service_account.cluster_service_account",
            "module.infra.module.private-gke-standard-cluster.module.gke.kubernetes_config_map.ip-masq-agent",
            "module.infra.module.private-gke-standard-cluster.module.gke.kubernetes_config_map_v1_data.kube-dns",
            "module.infra.module.private-gke-standard-cluster.module.gke.kubernetes_config_map_v1_data.kube-dns-upstream-nameservers-and-stub-domains",
            "module.infra.module.private-gke-standard-cluster.module.gke.kubernetes_config_map_v1_data.kube-dns-upstream-namservers",
            "module.infra.module.private-gke-standard-cluster.module.gke.random_shuffle.available_zones",
            "module.infra.module.private-gke-standard-cluster.module.gke.random_string.cluster_service_account_suffix",
            "module.infra.module.public-gke-autopilot-cluster.module.gke.data.google_compute_subnetwork.gke_subnetwork",
            "module.infra.module.public-gke-autopilot-cluster.module.gke.data.google_compute_zones.available",
            "module.infra.module.public-gke-autopilot-cluster.module.gke.data.google_container_engine_versions.region",
            "module.infra.module.public-gke-autopilot-cluster.module.gke.data.google_container_engine_versions.zone",
            "module.infra.module.public-gke-autopilot-cluster.module.gke.google_compute_firewall.intra_egress",
            "module.infra.module.public-gke-autopilot-cluster.module.gke.google_compute_firewall.master_webhooks",
            "module.infra.module.public-gke-autopilot-cluster.module.gke.google_compute_firewall.shadow_allow_inkubelet",
            "module.infra.module.public-gke-autopilot-cluster.module.gke.google_compute_firewall.shadow_allow_master",
            "module.infra.module.public-gke-autopilot-cluster.module.gke.google_compute_firewall.shadow_allow_nodes",
            "module.infra.module.public-gke-autopilot-cluster.module.gke.google_compute_firewall.shadow_allow_pods",
            "module.infra.module.public-gke-autopilot-cluster.module.gke.google_compute_firewall.shadow_deny_exkubelet",
            "module.infra.module.public-gke-autopilot-cluster.module.gke.google_compute_firewall.tpu_egress",
            "module.infra.module.public-gke-autopilot-cluster.module.gke.google_container_cluster.primary",
            "module.infra.module.public-gke-autopilot-cluster.module.gke.google_project_iam_member.cluster_service_account-artifact-registry",
            "module.infra.module.public-gke-autopilot-cluster.module.gke.google_project_iam_member.cluster_service_account-gcr",
            "module.infra.module.public-gke-autopilot-cluster.module.gke.google_project_iam_member.cluster_service_account-metric_writer",
            "module.infra.module.public-gke-autopilot-cluster.module.gke.google_project_iam_member.cluster_service_account-nodeService_account",
            "module.infra.module.public-gke-autopilot-cluster.module.gke.google_project_iam_member.cluster_service_account-resourceMetadata-writer",
            "module.infra.module.public-gke-autopilot-cluster.module.gke.google_project_iam_member.service_agent",
            "module.infra.module.public-gke-autopilot-cluster.module.gke.google_project_service_identity.fleet_project",
            "module.infra.module.public-gke-autopilot-cluster.module.gke.google_service_account.cluster_service_account",
            "module.infra.module.public-gke-autopilot-cluster.module.gke.kubernetes_config_map.ip-masq-agent",
            "module.infra.module.public-gke-autopilot-cluster.module.gke.kubernetes_config_map_v1_data.kube-dns",
            "module.infra.module.public-gke-autopilot-cluster.module.gke.kubernetes_config_map_v1_data.kube-dns-upstream-nameservers-and-stub-domains",
            "module.infra.module.public-gke-autopilot-cluster.module.gke.kubernetes_config_map_v1_data.kube-dns-upstream-namservers",
            "module.infra.module.public-gke-autopilot-cluster.module.gke.random_shuffle.available_zones",
            "module.infra.module.public-gke-autopilot-cluster.module.gke.random_string.cluster_service_account_suffix",
            "module.infra.module.public-gke-standard-cluster.module.gke.data.google_compute_subnetwork.gke_subnetwork",
            "module.infra.module.public-gke-standard-cluster.module.gke.data.google_compute_zones.available",
            "module.infra.module.public-gke-standard-cluster.module.gke.data.google_container_engine_versions.region",
            "module.infra.module.public-gke-standard-cluster.module.gke.data.google_container_engine_versions.zone",
            "module.infra.module.public-gke-standard-cluster.module.gke.google_compute_firewall.intra_egress",
            "module.infra.module.public-gke-standard-cluster.module.gke.google_compute_firewall.master_webhooks",
            "module.infra.module.public-gke-standard-cluster.module.gke.google_compute_firewall.shadow_allow_inkubelet",
            "module.infra.module.public-gke-standard-cluster.module.gke.google_compute_firewall.shadow_allow_master",
            "module.infra.module.public-gke-standard-cluster.module.gke.google_compute_firewall.shadow_allow_nodes",
            "module.infra.module.public-gke-standard-cluster.module.gke.google_compute_firewall.shadow_allow_pods",
            "module.infra.module.public-gke-standard-cluster.module.gke.google_compute_firewall.shadow_deny_exkubelet",
            "module.infra.module.public-gke-standard-cluster.module.gke.google_compute_firewall.tpu_egress",
            "module.infra.module.public-gke-standard-cluster.module.gke.google_container_cluster.primary",
            "module.infra.module.public-gke-standard-cluster.module.gke.google_container_node_pool.pools",
            "module.infra.module.public-gke-standard-cluster.module.gke.google_container_node_pool.windows_pools",
            "module.infra.module.public-gke-standard-cluster.module.gke.google_project_iam_member.cluster_service_account-artifact-registry",
            "module.infra.module.public-gke-standard-cluster.module.gke.google_project_iam_member.cluster_service_account-gcr",
            "module.infra.module.public-gke-standard-cluster.module.gke.google_project_iam_member.cluster_service_account-metric_writer",
            "module.infra.module.public-gke-standard-cluster.module.gke.google_project_iam_member.cluster_service_account-nodeService_account",
            "module.infra.module.public-gke-standard-cluster.module.gke.google_project_iam_member.cluster_service_account-resourceMetadata-writer",
            "module.infra.module.public-gke-standard-cluster.module.gke.google_service_account.cluster_service_account",
            "module.infra.module.public-gke-standard-cluster.module.gke.kubernetes_config_map.ip-masq-agent",
            "module.infra.module.public-gke-standard-cluster.module.gke.kubernetes_config_map_v1_data.kube-dns",
            "module.infra.module.public-gke-standard-cluster.module.gke.kubernetes_config_map_v1_data.kube-dns-upstream-nameservers-and-stub-domains",
            "module.infra.module.public-gke-standard-cluster.module.gke.kubernetes_config_map_v1_data.kube-dns-upstream-namservers",
            "module.infra.module.public-gke-standard-cluster.module.gke.random_shuffle.available_zones",
            "module.infra.module.public-gke-standard-cluster.module.gke.random_string.cluster_service_account_suffix",
            "module.namespace.helm_release.app-namespace",
            "module.project-services.data.google_compute_default_service_account.default",
            "module.project-services.google_project_iam_member.project_service_identity_roles",
            "module.project-services.google_project_service.project_services",
            "module.project-services.google_project_service_identity.project_service_identities"
          ]
        }
      ]
    },
    {
      "module": "module.infra[0].module.custom-network[0]",
      "mode": "managed",
      "type": "google_compute_global_address",
      "name": "google-managed-services-range",
      "provider": "provider[\"registry.terraform.io/hashicorp/google\"]",
      "instances": [
        {
          "index_key": 0,
          "schema_version": 0,
          "attributes": {
            "address": "10.203.0.0",
            "address_type": "INTERNAL",
            "creation_timestamp": "2024-08-21T14:23:16.617-07:00",
            "description": "",
            "effective_labels": {},
            "id": "projects/genlu-gke-dev/global/addresses/google-managed-services-ml-network",
            "ip_version": "",
            "labels": {},
            "name": "google-managed-services-ml-network",
            "network": "https://www.googleapis.com/compute/v1/projects/genlu-gke-dev/global/networks/ml-network",
            "prefix_length": 16,
            "project": "genlu-gke-dev",
            "purpose": "VPC_PEERING",
            "self_link": "https://www.googleapis.com/compute/v1/projects/genlu-gke-dev/global/addresses/google-managed-services-ml-network",
            "terraform_labels": {},
            "timeouts": null
          },
          "sensitive_attributes": [],
          "private": "eyJlMmJmYjczMC1lY2FhLTExZTYtOGY4OC0zNDM2M2JjN2M0YzAiOnsiY3JlYXRlIjoxMjAwMDAwMDAwMDAwLCJkZWxldGUiOjEyMDAwMDAwMDAwMDAsInVwZGF0ZSI6MTIwMDAwMDAwMDAwMH19",
          "dependencies": [
            "module.infra.module.custom-network.google_compute_network.network",
            "module.project-services.data.google_compute_default_service_account.default",
            "module.project-services.google_project_iam_member.project_service_identity_roles",
            "module.project-services.google_project_service.project_services",
            "module.project-services.google_project_service_identity.project_service_identities"
          ]
        }
      ]
    },
    {
      "module": "module.infra[0].module.custom-network[0]",
      "mode": "managed",
      "type": "google_compute_network",
      "name": "network",
      "provider": "provider[\"registry.terraform.io/hashicorp/google\"]",
      "instances": [
        {
          "schema_version": 0,
          "attributes": {
            "auto_create_subnetworks": false,
            "delete_default_routes_on_create": false,
            "description": "",
            "enable_ula_internal_ipv6": false,
            "gateway_ipv4": "",
            "id": "projects/genlu-gke-dev/global/networks/ml-network",
            "internal_ipv6_range": "",
            "mtu": 0,
            "name": "ml-network",
            "network_firewall_policy_enforcement_order": "AFTER_CLASSIC_FIREWALL",
            "numeric_id": "5847350642316403776",
            "project": "genlu-gke-dev",
            "routing_mode": "GLOBAL",
            "self_link": "https://www.googleapis.com/compute/v1/projects/genlu-gke-dev/global/networks/ml-network",
            "timeouts": null
          },
          "sensitive_attributes": [],
          "private": "eyJlMmJmYjczMC1lY2FhLTExZTYtOGY4OC0zNDM2M2JjN2M0YzAiOnsiY3JlYXRlIjoxMjAwMDAwMDAwMDAwLCJkZWxldGUiOjEyMDAwMDAwMDAwMDAsInVwZGF0ZSI6MTIwMDAwMDAwMDAwMH19",
          "dependencies": [
            "module.project-services.data.google_compute_default_service_account.default",
            "module.project-services.google_project_iam_member.project_service_identity_roles",
            "module.project-services.google_project_service.project_services",
            "module.project-services.google_project_service_identity.project_service_identities"
          ]
        }
      ]
    },
    {
      "module": "module.infra[0].module.custom-network[0]",
      "mode": "managed",
      "type": "google_compute_subnetwork",
      "name": "subnetwork",
      "provider": "provider[\"registry.terraform.io/hashicorp/google\"]",
      "instances": [
        {
          "index_key": "us-central1/ml-network",
          "schema_version": 0,
          "attributes": {
            "creation_timestamp": "2024-08-21T14:23:16.769-07:00",
            "description": "",
            "external_ipv6_prefix": "",
            "fingerprint": null,
            "gateway_address": "10.100.0.1",
            "id": "projects/genlu-gke-dev/regions/us-central1/subnetworks/ml-network",
            "internal_ipv6_prefix": "",
            "ip_cidr_range": "10.100.0.0/16",
            "ipv6_access_type": "",
            "ipv6_cidr_range": "",
            "log_config": [],
            "name": "ml-network",
            "network": "https://www.googleapis.com/compute/v1/projects/genlu-gke-dev/global/networks/ml-network",
            "private_ip_google_access": true,
            "private_ipv6_google_access": "DISABLE_GOOGLE_ACCESS",
            "project": "genlu-gke-dev",
            "purpose": "PRIVATE",
            "region": "us-central1",
            "role": "",
            "secondary_ip_range": [
              {
                "ip_cidr_range": "10.28.0.0/14",
                "range_name": "gke-rag-addon-1-pods-b8a8b975"
              }
            ],
            "self_link": "https://www.googleapis.com/compute/v1/projects/genlu-gke-dev/regions/us-central1/subnetworks/ml-network",
            "stack_type": "IPV4_ONLY",
            "timeouts": null
          },
          "sensitive_attributes": [],
          "private": "eyJlMmJmYjczMC1lY2FhLTExZTYtOGY4OC0zNDM2M2JjN2M0YzAiOnsiY3JlYXRlIjoxMjAwMDAwMDAwMDAwLCJkZWxldGUiOjEyMDAwMDAwMDAwMDAsInVwZGF0ZSI6MTIwMDAwMDAwMDAwMH19",
          "dependencies": [
            "module.infra.module.custom-network.google_compute_network.network",
            "module.project-services.data.google_compute_default_service_account.default",
            "module.project-services.google_project_iam_member.project_service_identity_roles",
            "module.project-services.google_project_service.project_services",
            "module.project-services.google_project_service_identity.project_service_identities"
          ]
        }
      ]
    },
    {
      "module": "module.infra[0].module.custom-network[0]",
      "mode": "managed",
      "type": "google_service_networking_connection",
      "name": "private_service_access",
      "provider": "provider[\"registry.terraform.io/hashicorp/google\"]",
      "instances": [
        {
          "index_key": 0,
          "schema_version": 0,
          "attributes": {
            "deletion_policy": "ABANDON",
            "id": "https%3A%2F%2Fwww.googleapis.com%2Fcompute%2Fv1%2Fprojects%2Fgenlu-gke-dev%2Fglobal%2Fnetworks%2Fml-network:servicenetworking.googleapis.com",
            "network": "https://www.googleapis.com/compute/v1/projects/genlu-gke-dev/global/networks/ml-network",
            "peering": "servicenetworking-googleapis-com",
            "reserved_peering_ranges": [
              "google-managed-services-ml-network"
            ],
            "service": "servicenetworking.googleapis.com",
            "timeouts": null
          },
          "sensitive_attributes": [],
          "private": "eyJlMmJmYjczMC1lY2FhLTExZTYtOGY4OC0zNDM2M2JjN2M0YzAiOnsiY3JlYXRlIjo2MDAwMDAwMDAwMDAsImRlbGV0ZSI6NjAwMDAwMDAwMDAwLCJ1cGRhdGUiOjYwMDAwMDAwMDAwMH19",
          "dependencies": [
            "module.infra.module.custom-network.google_compute_global_address.google-managed-services-range",
            "module.infra.module.custom-network.google_compute_network.network",
            "module.project-services.data.google_compute_default_service_account.default",
            "module.project-services.google_project_iam_member.project_service_identity_roles",
            "module.project-services.google_project_service.project_services",
            "module.project-services.google_project_service_identity.project_service_identities"
          ]
        }
      ]
    },
    {
      "module": "module.infra[0].module.public-gke-standard-cluster[0].module.gke",
      "mode": "data",
      "type": "google_container_engine_versions",
      "name": "region",
      "provider": "provider[\"registry.terraform.io/hashicorp/google\"]",
      "instances": [
        {
          "schema_version": 0,
          "attributes": {
            "default_cluster_version": "1.29.7-gke.1008000",
            "id": "2024-08-21 21:52:49.829658314 +0000 UTC",
            "latest_master_version": "1.30.3-gke.1639000",
            "latest_node_version": "1.30.3-gke.1639000",
            "location": "us-central1",
            "project": "genlu-gke-dev",
            "release_channel_default_version": {
              "EXTENDED": "1.29.7-gke.1008000",
              "RAPID": "1.30.3-gke.1225000",
              "REGULAR": "1.29.7-gke.1008000",
              "STABLE": "1.29.6-gke.1254000"
            },
            "release_channel_latest_version": {
              "EXTENDED": "1.30.3-gke.1225000",
              "RAPID": "1.30.3-gke.1639000",
              "REGULAR": "1.30.3-gke.1225000",
              "STABLE": "1.30.2-gke.1587003"
            },
            "valid_master_versions": [
              "1.30.3-gke.1639000",
              "1.30.3-gke.1225000",
              "1.30.2-gke.1587003",
              "1.29.7-gke.1274000",
              "1.29.7-gke.1174000",
              "1.29.7-gke.1104000",
              "1.29.7-gke.1008000",
              "1.29.6-gke.1326000",
              "1.29.6-gke.1254000",
              "1.29.6-gke.1038001",
              "1.28.12-gke.1179000",
              "1.28.12-gke.1090000",
              "1.28.12-gke.1052000",
              "1.28.11-gke.1315000",
              "1.28.11-gke.1260000",
              "1.28.11-gke.1172000",
              "1.27.16-gke.1148000",
              "1.27.16-gke.1082000",
              "1.27.16-gke.1051000",
              "1.27.16-gke.1008000",
              "1.27.15-gke.1252000",
              "1.27.15-gke.1154000"
            ],
            "valid_node_versions": [
              "1.30.3-gke.1639000",
              "1.30.3-gke.1451000",
              "1.30.3-gke.1225000",
              "1.30.2-gke.1587003",
              "1.30.1-gke.1329003",
              "1.29.7-gke.1274000",
              "1.29.7-gke.1174000",
              "1.29.7-gke.1104000",
              "1.29.7-gke.1008000",
              "1.29.6-gke.1326000",
              "1.29.6-gke.1254000",
              "1.29.6-gke.1137000",
              "1.29.6-gke.1038001",
              "1.29.6-gke.1038000",
              "1.29.5-gke.1192000",
              "1.29.5-gke.1121000",
              "1.29.5-gke.1091002",
              "1.29.5-gke.1091001",
              "1.29.5-gke.1091000",
              "1.29.5-gke.1060001",
              "1.29.5-gke.1060000",
              "1.29.5-gke.1010000",
              "1.29.4-gke.1670000",
              "1.29.4-gke.1542000",
              "1.29.4-gke.1447001",
              "1.29.4-gke.1447000",
              "1.29.4-gke.1165000",
              "1.29.4-gke.1043004",
              "1.29.4-gke.1043002",
              "1.29.4-gke.1043001",
              "1.29.4-gke.1043000",
              "1.29.3-gke.1282005",
              "1.29.3-gke.1282001",
              "1.29.3-gke.1282000",
              "1.29.3-gke.1093006",
              "1.29.3-gke.1093000",
              "1.29.2-gke.1521000",
              "1.29.2-gke.1217000",
              "1.29.2-gke.1060000",
              "1.29.1-gke.1589020",
              "1.29.1-gke.1589018",
              "1.29.1-gke.1589017",
              "1.29.1-gke.1589000",
              "1.29.1-gke.1575000",
              "1.29.1-gke.1425000",
              "1.29.1-gke.1016000",
              "1.29.0-gke.1381000",
              "1.28.12-gke.1179000",
              "1.28.12-gke.1090000",
              "1.28.12-gke.1052000",
              "1.28.11-gke.1315000",
              "1.28.11-gke.1289000",
              "1.28.11-gke.1260000",
              "1.28.11-gke.1172000",
              "1.28.11-gke.1170000",
              "1.28.11-gke.1019001",
              "1.28.11-gke.1019000",
              "1.28.10-gke.1148001",
              "1.28.10-gke.1148000",
              "1.28.10-gke.1141000",
              "1.28.10-gke.1089002",
              "1.28.10-gke.1089000",
              "1.28.10-gke.1075001",
              "1.28.10-gke.1075000",
              "1.28.10-gke.1058001",
              "1.28.10-gke.1058000",
              "1.28.10-gke.1012000",
              "1.28.9-gke.1289002",
              "1.28.9-gke.1289000",
              "1.28.9-gke.1250000",
              "1.28.9-gke.1209001",
              "1.28.9-gke.1209000",
              "1.28.9-gke.1069002",
              "1.28.9-gke.1069000",
              "1.28.9-gke.1000000",
              "1.28.8-gke.1175000",
              "1.28.8-gke.1095000",
              "1.28.7-gke.1226000",
              "1.28.7-gke.1100000",
              "1.28.7-gke.1026001",
              "1.28.7-gke.1026000",
              "1.28.6-gke.1456000",
              "1.28.6-gke.1369000",
              "1.28.6-gke.1289000",
              "1.28.6-gke.1095000",
              "1.28.5-gke.1217000",
              "1.28.4-gke.1083000",
              "1.28.3-gke.1286000",
              "1.28.3-gke.1203001",
              "1.28.3-gke.1203000",
              "1.28.3-gke.1118000",
              "1.28.3-gke.1098000",
              "1.28.3-gke.1090000",
              "1.28.2-gke.1157000",
              "1.27.16-gke.1148000",
              "1.27.16-gke.1082000",
              "1.27.16-gke.1051000",
              "1.27.16-gke.1008000",
              "1.27.15-gke.1252000",
              "1.27.15-gke.1154000",
              "1.27.15-gke.1125000",
              "1.27.15-gke.1012003",
              "1.27.15-gke.1012000",
              "1.27.14-gke.1100002",
              "1.27.14-gke.1100000",
              "1.27.14-gke.1093000",
              "1.27.14-gke.1059002",
              "1.27.14-gke.1059001",
              "1.27.14-gke.1059000",
              "1.27.14-gke.1042001",
              "1.27.14-gke.1042000",
              "1.27.14-gke.1022001",
              "1.27.14-gke.1022000",
              "1.27.14-gke.1011000",
              "1.27.13-gke.1201002",
              "1.27.13-gke.1201000",
              "1.27.13-gke.1166001",
              "1.27.13-gke.1166000",
              "1.27.13-gke.1070002",
              "1.27.13-gke.1070000",
              "1.27.13-gke.1000000",
              "1.27.12-gke.1190000",
              "1.27.12-gke.1115000",
              "1.27.11-gke.1202000",
              "1.27.11-gke.1118000",
              "1.27.11-gke.1062004",
              "1.27.11-gke.1062003",
              "1.27.11-gke.1062001",
              "1.27.11-gke.1062000",
              "1.27.11-gke.1018000",
              "1.27.10-gke.1207000",
              "1.27.10-gke.1152000",
              "1.27.10-gke.1055000",
              "1.27.9-gke.1092000",
              "1.27.8-gke.1067004",
              "1.27.8-gke.1067000",
              "1.27.7-gke.1293000",
              "1.27.7-gke.1121002",
              "1.27.7-gke.1121000",
              "1.27.7-gke.1088000",
              "1.27.7-gke.1056000",
              "1.27.7-gke.1038000",
              "1.27.6-gke.1506000",
              "1.27.6-gke.1445000",
              "1.27.6-gke.1248000",
              "1.27.5-gke.200",
              "1.27.4-gke.900",
              "1.27.3-gke.1700",
              "1.27.3-gke.100",
              "1.27.2-gke.2100",
              "1.27.2-gke.1200",
              "1.26.15-gke.1469001",
              "1.26.15-gke.1469000",
              "1.26.15-gke.1436000",
              "1.26.15-gke.1404002",
              "1.26.15-gke.1404000",
              "1.26.15-gke.1390001",
              "1.26.15-gke.1390000",
              "1.26.15-gke.1381001",
              "1.26.15-gke.1381000",
              "1.26.15-gke.1372001",
              "1.26.15-gke.1360000",
              "1.26.15-gke.1320002",
              "1.26.15-gke.1320000",
              "1.26.15-gke.1300001",
              "1.26.15-gke.1300000",
              "1.26.15-gke.1243000",
              "1.26.15-gke.1191001",
              "1.26.15-gke.1191000",
              "1.26.15-gke.1158000",
              "1.26.15-gke.1090004",
              "1.26.15-gke.1090000",
              "1.26.14-gke.1133000",
              "1.26.14-gke.1076000",
              "1.26.14-gke.1044001",
              "1.26.14-gke.1044000",
              "1.26.14-gke.1006000",
              "1.26.13-gke.1189000",
              "1.26.13-gke.1144000",
              "1.26.13-gke.1052000",
              "1.26.12-gke.1111000",
              "1.26.11-gke.1055000",
              "1.26.10-gke.1235000",
              "1.26.10-gke.1101000",
              "1.26.10-gke.1073000",
              "1.26.10-gke.1038000",
              "1.26.10-gke.1024000",
              "1.26.9-gke.1507000",
              "1.26.9-gke.1437000",
              "1.26.9-gke.1256000",
              "1.26.8-gke.200",
              "1.26.7-gke.500",
              "1.26.6-gke.1700",
              "1.26.5-gke.2700",
              "1.26.5-gke.2100",
              "1.26.5-gke.1400",
              "1.26.5-gke.1200",
              "1.26.4-gke.1400",
              "1.26.4-gke.500",
              "1.26.3-gke.1000",
              "1.26.3-gke.400",
              "1.26.2-gke.1000",
              "1.26.1-gke.1500",
              "1.25.16-gke.1759000",
              "1.25.16-gke.1711000",
              "1.25.16-gke.1648000",
              "1.25.16-gke.1596000",
              "1.25.16-gke.1570000",
              "1.25.16-gke.1537000",
              "1.25.16-gke.1497000",
              "1.25.16-gke.1460000",
              "1.25.16-gke.1360000",
              "1.25.16-gke.1268000",
              "1.25.16-gke.1041000",
              "1.25.16-gke.1020000",
              "1.25.15-gke.1115000",
              "1.25.15-gke.1083000",
              "1.25.15-gke.1049000",
              "1.25.15-gke.1033000",
              "1.25.14-gke.1474000",
              "1.25.14-gke.1421000",
              "1.25.14-gke.1256000",
              "1.25.13-gke.200",
              "1.25.12-gke.500",
              "1.25.11-gke.1700",
              "1.25.10-gke.2700",
              "1.25.10-gke.2100",
              "1.25.10-gke.1400",
              "1.25.10-gke.1200",
              "1.25.9-gke.2300",
              "1.25.9-gke.400",
              "1.25.8-gke.1000",
              "1.25.8-gke.500",
              "1.25.7-gke.1000",
              "1.25.6-gke.1000",
              "1.25.6-gke.200",
              "1.25.5-gke.2000",
              "1.25.5-gke.1500",
              "1.25.4-gke.2100",
              "1.25.3-gke.800",
              "1.24.17-gke.2472000",
              "1.24.17-gke.2364000",
              "1.24.17-gke.2347000",
              "1.24.17-gke.2266000",
              "1.24.17-gke.2230000",
              "1.24.17-gke.2211000",
              "1.24.17-gke.2198000",
              "1.24.17-gke.2155000",
              "1.24.17-gke.2113000",
              "1.24.17-gke.1963000",
              "1.24.17-gke.200",
              "1.24.16-gke.500",
              "1.24.15-gke.1700",
              "1.24.14-gke.2700",
              "1.24.14-gke.2100",
              "1.24.14-gke.1400",
              "1.24.14-gke.1200",
              "1.24.13-gke.2500",
              "1.24.13-gke.500",
              "1.24.12-gke.1000",
              "1.24.12-gke.500",
              "1.24.11-gke.1000",
              "1.24.10-gke.2300",
              "1.24.10-gke.1200",
              "1.24.9-gke.3200",
              "1.24.9-gke.2000",
              "1.24.9-gke.1500",
              "1.24.8-gke.2000",
              "1.24.8-gke.401",
              "1.24.7-gke.900",
              "1.24.6-gke.1500",
              "1.24.5-gke.600",
              "1.24.4-gke.800",
              "1.24.3-gke.2100",
              "1.24.3-gke.900",
              "1.24.3-gke.200",
              "1.24.2-gke.1900",
              "1.24.2-gke.300",
              "1.24.1-gke.1800",
              "1.24.1-gke.1400",
              "1.23.17-gke.10700",
              "1.23.17-gke.10000",
              "1.23.17-gke.8400",
              "1.23.17-gke.7700",
              "1.23.17-gke.7000",
              "1.23.17-gke.6800",
              "1.23.17-gke.5600",
              "1.23.17-gke.3600",
              "1.23.17-gke.2000",
              "1.23.17-gke.1700",
              "1.23.17-gke.300",
              "1.23.16-gke.2500",
              "1.23.16-gke.1400",
              "1.23.16-gke.1100",
              "1.23.16-gke.200",
              "1.23.15-gke.1900",
              "1.23.15-gke.1400",
              "1.23.14-gke.1800",
              "1.23.14-gke.401",
              "1.23.13-gke.900",
              "1.23.12-gke.1600",
              "1.23.12-gke.100",
              "1.23.11-gke.300",
              "1.23.10-gke.1000",
              "1.23.9-gke.2100",
              "1.23.9-gke.900",
              "1.23.8-gke.1900",
              "1.23.8-gke.400",
              "1.23.7-gke.1400",
              "1.23.6-gke.2200",
              "1.23.6-gke.1700",
              "1.23.6-gke.1501",
              "1.23.6-gke.1500",
              "1.23.5-gke.2400",
              "1.23.5-gke.1503",
              "1.23.5-gke.1501",
              "1.22.17-gke.14100",
              "1.22.17-gke.13400",
              "1.22.17-gke.12700",
              "1.22.17-gke.11400",
              "1.22.17-gke.9400",
              "1.22.17-gke.8000",
              "1.22.17-gke.7500",
              "1.22.17-gke.6100",
              "1.22.17-gke.5400",
              "1.22.17-gke.4300",
              "1.22.17-gke.4000",
              "1.22.17-gke.3100",
              "1.22.17-gke.1900",
              "1.22.17-gke.1400",
              "1.22.16-gke.2000",
              "1.22.16-gke.1300",
              "1.22.15-gke.2500",
              "1.22.15-gke.1000",
              "1.22.15-gke.100",
              "1.22.14-gke.300",
              "1.22.13-gke.1000",
              "1.22.12-gke.2300",
              "1.22.12-gke.1200",
              "1.22.12-gke.500",
              "1.22.12-gke.300",
              "1.22.11-gke.400",
              "1.22.10-gke.600",
              "1.22.9-gke.2000",
              "1.22.9-gke.1500",
              "1.22.9-gke.1300",
              "1.22.8-gke.2200",
              "1.22.8-gke.202",
              "1.22.8-gke.201",
              "1.22.8-gke.200",
              "1.22.7-gke.1500",
              "1.22.7-gke.1300",
              "1.22.7-gke.900",
              "1.22.7-gke.300",
              "1.22.6-gke.1000",
              "1.22.6-gke.300",
              "1.22.4-gke.1501",
              "1.22.3-gke.1500",
              "1.21.14-gke.18800",
              "1.21.14-gke.18100",
              "1.21.14-gke.15800",
              "1.21.14-gke.14600",
              "1.21.14-gke.14100",
              "1.21.14-gke.8500",
              "1.21.14-gke.7100",
              "1.21.14-gke.5300",
              "1.21.14-gke.4300",
              "1.21.14-gke.3000",
              "1.21.14-gke.2700",
              "1.21.14-gke.2100",
              "1.21.14-gke.700",
              "1.21.13-gke.900",
              "1.21.12-gke.2200",
              "1.21.12-gke.1700",
              "1.21.12-gke.1500",
              "1.21.11-gke.1900",
              "1.21.11-gke.1100",
              "1.21.11-gke.900",
              "1.21.10-gke.2000",
              "1.21.10-gke.1500",
              "1.21.10-gke.1300",
              "1.21.10-gke.400",
              "1.21.9-gke.1002",
              "1.21.9-gke.1001",
              "1.21.9-gke.1000",
              "1.21.9-gke.300",
              "1.21.6-gke.1503",
              "1.21.6-gke.1501",
              "1.21.6-gke.1500",
              "1.21.5-gke.1805",
              "1.21.5-gke.1802",
              "1.21.5-gke.1302",
              "1.21.5-gke.1300",
              "1.21.4-gke.2302",
              "1.21.4-gke.2300",
              "1.21.3-gke.2003",
              "1.21.3-gke.2001",
              "1.20.15-gke.13700",
              "1.20.15-gke.13400",
              "1.20.15-gke.12800",
              "1.20.15-gke.11400",
              "1.20.15-gke.9900",
              "1.20.15-gke.8700",
              "1.20.15-gke.8200",
              "1.20.15-gke.8000",
              "1.20.15-gke.6000",
              "1.20.15-gke.5200",
              "1.20.15-gke.5000",
              "1.20.15-gke.4100",
              "1.20.15-gke.3600",
              "1.20.15-gke.3400",
              "1.20.15-gke.2500",
              "1.20.15-gke.1000",
              "1.20.15-gke.300",
              "1.20.12-gke.1500",
              "1.20.11-gke.1801",
              "1.20.11-gke.1300",
              "1.20.10-gke.2100",
              "1.20.10-gke.1600",
              "1.20.10-gke.301",
              "1.20.9-gke.2100",
              "1.20.9-gke.1001",
              "1.20.9-gke.1000",
              "1.20.9-gke.701",
              "1.20.9-gke.700",
              "1.20.8-gke.2101",
              "1.20.8-gke.2100",
              "1.20.8-gke.900",
              "1.20.8-gke.700",
              "1.20.7-gke.2200",
              "1.20.7-gke.1800",
              "1.20.6-gke.1400",
              "1.20.6-gke.1000",
              "1.19.16-gke.15700",
              "1.19.16-gke.14500",
              "1.19.16-gke.14000",
              "1.19.16-gke.13800",
              "1.19.16-gke.11800",
              "1.19.16-gke.11000",
              "1.19.16-gke.10800",
              "1.19.16-gke.9900",
              "1.19.16-gke.9400",
              "1.19.16-gke.9200",
              "1.19.16-gke.8300",
              "1.19.16-gke.6800",
              "1.19.16-gke.6100",
              "1.19.16-gke.3600",
              "1.19.16-gke.1500",
              "1.19.15-gke.1801",
              "1.19.15-gke.1300",
              "1.19.15-gke.500",
              "1.19.14-gke.2300",
              "1.19.14-gke.1900",
              "1.19.14-gke.301",
              "1.19.14-gke.300",
              "1.19.13-gke.1900",
              "1.19.13-gke.1200",
              "1.19.13-gke.701",
              "1.19.13-gke.700",
              "1.19.12-gke.2101",
              "1.19.12-gke.2100",
              "1.19.12-gke.1100",
              "1.19.12-gke.900",
              "1.19.12-gke.700",
              "1.19.11-gke.2101",
              "1.19.11-gke.2100",
              "1.19.11-gke.1701",
              "1.19.11-gke.1700",
              "1.19.10-gke.1701",
              "1.19.10-gke.1700",
              "1.19.10-gke.1601",
              "1.19.10-gke.1600",
              "1.19.10-gke.1001",
              "1.19.10-gke.1000",
              "1.19.9-gke.1900",
              "1.19.9-gke.1400",
              "1.19.9-gke.700",
              "1.19.9-gke.100",
              "1.19.8-gke.2000",
              "1.19.8-gke.1600",
              "1.19.8-gke.1000",
              "1.19.7-gke.2503",
              "1.19.7-gke.1500",
              "1.19.7-gke.1302",
              "1.19.7-gke.800",
              "1.19.6-gke.1700",
              "1.19.6-gke.1100",
              "1.19.6-gke.600",
              "1.18.20-gke.6101",
              "1.18.20-gke.6000",
              "1.18.20-gke.4501",
              "1.18.20-gke.4500",
              "1.18.20-gke.4100",
              "1.18.20-gke.3300",
              "1.18.20-gke.3001",
              "1.18.20-gke.3000",
              "1.18.20-gke.2300",
              "1.18.20-gke.901",
              "1.18.20-gke.900",
              "1.18.20-gke.501",
              "1.18.19-gke.2101",
              "1.18.19-gke.2100",
              "1.18.19-gke.1701",
              "1.18.19-gke.1700",
              "1.18.18-gke.1701",
              "1.18.18-gke.1700",
              "1.18.18-gke.1101",
              "1.18.18-gke.1100",
              "1.18.17-gke.1901",
              "1.18.17-gke.1900",
              "1.18.17-gke.1201",
              "1.18.17-gke.1200",
              "1.18.17-gke.700",
              "1.18.17-gke.100",
              "1.18.16-gke.2100",
              "1.18.16-gke.1201",
              "1.18.16-gke.1200",
              "1.18.16-gke.502",
              "1.18.16-gke.500",
              "1.18.16-gke.302",
              "1.18.16-gke.300",
              "1.18.15-gke.2500",
              "1.18.15-gke.1502",
              "1.18.15-gke.1501",
              "1.18.15-gke.1500",
              "1.18.15-gke.1102",
              "1.18.15-gke.1100",
              "1.18.15-gke.800",
              "1.18.14-gke.1600",
              "1.18.14-gke.1200",
              "1.18.12-gke.1210",
              "1.18.12-gke.1206",
              "1.18.12-gke.1205",
              "1.18.12-gke.1201",
              "1.18.12-gke.1200",
              "1.18.12-gke.300",
              "1.18.10-gke.2701",
              "1.18.10-gke.2101",
              "1.18.10-gke.1500",
              "1.18.10-gke.601",
              "1.18.9-gke.2501",
              "1.18.9-gke.1501",
              "1.18.9-gke.801",
              "1.18.6-gke.4801",
              "1.18.6-gke.3504",
              "1.18.6-gke.3503",
              "1.17.17-gke.9100",
              "1.17.17-gke.8500",
              "1.17.17-gke.8200",
              "1.17.17-gke.7800",
              "1.17.17-gke.7200",
              "1.17.17-gke.6700",
              "1.17.17-gke.6000",
              "1.17.17-gke.5400",
              "1.17.17-gke.4900",
              "1.17.17-gke.4400",
              "1.17.17-gke.3700",
              "1.17.17-gke.3000",
              "1.17.17-gke.2800",
              "1.17.17-gke.2500",
              "1.17.17-gke.1500",
              "1.17.17-gke.1101",
              "1.17.17-gke.1100",
              "1.17.17-gke.600",
              "1.17.16-gke.1600",
              "1.17.16-gke.1300",
              "1.17.15-gke.800",
              "1.17.15-gke.300",
              "1.17.14-gke.1600",
              "1.17.14-gke.1200",
              "1.17.14-gke.400",
              "1.17.13-gke.2600",
              "1.17.13-gke.2001",
              "1.17.13-gke.1401",
              "1.17.13-gke.1400",
              "1.17.13-gke.600",
              "1.17.12-gke.2502",
              "1.17.12-gke.1504",
              "1.17.12-gke.1501",
              "1.17.12-gke.500",
              "1.17.9-gke.6300",
              "1.17.9-gke.1504",
              "1.16.15-gke.14800",
              "1.16.15-gke.12500",
              "1.16.15-gke.11800",
              "1.16.15-gke.10600",
              "1.16.15-gke.7801",
              "1.16.15-gke.7800",
              "1.16.15-gke.7300",
              "1.16.15-gke.6900",
              "1.16.15-gke.6000",
              "1.16.15-gke.5500",
              "1.16.15-gke.4901",
              "1.16.15-gke.4301",
              "1.16.15-gke.4300",
              "1.16.15-gke.3500",
              "1.16.15-gke.2601",
              "1.16.15-gke.1600",
              "1.16.15-gke.500",
              "1.16.13-gke.404",
              "1.16.13-gke.403",
              "1.16.13-gke.401",
              "1.16.13-gke.400",
              "1.16.13-gke.1",
              "1.16.11-gke.5",
              "1.16.10-gke.8",
              "1.16.9-gke.6",
              "1.16.9-gke.2",
              "1.16.8-gke.15",
              "1.16.8-gke.12",
              "1.16.8-gke.9",
              "1.15.12-gke.6002",
              "1.15.12-gke.6001",
              "1.15.12-gke.5000",
              "1.15.12-gke.4002",
              "1.15.12-gke.4000",
              "1.15.12-gke.20",
              "1.15.12-gke.17",
              "1.15.12-gke.16",
              "1.15.12-gke.13",
              "1.15.12-gke.9",
              "1.15.12-gke.6",
              "1.15.12-gke.3",
              "1.15.12-gke.2",
              "1.15.11-gke.17",
              "1.15.11-gke.15",
              "1.15.11-gke.13",
              "1.15.11-gke.12",
              "1.15.11-gke.11",
              "1.15.11-gke.9",
              "1.15.11-gke.5",
              "1.15.11-gke.3",
              "1.15.11-gke.1",
              "1.15.9-gke.26",
              "1.15.9-gke.24",
              "1.15.9-gke.22",
              "1.15.9-gke.12",
              "1.15.9-gke.9",
              "1.15.9-gke.8",
              "1.15.8-gke.3",
              "1.15.8-gke.2",
              "1.15.7-gke.23",
              "1.15.7-gke.2",
              "1.15.4-gke.22",
              "1.14.10-gke.1504",
              "1.14.10-gke.902",
              "1.14.10-gke.50",
              "1.14.10-gke.46",
              "1.14.10-gke.45",
              "1.14.10-gke.42",
              "1.14.10-gke.41",
              "1.14.10-gke.40",
              "1.14.10-gke.37",
              "1.14.10-gke.36",
              "1.14.10-gke.34",
              "1.14.10-gke.32",
              "1.14.10-gke.31",
              "1.14.10-gke.27",
              "1.14.10-gke.24",
              "1.14.10-gke.22",
              "1.14.10-gke.21",
              "1.14.10-gke.17",
              "1.14.10-gke.0",
              "1.14.9-gke.23",
              "1.14.9-gke.2",
              "1.14.9-gke.0",
              "1.14.8-gke.33",
              "1.14.8-gke.21",
              "1.14.8-gke.18",
              "1.14.8-gke.17",
              "1.14.8-gke.14",
              "1.14.8-gke.12",
              "1.14.8-gke.7",
              "1.14.8-gke.2",
              "1.14.7-gke.40",
              "1.14.7-gke.25",
              "1.14.7-gke.23",
              "1.14.7-gke.17",
              "1.14.7-gke.14",
              "1.14.7-gke.10",
              "1.14.6-gke.13",
              "1.14.6-gke.2",
              "1.14.6-gke.1",
              "1.14.3-gke.11",
              "1.14.3-gke.10",
              "1.14.3-gke.9",
              "1.14.2-gke.9",
              "1.14.1-gke.5",
              "1.13.12-gke.30",
              "1.13.12-gke.25",
              "1.13.12-gke.17",
              "1.13.12-gke.16",
              "1.13.12-gke.14",
              "1.13.12-gke.13",
              "1.13.12-gke.10",
              "1.13.12-gke.8",
              "1.13.12-gke.4",
              "1.13.12-gke.2",
              "1.13.11-gke.23",
              "1.13.11-gke.15",
              "1.13.11-gke.14",
              "1.13.11-gke.12",
              "1.13.11-gke.11",
              "1.13.11-gke.9",
              "1.13.11-gke.5",
              "1.13.10-gke.7",
              "1.13.10-gke.0",
              "1.13.9-gke.11",
              "1.13.9-gke.3",
              "1.13.7-gke.24",
              "1.13.7-gke.19",
              "1.13.7-gke.15",
              "1.13.7-gke.8",
              "1.13.7-gke.0",
              "1.13.6-gke.13",
              "1.13.6-gke.6",
              "1.13.6-gke.5",
              "1.13.6-gke.0",
              "1.13.5-gke.10",
              "1.12.10-gke.22",
              "1.12.10-gke.20",
              "1.12.10-gke.19",
              "1.12.10-gke.18",
              "1.12.10-gke.17",
              "1.12.10-gke.15",
              "1.12.10-gke.13",
              "1.12.10-gke.11",
              "1.12.10-gke.5",
              "1.12.9-gke.16",
              "1.12.9-gke.15",
              "1.12.9-gke.13",
              "1.12.9-gke.10",
              "1.12.9-gke.7",
              "1.12.9-gke.3",
              "1.12.8-gke.12",
              "1.12.8-gke.10",
              "1.12.8-gke.7",
              "1.12.8-gke.6",
              "1.12.7-gke.26",
              "1.12.7-gke.25",
              "1.12.7-gke.24",
              "1.12.7-gke.22",
              "1.12.7-gke.21",
              "1.12.7-gke.17",
              "1.12.7-gke.10",
              "1.12.7-gke.7",
              "1.12.6-gke.11",
              "1.12.6-gke.10",
              "1.12.6-gke.7",
              "1.12.5-gke.10",
              "1.12.5-gke.5",
              "1.11.10-gke.6",
              "1.11.10-gke.5"
            ],
            "version_prefix": null
          },
          "sensitive_attributes": []
        }
      ]
    },
    {
      "module": "module.infra[0].module.public-gke-standard-cluster[0].module.gke",
      "mode": "data",
      "type": "google_container_engine_versions",
      "name": "zone",
      "provider": "provider[\"registry.terraform.io/hashicorp/google\"]",
      "instances": [
        {
          "schema_version": 0,
          "attributes": {
            "default_cluster_version": "1.29.7-gke.1008000",
            "id": "2024-08-21 21:52:49.825621845 +0000 UTC",
            "latest_master_version": "1.30.3-gke.1639000",
            "latest_node_version": "1.30.3-gke.1639000",
            "location": "us-central1-a",
            "project": "genlu-gke-dev",
            "release_channel_default_version": {
              "EXTENDED": "1.29.7-gke.1008000",
              "RAPID": "1.30.3-gke.1225000",
              "REGULAR": "1.29.7-gke.1008000",
              "STABLE": "1.29.6-gke.1254000"
            },
            "release_channel_latest_version": {
              "EXTENDED": "1.30.3-gke.1225000",
              "RAPID": "1.30.3-gke.1639000",
              "REGULAR": "1.30.3-gke.1225000",
              "STABLE": "1.30.2-gke.1587003"
            },
            "valid_master_versions": [
              "1.30.3-gke.1639000",
              "1.30.3-gke.1225000",
              "1.30.2-gke.1587003",
              "1.29.7-gke.1274000",
              "1.29.7-gke.1174000",
              "1.29.7-gke.1104000",
              "1.29.7-gke.1008000",
              "1.29.6-gke.1326000",
              "1.29.6-gke.1254000",
              "1.29.6-gke.1038001",
              "1.28.12-gke.1179000",
              "1.28.12-gke.1090000",
              "1.28.12-gke.1052000",
              "1.28.11-gke.1315000",
              "1.28.11-gke.1260000",
              "1.28.11-gke.1172000",
              "1.27.16-gke.1148000",
              "1.27.16-gke.1082000",
              "1.27.16-gke.1051000",
              "1.27.16-gke.1008000",
              "1.27.15-gke.1252000",
              "1.27.15-gke.1154000"
            ],
            "valid_node_versions": [
              "1.30.3-gke.1639000",
              "1.30.3-gke.1451000",
              "1.30.3-gke.1225000",
              "1.30.2-gke.1587003",
              "1.30.1-gke.1329003",
              "1.29.7-gke.1274000",
              "1.29.7-gke.1174000",
              "1.29.7-gke.1104000",
              "1.29.7-gke.1008000",
              "1.29.6-gke.1326000",
              "1.29.6-gke.1254000",
              "1.29.6-gke.1137000",
              "1.29.6-gke.1038001",
              "1.29.6-gke.1038000",
              "1.29.5-gke.1192000",
              "1.29.5-gke.1121000",
              "1.29.5-gke.1091002",
              "1.29.5-gke.1091001",
              "1.29.5-gke.1091000",
              "1.29.5-gke.1060001",
              "1.29.5-gke.1060000",
              "1.29.5-gke.1010000",
              "1.29.4-gke.1670000",
              "1.29.4-gke.1542000",
              "1.29.4-gke.1447001",
              "1.29.4-gke.1447000",
              "1.29.4-gke.1165000",
              "1.29.4-gke.1043004",
              "1.29.4-gke.1043002",
              "1.29.4-gke.1043001",
              "1.29.4-gke.1043000",
              "1.29.3-gke.1282005",
              "1.29.3-gke.1282001",
              "1.29.3-gke.1282000",
              "1.29.3-gke.1093006",
              "1.29.3-gke.1093000",
              "1.29.2-gke.1521000",
              "1.29.2-gke.1217000",
              "1.29.2-gke.1060000",
              "1.29.1-gke.1589020",
              "1.29.1-gke.1589018",
              "1.29.1-gke.1589017",
              "1.29.1-gke.1589000",
              "1.29.1-gke.1575000",
              "1.29.1-gke.1425000",
              "1.29.1-gke.1016000",
              "1.29.0-gke.1381000",
              "1.28.12-gke.1179000",
              "1.28.12-gke.1090000",
              "1.28.12-gke.1052000",
              "1.28.11-gke.1315000",
              "1.28.11-gke.1289000",
              "1.28.11-gke.1260000",
              "1.28.11-gke.1172000",
              "1.28.11-gke.1170000",
              "1.28.11-gke.1019001",
              "1.28.11-gke.1019000",
              "1.28.10-gke.1148001",
              "1.28.10-gke.1148000",
              "1.28.10-gke.1141000",
              "1.28.10-gke.1089002",
              "1.28.10-gke.1089000",
              "1.28.10-gke.1075001",
              "1.28.10-gke.1075000",
              "1.28.10-gke.1058001",
              "1.28.10-gke.1058000",
              "1.28.10-gke.1012000",
              "1.28.9-gke.1289002",
              "1.28.9-gke.1289000",
              "1.28.9-gke.1250000",
              "1.28.9-gke.1209001",
              "1.28.9-gke.1209000",
              "1.28.9-gke.1069002",
              "1.28.9-gke.1069000",
              "1.28.9-gke.1000000",
              "1.28.8-gke.1175000",
              "1.28.8-gke.1095000",
              "1.28.7-gke.1226000",
              "1.28.7-gke.1026001",
              "1.28.7-gke.1026000",
              "1.28.6-gke.1456000",
              "1.28.6-gke.1369000",
              "1.28.6-gke.1289000",
              "1.28.6-gke.1095000",
              "1.28.5-gke.1217000",
              "1.28.4-gke.1083000",
              "1.28.3-gke.1286000",
              "1.28.3-gke.1203001",
              "1.28.3-gke.1203000",
              "1.28.3-gke.1118000",
              "1.28.3-gke.1098000",
              "1.28.3-gke.1090000",
              "1.28.2-gke.1157000",
              "1.27.16-gke.1148000",
              "1.27.16-gke.1082000",
              "1.27.16-gke.1051000",
              "1.27.16-gke.1008000",
              "1.27.15-gke.1252000",
              "1.27.15-gke.1154000",
              "1.27.15-gke.1125000",
              "1.27.15-gke.1012003",
              "1.27.15-gke.1012000",
              "1.27.14-gke.1100002",
              "1.27.14-gke.1100000",
              "1.27.14-gke.1093000",
              "1.27.14-gke.1059002",
              "1.27.14-gke.1059001",
              "1.27.14-gke.1059000",
              "1.27.14-gke.1042001",
              "1.27.14-gke.1042000",
              "1.27.14-gke.1022001",
              "1.27.14-gke.1022000",
              "1.27.14-gke.1011000",
              "1.27.13-gke.1201002",
              "1.27.13-gke.1201000",
              "1.27.13-gke.1166001",
              "1.27.13-gke.1166000",
              "1.27.13-gke.1070002",
              "1.27.13-gke.1070000",
              "1.27.13-gke.1000000",
              "1.27.12-gke.1190000",
              "1.27.12-gke.1115000",
              "1.27.11-gke.1202000",
              "1.27.11-gke.1118000",
              "1.27.11-gke.1062004",
              "1.27.11-gke.1062003",
              "1.27.11-gke.1062001",
              "1.27.11-gke.1062000",
              "1.27.11-gke.1018000",
              "1.27.10-gke.1207000",
              "1.27.10-gke.1152000",
              "1.27.10-gke.1055000",
              "1.27.9-gke.1092000",
              "1.27.8-gke.1067004",
              "1.27.8-gke.1067000",
              "1.27.7-gke.1293000",
              "1.27.7-gke.1121002",
              "1.27.7-gke.1121000",
              "1.27.7-gke.1088000",
              "1.27.7-gke.1056000",
              "1.27.7-gke.1038000",
              "1.27.6-gke.1506000",
              "1.27.6-gke.1445000",
              "1.27.6-gke.1248000",
              "1.27.5-gke.200",
              "1.27.4-gke.900",
              "1.27.3-gke.1700",
              "1.27.3-gke.100",
              "1.27.2-gke.2100",
              "1.27.2-gke.1200",
              "1.26.15-gke.1469001",
              "1.26.15-gke.1469000",
              "1.26.15-gke.1436000",
              "1.26.15-gke.1404002",
              "1.26.15-gke.1404000",
              "1.26.15-gke.1390001",
              "1.26.15-gke.1390000",
              "1.26.15-gke.1381001",
              "1.26.15-gke.1381000",
              "1.26.15-gke.1372001",
              "1.26.15-gke.1360000",
              "1.26.15-gke.1320002",
              "1.26.15-gke.1320000",
              "1.26.15-gke.1300001",
              "1.26.15-gke.1300000",
              "1.26.15-gke.1243000",
              "1.26.15-gke.1191001",
              "1.26.15-gke.1191000",
              "1.26.15-gke.1158000",
              "1.26.15-gke.1090004",
              "1.26.15-gke.1090000",
              "1.26.14-gke.1133000",
              "1.26.14-gke.1076000",
              "1.26.14-gke.1044001",
              "1.26.14-gke.1044000",
              "1.26.14-gke.1006000",
              "1.26.13-gke.1189000",
              "1.26.13-gke.1144000",
              "1.26.13-gke.1052000",
              "1.26.12-gke.1111000",
              "1.26.11-gke.1055000",
              "1.26.10-gke.1235000",
              "1.26.10-gke.1101000",
              "1.26.10-gke.1073000",
              "1.26.10-gke.1038000",
              "1.26.10-gke.1024000",
              "1.26.9-gke.1507000",
              "1.26.9-gke.1437000",
              "1.26.8-gke.200",
              "1.26.7-gke.500",
              "1.26.6-gke.1700",
              "1.26.5-gke.2700",
              "1.26.5-gke.2100",
              "1.26.5-gke.1400",
              "1.26.5-gke.1200",
              "1.26.4-gke.1400",
              "1.26.4-gke.500",
              "1.26.3-gke.1000",
              "1.26.3-gke.400",
              "1.26.2-gke.1000",
              "1.26.1-gke.1500",
              "1.25.16-gke.1759000",
              "1.25.16-gke.1711000",
              "1.25.16-gke.1648000",
              "1.25.16-gke.1596000",
              "1.25.16-gke.1570000",
              "1.25.16-gke.1537000",
              "1.25.16-gke.1497000",
              "1.25.16-gke.1460000",
              "1.25.16-gke.1360000",
              "1.25.16-gke.1268000",
              "1.25.16-gke.1041000",
              "1.25.16-gke.1020000",
              "1.25.15-gke.1115000",
              "1.25.15-gke.1083000",
              "1.25.15-gke.1049000",
              "1.25.15-gke.1033000",
              "1.25.14-gke.1474000",
              "1.25.14-gke.1421000",
              "1.25.13-gke.200",
              "1.25.12-gke.500",
              "1.25.11-gke.1700",
              "1.25.10-gke.2700",
              "1.25.10-gke.2100",
              "1.25.10-gke.1400",
              "1.25.10-gke.1200",
              "1.25.9-gke.2300",
              "1.25.9-gke.400",
              "1.25.8-gke.1000",
              "1.25.8-gke.500",
              "1.25.7-gke.1000",
              "1.25.6-gke.1000",
              "1.25.6-gke.200",
              "1.25.5-gke.2000",
              "1.25.5-gke.1500",
              "1.25.4-gke.2100",
              "1.25.3-gke.800",
              "1.24.17-gke.2472000",
              "1.24.17-gke.2364000",
              "1.24.17-gke.2347000",
              "1.24.17-gke.2266000",
              "1.24.17-gke.2230000",
              "1.24.17-gke.2211000",
              "1.24.17-gke.2198000",
              "1.24.17-gke.2155000",
              "1.24.17-gke.2113000",
              "1.24.17-gke.200",
              "1.24.16-gke.500",
              "1.24.15-gke.1700",
              "1.24.14-gke.2700",
              "1.24.14-gke.2100",
              "1.24.14-gke.1400",
              "1.24.14-gke.1200",
              "1.24.13-gke.2500",
              "1.24.13-gke.500",
              "1.24.12-gke.1000",
              "1.24.12-gke.500",
              "1.24.11-gke.1000",
              "1.24.10-gke.2300",
              "1.24.10-gke.1200",
              "1.24.9-gke.3200",
              "1.24.9-gke.2000",
              "1.24.9-gke.1500",
              "1.24.8-gke.2000",
              "1.24.8-gke.401",
              "1.24.7-gke.900",
              "1.24.6-gke.1500",
              "1.24.5-gke.600",
              "1.24.4-gke.800",
              "1.24.3-gke.2100",
              "1.24.3-gke.900",
              "1.24.3-gke.200",
              "1.24.2-gke.1900",
              "1.24.2-gke.300",
              "1.24.1-gke.1800",
              "1.24.1-gke.1400",
              "1.23.17-gke.10700",
              "1.23.17-gke.10000",
              "1.23.17-gke.8400",
              "1.23.17-gke.7700",
              "1.23.17-gke.7000",
              "1.23.17-gke.6800",
              "1.23.17-gke.5600",
              "1.23.17-gke.3600",
              "1.23.17-gke.2000",
              "1.23.17-gke.1700",
              "1.23.17-gke.300",
              "1.23.16-gke.2500",
              "1.23.16-gke.1400",
              "1.23.16-gke.1100",
              "1.23.16-gke.200",
              "1.23.15-gke.1900",
              "1.23.15-gke.1400",
              "1.23.14-gke.1800",
              "1.23.14-gke.401",
              "1.23.13-gke.900",
              "1.23.12-gke.1600",
              "1.23.12-gke.100",
              "1.23.11-gke.300",
              "1.23.10-gke.1000",
              "1.23.9-gke.2100",
              "1.23.9-gke.900",
              "1.23.8-gke.1900",
              "1.23.8-gke.400",
              "1.23.7-gke.1400",
              "1.23.6-gke.2200",
              "1.23.6-gke.1700",
              "1.23.6-gke.1501",
              "1.23.6-gke.1500",
              "1.23.5-gke.2400",
              "1.23.5-gke.1503",
              "1.23.5-gke.1501",
              "1.22.17-gke.14100",
              "1.22.17-gke.13400",
              "1.22.17-gke.12700",
              "1.22.17-gke.11400",
              "1.22.17-gke.9400",
              "1.22.17-gke.8000",
              "1.22.17-gke.7500",
              "1.22.17-gke.6100",
              "1.22.17-gke.5400",
              "1.22.17-gke.4300",
              "1.22.17-gke.4000",
              "1.22.17-gke.3100",
              "1.22.17-gke.1900",
              "1.22.17-gke.1400",
              "1.22.16-gke.2000",
              "1.22.16-gke.1300",
              "1.22.15-gke.2500",
              "1.22.15-gke.1000",
              "1.22.15-gke.100",
              "1.22.14-gke.300",
              "1.22.13-gke.1000",
              "1.22.12-gke.2300",
              "1.22.12-gke.1200",
              "1.22.12-gke.500",
              "1.22.12-gke.300",
              "1.22.11-gke.400",
              "1.22.10-gke.600",
              "1.22.9-gke.2000",
              "1.22.9-gke.1500",
              "1.22.9-gke.1300",
              "1.22.8-gke.2200",
              "1.22.8-gke.202",
              "1.22.8-gke.201",
              "1.22.8-gke.200",
              "1.22.7-gke.1500",
              "1.22.7-gke.1300",
              "1.22.7-gke.900",
              "1.22.7-gke.300",
              "1.22.6-gke.1000",
              "1.22.6-gke.300",
              "1.22.4-gke.1501",
              "1.22.3-gke.1500",
              "1.21.14-gke.18800",
              "1.21.14-gke.18100",
              "1.21.14-gke.15800",
              "1.21.14-gke.14600",
              "1.21.14-gke.14100",
              "1.21.14-gke.8500",
              "1.21.14-gke.7100",
              "1.21.14-gke.5300",
              "1.21.14-gke.4300",
              "1.21.14-gke.3000",
              "1.21.14-gke.2700",
              "1.21.14-gke.2100",
              "1.21.14-gke.700",
              "1.21.13-gke.900",
              "1.21.12-gke.2200",
              "1.21.12-gke.1700",
              "1.21.12-gke.1500",
              "1.21.11-gke.1900",
              "1.21.11-gke.1100",
              "1.21.11-gke.900",
              "1.21.10-gke.2000",
              "1.21.10-gke.1500",
              "1.21.10-gke.1300",
              "1.21.10-gke.400",
              "1.21.9-gke.1002",
              "1.21.9-gke.1001",
              "1.21.9-gke.1000",
              "1.21.9-gke.300",
              "1.21.6-gke.1503",
              "1.21.6-gke.1501",
              "1.21.6-gke.1500",
              "1.21.5-gke.1805",
              "1.21.5-gke.1802",
              "1.21.5-gke.1302",
              "1.21.5-gke.1300",
              "1.21.4-gke.2302",
              "1.21.4-gke.2300",
              "1.21.3-gke.2003",
              "1.21.3-gke.2001",
              "1.20.15-gke.13700",
              "1.20.15-gke.13400",
              "1.20.15-gke.12800",
              "1.20.15-gke.11400",
              "1.20.15-gke.9900",
              "1.20.15-gke.8700",
              "1.20.15-gke.8200",
              "1.20.15-gke.8000",
              "1.20.15-gke.6000",
              "1.20.15-gke.5200",
              "1.20.15-gke.5000",
              "1.20.15-gke.4100",
              "1.20.15-gke.3600",
              "1.20.15-gke.3400",
              "1.20.15-gke.2500",
              "1.20.15-gke.1000",
              "1.20.15-gke.300",
              "1.20.12-gke.1500",
              "1.20.11-gke.1801",
              "1.20.11-gke.1300",
              "1.20.10-gke.2100",
              "1.20.10-gke.1600",
              "1.20.10-gke.301",
              "1.20.9-gke.2100",
              "1.20.9-gke.1001",
              "1.20.9-gke.1000",
              "1.20.9-gke.701",
              "1.20.9-gke.700",
              "1.20.8-gke.2101",
              "1.20.8-gke.2100",
              "1.20.8-gke.900",
              "1.20.8-gke.700",
              "1.20.7-gke.2200",
              "1.20.7-gke.1800",
              "1.20.6-gke.1400",
              "1.20.6-gke.1000",
              "1.19.16-gke.15700",
              "1.19.16-gke.14500",
              "1.19.16-gke.14000",
              "1.19.16-gke.13800",
              "1.19.16-gke.11800",
              "1.19.16-gke.11000",
              "1.19.16-gke.10800",
              "1.19.16-gke.9900",
              "1.19.16-gke.9400",
              "1.19.16-gke.9200",
              "1.19.16-gke.8300",
              "1.19.16-gke.6800",
              "1.19.16-gke.6100",
              "1.19.16-gke.3600",
              "1.19.15-gke.1801",
              "1.19.15-gke.1300",
              "1.19.15-gke.500",
              "1.19.14-gke.2300",
              "1.19.14-gke.1900",
              "1.19.14-gke.301",
              "1.19.14-gke.300",
              "1.19.13-gke.1900",
              "1.19.13-gke.1200",
              "1.19.13-gke.701",
              "1.19.13-gke.700",
              "1.19.12-gke.2101",
              "1.19.12-gke.2100",
              "1.19.12-gke.1100",
              "1.19.12-gke.900",
              "1.19.12-gke.700",
              "1.19.11-gke.2101",
              "1.19.11-gke.2100",
              "1.19.11-gke.1701",
              "1.19.11-gke.1700",
              "1.19.10-gke.1701",
              "1.19.10-gke.1700",
              "1.19.10-gke.1601",
              "1.19.10-gke.1600",
              "1.19.10-gke.1001",
              "1.19.10-gke.1000",
              "1.19.9-gke.1900",
              "1.19.9-gke.1400",
              "1.19.9-gke.700",
              "1.19.9-gke.100",
              "1.19.8-gke.2000",
              "1.19.8-gke.1600",
              "1.19.8-gke.1000",
              "1.19.7-gke.2503",
              "1.19.7-gke.1500",
              "1.19.7-gke.1302",
              "1.19.7-gke.800",
              "1.19.6-gke.1700",
              "1.19.6-gke.1100",
              "1.19.6-gke.600",
              "1.18.20-gke.6101",
              "1.18.20-gke.6000",
              "1.18.20-gke.4501",
              "1.18.20-gke.4500",
              "1.18.20-gke.4100",
              "1.18.20-gke.3300",
              "1.18.20-gke.3001",
              "1.18.20-gke.3000",
              "1.18.20-gke.2300",
              "1.18.20-gke.901",
              "1.18.20-gke.900",
              "1.18.20-gke.501",
              "1.18.19-gke.2101",
              "1.18.19-gke.2100",
              "1.18.19-gke.1701",
              "1.18.19-gke.1700",
              "1.18.18-gke.1701",
              "1.18.18-gke.1700",
              "1.18.18-gke.1101",
              "1.18.18-gke.1100",
              "1.18.17-gke.1901",
              "1.18.17-gke.1900",
              "1.18.17-gke.1201",
              "1.18.17-gke.1200",
              "1.18.17-gke.700",
              "1.18.17-gke.100",
              "1.18.16-gke.2100",
              "1.18.16-gke.1201",
              "1.18.16-gke.1200",
              "1.18.16-gke.502",
              "1.18.16-gke.500",
              "1.18.16-gke.302",
              "1.18.16-gke.300",
              "1.18.15-gke.2500",
              "1.18.15-gke.1502",
              "1.18.15-gke.1501",
              "1.18.15-gke.1500",
              "1.18.15-gke.1102",
              "1.18.15-gke.1100",
              "1.18.15-gke.800",
              "1.18.14-gke.1600",
              "1.18.14-gke.1200",
              "1.18.12-gke.1210",
              "1.18.12-gke.1206",
              "1.18.12-gke.1205",
              "1.18.12-gke.1201",
              "1.18.12-gke.1200",
              "1.18.12-gke.300",
              "1.18.10-gke.2701",
              "1.18.10-gke.2101",
              "1.18.10-gke.1500",
              "1.18.10-gke.601",
              "1.18.9-gke.2501",
              "1.18.9-gke.1501",
              "1.18.9-gke.801",
              "1.18.6-gke.4801",
              "1.18.6-gke.3504",
              "1.18.6-gke.3503",
              "1.17.17-gke.9100",
              "1.17.17-gke.8500",
              "1.17.17-gke.8200",
              "1.17.17-gke.7800",
              "1.17.17-gke.7200",
              "1.17.17-gke.6700",
              "1.17.17-gke.6000",
              "1.17.17-gke.5400",
              "1.17.17-gke.4900",
              "1.17.17-gke.4400",
              "1.17.17-gke.3700",
              "1.17.17-gke.3000",
              "1.17.17-gke.2800",
              "1.17.17-gke.2500",
              "1.17.17-gke.1500",
              "1.17.17-gke.1101",
              "1.17.17-gke.1100",
              "1.17.17-gke.600",
              "1.17.16-gke.1600",
              "1.17.16-gke.1300",
              "1.17.15-gke.800",
              "1.17.15-gke.300",
              "1.17.14-gke.1600",
              "1.17.14-gke.1200",
              "1.17.14-gke.400",
              "1.17.13-gke.2600",
              "1.17.13-gke.2001",
              "1.17.13-gke.1401",
              "1.17.13-gke.1400",
              "1.17.13-gke.600",
              "1.17.12-gke.2502",
              "1.17.12-gke.1504",
              "1.17.12-gke.1501",
              "1.17.12-gke.500",
              "1.17.9-gke.6300",
              "1.17.9-gke.1504",
              "1.16.15-gke.14800",
              "1.16.15-gke.12500",
              "1.16.15-gke.11800",
              "1.16.15-gke.10600",
              "1.16.15-gke.7801",
              "1.16.15-gke.7800",
              "1.16.15-gke.7300",
              "1.16.15-gke.6900",
              "1.16.15-gke.6000",
              "1.16.15-gke.5500",
              "1.16.15-gke.4901",
              "1.16.15-gke.4301",
              "1.16.15-gke.4300",
              "1.16.15-gke.3500",
              "1.16.15-gke.2601",
              "1.16.15-gke.1600",
              "1.16.15-gke.500",
              "1.16.13-gke.404",
              "1.16.13-gke.403",
              "1.16.13-gke.401",
              "1.16.13-gke.400",
              "1.16.13-gke.1",
              "1.16.11-gke.5",
              "1.16.10-gke.8",
              "1.16.9-gke.6",
              "1.16.9-gke.2",
              "1.16.8-gke.15",
              "1.16.8-gke.12",
              "1.16.8-gke.9",
              "1.15.12-gke.6002",
              "1.15.12-gke.6001",
              "1.15.12-gke.5000",
              "1.15.12-gke.4002",
              "1.15.12-gke.4000",
              "1.15.12-gke.20",
              "1.15.12-gke.17",
              "1.15.12-gke.16",
              "1.15.12-gke.13",
              "1.15.12-gke.9",
              "1.15.12-gke.6",
              "1.15.12-gke.3",
              "1.15.12-gke.2",
              "1.15.11-gke.17",
              "1.15.11-gke.15",
              "1.15.11-gke.13",
              "1.15.11-gke.12",
              "1.15.11-gke.11",
              "1.15.11-gke.9",
              "1.15.11-gke.5",
              "1.15.11-gke.3",
              "1.15.11-gke.1",
              "1.15.9-gke.26",
              "1.15.9-gke.24",
              "1.15.9-gke.22",
              "1.15.9-gke.12",
              "1.15.9-gke.9",
              "1.15.9-gke.8",
              "1.15.8-gke.3",
              "1.15.8-gke.2",
              "1.15.7-gke.23",
              "1.15.7-gke.2",
              "1.15.4-gke.22",
              "1.14.10-gke.1504",
              "1.14.10-gke.902",
              "1.14.10-gke.50",
              "1.14.10-gke.46",
              "1.14.10-gke.45",
              "1.14.10-gke.42",
              "1.14.10-gke.41",
              "1.14.10-gke.40",
              "1.14.10-gke.37",
              "1.14.10-gke.36",
              "1.14.10-gke.34",
              "1.14.10-gke.32",
              "1.14.10-gke.31",
              "1.14.10-gke.27",
              "1.14.10-gke.24",
              "1.14.10-gke.22",
              "1.14.10-gke.21",
              "1.14.10-gke.17",
              "1.14.10-gke.0",
              "1.14.9-gke.23",
              "1.14.9-gke.2",
              "1.14.9-gke.0",
              "1.14.8-gke.33",
              "1.14.8-gke.21",
              "1.14.8-gke.18",
              "1.14.8-gke.17",
              "1.14.8-gke.14",
              "1.14.8-gke.12",
              "1.14.8-gke.7",
              "1.14.8-gke.2",
              "1.14.7-gke.40",
              "1.14.7-gke.25",
              "1.14.7-gke.23",
              "1.14.7-gke.17",
              "1.14.7-gke.14",
              "1.14.7-gke.10",
              "1.14.6-gke.13",
              "1.14.6-gke.2",
              "1.14.6-gke.1",
              "1.14.3-gke.11",
              "1.14.3-gke.10",
              "1.14.3-gke.9",
              "1.14.2-gke.9",
              "1.14.1-gke.5",
              "1.13.12-gke.30",
              "1.13.12-gke.25",
              "1.13.12-gke.17",
              "1.13.12-gke.16",
              "1.13.12-gke.14",
              "1.13.12-gke.13",
              "1.13.12-gke.10",
              "1.13.12-gke.8",
              "1.13.12-gke.4",
              "1.13.12-gke.2",
              "1.13.11-gke.23",
              "1.13.11-gke.15",
              "1.13.11-gke.14",
              "1.13.11-gke.12",
              "1.13.11-gke.11",
              "1.13.11-gke.9",
              "1.13.11-gke.5",
              "1.13.10-gke.7",
              "1.13.10-gke.0",
              "1.13.9-gke.11",
              "1.13.9-gke.3",
              "1.13.7-gke.24",
              "1.13.7-gke.19",
              "1.13.7-gke.15",
              "1.13.7-gke.8",
              "1.13.7-gke.0",
              "1.13.6-gke.13",
              "1.13.6-gke.6",
              "1.13.6-gke.5",
              "1.13.6-gke.0",
              "1.13.5-gke.10",
              "1.12.10-gke.22",
              "1.12.10-gke.20",
              "1.12.10-gke.19",
              "1.12.10-gke.18",
              "1.12.10-gke.17",
              "1.12.10-gke.15",
              "1.12.10-gke.13",
              "1.12.10-gke.11",
              "1.12.10-gke.5",
              "1.12.9-gke.16",
              "1.12.9-gke.15",
              "1.12.9-gke.13",
              "1.12.9-gke.10",
              "1.12.9-gke.7",
              "1.12.9-gke.3",
              "1.12.8-gke.12",
              "1.12.8-gke.10",
              "1.12.8-gke.7",
              "1.12.8-gke.6",
              "1.12.7-gke.26",
              "1.12.7-gke.25",
              "1.12.7-gke.24",
              "1.12.7-gke.22",
              "1.12.7-gke.21",
              "1.12.7-gke.17",
              "1.12.7-gke.10",
              "1.12.7-gke.7",
              "1.12.6-gke.11",
              "1.12.6-gke.10",
              "1.12.6-gke.7",
              "1.12.5-gke.10",
              "1.12.5-gke.5",
              "1.11.10-gke.6",
              "1.11.10-gke.5"
            ],
            "version_prefix": null
          },
          "sensitive_attributes": []
        }
      ]
    },
    {
      "module": "module.infra[0].module.public-gke-standard-cluster[0].module.gke",
      "mode": "managed",
      "type": "google_container_cluster",
      "name": "primary",
      "provider": "provider[\"registry.terraform.io/hashicorp/google\"]",
      "instances": [
        {
          "schema_version": 2,
          "attributes": {
            "addons_config": [
              {
                "cloudrun_config": [],
                "config_connector_config": [
                  {
                    "enabled": false
                  }
                ],
                "dns_cache_config": [
                  {
                    "enabled": false
                  }
                ],
                "gce_persistent_disk_csi_driver_config": [
                  {
                    "enabled": true
                  }
                ],
                "gcp_filestore_csi_driver_config": [
                  {
                    "enabled": false
                  }
                ],
                "gcs_fuse_csi_driver_config": [
                  {
                    "enabled": true
                  }
                ],
                "gke_backup_agent_config": [
                  {
                    "enabled": false
                  }
                ],
                "horizontal_pod_autoscaling": [
                  {
                    "disabled": false
                  }
                ],
                "http_load_balancing": [
                  {
                    "disabled": false
                  }
                ],
                "network_policy_config": [
                  {
                    "disabled": true
                  }
                ],
                "ray_operator_config": [
                  {
                    "enabled": true,
                    "ray_cluster_logging_config": [
                      {
                        "enabled": true
                      }
                    ],
                    "ray_cluster_monitoring_config": [
                      {
                        "enabled": true
                      }
                    ]
                  }
                ],
                "stateful_ha_config": []
              }
            ],
            "allow_net_admin": null,
            "authenticator_groups_config": [],
            "binary_authorization": [
              {
                "enabled": false,
                "evaluation_mode": ""
              }
            ],
            "cluster_autoscaling": [
              {
                "auto_provisioning_defaults": [],
                "auto_provisioning_locations": [],
                "autoscaling_profile": "BALANCED",
                "enabled": false,
                "resource_limits": []
              }
            ],
            "cluster_ipv4_cidr": "10.28.0.0/14",
            "confidential_nodes": [],
            "cost_management_config": [],
            "database_encryption": [
              {
                "key_name": "",
                "state": "DECRYPTED"
              }
            ],
            "datapath_provider": "ADVANCED_DATAPATH",
            "default_max_pods_per_node": 110,
            "default_snat_status": [
              {
                "disabled": false
              }
            ],
            "deletion_protection": false,
            "description": "",
            "dns_config": [],
            "enable_autopilot": false,
            "enable_cilium_clusterwide_network_policy": false,
            "enable_intranode_visibility": false,
            "enable_k8s_beta_apis": [],
            "enable_kubernetes_alpha": false,
            "enable_l4_ilb_subsetting": false,
            "enable_legacy_abac": false,
            "enable_multi_networking": false,
            "enable_shielded_nodes": true,
            "enable_tpu": false,
            "endpoint": "35.232.96.228",
            "fleet": [],
            "gateway_api_config": [],
            "id": "projects/genlu-gke-dev/locations/us-central1/clusters/rag-addon-1",
            "identity_service_config": [],
            "initial_node_count": 0,
            "ip_allocation_policy": [
              {
                "additional_pod_ranges_config": [],
                "cluster_ipv4_cidr_block": "10.28.0.0/14",
                "cluster_secondary_range_name": "gke-rag-addon-1-pods-b8a8b975",
                "pod_cidr_overprovision_config": [
                  {
                    "disabled": false
                  }
                ],
                "services_ipv4_cidr_block": "34.118.224.0/20",
                "services_secondary_range_name": "",
                "stack_type": "IPV4"
              }
            ],
            "label_fingerprint": "980f794d",
            "location": "us-central1",
            "logging_config": [
              {
                "enable_components": [
                  "SYSTEM_COMPONENTS",
                  "WORKLOADS"
                ]
              }
            ],
            "logging_service": "logging.googleapis.com/kubernetes",
            "maintenance_policy": [
              {
                "daily_maintenance_window": [
                  {
                    "duration": "PT4H0M0S",
                    "start_time": "05:00"
                  }
                ],
                "maintenance_exclusion": [],
                "recurring_window": []
              }
            ],
            "master_auth": [
              {
                "client_certificate": "",
                "client_certificate_config": [
                  {
                    "issue_client_certificate": false
                  }
                ],
                "client_key": "",
                "cluster_ca_certificate": "LS0tLS1CRUdJTiBDRVJUSUZJQ0FURS0tLS0tCk1JSUVMRENDQXBTZ0F3SUJBZ0lRZnA4TlNSNUp5YTNPdXJ3cHluR1pBekFOQmdrcWhraUc5dzBCQVFzRkFEQXYKTVMwd0t3WURWUVFERXlRM016ZGlNamN3TVMwNE9XVXpMVFE1WkdNdFlqVTVNaTB4WmpobE9HRTVObVJoTm1RdwpJQmNOTWpRd09ESXhNakF5TkRJeVdoZ1BNakExTkRBNE1UUXlNVEkwTWpKYU1DOHhMVEFyQmdOVkJBTVRKRGN6Ck4ySXlOekF4TFRnNVpUTXRORGxrWXkxaU5Ua3lMVEZtT0dVNFlUazJaR0UyWkRDQ0FhSXdEUVlKS29aSWh2Y04KQVFFQkJRQURnZ0dQQURDQ0FZb0NnZ0dCQUt0WktmZ2x2aTF1S2RmTkZxZVlwcEEvWjM0NjliUVh2eS9ValVEYQp0T1dQQ0FrU3FaZEM3RXE2ZURKRGJCYVI1VUw5NDlXY2RzT2ZDQ2UvSE4zM3JGczFyTzFlbTBubUdkWTJPNFVwCjFhdHEvcVNScHdxOU5MaGdlcW9VTGFSY3hhdUVodXViTmZ3SFMzQkp2UGVhMzllTkVFWXVYdnQrdEJrcjArVloKZS95cjFzbGdZRXkvR2dhVnR1aS9zbzdueDRIUXBWMFB1TUNoOWtLdVJCRkR5aDA3V1hMc3pPWWhWZWdkRlcrRwptOUpaWGxxMGs1SDFMc0dETytJaUxBZ1ZmNXAwNVhna3l6dWtHOWcrV0JCNWRMQXQ0L3A0Z2pHUGlvVG1JVjRkCkJSRzBQNUdUMStPdk1aZm5KMEdhR0h6SFFkU3p6UjZEblBaQUZ1YnZqMXZWTUw0OHF0WTh6b3pFWTBwTDFmWGcKNjhxaVdPVkZIN1ljaGVVNG9OWHNnS3BKbWNkM2YwUmY5MDlFSkVuaGh4SFVENlNnQlFJVWg5WlhLOG9EaVBiawpYR2FXblZtU25aTDlDZWE0d2JzUmxXU2dSSThxaHhPRy9yYUNSbVBUNlNXSVhDa0VDQVVYZzNVUk5RaExYdWN6CjhpaG8ycVcyN2lHMnN1WFRYYTloK0FudWx3SURBUUFCbzBJd1FEQU9CZ05WSFE4QkFmOEVCQU1DQWdRd0R3WUQKVlIwVEFRSC9CQVV3QXdFQi96QWRCZ05WSFE0RUZnUVVWYUNZWlpqWlFaWDZ3Q0FFNnV2bk9IYnRvZlV3RFFZSgpLb1pJaHZjTkFRRUxCUUFEZ2dHQkFHblRYbDYrK1ByejhKWWNnTkxMV1RaWkFuaXZsT1NJS3BNbE1LMDVEMWRCCkMrazZQdmxmV2Z6VC9GVXFNMmZ4dmZvWU1XSFdyZE5GWng0L0QxZmJrUnhKSzlYT0hjVVFqNHo0SHJwM01rZGsKUS9HT3FpdCtqZ0dKazJ2cWlLSVE4eVNxTStqZXR2TzJiUHFCR1k0S3AwOHVEOHNtYitGRnRaMEtsVGo1Z1gxSgpvMUkwemx2eCtZdE50OGxEUm42QThFS25qNllQZCtyNS9LdHVSZitNRjdrbi9LYzFqdEdNc3JjZjB6NCt2ZTgxClNkZ1QvbE1ES0lId1o5Tm5UMlN2d1BsUUJaSVNBT1laMjBLcC9XdHlFWTZsVlpuRXRGUnU5VlkzeW9KcFBCZHMKeExvVlF5cTNYcURUVTdFN1daajVmU082S3ZNNG1TYklwM0RUMHpHRUY0VGMxb1J5YWwxL0Y5Vkp2Y0ROeTdBcQpSc2h1alFoMitDOU95RkF0aXVrWXh3L3NzMWZBZDVJSWJ6c0NqSG1wQXJTcVVPcHF0ZFhqUFVyUnZ2eHhaZnFyCmI3VnJSODMwV3FZV0Z2LytYMjVvcVlHb2I5OWJoMlpxKzFxTDg4dzBNRmIrUDIrMFBGd29KSE5qaWFwUEhZUXMKaDJIWEh1b1RJWDdZTHlFbWhoYkVTQT09Ci0tLS0tRU5EIENFUlRJRklDQVRFLS0tLS0K"
              }
            ],
            "master_authorized_networks_config": [],
            "master_version": "1.30.3-gke.1639000",
            "mesh_certificates": [
              {
                "enable_certificates": false
              }
            ],
            "min_master_version": "1.30",
            "monitoring_config": [
              {
                "advanced_datapath_observability_config": [
                  {
                    "enable_metrics": false,
                    "enable_relay": false,
                    "relay_mode": "DISABLED"
                  }
                ],
                "enable_components": [
                  "SYSTEM_COMPONENTS"
                ],
                "managed_prometheus": [
                  {
                    "enabled": true
                  }
                ]
              }
            ],
            "monitoring_service": "monitoring.googleapis.com/kubernetes",
            "name": "rag-addon-1",
            "network": "projects/genlu-gke-dev/global/networks/ml-network",
            "network_policy": [
              {
                "enabled": false,
                "provider": "PROVIDER_UNSPECIFIED"
              }
            ],
            "networking_mode": "VPC_NATIVE",
            "node_config": [
              {
                "advanced_machine_features": [],
                "boot_disk_kms_key": "",
                "confidential_nodes": [],
                "containerd_config": [],
                "disk_size_gb": 100,
                "disk_type": "pd-standard",
                "effective_taints": [],
                "enable_confidential_storage": false,
                "ephemeral_storage_local_ssd_config": [],
                "fast_socket": [],
                "gcfs_config": [
                  {
                    "enabled": true
                  }
                ],
                "guest_accelerator": [],
                "gvnic": [],
                "host_maintenance_policy": [],
                "image_type": "COS_CONTAINERD",
                "kubelet_config": [],
                "labels": {
                  "cluster_name": "rag-addon-1",
                  "created-by": "ai-on-gke",
                  "node_pool": "cpu-pool"
                },
                "linux_node_config": [],
                "local_nvme_ssd_block_config": [],
                "local_ssd_count": 0,
                "logging_variant": "DEFAULT",
                "machine_type": "n1-standard-16",
                "metadata": {
                  "cluster_name": "rag-addon-1",
                  "disable-legacy-endpoints": "true",
                  "node_pool": "cpu-pool"
                },
                "min_cpu_platform": "",
                "node_group": "",
                "oauth_scopes": [
                  "https://www.googleapis.com/auth/devstorage.read_only",
                  "https://www.googleapis.com/auth/logging.write",
                  "https://www.googleapis.com/auth/monitoring",
                  "https://www.googleapis.com/auth/service.management.readonly",
                  "https://www.googleapis.com/auth/servicecontrol",
                  "https://www.googleapis.com/auth/trace.append"
                ],
                "preemptible": false,
                "reservation_affinity": [],
                "resource_labels": {},
                "resource_manager_tags": {},
                "secondary_boot_disks": [],
                "service_account": "tf-gke-rag-addon-1-wewl@genlu-gke-dev.iam.gserviceaccount.com",
                "shielded_instance_config": [
                  {
                    "enable_integrity_monitoring": true,
                    "enable_secure_boot": false
                  }
                ],
                "sole_tenant_config": [],
                "spot": false,
                "tags": [
                  "gke-rag-addon-1",
                  "gke-rag-addon-1-cpu-pool",
                  "gke-node",
                  "ai-on-gke"
                ],
                "taint": [],
                "workload_metadata_config": [
                  {
                    "mode": "GKE_METADATA"
                  }
                ]
              }
            ],
            "node_locations": [
              "us-central1-a",
              "us-central1-b",
              "us-central1-c"
            ],
            "node_pool": [
              {
                "autoscaling": [
                  {
                    "location_policy": "BALANCED",
                    "max_node_count": 3,
                    "min_node_count": 1,
                    "total_max_node_count": 0,
                    "total_min_node_count": 0
                  }
                ],
                "initial_node_count": 1,
                "instance_group_urls": [
                  "https://www.googleapis.com/compute/v1/projects/genlu-gke-dev/zones/us-central1-a/instanceGroupManagers/gke-rag-addon-1-cpu-pool-d8c38247-grp",
                  "https://www.googleapis.com/compute/v1/projects/genlu-gke-dev/zones/us-central1-b/instanceGroupManagers/gke-rag-addon-1-cpu-pool-da895ae4-grp",
                  "https://www.googleapis.com/compute/v1/projects/genlu-gke-dev/zones/us-central1-c/instanceGroupManagers/gke-rag-addon-1-cpu-pool-98ad5721-grp"
                ],
                "managed_instance_group_urls": [
                  "https://www.googleapis.com/compute/v1/projects/genlu-gke-dev/zones/us-central1-a/instanceGroups/gke-rag-addon-1-cpu-pool-d8c38247-grp",
                  "https://www.googleapis.com/compute/v1/projects/genlu-gke-dev/zones/us-central1-b/instanceGroups/gke-rag-addon-1-cpu-pool-da895ae4-grp",
                  "https://www.googleapis.com/compute/v1/projects/genlu-gke-dev/zones/us-central1-c/instanceGroups/gke-rag-addon-1-cpu-pool-98ad5721-grp"
                ],
                "management": [
                  {
                    "auto_repair": true,
                    "auto_upgrade": true
                  }
                ],
                "max_pods_per_node": 110,
                "name": "cpu-pool",
                "name_prefix": "",
                "network_config": [
                  {
                    "additional_node_network_configs": [],
                    "additional_pod_network_configs": [],
                    "create_pod_range": false,
                    "enable_private_nodes": false,
                    "network_performance_config": [],
                    "pod_cidr_overprovision_config": [],
                    "pod_ipv4_cidr_block": "10.28.0.0/14",
                    "pod_range": "gke-rag-addon-1-pods-b8a8b975"
                  }
                ],
                "node_config": [
                  {
                    "advanced_machine_features": [],
                    "boot_disk_kms_key": "",
                    "confidential_nodes": [],
                    "containerd_config": [],
                    "disk_size_gb": 100,
                    "disk_type": "pd-standard",
                    "effective_taints": [],
                    "enable_confidential_storage": false,
                    "ephemeral_storage_local_ssd_config": [],
                    "fast_socket": [],
                    "gcfs_config": [
                      {
                        "enabled": true
                      }
                    ],
                    "guest_accelerator": [],
                    "gvnic": [],
                    "host_maintenance_policy": [],
                    "image_type": "COS_CONTAINERD",
                    "kubelet_config": [],
                    "labels": {
                      "cluster_name": "rag-addon-1",
                      "created-by": "ai-on-gke",
                      "node_pool": "cpu-pool"
                    },
                    "linux_node_config": [],
                    "local_nvme_ssd_block_config": [],
                    "local_ssd_count": 0,
                    "logging_variant": "DEFAULT",
                    "machine_type": "n1-standard-16",
                    "metadata": {
                      "cluster_name": "rag-addon-1",
                      "disable-legacy-endpoints": "true",
                      "node_pool": "cpu-pool"
                    },
                    "min_cpu_platform": "",
                    "node_group": "",
                    "oauth_scopes": [
                      "https://www.googleapis.com/auth/devstorage.read_only",
                      "https://www.googleapis.com/auth/logging.write",
                      "https://www.googleapis.com/auth/monitoring",
                      "https://www.googleapis.com/auth/service.management.readonly",
                      "https://www.googleapis.com/auth/servicecontrol",
                      "https://www.googleapis.com/auth/trace.append"
                    ],
                    "preemptible": false,
                    "reservation_affinity": [],
                    "resource_labels": {},
                    "resource_manager_tags": {},
                    "secondary_boot_disks": [],
                    "service_account": "tf-gke-rag-addon-1-wewl@genlu-gke-dev.iam.gserviceaccount.com",
                    "shielded_instance_config": [
                      {
                        "enable_integrity_monitoring": true,
                        "enable_secure_boot": false
                      }
                    ],
                    "sole_tenant_config": [],
                    "spot": false,
                    "tags": [
                      "gke-rag-addon-1",
                      "gke-rag-addon-1-cpu-pool",
                      "gke-node",
                      "ai-on-gke"
                    ],
                    "taint": [],
                    "workload_metadata_config": [
                      {
                        "mode": "GKE_METADATA"
                      }
                    ]
                  }
                ],
                "node_count": 1,
                "node_locations": [
                  "us-central1-a",
                  "us-central1-b",
                  "us-central1-c"
                ],
                "placement_policy": [],
                "queued_provisioning": [],
                "upgrade_settings": [
                  {
                    "blue_green_settings": [],
                    "max_surge": 1,
                    "max_unavailable": 0,
                    "strategy": "SURGE"
                  }
                ],
                "version": "1.30.3-gke.1639000"
              },
              {
                "autoscaling": [
                  {
                    "location_policy": "BALANCED",
                    "max_node_count": 3,
                    "min_node_count": 0,
                    "total_max_node_count": 0,
                    "total_min_node_count": 0
                  }
                ],
                "initial_node_count": 1,
                "instance_group_urls": [
                  "https://www.googleapis.com/compute/v1/projects/genlu-gke-dev/zones/us-central1-a/instanceGroupManagers/gke-rag-addon-1-gpu-pool-l4-7b42140d-grp",
                  "https://www.googleapis.com/compute/v1/projects/genlu-gke-dev/zones/us-central1-b/instanceGroupManagers/gke-rag-addon-1-gpu-pool-l4-45db3ac3-grp",
                  "https://www.googleapis.com/compute/v1/projects/genlu-gke-dev/zones/us-central1-c/instanceGroupManagers/gke-rag-addon-1-gpu-pool-l4-878ac31c-grp"
                ],
                "managed_instance_group_urls": [
                  "https://www.googleapis.com/compute/v1/projects/genlu-gke-dev/zones/us-central1-a/instanceGroups/gke-rag-addon-1-gpu-pool-l4-7b42140d-grp",
                  "https://www.googleapis.com/compute/v1/projects/genlu-gke-dev/zones/us-central1-b/instanceGroups/gke-rag-addon-1-gpu-pool-l4-45db3ac3-grp",
                  "https://www.googleapis.com/compute/v1/projects/genlu-gke-dev/zones/us-central1-c/instanceGroups/gke-rag-addon-1-gpu-pool-l4-878ac31c-grp"
                ],
                "management": [
                  {
                    "auto_repair": true,
                    "auto_upgrade": true
                  }
                ],
                "max_pods_per_node": 110,
                "name": "gpu-pool-l4",
                "name_prefix": "",
                "network_config": [
                  {
                    "additional_node_network_configs": [],
                    "additional_pod_network_configs": [],
                    "create_pod_range": false,
                    "enable_private_nodes": false,
                    "network_performance_config": [],
                    "pod_cidr_overprovision_config": [],
                    "pod_ipv4_cidr_block": "10.28.0.0/14",
                    "pod_range": "gke-rag-addon-1-pods-b8a8b975"
                  }
                ],
                "node_config": [
                  {
                    "advanced_machine_features": [],
                    "boot_disk_kms_key": "",
                    "confidential_nodes": [],
                    "containerd_config": [],
                    "disk_size_gb": 200,
                    "disk_type": "pd-balanced",
                    "effective_taints": [],
                    "enable_confidential_storage": false,
                    "ephemeral_storage_local_ssd_config": [],
                    "fast_socket": [],
                    "gcfs_config": [
                      {
                        "enabled": true
                      }
                    ],
                    "guest_accelerator": [
                      {
                        "count": 2,
                        "gpu_driver_installation_config": [
                          {
                            "gpu_driver_version": "DEFAULT"
                          }
                        ],
                        "gpu_partition_size": "",
                        "gpu_sharing_config": [],
                        "type": "nvidia-l4"
                      }
                    ],
                    "gvnic": [],
                    "host_maintenance_policy": [],
                    "image_type": "COS_CONTAINERD",
                    "kubelet_config": [],
                    "labels": {
                      "cluster_name": "rag-addon-1",
                      "created-by": "ai-on-gke",
                      "node_pool": "gpu-pool-l4"
                    },
                    "linux_node_config": [],
                    "local_nvme_ssd_block_config": [],
                    "local_ssd_count": 0,
                    "logging_variant": "DEFAULT",
                    "machine_type": "g2-standard-24",
                    "metadata": {
                      "cluster_name": "rag-addon-1",
                      "disable-legacy-endpoints": "true",
                      "node_pool": "gpu-pool-l4"
                    },
                    "min_cpu_platform": "",
                    "node_group": "",
                    "oauth_scopes": [
                      "https://www.googleapis.com/auth/devstorage.read_only",
                      "https://www.googleapis.com/auth/logging.write",
                      "https://www.googleapis.com/auth/monitoring",
                      "https://www.googleapis.com/auth/service.management.readonly",
                      "https://www.googleapis.com/auth/servicecontrol",
                      "https://www.googleapis.com/auth/trace.append"
                    ],
                    "preemptible": false,
                    "reservation_affinity": [],
                    "resource_labels": {},
                    "resource_manager_tags": {},
                    "secondary_boot_disks": [],
                    "service_account": "tf-gke-rag-addon-1-wewl@genlu-gke-dev.iam.gserviceaccount.com",
                    "shielded_instance_config": [
                      {
                        "enable_integrity_monitoring": true,
                        "enable_secure_boot": false
                      }
                    ],
                    "sole_tenant_config": [],
                    "spot": false,
                    "tags": [
                      "gke-rag-addon-1",
                      "gke-rag-addon-1-gpu-pool-l4",
                      "gke-node",
                      "ai-on-gke"
                    ],
                    "taint": [],
                    "workload_metadata_config": [
                      {
                        "mode": "GKE_METADATA"
                      }
                    ]
                  }
                ],
                "node_count": 0,
                "node_locations": [
                  "us-central1-a",
                  "us-central1-b",
                  "us-central1-c"
                ],
                "placement_policy": [],
                "queued_provisioning": [],
                "upgrade_settings": [
                  {
                    "blue_green_settings": [],
                    "max_surge": 1,
                    "max_unavailable": 0,
                    "strategy": "SURGE"
                  }
                ],
                "version": "1.30.3-gke.1639000"
              }
            ],
            "node_pool_auto_config": [],
            "node_pool_defaults": [
              {
                "node_config_defaults": [
                  {
                    "containerd_config": [],
                    "logging_variant": "DEFAULT"
                  }
                ]
              }
            ],
            "node_version": "1.30.3-gke.1639000",
            "notification_config": [
              {
                "pubsub": [
                  {
                    "enabled": false,
                    "filter": [],
                    "topic": ""
                  }
                ]
              }
            ],
            "operation": null,
            "private_cluster_config": [
              {
                "enable_private_endpoint": false,
                "enable_private_nodes": false,
                "master_global_access_config": [
                  {
                    "enabled": false
                  }
                ],
                "master_ipv4_cidr_block": "",
                "peering_name": "",
                "private_endpoint": "10.100.0.2",
                "private_endpoint_subnetwork": "",
                "public_endpoint": "35.232.96.228"
              }
            ],
            "private_ipv6_google_access": "",
            "project": "genlu-gke-dev",
            "release_channel": [
              {
                "channel": "RAPID"
              }
            ],
            "remove_default_node_pool": true,
            "resource_labels": {
              "created-by": "ai-on-gke"
            },
            "resource_usage_export_config": [],
            "security_posture_config": [
              {
                "mode": "DISABLED",
                "vulnerability_mode": "VULNERABILITY_DISABLED"
              }
            ],
            "self_link": "https://container.googleapis.com/v1/projects/genlu-gke-dev/locations/us-central1/clusters/rag-addon-1",
            "service_external_ips_config": [
              {
                "enabled": false
              }
            ],
            "services_ipv4_cidr": "34.118.224.0/20",
            "subnetwork": "projects/genlu-gke-dev/regions/us-central1/subnetworks/ml-network",
            "timeouts": {
              "create": "45m",
              "delete": "45m",
              "read": null,
              "update": "45m"
            },
            "tpu_ipv4_cidr_block": "",
            "vertical_pod_autoscaling": [
              {
                "enabled": false
              }
            ],
            "workload_identity_config": [
              {
                "workload_pool": "genlu-gke-dev.svc.id.goog"
              }
            ]
          },
          "sensitive_attributes": [],
          "private": "eyJlMmJmYjczMC1lY2FhLTExZTYtOGY4OC0zNDM2M2JjN2M0YzAiOnsiY3JlYXRlIjoyNzAwMDAwMDAwMDAwLCJkZWxldGUiOjI3MDAwMDAwMDAwMDAsInJlYWQiOjI0MDAwMDAwMDAwMDAsInVwZGF0ZSI6MjcwMDAwMDAwMDAwMH0sInNjaGVtYV92ZXJzaW9uIjoiMiJ9",
          "dependencies": [
            "module.infra.module.custom-network.google_compute_global_address.google-managed-services-range",
            "module.infra.module.custom-network.google_compute_network.network",
            "module.infra.module.custom-network.google_compute_subnetwork.subnetwork",
            "module.infra.module.custom-network.google_service_networking_connection.private_service_access",
            "module.infra.module.public-gke-standard-cluster.module.gke.data.google_compute_zones.available",
            "module.infra.module.public-gke-standard-cluster.module.gke.data.google_container_engine_versions.region",
            "module.infra.module.public-gke-standard-cluster.module.gke.data.google_container_engine_versions.zone",
            "module.infra.module.public-gke-standard-cluster.module.gke.google_service_account.cluster_service_account",
            "module.infra.module.public-gke-standard-cluster.module.gke.random_shuffle.available_zones",
            "module.infra.module.public-gke-standard-cluster.module.gke.random_string.cluster_service_account_suffix",
            "module.project-services.data.google_compute_default_service_account.default",
            "module.project-services.google_project_iam_member.project_service_identity_roles",
            "module.project-services.google_project_service.project_services",
            "module.project-services.google_project_service_identity.project_service_identities"
          ]
        }
      ]
    },
    {
      "module": "module.infra[0].module.public-gke-standard-cluster[0].module.gke",
      "mode": "managed",
      "type": "google_container_node_pool",
      "name": "pools",
      "provider": "provider[\"registry.terraform.io/hashicorp/google\"]",
      "instances": [
        {
          "index_key": "cpu-pool",
          "schema_version": 1,
          "attributes": {
            "autoscaling": [
              {
                "location_policy": "BALANCED",
                "max_node_count": 3,
                "min_node_count": 1,
                "total_max_node_count": 0,
                "total_min_node_count": 0
              }
            ],
            "cluster": "rag-addon-1",
            "id": "projects/genlu-gke-dev/locations/us-central1/clusters/rag-addon-1/nodePools/cpu-pool",
            "initial_node_count": 1,
            "instance_group_urls": [
              "https://www.googleapis.com/compute/v1/projects/genlu-gke-dev/zones/us-central1-a/instanceGroupManagers/gke-rag-addon-1-cpu-pool-d8c38247-grp",
              "https://www.googleapis.com/compute/v1/projects/genlu-gke-dev/zones/us-central1-b/instanceGroupManagers/gke-rag-addon-1-cpu-pool-da895ae4-grp",
              "https://www.googleapis.com/compute/v1/projects/genlu-gke-dev/zones/us-central1-c/instanceGroupManagers/gke-rag-addon-1-cpu-pool-98ad5721-grp"
            ],
            "location": "us-central1",
            "managed_instance_group_urls": [
              "https://www.googleapis.com/compute/v1/projects/genlu-gke-dev/zones/us-central1-a/instanceGroups/gke-rag-addon-1-cpu-pool-d8c38247-grp",
              "https://www.googleapis.com/compute/v1/projects/genlu-gke-dev/zones/us-central1-b/instanceGroups/gke-rag-addon-1-cpu-pool-da895ae4-grp",
              "https://www.googleapis.com/compute/v1/projects/genlu-gke-dev/zones/us-central1-c/instanceGroups/gke-rag-addon-1-cpu-pool-98ad5721-grp"
            ],
            "management": [
              {
                "auto_repair": true,
                "auto_upgrade": true
              }
            ],
            "max_pods_per_node": 110,
            "name": "cpu-pool",
            "name_prefix": "",
            "network_config": [
              {
                "additional_node_network_configs": [],
                "additional_pod_network_configs": [],
                "create_pod_range": false,
                "enable_private_nodes": false,
                "network_performance_config": [],
                "pod_cidr_overprovision_config": [],
                "pod_ipv4_cidr_block": "10.28.0.0/14",
                "pod_range": "gke-rag-addon-1-pods-b8a8b975"
              }
            ],
            "node_config": [
              {
                "advanced_machine_features": [],
                "boot_disk_kms_key": "",
                "confidential_nodes": [],
                "containerd_config": [],
                "disk_size_gb": 100,
                "disk_type": "pd-standard",
                "effective_taints": [],
                "enable_confidential_storage": false,
                "ephemeral_storage_local_ssd_config": [],
                "fast_socket": [],
                "gcfs_config": [
                  {
                    "enabled": true
                  }
                ],
                "guest_accelerator": [],
                "gvnic": [],
                "host_maintenance_policy": [],
                "image_type": "COS_CONTAINERD",
                "kubelet_config": [],
                "labels": {
                  "cluster_name": "rag-addon-1",
                  "created-by": "ai-on-gke",
                  "node_pool": "cpu-pool"
                },
                "linux_node_config": [],
                "local_nvme_ssd_block_config": [],
                "local_ssd_count": 0,
                "logging_variant": "DEFAULT",
                "machine_type": "n1-standard-16",
                "metadata": {
                  "cluster_name": "rag-addon-1",
                  "disable-legacy-endpoints": "true",
                  "node_pool": "cpu-pool"
                },
                "min_cpu_platform": "",
                "node_group": "",
                "oauth_scopes": [
                  "https://www.googleapis.com/auth/devstorage.read_only",
                  "https://www.googleapis.com/auth/logging.write",
                  "https://www.googleapis.com/auth/monitoring",
                  "https://www.googleapis.com/auth/service.management.readonly",
                  "https://www.googleapis.com/auth/servicecontrol",
                  "https://www.googleapis.com/auth/trace.append"
                ],
                "preemptible": false,
                "reservation_affinity": [],
                "resource_labels": {},
                "resource_manager_tags": {},
                "secondary_boot_disks": [],
                "service_account": "tf-gke-rag-addon-1-wewl@genlu-gke-dev.iam.gserviceaccount.com",
                "shielded_instance_config": [
                  {
                    "enable_integrity_monitoring": true,
                    "enable_secure_boot": false
                  }
                ],
                "sole_tenant_config": [],
                "spot": false,
                "tags": [
                  "gke-rag-addon-1",
                  "gke-rag-addon-1-cpu-pool",
                  "gke-node",
                  "ai-on-gke"
                ],
                "taint": [],
                "workload_metadata_config": [
                  {
                    "mode": "GKE_METADATA"
                  }
                ]
              }
            ],
            "node_count": 1,
            "node_locations": [
              "us-central1-a",
              "us-central1-b",
              "us-central1-c"
            ],
            "operation": null,
            "placement_policy": [],
            "project": "genlu-gke-dev",
            "queued_provisioning": [],
            "timeouts": {
              "create": "45m",
              "delete": "45m",
              "update": "45m"
            },
            "upgrade_settings": [
              {
                "blue_green_settings": [],
                "max_surge": 1,
                "max_unavailable": 0,
                "strategy": "SURGE"
              }
            ],
            "version": "1.30.3-gke.1639000"
          },
          "sensitive_attributes": [],
          "private": "eyJlMmJmYjczMC1lY2FhLTExZTYtOGY4OC0zNDM2M2JjN2M0YzAiOnsiY3JlYXRlIjoyNzAwMDAwMDAwMDAwLCJkZWxldGUiOjI3MDAwMDAwMDAwMDAsInVwZGF0ZSI6MjcwMDAwMDAwMDAwMH0sInNjaGVtYV92ZXJzaW9uIjoiMSJ9",
          "dependencies": [
            "module.infra.module.custom-network.google_compute_global_address.google-managed-services-range",
            "module.infra.module.custom-network.google_compute_network.network",
            "module.infra.module.custom-network.google_compute_subnetwork.subnetwork",
            "module.infra.module.custom-network.google_service_networking_connection.private_service_access",
            "module.infra.module.public-gke-standard-cluster.module.gke.data.google_compute_zones.available",
            "module.infra.module.public-gke-standard-cluster.module.gke.data.google_container_engine_versions.region",
            "module.infra.module.public-gke-standard-cluster.module.gke.data.google_container_engine_versions.zone",
            "module.infra.module.public-gke-standard-cluster.module.gke.google_container_cluster.primary",
            "module.infra.module.public-gke-standard-cluster.module.gke.google_service_account.cluster_service_account",
            "module.infra.module.public-gke-standard-cluster.module.gke.random_shuffle.available_zones",
            "module.infra.module.public-gke-standard-cluster.module.gke.random_string.cluster_service_account_suffix",
            "module.project-services.data.google_compute_default_service_account.default",
            "module.project-services.google_project_iam_member.project_service_identity_roles",
            "module.project-services.google_project_service.project_services",
            "module.project-services.google_project_service_identity.project_service_identities"
          ]
        },
        {
          "index_key": "gpu-pool-l4",
          "schema_version": 1,
          "attributes": {
            "autoscaling": [
              {
                "location_policy": "BALANCED",
                "max_node_count": 3,
                "min_node_count": 0,
                "total_max_node_count": 0,
                "total_min_node_count": 0
              }
            ],
            "cluster": "rag-addon-1",
            "id": "projects/genlu-gke-dev/locations/us-central1/clusters/rag-addon-1/nodePools/gpu-pool-l4",
            "initial_node_count": 1,
            "instance_group_urls": [
              "https://www.googleapis.com/compute/v1/projects/genlu-gke-dev/zones/us-central1-a/instanceGroupManagers/gke-rag-addon-1-gpu-pool-l4-7b42140d-grp",
              "https://www.googleapis.com/compute/v1/projects/genlu-gke-dev/zones/us-central1-b/instanceGroupManagers/gke-rag-addon-1-gpu-pool-l4-45db3ac3-grp",
              "https://www.googleapis.com/compute/v1/projects/genlu-gke-dev/zones/us-central1-c/instanceGroupManagers/gke-rag-addon-1-gpu-pool-l4-878ac31c-grp"
            ],
            "location": "us-central1",
            "managed_instance_group_urls": [
              "https://www.googleapis.com/compute/v1/projects/genlu-gke-dev/zones/us-central1-a/instanceGroups/gke-rag-addon-1-gpu-pool-l4-7b42140d-grp",
              "https://www.googleapis.com/compute/v1/projects/genlu-gke-dev/zones/us-central1-b/instanceGroups/gke-rag-addon-1-gpu-pool-l4-45db3ac3-grp",
              "https://www.googleapis.com/compute/v1/projects/genlu-gke-dev/zones/us-central1-c/instanceGroups/gke-rag-addon-1-gpu-pool-l4-878ac31c-grp"
            ],
            "management": [
              {
                "auto_repair": true,
                "auto_upgrade": true
              }
            ],
            "max_pods_per_node": 110,
            "name": "gpu-pool-l4",
            "name_prefix": "",
            "network_config": [
              {
                "additional_node_network_configs": [],
                "additional_pod_network_configs": [],
                "create_pod_range": false,
                "enable_private_nodes": false,
                "network_performance_config": [],
                "pod_cidr_overprovision_config": [],
                "pod_ipv4_cidr_block": "10.28.0.0/14",
                "pod_range": "gke-rag-addon-1-pods-b8a8b975"
              }
            ],
            "node_config": [
              {
                "advanced_machine_features": [],
                "boot_disk_kms_key": "",
                "confidential_nodes": [],
                "containerd_config": [],
                "disk_size_gb": 200,
                "disk_type": "pd-balanced",
                "effective_taints": [],
                "enable_confidential_storage": false,
                "ephemeral_storage_local_ssd_config": [],
                "fast_socket": [],
                "gcfs_config": [
                  {
                    "enabled": true
                  }
                ],
                "guest_accelerator": [
                  {
                    "count": 2,
                    "gpu_driver_installation_config": [
                      {
                        "gpu_driver_version": "DEFAULT"
                      }
                    ],
                    "gpu_partition_size": "",
                    "gpu_sharing_config": [],
                    "type": "nvidia-l4"
                  }
                ],
                "gvnic": [],
                "host_maintenance_policy": [],
                "image_type": "COS_CONTAINERD",
                "kubelet_config": [],
                "labels": {
                  "cluster_name": "rag-addon-1",
                  "created-by": "ai-on-gke",
                  "node_pool": "gpu-pool-l4"
                },
                "linux_node_config": [],
                "local_nvme_ssd_block_config": [],
                "local_ssd_count": 0,
                "logging_variant": "DEFAULT",
                "machine_type": "g2-standard-24",
                "metadata": {
                  "cluster_name": "rag-addon-1",
                  "disable-legacy-endpoints": "true",
                  "node_pool": "gpu-pool-l4"
                },
                "min_cpu_platform": "",
                "node_group": "",
                "oauth_scopes": [
                  "https://www.googleapis.com/auth/devstorage.read_only",
                  "https://www.googleapis.com/auth/logging.write",
                  "https://www.googleapis.com/auth/monitoring",
                  "https://www.googleapis.com/auth/service.management.readonly",
                  "https://www.googleapis.com/auth/servicecontrol",
                  "https://www.googleapis.com/auth/trace.append"
                ],
                "preemptible": false,
                "reservation_affinity": [],
                "resource_labels": {},
                "resource_manager_tags": {},
                "secondary_boot_disks": [],
                "service_account": "tf-gke-rag-addon-1-wewl@genlu-gke-dev.iam.gserviceaccount.com",
                "shielded_instance_config": [
                  {
                    "enable_integrity_monitoring": true,
                    "enable_secure_boot": false
                  }
                ],
                "sole_tenant_config": [],
                "spot": false,
                "tags": [
                  "gke-rag-addon-1",
                  "gke-rag-addon-1-gpu-pool-l4",
                  "gke-node",
                  "ai-on-gke"
                ],
                "taint": [],
                "workload_metadata_config": [
                  {
                    "mode": "GKE_METADATA"
                  }
                ]
              }
            ],
            "node_count": 0,
            "node_locations": [
              "us-central1-a",
              "us-central1-b",
              "us-central1-c"
            ],
            "operation": null,
            "placement_policy": [],
            "project": "genlu-gke-dev",
            "queued_provisioning": [],
            "timeouts": {
              "create": "45m",
              "delete": "45m",
              "update": "45m"
            },
            "upgrade_settings": [
              {
                "blue_green_settings": [],
                "max_surge": 1,
                "max_unavailable": 0,
                "strategy": "SURGE"
              }
            ],
            "version": "1.30.3-gke.1639000"
          },
          "sensitive_attributes": [],
          "private": "eyJlMmJmYjczMC1lY2FhLTExZTYtOGY4OC0zNDM2M2JjN2M0YzAiOnsiY3JlYXRlIjoyNzAwMDAwMDAwMDAwLCJkZWxldGUiOjI3MDAwMDAwMDAwMDAsInVwZGF0ZSI6MjcwMDAwMDAwMDAwMH0sInNjaGVtYV92ZXJzaW9uIjoiMSJ9",
          "dependencies": [
            "module.infra.module.custom-network.google_compute_global_address.google-managed-services-range",
            "module.infra.module.custom-network.google_compute_network.network",
            "module.infra.module.custom-network.google_compute_subnetwork.subnetwork",
            "module.infra.module.custom-network.google_service_networking_connection.private_service_access",
            "module.infra.module.public-gke-standard-cluster.module.gke.data.google_compute_zones.available",
            "module.infra.module.public-gke-standard-cluster.module.gke.data.google_container_engine_versions.region",
            "module.infra.module.public-gke-standard-cluster.module.gke.data.google_container_engine_versions.zone",
            "module.infra.module.public-gke-standard-cluster.module.gke.google_container_cluster.primary",
            "module.infra.module.public-gke-standard-cluster.module.gke.google_service_account.cluster_service_account",
            "module.infra.module.public-gke-standard-cluster.module.gke.random_shuffle.available_zones",
            "module.infra.module.public-gke-standard-cluster.module.gke.random_string.cluster_service_account_suffix",
            "module.project-services.data.google_compute_default_service_account.default",
            "module.project-services.google_project_iam_member.project_service_identity_roles",
            "module.project-services.google_project_service.project_services",
            "module.project-services.google_project_service_identity.project_service_identities"
          ]
        }
      ]
    },
    {
      "module": "module.infra[0].module.public-gke-standard-cluster[0].module.gke",
      "mode": "managed",
      "type": "google_project_iam_member",
      "name": "cluster_service_account-metric_writer",
      "provider": "provider[\"registry.terraform.io/hashicorp/google\"]",
      "instances": [
        {
          "index_key": 0,
          "schema_version": 0,
          "attributes": {
            "condition": [],
            "etag": "BwYgOIsplc4=",
            "id": "genlu-gke-dev/roles/monitoring.metricWriter/serviceAccount:tf-gke-rag-addon-1-wewl@genlu-gke-dev.iam.gserviceaccount.com",
            "member": "serviceAccount:tf-gke-rag-addon-1-wewl@genlu-gke-dev.iam.gserviceaccount.com",
            "project": "genlu-gke-dev",
            "role": "roles/monitoring.metricWriter"
          },
          "sensitive_attributes": [],
          "private": "bnVsbA==",
          "dependencies": [
            "module.infra.module.custom-network.google_compute_global_address.google-managed-services-range",
            "module.infra.module.custom-network.google_compute_network.network",
            "module.infra.module.custom-network.google_compute_subnetwork.subnetwork",
            "module.infra.module.custom-network.google_service_networking_connection.private_service_access",
            "module.infra.module.public-gke-standard-cluster.module.gke.google_service_account.cluster_service_account",
            "module.infra.module.public-gke-standard-cluster.module.gke.random_string.cluster_service_account_suffix",
            "module.project-services.data.google_compute_default_service_account.default",
            "module.project-services.google_project_iam_member.project_service_identity_roles",
            "module.project-services.google_project_service.project_services",
            "module.project-services.google_project_service_identity.project_service_identities"
          ]
        }
      ]
    },
    {
      "module": "module.infra[0].module.public-gke-standard-cluster[0].module.gke",
      "mode": "managed",
      "type": "google_project_iam_member",
      "name": "cluster_service_account-nodeService_account",
      "provider": "provider[\"registry.terraform.io/hashicorp/google\"]",
      "instances": [
        {
          "index_key": 0,
          "schema_version": 0,
          "attributes": {
            "condition": [],
            "etag": "BwYgOIsplc4=",
            "id": "genlu-gke-dev/roles/container.defaultNodeServiceAccount/serviceAccount:tf-gke-rag-addon-1-wewl@genlu-gke-dev.iam.gserviceaccount.com",
            "member": "serviceAccount:tf-gke-rag-addon-1-wewl@genlu-gke-dev.iam.gserviceaccount.com",
            "project": "genlu-gke-dev",
            "role": "roles/container.defaultNodeServiceAccount"
          },
          "sensitive_attributes": [],
          "private": "bnVsbA==",
          "dependencies": [
            "module.infra.module.custom-network.google_compute_global_address.google-managed-services-range",
            "module.infra.module.custom-network.google_compute_network.network",
            "module.infra.module.custom-network.google_compute_subnetwork.subnetwork",
            "module.infra.module.custom-network.google_service_networking_connection.private_service_access",
            "module.infra.module.public-gke-standard-cluster.module.gke.google_service_account.cluster_service_account",
            "module.infra.module.public-gke-standard-cluster.module.gke.random_string.cluster_service_account_suffix",
            "module.project-services.data.google_compute_default_service_account.default",
            "module.project-services.google_project_iam_member.project_service_identity_roles",
            "module.project-services.google_project_service.project_services",
            "module.project-services.google_project_service_identity.project_service_identities"
          ]
        }
      ]
    },
    {
      "module": "module.infra[0].module.public-gke-standard-cluster[0].module.gke",
      "mode": "managed",
      "type": "google_project_iam_member",
      "name": "cluster_service_account-resourceMetadata-writer",
      "provider": "provider[\"registry.terraform.io/hashicorp/google\"]",
      "instances": [
        {
          "index_key": 0,
          "schema_version": 0,
          "attributes": {
            "condition": [],
            "etag": "BwYgOIsplc4=",
            "id": "genlu-gke-dev/roles/stackdriver.resourceMetadata.writer/serviceAccount:tf-gke-rag-addon-1-wewl@genlu-gke-dev.iam.gserviceaccount.com",
            "member": "serviceAccount:tf-gke-rag-addon-1-wewl@genlu-gke-dev.iam.gserviceaccount.com",
            "project": "genlu-gke-dev",
            "role": "roles/stackdriver.resourceMetadata.writer"
          },
          "sensitive_attributes": [],
          "private": "bnVsbA==",
          "dependencies": [
            "module.infra.module.custom-network.google_compute_global_address.google-managed-services-range",
            "module.infra.module.custom-network.google_compute_network.network",
            "module.infra.module.custom-network.google_compute_subnetwork.subnetwork",
            "module.infra.module.custom-network.google_service_networking_connection.private_service_access",
            "module.infra.module.public-gke-standard-cluster.module.gke.google_service_account.cluster_service_account",
            "module.infra.module.public-gke-standard-cluster.module.gke.random_string.cluster_service_account_suffix",
            "module.project-services.data.google_compute_default_service_account.default",
            "module.project-services.google_project_iam_member.project_service_identity_roles",
            "module.project-services.google_project_service.project_services",
            "module.project-services.google_project_service_identity.project_service_identities"
          ]
        }
      ]
    },
    {
      "module": "module.infra[0].module.public-gke-standard-cluster[0].module.gke",
      "mode": "managed",
      "type": "google_service_account",
      "name": "cluster_service_account",
      "provider": "provider[\"registry.terraform.io/hashicorp/google\"]",
      "instances": [
        {
          "index_key": 0,
          "schema_version": 0,
          "attributes": {
            "account_id": "tf-gke-rag-addon-1-wewl",
            "create_ignore_already_exists": null,
            "description": "",
            "disabled": false,
            "display_name": "Terraform-managed service account for cluster rag-addon-1",
            "email": "tf-gke-rag-addon-1-wewl@genlu-gke-dev.iam.gserviceaccount.com",
            "id": "projects/genlu-gke-dev/serviceAccounts/tf-gke-rag-addon-1-wewl@genlu-gke-dev.iam.gserviceaccount.com",
            "member": "serviceAccount:tf-gke-rag-addon-1-wewl@genlu-gke-dev.iam.gserviceaccount.com",
            "name": "projects/genlu-gke-dev/serviceAccounts/tf-gke-rag-addon-1-wewl@genlu-gke-dev.iam.gserviceaccount.com",
            "project": "genlu-gke-dev",
            "timeouts": null,
            "unique_id": "102385648846285461131"
          },
          "sensitive_attributes": [],
          "private": "eyJlMmJmYjczMC1lY2FhLTExZTYtOGY4OC0zNDM2M2JjN2M0YzAiOnsiY3JlYXRlIjozMDAwMDAwMDAwMDB9fQ==",
          "dependencies": [
            "module.infra.module.custom-network.google_compute_global_address.google-managed-services-range",
            "module.infra.module.custom-network.google_compute_network.network",
            "module.infra.module.custom-network.google_compute_subnetwork.subnetwork",
            "module.infra.module.custom-network.google_service_networking_connection.private_service_access",
            "module.infra.module.public-gke-standard-cluster.module.gke.random_string.cluster_service_account_suffix",
            "module.project-services.data.google_compute_default_service_account.default",
            "module.project-services.google_project_iam_member.project_service_identity_roles",
            "module.project-services.google_project_service.project_services",
            "module.project-services.google_project_service_identity.project_service_identities"
          ]
        }
      ]
    },
    {
      "module": "module.infra[0].module.public-gke-standard-cluster[0].module.gke",
      "mode": "managed",
      "type": "random_string",
      "name": "cluster_service_account_suffix",
      "provider": "provider[\"registry.terraform.io/hashicorp/random\"]",
      "instances": [
        {
          "index_key": 0,
          "schema_version": 2,
          "attributes": {
            "id": "wewl",
            "keepers": null,
            "length": 4,
            "lower": true,
            "min_lower": 0,
            "min_numeric": 0,
            "min_special": 0,
            "min_upper": 0,
            "number": true,
            "numeric": true,
            "override_special": null,
            "result": "wewl",
            "special": false,
            "upper": false
          },
          "sensitive_attributes": [],
          "dependencies": [
            "module.infra.module.custom-network.google_compute_global_address.google-managed-services-range",
            "module.infra.module.custom-network.google_compute_network.network",
            "module.infra.module.custom-network.google_compute_subnetwork.subnetwork",
            "module.infra.module.custom-network.google_service_networking_connection.private_service_access",
            "module.project-services.data.google_compute_default_service_account.default",
            "module.project-services.google_project_iam_member.project_service_identity_roles",
            "module.project-services.google_project_service.project_services",
            "module.project-services.google_project_service_identity.project_service_identities"
          ]
        }
      ]
    },
    {
      "module": "module.jupyterhub",
      "mode": "data",
      "type": "google_project",
      "name": "project",
      "provider": "provider[\"registry.terraform.io/hashicorp/google\"]",
      "instances": [
        {
          "schema_version": 0,
          "attributes": {
            "auto_create_network": null,
            "billing_account": "00E7A7-4928AF-F1C514",
            "deletion_policy": "DELETE",
            "effective_labels": {},
            "folder_id": "657923791383",
            "id": "projects/genlu-gke-dev",
            "labels": {},
            "name": "genlu-gke-dev",
            "number": "696654398756",
            "org_id": "",
            "project_id": "genlu-gke-dev",
            "skip_delete": null,
            "terraform_labels": {}
          },
          "sensitive_attributes": []
        }
      ]
    },
    {
      "module": "module.jupyterhub",
      "mode": "data",
      "type": "kubernetes_service",
      "name": "jupyter",
      "provider": "provider[\"registry.terraform.io/hashicorp/kubernetes\"].rag",
      "instances": [
        {
          "schema_version": 0,
          "attributes": {
            "id": "ai-on-gke/proxy-public",
            "metadata": [
              {
                "annotations": {
                  "beta.cloud.google.com/backend-config": "{\"default\": \"jupyter-iap-config\"}",
                  "cloud.google.com/neg": "{\"ingress\":true}",
                  "meta.helm.sh/release-name": "jupyterhub",
                  "meta.helm.sh/release-namespace": "ai-on-gke"
                },
                "generation": 0,
                "labels": {
                  "app": "jupyterhub",
                  "app.kubernetes.io/managed-by": "Helm",
                  "chart": "jupyterhub-3.3.8",
                  "component": "proxy-public",
                  "heritage": "Helm",
                  "release": "jupyterhub"
                },
                "name": "proxy-public",
                "namespace": "ai-on-gke",
                "resource_version": "5556",
                "uid": "e718556e-9778-4176-a96d-a45cacf980c3"
              }
            ],
            "spec": [
              {
                "allocate_load_balancer_node_ports": true,
                "cluster_ip": "34.118.228.35",
                "cluster_ips": [
                  "34.118.228.35"
                ],
                "external_ips": [],
                "external_name": "",
                "external_traffic_policy": "",
                "health_check_node_port": 0,
                "internal_traffic_policy": "Cluster",
                "ip_families": [
                  "IPv4"
                ],
                "ip_family_policy": "SingleStack",
                "load_balancer_class": "",
                "load_balancer_ip": "",
                "load_balancer_source_ranges": [],
                "port": [
                  {
                    "app_protocol": "",
                    "name": "http",
                    "node_port": 0,
                    "port": 80,
                    "protocol": "TCP",
                    "target_port": "http"
                  }
                ],
                "publish_not_ready_addresses": false,
                "selector": {
                  "app": "jupyterhub",
                  "component": "proxy",
                  "release": "jupyterhub"
                },
                "session_affinity": "None",
                "session_affinity_config": [],
                "type": "ClusterIP"
              }
            ],
            "status": [
              {
                "load_balancer": [
                  {
                    "ingress": []
                  }
                ]
              }
            ]
          },
          "sensitive_attributes": []
        }
      ]
    },
    {
      "module": "module.jupyterhub",
      "mode": "managed",
      "type": "google_storage_bucket_iam_member",
      "name": "gcs-bucket-iam",
      "provider": "provider[\"registry.terraform.io/hashicorp/google\"]",
      "instances": [
        {
          "schema_version": 0,
          "attributes": {
            "bucket": "b/genlu-gke-dev-bucket",
            "condition": [],
            "etag": "CAs=",
            "id": "b/genlu-gke-dev-bucket/roles/storage.objectAdmin/serviceAccount:jupyter-rag-sa@genlu-gke-dev.iam.gserviceaccount.com",
            "member": "serviceAccount:jupyter-rag-sa@genlu-gke-dev.iam.gserviceaccount.com",
            "role": "roles/storage.objectAdmin"
          },
          "sensitive_attributes": [],
          "private": "bnVsbA==",
          "dependencies": [
            "data.google_client_config.default",
            "data.google_container_cluster.default",
            "data.google_project.project",
            "module.gcs.google_storage_bucket.static",
            "module.infra.data.google_compute_subnetwork.subnetwork",
            "module.infra.module.custom-network.google_compute_global_address.google-managed-services-range",
            "module.infra.module.custom-network.google_compute_network.network",
            "module.infra.module.custom-network.google_compute_subnetwork.subnetwork",
            "module.infra.module.custom-network.google_service_networking_connection.private_service_access",
            "module.infra.module.private-gke-autopilot-cluster.google_gke_hub_membership.gke-fleet",
            "module.infra.module.private-gke-autopilot-cluster.module.gke.data.google_compute_subnetwork.gke_subnetwork",
            "module.infra.module.private-gke-autopilot-cluster.module.gke.data.google_compute_zones.available",
            "module.infra.module.private-gke-autopilot-cluster.module.gke.data.google_container_engine_versions.region",
            "module.infra.module.private-gke-autopilot-cluster.module.gke.data.google_container_engine_versions.zone",
            "module.infra.module.private-gke-autopilot-cluster.module.gke.google_compute_firewall.intra_egress",
            "module.infra.module.private-gke-autopilot-cluster.module.gke.google_compute_firewall.master_webhooks",
            "module.infra.module.private-gke-autopilot-cluster.module.gke.google_compute_firewall.shadow_allow_inkubelet",
            "module.infra.module.private-gke-autopilot-cluster.module.gke.google_compute_firewall.shadow_allow_master",
            "module.infra.module.private-gke-autopilot-cluster.module.gke.google_compute_firewall.shadow_allow_nodes",
            "module.infra.module.private-gke-autopilot-cluster.module.gke.google_compute_firewall.shadow_allow_pods",
            "module.infra.module.private-gke-autopilot-cluster.module.gke.google_compute_firewall.shadow_deny_exkubelet",
            "module.infra.module.private-gke-autopilot-cluster.module.gke.google_compute_firewall.tpu_egress",
            "module.infra.module.private-gke-autopilot-cluster.module.gke.google_container_cluster.primary",
            "module.infra.module.private-gke-autopilot-cluster.module.gke.google_project_iam_member.cluster_service_account-artifact-registry",
            "module.infra.module.private-gke-autopilot-cluster.module.gke.google_project_iam_member.cluster_service_account-gcr",
            "module.infra.module.private-gke-autopilot-cluster.module.gke.google_project_iam_member.cluster_service_account-metric_writer",
            "module.infra.module.private-gke-autopilot-cluster.module.gke.google_project_iam_member.cluster_service_account-nodeService_account",
            "module.infra.module.private-gke-autopilot-cluster.module.gke.google_project_iam_member.cluster_service_account-resourceMetadata-writer",
            "module.infra.module.private-gke-autopilot-cluster.module.gke.google_project_iam_member.service_agent",
            "module.infra.module.private-gke-autopilot-cluster.module.gke.google_project_service_identity.fleet_project",
            "module.infra.module.private-gke-autopilot-cluster.module.gke.google_service_account.cluster_service_account",
            "module.infra.module.private-gke-autopilot-cluster.module.gke.kubernetes_config_map.ip-masq-agent",
            "module.infra.module.private-gke-autopilot-cluster.module.gke.kubernetes_config_map_v1_data.kube-dns",
            "module.infra.module.private-gke-autopilot-cluster.module.gke.kubernetes_config_map_v1_data.kube-dns-upstream-nameservers-and-stub-domains",
            "module.infra.module.private-gke-autopilot-cluster.module.gke.kubernetes_config_map_v1_data.kube-dns-upstream-namservers",
            "module.infra.module.private-gke-autopilot-cluster.module.gke.random_shuffle.available_zones",
            "module.infra.module.private-gke-autopilot-cluster.module.gke.random_string.cluster_service_account_suffix",
            "module.infra.module.private-gke-standard-cluster.google_gke_hub_membership.gke-fleet",
            "module.infra.module.private-gke-standard-cluster.module.gke.data.google_compute_subnetwork.gke_subnetwork",
            "module.infra.module.private-gke-standard-cluster.module.gke.data.google_compute_zones.available",
            "module.infra.module.private-gke-standard-cluster.module.gke.data.google_container_engine_versions.region",
            "module.infra.module.private-gke-standard-cluster.module.gke.data.google_container_engine_versions.zone",
            "module.infra.module.private-gke-standard-cluster.module.gke.google_compute_firewall.intra_egress",
            "module.infra.module.private-gke-standard-cluster.module.gke.google_compute_firewall.master_webhooks",
            "module.infra.module.private-gke-standard-cluster.module.gke.google_compute_firewall.shadow_allow_inkubelet",
            "module.infra.module.private-gke-standard-cluster.module.gke.google_compute_firewall.shadow_allow_master",
            "module.infra.module.private-gke-standard-cluster.module.gke.google_compute_firewall.shadow_allow_nodes",
            "module.infra.module.private-gke-standard-cluster.module.gke.google_compute_firewall.shadow_allow_pods",
            "module.infra.module.private-gke-standard-cluster.module.gke.google_compute_firewall.shadow_deny_exkubelet",
            "module.infra.module.private-gke-standard-cluster.module.gke.google_compute_firewall.tpu_egress",
            "module.infra.module.private-gke-standard-cluster.module.gke.google_container_cluster.primary",
            "module.infra.module.private-gke-standard-cluster.module.gke.google_container_node_pool.pools",
            "module.infra.module.private-gke-standard-cluster.module.gke.google_container_node_pool.windows_pools",
            "module.infra.module.private-gke-standard-cluster.module.gke.google_project_iam_member.cluster_service_account-artifact-registry",
            "module.infra.module.private-gke-standard-cluster.module.gke.google_project_iam_member.cluster_service_account-gcr",
            "module.infra.module.private-gke-standard-cluster.module.gke.google_project_iam_member.cluster_service_account-metric_writer",
            "module.infra.module.private-gke-standard-cluster.module.gke.google_project_iam_member.cluster_service_account-nodeService_account",
            "module.infra.module.private-gke-standard-cluster.module.gke.google_project_iam_member.cluster_service_account-resourceMetadata-writer",
            "module.infra.module.private-gke-standard-cluster.module.gke.google_service_account.cluster_service_account",
            "module.infra.module.private-gke-standard-cluster.module.gke.kubernetes_config_map.ip-masq-agent",
            "module.infra.module.private-gke-standard-cluster.module.gke.kubernetes_config_map_v1_data.kube-dns",
            "module.infra.module.private-gke-standard-cluster.module.gke.kubernetes_config_map_v1_data.kube-dns-upstream-nameservers-and-stub-domains",
            "module.infra.module.private-gke-standard-cluster.module.gke.kubernetes_config_map_v1_data.kube-dns-upstream-namservers",
            "module.infra.module.private-gke-standard-cluster.module.gke.random_shuffle.available_zones",
            "module.infra.module.private-gke-standard-cluster.module.gke.random_string.cluster_service_account_suffix",
            "module.infra.module.public-gke-autopilot-cluster.module.gke.data.google_compute_subnetwork.gke_subnetwork",
            "module.infra.module.public-gke-autopilot-cluster.module.gke.data.google_compute_zones.available",
            "module.infra.module.public-gke-autopilot-cluster.module.gke.data.google_container_engine_versions.region",
            "module.infra.module.public-gke-autopilot-cluster.module.gke.data.google_container_engine_versions.zone",
            "module.infra.module.public-gke-autopilot-cluster.module.gke.google_compute_firewall.intra_egress",
            "module.infra.module.public-gke-autopilot-cluster.module.gke.google_compute_firewall.master_webhooks",
            "module.infra.module.public-gke-autopilot-cluster.module.gke.google_compute_firewall.shadow_allow_inkubelet",
            "module.infra.module.public-gke-autopilot-cluster.module.gke.google_compute_firewall.shadow_allow_master",
            "module.infra.module.public-gke-autopilot-cluster.module.gke.google_compute_firewall.shadow_allow_nodes",
            "module.infra.module.public-gke-autopilot-cluster.module.gke.google_compute_firewall.shadow_allow_pods",
            "module.infra.module.public-gke-autopilot-cluster.module.gke.google_compute_firewall.shadow_deny_exkubelet",
            "module.infra.module.public-gke-autopilot-cluster.module.gke.google_compute_firewall.tpu_egress",
            "module.infra.module.public-gke-autopilot-cluster.module.gke.google_container_cluster.primary",
            "module.infra.module.public-gke-autopilot-cluster.module.gke.google_project_iam_member.cluster_service_account-artifact-registry",
            "module.infra.module.public-gke-autopilot-cluster.module.gke.google_project_iam_member.cluster_service_account-gcr",
            "module.infra.module.public-gke-autopilot-cluster.module.gke.google_project_iam_member.cluster_service_account-metric_writer",
            "module.infra.module.public-gke-autopilot-cluster.module.gke.google_project_iam_member.cluster_service_account-nodeService_account",
            "module.infra.module.public-gke-autopilot-cluster.module.gke.google_project_iam_member.cluster_service_account-resourceMetadata-writer",
            "module.infra.module.public-gke-autopilot-cluster.module.gke.google_project_iam_member.service_agent",
            "module.infra.module.public-gke-autopilot-cluster.module.gke.google_project_service_identity.fleet_project",
            "module.infra.module.public-gke-autopilot-cluster.module.gke.google_service_account.cluster_service_account",
            "module.infra.module.public-gke-autopilot-cluster.module.gke.kubernetes_config_map.ip-masq-agent",
            "module.infra.module.public-gke-autopilot-cluster.module.gke.kubernetes_config_map_v1_data.kube-dns",
            "module.infra.module.public-gke-autopilot-cluster.module.gke.kubernetes_config_map_v1_data.kube-dns-upstream-nameservers-and-stub-domains",
            "module.infra.module.public-gke-autopilot-cluster.module.gke.kubernetes_config_map_v1_data.kube-dns-upstream-namservers",
            "module.infra.module.public-gke-autopilot-cluster.module.gke.random_shuffle.available_zones",
            "module.infra.module.public-gke-autopilot-cluster.module.gke.random_string.cluster_service_account_suffix",
            "module.infra.module.public-gke-standard-cluster.module.gke.data.google_compute_subnetwork.gke_subnetwork",
            "module.infra.module.public-gke-standard-cluster.module.gke.data.google_compute_zones.available",
            "module.infra.module.public-gke-standard-cluster.module.gke.data.google_container_engine_versions.region",
            "module.infra.module.public-gke-standard-cluster.module.gke.data.google_container_engine_versions.zone",
            "module.infra.module.public-gke-standard-cluster.module.gke.google_compute_firewall.intra_egress",
            "module.infra.module.public-gke-standard-cluster.module.gke.google_compute_firewall.master_webhooks",
            "module.infra.module.public-gke-standard-cluster.module.gke.google_compute_firewall.shadow_allow_inkubelet",
            "module.infra.module.public-gke-standard-cluster.module.gke.google_compute_firewall.shadow_allow_master",
            "module.infra.module.public-gke-standard-cluster.module.gke.google_compute_firewall.shadow_allow_nodes",
            "module.infra.module.public-gke-standard-cluster.module.gke.google_compute_firewall.shadow_allow_pods",
            "module.infra.module.public-gke-standard-cluster.module.gke.google_compute_firewall.shadow_deny_exkubelet",
            "module.infra.module.public-gke-standard-cluster.module.gke.google_compute_firewall.tpu_egress",
            "module.infra.module.public-gke-standard-cluster.module.gke.google_container_cluster.primary",
            "module.infra.module.public-gke-standard-cluster.module.gke.google_container_node_pool.pools",
            "module.infra.module.public-gke-standard-cluster.module.gke.google_container_node_pool.windows_pools",
            "module.infra.module.public-gke-standard-cluster.module.gke.google_project_iam_member.cluster_service_account-artifact-registry",
            "module.infra.module.public-gke-standard-cluster.module.gke.google_project_iam_member.cluster_service_account-gcr",
            "module.infra.module.public-gke-standard-cluster.module.gke.google_project_iam_member.cluster_service_account-metric_writer",
            "module.infra.module.public-gke-standard-cluster.module.gke.google_project_iam_member.cluster_service_account-nodeService_account",
            "module.infra.module.public-gke-standard-cluster.module.gke.google_project_iam_member.cluster_service_account-resourceMetadata-writer",
            "module.infra.module.public-gke-standard-cluster.module.gke.google_service_account.cluster_service_account",
            "module.infra.module.public-gke-standard-cluster.module.gke.kubernetes_config_map.ip-masq-agent",
            "module.infra.module.public-gke-standard-cluster.module.gke.kubernetes_config_map_v1_data.kube-dns",
            "module.infra.module.public-gke-standard-cluster.module.gke.kubernetes_config_map_v1_data.kube-dns-upstream-nameservers-and-stub-domains",
            "module.infra.module.public-gke-standard-cluster.module.gke.kubernetes_config_map_v1_data.kube-dns-upstream-namservers",
            "module.infra.module.public-gke-standard-cluster.module.gke.random_shuffle.available_zones",
            "module.infra.module.public-gke-standard-cluster.module.gke.random_string.cluster_service_account_suffix",
            "module.jupyterhub.module.jupyterhub-workload-identity.data.google_service_account.cluster_service_account",
            "module.jupyterhub.module.jupyterhub-workload-identity.google_service_account.cluster_service_account",
            "module.namespace.helm_release.app-namespace",
            "module.project-services.data.google_compute_default_service_account.default",
            "module.project-services.google_project_iam_member.project_service_identity_roles",
            "module.project-services.google_project_service.project_services",
            "module.project-services.google_project_service_identity.project_service_identities"
          ]
        }
      ]
    },
    {
      "module": "module.jupyterhub",
      "mode": "managed",
      "type": "helm_release",
      "name": "jupyterhub",
      "provider": "provider[\"registry.terraform.io/hashicorp/helm\"].rag",
      "instances": [
        {
          "schema_version": 0,
          "attributes": {
            "atomic": false,
            "chart": "jupyterhub",
            "cleanup_on_fail": true,
            "create_namespace": true,
            "dependency_update": false,
            "description": null,
            "devel": null,
            "disable_crd_hooks": false,
            "disable_openapi_validation": false,
            "disable_webhooks": false,
            "force_update": false,
            "id": "jupyterhub",
            "keyring": null,
            "lint": false,
            "manifest": null,
            "max_history": 0,
            "metadata": [
              {
                "app_version": "4.1.6",
                "chart": "jupyterhub",
                "name": "jupyterhub",
                "namespace": "ai-on-gke",
                "revision": 1,
                "values": "{\"hub\":{\"config\":{\"Authenticator\":{\"admin_users\":[\"admin\"],\"allowed_users\":[\"user\"]},\"DummyAuthenticator\":{\"password\":\"8jbR5WRlHK\"},\"GCPIAPAuthenticator\":{\"header_name\":\"X-Goog-IAP-JWT-Assertion\",\"namespace\":\"ai-on-gke\",\"project_id\":\"genlu-gke-dev\",\"project_number\":\"696654398756\",\"service_name\":\"proxy-public\"},\"JupyterHub\":{\"authenticator_class\":\"dummy\"}},\"image\":{\"name\":\"us-docker.pkg.dev/ai-on-gke/jupyterhub-authentication-class/jupyter-auth-class\",\"tag\":\"1710974014\"},\"labels\":{\"ai.gke.io\":\"rag\",\"created-by\":\"ai-on-gke\"},\"networkPolicy\":{\"enabled\":false}},\"prePuller\":{\"hook\":{\"enabled\":false}},\"proxy\":{\"chp\":{\"networkPolicy\":{\"enabled\":false}},\"labels\":{\"ai.gke.io\":\"rag\",\"created-by\":\"ai-on-gke\"},\"service\":{\"annotations\":{\"beta.cloud.google.com/backend-config\":\"{\\\"default\\\": \\\"jupyter-iap-config\\\"}\"},\"type\":\"ClusterIP\"},\"traefik\":{\"networkPolicy\":{\"enabled\":false}}},\"scheduling\":{\"userScheduler\":{\"enabled\":false}},\"singleuser\":{\"cloudMetadata\":{\"blockWithIptables\":false},\"cmd\":null,\"cpu\":{\"guarantee\":8,\"limit\":8},\"extraAnnotations\":{\"gke-gcsfuse/cpu-limit\":\"500m\",\"gke-gcsfuse/ephemeral-storage-limit\":\"10Gi\",\"gke-gcsfuse/memory-limit\":\"250Mi\",\"gke-gcsfuse/volumes\":\"true\"},\"extraEnv\":{\"CLOUDSQL_INSTANCE_CONNECTION_NAME\":\"genlu-gke-dev:us-central1:pgvector-instance\",\"JUPYTER_ALLOW_INSECURE_WRITES\":\"true\"},\"extraLabels\":{\"ai.gke.io\":\"rag\",\"created-by\":\"ai-on-gke\"},\"extraResource\":{\"guarantees\":{\"ephemeral-storage\":\"20Gi\"},\"limits\":{\"ephemeral-storage\":\"20Gi\"}},\"image\":{\"name\":\"us-central1-docker.pkg.dev/ai-on-gke/rag-on-gke/jupyter-notebook-image\",\"tag\":\"v1.1-rag\"},\"memory\":{\"guarantee\":\"8G\",\"limit\":\"32G\"},\"networkPolicy\":{\"enabled\":false},\"nodeSelector\":{\"iam.gke.io/gke-metadata-server-enabled\":\"true\"},\"profileList\":[{\"default\":true,\"description\":\"Creates CPU VMs as the compute for notebook execution.\",\"display_name\":\"CPU\",\"profile_options\":{\"storage\":{\"choices\":{\"DefaultStorage\":{\"display_name\":\"DefaultStorage\",\"kubespawner_override\":{\"default\":true}}},\"display_name\":\"Storage\"}}}],\"serviceAccountName\":\"jupyter-rag-sa\",\"startTimeout\":1000,\"storage\":{\"dynamic\":{\"pvcNameTemplate\":\"claim-{username}\"},\"extraVolumeMounts\":[{\"mountPath\":\"/data\",\"name\":\"data-vol\"},{\"mountPath\":\"/etc/secret-volume\",\"name\":\"secret-volume\",\"readOnly\":true}],\"extraVolumes\":[{\"csi\":{\"driver\":\"gcsfuse.csi.storage.gke.io\",\"volumeAttributes\":{\"bucketName\":\"genlu-gke-dev-bucket\",\"mountOptions\":\"implicit-dirs,uid=1000,gid=100\"}},\"name\":\"data-vol\"},{\"name\":\"secret-volume\",\"secret\":{\"optional\":true,\"secretName\":\"db-secret\"}}]}}}",
                "version": "3.3.8"
              }
            ],
            "name": "jupyterhub",
            "namespace": "ai-on-gke",
            "pass_credentials": false,
            "postrender": [],
            "recreate_pods": false,
            "render_subchart_notes": true,
            "replace": false,
            "repository": "https://jupyterhub.github.io/helm-chart",
            "repository_ca_file": null,
            "repository_cert_file": null,
            "repository_key_file": null,
            "repository_password": null,
            "repository_username": null,
            "reset_values": false,
            "reuse_values": false,
            "set": [],
            "set_sensitive": [],
            "skip_crds": false,
            "status": "deployed",
            "timeout": 600,
            "values": [
              "# Copyright 2023 Google LLC\n#\n# Licensed under the Apache License, Version 2.0 (the \"License\");\n# you may not use this file except in compliance with the License.\n# You may obtain a copy of the License at\n#\n#      http://www.apache.org/licenses/LICENSE-2.0\n#\n# Unless required by applicable law or agreed to in writing, software\n# distributed under the License is distributed on an \"AS IS\" BASIS,\n# WITHOUT WARRANTIES OR CONDITIONS OF ANY KIND, either express or implied.\n# See the License for the specific language governing permissions and\n# limitations under the License.\n\n# This file can update the JupyterHub Helm chart's default configuration values.\n#\n# For reference see the configuration reference and default values, but make\n# sure to refer to the Helm chart version of interest to you!\n#\n# Introduction to YAML:     https://www.youtube.com/watch?v=cdLNKUoMc6c\n# Chart config reference:   https://zero-to-jupyterhub.readthedocs.io/en/stable/resources/reference.html\n# Chart default values:     https://github.com/jupyterhub/zero-to-jupyterhub-k8s/blob/HEAD/jupyterhub/values.yaml\n# Available chart versions: https://jupyterhub.github.io/helm-chart/\nhub:\n  image:\n    name: us-docker.pkg.dev/ai-on-gke/jupyterhub-authentication-class/jupyter-auth-class\n    # This is the timestamp of the image, we should avoid using 'latest'\n    tag: '1710974014'\n  labels:\n    {\"ai.gke.io\":\"rag\",\"created-by\":\"ai-on-gke\"}\n  config:\n    JupyterHub:\n      authenticator_class: dummy\n    GCPIAPAuthenticator:\n      header_name: 'X-Goog-IAP-JWT-Assertion'\n      project_id: 'genlu-gke-dev'\n      namespace: 'ai-on-gke'\n      service_name: 'proxy-public'\n      project_number: '696654398756'\n    Authenticator:\n      admin_users:\n        - admin\n      allowed_users:\n        - user\n    DummyAuthenticator:\n      password: 8jbR5WRlHK\n  networkPolicy:\n    enabled: false\n\nprePuller:\n  hook:\n    enabled: false\n\nproxy:\n  labels:\n    {\"ai.gke.io\":\"rag\",\"created-by\":\"ai-on-gke\"}\n  chp:\n    networkPolicy:\n      enabled: false\n  service:\n    type: ClusterIP\n    annotations:\n      beta.cloud.google.com/backend-config: '{\"default\": \"jupyter-iap-config\"}'\n  traefik:\n    networkPolicy:\n      enabled: false\n\nscheduling:\n  userScheduler:\n    enabled: false\n\nsingleuser:\n  memory:\n    limit: 32G\n    guarantee: 8G\n  cpu:\n    limit: 8\n    guarantee: 8\n  extraResource:\n    limits:\n      ephemeral-storage: 20Gi\n    guarantees:\n      ephemeral-storage: 20Gi\n  nodeSelector:\n    iam.gke.io/gke-metadata-server-enabled: \"true\"\n  extraEnv:\n    # Used for GCSFuse to set the ephemeral storage as the home directory. If not set, it will show a permission error on the pod log when using GCSFuse.\n    JUPYTER_ALLOW_INSECURE_WRITES: \"true\"\n    CLOUDSQL_INSTANCE_CONNECTION_NAME: genlu-gke-dev:us-central1:pgvector-instance\n  extraLabels:\n    {\"ai.gke.io\":\"rag\",\"created-by\":\"ai-on-gke\"}\n  image:\n    name: us-central1-docker.pkg.dev/ai-on-gke/rag-on-gke/jupyter-notebook-image\n    tag: v1.1-rag\n  startTimeout: 1000\n  extraAnnotations:\n    gke-gcsfuse/volumes: \"true\"\n    gke-gcsfuse/cpu-limit: 500m\n    gke-gcsfuse/memory-limit: 250Mi\n    gke-gcsfuse/ephemeral-storage-limit: 10Gi\n  serviceAccountName: jupyter-rag-sa\n    # Configure csi for gcsfuse\n  storage:\n    dynamic:\n      pvcNameTemplate: claim-{username}\n    extraVolumes:\n      - name: data-vol\n        csi:\n          driver: gcsfuse.csi.storage.gke.io\n          volumeAttributes:\n            bucketName: genlu-gke-dev-bucket\n            mountOptions: \"implicit-dirs,uid=1000,gid=100\"\n      - name: secret-volume\n        secret:\n          secretName: db-secret\n          optional: true\n    extraVolumeMounts:\n        - name: data-vol\n          mountPath: /data\n        - name: secret-volume\n          mountPath: /etc/secret-volume\n          readOnly: true\n# More info on kubespawner overrides: https://jupyterhub-kubespawner.readthedocs.io/en/latest/spawner.html#kubespawner.KubeSpawner\n#   profile example:\n#   - display_name: \"Learning Data Science\"\n#      description: \"Datascience Environment with Sample Notebooks\"\n#      kubespawner_override:\n#           cpu_limit: .5\n#           cpu_guarantee: .5\n#           mem_limit: 1G\n#           mem_guarantee: 1G\n#        image: jupyter/datascience-notebook:2343e33dec46\n#        lifecycle_hooks:\n#          postStart:\n#            exec:\n#              command:\n#                - \"sh\"\n#                - \"-c\"\n#                - \u003e\n#                  gitpuller https://github.com/data-8/materials-fa17 master materials-fa;\n  profileList:\n    - display_name: \"CPU\"\n      description: \"Creates CPU VMs as the compute for notebook execution.\"\n      profile_options:\n        storage:\n          display_name: \"Storage\"\n          choices:\n            DefaultStorage:\n              display_name: \"DefaultStorage\"\n              kubespawner_override:\n                default: true\n      default: true\n  cmd: null\n  cloudMetadata:\n    blockWithIptables: false\n  networkPolicy:\n    enabled: false\n"
            ],
            "verify": false,
            "version": "3.3.8",
            "wait": true,
            "wait_for_jobs": false
          },
          "sensitive_attributes": [
            [
              {
                "type": "get_attr",
                "value": "values"
              },
              {
                "type": "index",
                "value": {
                  "value": 0,
                  "type": "number"
                }
              }
            ]
          ],
          "private": "bnVsbA==",
          "dependencies": [
            "data.google_client_config.default",
            "data.google_container_cluster.default",
            "data.google_project.project",
            "module.cloudsql.kubernetes_secret.secret",
            "module.cloudsql.random_password.pwd",
            "module.gcs.google_storage_bucket.static",
            "module.infra.data.google_compute_subnetwork.subnetwork",
            "module.infra.module.custom-network.google_compute_global_address.google-managed-services-range",
            "module.infra.module.custom-network.google_compute_network.network",
            "module.infra.module.custom-network.google_compute_subnetwork.subnetwork",
            "module.infra.module.custom-network.google_service_networking_connection.private_service_access",
            "module.infra.module.private-gke-autopilot-cluster.google_gke_hub_membership.gke-fleet",
            "module.infra.module.private-gke-autopilot-cluster.module.gke.data.google_compute_subnetwork.gke_subnetwork",
            "module.infra.module.private-gke-autopilot-cluster.module.gke.data.google_compute_zones.available",
            "module.infra.module.private-gke-autopilot-cluster.module.gke.data.google_container_engine_versions.region",
            "module.infra.module.private-gke-autopilot-cluster.module.gke.data.google_container_engine_versions.zone",
            "module.infra.module.private-gke-autopilot-cluster.module.gke.google_compute_firewall.intra_egress",
            "module.infra.module.private-gke-autopilot-cluster.module.gke.google_compute_firewall.master_webhooks",
            "module.infra.module.private-gke-autopilot-cluster.module.gke.google_compute_firewall.shadow_allow_inkubelet",
            "module.infra.module.private-gke-autopilot-cluster.module.gke.google_compute_firewall.shadow_allow_master",
            "module.infra.module.private-gke-autopilot-cluster.module.gke.google_compute_firewall.shadow_allow_nodes",
            "module.infra.module.private-gke-autopilot-cluster.module.gke.google_compute_firewall.shadow_allow_pods",
            "module.infra.module.private-gke-autopilot-cluster.module.gke.google_compute_firewall.shadow_deny_exkubelet",
            "module.infra.module.private-gke-autopilot-cluster.module.gke.google_compute_firewall.tpu_egress",
            "module.infra.module.private-gke-autopilot-cluster.module.gke.google_container_cluster.primary",
            "module.infra.module.private-gke-autopilot-cluster.module.gke.google_project_iam_member.cluster_service_account-artifact-registry",
            "module.infra.module.private-gke-autopilot-cluster.module.gke.google_project_iam_member.cluster_service_account-gcr",
            "module.infra.module.private-gke-autopilot-cluster.module.gke.google_project_iam_member.cluster_service_account-metric_writer",
            "module.infra.module.private-gke-autopilot-cluster.module.gke.google_project_iam_member.cluster_service_account-nodeService_account",
            "module.infra.module.private-gke-autopilot-cluster.module.gke.google_project_iam_member.cluster_service_account-resourceMetadata-writer",
            "module.infra.module.private-gke-autopilot-cluster.module.gke.google_project_iam_member.service_agent",
            "module.infra.module.private-gke-autopilot-cluster.module.gke.google_project_service_identity.fleet_project",
            "module.infra.module.private-gke-autopilot-cluster.module.gke.google_service_account.cluster_service_account",
            "module.infra.module.private-gke-autopilot-cluster.module.gke.kubernetes_config_map.ip-masq-agent",
            "module.infra.module.private-gke-autopilot-cluster.module.gke.kubernetes_config_map_v1_data.kube-dns",
            "module.infra.module.private-gke-autopilot-cluster.module.gke.kubernetes_config_map_v1_data.kube-dns-upstream-nameservers-and-stub-domains",
            "module.infra.module.private-gke-autopilot-cluster.module.gke.kubernetes_config_map_v1_data.kube-dns-upstream-namservers",
            "module.infra.module.private-gke-autopilot-cluster.module.gke.random_shuffle.available_zones",
            "module.infra.module.private-gke-autopilot-cluster.module.gke.random_string.cluster_service_account_suffix",
            "module.infra.module.private-gke-standard-cluster.google_gke_hub_membership.gke-fleet",
            "module.infra.module.private-gke-standard-cluster.module.gke.data.google_compute_subnetwork.gke_subnetwork",
            "module.infra.module.private-gke-standard-cluster.module.gke.data.google_compute_zones.available",
            "module.infra.module.private-gke-standard-cluster.module.gke.data.google_container_engine_versions.region",
            "module.infra.module.private-gke-standard-cluster.module.gke.data.google_container_engine_versions.zone",
            "module.infra.module.private-gke-standard-cluster.module.gke.google_compute_firewall.intra_egress",
            "module.infra.module.private-gke-standard-cluster.module.gke.google_compute_firewall.master_webhooks",
            "module.infra.module.private-gke-standard-cluster.module.gke.google_compute_firewall.shadow_allow_inkubelet",
            "module.infra.module.private-gke-standard-cluster.module.gke.google_compute_firewall.shadow_allow_master",
            "module.infra.module.private-gke-standard-cluster.module.gke.google_compute_firewall.shadow_allow_nodes",
            "module.infra.module.private-gke-standard-cluster.module.gke.google_compute_firewall.shadow_allow_pods",
            "module.infra.module.private-gke-standard-cluster.module.gke.google_compute_firewall.shadow_deny_exkubelet",
            "module.infra.module.private-gke-standard-cluster.module.gke.google_compute_firewall.tpu_egress",
            "module.infra.module.private-gke-standard-cluster.module.gke.google_container_cluster.primary",
            "module.infra.module.private-gke-standard-cluster.module.gke.google_container_node_pool.pools",
            "module.infra.module.private-gke-standard-cluster.module.gke.google_container_node_pool.windows_pools",
            "module.infra.module.private-gke-standard-cluster.module.gke.google_project_iam_member.cluster_service_account-artifact-registry",
            "module.infra.module.private-gke-standard-cluster.module.gke.google_project_iam_member.cluster_service_account-gcr",
            "module.infra.module.private-gke-standard-cluster.module.gke.google_project_iam_member.cluster_service_account-metric_writer",
            "module.infra.module.private-gke-standard-cluster.module.gke.google_project_iam_member.cluster_service_account-nodeService_account",
            "module.infra.module.private-gke-standard-cluster.module.gke.google_project_iam_member.cluster_service_account-resourceMetadata-writer",
            "module.infra.module.private-gke-standard-cluster.module.gke.google_service_account.cluster_service_account",
            "module.infra.module.private-gke-standard-cluster.module.gke.kubernetes_config_map.ip-masq-agent",
            "module.infra.module.private-gke-standard-cluster.module.gke.kubernetes_config_map_v1_data.kube-dns",
            "module.infra.module.private-gke-standard-cluster.module.gke.kubernetes_config_map_v1_data.kube-dns-upstream-nameservers-and-stub-domains",
            "module.infra.module.private-gke-standard-cluster.module.gke.kubernetes_config_map_v1_data.kube-dns-upstream-namservers",
            "module.infra.module.private-gke-standard-cluster.module.gke.random_shuffle.available_zones",
            "module.infra.module.private-gke-standard-cluster.module.gke.random_string.cluster_service_account_suffix",
            "module.infra.module.public-gke-autopilot-cluster.module.gke.data.google_compute_subnetwork.gke_subnetwork",
            "module.infra.module.public-gke-autopilot-cluster.module.gke.data.google_compute_zones.available",
            "module.infra.module.public-gke-autopilot-cluster.module.gke.data.google_container_engine_versions.region",
            "module.infra.module.public-gke-autopilot-cluster.module.gke.data.google_container_engine_versions.zone",
            "module.infra.module.public-gke-autopilot-cluster.module.gke.google_compute_firewall.intra_egress",
            "module.infra.module.public-gke-autopilot-cluster.module.gke.google_compute_firewall.master_webhooks",
            "module.infra.module.public-gke-autopilot-cluster.module.gke.google_compute_firewall.shadow_allow_inkubelet",
            "module.infra.module.public-gke-autopilot-cluster.module.gke.google_compute_firewall.shadow_allow_master",
            "module.infra.module.public-gke-autopilot-cluster.module.gke.google_compute_firewall.shadow_allow_nodes",
            "module.infra.module.public-gke-autopilot-cluster.module.gke.google_compute_firewall.shadow_allow_pods",
            "module.infra.module.public-gke-autopilot-cluster.module.gke.google_compute_firewall.shadow_deny_exkubelet",
            "module.infra.module.public-gke-autopilot-cluster.module.gke.google_compute_firewall.tpu_egress",
            "module.infra.module.public-gke-autopilot-cluster.module.gke.google_container_cluster.primary",
            "module.infra.module.public-gke-autopilot-cluster.module.gke.google_project_iam_member.cluster_service_account-artifact-registry",
            "module.infra.module.public-gke-autopilot-cluster.module.gke.google_project_iam_member.cluster_service_account-gcr",
            "module.infra.module.public-gke-autopilot-cluster.module.gke.google_project_iam_member.cluster_service_account-metric_writer",
            "module.infra.module.public-gke-autopilot-cluster.module.gke.google_project_iam_member.cluster_service_account-nodeService_account",
            "module.infra.module.public-gke-autopilot-cluster.module.gke.google_project_iam_member.cluster_service_account-resourceMetadata-writer",
            "module.infra.module.public-gke-autopilot-cluster.module.gke.google_project_iam_member.service_agent",
            "module.infra.module.public-gke-autopilot-cluster.module.gke.google_project_service_identity.fleet_project",
            "module.infra.module.public-gke-autopilot-cluster.module.gke.google_service_account.cluster_service_account",
            "module.infra.module.public-gke-autopilot-cluster.module.gke.kubernetes_config_map.ip-masq-agent",
            "module.infra.module.public-gke-autopilot-cluster.module.gke.kubernetes_config_map_v1_data.kube-dns",
            "module.infra.module.public-gke-autopilot-cluster.module.gke.kubernetes_config_map_v1_data.kube-dns-upstream-nameservers-and-stub-domains",
            "module.infra.module.public-gke-autopilot-cluster.module.gke.kubernetes_config_map_v1_data.kube-dns-upstream-namservers",
            "module.infra.module.public-gke-autopilot-cluster.module.gke.random_shuffle.available_zones",
            "module.infra.module.public-gke-autopilot-cluster.module.gke.random_string.cluster_service_account_suffix",
            "module.infra.module.public-gke-standard-cluster.module.gke.data.google_compute_subnetwork.gke_subnetwork",
            "module.infra.module.public-gke-standard-cluster.module.gke.data.google_compute_zones.available",
            "module.infra.module.public-gke-standard-cluster.module.gke.data.google_container_engine_versions.region",
            "module.infra.module.public-gke-standard-cluster.module.gke.data.google_container_engine_versions.zone",
            "module.infra.module.public-gke-standard-cluster.module.gke.google_compute_firewall.intra_egress",
            "module.infra.module.public-gke-standard-cluster.module.gke.google_compute_firewall.master_webhooks",
            "module.infra.module.public-gke-standard-cluster.module.gke.google_compute_firewall.shadow_allow_inkubelet",
            "module.infra.module.public-gke-standard-cluster.module.gke.google_compute_firewall.shadow_allow_master",
            "module.infra.module.public-gke-standard-cluster.module.gke.google_compute_firewall.shadow_allow_nodes",
            "module.infra.module.public-gke-standard-cluster.module.gke.google_compute_firewall.shadow_allow_pods",
            "module.infra.module.public-gke-standard-cluster.module.gke.google_compute_firewall.shadow_deny_exkubelet",
            "module.infra.module.public-gke-standard-cluster.module.gke.google_compute_firewall.tpu_egress",
            "module.infra.module.public-gke-standard-cluster.module.gke.google_container_cluster.primary",
            "module.infra.module.public-gke-standard-cluster.module.gke.google_container_node_pool.pools",
            "module.infra.module.public-gke-standard-cluster.module.gke.google_container_node_pool.windows_pools",
            "module.infra.module.public-gke-standard-cluster.module.gke.google_project_iam_member.cluster_service_account-artifact-registry",
            "module.infra.module.public-gke-standard-cluster.module.gke.google_project_iam_member.cluster_service_account-gcr",
            "module.infra.module.public-gke-standard-cluster.module.gke.google_project_iam_member.cluster_service_account-metric_writer",
            "module.infra.module.public-gke-standard-cluster.module.gke.google_project_iam_member.cluster_service_account-nodeService_account",
            "module.infra.module.public-gke-standard-cluster.module.gke.google_project_iam_member.cluster_service_account-resourceMetadata-writer",
            "module.infra.module.public-gke-standard-cluster.module.gke.google_service_account.cluster_service_account",
            "module.infra.module.public-gke-standard-cluster.module.gke.kubernetes_config_map.ip-masq-agent",
            "module.infra.module.public-gke-standard-cluster.module.gke.kubernetes_config_map_v1_data.kube-dns",
            "module.infra.module.public-gke-standard-cluster.module.gke.kubernetes_config_map_v1_data.kube-dns-upstream-nameservers-and-stub-domains",
            "module.infra.module.public-gke-standard-cluster.module.gke.kubernetes_config_map_v1_data.kube-dns-upstream-namservers",
            "module.infra.module.public-gke-standard-cluster.module.gke.random_shuffle.available_zones",
            "module.infra.module.public-gke-standard-cluster.module.gke.random_string.cluster_service_account_suffix",
            "module.jupyterhub.data.google_project.project",
            "module.jupyterhub.module.jupyterhub-workload-identity.data.google_service_account.cluster_service_account",
            "module.jupyterhub.module.jupyterhub-workload-identity.google_project_iam_member.workload_identity_sa_bindings",
            "module.jupyterhub.module.jupyterhub-workload-identity.google_project_iam_member.workload_identity_sa_bindings_additional_projects",
            "module.jupyterhub.module.jupyterhub-workload-identity.google_service_account.cluster_service_account",
            "module.jupyterhub.module.jupyterhub-workload-identity.google_service_account_iam_member.main",
            "module.jupyterhub.module.jupyterhub-workload-identity.kubernetes_service_account.main",
            "module.jupyterhub.module.jupyterhub-workload-identity.module.annotate-sa.module.gcloud_kubectl.data.external.env_override",
            "module.jupyterhub.module.jupyterhub-workload-identity.module.annotate-sa.module.gcloud_kubectl.null_resource.additional_components",
            "module.jupyterhub.module.jupyterhub-workload-identity.module.annotate-sa.module.gcloud_kubectl.null_resource.additional_components_destroy",
            "module.jupyterhub.module.jupyterhub-workload-identity.module.annotate-sa.module.gcloud_kubectl.null_resource.decompress",
            "module.jupyterhub.module.jupyterhub-workload-identity.module.annotate-sa.module.gcloud_kubectl.null_resource.decompress_destroy",
            "module.jupyterhub.module.jupyterhub-workload-identity.module.annotate-sa.module.gcloud_kubectl.null_resource.download_gcloud",
            "module.jupyterhub.module.jupyterhub-workload-identity.module.annotate-sa.module.gcloud_kubectl.null_resource.download_jq",
            "module.jupyterhub.module.jupyterhub-workload-identity.module.annotate-sa.module.gcloud_kubectl.null_resource.gcloud_auth_google_credentials",
            "module.jupyterhub.module.jupyterhub-workload-identity.module.annotate-sa.module.gcloud_kubectl.null_resource.gcloud_auth_google_credentials_destroy",
            "module.jupyterhub.module.jupyterhub-workload-identity.module.annotate-sa.module.gcloud_kubectl.null_resource.gcloud_auth_service_account_key_file",
            "module.jupyterhub.module.jupyterhub-workload-identity.module.annotate-sa.module.gcloud_kubectl.null_resource.gcloud_auth_service_account_key_file_destroy",
            "module.jupyterhub.module.jupyterhub-workload-identity.module.annotate-sa.module.gcloud_kubectl.null_resource.module_depends_on",
            "module.jupyterhub.module.jupyterhub-workload-identity.module.annotate-sa.module.gcloud_kubectl.null_resource.prepare_cache",
            "module.jupyterhub.module.jupyterhub-workload-identity.module.annotate-sa.module.gcloud_kubectl.null_resource.run_command",
            "module.jupyterhub.module.jupyterhub-workload-identity.module.annotate-sa.module.gcloud_kubectl.null_resource.run_destroy_command",
            "module.jupyterhub.module.jupyterhub-workload-identity.module.annotate-sa.module.gcloud_kubectl.null_resource.upgrade",
            "module.jupyterhub.module.jupyterhub-workload-identity.module.annotate-sa.module.gcloud_kubectl.null_resource.upgrade_destroy",
            "module.jupyterhub.module.jupyterhub-workload-identity.module.annotate-sa.module.gcloud_kubectl.random_id.cache",
            "module.jupyterhub.random_password.generated_password",
            "module.namespace.helm_release.app-namespace",
            "module.project-services.data.google_compute_default_service_account.default",
            "module.project-services.google_project_iam_member.project_service_identity_roles",
            "module.project-services.google_project_service.project_services",
            "module.project-services.google_project_service_identity.project_service_identities"
          ]
        }
      ]
    },
    {
      "module": "module.jupyterhub",
      "mode": "managed",
      "type": "kubernetes_annotations",
      "name": "hub",
      "provider": "provider[\"registry.terraform.io/hashicorp/kubernetes\"].rag",
      "instances": [
        {
          "schema_version": 0,
          "attributes": {
            "annotations": {
              "iam.gke.io/gcp-service-account": "jupyter-rag-sa@genlu-gke-dev.iam.gserviceaccount.com"
            },
            "api_version": "v1",
            "field_manager": "Terraform",
            "force": null,
            "id": "apiVersion=v1,kind=ServiceAccount,name=hub,namespace=ai-on-gke",
            "kind": "ServiceAccount",
            "metadata": [
              {
                "name": "hub",
                "namespace": "ai-on-gke"
              }
            ],
            "template_annotations": {}
          },
          "sensitive_attributes": [],
          "private": "bnVsbA==",
          "dependencies": [
            "data.google_client_config.default",
            "data.google_container_cluster.default",
            "data.google_project.project",
            "module.cloudsql.kubernetes_secret.secret",
            "module.cloudsql.random_password.pwd",
            "module.gcs.google_storage_bucket.static",
            "module.infra.data.google_compute_subnetwork.subnetwork",
            "module.infra.module.custom-network.google_compute_global_address.google-managed-services-range",
            "module.infra.module.custom-network.google_compute_network.network",
            "module.infra.module.custom-network.google_compute_subnetwork.subnetwork",
            "module.infra.module.custom-network.google_service_networking_connection.private_service_access",
            "module.infra.module.private-gke-autopilot-cluster.google_gke_hub_membership.gke-fleet",
            "module.infra.module.private-gke-autopilot-cluster.module.gke.data.google_compute_subnetwork.gke_subnetwork",
            "module.infra.module.private-gke-autopilot-cluster.module.gke.data.google_compute_zones.available",
            "module.infra.module.private-gke-autopilot-cluster.module.gke.data.google_container_engine_versions.region",
            "module.infra.module.private-gke-autopilot-cluster.module.gke.data.google_container_engine_versions.zone",
            "module.infra.module.private-gke-autopilot-cluster.module.gke.google_compute_firewall.intra_egress",
            "module.infra.module.private-gke-autopilot-cluster.module.gke.google_compute_firewall.master_webhooks",
            "module.infra.module.private-gke-autopilot-cluster.module.gke.google_compute_firewall.shadow_allow_inkubelet",
            "module.infra.module.private-gke-autopilot-cluster.module.gke.google_compute_firewall.shadow_allow_master",
            "module.infra.module.private-gke-autopilot-cluster.module.gke.google_compute_firewall.shadow_allow_nodes",
            "module.infra.module.private-gke-autopilot-cluster.module.gke.google_compute_firewall.shadow_allow_pods",
            "module.infra.module.private-gke-autopilot-cluster.module.gke.google_compute_firewall.shadow_deny_exkubelet",
            "module.infra.module.private-gke-autopilot-cluster.module.gke.google_compute_firewall.tpu_egress",
            "module.infra.module.private-gke-autopilot-cluster.module.gke.google_container_cluster.primary",
            "module.infra.module.private-gke-autopilot-cluster.module.gke.google_project_iam_member.cluster_service_account-artifact-registry",
            "module.infra.module.private-gke-autopilot-cluster.module.gke.google_project_iam_member.cluster_service_account-gcr",
            "module.infra.module.private-gke-autopilot-cluster.module.gke.google_project_iam_member.cluster_service_account-metric_writer",
            "module.infra.module.private-gke-autopilot-cluster.module.gke.google_project_iam_member.cluster_service_account-nodeService_account",
            "module.infra.module.private-gke-autopilot-cluster.module.gke.google_project_iam_member.cluster_service_account-resourceMetadata-writer",
            "module.infra.module.private-gke-autopilot-cluster.module.gke.google_project_iam_member.service_agent",
            "module.infra.module.private-gke-autopilot-cluster.module.gke.google_project_service_identity.fleet_project",
            "module.infra.module.private-gke-autopilot-cluster.module.gke.google_service_account.cluster_service_account",
            "module.infra.module.private-gke-autopilot-cluster.module.gke.kubernetes_config_map.ip-masq-agent",
            "module.infra.module.private-gke-autopilot-cluster.module.gke.kubernetes_config_map_v1_data.kube-dns",
            "module.infra.module.private-gke-autopilot-cluster.module.gke.kubernetes_config_map_v1_data.kube-dns-upstream-nameservers-and-stub-domains",
            "module.infra.module.private-gke-autopilot-cluster.module.gke.kubernetes_config_map_v1_data.kube-dns-upstream-namservers",
            "module.infra.module.private-gke-autopilot-cluster.module.gke.random_shuffle.available_zones",
            "module.infra.module.private-gke-autopilot-cluster.module.gke.random_string.cluster_service_account_suffix",
            "module.infra.module.private-gke-standard-cluster.google_gke_hub_membership.gke-fleet",
            "module.infra.module.private-gke-standard-cluster.module.gke.data.google_compute_subnetwork.gke_subnetwork",
            "module.infra.module.private-gke-standard-cluster.module.gke.data.google_compute_zones.available",
            "module.infra.module.private-gke-standard-cluster.module.gke.data.google_container_engine_versions.region",
            "module.infra.module.private-gke-standard-cluster.module.gke.data.google_container_engine_versions.zone",
            "module.infra.module.private-gke-standard-cluster.module.gke.google_compute_firewall.intra_egress",
            "module.infra.module.private-gke-standard-cluster.module.gke.google_compute_firewall.master_webhooks",
            "module.infra.module.private-gke-standard-cluster.module.gke.google_compute_firewall.shadow_allow_inkubelet",
            "module.infra.module.private-gke-standard-cluster.module.gke.google_compute_firewall.shadow_allow_master",
            "module.infra.module.private-gke-standard-cluster.module.gke.google_compute_firewall.shadow_allow_nodes",
            "module.infra.module.private-gke-standard-cluster.module.gke.google_compute_firewall.shadow_allow_pods",
            "module.infra.module.private-gke-standard-cluster.module.gke.google_compute_firewall.shadow_deny_exkubelet",
            "module.infra.module.private-gke-standard-cluster.module.gke.google_compute_firewall.tpu_egress",
            "module.infra.module.private-gke-standard-cluster.module.gke.google_container_cluster.primary",
            "module.infra.module.private-gke-standard-cluster.module.gke.google_container_node_pool.pools",
            "module.infra.module.private-gke-standard-cluster.module.gke.google_container_node_pool.windows_pools",
            "module.infra.module.private-gke-standard-cluster.module.gke.google_project_iam_member.cluster_service_account-artifact-registry",
            "module.infra.module.private-gke-standard-cluster.module.gke.google_project_iam_member.cluster_service_account-gcr",
            "module.infra.module.private-gke-standard-cluster.module.gke.google_project_iam_member.cluster_service_account-metric_writer",
            "module.infra.module.private-gke-standard-cluster.module.gke.google_project_iam_member.cluster_service_account-nodeService_account",
            "module.infra.module.private-gke-standard-cluster.module.gke.google_project_iam_member.cluster_service_account-resourceMetadata-writer",
            "module.infra.module.private-gke-standard-cluster.module.gke.google_service_account.cluster_service_account",
            "module.infra.module.private-gke-standard-cluster.module.gke.kubernetes_config_map.ip-masq-agent",
            "module.infra.module.private-gke-standard-cluster.module.gke.kubernetes_config_map_v1_data.kube-dns",
            "module.infra.module.private-gke-standard-cluster.module.gke.kubernetes_config_map_v1_data.kube-dns-upstream-nameservers-and-stub-domains",
            "module.infra.module.private-gke-standard-cluster.module.gke.kubernetes_config_map_v1_data.kube-dns-upstream-namservers",
            "module.infra.module.private-gke-standard-cluster.module.gke.random_shuffle.available_zones",
            "module.infra.module.private-gke-standard-cluster.module.gke.random_string.cluster_service_account_suffix",
            "module.infra.module.public-gke-autopilot-cluster.module.gke.data.google_compute_subnetwork.gke_subnetwork",
            "module.infra.module.public-gke-autopilot-cluster.module.gke.data.google_compute_zones.available",
            "module.infra.module.public-gke-autopilot-cluster.module.gke.data.google_container_engine_versions.region",
            "module.infra.module.public-gke-autopilot-cluster.module.gke.data.google_container_engine_versions.zone",
            "module.infra.module.public-gke-autopilot-cluster.module.gke.google_compute_firewall.intra_egress",
            "module.infra.module.public-gke-autopilot-cluster.module.gke.google_compute_firewall.master_webhooks",
            "module.infra.module.public-gke-autopilot-cluster.module.gke.google_compute_firewall.shadow_allow_inkubelet",
            "module.infra.module.public-gke-autopilot-cluster.module.gke.google_compute_firewall.shadow_allow_master",
            "module.infra.module.public-gke-autopilot-cluster.module.gke.google_compute_firewall.shadow_allow_nodes",
            "module.infra.module.public-gke-autopilot-cluster.module.gke.google_compute_firewall.shadow_allow_pods",
            "module.infra.module.public-gke-autopilot-cluster.module.gke.google_compute_firewall.shadow_deny_exkubelet",
            "module.infra.module.public-gke-autopilot-cluster.module.gke.google_compute_firewall.tpu_egress",
            "module.infra.module.public-gke-autopilot-cluster.module.gke.google_container_cluster.primary",
            "module.infra.module.public-gke-autopilot-cluster.module.gke.google_project_iam_member.cluster_service_account-artifact-registry",
            "module.infra.module.public-gke-autopilot-cluster.module.gke.google_project_iam_member.cluster_service_account-gcr",
            "module.infra.module.public-gke-autopilot-cluster.module.gke.google_project_iam_member.cluster_service_account-metric_writer",
            "module.infra.module.public-gke-autopilot-cluster.module.gke.google_project_iam_member.cluster_service_account-nodeService_account",
            "module.infra.module.public-gke-autopilot-cluster.module.gke.google_project_iam_member.cluster_service_account-resourceMetadata-writer",
            "module.infra.module.public-gke-autopilot-cluster.module.gke.google_project_iam_member.service_agent",
            "module.infra.module.public-gke-autopilot-cluster.module.gke.google_project_service_identity.fleet_project",
            "module.infra.module.public-gke-autopilot-cluster.module.gke.google_service_account.cluster_service_account",
            "module.infra.module.public-gke-autopilot-cluster.module.gke.kubernetes_config_map.ip-masq-agent",
            "module.infra.module.public-gke-autopilot-cluster.module.gke.kubernetes_config_map_v1_data.kube-dns",
            "module.infra.module.public-gke-autopilot-cluster.module.gke.kubernetes_config_map_v1_data.kube-dns-upstream-nameservers-and-stub-domains",
            "module.infra.module.public-gke-autopilot-cluster.module.gke.kubernetes_config_map_v1_data.kube-dns-upstream-namservers",
            "module.infra.module.public-gke-autopilot-cluster.module.gke.random_shuffle.available_zones",
            "module.infra.module.public-gke-autopilot-cluster.module.gke.random_string.cluster_service_account_suffix",
            "module.infra.module.public-gke-standard-cluster.module.gke.data.google_compute_subnetwork.gke_subnetwork",
            "module.infra.module.public-gke-standard-cluster.module.gke.data.google_compute_zones.available",
            "module.infra.module.public-gke-standard-cluster.module.gke.data.google_container_engine_versions.region",
            "module.infra.module.public-gke-standard-cluster.module.gke.data.google_container_engine_versions.zone",
            "module.infra.module.public-gke-standard-cluster.module.gke.google_compute_firewall.intra_egress",
            "module.infra.module.public-gke-standard-cluster.module.gke.google_compute_firewall.master_webhooks",
            "module.infra.module.public-gke-standard-cluster.module.gke.google_compute_firewall.shadow_allow_inkubelet",
            "module.infra.module.public-gke-standard-cluster.module.gke.google_compute_firewall.shadow_allow_master",
            "module.infra.module.public-gke-standard-cluster.module.gke.google_compute_firewall.shadow_allow_nodes",
            "module.infra.module.public-gke-standard-cluster.module.gke.google_compute_firewall.shadow_allow_pods",
            "module.infra.module.public-gke-standard-cluster.module.gke.google_compute_firewall.shadow_deny_exkubelet",
            "module.infra.module.public-gke-standard-cluster.module.gke.google_compute_firewall.tpu_egress",
            "module.infra.module.public-gke-standard-cluster.module.gke.google_container_cluster.primary",
            "module.infra.module.public-gke-standard-cluster.module.gke.google_container_node_pool.pools",
            "module.infra.module.public-gke-standard-cluster.module.gke.google_container_node_pool.windows_pools",
            "module.infra.module.public-gke-standard-cluster.module.gke.google_project_iam_member.cluster_service_account-artifact-registry",
            "module.infra.module.public-gke-standard-cluster.module.gke.google_project_iam_member.cluster_service_account-gcr",
            "module.infra.module.public-gke-standard-cluster.module.gke.google_project_iam_member.cluster_service_account-metric_writer",
            "module.infra.module.public-gke-standard-cluster.module.gke.google_project_iam_member.cluster_service_account-nodeService_account",
            "module.infra.module.public-gke-standard-cluster.module.gke.google_project_iam_member.cluster_service_account-resourceMetadata-writer",
            "module.infra.module.public-gke-standard-cluster.module.gke.google_service_account.cluster_service_account",
            "module.infra.module.public-gke-standard-cluster.module.gke.kubernetes_config_map.ip-masq-agent",
            "module.infra.module.public-gke-standard-cluster.module.gke.kubernetes_config_map_v1_data.kube-dns",
            "module.infra.module.public-gke-standard-cluster.module.gke.kubernetes_config_map_v1_data.kube-dns-upstream-nameservers-and-stub-domains",
            "module.infra.module.public-gke-standard-cluster.module.gke.kubernetes_config_map_v1_data.kube-dns-upstream-namservers",
            "module.infra.module.public-gke-standard-cluster.module.gke.random_shuffle.available_zones",
            "module.infra.module.public-gke-standard-cluster.module.gke.random_string.cluster_service_account_suffix",
            "module.jupyterhub.data.google_project.project",
            "module.jupyterhub.helm_release.jupyterhub",
            "module.jupyterhub.module.jupyterhub-workload-identity.data.google_service_account.cluster_service_account",
            "module.jupyterhub.module.jupyterhub-workload-identity.google_project_iam_member.workload_identity_sa_bindings",
            "module.jupyterhub.module.jupyterhub-workload-identity.google_project_iam_member.workload_identity_sa_bindings_additional_projects",
            "module.jupyterhub.module.jupyterhub-workload-identity.google_service_account.cluster_service_account",
            "module.jupyterhub.module.jupyterhub-workload-identity.google_service_account_iam_member.main",
            "module.jupyterhub.module.jupyterhub-workload-identity.kubernetes_service_account.main",
            "module.jupyterhub.module.jupyterhub-workload-identity.module.annotate-sa.module.gcloud_kubectl.data.external.env_override",
            "module.jupyterhub.module.jupyterhub-workload-identity.module.annotate-sa.module.gcloud_kubectl.null_resource.additional_components",
            "module.jupyterhub.module.jupyterhub-workload-identity.module.annotate-sa.module.gcloud_kubectl.null_resource.additional_components_destroy",
            "module.jupyterhub.module.jupyterhub-workload-identity.module.annotate-sa.module.gcloud_kubectl.null_resource.decompress",
            "module.jupyterhub.module.jupyterhub-workload-identity.module.annotate-sa.module.gcloud_kubectl.null_resource.decompress_destroy",
            "module.jupyterhub.module.jupyterhub-workload-identity.module.annotate-sa.module.gcloud_kubectl.null_resource.download_gcloud",
            "module.jupyterhub.module.jupyterhub-workload-identity.module.annotate-sa.module.gcloud_kubectl.null_resource.download_jq",
            "module.jupyterhub.module.jupyterhub-workload-identity.module.annotate-sa.module.gcloud_kubectl.null_resource.gcloud_auth_google_credentials",
            "module.jupyterhub.module.jupyterhub-workload-identity.module.annotate-sa.module.gcloud_kubectl.null_resource.gcloud_auth_google_credentials_destroy",
            "module.jupyterhub.module.jupyterhub-workload-identity.module.annotate-sa.module.gcloud_kubectl.null_resource.gcloud_auth_service_account_key_file",
            "module.jupyterhub.module.jupyterhub-workload-identity.module.annotate-sa.module.gcloud_kubectl.null_resource.gcloud_auth_service_account_key_file_destroy",
            "module.jupyterhub.module.jupyterhub-workload-identity.module.annotate-sa.module.gcloud_kubectl.null_resource.module_depends_on",
            "module.jupyterhub.module.jupyterhub-workload-identity.module.annotate-sa.module.gcloud_kubectl.null_resource.prepare_cache",
            "module.jupyterhub.module.jupyterhub-workload-identity.module.annotate-sa.module.gcloud_kubectl.null_resource.run_command",
            "module.jupyterhub.module.jupyterhub-workload-identity.module.annotate-sa.module.gcloud_kubectl.null_resource.run_destroy_command",
            "module.jupyterhub.module.jupyterhub-workload-identity.module.annotate-sa.module.gcloud_kubectl.null_resource.upgrade",
            "module.jupyterhub.module.jupyterhub-workload-identity.module.annotate-sa.module.gcloud_kubectl.null_resource.upgrade_destroy",
            "module.jupyterhub.module.jupyterhub-workload-identity.module.annotate-sa.module.gcloud_kubectl.random_id.cache",
            "module.jupyterhub.random_password.generated_password",
            "module.namespace.helm_release.app-namespace",
            "module.project-services.data.google_compute_default_service_account.default",
            "module.project-services.google_project_iam_member.project_service_identity_roles",
            "module.project-services.google_project_service.project_services",
            "module.project-services.google_project_service_identity.project_service_identities"
          ]
        }
      ]
    },
    {
      "module": "module.jupyterhub",
      "mode": "managed",
      "type": "random_password",
      "name": "generated_password",
      "provider": "provider[\"registry.terraform.io/hashicorp/random\"]",
      "instances": [
        {
          "index_key": 0,
          "schema_version": 3,
          "attributes": {
            "bcrypt_hash": "$2a$10$j0.MjRvlewh/RxQJ8GE5LOC4fiGtB..8GTxWyibP9wLybViwBolZC",
            "id": "none",
            "keepers": null,
            "length": 10,
            "lower": true,
            "min_lower": 0,
            "min_numeric": 0,
            "min_special": 0,
            "min_upper": 0,
            "number": true,
            "numeric": true,
            "override_special": null,
            "result": "8jbR5WRlHK",
            "special": false,
            "upper": true
          },
          "sensitive_attributes": [],
          "dependencies": [
            "data.google_client_config.default",
            "data.google_container_cluster.default",
            "data.google_project.project",
            "module.gcs.google_storage_bucket.static",
            "module.infra.data.google_compute_subnetwork.subnetwork",
            "module.infra.module.custom-network.google_compute_global_address.google-managed-services-range",
            "module.infra.module.custom-network.google_compute_network.network",
            "module.infra.module.custom-network.google_compute_subnetwork.subnetwork",
            "module.infra.module.custom-network.google_service_networking_connection.private_service_access",
            "module.infra.module.private-gke-autopilot-cluster.google_gke_hub_membership.gke-fleet",
            "module.infra.module.private-gke-autopilot-cluster.module.gke.data.google_compute_subnetwork.gke_subnetwork",
            "module.infra.module.private-gke-autopilot-cluster.module.gke.data.google_compute_zones.available",
            "module.infra.module.private-gke-autopilot-cluster.module.gke.data.google_container_engine_versions.region",
            "module.infra.module.private-gke-autopilot-cluster.module.gke.data.google_container_engine_versions.zone",
            "module.infra.module.private-gke-autopilot-cluster.module.gke.google_compute_firewall.intra_egress",
            "module.infra.module.private-gke-autopilot-cluster.module.gke.google_compute_firewall.master_webhooks",
            "module.infra.module.private-gke-autopilot-cluster.module.gke.google_compute_firewall.shadow_allow_inkubelet",
            "module.infra.module.private-gke-autopilot-cluster.module.gke.google_compute_firewall.shadow_allow_master",
            "module.infra.module.private-gke-autopilot-cluster.module.gke.google_compute_firewall.shadow_allow_nodes",
            "module.infra.module.private-gke-autopilot-cluster.module.gke.google_compute_firewall.shadow_allow_pods",
            "module.infra.module.private-gke-autopilot-cluster.module.gke.google_compute_firewall.shadow_deny_exkubelet",
            "module.infra.module.private-gke-autopilot-cluster.module.gke.google_compute_firewall.tpu_egress",
            "module.infra.module.private-gke-autopilot-cluster.module.gke.google_container_cluster.primary",
            "module.infra.module.private-gke-autopilot-cluster.module.gke.google_project_iam_member.cluster_service_account-artifact-registry",
            "module.infra.module.private-gke-autopilot-cluster.module.gke.google_project_iam_member.cluster_service_account-gcr",
            "module.infra.module.private-gke-autopilot-cluster.module.gke.google_project_iam_member.cluster_service_account-metric_writer",
            "module.infra.module.private-gke-autopilot-cluster.module.gke.google_project_iam_member.cluster_service_account-nodeService_account",
            "module.infra.module.private-gke-autopilot-cluster.module.gke.google_project_iam_member.cluster_service_account-resourceMetadata-writer",
            "module.infra.module.private-gke-autopilot-cluster.module.gke.google_project_iam_member.service_agent",
            "module.infra.module.private-gke-autopilot-cluster.module.gke.google_project_service_identity.fleet_project",
            "module.infra.module.private-gke-autopilot-cluster.module.gke.google_service_account.cluster_service_account",
            "module.infra.module.private-gke-autopilot-cluster.module.gke.kubernetes_config_map.ip-masq-agent",
            "module.infra.module.private-gke-autopilot-cluster.module.gke.kubernetes_config_map_v1_data.kube-dns",
            "module.infra.module.private-gke-autopilot-cluster.module.gke.kubernetes_config_map_v1_data.kube-dns-upstream-nameservers-and-stub-domains",
            "module.infra.module.private-gke-autopilot-cluster.module.gke.kubernetes_config_map_v1_data.kube-dns-upstream-namservers",
            "module.infra.module.private-gke-autopilot-cluster.module.gke.random_shuffle.available_zones",
            "module.infra.module.private-gke-autopilot-cluster.module.gke.random_string.cluster_service_account_suffix",
            "module.infra.module.private-gke-standard-cluster.google_gke_hub_membership.gke-fleet",
            "module.infra.module.private-gke-standard-cluster.module.gke.data.google_compute_subnetwork.gke_subnetwork",
            "module.infra.module.private-gke-standard-cluster.module.gke.data.google_compute_zones.available",
            "module.infra.module.private-gke-standard-cluster.module.gke.data.google_container_engine_versions.region",
            "module.infra.module.private-gke-standard-cluster.module.gke.data.google_container_engine_versions.zone",
            "module.infra.module.private-gke-standard-cluster.module.gke.google_compute_firewall.intra_egress",
            "module.infra.module.private-gke-standard-cluster.module.gke.google_compute_firewall.master_webhooks",
            "module.infra.module.private-gke-standard-cluster.module.gke.google_compute_firewall.shadow_allow_inkubelet",
            "module.infra.module.private-gke-standard-cluster.module.gke.google_compute_firewall.shadow_allow_master",
            "module.infra.module.private-gke-standard-cluster.module.gke.google_compute_firewall.shadow_allow_nodes",
            "module.infra.module.private-gke-standard-cluster.module.gke.google_compute_firewall.shadow_allow_pods",
            "module.infra.module.private-gke-standard-cluster.module.gke.google_compute_firewall.shadow_deny_exkubelet",
            "module.infra.module.private-gke-standard-cluster.module.gke.google_compute_firewall.tpu_egress",
            "module.infra.module.private-gke-standard-cluster.module.gke.google_container_cluster.primary",
            "module.infra.module.private-gke-standard-cluster.module.gke.google_container_node_pool.pools",
            "module.infra.module.private-gke-standard-cluster.module.gke.google_container_node_pool.windows_pools",
            "module.infra.module.private-gke-standard-cluster.module.gke.google_project_iam_member.cluster_service_account-artifact-registry",
            "module.infra.module.private-gke-standard-cluster.module.gke.google_project_iam_member.cluster_service_account-gcr",
            "module.infra.module.private-gke-standard-cluster.module.gke.google_project_iam_member.cluster_service_account-metric_writer",
            "module.infra.module.private-gke-standard-cluster.module.gke.google_project_iam_member.cluster_service_account-nodeService_account",
            "module.infra.module.private-gke-standard-cluster.module.gke.google_project_iam_member.cluster_service_account-resourceMetadata-writer",
            "module.infra.module.private-gke-standard-cluster.module.gke.google_service_account.cluster_service_account",
            "module.infra.module.private-gke-standard-cluster.module.gke.kubernetes_config_map.ip-masq-agent",
            "module.infra.module.private-gke-standard-cluster.module.gke.kubernetes_config_map_v1_data.kube-dns",
            "module.infra.module.private-gke-standard-cluster.module.gke.kubernetes_config_map_v1_data.kube-dns-upstream-nameservers-and-stub-domains",
            "module.infra.module.private-gke-standard-cluster.module.gke.kubernetes_config_map_v1_data.kube-dns-upstream-namservers",
            "module.infra.module.private-gke-standard-cluster.module.gke.random_shuffle.available_zones",
            "module.infra.module.private-gke-standard-cluster.module.gke.random_string.cluster_service_account_suffix",
            "module.infra.module.public-gke-autopilot-cluster.module.gke.data.google_compute_subnetwork.gke_subnetwork",
            "module.infra.module.public-gke-autopilot-cluster.module.gke.data.google_compute_zones.available",
            "module.infra.module.public-gke-autopilot-cluster.module.gke.data.google_container_engine_versions.region",
            "module.infra.module.public-gke-autopilot-cluster.module.gke.data.google_container_engine_versions.zone",
            "module.infra.module.public-gke-autopilot-cluster.module.gke.google_compute_firewall.intra_egress",
            "module.infra.module.public-gke-autopilot-cluster.module.gke.google_compute_firewall.master_webhooks",
            "module.infra.module.public-gke-autopilot-cluster.module.gke.google_compute_firewall.shadow_allow_inkubelet",
            "module.infra.module.public-gke-autopilot-cluster.module.gke.google_compute_firewall.shadow_allow_master",
            "module.infra.module.public-gke-autopilot-cluster.module.gke.google_compute_firewall.shadow_allow_nodes",
            "module.infra.module.public-gke-autopilot-cluster.module.gke.google_compute_firewall.shadow_allow_pods",
            "module.infra.module.public-gke-autopilot-cluster.module.gke.google_compute_firewall.shadow_deny_exkubelet",
            "module.infra.module.public-gke-autopilot-cluster.module.gke.google_compute_firewall.tpu_egress",
            "module.infra.module.public-gke-autopilot-cluster.module.gke.google_container_cluster.primary",
            "module.infra.module.public-gke-autopilot-cluster.module.gke.google_project_iam_member.cluster_service_account-artifact-registry",
            "module.infra.module.public-gke-autopilot-cluster.module.gke.google_project_iam_member.cluster_service_account-gcr",
            "module.infra.module.public-gke-autopilot-cluster.module.gke.google_project_iam_member.cluster_service_account-metric_writer",
            "module.infra.module.public-gke-autopilot-cluster.module.gke.google_project_iam_member.cluster_service_account-nodeService_account",
            "module.infra.module.public-gke-autopilot-cluster.module.gke.google_project_iam_member.cluster_service_account-resourceMetadata-writer",
            "module.infra.module.public-gke-autopilot-cluster.module.gke.google_project_iam_member.service_agent",
            "module.infra.module.public-gke-autopilot-cluster.module.gke.google_project_service_identity.fleet_project",
            "module.infra.module.public-gke-autopilot-cluster.module.gke.google_service_account.cluster_service_account",
            "module.infra.module.public-gke-autopilot-cluster.module.gke.kubernetes_config_map.ip-masq-agent",
            "module.infra.module.public-gke-autopilot-cluster.module.gke.kubernetes_config_map_v1_data.kube-dns",
            "module.infra.module.public-gke-autopilot-cluster.module.gke.kubernetes_config_map_v1_data.kube-dns-upstream-nameservers-and-stub-domains",
            "module.infra.module.public-gke-autopilot-cluster.module.gke.kubernetes_config_map_v1_data.kube-dns-upstream-namservers",
            "module.infra.module.public-gke-autopilot-cluster.module.gke.random_shuffle.available_zones",
            "module.infra.module.public-gke-autopilot-cluster.module.gke.random_string.cluster_service_account_suffix",
            "module.infra.module.public-gke-standard-cluster.module.gke.data.google_compute_subnetwork.gke_subnetwork",
            "module.infra.module.public-gke-standard-cluster.module.gke.data.google_compute_zones.available",
            "module.infra.module.public-gke-standard-cluster.module.gke.data.google_container_engine_versions.region",
            "module.infra.module.public-gke-standard-cluster.module.gke.data.google_container_engine_versions.zone",
            "module.infra.module.public-gke-standard-cluster.module.gke.google_compute_firewall.intra_egress",
            "module.infra.module.public-gke-standard-cluster.module.gke.google_compute_firewall.master_webhooks",
            "module.infra.module.public-gke-standard-cluster.module.gke.google_compute_firewall.shadow_allow_inkubelet",
            "module.infra.module.public-gke-standard-cluster.module.gke.google_compute_firewall.shadow_allow_master",
            "module.infra.module.public-gke-standard-cluster.module.gke.google_compute_firewall.shadow_allow_nodes",
            "module.infra.module.public-gke-standard-cluster.module.gke.google_compute_firewall.shadow_allow_pods",
            "module.infra.module.public-gke-standard-cluster.module.gke.google_compute_firewall.shadow_deny_exkubelet",
            "module.infra.module.public-gke-standard-cluster.module.gke.google_compute_firewall.tpu_egress",
            "module.infra.module.public-gke-standard-cluster.module.gke.google_container_cluster.primary",
            "module.infra.module.public-gke-standard-cluster.module.gke.google_container_node_pool.pools",
            "module.infra.module.public-gke-standard-cluster.module.gke.google_container_node_pool.windows_pools",
            "module.infra.module.public-gke-standard-cluster.module.gke.google_project_iam_member.cluster_service_account-artifact-registry",
            "module.infra.module.public-gke-standard-cluster.module.gke.google_project_iam_member.cluster_service_account-gcr",
            "module.infra.module.public-gke-standard-cluster.module.gke.google_project_iam_member.cluster_service_account-metric_writer",
            "module.infra.module.public-gke-standard-cluster.module.gke.google_project_iam_member.cluster_service_account-nodeService_account",
            "module.infra.module.public-gke-standard-cluster.module.gke.google_project_iam_member.cluster_service_account-resourceMetadata-writer",
            "module.infra.module.public-gke-standard-cluster.module.gke.google_service_account.cluster_service_account",
            "module.infra.module.public-gke-standard-cluster.module.gke.kubernetes_config_map.ip-masq-agent",
            "module.infra.module.public-gke-standard-cluster.module.gke.kubernetes_config_map_v1_data.kube-dns",
            "module.infra.module.public-gke-standard-cluster.module.gke.kubernetes_config_map_v1_data.kube-dns-upstream-nameservers-and-stub-domains",
            "module.infra.module.public-gke-standard-cluster.module.gke.kubernetes_config_map_v1_data.kube-dns-upstream-namservers",
            "module.infra.module.public-gke-standard-cluster.module.gke.random_shuffle.available_zones",
            "module.infra.module.public-gke-standard-cluster.module.gke.random_string.cluster_service_account_suffix",
            "module.namespace.helm_release.app-namespace",
            "module.project-services.data.google_compute_default_service_account.default",
            "module.project-services.google_project_iam_member.project_service_identity_roles",
            "module.project-services.google_project_service.project_services",
            "module.project-services.google_project_service_identity.project_service_identities"
          ]
        }
      ]
    },
    {
      "module": "module.jupyterhub.module.jupyterhub-workload-identity",
      "mode": "managed",
      "type": "google_project_iam_member",
      "name": "workload_identity_sa_bindings",
      "provider": "provider[\"registry.terraform.io/hashicorp/google\"]",
      "instances": [
        {
          "index_key": "roles/artifactregistry.reader",
          "schema_version": 0,
          "attributes": {
            "condition": [],
            "etag": "BwYgOIsplc4=",
            "id": "genlu-gke-dev/roles/artifactregistry.reader/serviceAccount:jupyter-rag-sa@genlu-gke-dev.iam.gserviceaccount.com",
            "member": "serviceAccount:jupyter-rag-sa@genlu-gke-dev.iam.gserviceaccount.com",
            "project": "genlu-gke-dev",
            "role": "roles/artifactregistry.reader"
          },
          "sensitive_attributes": [],
          "private": "bnVsbA==",
          "dependencies": [
            "data.google_client_config.default",
            "data.google_container_cluster.default",
            "data.google_project.project",
            "module.gcs.google_storage_bucket.static",
            "module.infra.data.google_compute_subnetwork.subnetwork",
            "module.infra.module.custom-network.google_compute_global_address.google-managed-services-range",
            "module.infra.module.custom-network.google_compute_network.network",
            "module.infra.module.custom-network.google_compute_subnetwork.subnetwork",
            "module.infra.module.custom-network.google_service_networking_connection.private_service_access",
            "module.infra.module.private-gke-autopilot-cluster.google_gke_hub_membership.gke-fleet",
            "module.infra.module.private-gke-autopilot-cluster.module.gke.data.google_compute_subnetwork.gke_subnetwork",
            "module.infra.module.private-gke-autopilot-cluster.module.gke.data.google_compute_zones.available",
            "module.infra.module.private-gke-autopilot-cluster.module.gke.data.google_container_engine_versions.region",
            "module.infra.module.private-gke-autopilot-cluster.module.gke.data.google_container_engine_versions.zone",
            "module.infra.module.private-gke-autopilot-cluster.module.gke.google_compute_firewall.intra_egress",
            "module.infra.module.private-gke-autopilot-cluster.module.gke.google_compute_firewall.master_webhooks",
            "module.infra.module.private-gke-autopilot-cluster.module.gke.google_compute_firewall.shadow_allow_inkubelet",
            "module.infra.module.private-gke-autopilot-cluster.module.gke.google_compute_firewall.shadow_allow_master",
            "module.infra.module.private-gke-autopilot-cluster.module.gke.google_compute_firewall.shadow_allow_nodes",
            "module.infra.module.private-gke-autopilot-cluster.module.gke.google_compute_firewall.shadow_allow_pods",
            "module.infra.module.private-gke-autopilot-cluster.module.gke.google_compute_firewall.shadow_deny_exkubelet",
            "module.infra.module.private-gke-autopilot-cluster.module.gke.google_compute_firewall.tpu_egress",
            "module.infra.module.private-gke-autopilot-cluster.module.gke.google_container_cluster.primary",
            "module.infra.module.private-gke-autopilot-cluster.module.gke.google_project_iam_member.cluster_service_account-artifact-registry",
            "module.infra.module.private-gke-autopilot-cluster.module.gke.google_project_iam_member.cluster_service_account-gcr",
            "module.infra.module.private-gke-autopilot-cluster.module.gke.google_project_iam_member.cluster_service_account-metric_writer",
            "module.infra.module.private-gke-autopilot-cluster.module.gke.google_project_iam_member.cluster_service_account-nodeService_account",
            "module.infra.module.private-gke-autopilot-cluster.module.gke.google_project_iam_member.cluster_service_account-resourceMetadata-writer",
            "module.infra.module.private-gke-autopilot-cluster.module.gke.google_project_iam_member.service_agent",
            "module.infra.module.private-gke-autopilot-cluster.module.gke.google_project_service_identity.fleet_project",
            "module.infra.module.private-gke-autopilot-cluster.module.gke.google_service_account.cluster_service_account",
            "module.infra.module.private-gke-autopilot-cluster.module.gke.kubernetes_config_map.ip-masq-agent",
            "module.infra.module.private-gke-autopilot-cluster.module.gke.kubernetes_config_map_v1_data.kube-dns",
            "module.infra.module.private-gke-autopilot-cluster.module.gke.kubernetes_config_map_v1_data.kube-dns-upstream-nameservers-and-stub-domains",
            "module.infra.module.private-gke-autopilot-cluster.module.gke.kubernetes_config_map_v1_data.kube-dns-upstream-namservers",
            "module.infra.module.private-gke-autopilot-cluster.module.gke.random_shuffle.available_zones",
            "module.infra.module.private-gke-autopilot-cluster.module.gke.random_string.cluster_service_account_suffix",
            "module.infra.module.private-gke-standard-cluster.google_gke_hub_membership.gke-fleet",
            "module.infra.module.private-gke-standard-cluster.module.gke.data.google_compute_subnetwork.gke_subnetwork",
            "module.infra.module.private-gke-standard-cluster.module.gke.data.google_compute_zones.available",
            "module.infra.module.private-gke-standard-cluster.module.gke.data.google_container_engine_versions.region",
            "module.infra.module.private-gke-standard-cluster.module.gke.data.google_container_engine_versions.zone",
            "module.infra.module.private-gke-standard-cluster.module.gke.google_compute_firewall.intra_egress",
            "module.infra.module.private-gke-standard-cluster.module.gke.google_compute_firewall.master_webhooks",
            "module.infra.module.private-gke-standard-cluster.module.gke.google_compute_firewall.shadow_allow_inkubelet",
            "module.infra.module.private-gke-standard-cluster.module.gke.google_compute_firewall.shadow_allow_master",
            "module.infra.module.private-gke-standard-cluster.module.gke.google_compute_firewall.shadow_allow_nodes",
            "module.infra.module.private-gke-standard-cluster.module.gke.google_compute_firewall.shadow_allow_pods",
            "module.infra.module.private-gke-standard-cluster.module.gke.google_compute_firewall.shadow_deny_exkubelet",
            "module.infra.module.private-gke-standard-cluster.module.gke.google_compute_firewall.tpu_egress",
            "module.infra.module.private-gke-standard-cluster.module.gke.google_container_cluster.primary",
            "module.infra.module.private-gke-standard-cluster.module.gke.google_container_node_pool.pools",
            "module.infra.module.private-gke-standard-cluster.module.gke.google_container_node_pool.windows_pools",
            "module.infra.module.private-gke-standard-cluster.module.gke.google_project_iam_member.cluster_service_account-artifact-registry",
            "module.infra.module.private-gke-standard-cluster.module.gke.google_project_iam_member.cluster_service_account-gcr",
            "module.infra.module.private-gke-standard-cluster.module.gke.google_project_iam_member.cluster_service_account-metric_writer",
            "module.infra.module.private-gke-standard-cluster.module.gke.google_project_iam_member.cluster_service_account-nodeService_account",
            "module.infra.module.private-gke-standard-cluster.module.gke.google_project_iam_member.cluster_service_account-resourceMetadata-writer",
            "module.infra.module.private-gke-standard-cluster.module.gke.google_service_account.cluster_service_account",
            "module.infra.module.private-gke-standard-cluster.module.gke.kubernetes_config_map.ip-masq-agent",
            "module.infra.module.private-gke-standard-cluster.module.gke.kubernetes_config_map_v1_data.kube-dns",
            "module.infra.module.private-gke-standard-cluster.module.gke.kubernetes_config_map_v1_data.kube-dns-upstream-nameservers-and-stub-domains",
            "module.infra.module.private-gke-standard-cluster.module.gke.kubernetes_config_map_v1_data.kube-dns-upstream-namservers",
            "module.infra.module.private-gke-standard-cluster.module.gke.random_shuffle.available_zones",
            "module.infra.module.private-gke-standard-cluster.module.gke.random_string.cluster_service_account_suffix",
            "module.infra.module.public-gke-autopilot-cluster.module.gke.data.google_compute_subnetwork.gke_subnetwork",
            "module.infra.module.public-gke-autopilot-cluster.module.gke.data.google_compute_zones.available",
            "module.infra.module.public-gke-autopilot-cluster.module.gke.data.google_container_engine_versions.region",
            "module.infra.module.public-gke-autopilot-cluster.module.gke.data.google_container_engine_versions.zone",
            "module.infra.module.public-gke-autopilot-cluster.module.gke.google_compute_firewall.intra_egress",
            "module.infra.module.public-gke-autopilot-cluster.module.gke.google_compute_firewall.master_webhooks",
            "module.infra.module.public-gke-autopilot-cluster.module.gke.google_compute_firewall.shadow_allow_inkubelet",
            "module.infra.module.public-gke-autopilot-cluster.module.gke.google_compute_firewall.shadow_allow_master",
            "module.infra.module.public-gke-autopilot-cluster.module.gke.google_compute_firewall.shadow_allow_nodes",
            "module.infra.module.public-gke-autopilot-cluster.module.gke.google_compute_firewall.shadow_allow_pods",
            "module.infra.module.public-gke-autopilot-cluster.module.gke.google_compute_firewall.shadow_deny_exkubelet",
            "module.infra.module.public-gke-autopilot-cluster.module.gke.google_compute_firewall.tpu_egress",
            "module.infra.module.public-gke-autopilot-cluster.module.gke.google_container_cluster.primary",
            "module.infra.module.public-gke-autopilot-cluster.module.gke.google_project_iam_member.cluster_service_account-artifact-registry",
            "module.infra.module.public-gke-autopilot-cluster.module.gke.google_project_iam_member.cluster_service_account-gcr",
            "module.infra.module.public-gke-autopilot-cluster.module.gke.google_project_iam_member.cluster_service_account-metric_writer",
            "module.infra.module.public-gke-autopilot-cluster.module.gke.google_project_iam_member.cluster_service_account-nodeService_account",
            "module.infra.module.public-gke-autopilot-cluster.module.gke.google_project_iam_member.cluster_service_account-resourceMetadata-writer",
            "module.infra.module.public-gke-autopilot-cluster.module.gke.google_project_iam_member.service_agent",
            "module.infra.module.public-gke-autopilot-cluster.module.gke.google_project_service_identity.fleet_project",
            "module.infra.module.public-gke-autopilot-cluster.module.gke.google_service_account.cluster_service_account",
            "module.infra.module.public-gke-autopilot-cluster.module.gke.kubernetes_config_map.ip-masq-agent",
            "module.infra.module.public-gke-autopilot-cluster.module.gke.kubernetes_config_map_v1_data.kube-dns",
            "module.infra.module.public-gke-autopilot-cluster.module.gke.kubernetes_config_map_v1_data.kube-dns-upstream-nameservers-and-stub-domains",
            "module.infra.module.public-gke-autopilot-cluster.module.gke.kubernetes_config_map_v1_data.kube-dns-upstream-namservers",
            "module.infra.module.public-gke-autopilot-cluster.module.gke.random_shuffle.available_zones",
            "module.infra.module.public-gke-autopilot-cluster.module.gke.random_string.cluster_service_account_suffix",
            "module.infra.module.public-gke-standard-cluster.module.gke.data.google_compute_subnetwork.gke_subnetwork",
            "module.infra.module.public-gke-standard-cluster.module.gke.data.google_compute_zones.available",
            "module.infra.module.public-gke-standard-cluster.module.gke.data.google_container_engine_versions.region",
            "module.infra.module.public-gke-standard-cluster.module.gke.data.google_container_engine_versions.zone",
            "module.infra.module.public-gke-standard-cluster.module.gke.google_compute_firewall.intra_egress",
            "module.infra.module.public-gke-standard-cluster.module.gke.google_compute_firewall.master_webhooks",
            "module.infra.module.public-gke-standard-cluster.module.gke.google_compute_firewall.shadow_allow_inkubelet",
            "module.infra.module.public-gke-standard-cluster.module.gke.google_compute_firewall.shadow_allow_master",
            "module.infra.module.public-gke-standard-cluster.module.gke.google_compute_firewall.shadow_allow_nodes",
            "module.infra.module.public-gke-standard-cluster.module.gke.google_compute_firewall.shadow_allow_pods",
            "module.infra.module.public-gke-standard-cluster.module.gke.google_compute_firewall.shadow_deny_exkubelet",
            "module.infra.module.public-gke-standard-cluster.module.gke.google_compute_firewall.tpu_egress",
            "module.infra.module.public-gke-standard-cluster.module.gke.google_container_cluster.primary",
            "module.infra.module.public-gke-standard-cluster.module.gke.google_container_node_pool.pools",
            "module.infra.module.public-gke-standard-cluster.module.gke.google_container_node_pool.windows_pools",
            "module.infra.module.public-gke-standard-cluster.module.gke.google_project_iam_member.cluster_service_account-artifact-registry",
            "module.infra.module.public-gke-standard-cluster.module.gke.google_project_iam_member.cluster_service_account-gcr",
            "module.infra.module.public-gke-standard-cluster.module.gke.google_project_iam_member.cluster_service_account-metric_writer",
            "module.infra.module.public-gke-standard-cluster.module.gke.google_project_iam_member.cluster_service_account-nodeService_account",
            "module.infra.module.public-gke-standard-cluster.module.gke.google_project_iam_member.cluster_service_account-resourceMetadata-writer",
            "module.infra.module.public-gke-standard-cluster.module.gke.google_service_account.cluster_service_account",
            "module.infra.module.public-gke-standard-cluster.module.gke.kubernetes_config_map.ip-masq-agent",
            "module.infra.module.public-gke-standard-cluster.module.gke.kubernetes_config_map_v1_data.kube-dns",
            "module.infra.module.public-gke-standard-cluster.module.gke.kubernetes_config_map_v1_data.kube-dns-upstream-nameservers-and-stub-domains",
            "module.infra.module.public-gke-standard-cluster.module.gke.kubernetes_config_map_v1_data.kube-dns-upstream-namservers",
            "module.infra.module.public-gke-standard-cluster.module.gke.random_shuffle.available_zones",
            "module.infra.module.public-gke-standard-cluster.module.gke.random_string.cluster_service_account_suffix",
            "module.jupyterhub.module.jupyterhub-workload-identity.data.google_service_account.cluster_service_account",
            "module.jupyterhub.module.jupyterhub-workload-identity.google_service_account.cluster_service_account",
            "module.namespace.helm_release.app-namespace",
            "module.project-services.data.google_compute_default_service_account.default",
            "module.project-services.google_project_iam_member.project_service_identity_roles",
            "module.project-services.google_project_service.project_services",
            "module.project-services.google_project_service_identity.project_service_identities"
          ]
        },
        {
          "index_key": "roles/cloudsql.client",
          "schema_version": 0,
          "attributes": {
            "condition": [],
            "etag": "BwYgOIsplc4=",
            "id": "genlu-gke-dev/roles/cloudsql.client/serviceAccount:jupyter-rag-sa@genlu-gke-dev.iam.gserviceaccount.com",
            "member": "serviceAccount:jupyter-rag-sa@genlu-gke-dev.iam.gserviceaccount.com",
            "project": "genlu-gke-dev",
            "role": "roles/cloudsql.client"
          },
          "sensitive_attributes": [],
          "private": "bnVsbA==",
          "dependencies": [
            "data.google_client_config.default",
            "data.google_container_cluster.default",
            "data.google_project.project",
            "module.gcs.google_storage_bucket.static",
            "module.infra.data.google_compute_subnetwork.subnetwork",
            "module.infra.module.custom-network.google_compute_global_address.google-managed-services-range",
            "module.infra.module.custom-network.google_compute_network.network",
            "module.infra.module.custom-network.google_compute_subnetwork.subnetwork",
            "module.infra.module.custom-network.google_service_networking_connection.private_service_access",
            "module.infra.module.private-gke-autopilot-cluster.google_gke_hub_membership.gke-fleet",
            "module.infra.module.private-gke-autopilot-cluster.module.gke.data.google_compute_subnetwork.gke_subnetwork",
            "module.infra.module.private-gke-autopilot-cluster.module.gke.data.google_compute_zones.available",
            "module.infra.module.private-gke-autopilot-cluster.module.gke.data.google_container_engine_versions.region",
            "module.infra.module.private-gke-autopilot-cluster.module.gke.data.google_container_engine_versions.zone",
            "module.infra.module.private-gke-autopilot-cluster.module.gke.google_compute_firewall.intra_egress",
            "module.infra.module.private-gke-autopilot-cluster.module.gke.google_compute_firewall.master_webhooks",
            "module.infra.module.private-gke-autopilot-cluster.module.gke.google_compute_firewall.shadow_allow_inkubelet",
            "module.infra.module.private-gke-autopilot-cluster.module.gke.google_compute_firewall.shadow_allow_master",
            "module.infra.module.private-gke-autopilot-cluster.module.gke.google_compute_firewall.shadow_allow_nodes",
            "module.infra.module.private-gke-autopilot-cluster.module.gke.google_compute_firewall.shadow_allow_pods",
            "module.infra.module.private-gke-autopilot-cluster.module.gke.google_compute_firewall.shadow_deny_exkubelet",
            "module.infra.module.private-gke-autopilot-cluster.module.gke.google_compute_firewall.tpu_egress",
            "module.infra.module.private-gke-autopilot-cluster.module.gke.google_container_cluster.primary",
            "module.infra.module.private-gke-autopilot-cluster.module.gke.google_project_iam_member.cluster_service_account-artifact-registry",
            "module.infra.module.private-gke-autopilot-cluster.module.gke.google_project_iam_member.cluster_service_account-gcr",
            "module.infra.module.private-gke-autopilot-cluster.module.gke.google_project_iam_member.cluster_service_account-metric_writer",
            "module.infra.module.private-gke-autopilot-cluster.module.gke.google_project_iam_member.cluster_service_account-nodeService_account",
            "module.infra.module.private-gke-autopilot-cluster.module.gke.google_project_iam_member.cluster_service_account-resourceMetadata-writer",
            "module.infra.module.private-gke-autopilot-cluster.module.gke.google_project_iam_member.service_agent",
            "module.infra.module.private-gke-autopilot-cluster.module.gke.google_project_service_identity.fleet_project",
            "module.infra.module.private-gke-autopilot-cluster.module.gke.google_service_account.cluster_service_account",
            "module.infra.module.private-gke-autopilot-cluster.module.gke.kubernetes_config_map.ip-masq-agent",
            "module.infra.module.private-gke-autopilot-cluster.module.gke.kubernetes_config_map_v1_data.kube-dns",
            "module.infra.module.private-gke-autopilot-cluster.module.gke.kubernetes_config_map_v1_data.kube-dns-upstream-nameservers-and-stub-domains",
            "module.infra.module.private-gke-autopilot-cluster.module.gke.kubernetes_config_map_v1_data.kube-dns-upstream-namservers",
            "module.infra.module.private-gke-autopilot-cluster.module.gke.random_shuffle.available_zones",
            "module.infra.module.private-gke-autopilot-cluster.module.gke.random_string.cluster_service_account_suffix",
            "module.infra.module.private-gke-standard-cluster.google_gke_hub_membership.gke-fleet",
            "module.infra.module.private-gke-standard-cluster.module.gke.data.google_compute_subnetwork.gke_subnetwork",
            "module.infra.module.private-gke-standard-cluster.module.gke.data.google_compute_zones.available",
            "module.infra.module.private-gke-standard-cluster.module.gke.data.google_container_engine_versions.region",
            "module.infra.module.private-gke-standard-cluster.module.gke.data.google_container_engine_versions.zone",
            "module.infra.module.private-gke-standard-cluster.module.gke.google_compute_firewall.intra_egress",
            "module.infra.module.private-gke-standard-cluster.module.gke.google_compute_firewall.master_webhooks",
            "module.infra.module.private-gke-standard-cluster.module.gke.google_compute_firewall.shadow_allow_inkubelet",
            "module.infra.module.private-gke-standard-cluster.module.gke.google_compute_firewall.shadow_allow_master",
            "module.infra.module.private-gke-standard-cluster.module.gke.google_compute_firewall.shadow_allow_nodes",
            "module.infra.module.private-gke-standard-cluster.module.gke.google_compute_firewall.shadow_allow_pods",
            "module.infra.module.private-gke-standard-cluster.module.gke.google_compute_firewall.shadow_deny_exkubelet",
            "module.infra.module.private-gke-standard-cluster.module.gke.google_compute_firewall.tpu_egress",
            "module.infra.module.private-gke-standard-cluster.module.gke.google_container_cluster.primary",
            "module.infra.module.private-gke-standard-cluster.module.gke.google_container_node_pool.pools",
            "module.infra.module.private-gke-standard-cluster.module.gke.google_container_node_pool.windows_pools",
            "module.infra.module.private-gke-standard-cluster.module.gke.google_project_iam_member.cluster_service_account-artifact-registry",
            "module.infra.module.private-gke-standard-cluster.module.gke.google_project_iam_member.cluster_service_account-gcr",
            "module.infra.module.private-gke-standard-cluster.module.gke.google_project_iam_member.cluster_service_account-metric_writer",
            "module.infra.module.private-gke-standard-cluster.module.gke.google_project_iam_member.cluster_service_account-nodeService_account",
            "module.infra.module.private-gke-standard-cluster.module.gke.google_project_iam_member.cluster_service_account-resourceMetadata-writer",
            "module.infra.module.private-gke-standard-cluster.module.gke.google_service_account.cluster_service_account",
            "module.infra.module.private-gke-standard-cluster.module.gke.kubernetes_config_map.ip-masq-agent",
            "module.infra.module.private-gke-standard-cluster.module.gke.kubernetes_config_map_v1_data.kube-dns",
            "module.infra.module.private-gke-standard-cluster.module.gke.kubernetes_config_map_v1_data.kube-dns-upstream-nameservers-and-stub-domains",
            "module.infra.module.private-gke-standard-cluster.module.gke.kubernetes_config_map_v1_data.kube-dns-upstream-namservers",
            "module.infra.module.private-gke-standard-cluster.module.gke.random_shuffle.available_zones",
            "module.infra.module.private-gke-standard-cluster.module.gke.random_string.cluster_service_account_suffix",
            "module.infra.module.public-gke-autopilot-cluster.module.gke.data.google_compute_subnetwork.gke_subnetwork",
            "module.infra.module.public-gke-autopilot-cluster.module.gke.data.google_compute_zones.available",
            "module.infra.module.public-gke-autopilot-cluster.module.gke.data.google_container_engine_versions.region",
            "module.infra.module.public-gke-autopilot-cluster.module.gke.data.google_container_engine_versions.zone",
            "module.infra.module.public-gke-autopilot-cluster.module.gke.google_compute_firewall.intra_egress",
            "module.infra.module.public-gke-autopilot-cluster.module.gke.google_compute_firewall.master_webhooks",
            "module.infra.module.public-gke-autopilot-cluster.module.gke.google_compute_firewall.shadow_allow_inkubelet",
            "module.infra.module.public-gke-autopilot-cluster.module.gke.google_compute_firewall.shadow_allow_master",
            "module.infra.module.public-gke-autopilot-cluster.module.gke.google_compute_firewall.shadow_allow_nodes",
            "module.infra.module.public-gke-autopilot-cluster.module.gke.google_compute_firewall.shadow_allow_pods",
            "module.infra.module.public-gke-autopilot-cluster.module.gke.google_compute_firewall.shadow_deny_exkubelet",
            "module.infra.module.public-gke-autopilot-cluster.module.gke.google_compute_firewall.tpu_egress",
            "module.infra.module.public-gke-autopilot-cluster.module.gke.google_container_cluster.primary",
            "module.infra.module.public-gke-autopilot-cluster.module.gke.google_project_iam_member.cluster_service_account-artifact-registry",
            "module.infra.module.public-gke-autopilot-cluster.module.gke.google_project_iam_member.cluster_service_account-gcr",
            "module.infra.module.public-gke-autopilot-cluster.module.gke.google_project_iam_member.cluster_service_account-metric_writer",
            "module.infra.module.public-gke-autopilot-cluster.module.gke.google_project_iam_member.cluster_service_account-nodeService_account",
            "module.infra.module.public-gke-autopilot-cluster.module.gke.google_project_iam_member.cluster_service_account-resourceMetadata-writer",
            "module.infra.module.public-gke-autopilot-cluster.module.gke.google_project_iam_member.service_agent",
            "module.infra.module.public-gke-autopilot-cluster.module.gke.google_project_service_identity.fleet_project",
            "module.infra.module.public-gke-autopilot-cluster.module.gke.google_service_account.cluster_service_account",
            "module.infra.module.public-gke-autopilot-cluster.module.gke.kubernetes_config_map.ip-masq-agent",
            "module.infra.module.public-gke-autopilot-cluster.module.gke.kubernetes_config_map_v1_data.kube-dns",
            "module.infra.module.public-gke-autopilot-cluster.module.gke.kubernetes_config_map_v1_data.kube-dns-upstream-nameservers-and-stub-domains",
            "module.infra.module.public-gke-autopilot-cluster.module.gke.kubernetes_config_map_v1_data.kube-dns-upstream-namservers",
            "module.infra.module.public-gke-autopilot-cluster.module.gke.random_shuffle.available_zones",
            "module.infra.module.public-gke-autopilot-cluster.module.gke.random_string.cluster_service_account_suffix",
            "module.infra.module.public-gke-standard-cluster.module.gke.data.google_compute_subnetwork.gke_subnetwork",
            "module.infra.module.public-gke-standard-cluster.module.gke.data.google_compute_zones.available",
            "module.infra.module.public-gke-standard-cluster.module.gke.data.google_container_engine_versions.region",
            "module.infra.module.public-gke-standard-cluster.module.gke.data.google_container_engine_versions.zone",
            "module.infra.module.public-gke-standard-cluster.module.gke.google_compute_firewall.intra_egress",
            "module.infra.module.public-gke-standard-cluster.module.gke.google_compute_firewall.master_webhooks",
            "module.infra.module.public-gke-standard-cluster.module.gke.google_compute_firewall.shadow_allow_inkubelet",
            "module.infra.module.public-gke-standard-cluster.module.gke.google_compute_firewall.shadow_allow_master",
            "module.infra.module.public-gke-standard-cluster.module.gke.google_compute_firewall.shadow_allow_nodes",
            "module.infra.module.public-gke-standard-cluster.module.gke.google_compute_firewall.shadow_allow_pods",
            "module.infra.module.public-gke-standard-cluster.module.gke.google_compute_firewall.shadow_deny_exkubelet",
            "module.infra.module.public-gke-standard-cluster.module.gke.google_compute_firewall.tpu_egress",
            "module.infra.module.public-gke-standard-cluster.module.gke.google_container_cluster.primary",
            "module.infra.module.public-gke-standard-cluster.module.gke.google_container_node_pool.pools",
            "module.infra.module.public-gke-standard-cluster.module.gke.google_container_node_pool.windows_pools",
            "module.infra.module.public-gke-standard-cluster.module.gke.google_project_iam_member.cluster_service_account-artifact-registry",
            "module.infra.module.public-gke-standard-cluster.module.gke.google_project_iam_member.cluster_service_account-gcr",
            "module.infra.module.public-gke-standard-cluster.module.gke.google_project_iam_member.cluster_service_account-metric_writer",
            "module.infra.module.public-gke-standard-cluster.module.gke.google_project_iam_member.cluster_service_account-nodeService_account",
            "module.infra.module.public-gke-standard-cluster.module.gke.google_project_iam_member.cluster_service_account-resourceMetadata-writer",
            "module.infra.module.public-gke-standard-cluster.module.gke.google_service_account.cluster_service_account",
            "module.infra.module.public-gke-standard-cluster.module.gke.kubernetes_config_map.ip-masq-agent",
            "module.infra.module.public-gke-standard-cluster.module.gke.kubernetes_config_map_v1_data.kube-dns",
            "module.infra.module.public-gke-standard-cluster.module.gke.kubernetes_config_map_v1_data.kube-dns-upstream-nameservers-and-stub-domains",
            "module.infra.module.public-gke-standard-cluster.module.gke.kubernetes_config_map_v1_data.kube-dns-upstream-namservers",
            "module.infra.module.public-gke-standard-cluster.module.gke.random_shuffle.available_zones",
            "module.infra.module.public-gke-standard-cluster.module.gke.random_string.cluster_service_account_suffix",
            "module.jupyterhub.module.jupyterhub-workload-identity.data.google_service_account.cluster_service_account",
            "module.jupyterhub.module.jupyterhub-workload-identity.google_service_account.cluster_service_account",
            "module.namespace.helm_release.app-namespace",
            "module.project-services.data.google_compute_default_service_account.default",
            "module.project-services.google_project_iam_member.project_service_identity_roles",
            "module.project-services.google_project_service.project_services",
            "module.project-services.google_project_service_identity.project_service_identities"
          ]
        },
        {
          "index_key": "roles/compute.loadBalancerServiceUser",
          "schema_version": 0,
          "attributes": {
            "condition": [],
            "etag": "BwYgOIsplc4=",
            "id": "genlu-gke-dev/roles/compute.loadBalancerServiceUser/serviceAccount:jupyter-rag-sa@genlu-gke-dev.iam.gserviceaccount.com",
            "member": "serviceAccount:jupyter-rag-sa@genlu-gke-dev.iam.gserviceaccount.com",
            "project": "genlu-gke-dev",
            "role": "roles/compute.loadBalancerServiceUser"
          },
          "sensitive_attributes": [],
          "private": "bnVsbA==",
          "dependencies": [
            "data.google_client_config.default",
            "data.google_container_cluster.default",
            "data.google_project.project",
            "module.gcs.google_storage_bucket.static",
            "module.infra.data.google_compute_subnetwork.subnetwork",
            "module.infra.module.custom-network.google_compute_global_address.google-managed-services-range",
            "module.infra.module.custom-network.google_compute_network.network",
            "module.infra.module.custom-network.google_compute_subnetwork.subnetwork",
            "module.infra.module.custom-network.google_service_networking_connection.private_service_access",
            "module.infra.module.private-gke-autopilot-cluster.google_gke_hub_membership.gke-fleet",
            "module.infra.module.private-gke-autopilot-cluster.module.gke.data.google_compute_subnetwork.gke_subnetwork",
            "module.infra.module.private-gke-autopilot-cluster.module.gke.data.google_compute_zones.available",
            "module.infra.module.private-gke-autopilot-cluster.module.gke.data.google_container_engine_versions.region",
            "module.infra.module.private-gke-autopilot-cluster.module.gke.data.google_container_engine_versions.zone",
            "module.infra.module.private-gke-autopilot-cluster.module.gke.google_compute_firewall.intra_egress",
            "module.infra.module.private-gke-autopilot-cluster.module.gke.google_compute_firewall.master_webhooks",
            "module.infra.module.private-gke-autopilot-cluster.module.gke.google_compute_firewall.shadow_allow_inkubelet",
            "module.infra.module.private-gke-autopilot-cluster.module.gke.google_compute_firewall.shadow_allow_master",
            "module.infra.module.private-gke-autopilot-cluster.module.gke.google_compute_firewall.shadow_allow_nodes",
            "module.infra.module.private-gke-autopilot-cluster.module.gke.google_compute_firewall.shadow_allow_pods",
            "module.infra.module.private-gke-autopilot-cluster.module.gke.google_compute_firewall.shadow_deny_exkubelet",
            "module.infra.module.private-gke-autopilot-cluster.module.gke.google_compute_firewall.tpu_egress",
            "module.infra.module.private-gke-autopilot-cluster.module.gke.google_container_cluster.primary",
            "module.infra.module.private-gke-autopilot-cluster.module.gke.google_project_iam_member.cluster_service_account-artifact-registry",
            "module.infra.module.private-gke-autopilot-cluster.module.gke.google_project_iam_member.cluster_service_account-gcr",
            "module.infra.module.private-gke-autopilot-cluster.module.gke.google_project_iam_member.cluster_service_account-metric_writer",
            "module.infra.module.private-gke-autopilot-cluster.module.gke.google_project_iam_member.cluster_service_account-nodeService_account",
            "module.infra.module.private-gke-autopilot-cluster.module.gke.google_project_iam_member.cluster_service_account-resourceMetadata-writer",
            "module.infra.module.private-gke-autopilot-cluster.module.gke.google_project_iam_member.service_agent",
            "module.infra.module.private-gke-autopilot-cluster.module.gke.google_project_service_identity.fleet_project",
            "module.infra.module.private-gke-autopilot-cluster.module.gke.google_service_account.cluster_service_account",
            "module.infra.module.private-gke-autopilot-cluster.module.gke.kubernetes_config_map.ip-masq-agent",
            "module.infra.module.private-gke-autopilot-cluster.module.gke.kubernetes_config_map_v1_data.kube-dns",
            "module.infra.module.private-gke-autopilot-cluster.module.gke.kubernetes_config_map_v1_data.kube-dns-upstream-nameservers-and-stub-domains",
            "module.infra.module.private-gke-autopilot-cluster.module.gke.kubernetes_config_map_v1_data.kube-dns-upstream-namservers",
            "module.infra.module.private-gke-autopilot-cluster.module.gke.random_shuffle.available_zones",
            "module.infra.module.private-gke-autopilot-cluster.module.gke.random_string.cluster_service_account_suffix",
            "module.infra.module.private-gke-standard-cluster.google_gke_hub_membership.gke-fleet",
            "module.infra.module.private-gke-standard-cluster.module.gke.data.google_compute_subnetwork.gke_subnetwork",
            "module.infra.module.private-gke-standard-cluster.module.gke.data.google_compute_zones.available",
            "module.infra.module.private-gke-standard-cluster.module.gke.data.google_container_engine_versions.region",
            "module.infra.module.private-gke-standard-cluster.module.gke.data.google_container_engine_versions.zone",
            "module.infra.module.private-gke-standard-cluster.module.gke.google_compute_firewall.intra_egress",
            "module.infra.module.private-gke-standard-cluster.module.gke.google_compute_firewall.master_webhooks",
            "module.infra.module.private-gke-standard-cluster.module.gke.google_compute_firewall.shadow_allow_inkubelet",
            "module.infra.module.private-gke-standard-cluster.module.gke.google_compute_firewall.shadow_allow_master",
            "module.infra.module.private-gke-standard-cluster.module.gke.google_compute_firewall.shadow_allow_nodes",
            "module.infra.module.private-gke-standard-cluster.module.gke.google_compute_firewall.shadow_allow_pods",
            "module.infra.module.private-gke-standard-cluster.module.gke.google_compute_firewall.shadow_deny_exkubelet",
            "module.infra.module.private-gke-standard-cluster.module.gke.google_compute_firewall.tpu_egress",
            "module.infra.module.private-gke-standard-cluster.module.gke.google_container_cluster.primary",
            "module.infra.module.private-gke-standard-cluster.module.gke.google_container_node_pool.pools",
            "module.infra.module.private-gke-standard-cluster.module.gke.google_container_node_pool.windows_pools",
            "module.infra.module.private-gke-standard-cluster.module.gke.google_project_iam_member.cluster_service_account-artifact-registry",
            "module.infra.module.private-gke-standard-cluster.module.gke.google_project_iam_member.cluster_service_account-gcr",
            "module.infra.module.private-gke-standard-cluster.module.gke.google_project_iam_member.cluster_service_account-metric_writer",
            "module.infra.module.private-gke-standard-cluster.module.gke.google_project_iam_member.cluster_service_account-nodeService_account",
            "module.infra.module.private-gke-standard-cluster.module.gke.google_project_iam_member.cluster_service_account-resourceMetadata-writer",
            "module.infra.module.private-gke-standard-cluster.module.gke.google_service_account.cluster_service_account",
            "module.infra.module.private-gke-standard-cluster.module.gke.kubernetes_config_map.ip-masq-agent",
            "module.infra.module.private-gke-standard-cluster.module.gke.kubernetes_config_map_v1_data.kube-dns",
            "module.infra.module.private-gke-standard-cluster.module.gke.kubernetes_config_map_v1_data.kube-dns-upstream-nameservers-and-stub-domains",
            "module.infra.module.private-gke-standard-cluster.module.gke.kubernetes_config_map_v1_data.kube-dns-upstream-namservers",
            "module.infra.module.private-gke-standard-cluster.module.gke.random_shuffle.available_zones",
            "module.infra.module.private-gke-standard-cluster.module.gke.random_string.cluster_service_account_suffix",
            "module.infra.module.public-gke-autopilot-cluster.module.gke.data.google_compute_subnetwork.gke_subnetwork",
            "module.infra.module.public-gke-autopilot-cluster.module.gke.data.google_compute_zones.available",
            "module.infra.module.public-gke-autopilot-cluster.module.gke.data.google_container_engine_versions.region",
            "module.infra.module.public-gke-autopilot-cluster.module.gke.data.google_container_engine_versions.zone",
            "module.infra.module.public-gke-autopilot-cluster.module.gke.google_compute_firewall.intra_egress",
            "module.infra.module.public-gke-autopilot-cluster.module.gke.google_compute_firewall.master_webhooks",
            "module.infra.module.public-gke-autopilot-cluster.module.gke.google_compute_firewall.shadow_allow_inkubelet",
            "module.infra.module.public-gke-autopilot-cluster.module.gke.google_compute_firewall.shadow_allow_master",
            "module.infra.module.public-gke-autopilot-cluster.module.gke.google_compute_firewall.shadow_allow_nodes",
            "module.infra.module.public-gke-autopilot-cluster.module.gke.google_compute_firewall.shadow_allow_pods",
            "module.infra.module.public-gke-autopilot-cluster.module.gke.google_compute_firewall.shadow_deny_exkubelet",
            "module.infra.module.public-gke-autopilot-cluster.module.gke.google_compute_firewall.tpu_egress",
            "module.infra.module.public-gke-autopilot-cluster.module.gke.google_container_cluster.primary",
            "module.infra.module.public-gke-autopilot-cluster.module.gke.google_project_iam_member.cluster_service_account-artifact-registry",
            "module.infra.module.public-gke-autopilot-cluster.module.gke.google_project_iam_member.cluster_service_account-gcr",
            "module.infra.module.public-gke-autopilot-cluster.module.gke.google_project_iam_member.cluster_service_account-metric_writer",
            "module.infra.module.public-gke-autopilot-cluster.module.gke.google_project_iam_member.cluster_service_account-nodeService_account",
            "module.infra.module.public-gke-autopilot-cluster.module.gke.google_project_iam_member.cluster_service_account-resourceMetadata-writer",
            "module.infra.module.public-gke-autopilot-cluster.module.gke.google_project_iam_member.service_agent",
            "module.infra.module.public-gke-autopilot-cluster.module.gke.google_project_service_identity.fleet_project",
            "module.infra.module.public-gke-autopilot-cluster.module.gke.google_service_account.cluster_service_account",
            "module.infra.module.public-gke-autopilot-cluster.module.gke.kubernetes_config_map.ip-masq-agent",
            "module.infra.module.public-gke-autopilot-cluster.module.gke.kubernetes_config_map_v1_data.kube-dns",
            "module.infra.module.public-gke-autopilot-cluster.module.gke.kubernetes_config_map_v1_data.kube-dns-upstream-nameservers-and-stub-domains",
            "module.infra.module.public-gke-autopilot-cluster.module.gke.kubernetes_config_map_v1_data.kube-dns-upstream-namservers",
            "module.infra.module.public-gke-autopilot-cluster.module.gke.random_shuffle.available_zones",
            "module.infra.module.public-gke-autopilot-cluster.module.gke.random_string.cluster_service_account_suffix",
            "module.infra.module.public-gke-standard-cluster.module.gke.data.google_compute_subnetwork.gke_subnetwork",
            "module.infra.module.public-gke-standard-cluster.module.gke.data.google_compute_zones.available",
            "module.infra.module.public-gke-standard-cluster.module.gke.data.google_container_engine_versions.region",
            "module.infra.module.public-gke-standard-cluster.module.gke.data.google_container_engine_versions.zone",
            "module.infra.module.public-gke-standard-cluster.module.gke.google_compute_firewall.intra_egress",
            "module.infra.module.public-gke-standard-cluster.module.gke.google_compute_firewall.master_webhooks",
            "module.infra.module.public-gke-standard-cluster.module.gke.google_compute_firewall.shadow_allow_inkubelet",
            "module.infra.module.public-gke-standard-cluster.module.gke.google_compute_firewall.shadow_allow_master",
            "module.infra.module.public-gke-standard-cluster.module.gke.google_compute_firewall.shadow_allow_nodes",
            "module.infra.module.public-gke-standard-cluster.module.gke.google_compute_firewall.shadow_allow_pods",
            "module.infra.module.public-gke-standard-cluster.module.gke.google_compute_firewall.shadow_deny_exkubelet",
            "module.infra.module.public-gke-standard-cluster.module.gke.google_compute_firewall.tpu_egress",
            "module.infra.module.public-gke-standard-cluster.module.gke.google_container_cluster.primary",
            "module.infra.module.public-gke-standard-cluster.module.gke.google_container_node_pool.pools",
            "module.infra.module.public-gke-standard-cluster.module.gke.google_container_node_pool.windows_pools",
            "module.infra.module.public-gke-standard-cluster.module.gke.google_project_iam_member.cluster_service_account-artifact-registry",
            "module.infra.module.public-gke-standard-cluster.module.gke.google_project_iam_member.cluster_service_account-gcr",
            "module.infra.module.public-gke-standard-cluster.module.gke.google_project_iam_member.cluster_service_account-metric_writer",
            "module.infra.module.public-gke-standard-cluster.module.gke.google_project_iam_member.cluster_service_account-nodeService_account",
            "module.infra.module.public-gke-standard-cluster.module.gke.google_project_iam_member.cluster_service_account-resourceMetadata-writer",
            "module.infra.module.public-gke-standard-cluster.module.gke.google_service_account.cluster_service_account",
            "module.infra.module.public-gke-standard-cluster.module.gke.kubernetes_config_map.ip-masq-agent",
            "module.infra.module.public-gke-standard-cluster.module.gke.kubernetes_config_map_v1_data.kube-dns",
            "module.infra.module.public-gke-standard-cluster.module.gke.kubernetes_config_map_v1_data.kube-dns-upstream-nameservers-and-stub-domains",
            "module.infra.module.public-gke-standard-cluster.module.gke.kubernetes_config_map_v1_data.kube-dns-upstream-namservers",
            "module.infra.module.public-gke-standard-cluster.module.gke.random_shuffle.available_zones",
            "module.infra.module.public-gke-standard-cluster.module.gke.random_string.cluster_service_account_suffix",
            "module.jupyterhub.module.jupyterhub-workload-identity.data.google_service_account.cluster_service_account",
            "module.jupyterhub.module.jupyterhub-workload-identity.google_service_account.cluster_service_account",
            "module.namespace.helm_release.app-namespace",
            "module.project-services.data.google_compute_default_service_account.default",
            "module.project-services.google_project_iam_member.project_service_identity_roles",
            "module.project-services.google_project_service.project_services",
            "module.project-services.google_project_service_identity.project_service_identities"
          ]
        },
        {
          "index_key": "roles/compute.networkViewer",
          "schema_version": 0,
          "attributes": {
            "condition": [],
            "etag": "BwYgOIsplc4=",
            "id": "genlu-gke-dev/roles/compute.networkViewer/serviceAccount:jupyter-rag-sa@genlu-gke-dev.iam.gserviceaccount.com",
            "member": "serviceAccount:jupyter-rag-sa@genlu-gke-dev.iam.gserviceaccount.com",
            "project": "genlu-gke-dev",
            "role": "roles/compute.networkViewer"
          },
          "sensitive_attributes": [],
          "private": "bnVsbA==",
          "dependencies": [
            "data.google_client_config.default",
            "data.google_container_cluster.default",
            "data.google_project.project",
            "module.gcs.google_storage_bucket.static",
            "module.infra.data.google_compute_subnetwork.subnetwork",
            "module.infra.module.custom-network.google_compute_global_address.google-managed-services-range",
            "module.infra.module.custom-network.google_compute_network.network",
            "module.infra.module.custom-network.google_compute_subnetwork.subnetwork",
            "module.infra.module.custom-network.google_service_networking_connection.private_service_access",
            "module.infra.module.private-gke-autopilot-cluster.google_gke_hub_membership.gke-fleet",
            "module.infra.module.private-gke-autopilot-cluster.module.gke.data.google_compute_subnetwork.gke_subnetwork",
            "module.infra.module.private-gke-autopilot-cluster.module.gke.data.google_compute_zones.available",
            "module.infra.module.private-gke-autopilot-cluster.module.gke.data.google_container_engine_versions.region",
            "module.infra.module.private-gke-autopilot-cluster.module.gke.data.google_container_engine_versions.zone",
            "module.infra.module.private-gke-autopilot-cluster.module.gke.google_compute_firewall.intra_egress",
            "module.infra.module.private-gke-autopilot-cluster.module.gke.google_compute_firewall.master_webhooks",
            "module.infra.module.private-gke-autopilot-cluster.module.gke.google_compute_firewall.shadow_allow_inkubelet",
            "module.infra.module.private-gke-autopilot-cluster.module.gke.google_compute_firewall.shadow_allow_master",
            "module.infra.module.private-gke-autopilot-cluster.module.gke.google_compute_firewall.shadow_allow_nodes",
            "module.infra.module.private-gke-autopilot-cluster.module.gke.google_compute_firewall.shadow_allow_pods",
            "module.infra.module.private-gke-autopilot-cluster.module.gke.google_compute_firewall.shadow_deny_exkubelet",
            "module.infra.module.private-gke-autopilot-cluster.module.gke.google_compute_firewall.tpu_egress",
            "module.infra.module.private-gke-autopilot-cluster.module.gke.google_container_cluster.primary",
            "module.infra.module.private-gke-autopilot-cluster.module.gke.google_project_iam_member.cluster_service_account-artifact-registry",
            "module.infra.module.private-gke-autopilot-cluster.module.gke.google_project_iam_member.cluster_service_account-gcr",
            "module.infra.module.private-gke-autopilot-cluster.module.gke.google_project_iam_member.cluster_service_account-metric_writer",
            "module.infra.module.private-gke-autopilot-cluster.module.gke.google_project_iam_member.cluster_service_account-nodeService_account",
            "module.infra.module.private-gke-autopilot-cluster.module.gke.google_project_iam_member.cluster_service_account-resourceMetadata-writer",
            "module.infra.module.private-gke-autopilot-cluster.module.gke.google_project_iam_member.service_agent",
            "module.infra.module.private-gke-autopilot-cluster.module.gke.google_project_service_identity.fleet_project",
            "module.infra.module.private-gke-autopilot-cluster.module.gke.google_service_account.cluster_service_account",
            "module.infra.module.private-gke-autopilot-cluster.module.gke.kubernetes_config_map.ip-masq-agent",
            "module.infra.module.private-gke-autopilot-cluster.module.gke.kubernetes_config_map_v1_data.kube-dns",
            "module.infra.module.private-gke-autopilot-cluster.module.gke.kubernetes_config_map_v1_data.kube-dns-upstream-nameservers-and-stub-domains",
            "module.infra.module.private-gke-autopilot-cluster.module.gke.kubernetes_config_map_v1_data.kube-dns-upstream-namservers",
            "module.infra.module.private-gke-autopilot-cluster.module.gke.random_shuffle.available_zones",
            "module.infra.module.private-gke-autopilot-cluster.module.gke.random_string.cluster_service_account_suffix",
            "module.infra.module.private-gke-standard-cluster.google_gke_hub_membership.gke-fleet",
            "module.infra.module.private-gke-standard-cluster.module.gke.data.google_compute_subnetwork.gke_subnetwork",
            "module.infra.module.private-gke-standard-cluster.module.gke.data.google_compute_zones.available",
            "module.infra.module.private-gke-standard-cluster.module.gke.data.google_container_engine_versions.region",
            "module.infra.module.private-gke-standard-cluster.module.gke.data.google_container_engine_versions.zone",
            "module.infra.module.private-gke-standard-cluster.module.gke.google_compute_firewall.intra_egress",
            "module.infra.module.private-gke-standard-cluster.module.gke.google_compute_firewall.master_webhooks",
            "module.infra.module.private-gke-standard-cluster.module.gke.google_compute_firewall.shadow_allow_inkubelet",
            "module.infra.module.private-gke-standard-cluster.module.gke.google_compute_firewall.shadow_allow_master",
            "module.infra.module.private-gke-standard-cluster.module.gke.google_compute_firewall.shadow_allow_nodes",
            "module.infra.module.private-gke-standard-cluster.module.gke.google_compute_firewall.shadow_allow_pods",
            "module.infra.module.private-gke-standard-cluster.module.gke.google_compute_firewall.shadow_deny_exkubelet",
            "module.infra.module.private-gke-standard-cluster.module.gke.google_compute_firewall.tpu_egress",
            "module.infra.module.private-gke-standard-cluster.module.gke.google_container_cluster.primary",
            "module.infra.module.private-gke-standard-cluster.module.gke.google_container_node_pool.pools",
            "module.infra.module.private-gke-standard-cluster.module.gke.google_container_node_pool.windows_pools",
            "module.infra.module.private-gke-standard-cluster.module.gke.google_project_iam_member.cluster_service_account-artifact-registry",
            "module.infra.module.private-gke-standard-cluster.module.gke.google_project_iam_member.cluster_service_account-gcr",
            "module.infra.module.private-gke-standard-cluster.module.gke.google_project_iam_member.cluster_service_account-metric_writer",
            "module.infra.module.private-gke-standard-cluster.module.gke.google_project_iam_member.cluster_service_account-nodeService_account",
            "module.infra.module.private-gke-standard-cluster.module.gke.google_project_iam_member.cluster_service_account-resourceMetadata-writer",
            "module.infra.module.private-gke-standard-cluster.module.gke.google_service_account.cluster_service_account",
            "module.infra.module.private-gke-standard-cluster.module.gke.kubernetes_config_map.ip-masq-agent",
            "module.infra.module.private-gke-standard-cluster.module.gke.kubernetes_config_map_v1_data.kube-dns",
            "module.infra.module.private-gke-standard-cluster.module.gke.kubernetes_config_map_v1_data.kube-dns-upstream-nameservers-and-stub-domains",
            "module.infra.module.private-gke-standard-cluster.module.gke.kubernetes_config_map_v1_data.kube-dns-upstream-namservers",
            "module.infra.module.private-gke-standard-cluster.module.gke.random_shuffle.available_zones",
            "module.infra.module.private-gke-standard-cluster.module.gke.random_string.cluster_service_account_suffix",
            "module.infra.module.public-gke-autopilot-cluster.module.gke.data.google_compute_subnetwork.gke_subnetwork",
            "module.infra.module.public-gke-autopilot-cluster.module.gke.data.google_compute_zones.available",
            "module.infra.module.public-gke-autopilot-cluster.module.gke.data.google_container_engine_versions.region",
            "module.infra.module.public-gke-autopilot-cluster.module.gke.data.google_container_engine_versions.zone",
            "module.infra.module.public-gke-autopilot-cluster.module.gke.google_compute_firewall.intra_egress",
            "module.infra.module.public-gke-autopilot-cluster.module.gke.google_compute_firewall.master_webhooks",
            "module.infra.module.public-gke-autopilot-cluster.module.gke.google_compute_firewall.shadow_allow_inkubelet",
            "module.infra.module.public-gke-autopilot-cluster.module.gke.google_compute_firewall.shadow_allow_master",
            "module.infra.module.public-gke-autopilot-cluster.module.gke.google_compute_firewall.shadow_allow_nodes",
            "module.infra.module.public-gke-autopilot-cluster.module.gke.google_compute_firewall.shadow_allow_pods",
            "module.infra.module.public-gke-autopilot-cluster.module.gke.google_compute_firewall.shadow_deny_exkubelet",
            "module.infra.module.public-gke-autopilot-cluster.module.gke.google_compute_firewall.tpu_egress",
            "module.infra.module.public-gke-autopilot-cluster.module.gke.google_container_cluster.primary",
            "module.infra.module.public-gke-autopilot-cluster.module.gke.google_project_iam_member.cluster_service_account-artifact-registry",
            "module.infra.module.public-gke-autopilot-cluster.module.gke.google_project_iam_member.cluster_service_account-gcr",
            "module.infra.module.public-gke-autopilot-cluster.module.gke.google_project_iam_member.cluster_service_account-metric_writer",
            "module.infra.module.public-gke-autopilot-cluster.module.gke.google_project_iam_member.cluster_service_account-nodeService_account",
            "module.infra.module.public-gke-autopilot-cluster.module.gke.google_project_iam_member.cluster_service_account-resourceMetadata-writer",
            "module.infra.module.public-gke-autopilot-cluster.module.gke.google_project_iam_member.service_agent",
            "module.infra.module.public-gke-autopilot-cluster.module.gke.google_project_service_identity.fleet_project",
            "module.infra.module.public-gke-autopilot-cluster.module.gke.google_service_account.cluster_service_account",
            "module.infra.module.public-gke-autopilot-cluster.module.gke.kubernetes_config_map.ip-masq-agent",
            "module.infra.module.public-gke-autopilot-cluster.module.gke.kubernetes_config_map_v1_data.kube-dns",
            "module.infra.module.public-gke-autopilot-cluster.module.gke.kubernetes_config_map_v1_data.kube-dns-upstream-nameservers-and-stub-domains",
            "module.infra.module.public-gke-autopilot-cluster.module.gke.kubernetes_config_map_v1_data.kube-dns-upstream-namservers",
            "module.infra.module.public-gke-autopilot-cluster.module.gke.random_shuffle.available_zones",
            "module.infra.module.public-gke-autopilot-cluster.module.gke.random_string.cluster_service_account_suffix",
            "module.infra.module.public-gke-standard-cluster.module.gke.data.google_compute_subnetwork.gke_subnetwork",
            "module.infra.module.public-gke-standard-cluster.module.gke.data.google_compute_zones.available",
            "module.infra.module.public-gke-standard-cluster.module.gke.data.google_container_engine_versions.region",
            "module.infra.module.public-gke-standard-cluster.module.gke.data.google_container_engine_versions.zone",
            "module.infra.module.public-gke-standard-cluster.module.gke.google_compute_firewall.intra_egress",
            "module.infra.module.public-gke-standard-cluster.module.gke.google_compute_firewall.master_webhooks",
            "module.infra.module.public-gke-standard-cluster.module.gke.google_compute_firewall.shadow_allow_inkubelet",
            "module.infra.module.public-gke-standard-cluster.module.gke.google_compute_firewall.shadow_allow_master",
            "module.infra.module.public-gke-standard-cluster.module.gke.google_compute_firewall.shadow_allow_nodes",
            "module.infra.module.public-gke-standard-cluster.module.gke.google_compute_firewall.shadow_allow_pods",
            "module.infra.module.public-gke-standard-cluster.module.gke.google_compute_firewall.shadow_deny_exkubelet",
            "module.infra.module.public-gke-standard-cluster.module.gke.google_compute_firewall.tpu_egress",
            "module.infra.module.public-gke-standard-cluster.module.gke.google_container_cluster.primary",
            "module.infra.module.public-gke-standard-cluster.module.gke.google_container_node_pool.pools",
            "module.infra.module.public-gke-standard-cluster.module.gke.google_container_node_pool.windows_pools",
            "module.infra.module.public-gke-standard-cluster.module.gke.google_project_iam_member.cluster_service_account-artifact-registry",
            "module.infra.module.public-gke-standard-cluster.module.gke.google_project_iam_member.cluster_service_account-gcr",
            "module.infra.module.public-gke-standard-cluster.module.gke.google_project_iam_member.cluster_service_account-metric_writer",
            "module.infra.module.public-gke-standard-cluster.module.gke.google_project_iam_member.cluster_service_account-nodeService_account",
            "module.infra.module.public-gke-standard-cluster.module.gke.google_project_iam_member.cluster_service_account-resourceMetadata-writer",
            "module.infra.module.public-gke-standard-cluster.module.gke.google_service_account.cluster_service_account",
            "module.infra.module.public-gke-standard-cluster.module.gke.kubernetes_config_map.ip-masq-agent",
            "module.infra.module.public-gke-standard-cluster.module.gke.kubernetes_config_map_v1_data.kube-dns",
            "module.infra.module.public-gke-standard-cluster.module.gke.kubernetes_config_map_v1_data.kube-dns-upstream-nameservers-and-stub-domains",
            "module.infra.module.public-gke-standard-cluster.module.gke.kubernetes_config_map_v1_data.kube-dns-upstream-namservers",
            "module.infra.module.public-gke-standard-cluster.module.gke.random_shuffle.available_zones",
            "module.infra.module.public-gke-standard-cluster.module.gke.random_string.cluster_service_account_suffix",
            "module.jupyterhub.module.jupyterhub-workload-identity.data.google_service_account.cluster_service_account",
            "module.jupyterhub.module.jupyterhub-workload-identity.google_service_account.cluster_service_account",
            "module.namespace.helm_release.app-namespace",
            "module.project-services.data.google_compute_default_service_account.default",
            "module.project-services.google_project_iam_member.project_service_identity_roles",
            "module.project-services.google_project_service.project_services",
            "module.project-services.google_project_service_identity.project_service_identities"
          ]
        },
        {
          "index_key": "roles/iam.serviceAccountAdmin",
          "schema_version": 0,
          "attributes": {
            "condition": [],
            "etag": "BwYgOIsplc4=",
            "id": "genlu-gke-dev/roles/iam.serviceAccountAdmin/serviceAccount:jupyter-rag-sa@genlu-gke-dev.iam.gserviceaccount.com",
            "member": "serviceAccount:jupyter-rag-sa@genlu-gke-dev.iam.gserviceaccount.com",
            "project": "genlu-gke-dev",
            "role": "roles/iam.serviceAccountAdmin"
          },
          "sensitive_attributes": [],
          "private": "bnVsbA==",
          "dependencies": [
            "data.google_client_config.default",
            "data.google_container_cluster.default",
            "data.google_project.project",
            "module.gcs.google_storage_bucket.static",
            "module.infra.data.google_compute_subnetwork.subnetwork",
            "module.infra.module.custom-network.google_compute_global_address.google-managed-services-range",
            "module.infra.module.custom-network.google_compute_network.network",
            "module.infra.module.custom-network.google_compute_subnetwork.subnetwork",
            "module.infra.module.custom-network.google_service_networking_connection.private_service_access",
            "module.infra.module.private-gke-autopilot-cluster.google_gke_hub_membership.gke-fleet",
            "module.infra.module.private-gke-autopilot-cluster.module.gke.data.google_compute_subnetwork.gke_subnetwork",
            "module.infra.module.private-gke-autopilot-cluster.module.gke.data.google_compute_zones.available",
            "module.infra.module.private-gke-autopilot-cluster.module.gke.data.google_container_engine_versions.region",
            "module.infra.module.private-gke-autopilot-cluster.module.gke.data.google_container_engine_versions.zone",
            "module.infra.module.private-gke-autopilot-cluster.module.gke.google_compute_firewall.intra_egress",
            "module.infra.module.private-gke-autopilot-cluster.module.gke.google_compute_firewall.master_webhooks",
            "module.infra.module.private-gke-autopilot-cluster.module.gke.google_compute_firewall.shadow_allow_inkubelet",
            "module.infra.module.private-gke-autopilot-cluster.module.gke.google_compute_firewall.shadow_allow_master",
            "module.infra.module.private-gke-autopilot-cluster.module.gke.google_compute_firewall.shadow_allow_nodes",
            "module.infra.module.private-gke-autopilot-cluster.module.gke.google_compute_firewall.shadow_allow_pods",
            "module.infra.module.private-gke-autopilot-cluster.module.gke.google_compute_firewall.shadow_deny_exkubelet",
            "module.infra.module.private-gke-autopilot-cluster.module.gke.google_compute_firewall.tpu_egress",
            "module.infra.module.private-gke-autopilot-cluster.module.gke.google_container_cluster.primary",
            "module.infra.module.private-gke-autopilot-cluster.module.gke.google_project_iam_member.cluster_service_account-artifact-registry",
            "module.infra.module.private-gke-autopilot-cluster.module.gke.google_project_iam_member.cluster_service_account-gcr",
            "module.infra.module.private-gke-autopilot-cluster.module.gke.google_project_iam_member.cluster_service_account-metric_writer",
            "module.infra.module.private-gke-autopilot-cluster.module.gke.google_project_iam_member.cluster_service_account-nodeService_account",
            "module.infra.module.private-gke-autopilot-cluster.module.gke.google_project_iam_member.cluster_service_account-resourceMetadata-writer",
            "module.infra.module.private-gke-autopilot-cluster.module.gke.google_project_iam_member.service_agent",
            "module.infra.module.private-gke-autopilot-cluster.module.gke.google_project_service_identity.fleet_project",
            "module.infra.module.private-gke-autopilot-cluster.module.gke.google_service_account.cluster_service_account",
            "module.infra.module.private-gke-autopilot-cluster.module.gke.kubernetes_config_map.ip-masq-agent",
            "module.infra.module.private-gke-autopilot-cluster.module.gke.kubernetes_config_map_v1_data.kube-dns",
            "module.infra.module.private-gke-autopilot-cluster.module.gke.kubernetes_config_map_v1_data.kube-dns-upstream-nameservers-and-stub-domains",
            "module.infra.module.private-gke-autopilot-cluster.module.gke.kubernetes_config_map_v1_data.kube-dns-upstream-namservers",
            "module.infra.module.private-gke-autopilot-cluster.module.gke.random_shuffle.available_zones",
            "module.infra.module.private-gke-autopilot-cluster.module.gke.random_string.cluster_service_account_suffix",
            "module.infra.module.private-gke-standard-cluster.google_gke_hub_membership.gke-fleet",
            "module.infra.module.private-gke-standard-cluster.module.gke.data.google_compute_subnetwork.gke_subnetwork",
            "module.infra.module.private-gke-standard-cluster.module.gke.data.google_compute_zones.available",
            "module.infra.module.private-gke-standard-cluster.module.gke.data.google_container_engine_versions.region",
            "module.infra.module.private-gke-standard-cluster.module.gke.data.google_container_engine_versions.zone",
            "module.infra.module.private-gke-standard-cluster.module.gke.google_compute_firewall.intra_egress",
            "module.infra.module.private-gke-standard-cluster.module.gke.google_compute_firewall.master_webhooks",
            "module.infra.module.private-gke-standard-cluster.module.gke.google_compute_firewall.shadow_allow_inkubelet",
            "module.infra.module.private-gke-standard-cluster.module.gke.google_compute_firewall.shadow_allow_master",
            "module.infra.module.private-gke-standard-cluster.module.gke.google_compute_firewall.shadow_allow_nodes",
            "module.infra.module.private-gke-standard-cluster.module.gke.google_compute_firewall.shadow_allow_pods",
            "module.infra.module.private-gke-standard-cluster.module.gke.google_compute_firewall.shadow_deny_exkubelet",
            "module.infra.module.private-gke-standard-cluster.module.gke.google_compute_firewall.tpu_egress",
            "module.infra.module.private-gke-standard-cluster.module.gke.google_container_cluster.primary",
            "module.infra.module.private-gke-standard-cluster.module.gke.google_container_node_pool.pools",
            "module.infra.module.private-gke-standard-cluster.module.gke.google_container_node_pool.windows_pools",
            "module.infra.module.private-gke-standard-cluster.module.gke.google_project_iam_member.cluster_service_account-artifact-registry",
            "module.infra.module.private-gke-standard-cluster.module.gke.google_project_iam_member.cluster_service_account-gcr",
            "module.infra.module.private-gke-standard-cluster.module.gke.google_project_iam_member.cluster_service_account-metric_writer",
            "module.infra.module.private-gke-standard-cluster.module.gke.google_project_iam_member.cluster_service_account-nodeService_account",
            "module.infra.module.private-gke-standard-cluster.module.gke.google_project_iam_member.cluster_service_account-resourceMetadata-writer",
            "module.infra.module.private-gke-standard-cluster.module.gke.google_service_account.cluster_service_account",
            "module.infra.module.private-gke-standard-cluster.module.gke.kubernetes_config_map.ip-masq-agent",
            "module.infra.module.private-gke-standard-cluster.module.gke.kubernetes_config_map_v1_data.kube-dns",
            "module.infra.module.private-gke-standard-cluster.module.gke.kubernetes_config_map_v1_data.kube-dns-upstream-nameservers-and-stub-domains",
            "module.infra.module.private-gke-standard-cluster.module.gke.kubernetes_config_map_v1_data.kube-dns-upstream-namservers",
            "module.infra.module.private-gke-standard-cluster.module.gke.random_shuffle.available_zones",
            "module.infra.module.private-gke-standard-cluster.module.gke.random_string.cluster_service_account_suffix",
            "module.infra.module.public-gke-autopilot-cluster.module.gke.data.google_compute_subnetwork.gke_subnetwork",
            "module.infra.module.public-gke-autopilot-cluster.module.gke.data.google_compute_zones.available",
            "module.infra.module.public-gke-autopilot-cluster.module.gke.data.google_container_engine_versions.region",
            "module.infra.module.public-gke-autopilot-cluster.module.gke.data.google_container_engine_versions.zone",
            "module.infra.module.public-gke-autopilot-cluster.module.gke.google_compute_firewall.intra_egress",
            "module.infra.module.public-gke-autopilot-cluster.module.gke.google_compute_firewall.master_webhooks",
            "module.infra.module.public-gke-autopilot-cluster.module.gke.google_compute_firewall.shadow_allow_inkubelet",
            "module.infra.module.public-gke-autopilot-cluster.module.gke.google_compute_firewall.shadow_allow_master",
            "module.infra.module.public-gke-autopilot-cluster.module.gke.google_compute_firewall.shadow_allow_nodes",
            "module.infra.module.public-gke-autopilot-cluster.module.gke.google_compute_firewall.shadow_allow_pods",
            "module.infra.module.public-gke-autopilot-cluster.module.gke.google_compute_firewall.shadow_deny_exkubelet",
            "module.infra.module.public-gke-autopilot-cluster.module.gke.google_compute_firewall.tpu_egress",
            "module.infra.module.public-gke-autopilot-cluster.module.gke.google_container_cluster.primary",
            "module.infra.module.public-gke-autopilot-cluster.module.gke.google_project_iam_member.cluster_service_account-artifact-registry",
            "module.infra.module.public-gke-autopilot-cluster.module.gke.google_project_iam_member.cluster_service_account-gcr",
            "module.infra.module.public-gke-autopilot-cluster.module.gke.google_project_iam_member.cluster_service_account-metric_writer",
            "module.infra.module.public-gke-autopilot-cluster.module.gke.google_project_iam_member.cluster_service_account-nodeService_account",
            "module.infra.module.public-gke-autopilot-cluster.module.gke.google_project_iam_member.cluster_service_account-resourceMetadata-writer",
            "module.infra.module.public-gke-autopilot-cluster.module.gke.google_project_iam_member.service_agent",
            "module.infra.module.public-gke-autopilot-cluster.module.gke.google_project_service_identity.fleet_project",
            "module.infra.module.public-gke-autopilot-cluster.module.gke.google_service_account.cluster_service_account",
            "module.infra.module.public-gke-autopilot-cluster.module.gke.kubernetes_config_map.ip-masq-agent",
            "module.infra.module.public-gke-autopilot-cluster.module.gke.kubernetes_config_map_v1_data.kube-dns",
            "module.infra.module.public-gke-autopilot-cluster.module.gke.kubernetes_config_map_v1_data.kube-dns-upstream-nameservers-and-stub-domains",
            "module.infra.module.public-gke-autopilot-cluster.module.gke.kubernetes_config_map_v1_data.kube-dns-upstream-namservers",
            "module.infra.module.public-gke-autopilot-cluster.module.gke.random_shuffle.available_zones",
            "module.infra.module.public-gke-autopilot-cluster.module.gke.random_string.cluster_service_account_suffix",
            "module.infra.module.public-gke-standard-cluster.module.gke.data.google_compute_subnetwork.gke_subnetwork",
            "module.infra.module.public-gke-standard-cluster.module.gke.data.google_compute_zones.available",
            "module.infra.module.public-gke-standard-cluster.module.gke.data.google_container_engine_versions.region",
            "module.infra.module.public-gke-standard-cluster.module.gke.data.google_container_engine_versions.zone",
            "module.infra.module.public-gke-standard-cluster.module.gke.google_compute_firewall.intra_egress",
            "module.infra.module.public-gke-standard-cluster.module.gke.google_compute_firewall.master_webhooks",
            "module.infra.module.public-gke-standard-cluster.module.gke.google_compute_firewall.shadow_allow_inkubelet",
            "module.infra.module.public-gke-standard-cluster.module.gke.google_compute_firewall.shadow_allow_master",
            "module.infra.module.public-gke-standard-cluster.module.gke.google_compute_firewall.shadow_allow_nodes",
            "module.infra.module.public-gke-standard-cluster.module.gke.google_compute_firewall.shadow_allow_pods",
            "module.infra.module.public-gke-standard-cluster.module.gke.google_compute_firewall.shadow_deny_exkubelet",
            "module.infra.module.public-gke-standard-cluster.module.gke.google_compute_firewall.tpu_egress",
            "module.infra.module.public-gke-standard-cluster.module.gke.google_container_cluster.primary",
            "module.infra.module.public-gke-standard-cluster.module.gke.google_container_node_pool.pools",
            "module.infra.module.public-gke-standard-cluster.module.gke.google_container_node_pool.windows_pools",
            "module.infra.module.public-gke-standard-cluster.module.gke.google_project_iam_member.cluster_service_account-artifact-registry",
            "module.infra.module.public-gke-standard-cluster.module.gke.google_project_iam_member.cluster_service_account-gcr",
            "module.infra.module.public-gke-standard-cluster.module.gke.google_project_iam_member.cluster_service_account-metric_writer",
            "module.infra.module.public-gke-standard-cluster.module.gke.google_project_iam_member.cluster_service_account-nodeService_account",
            "module.infra.module.public-gke-standard-cluster.module.gke.google_project_iam_member.cluster_service_account-resourceMetadata-writer",
            "module.infra.module.public-gke-standard-cluster.module.gke.google_service_account.cluster_service_account",
            "module.infra.module.public-gke-standard-cluster.module.gke.kubernetes_config_map.ip-masq-agent",
            "module.infra.module.public-gke-standard-cluster.module.gke.kubernetes_config_map_v1_data.kube-dns",
            "module.infra.module.public-gke-standard-cluster.module.gke.kubernetes_config_map_v1_data.kube-dns-upstream-nameservers-and-stub-domains",
            "module.infra.module.public-gke-standard-cluster.module.gke.kubernetes_config_map_v1_data.kube-dns-upstream-namservers",
            "module.infra.module.public-gke-standard-cluster.module.gke.random_shuffle.available_zones",
            "module.infra.module.public-gke-standard-cluster.module.gke.random_string.cluster_service_account_suffix",
            "module.jupyterhub.module.jupyterhub-workload-identity.data.google_service_account.cluster_service_account",
            "module.jupyterhub.module.jupyterhub-workload-identity.google_service_account.cluster_service_account",
            "module.namespace.helm_release.app-namespace",
            "module.project-services.data.google_compute_default_service_account.default",
            "module.project-services.google_project_iam_member.project_service_identity_roles",
            "module.project-services.google_project_service.project_services",
            "module.project-services.google_project_service_identity.project_service_identities"
          ]
        },
        {
          "index_key": "roles/iam.serviceAccountTokenCreator",
          "schema_version": 0,
          "attributes": {
            "condition": [],
            "etag": "BwYgOIsplc4=",
            "id": "genlu-gke-dev/roles/iam.serviceAccountTokenCreator/serviceAccount:jupyter-rag-sa@genlu-gke-dev.iam.gserviceaccount.com",
            "member": "serviceAccount:jupyter-rag-sa@genlu-gke-dev.iam.gserviceaccount.com",
            "project": "genlu-gke-dev",
            "role": "roles/iam.serviceAccountTokenCreator"
          },
          "sensitive_attributes": [],
          "private": "bnVsbA==",
          "dependencies": [
            "data.google_client_config.default",
            "data.google_container_cluster.default",
            "data.google_project.project",
            "module.gcs.google_storage_bucket.static",
            "module.infra.data.google_compute_subnetwork.subnetwork",
            "module.infra.module.custom-network.google_compute_global_address.google-managed-services-range",
            "module.infra.module.custom-network.google_compute_network.network",
            "module.infra.module.custom-network.google_compute_subnetwork.subnetwork",
            "module.infra.module.custom-network.google_service_networking_connection.private_service_access",
            "module.infra.module.private-gke-autopilot-cluster.google_gke_hub_membership.gke-fleet",
            "module.infra.module.private-gke-autopilot-cluster.module.gke.data.google_compute_subnetwork.gke_subnetwork",
            "module.infra.module.private-gke-autopilot-cluster.module.gke.data.google_compute_zones.available",
            "module.infra.module.private-gke-autopilot-cluster.module.gke.data.google_container_engine_versions.region",
            "module.infra.module.private-gke-autopilot-cluster.module.gke.data.google_container_engine_versions.zone",
            "module.infra.module.private-gke-autopilot-cluster.module.gke.google_compute_firewall.intra_egress",
            "module.infra.module.private-gke-autopilot-cluster.module.gke.google_compute_firewall.master_webhooks",
            "module.infra.module.private-gke-autopilot-cluster.module.gke.google_compute_firewall.shadow_allow_inkubelet",
            "module.infra.module.private-gke-autopilot-cluster.module.gke.google_compute_firewall.shadow_allow_master",
            "module.infra.module.private-gke-autopilot-cluster.module.gke.google_compute_firewall.shadow_allow_nodes",
            "module.infra.module.private-gke-autopilot-cluster.module.gke.google_compute_firewall.shadow_allow_pods",
            "module.infra.module.private-gke-autopilot-cluster.module.gke.google_compute_firewall.shadow_deny_exkubelet",
            "module.infra.module.private-gke-autopilot-cluster.module.gke.google_compute_firewall.tpu_egress",
            "module.infra.module.private-gke-autopilot-cluster.module.gke.google_container_cluster.primary",
            "module.infra.module.private-gke-autopilot-cluster.module.gke.google_project_iam_member.cluster_service_account-artifact-registry",
            "module.infra.module.private-gke-autopilot-cluster.module.gke.google_project_iam_member.cluster_service_account-gcr",
            "module.infra.module.private-gke-autopilot-cluster.module.gke.google_project_iam_member.cluster_service_account-metric_writer",
            "module.infra.module.private-gke-autopilot-cluster.module.gke.google_project_iam_member.cluster_service_account-nodeService_account",
            "module.infra.module.private-gke-autopilot-cluster.module.gke.google_project_iam_member.cluster_service_account-resourceMetadata-writer",
            "module.infra.module.private-gke-autopilot-cluster.module.gke.google_project_iam_member.service_agent",
            "module.infra.module.private-gke-autopilot-cluster.module.gke.google_project_service_identity.fleet_project",
            "module.infra.module.private-gke-autopilot-cluster.module.gke.google_service_account.cluster_service_account",
            "module.infra.module.private-gke-autopilot-cluster.module.gke.kubernetes_config_map.ip-masq-agent",
            "module.infra.module.private-gke-autopilot-cluster.module.gke.kubernetes_config_map_v1_data.kube-dns",
            "module.infra.module.private-gke-autopilot-cluster.module.gke.kubernetes_config_map_v1_data.kube-dns-upstream-nameservers-and-stub-domains",
            "module.infra.module.private-gke-autopilot-cluster.module.gke.kubernetes_config_map_v1_data.kube-dns-upstream-namservers",
            "module.infra.module.private-gke-autopilot-cluster.module.gke.random_shuffle.available_zones",
            "module.infra.module.private-gke-autopilot-cluster.module.gke.random_string.cluster_service_account_suffix",
            "module.infra.module.private-gke-standard-cluster.google_gke_hub_membership.gke-fleet",
            "module.infra.module.private-gke-standard-cluster.module.gke.data.google_compute_subnetwork.gke_subnetwork",
            "module.infra.module.private-gke-standard-cluster.module.gke.data.google_compute_zones.available",
            "module.infra.module.private-gke-standard-cluster.module.gke.data.google_container_engine_versions.region",
            "module.infra.module.private-gke-standard-cluster.module.gke.data.google_container_engine_versions.zone",
            "module.infra.module.private-gke-standard-cluster.module.gke.google_compute_firewall.intra_egress",
            "module.infra.module.private-gke-standard-cluster.module.gke.google_compute_firewall.master_webhooks",
            "module.infra.module.private-gke-standard-cluster.module.gke.google_compute_firewall.shadow_allow_inkubelet",
            "module.infra.module.private-gke-standard-cluster.module.gke.google_compute_firewall.shadow_allow_master",
            "module.infra.module.private-gke-standard-cluster.module.gke.google_compute_firewall.shadow_allow_nodes",
            "module.infra.module.private-gke-standard-cluster.module.gke.google_compute_firewall.shadow_allow_pods",
            "module.infra.module.private-gke-standard-cluster.module.gke.google_compute_firewall.shadow_deny_exkubelet",
            "module.infra.module.private-gke-standard-cluster.module.gke.google_compute_firewall.tpu_egress",
            "module.infra.module.private-gke-standard-cluster.module.gke.google_container_cluster.primary",
            "module.infra.module.private-gke-standard-cluster.module.gke.google_container_node_pool.pools",
            "module.infra.module.private-gke-standard-cluster.module.gke.google_container_node_pool.windows_pools",
            "module.infra.module.private-gke-standard-cluster.module.gke.google_project_iam_member.cluster_service_account-artifact-registry",
            "module.infra.module.private-gke-standard-cluster.module.gke.google_project_iam_member.cluster_service_account-gcr",
            "module.infra.module.private-gke-standard-cluster.module.gke.google_project_iam_member.cluster_service_account-metric_writer",
            "module.infra.module.private-gke-standard-cluster.module.gke.google_project_iam_member.cluster_service_account-nodeService_account",
            "module.infra.module.private-gke-standard-cluster.module.gke.google_project_iam_member.cluster_service_account-resourceMetadata-writer",
            "module.infra.module.private-gke-standard-cluster.module.gke.google_service_account.cluster_service_account",
            "module.infra.module.private-gke-standard-cluster.module.gke.kubernetes_config_map.ip-masq-agent",
            "module.infra.module.private-gke-standard-cluster.module.gke.kubernetes_config_map_v1_data.kube-dns",
            "module.infra.module.private-gke-standard-cluster.module.gke.kubernetes_config_map_v1_data.kube-dns-upstream-nameservers-and-stub-domains",
            "module.infra.module.private-gke-standard-cluster.module.gke.kubernetes_config_map_v1_data.kube-dns-upstream-namservers",
            "module.infra.module.private-gke-standard-cluster.module.gke.random_shuffle.available_zones",
            "module.infra.module.private-gke-standard-cluster.module.gke.random_string.cluster_service_account_suffix",
            "module.infra.module.public-gke-autopilot-cluster.module.gke.data.google_compute_subnetwork.gke_subnetwork",
            "module.infra.module.public-gke-autopilot-cluster.module.gke.data.google_compute_zones.available",
            "module.infra.module.public-gke-autopilot-cluster.module.gke.data.google_container_engine_versions.region",
            "module.infra.module.public-gke-autopilot-cluster.module.gke.data.google_container_engine_versions.zone",
            "module.infra.module.public-gke-autopilot-cluster.module.gke.google_compute_firewall.intra_egress",
            "module.infra.module.public-gke-autopilot-cluster.module.gke.google_compute_firewall.master_webhooks",
            "module.infra.module.public-gke-autopilot-cluster.module.gke.google_compute_firewall.shadow_allow_inkubelet",
            "module.infra.module.public-gke-autopilot-cluster.module.gke.google_compute_firewall.shadow_allow_master",
            "module.infra.module.public-gke-autopilot-cluster.module.gke.google_compute_firewall.shadow_allow_nodes",
            "module.infra.module.public-gke-autopilot-cluster.module.gke.google_compute_firewall.shadow_allow_pods",
            "module.infra.module.public-gke-autopilot-cluster.module.gke.google_compute_firewall.shadow_deny_exkubelet",
            "module.infra.module.public-gke-autopilot-cluster.module.gke.google_compute_firewall.tpu_egress",
            "module.infra.module.public-gke-autopilot-cluster.module.gke.google_container_cluster.primary",
            "module.infra.module.public-gke-autopilot-cluster.module.gke.google_project_iam_member.cluster_service_account-artifact-registry",
            "module.infra.module.public-gke-autopilot-cluster.module.gke.google_project_iam_member.cluster_service_account-gcr",
            "module.infra.module.public-gke-autopilot-cluster.module.gke.google_project_iam_member.cluster_service_account-metric_writer",
            "module.infra.module.public-gke-autopilot-cluster.module.gke.google_project_iam_member.cluster_service_account-nodeService_account",
            "module.infra.module.public-gke-autopilot-cluster.module.gke.google_project_iam_member.cluster_service_account-resourceMetadata-writer",
            "module.infra.module.public-gke-autopilot-cluster.module.gke.google_project_iam_member.service_agent",
            "module.infra.module.public-gke-autopilot-cluster.module.gke.google_project_service_identity.fleet_project",
            "module.infra.module.public-gke-autopilot-cluster.module.gke.google_service_account.cluster_service_account",
            "module.infra.module.public-gke-autopilot-cluster.module.gke.kubernetes_config_map.ip-masq-agent",
            "module.infra.module.public-gke-autopilot-cluster.module.gke.kubernetes_config_map_v1_data.kube-dns",
            "module.infra.module.public-gke-autopilot-cluster.module.gke.kubernetes_config_map_v1_data.kube-dns-upstream-nameservers-and-stub-domains",
            "module.infra.module.public-gke-autopilot-cluster.module.gke.kubernetes_config_map_v1_data.kube-dns-upstream-namservers",
            "module.infra.module.public-gke-autopilot-cluster.module.gke.random_shuffle.available_zones",
            "module.infra.module.public-gke-autopilot-cluster.module.gke.random_string.cluster_service_account_suffix",
            "module.infra.module.public-gke-standard-cluster.module.gke.data.google_compute_subnetwork.gke_subnetwork",
            "module.infra.module.public-gke-standard-cluster.module.gke.data.google_compute_zones.available",
            "module.infra.module.public-gke-standard-cluster.module.gke.data.google_container_engine_versions.region",
            "module.infra.module.public-gke-standard-cluster.module.gke.data.google_container_engine_versions.zone",
            "module.infra.module.public-gke-standard-cluster.module.gke.google_compute_firewall.intra_egress",
            "module.infra.module.public-gke-standard-cluster.module.gke.google_compute_firewall.master_webhooks",
            "module.infra.module.public-gke-standard-cluster.module.gke.google_compute_firewall.shadow_allow_inkubelet",
            "module.infra.module.public-gke-standard-cluster.module.gke.google_compute_firewall.shadow_allow_master",
            "module.infra.module.public-gke-standard-cluster.module.gke.google_compute_firewall.shadow_allow_nodes",
            "module.infra.module.public-gke-standard-cluster.module.gke.google_compute_firewall.shadow_allow_pods",
            "module.infra.module.public-gke-standard-cluster.module.gke.google_compute_firewall.shadow_deny_exkubelet",
            "module.infra.module.public-gke-standard-cluster.module.gke.google_compute_firewall.tpu_egress",
            "module.infra.module.public-gke-standard-cluster.module.gke.google_container_cluster.primary",
            "module.infra.module.public-gke-standard-cluster.module.gke.google_container_node_pool.pools",
            "module.infra.module.public-gke-standard-cluster.module.gke.google_container_node_pool.windows_pools",
            "module.infra.module.public-gke-standard-cluster.module.gke.google_project_iam_member.cluster_service_account-artifact-registry",
            "module.infra.module.public-gke-standard-cluster.module.gke.google_project_iam_member.cluster_service_account-gcr",
            "module.infra.module.public-gke-standard-cluster.module.gke.google_project_iam_member.cluster_service_account-metric_writer",
            "module.infra.module.public-gke-standard-cluster.module.gke.google_project_iam_member.cluster_service_account-nodeService_account",
            "module.infra.module.public-gke-standard-cluster.module.gke.google_project_iam_member.cluster_service_account-resourceMetadata-writer",
            "module.infra.module.public-gke-standard-cluster.module.gke.google_service_account.cluster_service_account",
            "module.infra.module.public-gke-standard-cluster.module.gke.kubernetes_config_map.ip-masq-agent",
            "module.infra.module.public-gke-standard-cluster.module.gke.kubernetes_config_map_v1_data.kube-dns",
            "module.infra.module.public-gke-standard-cluster.module.gke.kubernetes_config_map_v1_data.kube-dns-upstream-nameservers-and-stub-domains",
            "module.infra.module.public-gke-standard-cluster.module.gke.kubernetes_config_map_v1_data.kube-dns-upstream-namservers",
            "module.infra.module.public-gke-standard-cluster.module.gke.random_shuffle.available_zones",
            "module.infra.module.public-gke-standard-cluster.module.gke.random_string.cluster_service_account_suffix",
            "module.jupyterhub.module.jupyterhub-workload-identity.data.google_service_account.cluster_service_account",
            "module.jupyterhub.module.jupyterhub-workload-identity.google_service_account.cluster_service_account",
            "module.namespace.helm_release.app-namespace",
            "module.project-services.data.google_compute_default_service_account.default",
            "module.project-services.google_project_iam_member.project_service_identity_roles",
            "module.project-services.google_project_service.project_services",
            "module.project-services.google_project_service_identity.project_service_identities"
          ]
        },
        {
          "index_key": "roles/storage.admin",
          "schema_version": 0,
          "attributes": {
            "condition": [],
            "etag": "BwYgOIsplc4=",
            "id": "genlu-gke-dev/roles/storage.admin/serviceAccount:jupyter-rag-sa@genlu-gke-dev.iam.gserviceaccount.com",
            "member": "serviceAccount:jupyter-rag-sa@genlu-gke-dev.iam.gserviceaccount.com",
            "project": "genlu-gke-dev",
            "role": "roles/storage.admin"
          },
          "sensitive_attributes": [],
          "private": "bnVsbA==",
          "dependencies": [
            "data.google_client_config.default",
            "data.google_container_cluster.default",
            "data.google_project.project",
            "module.gcs.google_storage_bucket.static",
            "module.infra.data.google_compute_subnetwork.subnetwork",
            "module.infra.module.custom-network.google_compute_global_address.google-managed-services-range",
            "module.infra.module.custom-network.google_compute_network.network",
            "module.infra.module.custom-network.google_compute_subnetwork.subnetwork",
            "module.infra.module.custom-network.google_service_networking_connection.private_service_access",
            "module.infra.module.private-gke-autopilot-cluster.google_gke_hub_membership.gke-fleet",
            "module.infra.module.private-gke-autopilot-cluster.module.gke.data.google_compute_subnetwork.gke_subnetwork",
            "module.infra.module.private-gke-autopilot-cluster.module.gke.data.google_compute_zones.available",
            "module.infra.module.private-gke-autopilot-cluster.module.gke.data.google_container_engine_versions.region",
            "module.infra.module.private-gke-autopilot-cluster.module.gke.data.google_container_engine_versions.zone",
            "module.infra.module.private-gke-autopilot-cluster.module.gke.google_compute_firewall.intra_egress",
            "module.infra.module.private-gke-autopilot-cluster.module.gke.google_compute_firewall.master_webhooks",
            "module.infra.module.private-gke-autopilot-cluster.module.gke.google_compute_firewall.shadow_allow_inkubelet",
            "module.infra.module.private-gke-autopilot-cluster.module.gke.google_compute_firewall.shadow_allow_master",
            "module.infra.module.private-gke-autopilot-cluster.module.gke.google_compute_firewall.shadow_allow_nodes",
            "module.infra.module.private-gke-autopilot-cluster.module.gke.google_compute_firewall.shadow_allow_pods",
            "module.infra.module.private-gke-autopilot-cluster.module.gke.google_compute_firewall.shadow_deny_exkubelet",
            "module.infra.module.private-gke-autopilot-cluster.module.gke.google_compute_firewall.tpu_egress",
            "module.infra.module.private-gke-autopilot-cluster.module.gke.google_container_cluster.primary",
            "module.infra.module.private-gke-autopilot-cluster.module.gke.google_project_iam_member.cluster_service_account-artifact-registry",
            "module.infra.module.private-gke-autopilot-cluster.module.gke.google_project_iam_member.cluster_service_account-gcr",
            "module.infra.module.private-gke-autopilot-cluster.module.gke.google_project_iam_member.cluster_service_account-metric_writer",
            "module.infra.module.private-gke-autopilot-cluster.module.gke.google_project_iam_member.cluster_service_account-nodeService_account",
            "module.infra.module.private-gke-autopilot-cluster.module.gke.google_project_iam_member.cluster_service_account-resourceMetadata-writer",
            "module.infra.module.private-gke-autopilot-cluster.module.gke.google_project_iam_member.service_agent",
            "module.infra.module.private-gke-autopilot-cluster.module.gke.google_project_service_identity.fleet_project",
            "module.infra.module.private-gke-autopilot-cluster.module.gke.google_service_account.cluster_service_account",
            "module.infra.module.private-gke-autopilot-cluster.module.gke.kubernetes_config_map.ip-masq-agent",
            "module.infra.module.private-gke-autopilot-cluster.module.gke.kubernetes_config_map_v1_data.kube-dns",
            "module.infra.module.private-gke-autopilot-cluster.module.gke.kubernetes_config_map_v1_data.kube-dns-upstream-nameservers-and-stub-domains",
            "module.infra.module.private-gke-autopilot-cluster.module.gke.kubernetes_config_map_v1_data.kube-dns-upstream-namservers",
            "module.infra.module.private-gke-autopilot-cluster.module.gke.random_shuffle.available_zones",
            "module.infra.module.private-gke-autopilot-cluster.module.gke.random_string.cluster_service_account_suffix",
            "module.infra.module.private-gke-standard-cluster.google_gke_hub_membership.gke-fleet",
            "module.infra.module.private-gke-standard-cluster.module.gke.data.google_compute_subnetwork.gke_subnetwork",
            "module.infra.module.private-gke-standard-cluster.module.gke.data.google_compute_zones.available",
            "module.infra.module.private-gke-standard-cluster.module.gke.data.google_container_engine_versions.region",
            "module.infra.module.private-gke-standard-cluster.module.gke.data.google_container_engine_versions.zone",
            "module.infra.module.private-gke-standard-cluster.module.gke.google_compute_firewall.intra_egress",
            "module.infra.module.private-gke-standard-cluster.module.gke.google_compute_firewall.master_webhooks",
            "module.infra.module.private-gke-standard-cluster.module.gke.google_compute_firewall.shadow_allow_inkubelet",
            "module.infra.module.private-gke-standard-cluster.module.gke.google_compute_firewall.shadow_allow_master",
            "module.infra.module.private-gke-standard-cluster.module.gke.google_compute_firewall.shadow_allow_nodes",
            "module.infra.module.private-gke-standard-cluster.module.gke.google_compute_firewall.shadow_allow_pods",
            "module.infra.module.private-gke-standard-cluster.module.gke.google_compute_firewall.shadow_deny_exkubelet",
            "module.infra.module.private-gke-standard-cluster.module.gke.google_compute_firewall.tpu_egress",
            "module.infra.module.private-gke-standard-cluster.module.gke.google_container_cluster.primary",
            "module.infra.module.private-gke-standard-cluster.module.gke.google_container_node_pool.pools",
            "module.infra.module.private-gke-standard-cluster.module.gke.google_container_node_pool.windows_pools",
            "module.infra.module.private-gke-standard-cluster.module.gke.google_project_iam_member.cluster_service_account-artifact-registry",
            "module.infra.module.private-gke-standard-cluster.module.gke.google_project_iam_member.cluster_service_account-gcr",
            "module.infra.module.private-gke-standard-cluster.module.gke.google_project_iam_member.cluster_service_account-metric_writer",
            "module.infra.module.private-gke-standard-cluster.module.gke.google_project_iam_member.cluster_service_account-nodeService_account",
            "module.infra.module.private-gke-standard-cluster.module.gke.google_project_iam_member.cluster_service_account-resourceMetadata-writer",
            "module.infra.module.private-gke-standard-cluster.module.gke.google_service_account.cluster_service_account",
            "module.infra.module.private-gke-standard-cluster.module.gke.kubernetes_config_map.ip-masq-agent",
            "module.infra.module.private-gke-standard-cluster.module.gke.kubernetes_config_map_v1_data.kube-dns",
            "module.infra.module.private-gke-standard-cluster.module.gke.kubernetes_config_map_v1_data.kube-dns-upstream-nameservers-and-stub-domains",
            "module.infra.module.private-gke-standard-cluster.module.gke.kubernetes_config_map_v1_data.kube-dns-upstream-namservers",
            "module.infra.module.private-gke-standard-cluster.module.gke.random_shuffle.available_zones",
            "module.infra.module.private-gke-standard-cluster.module.gke.random_string.cluster_service_account_suffix",
            "module.infra.module.public-gke-autopilot-cluster.module.gke.data.google_compute_subnetwork.gke_subnetwork",
            "module.infra.module.public-gke-autopilot-cluster.module.gke.data.google_compute_zones.available",
            "module.infra.module.public-gke-autopilot-cluster.module.gke.data.google_container_engine_versions.region",
            "module.infra.module.public-gke-autopilot-cluster.module.gke.data.google_container_engine_versions.zone",
            "module.infra.module.public-gke-autopilot-cluster.module.gke.google_compute_firewall.intra_egress",
            "module.infra.module.public-gke-autopilot-cluster.module.gke.google_compute_firewall.master_webhooks",
            "module.infra.module.public-gke-autopilot-cluster.module.gke.google_compute_firewall.shadow_allow_inkubelet",
            "module.infra.module.public-gke-autopilot-cluster.module.gke.google_compute_firewall.shadow_allow_master",
            "module.infra.module.public-gke-autopilot-cluster.module.gke.google_compute_firewall.shadow_allow_nodes",
            "module.infra.module.public-gke-autopilot-cluster.module.gke.google_compute_firewall.shadow_allow_pods",
            "module.infra.module.public-gke-autopilot-cluster.module.gke.google_compute_firewall.shadow_deny_exkubelet",
            "module.infra.module.public-gke-autopilot-cluster.module.gke.google_compute_firewall.tpu_egress",
            "module.infra.module.public-gke-autopilot-cluster.module.gke.google_container_cluster.primary",
            "module.infra.module.public-gke-autopilot-cluster.module.gke.google_project_iam_member.cluster_service_account-artifact-registry",
            "module.infra.module.public-gke-autopilot-cluster.module.gke.google_project_iam_member.cluster_service_account-gcr",
            "module.infra.module.public-gke-autopilot-cluster.module.gke.google_project_iam_member.cluster_service_account-metric_writer",
            "module.infra.module.public-gke-autopilot-cluster.module.gke.google_project_iam_member.cluster_service_account-nodeService_account",
            "module.infra.module.public-gke-autopilot-cluster.module.gke.google_project_iam_member.cluster_service_account-resourceMetadata-writer",
            "module.infra.module.public-gke-autopilot-cluster.module.gke.google_project_iam_member.service_agent",
            "module.infra.module.public-gke-autopilot-cluster.module.gke.google_project_service_identity.fleet_project",
            "module.infra.module.public-gke-autopilot-cluster.module.gke.google_service_account.cluster_service_account",
            "module.infra.module.public-gke-autopilot-cluster.module.gke.kubernetes_config_map.ip-masq-agent",
            "module.infra.module.public-gke-autopilot-cluster.module.gke.kubernetes_config_map_v1_data.kube-dns",
            "module.infra.module.public-gke-autopilot-cluster.module.gke.kubernetes_config_map_v1_data.kube-dns-upstream-nameservers-and-stub-domains",
            "module.infra.module.public-gke-autopilot-cluster.module.gke.kubernetes_config_map_v1_data.kube-dns-upstream-namservers",
            "module.infra.module.public-gke-autopilot-cluster.module.gke.random_shuffle.available_zones",
            "module.infra.module.public-gke-autopilot-cluster.module.gke.random_string.cluster_service_account_suffix",
            "module.infra.module.public-gke-standard-cluster.module.gke.data.google_compute_subnetwork.gke_subnetwork",
            "module.infra.module.public-gke-standard-cluster.module.gke.data.google_compute_zones.available",
            "module.infra.module.public-gke-standard-cluster.module.gke.data.google_container_engine_versions.region",
            "module.infra.module.public-gke-standard-cluster.module.gke.data.google_container_engine_versions.zone",
            "module.infra.module.public-gke-standard-cluster.module.gke.google_compute_firewall.intra_egress",
            "module.infra.module.public-gke-standard-cluster.module.gke.google_compute_firewall.master_webhooks",
            "module.infra.module.public-gke-standard-cluster.module.gke.google_compute_firewall.shadow_allow_inkubelet",
            "module.infra.module.public-gke-standard-cluster.module.gke.google_compute_firewall.shadow_allow_master",
            "module.infra.module.public-gke-standard-cluster.module.gke.google_compute_firewall.shadow_allow_nodes",
            "module.infra.module.public-gke-standard-cluster.module.gke.google_compute_firewall.shadow_allow_pods",
            "module.infra.module.public-gke-standard-cluster.module.gke.google_compute_firewall.shadow_deny_exkubelet",
            "module.infra.module.public-gke-standard-cluster.module.gke.google_compute_firewall.tpu_egress",
            "module.infra.module.public-gke-standard-cluster.module.gke.google_container_cluster.primary",
            "module.infra.module.public-gke-standard-cluster.module.gke.google_container_node_pool.pools",
            "module.infra.module.public-gke-standard-cluster.module.gke.google_container_node_pool.windows_pools",
            "module.infra.module.public-gke-standard-cluster.module.gke.google_project_iam_member.cluster_service_account-artifact-registry",
            "module.infra.module.public-gke-standard-cluster.module.gke.google_project_iam_member.cluster_service_account-gcr",
            "module.infra.module.public-gke-standard-cluster.module.gke.google_project_iam_member.cluster_service_account-metric_writer",
            "module.infra.module.public-gke-standard-cluster.module.gke.google_project_iam_member.cluster_service_account-nodeService_account",
            "module.infra.module.public-gke-standard-cluster.module.gke.google_project_iam_member.cluster_service_account-resourceMetadata-writer",
            "module.infra.module.public-gke-standard-cluster.module.gke.google_service_account.cluster_service_account",
            "module.infra.module.public-gke-standard-cluster.module.gke.kubernetes_config_map.ip-masq-agent",
            "module.infra.module.public-gke-standard-cluster.module.gke.kubernetes_config_map_v1_data.kube-dns",
            "module.infra.module.public-gke-standard-cluster.module.gke.kubernetes_config_map_v1_data.kube-dns-upstream-nameservers-and-stub-domains",
            "module.infra.module.public-gke-standard-cluster.module.gke.kubernetes_config_map_v1_data.kube-dns-upstream-namservers",
            "module.infra.module.public-gke-standard-cluster.module.gke.random_shuffle.available_zones",
            "module.infra.module.public-gke-standard-cluster.module.gke.random_string.cluster_service_account_suffix",
            "module.jupyterhub.module.jupyterhub-workload-identity.data.google_service_account.cluster_service_account",
            "module.jupyterhub.module.jupyterhub-workload-identity.google_service_account.cluster_service_account",
            "module.namespace.helm_release.app-namespace",
            "module.project-services.data.google_compute_default_service_account.default",
            "module.project-services.google_project_iam_member.project_service_identity_roles",
            "module.project-services.google_project_service.project_services",
            "module.project-services.google_project_service_identity.project_service_identities"
          ]
        },
        {
          "index_key": "roles/viewer",
          "schema_version": 0,
          "attributes": {
            "condition": [],
            "etag": "BwYgOIsplc4=",
            "id": "genlu-gke-dev/roles/viewer/serviceAccount:jupyter-rag-sa@genlu-gke-dev.iam.gserviceaccount.com",
            "member": "serviceAccount:jupyter-rag-sa@genlu-gke-dev.iam.gserviceaccount.com",
            "project": "genlu-gke-dev",
            "role": "roles/viewer"
          },
          "sensitive_attributes": [],
          "private": "bnVsbA==",
          "dependencies": [
            "data.google_client_config.default",
            "data.google_container_cluster.default",
            "data.google_project.project",
            "module.gcs.google_storage_bucket.static",
            "module.infra.data.google_compute_subnetwork.subnetwork",
            "module.infra.module.custom-network.google_compute_global_address.google-managed-services-range",
            "module.infra.module.custom-network.google_compute_network.network",
            "module.infra.module.custom-network.google_compute_subnetwork.subnetwork",
            "module.infra.module.custom-network.google_service_networking_connection.private_service_access",
            "module.infra.module.private-gke-autopilot-cluster.google_gke_hub_membership.gke-fleet",
            "module.infra.module.private-gke-autopilot-cluster.module.gke.data.google_compute_subnetwork.gke_subnetwork",
            "module.infra.module.private-gke-autopilot-cluster.module.gke.data.google_compute_zones.available",
            "module.infra.module.private-gke-autopilot-cluster.module.gke.data.google_container_engine_versions.region",
            "module.infra.module.private-gke-autopilot-cluster.module.gke.data.google_container_engine_versions.zone",
            "module.infra.module.private-gke-autopilot-cluster.module.gke.google_compute_firewall.intra_egress",
            "module.infra.module.private-gke-autopilot-cluster.module.gke.google_compute_firewall.master_webhooks",
            "module.infra.module.private-gke-autopilot-cluster.module.gke.google_compute_firewall.shadow_allow_inkubelet",
            "module.infra.module.private-gke-autopilot-cluster.module.gke.google_compute_firewall.shadow_allow_master",
            "module.infra.module.private-gke-autopilot-cluster.module.gke.google_compute_firewall.shadow_allow_nodes",
            "module.infra.module.private-gke-autopilot-cluster.module.gke.google_compute_firewall.shadow_allow_pods",
            "module.infra.module.private-gke-autopilot-cluster.module.gke.google_compute_firewall.shadow_deny_exkubelet",
            "module.infra.module.private-gke-autopilot-cluster.module.gke.google_compute_firewall.tpu_egress",
            "module.infra.module.private-gke-autopilot-cluster.module.gke.google_container_cluster.primary",
            "module.infra.module.private-gke-autopilot-cluster.module.gke.google_project_iam_member.cluster_service_account-artifact-registry",
            "module.infra.module.private-gke-autopilot-cluster.module.gke.google_project_iam_member.cluster_service_account-gcr",
            "module.infra.module.private-gke-autopilot-cluster.module.gke.google_project_iam_member.cluster_service_account-metric_writer",
            "module.infra.module.private-gke-autopilot-cluster.module.gke.google_project_iam_member.cluster_service_account-nodeService_account",
            "module.infra.module.private-gke-autopilot-cluster.module.gke.google_project_iam_member.cluster_service_account-resourceMetadata-writer",
            "module.infra.module.private-gke-autopilot-cluster.module.gke.google_project_iam_member.service_agent",
            "module.infra.module.private-gke-autopilot-cluster.module.gke.google_project_service_identity.fleet_project",
            "module.infra.module.private-gke-autopilot-cluster.module.gke.google_service_account.cluster_service_account",
            "module.infra.module.private-gke-autopilot-cluster.module.gke.kubernetes_config_map.ip-masq-agent",
            "module.infra.module.private-gke-autopilot-cluster.module.gke.kubernetes_config_map_v1_data.kube-dns",
            "module.infra.module.private-gke-autopilot-cluster.module.gke.kubernetes_config_map_v1_data.kube-dns-upstream-nameservers-and-stub-domains",
            "module.infra.module.private-gke-autopilot-cluster.module.gke.kubernetes_config_map_v1_data.kube-dns-upstream-namservers",
            "module.infra.module.private-gke-autopilot-cluster.module.gke.random_shuffle.available_zones",
            "module.infra.module.private-gke-autopilot-cluster.module.gke.random_string.cluster_service_account_suffix",
            "module.infra.module.private-gke-standard-cluster.google_gke_hub_membership.gke-fleet",
            "module.infra.module.private-gke-standard-cluster.module.gke.data.google_compute_subnetwork.gke_subnetwork",
            "module.infra.module.private-gke-standard-cluster.module.gke.data.google_compute_zones.available",
            "module.infra.module.private-gke-standard-cluster.module.gke.data.google_container_engine_versions.region",
            "module.infra.module.private-gke-standard-cluster.module.gke.data.google_container_engine_versions.zone",
            "module.infra.module.private-gke-standard-cluster.module.gke.google_compute_firewall.intra_egress",
            "module.infra.module.private-gke-standard-cluster.module.gke.google_compute_firewall.master_webhooks",
            "module.infra.module.private-gke-standard-cluster.module.gke.google_compute_firewall.shadow_allow_inkubelet",
            "module.infra.module.private-gke-standard-cluster.module.gke.google_compute_firewall.shadow_allow_master",
            "module.infra.module.private-gke-standard-cluster.module.gke.google_compute_firewall.shadow_allow_nodes",
            "module.infra.module.private-gke-standard-cluster.module.gke.google_compute_firewall.shadow_allow_pods",
            "module.infra.module.private-gke-standard-cluster.module.gke.google_compute_firewall.shadow_deny_exkubelet",
            "module.infra.module.private-gke-standard-cluster.module.gke.google_compute_firewall.tpu_egress",
            "module.infra.module.private-gke-standard-cluster.module.gke.google_container_cluster.primary",
            "module.infra.module.private-gke-standard-cluster.module.gke.google_container_node_pool.pools",
            "module.infra.module.private-gke-standard-cluster.module.gke.google_container_node_pool.windows_pools",
            "module.infra.module.private-gke-standard-cluster.module.gke.google_project_iam_member.cluster_service_account-artifact-registry",
            "module.infra.module.private-gke-standard-cluster.module.gke.google_project_iam_member.cluster_service_account-gcr",
            "module.infra.module.private-gke-standard-cluster.module.gke.google_project_iam_member.cluster_service_account-metric_writer",
            "module.infra.module.private-gke-standard-cluster.module.gke.google_project_iam_member.cluster_service_account-nodeService_account",
            "module.infra.module.private-gke-standard-cluster.module.gke.google_project_iam_member.cluster_service_account-resourceMetadata-writer",
            "module.infra.module.private-gke-standard-cluster.module.gke.google_service_account.cluster_service_account",
            "module.infra.module.private-gke-standard-cluster.module.gke.kubernetes_config_map.ip-masq-agent",
            "module.infra.module.private-gke-standard-cluster.module.gke.kubernetes_config_map_v1_data.kube-dns",
            "module.infra.module.private-gke-standard-cluster.module.gke.kubernetes_config_map_v1_data.kube-dns-upstream-nameservers-and-stub-domains",
            "module.infra.module.private-gke-standard-cluster.module.gke.kubernetes_config_map_v1_data.kube-dns-upstream-namservers",
            "module.infra.module.private-gke-standard-cluster.module.gke.random_shuffle.available_zones",
            "module.infra.module.private-gke-standard-cluster.module.gke.random_string.cluster_service_account_suffix",
            "module.infra.module.public-gke-autopilot-cluster.module.gke.data.google_compute_subnetwork.gke_subnetwork",
            "module.infra.module.public-gke-autopilot-cluster.module.gke.data.google_compute_zones.available",
            "module.infra.module.public-gke-autopilot-cluster.module.gke.data.google_container_engine_versions.region",
            "module.infra.module.public-gke-autopilot-cluster.module.gke.data.google_container_engine_versions.zone",
            "module.infra.module.public-gke-autopilot-cluster.module.gke.google_compute_firewall.intra_egress",
            "module.infra.module.public-gke-autopilot-cluster.module.gke.google_compute_firewall.master_webhooks",
            "module.infra.module.public-gke-autopilot-cluster.module.gke.google_compute_firewall.shadow_allow_inkubelet",
            "module.infra.module.public-gke-autopilot-cluster.module.gke.google_compute_firewall.shadow_allow_master",
            "module.infra.module.public-gke-autopilot-cluster.module.gke.google_compute_firewall.shadow_allow_nodes",
            "module.infra.module.public-gke-autopilot-cluster.module.gke.google_compute_firewall.shadow_allow_pods",
            "module.infra.module.public-gke-autopilot-cluster.module.gke.google_compute_firewall.shadow_deny_exkubelet",
            "module.infra.module.public-gke-autopilot-cluster.module.gke.google_compute_firewall.tpu_egress",
            "module.infra.module.public-gke-autopilot-cluster.module.gke.google_container_cluster.primary",
            "module.infra.module.public-gke-autopilot-cluster.module.gke.google_project_iam_member.cluster_service_account-artifact-registry",
            "module.infra.module.public-gke-autopilot-cluster.module.gke.google_project_iam_member.cluster_service_account-gcr",
            "module.infra.module.public-gke-autopilot-cluster.module.gke.google_project_iam_member.cluster_service_account-metric_writer",
            "module.infra.module.public-gke-autopilot-cluster.module.gke.google_project_iam_member.cluster_service_account-nodeService_account",
            "module.infra.module.public-gke-autopilot-cluster.module.gke.google_project_iam_member.cluster_service_account-resourceMetadata-writer",
            "module.infra.module.public-gke-autopilot-cluster.module.gke.google_project_iam_member.service_agent",
            "module.infra.module.public-gke-autopilot-cluster.module.gke.google_project_service_identity.fleet_project",
            "module.infra.module.public-gke-autopilot-cluster.module.gke.google_service_account.cluster_service_account",
            "module.infra.module.public-gke-autopilot-cluster.module.gke.kubernetes_config_map.ip-masq-agent",
            "module.infra.module.public-gke-autopilot-cluster.module.gke.kubernetes_config_map_v1_data.kube-dns",
            "module.infra.module.public-gke-autopilot-cluster.module.gke.kubernetes_config_map_v1_data.kube-dns-upstream-nameservers-and-stub-domains",
            "module.infra.module.public-gke-autopilot-cluster.module.gke.kubernetes_config_map_v1_data.kube-dns-upstream-namservers",
            "module.infra.module.public-gke-autopilot-cluster.module.gke.random_shuffle.available_zones",
            "module.infra.module.public-gke-autopilot-cluster.module.gke.random_string.cluster_service_account_suffix",
            "module.infra.module.public-gke-standard-cluster.module.gke.data.google_compute_subnetwork.gke_subnetwork",
            "module.infra.module.public-gke-standard-cluster.module.gke.data.google_compute_zones.available",
            "module.infra.module.public-gke-standard-cluster.module.gke.data.google_container_engine_versions.region",
            "module.infra.module.public-gke-standard-cluster.module.gke.data.google_container_engine_versions.zone",
            "module.infra.module.public-gke-standard-cluster.module.gke.google_compute_firewall.intra_egress",
            "module.infra.module.public-gke-standard-cluster.module.gke.google_compute_firewall.master_webhooks",
            "module.infra.module.public-gke-standard-cluster.module.gke.google_compute_firewall.shadow_allow_inkubelet",
            "module.infra.module.public-gke-standard-cluster.module.gke.google_compute_firewall.shadow_allow_master",
            "module.infra.module.public-gke-standard-cluster.module.gke.google_compute_firewall.shadow_allow_nodes",
            "module.infra.module.public-gke-standard-cluster.module.gke.google_compute_firewall.shadow_allow_pods",
            "module.infra.module.public-gke-standard-cluster.module.gke.google_compute_firewall.shadow_deny_exkubelet",
            "module.infra.module.public-gke-standard-cluster.module.gke.google_compute_firewall.tpu_egress",
            "module.infra.module.public-gke-standard-cluster.module.gke.google_container_cluster.primary",
            "module.infra.module.public-gke-standard-cluster.module.gke.google_container_node_pool.pools",
            "module.infra.module.public-gke-standard-cluster.module.gke.google_container_node_pool.windows_pools",
            "module.infra.module.public-gke-standard-cluster.module.gke.google_project_iam_member.cluster_service_account-artifact-registry",
            "module.infra.module.public-gke-standard-cluster.module.gke.google_project_iam_member.cluster_service_account-gcr",
            "module.infra.module.public-gke-standard-cluster.module.gke.google_project_iam_member.cluster_service_account-metric_writer",
            "module.infra.module.public-gke-standard-cluster.module.gke.google_project_iam_member.cluster_service_account-nodeService_account",
            "module.infra.module.public-gke-standard-cluster.module.gke.google_project_iam_member.cluster_service_account-resourceMetadata-writer",
            "module.infra.module.public-gke-standard-cluster.module.gke.google_service_account.cluster_service_account",
            "module.infra.module.public-gke-standard-cluster.module.gke.kubernetes_config_map.ip-masq-agent",
            "module.infra.module.public-gke-standard-cluster.module.gke.kubernetes_config_map_v1_data.kube-dns",
            "module.infra.module.public-gke-standard-cluster.module.gke.kubernetes_config_map_v1_data.kube-dns-upstream-nameservers-and-stub-domains",
            "module.infra.module.public-gke-standard-cluster.module.gke.kubernetes_config_map_v1_data.kube-dns-upstream-namservers",
            "module.infra.module.public-gke-standard-cluster.module.gke.random_shuffle.available_zones",
            "module.infra.module.public-gke-standard-cluster.module.gke.random_string.cluster_service_account_suffix",
            "module.jupyterhub.module.jupyterhub-workload-identity.data.google_service_account.cluster_service_account",
            "module.jupyterhub.module.jupyterhub-workload-identity.google_service_account.cluster_service_account",
            "module.namespace.helm_release.app-namespace",
            "module.project-services.data.google_compute_default_service_account.default",
            "module.project-services.google_project_iam_member.project_service_identity_roles",
            "module.project-services.google_project_service.project_services",
            "module.project-services.google_project_service_identity.project_service_identities"
          ]
        }
      ]
    },
    {
      "module": "module.jupyterhub.module.jupyterhub-workload-identity",
      "mode": "managed",
      "type": "google_service_account",
      "name": "cluster_service_account",
      "provider": "provider[\"registry.terraform.io/hashicorp/google\"]",
      "instances": [
        {
          "index_key": 0,
          "schema_version": 0,
          "attributes": {
            "account_id": "jupyter-rag-sa",
            "create_ignore_already_exists": null,
            "description": "",
            "disabled": false,
            "display_name": "GCP SA bound to K8S SA genlu-gke-dev[jupyter-rag-sa]",
            "email": "jupyter-rag-sa@genlu-gke-dev.iam.gserviceaccount.com",
            "id": "projects/genlu-gke-dev/serviceAccounts/jupyter-rag-sa@genlu-gke-dev.iam.gserviceaccount.com",
            "member": "serviceAccount:jupyter-rag-sa@genlu-gke-dev.iam.gserviceaccount.com",
            "name": "projects/genlu-gke-dev/serviceAccounts/jupyter-rag-sa@genlu-gke-dev.iam.gserviceaccount.com",
            "project": "genlu-gke-dev",
            "timeouts": null,
            "unique_id": "107960637469521206623"
          },
          "sensitive_attributes": [],
          "private": "eyJlMmJmYjczMC1lY2FhLTExZTYtOGY4OC0zNDM2M2JjN2M0YzAiOnsiY3JlYXRlIjozMDAwMDAwMDAwMDB9fQ==",
          "dependencies": [
            "data.google_client_config.default",
            "data.google_container_cluster.default",
            "data.google_project.project",
            "module.gcs.google_storage_bucket.static",
            "module.infra.data.google_compute_subnetwork.subnetwork",
            "module.infra.module.custom-network.google_compute_global_address.google-managed-services-range",
            "module.infra.module.custom-network.google_compute_network.network",
            "module.infra.module.custom-network.google_compute_subnetwork.subnetwork",
            "module.infra.module.custom-network.google_service_networking_connection.private_service_access",
            "module.infra.module.private-gke-autopilot-cluster.google_gke_hub_membership.gke-fleet",
            "module.infra.module.private-gke-autopilot-cluster.module.gke.data.google_compute_subnetwork.gke_subnetwork",
            "module.infra.module.private-gke-autopilot-cluster.module.gke.data.google_compute_zones.available",
            "module.infra.module.private-gke-autopilot-cluster.module.gke.data.google_container_engine_versions.region",
            "module.infra.module.private-gke-autopilot-cluster.module.gke.data.google_container_engine_versions.zone",
            "module.infra.module.private-gke-autopilot-cluster.module.gke.google_compute_firewall.intra_egress",
            "module.infra.module.private-gke-autopilot-cluster.module.gke.google_compute_firewall.master_webhooks",
            "module.infra.module.private-gke-autopilot-cluster.module.gke.google_compute_firewall.shadow_allow_inkubelet",
            "module.infra.module.private-gke-autopilot-cluster.module.gke.google_compute_firewall.shadow_allow_master",
            "module.infra.module.private-gke-autopilot-cluster.module.gke.google_compute_firewall.shadow_allow_nodes",
            "module.infra.module.private-gke-autopilot-cluster.module.gke.google_compute_firewall.shadow_allow_pods",
            "module.infra.module.private-gke-autopilot-cluster.module.gke.google_compute_firewall.shadow_deny_exkubelet",
            "module.infra.module.private-gke-autopilot-cluster.module.gke.google_compute_firewall.tpu_egress",
            "module.infra.module.private-gke-autopilot-cluster.module.gke.google_container_cluster.primary",
            "module.infra.module.private-gke-autopilot-cluster.module.gke.google_project_iam_member.cluster_service_account-artifact-registry",
            "module.infra.module.private-gke-autopilot-cluster.module.gke.google_project_iam_member.cluster_service_account-gcr",
            "module.infra.module.private-gke-autopilot-cluster.module.gke.google_project_iam_member.cluster_service_account-metric_writer",
            "module.infra.module.private-gke-autopilot-cluster.module.gke.google_project_iam_member.cluster_service_account-nodeService_account",
            "module.infra.module.private-gke-autopilot-cluster.module.gke.google_project_iam_member.cluster_service_account-resourceMetadata-writer",
            "module.infra.module.private-gke-autopilot-cluster.module.gke.google_project_iam_member.service_agent",
            "module.infra.module.private-gke-autopilot-cluster.module.gke.google_project_service_identity.fleet_project",
            "module.infra.module.private-gke-autopilot-cluster.module.gke.google_service_account.cluster_service_account",
            "module.infra.module.private-gke-autopilot-cluster.module.gke.kubernetes_config_map.ip-masq-agent",
            "module.infra.module.private-gke-autopilot-cluster.module.gke.kubernetes_config_map_v1_data.kube-dns",
            "module.infra.module.private-gke-autopilot-cluster.module.gke.kubernetes_config_map_v1_data.kube-dns-upstream-nameservers-and-stub-domains",
            "module.infra.module.private-gke-autopilot-cluster.module.gke.kubernetes_config_map_v1_data.kube-dns-upstream-namservers",
            "module.infra.module.private-gke-autopilot-cluster.module.gke.random_shuffle.available_zones",
            "module.infra.module.private-gke-autopilot-cluster.module.gke.random_string.cluster_service_account_suffix",
            "module.infra.module.private-gke-standard-cluster.google_gke_hub_membership.gke-fleet",
            "module.infra.module.private-gke-standard-cluster.module.gke.data.google_compute_subnetwork.gke_subnetwork",
            "module.infra.module.private-gke-standard-cluster.module.gke.data.google_compute_zones.available",
            "module.infra.module.private-gke-standard-cluster.module.gke.data.google_container_engine_versions.region",
            "module.infra.module.private-gke-standard-cluster.module.gke.data.google_container_engine_versions.zone",
            "module.infra.module.private-gke-standard-cluster.module.gke.google_compute_firewall.intra_egress",
            "module.infra.module.private-gke-standard-cluster.module.gke.google_compute_firewall.master_webhooks",
            "module.infra.module.private-gke-standard-cluster.module.gke.google_compute_firewall.shadow_allow_inkubelet",
            "module.infra.module.private-gke-standard-cluster.module.gke.google_compute_firewall.shadow_allow_master",
            "module.infra.module.private-gke-standard-cluster.module.gke.google_compute_firewall.shadow_allow_nodes",
            "module.infra.module.private-gke-standard-cluster.module.gke.google_compute_firewall.shadow_allow_pods",
            "module.infra.module.private-gke-standard-cluster.module.gke.google_compute_firewall.shadow_deny_exkubelet",
            "module.infra.module.private-gke-standard-cluster.module.gke.google_compute_firewall.tpu_egress",
            "module.infra.module.private-gke-standard-cluster.module.gke.google_container_cluster.primary",
            "module.infra.module.private-gke-standard-cluster.module.gke.google_container_node_pool.pools",
            "module.infra.module.private-gke-standard-cluster.module.gke.google_container_node_pool.windows_pools",
            "module.infra.module.private-gke-standard-cluster.module.gke.google_project_iam_member.cluster_service_account-artifact-registry",
            "module.infra.module.private-gke-standard-cluster.module.gke.google_project_iam_member.cluster_service_account-gcr",
            "module.infra.module.private-gke-standard-cluster.module.gke.google_project_iam_member.cluster_service_account-metric_writer",
            "module.infra.module.private-gke-standard-cluster.module.gke.google_project_iam_member.cluster_service_account-nodeService_account",
            "module.infra.module.private-gke-standard-cluster.module.gke.google_project_iam_member.cluster_service_account-resourceMetadata-writer",
            "module.infra.module.private-gke-standard-cluster.module.gke.google_service_account.cluster_service_account",
            "module.infra.module.private-gke-standard-cluster.module.gke.kubernetes_config_map.ip-masq-agent",
            "module.infra.module.private-gke-standard-cluster.module.gke.kubernetes_config_map_v1_data.kube-dns",
            "module.infra.module.private-gke-standard-cluster.module.gke.kubernetes_config_map_v1_data.kube-dns-upstream-nameservers-and-stub-domains",
            "module.infra.module.private-gke-standard-cluster.module.gke.kubernetes_config_map_v1_data.kube-dns-upstream-namservers",
            "module.infra.module.private-gke-standard-cluster.module.gke.random_shuffle.available_zones",
            "module.infra.module.private-gke-standard-cluster.module.gke.random_string.cluster_service_account_suffix",
            "module.infra.module.public-gke-autopilot-cluster.module.gke.data.google_compute_subnetwork.gke_subnetwork",
            "module.infra.module.public-gke-autopilot-cluster.module.gke.data.google_compute_zones.available",
            "module.infra.module.public-gke-autopilot-cluster.module.gke.data.google_container_engine_versions.region",
            "module.infra.module.public-gke-autopilot-cluster.module.gke.data.google_container_engine_versions.zone",
            "module.infra.module.public-gke-autopilot-cluster.module.gke.google_compute_firewall.intra_egress",
            "module.infra.module.public-gke-autopilot-cluster.module.gke.google_compute_firewall.master_webhooks",
            "module.infra.module.public-gke-autopilot-cluster.module.gke.google_compute_firewall.shadow_allow_inkubelet",
            "module.infra.module.public-gke-autopilot-cluster.module.gke.google_compute_firewall.shadow_allow_master",
            "module.infra.module.public-gke-autopilot-cluster.module.gke.google_compute_firewall.shadow_allow_nodes",
            "module.infra.module.public-gke-autopilot-cluster.module.gke.google_compute_firewall.shadow_allow_pods",
            "module.infra.module.public-gke-autopilot-cluster.module.gke.google_compute_firewall.shadow_deny_exkubelet",
            "module.infra.module.public-gke-autopilot-cluster.module.gke.google_compute_firewall.tpu_egress",
            "module.infra.module.public-gke-autopilot-cluster.module.gke.google_container_cluster.primary",
            "module.infra.module.public-gke-autopilot-cluster.module.gke.google_project_iam_member.cluster_service_account-artifact-registry",
            "module.infra.module.public-gke-autopilot-cluster.module.gke.google_project_iam_member.cluster_service_account-gcr",
            "module.infra.module.public-gke-autopilot-cluster.module.gke.google_project_iam_member.cluster_service_account-metric_writer",
            "module.infra.module.public-gke-autopilot-cluster.module.gke.google_project_iam_member.cluster_service_account-nodeService_account",
            "module.infra.module.public-gke-autopilot-cluster.module.gke.google_project_iam_member.cluster_service_account-resourceMetadata-writer",
            "module.infra.module.public-gke-autopilot-cluster.module.gke.google_project_iam_member.service_agent",
            "module.infra.module.public-gke-autopilot-cluster.module.gke.google_project_service_identity.fleet_project",
            "module.infra.module.public-gke-autopilot-cluster.module.gke.google_service_account.cluster_service_account",
            "module.infra.module.public-gke-autopilot-cluster.module.gke.kubernetes_config_map.ip-masq-agent",
            "module.infra.module.public-gke-autopilot-cluster.module.gke.kubernetes_config_map_v1_data.kube-dns",
            "module.infra.module.public-gke-autopilot-cluster.module.gke.kubernetes_config_map_v1_data.kube-dns-upstream-nameservers-and-stub-domains",
            "module.infra.module.public-gke-autopilot-cluster.module.gke.kubernetes_config_map_v1_data.kube-dns-upstream-namservers",
            "module.infra.module.public-gke-autopilot-cluster.module.gke.random_shuffle.available_zones",
            "module.infra.module.public-gke-autopilot-cluster.module.gke.random_string.cluster_service_account_suffix",
            "module.infra.module.public-gke-standard-cluster.module.gke.data.google_compute_subnetwork.gke_subnetwork",
            "module.infra.module.public-gke-standard-cluster.module.gke.data.google_compute_zones.available",
            "module.infra.module.public-gke-standard-cluster.module.gke.data.google_container_engine_versions.region",
            "module.infra.module.public-gke-standard-cluster.module.gke.data.google_container_engine_versions.zone",
            "module.infra.module.public-gke-standard-cluster.module.gke.google_compute_firewall.intra_egress",
            "module.infra.module.public-gke-standard-cluster.module.gke.google_compute_firewall.master_webhooks",
            "module.infra.module.public-gke-standard-cluster.module.gke.google_compute_firewall.shadow_allow_inkubelet",
            "module.infra.module.public-gke-standard-cluster.module.gke.google_compute_firewall.shadow_allow_master",
            "module.infra.module.public-gke-standard-cluster.module.gke.google_compute_firewall.shadow_allow_nodes",
            "module.infra.module.public-gke-standard-cluster.module.gke.google_compute_firewall.shadow_allow_pods",
            "module.infra.module.public-gke-standard-cluster.module.gke.google_compute_firewall.shadow_deny_exkubelet",
            "module.infra.module.public-gke-standard-cluster.module.gke.google_compute_firewall.tpu_egress",
            "module.infra.module.public-gke-standard-cluster.module.gke.google_container_cluster.primary",
            "module.infra.module.public-gke-standard-cluster.module.gke.google_container_node_pool.pools",
            "module.infra.module.public-gke-standard-cluster.module.gke.google_container_node_pool.windows_pools",
            "module.infra.module.public-gke-standard-cluster.module.gke.google_project_iam_member.cluster_service_account-artifact-registry",
            "module.infra.module.public-gke-standard-cluster.module.gke.google_project_iam_member.cluster_service_account-gcr",
            "module.infra.module.public-gke-standard-cluster.module.gke.google_project_iam_member.cluster_service_account-metric_writer",
            "module.infra.module.public-gke-standard-cluster.module.gke.google_project_iam_member.cluster_service_account-nodeService_account",
            "module.infra.module.public-gke-standard-cluster.module.gke.google_project_iam_member.cluster_service_account-resourceMetadata-writer",
            "module.infra.module.public-gke-standard-cluster.module.gke.google_service_account.cluster_service_account",
            "module.infra.module.public-gke-standard-cluster.module.gke.kubernetes_config_map.ip-masq-agent",
            "module.infra.module.public-gke-standard-cluster.module.gke.kubernetes_config_map_v1_data.kube-dns",
            "module.infra.module.public-gke-standard-cluster.module.gke.kubernetes_config_map_v1_data.kube-dns-upstream-nameservers-and-stub-domains",
            "module.infra.module.public-gke-standard-cluster.module.gke.kubernetes_config_map_v1_data.kube-dns-upstream-namservers",
            "module.infra.module.public-gke-standard-cluster.module.gke.random_shuffle.available_zones",
            "module.infra.module.public-gke-standard-cluster.module.gke.random_string.cluster_service_account_suffix",
            "module.namespace.helm_release.app-namespace",
            "module.project-services.data.google_compute_default_service_account.default",
            "module.project-services.google_project_iam_member.project_service_identity_roles",
            "module.project-services.google_project_service.project_services",
            "module.project-services.google_project_service_identity.project_service_identities"
          ]
        }
      ]
    },
    {
      "module": "module.jupyterhub.module.jupyterhub-workload-identity",
      "mode": "managed",
      "type": "google_service_account_iam_member",
      "name": "main",
      "provider": "provider[\"registry.terraform.io/hashicorp/google\"]",
      "instances": [
        {
          "schema_version": 0,
          "attributes": {
            "condition": [],
            "etag": "BwYgOE7c5K0=",
            "id": "projects/genlu-gke-dev/serviceAccounts/jupyter-rag-sa@genlu-gke-dev.iam.gserviceaccount.com/roles/iam.workloadIdentityUser/serviceAccount:genlu-gke-dev.svc.id.goog[ai-on-gke/jupyter-rag-sa]",
            "member": "serviceAccount:genlu-gke-dev.svc.id.goog[ai-on-gke/jupyter-rag-sa]",
            "role": "roles/iam.workloadIdentityUser",
            "service_account_id": "projects/genlu-gke-dev/serviceAccounts/jupyter-rag-sa@genlu-gke-dev.iam.gserviceaccount.com"
          },
          "sensitive_attributes": [],
          "private": "bnVsbA==",
          "dependencies": [
            "data.google_client_config.default",
            "data.google_container_cluster.default",
            "data.google_project.project",
            "module.gcs.google_storage_bucket.static",
            "module.infra.data.google_compute_subnetwork.subnetwork",
            "module.infra.module.custom-network.google_compute_global_address.google-managed-services-range",
            "module.infra.module.custom-network.google_compute_network.network",
            "module.infra.module.custom-network.google_compute_subnetwork.subnetwork",
            "module.infra.module.custom-network.google_service_networking_connection.private_service_access",
            "module.infra.module.private-gke-autopilot-cluster.google_gke_hub_membership.gke-fleet",
            "module.infra.module.private-gke-autopilot-cluster.module.gke.data.google_compute_subnetwork.gke_subnetwork",
            "module.infra.module.private-gke-autopilot-cluster.module.gke.data.google_compute_zones.available",
            "module.infra.module.private-gke-autopilot-cluster.module.gke.data.google_container_engine_versions.region",
            "module.infra.module.private-gke-autopilot-cluster.module.gke.data.google_container_engine_versions.zone",
            "module.infra.module.private-gke-autopilot-cluster.module.gke.google_compute_firewall.intra_egress",
            "module.infra.module.private-gke-autopilot-cluster.module.gke.google_compute_firewall.master_webhooks",
            "module.infra.module.private-gke-autopilot-cluster.module.gke.google_compute_firewall.shadow_allow_inkubelet",
            "module.infra.module.private-gke-autopilot-cluster.module.gke.google_compute_firewall.shadow_allow_master",
            "module.infra.module.private-gke-autopilot-cluster.module.gke.google_compute_firewall.shadow_allow_nodes",
            "module.infra.module.private-gke-autopilot-cluster.module.gke.google_compute_firewall.shadow_allow_pods",
            "module.infra.module.private-gke-autopilot-cluster.module.gke.google_compute_firewall.shadow_deny_exkubelet",
            "module.infra.module.private-gke-autopilot-cluster.module.gke.google_compute_firewall.tpu_egress",
            "module.infra.module.private-gke-autopilot-cluster.module.gke.google_container_cluster.primary",
            "module.infra.module.private-gke-autopilot-cluster.module.gke.google_project_iam_member.cluster_service_account-artifact-registry",
            "module.infra.module.private-gke-autopilot-cluster.module.gke.google_project_iam_member.cluster_service_account-gcr",
            "module.infra.module.private-gke-autopilot-cluster.module.gke.google_project_iam_member.cluster_service_account-metric_writer",
            "module.infra.module.private-gke-autopilot-cluster.module.gke.google_project_iam_member.cluster_service_account-nodeService_account",
            "module.infra.module.private-gke-autopilot-cluster.module.gke.google_project_iam_member.cluster_service_account-resourceMetadata-writer",
            "module.infra.module.private-gke-autopilot-cluster.module.gke.google_project_iam_member.service_agent",
            "module.infra.module.private-gke-autopilot-cluster.module.gke.google_project_service_identity.fleet_project",
            "module.infra.module.private-gke-autopilot-cluster.module.gke.google_service_account.cluster_service_account",
            "module.infra.module.private-gke-autopilot-cluster.module.gke.kubernetes_config_map.ip-masq-agent",
            "module.infra.module.private-gke-autopilot-cluster.module.gke.kubernetes_config_map_v1_data.kube-dns",
            "module.infra.module.private-gke-autopilot-cluster.module.gke.kubernetes_config_map_v1_data.kube-dns-upstream-nameservers-and-stub-domains",
            "module.infra.module.private-gke-autopilot-cluster.module.gke.kubernetes_config_map_v1_data.kube-dns-upstream-namservers",
            "module.infra.module.private-gke-autopilot-cluster.module.gke.random_shuffle.available_zones",
            "module.infra.module.private-gke-autopilot-cluster.module.gke.random_string.cluster_service_account_suffix",
            "module.infra.module.private-gke-standard-cluster.google_gke_hub_membership.gke-fleet",
            "module.infra.module.private-gke-standard-cluster.module.gke.data.google_compute_subnetwork.gke_subnetwork",
            "module.infra.module.private-gke-standard-cluster.module.gke.data.google_compute_zones.available",
            "module.infra.module.private-gke-standard-cluster.module.gke.data.google_container_engine_versions.region",
            "module.infra.module.private-gke-standard-cluster.module.gke.data.google_container_engine_versions.zone",
            "module.infra.module.private-gke-standard-cluster.module.gke.google_compute_firewall.intra_egress",
            "module.infra.module.private-gke-standard-cluster.module.gke.google_compute_firewall.master_webhooks",
            "module.infra.module.private-gke-standard-cluster.module.gke.google_compute_firewall.shadow_allow_inkubelet",
            "module.infra.module.private-gke-standard-cluster.module.gke.google_compute_firewall.shadow_allow_master",
            "module.infra.module.private-gke-standard-cluster.module.gke.google_compute_firewall.shadow_allow_nodes",
            "module.infra.module.private-gke-standard-cluster.module.gke.google_compute_firewall.shadow_allow_pods",
            "module.infra.module.private-gke-standard-cluster.module.gke.google_compute_firewall.shadow_deny_exkubelet",
            "module.infra.module.private-gke-standard-cluster.module.gke.google_compute_firewall.tpu_egress",
            "module.infra.module.private-gke-standard-cluster.module.gke.google_container_cluster.primary",
            "module.infra.module.private-gke-standard-cluster.module.gke.google_container_node_pool.pools",
            "module.infra.module.private-gke-standard-cluster.module.gke.google_container_node_pool.windows_pools",
            "module.infra.module.private-gke-standard-cluster.module.gke.google_project_iam_member.cluster_service_account-artifact-registry",
            "module.infra.module.private-gke-standard-cluster.module.gke.google_project_iam_member.cluster_service_account-gcr",
            "module.infra.module.private-gke-standard-cluster.module.gke.google_project_iam_member.cluster_service_account-metric_writer",
            "module.infra.module.private-gke-standard-cluster.module.gke.google_project_iam_member.cluster_service_account-nodeService_account",
            "module.infra.module.private-gke-standard-cluster.module.gke.google_project_iam_member.cluster_service_account-resourceMetadata-writer",
            "module.infra.module.private-gke-standard-cluster.module.gke.google_service_account.cluster_service_account",
            "module.infra.module.private-gke-standard-cluster.module.gke.kubernetes_config_map.ip-masq-agent",
            "module.infra.module.private-gke-standard-cluster.module.gke.kubernetes_config_map_v1_data.kube-dns",
            "module.infra.module.private-gke-standard-cluster.module.gke.kubernetes_config_map_v1_data.kube-dns-upstream-nameservers-and-stub-domains",
            "module.infra.module.private-gke-standard-cluster.module.gke.kubernetes_config_map_v1_data.kube-dns-upstream-namservers",
            "module.infra.module.private-gke-standard-cluster.module.gke.random_shuffle.available_zones",
            "module.infra.module.private-gke-standard-cluster.module.gke.random_string.cluster_service_account_suffix",
            "module.infra.module.public-gke-autopilot-cluster.module.gke.data.google_compute_subnetwork.gke_subnetwork",
            "module.infra.module.public-gke-autopilot-cluster.module.gke.data.google_compute_zones.available",
            "module.infra.module.public-gke-autopilot-cluster.module.gke.data.google_container_engine_versions.region",
            "module.infra.module.public-gke-autopilot-cluster.module.gke.data.google_container_engine_versions.zone",
            "module.infra.module.public-gke-autopilot-cluster.module.gke.google_compute_firewall.intra_egress",
            "module.infra.module.public-gke-autopilot-cluster.module.gke.google_compute_firewall.master_webhooks",
            "module.infra.module.public-gke-autopilot-cluster.module.gke.google_compute_firewall.shadow_allow_inkubelet",
            "module.infra.module.public-gke-autopilot-cluster.module.gke.google_compute_firewall.shadow_allow_master",
            "module.infra.module.public-gke-autopilot-cluster.module.gke.google_compute_firewall.shadow_allow_nodes",
            "module.infra.module.public-gke-autopilot-cluster.module.gke.google_compute_firewall.shadow_allow_pods",
            "module.infra.module.public-gke-autopilot-cluster.module.gke.google_compute_firewall.shadow_deny_exkubelet",
            "module.infra.module.public-gke-autopilot-cluster.module.gke.google_compute_firewall.tpu_egress",
            "module.infra.module.public-gke-autopilot-cluster.module.gke.google_container_cluster.primary",
            "module.infra.module.public-gke-autopilot-cluster.module.gke.google_project_iam_member.cluster_service_account-artifact-registry",
            "module.infra.module.public-gke-autopilot-cluster.module.gke.google_project_iam_member.cluster_service_account-gcr",
            "module.infra.module.public-gke-autopilot-cluster.module.gke.google_project_iam_member.cluster_service_account-metric_writer",
            "module.infra.module.public-gke-autopilot-cluster.module.gke.google_project_iam_member.cluster_service_account-nodeService_account",
            "module.infra.module.public-gke-autopilot-cluster.module.gke.google_project_iam_member.cluster_service_account-resourceMetadata-writer",
            "module.infra.module.public-gke-autopilot-cluster.module.gke.google_project_iam_member.service_agent",
            "module.infra.module.public-gke-autopilot-cluster.module.gke.google_project_service_identity.fleet_project",
            "module.infra.module.public-gke-autopilot-cluster.module.gke.google_service_account.cluster_service_account",
            "module.infra.module.public-gke-autopilot-cluster.module.gke.kubernetes_config_map.ip-masq-agent",
            "module.infra.module.public-gke-autopilot-cluster.module.gke.kubernetes_config_map_v1_data.kube-dns",
            "module.infra.module.public-gke-autopilot-cluster.module.gke.kubernetes_config_map_v1_data.kube-dns-upstream-nameservers-and-stub-domains",
            "module.infra.module.public-gke-autopilot-cluster.module.gke.kubernetes_config_map_v1_data.kube-dns-upstream-namservers",
            "module.infra.module.public-gke-autopilot-cluster.module.gke.random_shuffle.available_zones",
            "module.infra.module.public-gke-autopilot-cluster.module.gke.random_string.cluster_service_account_suffix",
            "module.infra.module.public-gke-standard-cluster.module.gke.data.google_compute_subnetwork.gke_subnetwork",
            "module.infra.module.public-gke-standard-cluster.module.gke.data.google_compute_zones.available",
            "module.infra.module.public-gke-standard-cluster.module.gke.data.google_container_engine_versions.region",
            "module.infra.module.public-gke-standard-cluster.module.gke.data.google_container_engine_versions.zone",
            "module.infra.module.public-gke-standard-cluster.module.gke.google_compute_firewall.intra_egress",
            "module.infra.module.public-gke-standard-cluster.module.gke.google_compute_firewall.master_webhooks",
            "module.infra.module.public-gke-standard-cluster.module.gke.google_compute_firewall.shadow_allow_inkubelet",
            "module.infra.module.public-gke-standard-cluster.module.gke.google_compute_firewall.shadow_allow_master",
            "module.infra.module.public-gke-standard-cluster.module.gke.google_compute_firewall.shadow_allow_nodes",
            "module.infra.module.public-gke-standard-cluster.module.gke.google_compute_firewall.shadow_allow_pods",
            "module.infra.module.public-gke-standard-cluster.module.gke.google_compute_firewall.shadow_deny_exkubelet",
            "module.infra.module.public-gke-standard-cluster.module.gke.google_compute_firewall.tpu_egress",
            "module.infra.module.public-gke-standard-cluster.module.gke.google_container_cluster.primary",
            "module.infra.module.public-gke-standard-cluster.module.gke.google_container_node_pool.pools",
            "module.infra.module.public-gke-standard-cluster.module.gke.google_container_node_pool.windows_pools",
            "module.infra.module.public-gke-standard-cluster.module.gke.google_project_iam_member.cluster_service_account-artifact-registry",
            "module.infra.module.public-gke-standard-cluster.module.gke.google_project_iam_member.cluster_service_account-gcr",
            "module.infra.module.public-gke-standard-cluster.module.gke.google_project_iam_member.cluster_service_account-metric_writer",
            "module.infra.module.public-gke-standard-cluster.module.gke.google_project_iam_member.cluster_service_account-nodeService_account",
            "module.infra.module.public-gke-standard-cluster.module.gke.google_project_iam_member.cluster_service_account-resourceMetadata-writer",
            "module.infra.module.public-gke-standard-cluster.module.gke.google_service_account.cluster_service_account",
            "module.infra.module.public-gke-standard-cluster.module.gke.kubernetes_config_map.ip-masq-agent",
            "module.infra.module.public-gke-standard-cluster.module.gke.kubernetes_config_map_v1_data.kube-dns",
            "module.infra.module.public-gke-standard-cluster.module.gke.kubernetes_config_map_v1_data.kube-dns-upstream-nameservers-and-stub-domains",
            "module.infra.module.public-gke-standard-cluster.module.gke.kubernetes_config_map_v1_data.kube-dns-upstream-namservers",
            "module.infra.module.public-gke-standard-cluster.module.gke.random_shuffle.available_zones",
            "module.infra.module.public-gke-standard-cluster.module.gke.random_string.cluster_service_account_suffix",
            "module.jupyterhub.module.jupyterhub-workload-identity.data.google_service_account.cluster_service_account",
            "module.jupyterhub.module.jupyterhub-workload-identity.google_service_account.cluster_service_account",
            "module.jupyterhub.module.jupyterhub-workload-identity.kubernetes_service_account.main",
            "module.namespace.helm_release.app-namespace",
            "module.project-services.data.google_compute_default_service_account.default",
            "module.project-services.google_project_iam_member.project_service_identity_roles",
            "module.project-services.google_project_service.project_services",
            "module.project-services.google_project_service_identity.project_service_identities"
          ]
        }
      ]
    },
    {
      "module": "module.jupyterhub.module.jupyterhub-workload-identity",
      "mode": "managed",
      "type": "kubernetes_service_account",
      "name": "main",
      "provider": "provider[\"registry.terraform.io/hashicorp/kubernetes\"].rag",
      "instances": [
        {
          "index_key": 0,
          "schema_version": 0,
          "attributes": {
            "automount_service_account_token": false,
            "default_secret_name": "",
            "id": "ai-on-gke/jupyter-rag-sa",
            "image_pull_secret": [],
            "metadata": [
              {
                "annotations": {
                  "iam.gke.io/gcp-service-account": "jupyter-rag-sa@genlu-gke-dev.iam.gserviceaccount.com"
                },
                "generate_name": "",
                "generation": 0,
                "labels": {},
                "name": "jupyter-rag-sa",
                "namespace": "ai-on-gke",
                "resource_version": "5145",
                "uid": "e41653e8-06ce-45be-bbe2-5a8420783e4b"
              }
            ],
            "secret": [],
            "timeouts": null
          },
          "sensitive_attributes": [],
          "private": "eyJlMmJmYjczMC1lY2FhLTExZTYtOGY4OC0zNDM2M2JjN2M0YzAiOnsiY3JlYXRlIjozMDAwMDAwMDAwMH19",
          "dependencies": [
            "data.google_client_config.default",
            "data.google_container_cluster.default",
            "data.google_project.project",
            "module.gcs.google_storage_bucket.static",
            "module.infra.data.google_compute_subnetwork.subnetwork",
            "module.infra.module.custom-network.google_compute_global_address.google-managed-services-range",
            "module.infra.module.custom-network.google_compute_network.network",
            "module.infra.module.custom-network.google_compute_subnetwork.subnetwork",
            "module.infra.module.custom-network.google_service_networking_connection.private_service_access",
            "module.infra.module.private-gke-autopilot-cluster.google_gke_hub_membership.gke-fleet",
            "module.infra.module.private-gke-autopilot-cluster.module.gke.data.google_compute_subnetwork.gke_subnetwork",
            "module.infra.module.private-gke-autopilot-cluster.module.gke.data.google_compute_zones.available",
            "module.infra.module.private-gke-autopilot-cluster.module.gke.data.google_container_engine_versions.region",
            "module.infra.module.private-gke-autopilot-cluster.module.gke.data.google_container_engine_versions.zone",
            "module.infra.module.private-gke-autopilot-cluster.module.gke.google_compute_firewall.intra_egress",
            "module.infra.module.private-gke-autopilot-cluster.module.gke.google_compute_firewall.master_webhooks",
            "module.infra.module.private-gke-autopilot-cluster.module.gke.google_compute_firewall.shadow_allow_inkubelet",
            "module.infra.module.private-gke-autopilot-cluster.module.gke.google_compute_firewall.shadow_allow_master",
            "module.infra.module.private-gke-autopilot-cluster.module.gke.google_compute_firewall.shadow_allow_nodes",
            "module.infra.module.private-gke-autopilot-cluster.module.gke.google_compute_firewall.shadow_allow_pods",
            "module.infra.module.private-gke-autopilot-cluster.module.gke.google_compute_firewall.shadow_deny_exkubelet",
            "module.infra.module.private-gke-autopilot-cluster.module.gke.google_compute_firewall.tpu_egress",
            "module.infra.module.private-gke-autopilot-cluster.module.gke.google_container_cluster.primary",
            "module.infra.module.private-gke-autopilot-cluster.module.gke.google_project_iam_member.cluster_service_account-artifact-registry",
            "module.infra.module.private-gke-autopilot-cluster.module.gke.google_project_iam_member.cluster_service_account-gcr",
            "module.infra.module.private-gke-autopilot-cluster.module.gke.google_project_iam_member.cluster_service_account-metric_writer",
            "module.infra.module.private-gke-autopilot-cluster.module.gke.google_project_iam_member.cluster_service_account-nodeService_account",
            "module.infra.module.private-gke-autopilot-cluster.module.gke.google_project_iam_member.cluster_service_account-resourceMetadata-writer",
            "module.infra.module.private-gke-autopilot-cluster.module.gke.google_project_iam_member.service_agent",
            "module.infra.module.private-gke-autopilot-cluster.module.gke.google_project_service_identity.fleet_project",
            "module.infra.module.private-gke-autopilot-cluster.module.gke.google_service_account.cluster_service_account",
            "module.infra.module.private-gke-autopilot-cluster.module.gke.kubernetes_config_map.ip-masq-agent",
            "module.infra.module.private-gke-autopilot-cluster.module.gke.kubernetes_config_map_v1_data.kube-dns",
            "module.infra.module.private-gke-autopilot-cluster.module.gke.kubernetes_config_map_v1_data.kube-dns-upstream-nameservers-and-stub-domains",
            "module.infra.module.private-gke-autopilot-cluster.module.gke.kubernetes_config_map_v1_data.kube-dns-upstream-namservers",
            "module.infra.module.private-gke-autopilot-cluster.module.gke.random_shuffle.available_zones",
            "module.infra.module.private-gke-autopilot-cluster.module.gke.random_string.cluster_service_account_suffix",
            "module.infra.module.private-gke-standard-cluster.google_gke_hub_membership.gke-fleet",
            "module.infra.module.private-gke-standard-cluster.module.gke.data.google_compute_subnetwork.gke_subnetwork",
            "module.infra.module.private-gke-standard-cluster.module.gke.data.google_compute_zones.available",
            "module.infra.module.private-gke-standard-cluster.module.gke.data.google_container_engine_versions.region",
            "module.infra.module.private-gke-standard-cluster.module.gke.data.google_container_engine_versions.zone",
            "module.infra.module.private-gke-standard-cluster.module.gke.google_compute_firewall.intra_egress",
            "module.infra.module.private-gke-standard-cluster.module.gke.google_compute_firewall.master_webhooks",
            "module.infra.module.private-gke-standard-cluster.module.gke.google_compute_firewall.shadow_allow_inkubelet",
            "module.infra.module.private-gke-standard-cluster.module.gke.google_compute_firewall.shadow_allow_master",
            "module.infra.module.private-gke-standard-cluster.module.gke.google_compute_firewall.shadow_allow_nodes",
            "module.infra.module.private-gke-standard-cluster.module.gke.google_compute_firewall.shadow_allow_pods",
            "module.infra.module.private-gke-standard-cluster.module.gke.google_compute_firewall.shadow_deny_exkubelet",
            "module.infra.module.private-gke-standard-cluster.module.gke.google_compute_firewall.tpu_egress",
            "module.infra.module.private-gke-standard-cluster.module.gke.google_container_cluster.primary",
            "module.infra.module.private-gke-standard-cluster.module.gke.google_container_node_pool.pools",
            "module.infra.module.private-gke-standard-cluster.module.gke.google_container_node_pool.windows_pools",
            "module.infra.module.private-gke-standard-cluster.module.gke.google_project_iam_member.cluster_service_account-artifact-registry",
            "module.infra.module.private-gke-standard-cluster.module.gke.google_project_iam_member.cluster_service_account-gcr",
            "module.infra.module.private-gke-standard-cluster.module.gke.google_project_iam_member.cluster_service_account-metric_writer",
            "module.infra.module.private-gke-standard-cluster.module.gke.google_project_iam_member.cluster_service_account-nodeService_account",
            "module.infra.module.private-gke-standard-cluster.module.gke.google_project_iam_member.cluster_service_account-resourceMetadata-writer",
            "module.infra.module.private-gke-standard-cluster.module.gke.google_service_account.cluster_service_account",
            "module.infra.module.private-gke-standard-cluster.module.gke.kubernetes_config_map.ip-masq-agent",
            "module.infra.module.private-gke-standard-cluster.module.gke.kubernetes_config_map_v1_data.kube-dns",
            "module.infra.module.private-gke-standard-cluster.module.gke.kubernetes_config_map_v1_data.kube-dns-upstream-nameservers-and-stub-domains",
            "module.infra.module.private-gke-standard-cluster.module.gke.kubernetes_config_map_v1_data.kube-dns-upstream-namservers",
            "module.infra.module.private-gke-standard-cluster.module.gke.random_shuffle.available_zones",
            "module.infra.module.private-gke-standard-cluster.module.gke.random_string.cluster_service_account_suffix",
            "module.infra.module.public-gke-autopilot-cluster.module.gke.data.google_compute_subnetwork.gke_subnetwork",
            "module.infra.module.public-gke-autopilot-cluster.module.gke.data.google_compute_zones.available",
            "module.infra.module.public-gke-autopilot-cluster.module.gke.data.google_container_engine_versions.region",
            "module.infra.module.public-gke-autopilot-cluster.module.gke.data.google_container_engine_versions.zone",
            "module.infra.module.public-gke-autopilot-cluster.module.gke.google_compute_firewall.intra_egress",
            "module.infra.module.public-gke-autopilot-cluster.module.gke.google_compute_firewall.master_webhooks",
            "module.infra.module.public-gke-autopilot-cluster.module.gke.google_compute_firewall.shadow_allow_inkubelet",
            "module.infra.module.public-gke-autopilot-cluster.module.gke.google_compute_firewall.shadow_allow_master",
            "module.infra.module.public-gke-autopilot-cluster.module.gke.google_compute_firewall.shadow_allow_nodes",
            "module.infra.module.public-gke-autopilot-cluster.module.gke.google_compute_firewall.shadow_allow_pods",
            "module.infra.module.public-gke-autopilot-cluster.module.gke.google_compute_firewall.shadow_deny_exkubelet",
            "module.infra.module.public-gke-autopilot-cluster.module.gke.google_compute_firewall.tpu_egress",
            "module.infra.module.public-gke-autopilot-cluster.module.gke.google_container_cluster.primary",
            "module.infra.module.public-gke-autopilot-cluster.module.gke.google_project_iam_member.cluster_service_account-artifact-registry",
            "module.infra.module.public-gke-autopilot-cluster.module.gke.google_project_iam_member.cluster_service_account-gcr",
            "module.infra.module.public-gke-autopilot-cluster.module.gke.google_project_iam_member.cluster_service_account-metric_writer",
            "module.infra.module.public-gke-autopilot-cluster.module.gke.google_project_iam_member.cluster_service_account-nodeService_account",
            "module.infra.module.public-gke-autopilot-cluster.module.gke.google_project_iam_member.cluster_service_account-resourceMetadata-writer",
            "module.infra.module.public-gke-autopilot-cluster.module.gke.google_project_iam_member.service_agent",
            "module.infra.module.public-gke-autopilot-cluster.module.gke.google_project_service_identity.fleet_project",
            "module.infra.module.public-gke-autopilot-cluster.module.gke.google_service_account.cluster_service_account",
            "module.infra.module.public-gke-autopilot-cluster.module.gke.kubernetes_config_map.ip-masq-agent",
            "module.infra.module.public-gke-autopilot-cluster.module.gke.kubernetes_config_map_v1_data.kube-dns",
            "module.infra.module.public-gke-autopilot-cluster.module.gke.kubernetes_config_map_v1_data.kube-dns-upstream-nameservers-and-stub-domains",
            "module.infra.module.public-gke-autopilot-cluster.module.gke.kubernetes_config_map_v1_data.kube-dns-upstream-namservers",
            "module.infra.module.public-gke-autopilot-cluster.module.gke.random_shuffle.available_zones",
            "module.infra.module.public-gke-autopilot-cluster.module.gke.random_string.cluster_service_account_suffix",
            "module.infra.module.public-gke-standard-cluster.module.gke.data.google_compute_subnetwork.gke_subnetwork",
            "module.infra.module.public-gke-standard-cluster.module.gke.data.google_compute_zones.available",
            "module.infra.module.public-gke-standard-cluster.module.gke.data.google_container_engine_versions.region",
            "module.infra.module.public-gke-standard-cluster.module.gke.data.google_container_engine_versions.zone",
            "module.infra.module.public-gke-standard-cluster.module.gke.google_compute_firewall.intra_egress",
            "module.infra.module.public-gke-standard-cluster.module.gke.google_compute_firewall.master_webhooks",
            "module.infra.module.public-gke-standard-cluster.module.gke.google_compute_firewall.shadow_allow_inkubelet",
            "module.infra.module.public-gke-standard-cluster.module.gke.google_compute_firewall.shadow_allow_master",
            "module.infra.module.public-gke-standard-cluster.module.gke.google_compute_firewall.shadow_allow_nodes",
            "module.infra.module.public-gke-standard-cluster.module.gke.google_compute_firewall.shadow_allow_pods",
            "module.infra.module.public-gke-standard-cluster.module.gke.google_compute_firewall.shadow_deny_exkubelet",
            "module.infra.module.public-gke-standard-cluster.module.gke.google_compute_firewall.tpu_egress",
            "module.infra.module.public-gke-standard-cluster.module.gke.google_container_cluster.primary",
            "module.infra.module.public-gke-standard-cluster.module.gke.google_container_node_pool.pools",
            "module.infra.module.public-gke-standard-cluster.module.gke.google_container_node_pool.windows_pools",
            "module.infra.module.public-gke-standard-cluster.module.gke.google_project_iam_member.cluster_service_account-artifact-registry",
            "module.infra.module.public-gke-standard-cluster.module.gke.google_project_iam_member.cluster_service_account-gcr",
            "module.infra.module.public-gke-standard-cluster.module.gke.google_project_iam_member.cluster_service_account-metric_writer",
            "module.infra.module.public-gke-standard-cluster.module.gke.google_project_iam_member.cluster_service_account-nodeService_account",
            "module.infra.module.public-gke-standard-cluster.module.gke.google_project_iam_member.cluster_service_account-resourceMetadata-writer",
            "module.infra.module.public-gke-standard-cluster.module.gke.google_service_account.cluster_service_account",
            "module.infra.module.public-gke-standard-cluster.module.gke.kubernetes_config_map.ip-masq-agent",
            "module.infra.module.public-gke-standard-cluster.module.gke.kubernetes_config_map_v1_data.kube-dns",
            "module.infra.module.public-gke-standard-cluster.module.gke.kubernetes_config_map_v1_data.kube-dns-upstream-nameservers-and-stub-domains",
            "module.infra.module.public-gke-standard-cluster.module.gke.kubernetes_config_map_v1_data.kube-dns-upstream-namservers",
            "module.infra.module.public-gke-standard-cluster.module.gke.random_shuffle.available_zones",
            "module.infra.module.public-gke-standard-cluster.module.gke.random_string.cluster_service_account_suffix",
            "module.jupyterhub.module.jupyterhub-workload-identity.data.google_service_account.cluster_service_account",
            "module.jupyterhub.module.jupyterhub-workload-identity.google_service_account.cluster_service_account",
            "module.namespace.helm_release.app-namespace",
            "module.project-services.data.google_compute_default_service_account.default",
            "module.project-services.google_project_iam_member.project_service_identity_roles",
            "module.project-services.google_project_service.project_services",
            "module.project-services.google_project_service_identity.project_service_identities"
          ]
        }
      ]
    },
    {
      "module": "module.kuberay-cluster",
      "mode": "data",
      "type": "kubernetes_service",
      "name": "head-svc",
      "provider": "provider[\"registry.terraform.io/hashicorp/kubernetes\"].rag",
      "instances": [
        {
          "schema_version": 0,
          "attributes": {
            "id": "ai-on-gke/ray-cluster-kuberay-head-svc",
            "metadata": [
              {
                "annotations": {
                  "cloud.google.com/neg": "{\"ingress\":true}"
                },
                "generation": 0,
                "labels": {
                  "app.kubernetes.io/created-by": "kuberay-operator",
                  "app.kubernetes.io/name": "kuberay",
                  "ray.io/cluster": "ray-cluster-kuberay",
                  "ray.io/identifier": "ray-cluster-kuberay-head",
                  "ray.io/node-type": "head"
                },
                "name": "ray-cluster-kuberay-head-svc",
                "namespace": "ai-on-gke",
                "resource_version": "18575",
                "uid": "6f421298-d01b-4e2d-8747-a9722fea7e16"
              }
            ],
            "spec": [
              {
                "allocate_load_balancer_node_ports": true,
                "cluster_ip": "34.118.229.91",
                "cluster_ips": [
                  "34.118.229.91"
                ],
                "external_ips": [],
                "external_name": "",
                "external_traffic_policy": "",
                "health_check_node_port": 0,
                "internal_traffic_policy": "Cluster",
                "ip_families": [
                  "IPv4"
                ],
                "ip_family_policy": "SingleStack",
                "load_balancer_class": "",
                "load_balancer_ip": "",
                "load_balancer_source_ranges": [],
                "port": [
                  {
                    "app_protocol": "tcp",
                    "name": "client",
                    "node_port": 0,
                    "port": 10001,
                    "protocol": "TCP",
                    "target_port": "10001"
                  },
                  {
                    "app_protocol": "tcp",
                    "name": "dashboard",
                    "node_port": 0,
                    "port": 8265,
                    "protocol": "TCP",
                    "target_port": "8265"
                  },
                  {
                    "app_protocol": "tcp",
                    "name": "metrics",
                    "node_port": 0,
                    "port": 8080,
                    "protocol": "TCP",
                    "target_port": "8080"
                  },
                  {
                    "app_protocol": "tcp",
                    "name": "redis",
                    "node_port": 0,
                    "port": 6379,
                    "protocol": "TCP",
                    "target_port": "6379"
                  },
                  {
                    "app_protocol": "tcp",
                    "name": "serve",
                    "node_port": 0,
                    "port": 8000,
                    "protocol": "TCP",
                    "target_port": "8000"
                  }
                ],
                "publish_not_ready_addresses": false,
                "selector": {
                  "app.kubernetes.io/created-by": "kuberay-operator",
                  "app.kubernetes.io/name": "kuberay",
                  "ray.io/cluster": "ray-cluster-kuberay",
                  "ray.io/identifier": "ray-cluster-kuberay-head",
                  "ray.io/node-type": "head"
                },
                "session_affinity": "None",
                "session_affinity_config": [],
                "type": "ClusterIP"
              }
            ],
            "status": [
              {
                "load_balancer": [
                  {
                    "ingress": []
                  }
                ]
              }
            ]
          },
          "sensitive_attributes": []
        }
      ]
    },
    {
      "module": "module.kuberay-cluster",
      "mode": "managed",
      "type": "google_storage_bucket_iam_member",
      "name": "gcs-bucket-iam",
      "provider": "provider[\"registry.terraform.io/hashicorp/google\"]",
      "instances": [
        {
          "schema_version": 0,
          "attributes": {
            "bucket": "b/genlu-gke-dev-bucket",
            "condition": [],
            "etag": "CAs=",
            "id": "b/genlu-gke-dev-bucket/roles/storage.objectAdmin/serviceAccount:ray-rag-sa@genlu-gke-dev.iam.gserviceaccount.com",
            "member": "serviceAccount:ray-rag-sa@genlu-gke-dev.iam.gserviceaccount.com",
            "role": "roles/storage.objectAdmin"
          },
          "sensitive_attributes": [],
          "private": "bnVsbA==",
          "dependencies": [
            "data.google_client_config.default",
            "data.google_container_cluster.default",
            "data.google_project.project",
            "module.gcs.google_storage_bucket.static",
            "module.infra.data.google_compute_subnetwork.subnetwork",
            "module.infra.module.custom-network.google_compute_global_address.google-managed-services-range",
            "module.infra.module.custom-network.google_compute_network.network",
            "module.infra.module.custom-network.google_compute_subnetwork.subnetwork",
            "module.infra.module.custom-network.google_service_networking_connection.private_service_access",
            "module.infra.module.private-gke-autopilot-cluster.google_gke_hub_membership.gke-fleet",
            "module.infra.module.private-gke-autopilot-cluster.module.gke.data.google_compute_subnetwork.gke_subnetwork",
            "module.infra.module.private-gke-autopilot-cluster.module.gke.data.google_compute_zones.available",
            "module.infra.module.private-gke-autopilot-cluster.module.gke.data.google_container_engine_versions.region",
            "module.infra.module.private-gke-autopilot-cluster.module.gke.data.google_container_engine_versions.zone",
            "module.infra.module.private-gke-autopilot-cluster.module.gke.google_compute_firewall.intra_egress",
            "module.infra.module.private-gke-autopilot-cluster.module.gke.google_compute_firewall.master_webhooks",
            "module.infra.module.private-gke-autopilot-cluster.module.gke.google_compute_firewall.shadow_allow_inkubelet",
            "module.infra.module.private-gke-autopilot-cluster.module.gke.google_compute_firewall.shadow_allow_master",
            "module.infra.module.private-gke-autopilot-cluster.module.gke.google_compute_firewall.shadow_allow_nodes",
            "module.infra.module.private-gke-autopilot-cluster.module.gke.google_compute_firewall.shadow_allow_pods",
            "module.infra.module.private-gke-autopilot-cluster.module.gke.google_compute_firewall.shadow_deny_exkubelet",
            "module.infra.module.private-gke-autopilot-cluster.module.gke.google_compute_firewall.tpu_egress",
            "module.infra.module.private-gke-autopilot-cluster.module.gke.google_container_cluster.primary",
            "module.infra.module.private-gke-autopilot-cluster.module.gke.google_project_iam_member.cluster_service_account-artifact-registry",
            "module.infra.module.private-gke-autopilot-cluster.module.gke.google_project_iam_member.cluster_service_account-gcr",
            "module.infra.module.private-gke-autopilot-cluster.module.gke.google_project_iam_member.cluster_service_account-metric_writer",
            "module.infra.module.private-gke-autopilot-cluster.module.gke.google_project_iam_member.cluster_service_account-nodeService_account",
            "module.infra.module.private-gke-autopilot-cluster.module.gke.google_project_iam_member.cluster_service_account-resourceMetadata-writer",
            "module.infra.module.private-gke-autopilot-cluster.module.gke.google_project_iam_member.service_agent",
            "module.infra.module.private-gke-autopilot-cluster.module.gke.google_project_service_identity.fleet_project",
            "module.infra.module.private-gke-autopilot-cluster.module.gke.google_service_account.cluster_service_account",
            "module.infra.module.private-gke-autopilot-cluster.module.gke.kubernetes_config_map.ip-masq-agent",
            "module.infra.module.private-gke-autopilot-cluster.module.gke.kubernetes_config_map_v1_data.kube-dns",
            "module.infra.module.private-gke-autopilot-cluster.module.gke.kubernetes_config_map_v1_data.kube-dns-upstream-nameservers-and-stub-domains",
            "module.infra.module.private-gke-autopilot-cluster.module.gke.kubernetes_config_map_v1_data.kube-dns-upstream-namservers",
            "module.infra.module.private-gke-autopilot-cluster.module.gke.random_shuffle.available_zones",
            "module.infra.module.private-gke-autopilot-cluster.module.gke.random_string.cluster_service_account_suffix",
            "module.infra.module.private-gke-standard-cluster.google_gke_hub_membership.gke-fleet",
            "module.infra.module.private-gke-standard-cluster.module.gke.data.google_compute_subnetwork.gke_subnetwork",
            "module.infra.module.private-gke-standard-cluster.module.gke.data.google_compute_zones.available",
            "module.infra.module.private-gke-standard-cluster.module.gke.data.google_container_engine_versions.region",
            "module.infra.module.private-gke-standard-cluster.module.gke.data.google_container_engine_versions.zone",
            "module.infra.module.private-gke-standard-cluster.module.gke.google_compute_firewall.intra_egress",
            "module.infra.module.private-gke-standard-cluster.module.gke.google_compute_firewall.master_webhooks",
            "module.infra.module.private-gke-standard-cluster.module.gke.google_compute_firewall.shadow_allow_inkubelet",
            "module.infra.module.private-gke-standard-cluster.module.gke.google_compute_firewall.shadow_allow_master",
            "module.infra.module.private-gke-standard-cluster.module.gke.google_compute_firewall.shadow_allow_nodes",
            "module.infra.module.private-gke-standard-cluster.module.gke.google_compute_firewall.shadow_allow_pods",
            "module.infra.module.private-gke-standard-cluster.module.gke.google_compute_firewall.shadow_deny_exkubelet",
            "module.infra.module.private-gke-standard-cluster.module.gke.google_compute_firewall.tpu_egress",
            "module.infra.module.private-gke-standard-cluster.module.gke.google_container_cluster.primary",
            "module.infra.module.private-gke-standard-cluster.module.gke.google_container_node_pool.pools",
            "module.infra.module.private-gke-standard-cluster.module.gke.google_container_node_pool.windows_pools",
            "module.infra.module.private-gke-standard-cluster.module.gke.google_project_iam_member.cluster_service_account-artifact-registry",
            "module.infra.module.private-gke-standard-cluster.module.gke.google_project_iam_member.cluster_service_account-gcr",
            "module.infra.module.private-gke-standard-cluster.module.gke.google_project_iam_member.cluster_service_account-metric_writer",
            "module.infra.module.private-gke-standard-cluster.module.gke.google_project_iam_member.cluster_service_account-nodeService_account",
            "module.infra.module.private-gke-standard-cluster.module.gke.google_project_iam_member.cluster_service_account-resourceMetadata-writer",
            "module.infra.module.private-gke-standard-cluster.module.gke.google_service_account.cluster_service_account",
            "module.infra.module.private-gke-standard-cluster.module.gke.kubernetes_config_map.ip-masq-agent",
            "module.infra.module.private-gke-standard-cluster.module.gke.kubernetes_config_map_v1_data.kube-dns",
            "module.infra.module.private-gke-standard-cluster.module.gke.kubernetes_config_map_v1_data.kube-dns-upstream-nameservers-and-stub-domains",
            "module.infra.module.private-gke-standard-cluster.module.gke.kubernetes_config_map_v1_data.kube-dns-upstream-namservers",
            "module.infra.module.private-gke-standard-cluster.module.gke.random_shuffle.available_zones",
            "module.infra.module.private-gke-standard-cluster.module.gke.random_string.cluster_service_account_suffix",
            "module.infra.module.public-gke-autopilot-cluster.module.gke.data.google_compute_subnetwork.gke_subnetwork",
            "module.infra.module.public-gke-autopilot-cluster.module.gke.data.google_compute_zones.available",
            "module.infra.module.public-gke-autopilot-cluster.module.gke.data.google_container_engine_versions.region",
            "module.infra.module.public-gke-autopilot-cluster.module.gke.data.google_container_engine_versions.zone",
            "module.infra.module.public-gke-autopilot-cluster.module.gke.google_compute_firewall.intra_egress",
            "module.infra.module.public-gke-autopilot-cluster.module.gke.google_compute_firewall.master_webhooks",
            "module.infra.module.public-gke-autopilot-cluster.module.gke.google_compute_firewall.shadow_allow_inkubelet",
            "module.infra.module.public-gke-autopilot-cluster.module.gke.google_compute_firewall.shadow_allow_master",
            "module.infra.module.public-gke-autopilot-cluster.module.gke.google_compute_firewall.shadow_allow_nodes",
            "module.infra.module.public-gke-autopilot-cluster.module.gke.google_compute_firewall.shadow_allow_pods",
            "module.infra.module.public-gke-autopilot-cluster.module.gke.google_compute_firewall.shadow_deny_exkubelet",
            "module.infra.module.public-gke-autopilot-cluster.module.gke.google_compute_firewall.tpu_egress",
            "module.infra.module.public-gke-autopilot-cluster.module.gke.google_container_cluster.primary",
            "module.infra.module.public-gke-autopilot-cluster.module.gke.google_project_iam_member.cluster_service_account-artifact-registry",
            "module.infra.module.public-gke-autopilot-cluster.module.gke.google_project_iam_member.cluster_service_account-gcr",
            "module.infra.module.public-gke-autopilot-cluster.module.gke.google_project_iam_member.cluster_service_account-metric_writer",
            "module.infra.module.public-gke-autopilot-cluster.module.gke.google_project_iam_member.cluster_service_account-nodeService_account",
            "module.infra.module.public-gke-autopilot-cluster.module.gke.google_project_iam_member.cluster_service_account-resourceMetadata-writer",
            "module.infra.module.public-gke-autopilot-cluster.module.gke.google_project_iam_member.service_agent",
            "module.infra.module.public-gke-autopilot-cluster.module.gke.google_project_service_identity.fleet_project",
            "module.infra.module.public-gke-autopilot-cluster.module.gke.google_service_account.cluster_service_account",
            "module.infra.module.public-gke-autopilot-cluster.module.gke.kubernetes_config_map.ip-masq-agent",
            "module.infra.module.public-gke-autopilot-cluster.module.gke.kubernetes_config_map_v1_data.kube-dns",
            "module.infra.module.public-gke-autopilot-cluster.module.gke.kubernetes_config_map_v1_data.kube-dns-upstream-nameservers-and-stub-domains",
            "module.infra.module.public-gke-autopilot-cluster.module.gke.kubernetes_config_map_v1_data.kube-dns-upstream-namservers",
            "module.infra.module.public-gke-autopilot-cluster.module.gke.random_shuffle.available_zones",
            "module.infra.module.public-gke-autopilot-cluster.module.gke.random_string.cluster_service_account_suffix",
            "module.infra.module.public-gke-standard-cluster.module.gke.data.google_compute_subnetwork.gke_subnetwork",
            "module.infra.module.public-gke-standard-cluster.module.gke.data.google_compute_zones.available",
            "module.infra.module.public-gke-standard-cluster.module.gke.data.google_container_engine_versions.region",
            "module.infra.module.public-gke-standard-cluster.module.gke.data.google_container_engine_versions.zone",
            "module.infra.module.public-gke-standard-cluster.module.gke.google_compute_firewall.intra_egress",
            "module.infra.module.public-gke-standard-cluster.module.gke.google_compute_firewall.master_webhooks",
            "module.infra.module.public-gke-standard-cluster.module.gke.google_compute_firewall.shadow_allow_inkubelet",
            "module.infra.module.public-gke-standard-cluster.module.gke.google_compute_firewall.shadow_allow_master",
            "module.infra.module.public-gke-standard-cluster.module.gke.google_compute_firewall.shadow_allow_nodes",
            "module.infra.module.public-gke-standard-cluster.module.gke.google_compute_firewall.shadow_allow_pods",
            "module.infra.module.public-gke-standard-cluster.module.gke.google_compute_firewall.shadow_deny_exkubelet",
            "module.infra.module.public-gke-standard-cluster.module.gke.google_compute_firewall.tpu_egress",
            "module.infra.module.public-gke-standard-cluster.module.gke.google_container_cluster.primary",
            "module.infra.module.public-gke-standard-cluster.module.gke.google_container_node_pool.pools",
            "module.infra.module.public-gke-standard-cluster.module.gke.google_container_node_pool.windows_pools",
            "module.infra.module.public-gke-standard-cluster.module.gke.google_project_iam_member.cluster_service_account-artifact-registry",
            "module.infra.module.public-gke-standard-cluster.module.gke.google_project_iam_member.cluster_service_account-gcr",
            "module.infra.module.public-gke-standard-cluster.module.gke.google_project_iam_member.cluster_service_account-metric_writer",
            "module.infra.module.public-gke-standard-cluster.module.gke.google_project_iam_member.cluster_service_account-nodeService_account",
            "module.infra.module.public-gke-standard-cluster.module.gke.google_project_iam_member.cluster_service_account-resourceMetadata-writer",
            "module.infra.module.public-gke-standard-cluster.module.gke.google_service_account.cluster_service_account",
            "module.infra.module.public-gke-standard-cluster.module.gke.kubernetes_config_map.ip-masq-agent",
            "module.infra.module.public-gke-standard-cluster.module.gke.kubernetes_config_map_v1_data.kube-dns",
            "module.infra.module.public-gke-standard-cluster.module.gke.kubernetes_config_map_v1_data.kube-dns-upstream-nameservers-and-stub-domains",
            "module.infra.module.public-gke-standard-cluster.module.gke.kubernetes_config_map_v1_data.kube-dns-upstream-namservers",
            "module.infra.module.public-gke-standard-cluster.module.gke.random_shuffle.available_zones",
            "module.infra.module.public-gke-standard-cluster.module.gke.random_string.cluster_service_account_suffix",
            "module.kuberay-workload-identity.data.google_service_account.cluster_service_account",
            "module.kuberay-workload-identity.google_project_iam_member.workload_identity_sa_bindings",
            "module.kuberay-workload-identity.google_project_iam_member.workload_identity_sa_bindings_additional_projects",
            "module.kuberay-workload-identity.google_service_account.cluster_service_account",
            "module.kuberay-workload-identity.google_service_account_iam_member.main",
            "module.kuberay-workload-identity.kubernetes_service_account.main",
            "module.kuberay-workload-identity.module.annotate-sa.module.gcloud_kubectl.data.external.env_override",
            "module.kuberay-workload-identity.module.annotate-sa.module.gcloud_kubectl.null_resource.additional_components",
            "module.kuberay-workload-identity.module.annotate-sa.module.gcloud_kubectl.null_resource.additional_components_destroy",
            "module.kuberay-workload-identity.module.annotate-sa.module.gcloud_kubectl.null_resource.decompress",
            "module.kuberay-workload-identity.module.annotate-sa.module.gcloud_kubectl.null_resource.decompress_destroy",
            "module.kuberay-workload-identity.module.annotate-sa.module.gcloud_kubectl.null_resource.download_gcloud",
            "module.kuberay-workload-identity.module.annotate-sa.module.gcloud_kubectl.null_resource.download_jq",
            "module.kuberay-workload-identity.module.annotate-sa.module.gcloud_kubectl.null_resource.gcloud_auth_google_credentials",
            "module.kuberay-workload-identity.module.annotate-sa.module.gcloud_kubectl.null_resource.gcloud_auth_google_credentials_destroy",
            "module.kuberay-workload-identity.module.annotate-sa.module.gcloud_kubectl.null_resource.gcloud_auth_service_account_key_file",
            "module.kuberay-workload-identity.module.annotate-sa.module.gcloud_kubectl.null_resource.gcloud_auth_service_account_key_file_destroy",
            "module.kuberay-workload-identity.module.annotate-sa.module.gcloud_kubectl.null_resource.module_depends_on",
            "module.kuberay-workload-identity.module.annotate-sa.module.gcloud_kubectl.null_resource.prepare_cache",
            "module.kuberay-workload-identity.module.annotate-sa.module.gcloud_kubectl.null_resource.run_command",
            "module.kuberay-workload-identity.module.annotate-sa.module.gcloud_kubectl.null_resource.run_destroy_command",
            "module.kuberay-workload-identity.module.annotate-sa.module.gcloud_kubectl.null_resource.upgrade",
            "module.kuberay-workload-identity.module.annotate-sa.module.gcloud_kubectl.null_resource.upgrade_destroy",
            "module.kuberay-workload-identity.module.annotate-sa.module.gcloud_kubectl.random_id.cache",
            "module.namespace.helm_release.app-namespace",
            "module.project-services.data.google_compute_default_service_account.default",
            "module.project-services.google_project_iam_member.project_service_identity_roles",
            "module.project-services.google_project_service.project_services",
            "module.project-services.google_project_service_identity.project_service_identities"
          ]
        }
      ]
    },
    {
      "module": "module.kuberay-cluster",
      "mode": "managed",
      "type": "helm_release",
      "name": "ray-cluster",
      "provider": "provider[\"registry.terraform.io/hashicorp/helm\"].rag",
      "instances": [
        {
          "schema_version": 0,
          "attributes": {
            "atomic": false,
            "chart": "ray-cluster",
            "cleanup_on_fail": false,
            "create_namespace": true,
            "dependency_update": false,
            "description": null,
            "devel": null,
            "disable_crd_hooks": false,
            "disable_openapi_validation": false,
            "disable_webhooks": false,
            "force_update": false,
            "id": "ray-cluster",
            "keyring": null,
            "lint": false,
            "manifest": null,
            "max_history": 0,
            "metadata": [
              {
                "app_version": "",
                "chart": "ray-cluster",
                "name": "ray-cluster",
                "namespace": "ai-on-gke",
                "revision": 1,
                "values": "{\"additionalWorkerGroups\":{\"smallGroup\":{\"disabled\":true}},\"fullnameOverride\":\"\",\"head\":{\"affinity\":{},\"annotations\":{\"gke-gcsfuse/cpu-limit\":\"1\",\"gke-gcsfuse/ephemeral-storage-limit\":\"3Gi\",\"gke-gcsfuse/memory-limit\":\"2Gi\",\"gke-gcsfuse/volumes\":\"true\"},\"containerEnv\":[{\"name\":\"RAY_memory_monitor_refresh_ms\",\"value\":\"0\"},{\"name\":\"RAY_GRAFANA_IFRAME_HOST\",\"value\":\"http://\"},{\"name\":\"RAY_GRAFANA_HOST\",\"value\":\"http://grafana:80\"},{\"name\":\"RAY_PROMETHEUS_HOST\",\"value\":\"http://frontend:9090\"},{\"name\":\"CLOUDSQL_INSTANCE_CONNECTION_NAME\",\"value\":\"genlu-gke-dev:us-central1:pgvector-instance\"}],\"enableInTreeAutoscaling\":true,\"envFrom\":[],\"groupName\":\"headgroup\",\"labels\":{\"ai.gke.io\":\"rag\",\"cloud.google.com/gke-ray-node-type\":\"head\",\"created-by\":\"ai-on-gke\"},\"nodeSelector\":{\"iam.gke.io/gke-metadata-server-enabled\":\"true\"},\"rayStartParams\":{\"block\":\"true\",\"dashboard-host\":\"0.0.0.0\"},\"resources\":{\"limits\":{\"cpu\":\"4\",\"ephemeral-storage\":\"3Gi\",\"memory\":\"8G\"},\"requests\":{\"cpu\":\"4\",\"ephemeral-storage\":\"3Gi\",\"memory\":\"8G\"}},\"securityContext\":{\"allowPrivilegeEscalation\":false,\"capabilities\":{\"drop\":[\"ALL\"]},\"privileged\":false,\"runAsNonRoot\":true,\"seccompProfile\":{\"type\":\"RuntimeDefault\"}},\"serviceAccountName\":\"ray-rag-sa\",\"tolerations\":[],\"volumeMounts\":[{\"mountPath\":\"/data\",\"name\":\"gcs-fuse-csi-ephemeral\"},{\"mountPath\":\"/etc/secret-volume\",\"name\":\"secret-volume\",\"readOnly\":true}],\"volumes\":[{\"csi\":{\"driver\":\"gcsfuse.csi.storage.gke.io\",\"volumeAttributes\":{\"bucketName\":\"genlu-gke-dev-bucket\",\"mountOptions\":\"implicit-dirs,uid=1000,gid=100\"}},\"name\":\"gcs-fuse-csi-ephemeral\"},{\"name\":\"secret-volume\",\"secret\":{\"optional\":true,\"secretName\":\"db-secret\"}}]},\"image\":{\"pullPolicy\":\"IfNotPresent\",\"repository\":\"us-central1-docker.pkg.dev/ai-on-gke/rag-on-gke/ray-image\",\"tag\":\"2.9.3-py310-gpu\"},\"imagePullSecrets\":[],\"nameOverride\":\"kuberay\",\"service\":{\"type\":\"ClusterIP\"},\"worker\":{\"affinity\":{},\"annotations\":{\"gke-gcsfuse/cpu-limit\":\"2\",\"gke-gcsfuse/ephemeral-storage-limit\":\"20Gi\",\"gke-gcsfuse/memory-limit\":\"8Gi\",\"gke-gcsfuse/volumes\":\"true\"},\"containerEnv\":[{\"name\":\"CLOUDSQL_INSTANCE_CONNECTION_NAME\",\"value\":\"genlu-gke-dev:us-central1:pgvector-instance\"}],\"envFrom\":[],\"groupName\":\"workerGroup\",\"initContainerImage\":\"busybox:1.28\",\"initContainerSecurityContext\":{},\"labels\":{\"ai.gke.io\":\"rag\",\"cloud.google.com/gke-ray-node-type\":\"worker\",\"created-by\":\"ai-on-gke\"},\"maxReplicas\":5,\"minReplicas\":0,\"nodeSelector\":{\"cloud.google.com/gke-accelerator\":\"nvidia-l4\",\"iam.gke.io/gke-metadata-server-enabled\":\"true\"},\"rayStartParams\":{\"block\":\"true\"},\"replicas\":0,\"resources\":{\"limits\":{\"cpu\":\"8\",\"ephemeral-storage\":\"20Gi\",\"memory\":\"32G\",\"nvidia.com/gpu\":\"1\"},\"requests\":{\"cpu\":\"8\",\"ephemeral-storage\":\"20Gi\",\"memory\":\"32G\",\"nvidia.com/gpu\":\"1\"}},\"securityContext\":{\"allowPrivilegeEscalation\":false,\"capabilities\":{\"drop\":[\"ALL\"]},\"privileged\":false,\"runAsNonRoot\":true,\"seccompProfile\":{\"type\":\"RuntimeDefault\"}},\"serviceAccountName\":\"ray-rag-sa\",\"tolerations\":[],\"type\":\"worker\",\"volumeMounts\":[{\"mountPath\":\"/data\",\"name\":\"gcs-fuse-csi-ephemeral\"},{\"mountPath\":\"/etc/secret-volume\",\"name\":\"secret-volume\",\"readOnly\":true}],\"volumes\":[{\"csi\":{\"driver\":\"gcsfuse.csi.storage.gke.io\",\"volumeAttributes\":{\"bucketName\":\"genlu-gke-dev-bucket\",\"mountOptions\":\"implicit-dirs,uid=1000,gid=100\"}},\"name\":\"gcs-fuse-csi-ephemeral\"},{\"name\":\"secret-volume\",\"secret\":{\"optional\":true,\"secretName\":\"db-secret\"}}]}}",
                "version": "1.0.0"
              }
            ],
            "name": "ray-cluster",
            "namespace": "ai-on-gke",
            "pass_credentials": false,
            "postrender": [],
            "recreate_pods": false,
            "render_subchart_notes": true,
            "replace": false,
            "repository": "https://ray-project.github.io/kuberay-helm/",
            "repository_ca_file": null,
            "repository_cert_file": null,
            "repository_key_file": null,
            "repository_password": null,
            "repository_username": null,
            "reset_values": false,
            "reuse_values": false,
            "set": [],
            "set_sensitive": [],
            "skip_crds": false,
            "status": "deployed",
            "timeout": 300,
            "values": [
              "# Copyright 2024 Google LLC\n#\n# Licensed under the Apache License, Version 2.0 (the \"License\");\n# you may not use this file except in compliance with the License.\n# You may obtain a copy of the License at\n#\n#     http://www.apache.org/licenses/LICENSE-2.0\n#\n# Unless required by applicable law or agreed to in writing, software\n# distributed under the License is distributed on an \"AS IS\" BASIS,\n# WITHOUT WARRANTIES OR CONDITIONS OF ANY KIND, either express or implied.\n# See the License for the specific language governing permissions and\n# limitations under the License.\n\n# Default values for ray-cluster.\n# This is a YAML-formatted file.\n# Declare variables to be passed into your templates.\n\n# The KubeRay community welcomes PRs to expose additional configuration\n# in this Helm chart.\n\nimage:\n  # Replace this with your own image if needed.\n  repository: us-central1-docker.pkg.dev/ai-on-gke/rag-on-gke/ray-image\n  tag: 2.9.3-py310-gpu\n  pullPolicy: IfNotPresent\n\nnameOverride: \"kuberay\"\nfullnameOverride: \"\"\n\nimagePullSecrets: []\n  # - name: an-existing-secret\n\nhead:\n  groupName: headgroup\n  # If enableInTreeAutoscaling is true, the autoscaler sidecar will be added to the Ray head pod.\n  # Ray autoscaler integration is supported only for Ray versions \u003e= 1.11.0\n  # Ray autoscaler integration is Beta with KubeRay \u003e= 0.3.0 and Ray \u003e= 2.0.0.\n  enableInTreeAutoscaling: true\n  # autoscalerOptions is an OPTIONAL field specifying configuration overrides for the Ray autoscaler.\n  # The example configuration shown below below represents the DEFAULT values.\n  # autoscalerOptions:\n    # upscalingMode: Default\n    # idleTimeoutSeconds: 60\n    # securityContext: {}\n    # env: []\n    # envFrom: []\n    # resources specifies optional resource request and limit overrides for the autoscaler container.\n    # For large Ray clusters, we recommend monitoring container resource usage to determine if overriding the defaults is required.\n    # resources:\n    #   limits:\n    #     cpu: \"500m\"\n    #     memory: \"512Mi\"\n    #   requests:\n    #     cpu: \"500m\"\n    #     memory: \"512Mi\"\n  labels:\n    cloud.google.com/gke-ray-node-type: head\n    \"ai.gke.io\": \"rag\"\n    \"created-by\": \"ai-on-gke\"\n  serviceAccountName: ray-rag-sa\n  rayStartParams:\n    dashboard-host: '0.0.0.0'\n    block: 'true'\n  # containerEnv specifies environment variables for the Ray container,\n  # Follows standard K8s container env schema.\n  containerEnv:\n    - name: RAY_memory_monitor_refresh_ms\n      value: \"0\"\n    - name: RAY_GRAFANA_IFRAME_HOST\n      value: http://\n    - name: RAY_GRAFANA_HOST\n      value: http://grafana:80\n    - name: RAY_PROMETHEUS_HOST\n      value: http://frontend:9090\n    - name: CLOUDSQL_INSTANCE_CONNECTION_NAME\n      value: genlu-gke-dev:us-central1:pgvector-instance\n  envFrom: []\n    # - secretRef:\n    #     name: my-env-secret\n  # ports optionally allows specifying ports for the Ray container.\n  # ports: []\n  # resource requests and limits for the Ray head container.\n  # Modify as needed for your application.\n  # Note that the resources in this example are much too small for production;\n  # we don't recommend allocating less than 8G memory for a Ray pod in production.\n  # Ray pods should be sized to take up entire K8s nodes when possible.\n  # Always set CPU and memory limits for Ray pods.\n  # It is usually best to set requests equal to limits.\n  # See https://docs.ray.io/en/latest/cluster/kubernetes/user-guides/config.html#resources\n  # for further guidance.\n  resources:\n    limits:\n      cpu: \"4\"\n      # To avoid out-of-memory issues, never allocate less than 2G memory for the Ray head.\n      # Ray recommends at least 8G memory for production workloads.\n      memory: \"8G\"\n      # Sum of ephemeral storage requests must be max 10Gi on Autopilot default class.\n      # This includes, ray-head, gcsfuse-sidecar, fluent-bit, and ray Autoscaler sidecar which requests 1Gi by default.\n      ephemeral-storage: 3Gi\n    requests:\n      cpu: \"4\"\n      memory: \"8G\"\n      ephemeral-storage: 3Gi\n  annotations:\n    gke-gcsfuse/volumes: \"true\"\n    gke-gcsfuse/cpu-limit: \"1\"\n    gke-gcsfuse/memory-limit: 2Gi\n    gke-gcsfuse/ephemeral-storage-limit: 3Gi\n  nodeSelector:\n    iam.gke.io/gke-metadata-server-enabled: \"true\"\n  tolerations: []\n  affinity: {}\n  # Ray container security context.\n  securityContext:\n    \"allowPrivilegeEscalation\": false\n    \"capabilities\":\n      \"drop\":\n      - \"ALL\"\n    \"privileged\": false\n    \"runAsNonRoot\": true\n    \"seccompProfile\":\n      \"type\": \"RuntimeDefault\"\n  volumes:\n    - name: gcs-fuse-csi-ephemeral\n      csi:\n        driver: gcsfuse.csi.storage.gke.io\n        #readOnly: true\n        volumeAttributes:\n          bucketName: genlu-gke-dev-bucket\n          mountOptions: \"implicit-dirs,uid=1000,gid=100\"\n    - name: secret-volume\n      secret:\n        secretName: db-secret\n        optional: true\n  # Ray writes logs to /tmp/ray/session_latests/logs\n  volumeMounts:\n    - name: gcs-fuse-csi-ephemeral\n      mountPath: /data\n    - name: secret-volume\n      mountPath: /etc/secret-volume\n      readOnly: true\n\nworker:\n  # If you want to disable the default workergroup\n  # uncomment the line below\n  # disabled: true\n  groupName: workerGroup\n  replicas: 0\n  minReplicas: 0\n  maxReplicas: 5\n  type: worker\n  labels:\n    cloud.google.com/gke-ray-node-type: worker\n    \"ai.gke.io\": \"rag\"\n    \"created-by\": \"ai-on-gke\"\n  serviceAccountName: ray-rag-sa\n  rayStartParams:\n    block: 'true'\n  initContainerImage: 'busybox:1.28'  # Enable users to specify the image for init container. Users can pull the busybox image from their private repositories.\n  # Security context for the init container.\n  initContainerSecurityContext: {}\n  # containerEnv specifies environment variables for the Ray container,\n  # Follows standard K8s container env schema.\n  containerEnv:\n    - name: CLOUDSQL_INSTANCE_CONNECTION_NAME\n      value: genlu-gke-dev:us-central1:pgvector-instance\n  envFrom: []\n    # - secretRef:\n    #     name: my-env-secret\n  # ports optionally allows specifying ports for the Ray container.\n  # ports: []\n  # resource requests and limits for the Ray head container.\n  # Modify as needed for your application.\n  # Note that the resources in this example are much too small for production;\n  # we don't recommend allocating less than 8G memory for a Ray pod in production.\n  # Ray pods should be sized to take up entire K8s nodes when possible.\n  # Always set CPU and memory limits for Ray pods.\n  # It is usually best to set requests equal to limits.\n  # See https://docs.ray.io/en/latest/cluster/kubernetes/user-guides/config.html#resources\n  # for further guidance.\n  resources:\n    requests:\n      \"cpu\": \"8\"\n      \"ephemeral-storage\": \"20Gi\"\n      \"memory\": \"32G\"\n      \"nvidia.com/gpu\": \"1\"\n    limits:\n      \"cpu\": \"8\"\n      \"ephemeral-storage\": \"20Gi\"\n      \"memory\": \"32G\"\n      \"nvidia.com/gpu\": \"1\"\n  annotations:\n    \"gke-gcsfuse/cpu-limit\": \"2\"\n    \"gke-gcsfuse/ephemeral-storage-limit\": \"20Gi\"\n    \"gke-gcsfuse/memory-limit\": \"8Gi\"\n    \"gke-gcsfuse/volumes\": \"true\"\n  nodeSelector:\n    \"cloud.google.com/gke-accelerator\": \"nvidia-l4\"\n    \"iam.gke.io/gke-metadata-server-enabled\": \"true\"\n  tolerations: []\n  affinity: {}\n  securityContext:\n    \"allowPrivilegeEscalation\": false\n    \"capabilities\":\n      \"drop\":\n      - \"ALL\"\n    \"privileged\": false\n    \"runAsNonRoot\": true\n    \"seccompProfile\":\n      \"type\": \"RuntimeDefault\"\n  volumes:\n    - name: gcs-fuse-csi-ephemeral\n      csi:\n        driver: gcsfuse.csi.storage.gke.io\n        #readOnly: true\n        volumeAttributes:\n          bucketName: genlu-gke-dev-bucket\n          mountOptions: \"implicit-dirs,uid=1000,gid=100\"\n    - name: secret-volume\n      secret:\n        secretName: db-secret\n        optional: true\n  # Ray writes logs to /tmp/ray/session_latests/logs\n  volumeMounts:\n    - name: gcs-fuse-csi-ephemeral\n      mountPath: /data\n    - name: secret-volume\n      mountPath: /etc/secret-volume\n      readOnly: true\n\n# The map's key is used as the groupName.\n# For example, key:small-group in the map below\n# will be used as the groupName\nadditionalWorkerGroups:\n  smallGroup:\n    # Disabled by default\n    disabled: true\n\nservice:\n  type: ClusterIP\n"
            ],
            "verify": false,
            "version": "1.0.0",
            "wait": true,
            "wait_for_jobs": false
          },
          "sensitive_attributes": [],
          "private": "bnVsbA==",
          "dependencies": [
            "data.google_client_config.default",
            "data.google_container_cluster.default",
            "data.google_project.project",
            "module.cloudsql.kubernetes_secret.secret",
            "module.cloudsql.random_password.pwd",
            "module.gcs.google_storage_bucket.static",
            "module.infra.data.google_compute_subnetwork.subnetwork",
            "module.infra.module.custom-network.google_compute_global_address.google-managed-services-range",
            "module.infra.module.custom-network.google_compute_network.network",
            "module.infra.module.custom-network.google_compute_subnetwork.subnetwork",
            "module.infra.module.custom-network.google_service_networking_connection.private_service_access",
            "module.infra.module.private-gke-autopilot-cluster.google_gke_hub_membership.gke-fleet",
            "module.infra.module.private-gke-autopilot-cluster.module.gke.data.google_compute_subnetwork.gke_subnetwork",
            "module.infra.module.private-gke-autopilot-cluster.module.gke.data.google_compute_zones.available",
            "module.infra.module.private-gke-autopilot-cluster.module.gke.data.google_container_engine_versions.region",
            "module.infra.module.private-gke-autopilot-cluster.module.gke.data.google_container_engine_versions.zone",
            "module.infra.module.private-gke-autopilot-cluster.module.gke.google_compute_firewall.intra_egress",
            "module.infra.module.private-gke-autopilot-cluster.module.gke.google_compute_firewall.master_webhooks",
            "module.infra.module.private-gke-autopilot-cluster.module.gke.google_compute_firewall.shadow_allow_inkubelet",
            "module.infra.module.private-gke-autopilot-cluster.module.gke.google_compute_firewall.shadow_allow_master",
            "module.infra.module.private-gke-autopilot-cluster.module.gke.google_compute_firewall.shadow_allow_nodes",
            "module.infra.module.private-gke-autopilot-cluster.module.gke.google_compute_firewall.shadow_allow_pods",
            "module.infra.module.private-gke-autopilot-cluster.module.gke.google_compute_firewall.shadow_deny_exkubelet",
            "module.infra.module.private-gke-autopilot-cluster.module.gke.google_compute_firewall.tpu_egress",
            "module.infra.module.private-gke-autopilot-cluster.module.gke.google_container_cluster.primary",
            "module.infra.module.private-gke-autopilot-cluster.module.gke.google_project_iam_member.cluster_service_account-artifact-registry",
            "module.infra.module.private-gke-autopilot-cluster.module.gke.google_project_iam_member.cluster_service_account-gcr",
            "module.infra.module.private-gke-autopilot-cluster.module.gke.google_project_iam_member.cluster_service_account-metric_writer",
            "module.infra.module.private-gke-autopilot-cluster.module.gke.google_project_iam_member.cluster_service_account-nodeService_account",
            "module.infra.module.private-gke-autopilot-cluster.module.gke.google_project_iam_member.cluster_service_account-resourceMetadata-writer",
            "module.infra.module.private-gke-autopilot-cluster.module.gke.google_project_iam_member.service_agent",
            "module.infra.module.private-gke-autopilot-cluster.module.gke.google_project_service_identity.fleet_project",
            "module.infra.module.private-gke-autopilot-cluster.module.gke.google_service_account.cluster_service_account",
            "module.infra.module.private-gke-autopilot-cluster.module.gke.kubernetes_config_map.ip-masq-agent",
            "module.infra.module.private-gke-autopilot-cluster.module.gke.kubernetes_config_map_v1_data.kube-dns",
            "module.infra.module.private-gke-autopilot-cluster.module.gke.kubernetes_config_map_v1_data.kube-dns-upstream-nameservers-and-stub-domains",
            "module.infra.module.private-gke-autopilot-cluster.module.gke.kubernetes_config_map_v1_data.kube-dns-upstream-namservers",
            "module.infra.module.private-gke-autopilot-cluster.module.gke.random_shuffle.available_zones",
            "module.infra.module.private-gke-autopilot-cluster.module.gke.random_string.cluster_service_account_suffix",
            "module.infra.module.private-gke-standard-cluster.google_gke_hub_membership.gke-fleet",
            "module.infra.module.private-gke-standard-cluster.module.gke.data.google_compute_subnetwork.gke_subnetwork",
            "module.infra.module.private-gke-standard-cluster.module.gke.data.google_compute_zones.available",
            "module.infra.module.private-gke-standard-cluster.module.gke.data.google_container_engine_versions.region",
            "module.infra.module.private-gke-standard-cluster.module.gke.data.google_container_engine_versions.zone",
            "module.infra.module.private-gke-standard-cluster.module.gke.google_compute_firewall.intra_egress",
            "module.infra.module.private-gke-standard-cluster.module.gke.google_compute_firewall.master_webhooks",
            "module.infra.module.private-gke-standard-cluster.module.gke.google_compute_firewall.shadow_allow_inkubelet",
            "module.infra.module.private-gke-standard-cluster.module.gke.google_compute_firewall.shadow_allow_master",
            "module.infra.module.private-gke-standard-cluster.module.gke.google_compute_firewall.shadow_allow_nodes",
            "module.infra.module.private-gke-standard-cluster.module.gke.google_compute_firewall.shadow_allow_pods",
            "module.infra.module.private-gke-standard-cluster.module.gke.google_compute_firewall.shadow_deny_exkubelet",
            "module.infra.module.private-gke-standard-cluster.module.gke.google_compute_firewall.tpu_egress",
            "module.infra.module.private-gke-standard-cluster.module.gke.google_container_cluster.primary",
            "module.infra.module.private-gke-standard-cluster.module.gke.google_container_node_pool.pools",
            "module.infra.module.private-gke-standard-cluster.module.gke.google_container_node_pool.windows_pools",
            "module.infra.module.private-gke-standard-cluster.module.gke.google_project_iam_member.cluster_service_account-artifact-registry",
            "module.infra.module.private-gke-standard-cluster.module.gke.google_project_iam_member.cluster_service_account-gcr",
            "module.infra.module.private-gke-standard-cluster.module.gke.google_project_iam_member.cluster_service_account-metric_writer",
            "module.infra.module.private-gke-standard-cluster.module.gke.google_project_iam_member.cluster_service_account-nodeService_account",
            "module.infra.module.private-gke-standard-cluster.module.gke.google_project_iam_member.cluster_service_account-resourceMetadata-writer",
            "module.infra.module.private-gke-standard-cluster.module.gke.google_service_account.cluster_service_account",
            "module.infra.module.private-gke-standard-cluster.module.gke.kubernetes_config_map.ip-masq-agent",
            "module.infra.module.private-gke-standard-cluster.module.gke.kubernetes_config_map_v1_data.kube-dns",
            "module.infra.module.private-gke-standard-cluster.module.gke.kubernetes_config_map_v1_data.kube-dns-upstream-nameservers-and-stub-domains",
            "module.infra.module.private-gke-standard-cluster.module.gke.kubernetes_config_map_v1_data.kube-dns-upstream-namservers",
            "module.infra.module.private-gke-standard-cluster.module.gke.random_shuffle.available_zones",
            "module.infra.module.private-gke-standard-cluster.module.gke.random_string.cluster_service_account_suffix",
            "module.infra.module.public-gke-autopilot-cluster.module.gke.data.google_compute_subnetwork.gke_subnetwork",
            "module.infra.module.public-gke-autopilot-cluster.module.gke.data.google_compute_zones.available",
            "module.infra.module.public-gke-autopilot-cluster.module.gke.data.google_container_engine_versions.region",
            "module.infra.module.public-gke-autopilot-cluster.module.gke.data.google_container_engine_versions.zone",
            "module.infra.module.public-gke-autopilot-cluster.module.gke.google_compute_firewall.intra_egress",
            "module.infra.module.public-gke-autopilot-cluster.module.gke.google_compute_firewall.master_webhooks",
            "module.infra.module.public-gke-autopilot-cluster.module.gke.google_compute_firewall.shadow_allow_inkubelet",
            "module.infra.module.public-gke-autopilot-cluster.module.gke.google_compute_firewall.shadow_allow_master",
            "module.infra.module.public-gke-autopilot-cluster.module.gke.google_compute_firewall.shadow_allow_nodes",
            "module.infra.module.public-gke-autopilot-cluster.module.gke.google_compute_firewall.shadow_allow_pods",
            "module.infra.module.public-gke-autopilot-cluster.module.gke.google_compute_firewall.shadow_deny_exkubelet",
            "module.infra.module.public-gke-autopilot-cluster.module.gke.google_compute_firewall.tpu_egress",
            "module.infra.module.public-gke-autopilot-cluster.module.gke.google_container_cluster.primary",
            "module.infra.module.public-gke-autopilot-cluster.module.gke.google_project_iam_member.cluster_service_account-artifact-registry",
            "module.infra.module.public-gke-autopilot-cluster.module.gke.google_project_iam_member.cluster_service_account-gcr",
            "module.infra.module.public-gke-autopilot-cluster.module.gke.google_project_iam_member.cluster_service_account-metric_writer",
            "module.infra.module.public-gke-autopilot-cluster.module.gke.google_project_iam_member.cluster_service_account-nodeService_account",
            "module.infra.module.public-gke-autopilot-cluster.module.gke.google_project_iam_member.cluster_service_account-resourceMetadata-writer",
            "module.infra.module.public-gke-autopilot-cluster.module.gke.google_project_iam_member.service_agent",
            "module.infra.module.public-gke-autopilot-cluster.module.gke.google_project_service_identity.fleet_project",
            "module.infra.module.public-gke-autopilot-cluster.module.gke.google_service_account.cluster_service_account",
            "module.infra.module.public-gke-autopilot-cluster.module.gke.kubernetes_config_map.ip-masq-agent",
            "module.infra.module.public-gke-autopilot-cluster.module.gke.kubernetes_config_map_v1_data.kube-dns",
            "module.infra.module.public-gke-autopilot-cluster.module.gke.kubernetes_config_map_v1_data.kube-dns-upstream-nameservers-and-stub-domains",
            "module.infra.module.public-gke-autopilot-cluster.module.gke.kubernetes_config_map_v1_data.kube-dns-upstream-namservers",
            "module.infra.module.public-gke-autopilot-cluster.module.gke.random_shuffle.available_zones",
            "module.infra.module.public-gke-autopilot-cluster.module.gke.random_string.cluster_service_account_suffix",
            "module.infra.module.public-gke-standard-cluster.module.gke.data.google_compute_subnetwork.gke_subnetwork",
            "module.infra.module.public-gke-standard-cluster.module.gke.data.google_compute_zones.available",
            "module.infra.module.public-gke-standard-cluster.module.gke.data.google_container_engine_versions.region",
            "module.infra.module.public-gke-standard-cluster.module.gke.data.google_container_engine_versions.zone",
            "module.infra.module.public-gke-standard-cluster.module.gke.google_compute_firewall.intra_egress",
            "module.infra.module.public-gke-standard-cluster.module.gke.google_compute_firewall.master_webhooks",
            "module.infra.module.public-gke-standard-cluster.module.gke.google_compute_firewall.shadow_allow_inkubelet",
            "module.infra.module.public-gke-standard-cluster.module.gke.google_compute_firewall.shadow_allow_master",
            "module.infra.module.public-gke-standard-cluster.module.gke.google_compute_firewall.shadow_allow_nodes",
            "module.infra.module.public-gke-standard-cluster.module.gke.google_compute_firewall.shadow_allow_pods",
            "module.infra.module.public-gke-standard-cluster.module.gke.google_compute_firewall.shadow_deny_exkubelet",
            "module.infra.module.public-gke-standard-cluster.module.gke.google_compute_firewall.tpu_egress",
            "module.infra.module.public-gke-standard-cluster.module.gke.google_container_cluster.primary",
            "module.infra.module.public-gke-standard-cluster.module.gke.google_container_node_pool.pools",
            "module.infra.module.public-gke-standard-cluster.module.gke.google_container_node_pool.windows_pools",
            "module.infra.module.public-gke-standard-cluster.module.gke.google_project_iam_member.cluster_service_account-artifact-registry",
            "module.infra.module.public-gke-standard-cluster.module.gke.google_project_iam_member.cluster_service_account-gcr",
            "module.infra.module.public-gke-standard-cluster.module.gke.google_project_iam_member.cluster_service_account-metric_writer",
            "module.infra.module.public-gke-standard-cluster.module.gke.google_project_iam_member.cluster_service_account-nodeService_account",
            "module.infra.module.public-gke-standard-cluster.module.gke.google_project_iam_member.cluster_service_account-resourceMetadata-writer",
            "module.infra.module.public-gke-standard-cluster.module.gke.google_service_account.cluster_service_account",
            "module.infra.module.public-gke-standard-cluster.module.gke.kubernetes_config_map.ip-masq-agent",
            "module.infra.module.public-gke-standard-cluster.module.gke.kubernetes_config_map_v1_data.kube-dns",
            "module.infra.module.public-gke-standard-cluster.module.gke.kubernetes_config_map_v1_data.kube-dns-upstream-nameservers-and-stub-domains",
            "module.infra.module.public-gke-standard-cluster.module.gke.kubernetes_config_map_v1_data.kube-dns-upstream-namservers",
            "module.infra.module.public-gke-standard-cluster.module.gke.random_shuffle.available_zones",
            "module.infra.module.public-gke-standard-cluster.module.gke.random_string.cluster_service_account_suffix",
            "module.kuberay-monitoring.data.kubernetes_service.example",
            "module.kuberay-monitoring.helm_release.grafana",
            "module.kuberay-workload-identity.data.google_service_account.cluster_service_account",
            "module.kuberay-workload-identity.google_project_iam_member.workload_identity_sa_bindings",
            "module.kuberay-workload-identity.google_project_iam_member.workload_identity_sa_bindings_additional_projects",
            "module.kuberay-workload-identity.google_service_account.cluster_service_account",
            "module.kuberay-workload-identity.google_service_account_iam_member.main",
            "module.kuberay-workload-identity.kubernetes_service_account.main",
            "module.kuberay-workload-identity.module.annotate-sa.module.gcloud_kubectl.data.external.env_override",
            "module.kuberay-workload-identity.module.annotate-sa.module.gcloud_kubectl.null_resource.additional_components",
            "module.kuberay-workload-identity.module.annotate-sa.module.gcloud_kubectl.null_resource.additional_components_destroy",
            "module.kuberay-workload-identity.module.annotate-sa.module.gcloud_kubectl.null_resource.decompress",
            "module.kuberay-workload-identity.module.annotate-sa.module.gcloud_kubectl.null_resource.decompress_destroy",
            "module.kuberay-workload-identity.module.annotate-sa.module.gcloud_kubectl.null_resource.download_gcloud",
            "module.kuberay-workload-identity.module.annotate-sa.module.gcloud_kubectl.null_resource.download_jq",
            "module.kuberay-workload-identity.module.annotate-sa.module.gcloud_kubectl.null_resource.gcloud_auth_google_credentials",
            "module.kuberay-workload-identity.module.annotate-sa.module.gcloud_kubectl.null_resource.gcloud_auth_google_credentials_destroy",
            "module.kuberay-workload-identity.module.annotate-sa.module.gcloud_kubectl.null_resource.gcloud_auth_service_account_key_file",
            "module.kuberay-workload-identity.module.annotate-sa.module.gcloud_kubectl.null_resource.gcloud_auth_service_account_key_file_destroy",
            "module.kuberay-workload-identity.module.annotate-sa.module.gcloud_kubectl.null_resource.module_depends_on",
            "module.kuberay-workload-identity.module.annotate-sa.module.gcloud_kubectl.null_resource.prepare_cache",
            "module.kuberay-workload-identity.module.annotate-sa.module.gcloud_kubectl.null_resource.run_command",
            "module.kuberay-workload-identity.module.annotate-sa.module.gcloud_kubectl.null_resource.run_destroy_command",
            "module.kuberay-workload-identity.module.annotate-sa.module.gcloud_kubectl.null_resource.upgrade",
            "module.kuberay-workload-identity.module.annotate-sa.module.gcloud_kubectl.null_resource.upgrade_destroy",
            "module.kuberay-workload-identity.module.annotate-sa.module.gcloud_kubectl.random_id.cache",
            "module.namespace.helm_release.app-namespace",
            "module.project-services.data.google_compute_default_service_account.default",
            "module.project-services.google_project_iam_member.project_service_identity_roles",
            "module.project-services.google_project_service.project_services",
            "module.project-services.google_project_service_identity.project_service_identities"
          ]
        }
      ]
    },
    {
      "module": "module.kuberay-monitoring",
      "mode": "managed",
      "type": "helm_release",
      "name": "gmp-ray-monitoring",
      "provider": "provider[\"registry.terraform.io/hashicorp/helm\"].rag",
      "instances": [
        {
          "schema_version": 0,
          "attributes": {
            "atomic": false,
            "chart": "../../modules/kuberay-monitoring/../../charts/gmp-engine/",
            "cleanup_on_fail": false,
            "create_namespace": true,
            "dependency_update": false,
            "description": null,
            "devel": null,
            "disable_crd_hooks": false,
            "disable_openapi_validation": false,
            "disable_webhooks": false,
            "force_update": false,
            "id": "gmp-ray-monitoring",
            "keyring": null,
            "lint": false,
            "manifest": null,
            "max_history": 0,
            "metadata": [
              {
                "app_version": "1.0.0",
                "chart": "gmp-engine",
                "name": "gmp-ray-monitoring",
                "namespace": "ai-on-gke",
                "revision": 1,
                "values": "{\"gmp-frontend\":{\"projectID\":\"genlu-gke-dev\",\"serviceAccount\":\"ray-rag-sa\"}}",
                "version": "0.1.0"
              }
            ],
            "name": "gmp-ray-monitoring",
            "namespace": "ai-on-gke",
            "pass_credentials": false,
            "postrender": [],
            "recreate_pods": false,
            "render_subchart_notes": true,
            "replace": false,
            "repository": null,
            "repository_ca_file": null,
            "repository_cert_file": null,
            "repository_key_file": null,
            "repository_password": null,
            "repository_username": null,
            "reset_values": false,
            "reuse_values": false,
            "set": [
              {
                "name": "gmp-frontend.projectID",
                "type": "",
                "value": "genlu-gke-dev"
              },
              {
                "name": "gmp-frontend.serviceAccount",
                "type": "",
                "value": "ray-rag-sa"
              }
            ],
            "set_sensitive": [],
            "skip_crds": false,
            "status": "deployed",
            "timeout": 1200,
            "values": null,
            "verify": false,
            "version": "0.1.0",
            "wait": true,
            "wait_for_jobs": false
          },
          "sensitive_attributes": [],
          "private": "bnVsbA==",
          "dependencies": [
            "data.google_client_config.default",
            "data.google_container_cluster.default",
            "data.google_project.project",
            "module.infra.data.google_compute_subnetwork.subnetwork",
            "module.infra.module.custom-network.google_compute_global_address.google-managed-services-range",
            "module.infra.module.custom-network.google_compute_network.network",
            "module.infra.module.custom-network.google_compute_subnetwork.subnetwork",
            "module.infra.module.custom-network.google_service_networking_connection.private_service_access",
            "module.infra.module.private-gke-autopilot-cluster.google_gke_hub_membership.gke-fleet",
            "module.infra.module.private-gke-autopilot-cluster.module.gke.data.google_compute_subnetwork.gke_subnetwork",
            "module.infra.module.private-gke-autopilot-cluster.module.gke.data.google_compute_zones.available",
            "module.infra.module.private-gke-autopilot-cluster.module.gke.data.google_container_engine_versions.region",
            "module.infra.module.private-gke-autopilot-cluster.module.gke.data.google_container_engine_versions.zone",
            "module.infra.module.private-gke-autopilot-cluster.module.gke.google_compute_firewall.intra_egress",
            "module.infra.module.private-gke-autopilot-cluster.module.gke.google_compute_firewall.master_webhooks",
            "module.infra.module.private-gke-autopilot-cluster.module.gke.google_compute_firewall.shadow_allow_inkubelet",
            "module.infra.module.private-gke-autopilot-cluster.module.gke.google_compute_firewall.shadow_allow_master",
            "module.infra.module.private-gke-autopilot-cluster.module.gke.google_compute_firewall.shadow_allow_nodes",
            "module.infra.module.private-gke-autopilot-cluster.module.gke.google_compute_firewall.shadow_allow_pods",
            "module.infra.module.private-gke-autopilot-cluster.module.gke.google_compute_firewall.shadow_deny_exkubelet",
            "module.infra.module.private-gke-autopilot-cluster.module.gke.google_compute_firewall.tpu_egress",
            "module.infra.module.private-gke-autopilot-cluster.module.gke.google_container_cluster.primary",
            "module.infra.module.private-gke-autopilot-cluster.module.gke.google_project_iam_member.cluster_service_account-artifact-registry",
            "module.infra.module.private-gke-autopilot-cluster.module.gke.google_project_iam_member.cluster_service_account-gcr",
            "module.infra.module.private-gke-autopilot-cluster.module.gke.google_project_iam_member.cluster_service_account-metric_writer",
            "module.infra.module.private-gke-autopilot-cluster.module.gke.google_project_iam_member.cluster_service_account-nodeService_account",
            "module.infra.module.private-gke-autopilot-cluster.module.gke.google_project_iam_member.cluster_service_account-resourceMetadata-writer",
            "module.infra.module.private-gke-autopilot-cluster.module.gke.google_project_iam_member.service_agent",
            "module.infra.module.private-gke-autopilot-cluster.module.gke.google_project_service_identity.fleet_project",
            "module.infra.module.private-gke-autopilot-cluster.module.gke.google_service_account.cluster_service_account",
            "module.infra.module.private-gke-autopilot-cluster.module.gke.kubernetes_config_map.ip-masq-agent",
            "module.infra.module.private-gke-autopilot-cluster.module.gke.kubernetes_config_map_v1_data.kube-dns",
            "module.infra.module.private-gke-autopilot-cluster.module.gke.kubernetes_config_map_v1_data.kube-dns-upstream-nameservers-and-stub-domains",
            "module.infra.module.private-gke-autopilot-cluster.module.gke.kubernetes_config_map_v1_data.kube-dns-upstream-namservers",
            "module.infra.module.private-gke-autopilot-cluster.module.gke.random_shuffle.available_zones",
            "module.infra.module.private-gke-autopilot-cluster.module.gke.random_string.cluster_service_account_suffix",
            "module.infra.module.private-gke-standard-cluster.google_gke_hub_membership.gke-fleet",
            "module.infra.module.private-gke-standard-cluster.module.gke.data.google_compute_subnetwork.gke_subnetwork",
            "module.infra.module.private-gke-standard-cluster.module.gke.data.google_compute_zones.available",
            "module.infra.module.private-gke-standard-cluster.module.gke.data.google_container_engine_versions.region",
            "module.infra.module.private-gke-standard-cluster.module.gke.data.google_container_engine_versions.zone",
            "module.infra.module.private-gke-standard-cluster.module.gke.google_compute_firewall.intra_egress",
            "module.infra.module.private-gke-standard-cluster.module.gke.google_compute_firewall.master_webhooks",
            "module.infra.module.private-gke-standard-cluster.module.gke.google_compute_firewall.shadow_allow_inkubelet",
            "module.infra.module.private-gke-standard-cluster.module.gke.google_compute_firewall.shadow_allow_master",
            "module.infra.module.private-gke-standard-cluster.module.gke.google_compute_firewall.shadow_allow_nodes",
            "module.infra.module.private-gke-standard-cluster.module.gke.google_compute_firewall.shadow_allow_pods",
            "module.infra.module.private-gke-standard-cluster.module.gke.google_compute_firewall.shadow_deny_exkubelet",
            "module.infra.module.private-gke-standard-cluster.module.gke.google_compute_firewall.tpu_egress",
            "module.infra.module.private-gke-standard-cluster.module.gke.google_container_cluster.primary",
            "module.infra.module.private-gke-standard-cluster.module.gke.google_container_node_pool.pools",
            "module.infra.module.private-gke-standard-cluster.module.gke.google_container_node_pool.windows_pools",
            "module.infra.module.private-gke-standard-cluster.module.gke.google_project_iam_member.cluster_service_account-artifact-registry",
            "module.infra.module.private-gke-standard-cluster.module.gke.google_project_iam_member.cluster_service_account-gcr",
            "module.infra.module.private-gke-standard-cluster.module.gke.google_project_iam_member.cluster_service_account-metric_writer",
            "module.infra.module.private-gke-standard-cluster.module.gke.google_project_iam_member.cluster_service_account-nodeService_account",
            "module.infra.module.private-gke-standard-cluster.module.gke.google_project_iam_member.cluster_service_account-resourceMetadata-writer",
            "module.infra.module.private-gke-standard-cluster.module.gke.google_service_account.cluster_service_account",
            "module.infra.module.private-gke-standard-cluster.module.gke.kubernetes_config_map.ip-masq-agent",
            "module.infra.module.private-gke-standard-cluster.module.gke.kubernetes_config_map_v1_data.kube-dns",
            "module.infra.module.private-gke-standard-cluster.module.gke.kubernetes_config_map_v1_data.kube-dns-upstream-nameservers-and-stub-domains",
            "module.infra.module.private-gke-standard-cluster.module.gke.kubernetes_config_map_v1_data.kube-dns-upstream-namservers",
            "module.infra.module.private-gke-standard-cluster.module.gke.random_shuffle.available_zones",
            "module.infra.module.private-gke-standard-cluster.module.gke.random_string.cluster_service_account_suffix",
            "module.infra.module.public-gke-autopilot-cluster.module.gke.data.google_compute_subnetwork.gke_subnetwork",
            "module.infra.module.public-gke-autopilot-cluster.module.gke.data.google_compute_zones.available",
            "module.infra.module.public-gke-autopilot-cluster.module.gke.data.google_container_engine_versions.region",
            "module.infra.module.public-gke-autopilot-cluster.module.gke.data.google_container_engine_versions.zone",
            "module.infra.module.public-gke-autopilot-cluster.module.gke.google_compute_firewall.intra_egress",
            "module.infra.module.public-gke-autopilot-cluster.module.gke.google_compute_firewall.master_webhooks",
            "module.infra.module.public-gke-autopilot-cluster.module.gke.google_compute_firewall.shadow_allow_inkubelet",
            "module.infra.module.public-gke-autopilot-cluster.module.gke.google_compute_firewall.shadow_allow_master",
            "module.infra.module.public-gke-autopilot-cluster.module.gke.google_compute_firewall.shadow_allow_nodes",
            "module.infra.module.public-gke-autopilot-cluster.module.gke.google_compute_firewall.shadow_allow_pods",
            "module.infra.module.public-gke-autopilot-cluster.module.gke.google_compute_firewall.shadow_deny_exkubelet",
            "module.infra.module.public-gke-autopilot-cluster.module.gke.google_compute_firewall.tpu_egress",
            "module.infra.module.public-gke-autopilot-cluster.module.gke.google_container_cluster.primary",
            "module.infra.module.public-gke-autopilot-cluster.module.gke.google_project_iam_member.cluster_service_account-artifact-registry",
            "module.infra.module.public-gke-autopilot-cluster.module.gke.google_project_iam_member.cluster_service_account-gcr",
            "module.infra.module.public-gke-autopilot-cluster.module.gke.google_project_iam_member.cluster_service_account-metric_writer",
            "module.infra.module.public-gke-autopilot-cluster.module.gke.google_project_iam_member.cluster_service_account-nodeService_account",
            "module.infra.module.public-gke-autopilot-cluster.module.gke.google_project_iam_member.cluster_service_account-resourceMetadata-writer",
            "module.infra.module.public-gke-autopilot-cluster.module.gke.google_project_iam_member.service_agent",
            "module.infra.module.public-gke-autopilot-cluster.module.gke.google_project_service_identity.fleet_project",
            "module.infra.module.public-gke-autopilot-cluster.module.gke.google_service_account.cluster_service_account",
            "module.infra.module.public-gke-autopilot-cluster.module.gke.kubernetes_config_map.ip-masq-agent",
            "module.infra.module.public-gke-autopilot-cluster.module.gke.kubernetes_config_map_v1_data.kube-dns",
            "module.infra.module.public-gke-autopilot-cluster.module.gke.kubernetes_config_map_v1_data.kube-dns-upstream-nameservers-and-stub-domains",
            "module.infra.module.public-gke-autopilot-cluster.module.gke.kubernetes_config_map_v1_data.kube-dns-upstream-namservers",
            "module.infra.module.public-gke-autopilot-cluster.module.gke.random_shuffle.available_zones",
            "module.infra.module.public-gke-autopilot-cluster.module.gke.random_string.cluster_service_account_suffix",
            "module.infra.module.public-gke-standard-cluster.module.gke.data.google_compute_subnetwork.gke_subnetwork",
            "module.infra.module.public-gke-standard-cluster.module.gke.data.google_compute_zones.available",
            "module.infra.module.public-gke-standard-cluster.module.gke.data.google_container_engine_versions.region",
            "module.infra.module.public-gke-standard-cluster.module.gke.data.google_container_engine_versions.zone",
            "module.infra.module.public-gke-standard-cluster.module.gke.google_compute_firewall.intra_egress",
            "module.infra.module.public-gke-standard-cluster.module.gke.google_compute_firewall.master_webhooks",
            "module.infra.module.public-gke-standard-cluster.module.gke.google_compute_firewall.shadow_allow_inkubelet",
            "module.infra.module.public-gke-standard-cluster.module.gke.google_compute_firewall.shadow_allow_master",
            "module.infra.module.public-gke-standard-cluster.module.gke.google_compute_firewall.shadow_allow_nodes",
            "module.infra.module.public-gke-standard-cluster.module.gke.google_compute_firewall.shadow_allow_pods",
            "module.infra.module.public-gke-standard-cluster.module.gke.google_compute_firewall.shadow_deny_exkubelet",
            "module.infra.module.public-gke-standard-cluster.module.gke.google_compute_firewall.tpu_egress",
            "module.infra.module.public-gke-standard-cluster.module.gke.google_container_cluster.primary",
            "module.infra.module.public-gke-standard-cluster.module.gke.google_container_node_pool.pools",
            "module.infra.module.public-gke-standard-cluster.module.gke.google_container_node_pool.windows_pools",
            "module.infra.module.public-gke-standard-cluster.module.gke.google_project_iam_member.cluster_service_account-artifact-registry",
            "module.infra.module.public-gke-standard-cluster.module.gke.google_project_iam_member.cluster_service_account-gcr",
            "module.infra.module.public-gke-standard-cluster.module.gke.google_project_iam_member.cluster_service_account-metric_writer",
            "module.infra.module.public-gke-standard-cluster.module.gke.google_project_iam_member.cluster_service_account-nodeService_account",
            "module.infra.module.public-gke-standard-cluster.module.gke.google_project_iam_member.cluster_service_account-resourceMetadata-writer",
            "module.infra.module.public-gke-standard-cluster.module.gke.google_service_account.cluster_service_account",
            "module.infra.module.public-gke-standard-cluster.module.gke.kubernetes_config_map.ip-masq-agent",
            "module.infra.module.public-gke-standard-cluster.module.gke.kubernetes_config_map_v1_data.kube-dns",
            "module.infra.module.public-gke-standard-cluster.module.gke.kubernetes_config_map_v1_data.kube-dns-upstream-nameservers-and-stub-domains",
            "module.infra.module.public-gke-standard-cluster.module.gke.kubernetes_config_map_v1_data.kube-dns-upstream-namservers",
            "module.infra.module.public-gke-standard-cluster.module.gke.random_shuffle.available_zones",
            "module.infra.module.public-gke-standard-cluster.module.gke.random_string.cluster_service_account_suffix",
            "module.kuberay-workload-identity.data.google_service_account.cluster_service_account",
            "module.kuberay-workload-identity.google_project_iam_member.workload_identity_sa_bindings",
            "module.kuberay-workload-identity.google_project_iam_member.workload_identity_sa_bindings_additional_projects",
            "module.kuberay-workload-identity.google_service_account.cluster_service_account",
            "module.kuberay-workload-identity.google_service_account_iam_member.main",
            "module.kuberay-workload-identity.kubernetes_service_account.main",
            "module.kuberay-workload-identity.module.annotate-sa.module.gcloud_kubectl.data.external.env_override",
            "module.kuberay-workload-identity.module.annotate-sa.module.gcloud_kubectl.null_resource.additional_components",
            "module.kuberay-workload-identity.module.annotate-sa.module.gcloud_kubectl.null_resource.additional_components_destroy",
            "module.kuberay-workload-identity.module.annotate-sa.module.gcloud_kubectl.null_resource.decompress",
            "module.kuberay-workload-identity.module.annotate-sa.module.gcloud_kubectl.null_resource.decompress_destroy",
            "module.kuberay-workload-identity.module.annotate-sa.module.gcloud_kubectl.null_resource.download_gcloud",
            "module.kuberay-workload-identity.module.annotate-sa.module.gcloud_kubectl.null_resource.download_jq",
            "module.kuberay-workload-identity.module.annotate-sa.module.gcloud_kubectl.null_resource.gcloud_auth_google_credentials",
            "module.kuberay-workload-identity.module.annotate-sa.module.gcloud_kubectl.null_resource.gcloud_auth_google_credentials_destroy",
            "module.kuberay-workload-identity.module.annotate-sa.module.gcloud_kubectl.null_resource.gcloud_auth_service_account_key_file",
            "module.kuberay-workload-identity.module.annotate-sa.module.gcloud_kubectl.null_resource.gcloud_auth_service_account_key_file_destroy",
            "module.kuberay-workload-identity.module.annotate-sa.module.gcloud_kubectl.null_resource.module_depends_on",
            "module.kuberay-workload-identity.module.annotate-sa.module.gcloud_kubectl.null_resource.prepare_cache",
            "module.kuberay-workload-identity.module.annotate-sa.module.gcloud_kubectl.null_resource.run_command",
            "module.kuberay-workload-identity.module.annotate-sa.module.gcloud_kubectl.null_resource.run_destroy_command",
            "module.kuberay-workload-identity.module.annotate-sa.module.gcloud_kubectl.null_resource.upgrade",
            "module.kuberay-workload-identity.module.annotate-sa.module.gcloud_kubectl.null_resource.upgrade_destroy",
            "module.kuberay-workload-identity.module.annotate-sa.module.gcloud_kubectl.random_id.cache",
            "module.namespace.helm_release.app-namespace",
            "module.project-services.data.google_compute_default_service_account.default",
            "module.project-services.google_project_iam_member.project_service_identity_roles",
            "module.project-services.google_project_service.project_services",
            "module.project-services.google_project_service_identity.project_service_identities"
          ]
        }
      ]
    },
    {
      "module": "module.kuberay-workload-identity",
      "mode": "data",
      "type": "google_service_account",
      "name": "cluster_service_account",
      "provider": "provider[\"registry.terraform.io/hashicorp/google\"]",
      "instances": [
        {
          "index_key": 0,
          "schema_version": 0,
          "attributes": {
            "account_id": "ray-rag-sa",
            "display_name": "GCP SA bound to K8S SA genlu-gke-dev[ray-rag-sa]",
            "email": "ray-rag-sa@genlu-gke-dev.iam.gserviceaccount.com",
            "id": "projects/genlu-gke-dev/serviceAccounts/ray-rag-sa@genlu-gke-dev.iam.gserviceaccount.com",
            "member": "serviceAccount:ray-rag-sa@genlu-gke-dev.iam.gserviceaccount.com",
            "name": "projects/genlu-gke-dev/serviceAccounts/ray-rag-sa@genlu-gke-dev.iam.gserviceaccount.com",
            "project": "genlu-gke-dev",
            "unique_id": "114357833141420989301"
          },
          "sensitive_attributes": []
        }
      ]
    },
    {
      "module": "module.kuberay-workload-identity",
      "mode": "managed",
      "type": "google_project_iam_member",
      "name": "workload_identity_sa_bindings",
      "provider": "provider[\"registry.terraform.io/hashicorp/google\"]",
      "instances": [
        {
          "index_key": "roles/cloudsql.client",
          "schema_version": 0,
          "attributes": {
            "condition": [],
            "etag": "BwYgOIsplc4=",
            "id": "genlu-gke-dev/roles/cloudsql.client/serviceAccount:ray-rag-sa@genlu-gke-dev.iam.gserviceaccount.com",
            "member": "serviceAccount:ray-rag-sa@genlu-gke-dev.iam.gserviceaccount.com",
            "project": "genlu-gke-dev",
            "role": "roles/cloudsql.client"
          },
          "sensitive_attributes": [],
          "private": "bnVsbA==",
          "dependencies": [
            "data.google_client_config.default",
            "data.google_container_cluster.default",
            "data.google_project.project",
            "module.infra.data.google_compute_subnetwork.subnetwork",
            "module.infra.module.custom-network.google_compute_global_address.google-managed-services-range",
            "module.infra.module.custom-network.google_compute_network.network",
            "module.infra.module.custom-network.google_compute_subnetwork.subnetwork",
            "module.infra.module.custom-network.google_service_networking_connection.private_service_access",
            "module.infra.module.private-gke-autopilot-cluster.google_gke_hub_membership.gke-fleet",
            "module.infra.module.private-gke-autopilot-cluster.module.gke.data.google_compute_subnetwork.gke_subnetwork",
            "module.infra.module.private-gke-autopilot-cluster.module.gke.data.google_compute_zones.available",
            "module.infra.module.private-gke-autopilot-cluster.module.gke.data.google_container_engine_versions.region",
            "module.infra.module.private-gke-autopilot-cluster.module.gke.data.google_container_engine_versions.zone",
            "module.infra.module.private-gke-autopilot-cluster.module.gke.google_compute_firewall.intra_egress",
            "module.infra.module.private-gke-autopilot-cluster.module.gke.google_compute_firewall.master_webhooks",
            "module.infra.module.private-gke-autopilot-cluster.module.gke.google_compute_firewall.shadow_allow_inkubelet",
            "module.infra.module.private-gke-autopilot-cluster.module.gke.google_compute_firewall.shadow_allow_master",
            "module.infra.module.private-gke-autopilot-cluster.module.gke.google_compute_firewall.shadow_allow_nodes",
            "module.infra.module.private-gke-autopilot-cluster.module.gke.google_compute_firewall.shadow_allow_pods",
            "module.infra.module.private-gke-autopilot-cluster.module.gke.google_compute_firewall.shadow_deny_exkubelet",
            "module.infra.module.private-gke-autopilot-cluster.module.gke.google_compute_firewall.tpu_egress",
            "module.infra.module.private-gke-autopilot-cluster.module.gke.google_container_cluster.primary",
            "module.infra.module.private-gke-autopilot-cluster.module.gke.google_project_iam_member.cluster_service_account-artifact-registry",
            "module.infra.module.private-gke-autopilot-cluster.module.gke.google_project_iam_member.cluster_service_account-gcr",
            "module.infra.module.private-gke-autopilot-cluster.module.gke.google_project_iam_member.cluster_service_account-metric_writer",
            "module.infra.module.private-gke-autopilot-cluster.module.gke.google_project_iam_member.cluster_service_account-nodeService_account",
            "module.infra.module.private-gke-autopilot-cluster.module.gke.google_project_iam_member.cluster_service_account-resourceMetadata-writer",
            "module.infra.module.private-gke-autopilot-cluster.module.gke.google_project_iam_member.service_agent",
            "module.infra.module.private-gke-autopilot-cluster.module.gke.google_project_service_identity.fleet_project",
            "module.infra.module.private-gke-autopilot-cluster.module.gke.google_service_account.cluster_service_account",
            "module.infra.module.private-gke-autopilot-cluster.module.gke.kubernetes_config_map.ip-masq-agent",
            "module.infra.module.private-gke-autopilot-cluster.module.gke.kubernetes_config_map_v1_data.kube-dns",
            "module.infra.module.private-gke-autopilot-cluster.module.gke.kubernetes_config_map_v1_data.kube-dns-upstream-nameservers-and-stub-domains",
            "module.infra.module.private-gke-autopilot-cluster.module.gke.kubernetes_config_map_v1_data.kube-dns-upstream-namservers",
            "module.infra.module.private-gke-autopilot-cluster.module.gke.random_shuffle.available_zones",
            "module.infra.module.private-gke-autopilot-cluster.module.gke.random_string.cluster_service_account_suffix",
            "module.infra.module.private-gke-standard-cluster.google_gke_hub_membership.gke-fleet",
            "module.infra.module.private-gke-standard-cluster.module.gke.data.google_compute_subnetwork.gke_subnetwork",
            "module.infra.module.private-gke-standard-cluster.module.gke.data.google_compute_zones.available",
            "module.infra.module.private-gke-standard-cluster.module.gke.data.google_container_engine_versions.region",
            "module.infra.module.private-gke-standard-cluster.module.gke.data.google_container_engine_versions.zone",
            "module.infra.module.private-gke-standard-cluster.module.gke.google_compute_firewall.intra_egress",
            "module.infra.module.private-gke-standard-cluster.module.gke.google_compute_firewall.master_webhooks",
            "module.infra.module.private-gke-standard-cluster.module.gke.google_compute_firewall.shadow_allow_inkubelet",
            "module.infra.module.private-gke-standard-cluster.module.gke.google_compute_firewall.shadow_allow_master",
            "module.infra.module.private-gke-standard-cluster.module.gke.google_compute_firewall.shadow_allow_nodes",
            "module.infra.module.private-gke-standard-cluster.module.gke.google_compute_firewall.shadow_allow_pods",
            "module.infra.module.private-gke-standard-cluster.module.gke.google_compute_firewall.shadow_deny_exkubelet",
            "module.infra.module.private-gke-standard-cluster.module.gke.google_compute_firewall.tpu_egress",
            "module.infra.module.private-gke-standard-cluster.module.gke.google_container_cluster.primary",
            "module.infra.module.private-gke-standard-cluster.module.gke.google_container_node_pool.pools",
            "module.infra.module.private-gke-standard-cluster.module.gke.google_container_node_pool.windows_pools",
            "module.infra.module.private-gke-standard-cluster.module.gke.google_project_iam_member.cluster_service_account-artifact-registry",
            "module.infra.module.private-gke-standard-cluster.module.gke.google_project_iam_member.cluster_service_account-gcr",
            "module.infra.module.private-gke-standard-cluster.module.gke.google_project_iam_member.cluster_service_account-metric_writer",
            "module.infra.module.private-gke-standard-cluster.module.gke.google_project_iam_member.cluster_service_account-nodeService_account",
            "module.infra.module.private-gke-standard-cluster.module.gke.google_project_iam_member.cluster_service_account-resourceMetadata-writer",
            "module.infra.module.private-gke-standard-cluster.module.gke.google_service_account.cluster_service_account",
            "module.infra.module.private-gke-standard-cluster.module.gke.kubernetes_config_map.ip-masq-agent",
            "module.infra.module.private-gke-standard-cluster.module.gke.kubernetes_config_map_v1_data.kube-dns",
            "module.infra.module.private-gke-standard-cluster.module.gke.kubernetes_config_map_v1_data.kube-dns-upstream-nameservers-and-stub-domains",
            "module.infra.module.private-gke-standard-cluster.module.gke.kubernetes_config_map_v1_data.kube-dns-upstream-namservers",
            "module.infra.module.private-gke-standard-cluster.module.gke.random_shuffle.available_zones",
            "module.infra.module.private-gke-standard-cluster.module.gke.random_string.cluster_service_account_suffix",
            "module.infra.module.public-gke-autopilot-cluster.module.gke.data.google_compute_subnetwork.gke_subnetwork",
            "module.infra.module.public-gke-autopilot-cluster.module.gke.data.google_compute_zones.available",
            "module.infra.module.public-gke-autopilot-cluster.module.gke.data.google_container_engine_versions.region",
            "module.infra.module.public-gke-autopilot-cluster.module.gke.data.google_container_engine_versions.zone",
            "module.infra.module.public-gke-autopilot-cluster.module.gke.google_compute_firewall.intra_egress",
            "module.infra.module.public-gke-autopilot-cluster.module.gke.google_compute_firewall.master_webhooks",
            "module.infra.module.public-gke-autopilot-cluster.module.gke.google_compute_firewall.shadow_allow_inkubelet",
            "module.infra.module.public-gke-autopilot-cluster.module.gke.google_compute_firewall.shadow_allow_master",
            "module.infra.module.public-gke-autopilot-cluster.module.gke.google_compute_firewall.shadow_allow_nodes",
            "module.infra.module.public-gke-autopilot-cluster.module.gke.google_compute_firewall.shadow_allow_pods",
            "module.infra.module.public-gke-autopilot-cluster.module.gke.google_compute_firewall.shadow_deny_exkubelet",
            "module.infra.module.public-gke-autopilot-cluster.module.gke.google_compute_firewall.tpu_egress",
            "module.infra.module.public-gke-autopilot-cluster.module.gke.google_container_cluster.primary",
            "module.infra.module.public-gke-autopilot-cluster.module.gke.google_project_iam_member.cluster_service_account-artifact-registry",
            "module.infra.module.public-gke-autopilot-cluster.module.gke.google_project_iam_member.cluster_service_account-gcr",
            "module.infra.module.public-gke-autopilot-cluster.module.gke.google_project_iam_member.cluster_service_account-metric_writer",
            "module.infra.module.public-gke-autopilot-cluster.module.gke.google_project_iam_member.cluster_service_account-nodeService_account",
            "module.infra.module.public-gke-autopilot-cluster.module.gke.google_project_iam_member.cluster_service_account-resourceMetadata-writer",
            "module.infra.module.public-gke-autopilot-cluster.module.gke.google_project_iam_member.service_agent",
            "module.infra.module.public-gke-autopilot-cluster.module.gke.google_project_service_identity.fleet_project",
            "module.infra.module.public-gke-autopilot-cluster.module.gke.google_service_account.cluster_service_account",
            "module.infra.module.public-gke-autopilot-cluster.module.gke.kubernetes_config_map.ip-masq-agent",
            "module.infra.module.public-gke-autopilot-cluster.module.gke.kubernetes_config_map_v1_data.kube-dns",
            "module.infra.module.public-gke-autopilot-cluster.module.gke.kubernetes_config_map_v1_data.kube-dns-upstream-nameservers-and-stub-domains",
            "module.infra.module.public-gke-autopilot-cluster.module.gke.kubernetes_config_map_v1_data.kube-dns-upstream-namservers",
            "module.infra.module.public-gke-autopilot-cluster.module.gke.random_shuffle.available_zones",
            "module.infra.module.public-gke-autopilot-cluster.module.gke.random_string.cluster_service_account_suffix",
            "module.infra.module.public-gke-standard-cluster.module.gke.data.google_compute_subnetwork.gke_subnetwork",
            "module.infra.module.public-gke-standard-cluster.module.gke.data.google_compute_zones.available",
            "module.infra.module.public-gke-standard-cluster.module.gke.data.google_container_engine_versions.region",
            "module.infra.module.public-gke-standard-cluster.module.gke.data.google_container_engine_versions.zone",
            "module.infra.module.public-gke-standard-cluster.module.gke.google_compute_firewall.intra_egress",
            "module.infra.module.public-gke-standard-cluster.module.gke.google_compute_firewall.master_webhooks",
            "module.infra.module.public-gke-standard-cluster.module.gke.google_compute_firewall.shadow_allow_inkubelet",
            "module.infra.module.public-gke-standard-cluster.module.gke.google_compute_firewall.shadow_allow_master",
            "module.infra.module.public-gke-standard-cluster.module.gke.google_compute_firewall.shadow_allow_nodes",
            "module.infra.module.public-gke-standard-cluster.module.gke.google_compute_firewall.shadow_allow_pods",
            "module.infra.module.public-gke-standard-cluster.module.gke.google_compute_firewall.shadow_deny_exkubelet",
            "module.infra.module.public-gke-standard-cluster.module.gke.google_compute_firewall.tpu_egress",
            "module.infra.module.public-gke-standard-cluster.module.gke.google_container_cluster.primary",
            "module.infra.module.public-gke-standard-cluster.module.gke.google_container_node_pool.pools",
            "module.infra.module.public-gke-standard-cluster.module.gke.google_container_node_pool.windows_pools",
            "module.infra.module.public-gke-standard-cluster.module.gke.google_project_iam_member.cluster_service_account-artifact-registry",
            "module.infra.module.public-gke-standard-cluster.module.gke.google_project_iam_member.cluster_service_account-gcr",
            "module.infra.module.public-gke-standard-cluster.module.gke.google_project_iam_member.cluster_service_account-metric_writer",
            "module.infra.module.public-gke-standard-cluster.module.gke.google_project_iam_member.cluster_service_account-nodeService_account",
            "module.infra.module.public-gke-standard-cluster.module.gke.google_project_iam_member.cluster_service_account-resourceMetadata-writer",
            "module.infra.module.public-gke-standard-cluster.module.gke.google_service_account.cluster_service_account",
            "module.infra.module.public-gke-standard-cluster.module.gke.kubernetes_config_map.ip-masq-agent",
            "module.infra.module.public-gke-standard-cluster.module.gke.kubernetes_config_map_v1_data.kube-dns",
            "module.infra.module.public-gke-standard-cluster.module.gke.kubernetes_config_map_v1_data.kube-dns-upstream-nameservers-and-stub-domains",
            "module.infra.module.public-gke-standard-cluster.module.gke.kubernetes_config_map_v1_data.kube-dns-upstream-namservers",
            "module.infra.module.public-gke-standard-cluster.module.gke.random_shuffle.available_zones",
            "module.infra.module.public-gke-standard-cluster.module.gke.random_string.cluster_service_account_suffix",
            "module.kuberay-workload-identity.data.google_service_account.cluster_service_account",
            "module.kuberay-workload-identity.google_service_account.cluster_service_account",
            "module.namespace.helm_release.app-namespace",
            "module.project-services.data.google_compute_default_service_account.default",
            "module.project-services.google_project_iam_member.project_service_identity_roles",
            "module.project-services.google_project_service.project_services",
            "module.project-services.google_project_service_identity.project_service_identities"
          ]
        },
        {
          "index_key": "roles/monitoring.viewer",
          "schema_version": 0,
          "attributes": {
            "condition": [],
            "etag": "BwYgOIsplc4=",
            "id": "genlu-gke-dev/roles/monitoring.viewer/serviceAccount:ray-rag-sa@genlu-gke-dev.iam.gserviceaccount.com",
            "member": "serviceAccount:ray-rag-sa@genlu-gke-dev.iam.gserviceaccount.com",
            "project": "genlu-gke-dev",
            "role": "roles/monitoring.viewer"
          },
          "sensitive_attributes": [],
          "private": "bnVsbA==",
          "dependencies": [
            "data.google_client_config.default",
            "data.google_container_cluster.default",
            "data.google_project.project",
            "module.infra.data.google_compute_subnetwork.subnetwork",
            "module.infra.module.custom-network.google_compute_global_address.google-managed-services-range",
            "module.infra.module.custom-network.google_compute_network.network",
            "module.infra.module.custom-network.google_compute_subnetwork.subnetwork",
            "module.infra.module.custom-network.google_service_networking_connection.private_service_access",
            "module.infra.module.private-gke-autopilot-cluster.google_gke_hub_membership.gke-fleet",
            "module.infra.module.private-gke-autopilot-cluster.module.gke.data.google_compute_subnetwork.gke_subnetwork",
            "module.infra.module.private-gke-autopilot-cluster.module.gke.data.google_compute_zones.available",
            "module.infra.module.private-gke-autopilot-cluster.module.gke.data.google_container_engine_versions.region",
            "module.infra.module.private-gke-autopilot-cluster.module.gke.data.google_container_engine_versions.zone",
            "module.infra.module.private-gke-autopilot-cluster.module.gke.google_compute_firewall.intra_egress",
            "module.infra.module.private-gke-autopilot-cluster.module.gke.google_compute_firewall.master_webhooks",
            "module.infra.module.private-gke-autopilot-cluster.module.gke.google_compute_firewall.shadow_allow_inkubelet",
            "module.infra.module.private-gke-autopilot-cluster.module.gke.google_compute_firewall.shadow_allow_master",
            "module.infra.module.private-gke-autopilot-cluster.module.gke.google_compute_firewall.shadow_allow_nodes",
            "module.infra.module.private-gke-autopilot-cluster.module.gke.google_compute_firewall.shadow_allow_pods",
            "module.infra.module.private-gke-autopilot-cluster.module.gke.google_compute_firewall.shadow_deny_exkubelet",
            "module.infra.module.private-gke-autopilot-cluster.module.gke.google_compute_firewall.tpu_egress",
            "module.infra.module.private-gke-autopilot-cluster.module.gke.google_container_cluster.primary",
            "module.infra.module.private-gke-autopilot-cluster.module.gke.google_project_iam_member.cluster_service_account-artifact-registry",
            "module.infra.module.private-gke-autopilot-cluster.module.gke.google_project_iam_member.cluster_service_account-gcr",
            "module.infra.module.private-gke-autopilot-cluster.module.gke.google_project_iam_member.cluster_service_account-metric_writer",
            "module.infra.module.private-gke-autopilot-cluster.module.gke.google_project_iam_member.cluster_service_account-nodeService_account",
            "module.infra.module.private-gke-autopilot-cluster.module.gke.google_project_iam_member.cluster_service_account-resourceMetadata-writer",
            "module.infra.module.private-gke-autopilot-cluster.module.gke.google_project_iam_member.service_agent",
            "module.infra.module.private-gke-autopilot-cluster.module.gke.google_project_service_identity.fleet_project",
            "module.infra.module.private-gke-autopilot-cluster.module.gke.google_service_account.cluster_service_account",
            "module.infra.module.private-gke-autopilot-cluster.module.gke.kubernetes_config_map.ip-masq-agent",
            "module.infra.module.private-gke-autopilot-cluster.module.gke.kubernetes_config_map_v1_data.kube-dns",
            "module.infra.module.private-gke-autopilot-cluster.module.gke.kubernetes_config_map_v1_data.kube-dns-upstream-nameservers-and-stub-domains",
            "module.infra.module.private-gke-autopilot-cluster.module.gke.kubernetes_config_map_v1_data.kube-dns-upstream-namservers",
            "module.infra.module.private-gke-autopilot-cluster.module.gke.random_shuffle.available_zones",
            "module.infra.module.private-gke-autopilot-cluster.module.gke.random_string.cluster_service_account_suffix",
            "module.infra.module.private-gke-standard-cluster.google_gke_hub_membership.gke-fleet",
            "module.infra.module.private-gke-standard-cluster.module.gke.data.google_compute_subnetwork.gke_subnetwork",
            "module.infra.module.private-gke-standard-cluster.module.gke.data.google_compute_zones.available",
            "module.infra.module.private-gke-standard-cluster.module.gke.data.google_container_engine_versions.region",
            "module.infra.module.private-gke-standard-cluster.module.gke.data.google_container_engine_versions.zone",
            "module.infra.module.private-gke-standard-cluster.module.gke.google_compute_firewall.intra_egress",
            "module.infra.module.private-gke-standard-cluster.module.gke.google_compute_firewall.master_webhooks",
            "module.infra.module.private-gke-standard-cluster.module.gke.google_compute_firewall.shadow_allow_inkubelet",
            "module.infra.module.private-gke-standard-cluster.module.gke.google_compute_firewall.shadow_allow_master",
            "module.infra.module.private-gke-standard-cluster.module.gke.google_compute_firewall.shadow_allow_nodes",
            "module.infra.module.private-gke-standard-cluster.module.gke.google_compute_firewall.shadow_allow_pods",
            "module.infra.module.private-gke-standard-cluster.module.gke.google_compute_firewall.shadow_deny_exkubelet",
            "module.infra.module.private-gke-standard-cluster.module.gke.google_compute_firewall.tpu_egress",
            "module.infra.module.private-gke-standard-cluster.module.gke.google_container_cluster.primary",
            "module.infra.module.private-gke-standard-cluster.module.gke.google_container_node_pool.pools",
            "module.infra.module.private-gke-standard-cluster.module.gke.google_container_node_pool.windows_pools",
            "module.infra.module.private-gke-standard-cluster.module.gke.google_project_iam_member.cluster_service_account-artifact-registry",
            "module.infra.module.private-gke-standard-cluster.module.gke.google_project_iam_member.cluster_service_account-gcr",
            "module.infra.module.private-gke-standard-cluster.module.gke.google_project_iam_member.cluster_service_account-metric_writer",
            "module.infra.module.private-gke-standard-cluster.module.gke.google_project_iam_member.cluster_service_account-nodeService_account",
            "module.infra.module.private-gke-standard-cluster.module.gke.google_project_iam_member.cluster_service_account-resourceMetadata-writer",
            "module.infra.module.private-gke-standard-cluster.module.gke.google_service_account.cluster_service_account",
            "module.infra.module.private-gke-standard-cluster.module.gke.kubernetes_config_map.ip-masq-agent",
            "module.infra.module.private-gke-standard-cluster.module.gke.kubernetes_config_map_v1_data.kube-dns",
            "module.infra.module.private-gke-standard-cluster.module.gke.kubernetes_config_map_v1_data.kube-dns-upstream-nameservers-and-stub-domains",
            "module.infra.module.private-gke-standard-cluster.module.gke.kubernetes_config_map_v1_data.kube-dns-upstream-namservers",
            "module.infra.module.private-gke-standard-cluster.module.gke.random_shuffle.available_zones",
            "module.infra.module.private-gke-standard-cluster.module.gke.random_string.cluster_service_account_suffix",
            "module.infra.module.public-gke-autopilot-cluster.module.gke.data.google_compute_subnetwork.gke_subnetwork",
            "module.infra.module.public-gke-autopilot-cluster.module.gke.data.google_compute_zones.available",
            "module.infra.module.public-gke-autopilot-cluster.module.gke.data.google_container_engine_versions.region",
            "module.infra.module.public-gke-autopilot-cluster.module.gke.data.google_container_engine_versions.zone",
            "module.infra.module.public-gke-autopilot-cluster.module.gke.google_compute_firewall.intra_egress",
            "module.infra.module.public-gke-autopilot-cluster.module.gke.google_compute_firewall.master_webhooks",
            "module.infra.module.public-gke-autopilot-cluster.module.gke.google_compute_firewall.shadow_allow_inkubelet",
            "module.infra.module.public-gke-autopilot-cluster.module.gke.google_compute_firewall.shadow_allow_master",
            "module.infra.module.public-gke-autopilot-cluster.module.gke.google_compute_firewall.shadow_allow_nodes",
            "module.infra.module.public-gke-autopilot-cluster.module.gke.google_compute_firewall.shadow_allow_pods",
            "module.infra.module.public-gke-autopilot-cluster.module.gke.google_compute_firewall.shadow_deny_exkubelet",
            "module.infra.module.public-gke-autopilot-cluster.module.gke.google_compute_firewall.tpu_egress",
            "module.infra.module.public-gke-autopilot-cluster.module.gke.google_container_cluster.primary",
            "module.infra.module.public-gke-autopilot-cluster.module.gke.google_project_iam_member.cluster_service_account-artifact-registry",
            "module.infra.module.public-gke-autopilot-cluster.module.gke.google_project_iam_member.cluster_service_account-gcr",
            "module.infra.module.public-gke-autopilot-cluster.module.gke.google_project_iam_member.cluster_service_account-metric_writer",
            "module.infra.module.public-gke-autopilot-cluster.module.gke.google_project_iam_member.cluster_service_account-nodeService_account",
            "module.infra.module.public-gke-autopilot-cluster.module.gke.google_project_iam_member.cluster_service_account-resourceMetadata-writer",
            "module.infra.module.public-gke-autopilot-cluster.module.gke.google_project_iam_member.service_agent",
            "module.infra.module.public-gke-autopilot-cluster.module.gke.google_project_service_identity.fleet_project",
            "module.infra.module.public-gke-autopilot-cluster.module.gke.google_service_account.cluster_service_account",
            "module.infra.module.public-gke-autopilot-cluster.module.gke.kubernetes_config_map.ip-masq-agent",
            "module.infra.module.public-gke-autopilot-cluster.module.gke.kubernetes_config_map_v1_data.kube-dns",
            "module.infra.module.public-gke-autopilot-cluster.module.gke.kubernetes_config_map_v1_data.kube-dns-upstream-nameservers-and-stub-domains",
            "module.infra.module.public-gke-autopilot-cluster.module.gke.kubernetes_config_map_v1_data.kube-dns-upstream-namservers",
            "module.infra.module.public-gke-autopilot-cluster.module.gke.random_shuffle.available_zones",
            "module.infra.module.public-gke-autopilot-cluster.module.gke.random_string.cluster_service_account_suffix",
            "module.infra.module.public-gke-standard-cluster.module.gke.data.google_compute_subnetwork.gke_subnetwork",
            "module.infra.module.public-gke-standard-cluster.module.gke.data.google_compute_zones.available",
            "module.infra.module.public-gke-standard-cluster.module.gke.data.google_container_engine_versions.region",
            "module.infra.module.public-gke-standard-cluster.module.gke.data.google_container_engine_versions.zone",
            "module.infra.module.public-gke-standard-cluster.module.gke.google_compute_firewall.intra_egress",
            "module.infra.module.public-gke-standard-cluster.module.gke.google_compute_firewall.master_webhooks",
            "module.infra.module.public-gke-standard-cluster.module.gke.google_compute_firewall.shadow_allow_inkubelet",
            "module.infra.module.public-gke-standard-cluster.module.gke.google_compute_firewall.shadow_allow_master",
            "module.infra.module.public-gke-standard-cluster.module.gke.google_compute_firewall.shadow_allow_nodes",
            "module.infra.module.public-gke-standard-cluster.module.gke.google_compute_firewall.shadow_allow_pods",
            "module.infra.module.public-gke-standard-cluster.module.gke.google_compute_firewall.shadow_deny_exkubelet",
            "module.infra.module.public-gke-standard-cluster.module.gke.google_compute_firewall.tpu_egress",
            "module.infra.module.public-gke-standard-cluster.module.gke.google_container_cluster.primary",
            "module.infra.module.public-gke-standard-cluster.module.gke.google_container_node_pool.pools",
            "module.infra.module.public-gke-standard-cluster.module.gke.google_container_node_pool.windows_pools",
            "module.infra.module.public-gke-standard-cluster.module.gke.google_project_iam_member.cluster_service_account-artifact-registry",
            "module.infra.module.public-gke-standard-cluster.module.gke.google_project_iam_member.cluster_service_account-gcr",
            "module.infra.module.public-gke-standard-cluster.module.gke.google_project_iam_member.cluster_service_account-metric_writer",
            "module.infra.module.public-gke-standard-cluster.module.gke.google_project_iam_member.cluster_service_account-nodeService_account",
            "module.infra.module.public-gke-standard-cluster.module.gke.google_project_iam_member.cluster_service_account-resourceMetadata-writer",
            "module.infra.module.public-gke-standard-cluster.module.gke.google_service_account.cluster_service_account",
            "module.infra.module.public-gke-standard-cluster.module.gke.kubernetes_config_map.ip-masq-agent",
            "module.infra.module.public-gke-standard-cluster.module.gke.kubernetes_config_map_v1_data.kube-dns",
            "module.infra.module.public-gke-standard-cluster.module.gke.kubernetes_config_map_v1_data.kube-dns-upstream-nameservers-and-stub-domains",
            "module.infra.module.public-gke-standard-cluster.module.gke.kubernetes_config_map_v1_data.kube-dns-upstream-namservers",
            "module.infra.module.public-gke-standard-cluster.module.gke.random_shuffle.available_zones",
            "module.infra.module.public-gke-standard-cluster.module.gke.random_string.cluster_service_account_suffix",
            "module.kuberay-workload-identity.data.google_service_account.cluster_service_account",
            "module.kuberay-workload-identity.google_service_account.cluster_service_account",
            "module.namespace.helm_release.app-namespace",
            "module.project-services.data.google_compute_default_service_account.default",
            "module.project-services.google_project_iam_member.project_service_identity_roles",
            "module.project-services.google_project_service.project_services",
            "module.project-services.google_project_service_identity.project_service_identities"
          ]
        }
      ]
    },
    {
      "module": "module.kuberay-workload-identity",
      "mode": "managed",
      "type": "google_service_account_iam_member",
      "name": "main",
      "provider": "provider[\"registry.terraform.io/hashicorp/google\"]",
      "instances": [
        {
          "schema_version": 0,
          "attributes": {
            "condition": [],
            "etag": "BwYgOIr8NE4=",
            "id": "projects/genlu-gke-dev/serviceAccounts/ray-rag-sa@genlu-gke-dev.iam.gserviceaccount.com/roles/iam.workloadIdentityUser/serviceAccount:genlu-gke-dev.svc.id.goog[ai-on-gke/ray-rag-sa]",
            "member": "serviceAccount:genlu-gke-dev.svc.id.goog[ai-on-gke/ray-rag-sa]",
            "role": "roles/iam.workloadIdentityUser",
            "service_account_id": "projects/genlu-gke-dev/serviceAccounts/ray-rag-sa@genlu-gke-dev.iam.gserviceaccount.com"
          },
          "sensitive_attributes": [],
          "private": "bnVsbA==",
          "dependencies": [
            "data.google_client_config.default",
            "data.google_container_cluster.default",
            "data.google_project.project",
            "module.infra.data.google_compute_subnetwork.subnetwork",
            "module.infra.module.custom-network.google_compute_global_address.google-managed-services-range",
            "module.infra.module.custom-network.google_compute_network.network",
            "module.infra.module.custom-network.google_compute_subnetwork.subnetwork",
            "module.infra.module.custom-network.google_service_networking_connection.private_service_access",
            "module.infra.module.private-gke-autopilot-cluster.google_gke_hub_membership.gke-fleet",
            "module.infra.module.private-gke-autopilot-cluster.module.gke.data.google_compute_subnetwork.gke_subnetwork",
            "module.infra.module.private-gke-autopilot-cluster.module.gke.data.google_compute_zones.available",
            "module.infra.module.private-gke-autopilot-cluster.module.gke.data.google_container_engine_versions.region",
            "module.infra.module.private-gke-autopilot-cluster.module.gke.data.google_container_engine_versions.zone",
            "module.infra.module.private-gke-autopilot-cluster.module.gke.google_compute_firewall.intra_egress",
            "module.infra.module.private-gke-autopilot-cluster.module.gke.google_compute_firewall.master_webhooks",
            "module.infra.module.private-gke-autopilot-cluster.module.gke.google_compute_firewall.shadow_allow_inkubelet",
            "module.infra.module.private-gke-autopilot-cluster.module.gke.google_compute_firewall.shadow_allow_master",
            "module.infra.module.private-gke-autopilot-cluster.module.gke.google_compute_firewall.shadow_allow_nodes",
            "module.infra.module.private-gke-autopilot-cluster.module.gke.google_compute_firewall.shadow_allow_pods",
            "module.infra.module.private-gke-autopilot-cluster.module.gke.google_compute_firewall.shadow_deny_exkubelet",
            "module.infra.module.private-gke-autopilot-cluster.module.gke.google_compute_firewall.tpu_egress",
            "module.infra.module.private-gke-autopilot-cluster.module.gke.google_container_cluster.primary",
            "module.infra.module.private-gke-autopilot-cluster.module.gke.google_project_iam_member.cluster_service_account-artifact-registry",
            "module.infra.module.private-gke-autopilot-cluster.module.gke.google_project_iam_member.cluster_service_account-gcr",
            "module.infra.module.private-gke-autopilot-cluster.module.gke.google_project_iam_member.cluster_service_account-metric_writer",
            "module.infra.module.private-gke-autopilot-cluster.module.gke.google_project_iam_member.cluster_service_account-nodeService_account",
            "module.infra.module.private-gke-autopilot-cluster.module.gke.google_project_iam_member.cluster_service_account-resourceMetadata-writer",
            "module.infra.module.private-gke-autopilot-cluster.module.gke.google_project_iam_member.service_agent",
            "module.infra.module.private-gke-autopilot-cluster.module.gke.google_project_service_identity.fleet_project",
            "module.infra.module.private-gke-autopilot-cluster.module.gke.google_service_account.cluster_service_account",
            "module.infra.module.private-gke-autopilot-cluster.module.gke.kubernetes_config_map.ip-masq-agent",
            "module.infra.module.private-gke-autopilot-cluster.module.gke.kubernetes_config_map_v1_data.kube-dns",
            "module.infra.module.private-gke-autopilot-cluster.module.gke.kubernetes_config_map_v1_data.kube-dns-upstream-nameservers-and-stub-domains",
            "module.infra.module.private-gke-autopilot-cluster.module.gke.kubernetes_config_map_v1_data.kube-dns-upstream-namservers",
            "module.infra.module.private-gke-autopilot-cluster.module.gke.random_shuffle.available_zones",
            "module.infra.module.private-gke-autopilot-cluster.module.gke.random_string.cluster_service_account_suffix",
            "module.infra.module.private-gke-standard-cluster.google_gke_hub_membership.gke-fleet",
            "module.infra.module.private-gke-standard-cluster.module.gke.data.google_compute_subnetwork.gke_subnetwork",
            "module.infra.module.private-gke-standard-cluster.module.gke.data.google_compute_zones.available",
            "module.infra.module.private-gke-standard-cluster.module.gke.data.google_container_engine_versions.region",
            "module.infra.module.private-gke-standard-cluster.module.gke.data.google_container_engine_versions.zone",
            "module.infra.module.private-gke-standard-cluster.module.gke.google_compute_firewall.intra_egress",
            "module.infra.module.private-gke-standard-cluster.module.gke.google_compute_firewall.master_webhooks",
            "module.infra.module.private-gke-standard-cluster.module.gke.google_compute_firewall.shadow_allow_inkubelet",
            "module.infra.module.private-gke-standard-cluster.module.gke.google_compute_firewall.shadow_allow_master",
            "module.infra.module.private-gke-standard-cluster.module.gke.google_compute_firewall.shadow_allow_nodes",
            "module.infra.module.private-gke-standard-cluster.module.gke.google_compute_firewall.shadow_allow_pods",
            "module.infra.module.private-gke-standard-cluster.module.gke.google_compute_firewall.shadow_deny_exkubelet",
            "module.infra.module.private-gke-standard-cluster.module.gke.google_compute_firewall.tpu_egress",
            "module.infra.module.private-gke-standard-cluster.module.gke.google_container_cluster.primary",
            "module.infra.module.private-gke-standard-cluster.module.gke.google_container_node_pool.pools",
            "module.infra.module.private-gke-standard-cluster.module.gke.google_container_node_pool.windows_pools",
            "module.infra.module.private-gke-standard-cluster.module.gke.google_project_iam_member.cluster_service_account-artifact-registry",
            "module.infra.module.private-gke-standard-cluster.module.gke.google_project_iam_member.cluster_service_account-gcr",
            "module.infra.module.private-gke-standard-cluster.module.gke.google_project_iam_member.cluster_service_account-metric_writer",
            "module.infra.module.private-gke-standard-cluster.module.gke.google_project_iam_member.cluster_service_account-nodeService_account",
            "module.infra.module.private-gke-standard-cluster.module.gke.google_project_iam_member.cluster_service_account-resourceMetadata-writer",
            "module.infra.module.private-gke-standard-cluster.module.gke.google_service_account.cluster_service_account",
            "module.infra.module.private-gke-standard-cluster.module.gke.kubernetes_config_map.ip-masq-agent",
            "module.infra.module.private-gke-standard-cluster.module.gke.kubernetes_config_map_v1_data.kube-dns",
            "module.infra.module.private-gke-standard-cluster.module.gke.kubernetes_config_map_v1_data.kube-dns-upstream-nameservers-and-stub-domains",
            "module.infra.module.private-gke-standard-cluster.module.gke.kubernetes_config_map_v1_data.kube-dns-upstream-namservers",
            "module.infra.module.private-gke-standard-cluster.module.gke.random_shuffle.available_zones",
            "module.infra.module.private-gke-standard-cluster.module.gke.random_string.cluster_service_account_suffix",
            "module.infra.module.public-gke-autopilot-cluster.module.gke.data.google_compute_subnetwork.gke_subnetwork",
            "module.infra.module.public-gke-autopilot-cluster.module.gke.data.google_compute_zones.available",
            "module.infra.module.public-gke-autopilot-cluster.module.gke.data.google_container_engine_versions.region",
            "module.infra.module.public-gke-autopilot-cluster.module.gke.data.google_container_engine_versions.zone",
            "module.infra.module.public-gke-autopilot-cluster.module.gke.google_compute_firewall.intra_egress",
            "module.infra.module.public-gke-autopilot-cluster.module.gke.google_compute_firewall.master_webhooks",
            "module.infra.module.public-gke-autopilot-cluster.module.gke.google_compute_firewall.shadow_allow_inkubelet",
            "module.infra.module.public-gke-autopilot-cluster.module.gke.google_compute_firewall.shadow_allow_master",
            "module.infra.module.public-gke-autopilot-cluster.module.gke.google_compute_firewall.shadow_allow_nodes",
            "module.infra.module.public-gke-autopilot-cluster.module.gke.google_compute_firewall.shadow_allow_pods",
            "module.infra.module.public-gke-autopilot-cluster.module.gke.google_compute_firewall.shadow_deny_exkubelet",
            "module.infra.module.public-gke-autopilot-cluster.module.gke.google_compute_firewall.tpu_egress",
            "module.infra.module.public-gke-autopilot-cluster.module.gke.google_container_cluster.primary",
            "module.infra.module.public-gke-autopilot-cluster.module.gke.google_project_iam_member.cluster_service_account-artifact-registry",
            "module.infra.module.public-gke-autopilot-cluster.module.gke.google_project_iam_member.cluster_service_account-gcr",
            "module.infra.module.public-gke-autopilot-cluster.module.gke.google_project_iam_member.cluster_service_account-metric_writer",
            "module.infra.module.public-gke-autopilot-cluster.module.gke.google_project_iam_member.cluster_service_account-nodeService_account",
            "module.infra.module.public-gke-autopilot-cluster.module.gke.google_project_iam_member.cluster_service_account-resourceMetadata-writer",
            "module.infra.module.public-gke-autopilot-cluster.module.gke.google_project_iam_member.service_agent",
            "module.infra.module.public-gke-autopilot-cluster.module.gke.google_project_service_identity.fleet_project",
            "module.infra.module.public-gke-autopilot-cluster.module.gke.google_service_account.cluster_service_account",
            "module.infra.module.public-gke-autopilot-cluster.module.gke.kubernetes_config_map.ip-masq-agent",
            "module.infra.module.public-gke-autopilot-cluster.module.gke.kubernetes_config_map_v1_data.kube-dns",
            "module.infra.module.public-gke-autopilot-cluster.module.gke.kubernetes_config_map_v1_data.kube-dns-upstream-nameservers-and-stub-domains",
            "module.infra.module.public-gke-autopilot-cluster.module.gke.kubernetes_config_map_v1_data.kube-dns-upstream-namservers",
            "module.infra.module.public-gke-autopilot-cluster.module.gke.random_shuffle.available_zones",
            "module.infra.module.public-gke-autopilot-cluster.module.gke.random_string.cluster_service_account_suffix",
            "module.infra.module.public-gke-standard-cluster.module.gke.data.google_compute_subnetwork.gke_subnetwork",
            "module.infra.module.public-gke-standard-cluster.module.gke.data.google_compute_zones.available",
            "module.infra.module.public-gke-standard-cluster.module.gke.data.google_container_engine_versions.region",
            "module.infra.module.public-gke-standard-cluster.module.gke.data.google_container_engine_versions.zone",
            "module.infra.module.public-gke-standard-cluster.module.gke.google_compute_firewall.intra_egress",
            "module.infra.module.public-gke-standard-cluster.module.gke.google_compute_firewall.master_webhooks",
            "module.infra.module.public-gke-standard-cluster.module.gke.google_compute_firewall.shadow_allow_inkubelet",
            "module.infra.module.public-gke-standard-cluster.module.gke.google_compute_firewall.shadow_allow_master",
            "module.infra.module.public-gke-standard-cluster.module.gke.google_compute_firewall.shadow_allow_nodes",
            "module.infra.module.public-gke-standard-cluster.module.gke.google_compute_firewall.shadow_allow_pods",
            "module.infra.module.public-gke-standard-cluster.module.gke.google_compute_firewall.shadow_deny_exkubelet",
            "module.infra.module.public-gke-standard-cluster.module.gke.google_compute_firewall.tpu_egress",
            "module.infra.module.public-gke-standard-cluster.module.gke.google_container_cluster.primary",
            "module.infra.module.public-gke-standard-cluster.module.gke.google_container_node_pool.pools",
            "module.infra.module.public-gke-standard-cluster.module.gke.google_container_node_pool.windows_pools",
            "module.infra.module.public-gke-standard-cluster.module.gke.google_project_iam_member.cluster_service_account-artifact-registry",
            "module.infra.module.public-gke-standard-cluster.module.gke.google_project_iam_member.cluster_service_account-gcr",
            "module.infra.module.public-gke-standard-cluster.module.gke.google_project_iam_member.cluster_service_account-metric_writer",
            "module.infra.module.public-gke-standard-cluster.module.gke.google_project_iam_member.cluster_service_account-nodeService_account",
            "module.infra.module.public-gke-standard-cluster.module.gke.google_project_iam_member.cluster_service_account-resourceMetadata-writer",
            "module.infra.module.public-gke-standard-cluster.module.gke.google_service_account.cluster_service_account",
            "module.infra.module.public-gke-standard-cluster.module.gke.kubernetes_config_map.ip-masq-agent",
            "module.infra.module.public-gke-standard-cluster.module.gke.kubernetes_config_map_v1_data.kube-dns",
            "module.infra.module.public-gke-standard-cluster.module.gke.kubernetes_config_map_v1_data.kube-dns-upstream-nameservers-and-stub-domains",
            "module.infra.module.public-gke-standard-cluster.module.gke.kubernetes_config_map_v1_data.kube-dns-upstream-namservers",
            "module.infra.module.public-gke-standard-cluster.module.gke.random_shuffle.available_zones",
            "module.infra.module.public-gke-standard-cluster.module.gke.random_string.cluster_service_account_suffix",
            "module.kuberay-workload-identity.data.google_service_account.cluster_service_account",
            "module.kuberay-workload-identity.google_service_account.cluster_service_account",
            "module.kuberay-workload-identity.kubernetes_service_account.main",
            "module.namespace.helm_release.app-namespace",
            "module.project-services.data.google_compute_default_service_account.default",
            "module.project-services.google_project_iam_member.project_service_identity_roles",
            "module.project-services.google_project_service.project_services",
            "module.project-services.google_project_service_identity.project_service_identities"
          ]
        }
      ]
    },
    {
      "module": "module.kuberay-workload-identity",
      "mode": "managed",
      "type": "kubernetes_service_account",
      "name": "main",
      "provider": "provider[\"registry.terraform.io/hashicorp/kubernetes\"].rag",
      "instances": [
        {
          "index_key": 0,
          "schema_version": 0,
          "attributes": {
            "automount_service_account_token": true,
            "default_secret_name": "",
            "id": "ai-on-gke/ray-rag-sa",
            "image_pull_secret": [],
            "metadata": [
              {
                "annotations": {
                  "iam.gke.io/gcp-service-account": "ray-rag-sa@genlu-gke-dev.iam.gserviceaccount.com"
                },
                "generate_name": "",
                "generation": 0,
                "labels": {},
                "name": "ray-rag-sa",
                "namespace": "ai-on-gke",
                "resource_version": "18407",
                "uid": "899af1a1-9efd-46ac-b4ab-c7d4179f74b6"
              }
            ],
            "secret": [],
            "timeouts": null
          },
          "sensitive_attributes": [],
          "private": "eyJlMmJmYjczMC1lY2FhLTExZTYtOGY4OC0zNDM2M2JjN2M0YzAiOnsiY3JlYXRlIjozMDAwMDAwMDAwMH19",
          "dependencies": [
            "data.google_client_config.default",
            "data.google_container_cluster.default",
            "data.google_project.project",
            "module.infra.data.google_compute_subnetwork.subnetwork",
            "module.infra.module.custom-network.google_compute_global_address.google-managed-services-range",
            "module.infra.module.custom-network.google_compute_network.network",
            "module.infra.module.custom-network.google_compute_subnetwork.subnetwork",
            "module.infra.module.custom-network.google_service_networking_connection.private_service_access",
            "module.infra.module.private-gke-autopilot-cluster.google_gke_hub_membership.gke-fleet",
            "module.infra.module.private-gke-autopilot-cluster.module.gke.data.google_compute_subnetwork.gke_subnetwork",
            "module.infra.module.private-gke-autopilot-cluster.module.gke.data.google_compute_zones.available",
            "module.infra.module.private-gke-autopilot-cluster.module.gke.data.google_container_engine_versions.region",
            "module.infra.module.private-gke-autopilot-cluster.module.gke.data.google_container_engine_versions.zone",
            "module.infra.module.private-gke-autopilot-cluster.module.gke.google_compute_firewall.intra_egress",
            "module.infra.module.private-gke-autopilot-cluster.module.gke.google_compute_firewall.master_webhooks",
            "module.infra.module.private-gke-autopilot-cluster.module.gke.google_compute_firewall.shadow_allow_inkubelet",
            "module.infra.module.private-gke-autopilot-cluster.module.gke.google_compute_firewall.shadow_allow_master",
            "module.infra.module.private-gke-autopilot-cluster.module.gke.google_compute_firewall.shadow_allow_nodes",
            "module.infra.module.private-gke-autopilot-cluster.module.gke.google_compute_firewall.shadow_allow_pods",
            "module.infra.module.private-gke-autopilot-cluster.module.gke.google_compute_firewall.shadow_deny_exkubelet",
            "module.infra.module.private-gke-autopilot-cluster.module.gke.google_compute_firewall.tpu_egress",
            "module.infra.module.private-gke-autopilot-cluster.module.gke.google_container_cluster.primary",
            "module.infra.module.private-gke-autopilot-cluster.module.gke.google_project_iam_member.cluster_service_account-artifact-registry",
            "module.infra.module.private-gke-autopilot-cluster.module.gke.google_project_iam_member.cluster_service_account-gcr",
            "module.infra.module.private-gke-autopilot-cluster.module.gke.google_project_iam_member.cluster_service_account-metric_writer",
            "module.infra.module.private-gke-autopilot-cluster.module.gke.google_project_iam_member.cluster_service_account-nodeService_account",
            "module.infra.module.private-gke-autopilot-cluster.module.gke.google_project_iam_member.cluster_service_account-resourceMetadata-writer",
            "module.infra.module.private-gke-autopilot-cluster.module.gke.google_project_iam_member.service_agent",
            "module.infra.module.private-gke-autopilot-cluster.module.gke.google_project_service_identity.fleet_project",
            "module.infra.module.private-gke-autopilot-cluster.module.gke.google_service_account.cluster_service_account",
            "module.infra.module.private-gke-autopilot-cluster.module.gke.kubernetes_config_map.ip-masq-agent",
            "module.infra.module.private-gke-autopilot-cluster.module.gke.kubernetes_config_map_v1_data.kube-dns",
            "module.infra.module.private-gke-autopilot-cluster.module.gke.kubernetes_config_map_v1_data.kube-dns-upstream-nameservers-and-stub-domains",
            "module.infra.module.private-gke-autopilot-cluster.module.gke.kubernetes_config_map_v1_data.kube-dns-upstream-namservers",
            "module.infra.module.private-gke-autopilot-cluster.module.gke.random_shuffle.available_zones",
            "module.infra.module.private-gke-autopilot-cluster.module.gke.random_string.cluster_service_account_suffix",
            "module.infra.module.private-gke-standard-cluster.google_gke_hub_membership.gke-fleet",
            "module.infra.module.private-gke-standard-cluster.module.gke.data.google_compute_subnetwork.gke_subnetwork",
            "module.infra.module.private-gke-standard-cluster.module.gke.data.google_compute_zones.available",
            "module.infra.module.private-gke-standard-cluster.module.gke.data.google_container_engine_versions.region",
            "module.infra.module.private-gke-standard-cluster.module.gke.data.google_container_engine_versions.zone",
            "module.infra.module.private-gke-standard-cluster.module.gke.google_compute_firewall.intra_egress",
            "module.infra.module.private-gke-standard-cluster.module.gke.google_compute_firewall.master_webhooks",
            "module.infra.module.private-gke-standard-cluster.module.gke.google_compute_firewall.shadow_allow_inkubelet",
            "module.infra.module.private-gke-standard-cluster.module.gke.google_compute_firewall.shadow_allow_master",
            "module.infra.module.private-gke-standard-cluster.module.gke.google_compute_firewall.shadow_allow_nodes",
            "module.infra.module.private-gke-standard-cluster.module.gke.google_compute_firewall.shadow_allow_pods",
            "module.infra.module.private-gke-standard-cluster.module.gke.google_compute_firewall.shadow_deny_exkubelet",
            "module.infra.module.private-gke-standard-cluster.module.gke.google_compute_firewall.tpu_egress",
            "module.infra.module.private-gke-standard-cluster.module.gke.google_container_cluster.primary",
            "module.infra.module.private-gke-standard-cluster.module.gke.google_container_node_pool.pools",
            "module.infra.module.private-gke-standard-cluster.module.gke.google_container_node_pool.windows_pools",
            "module.infra.module.private-gke-standard-cluster.module.gke.google_project_iam_member.cluster_service_account-artifact-registry",
            "module.infra.module.private-gke-standard-cluster.module.gke.google_project_iam_member.cluster_service_account-gcr",
            "module.infra.module.private-gke-standard-cluster.module.gke.google_project_iam_member.cluster_service_account-metric_writer",
            "module.infra.module.private-gke-standard-cluster.module.gke.google_project_iam_member.cluster_service_account-nodeService_account",
            "module.infra.module.private-gke-standard-cluster.module.gke.google_project_iam_member.cluster_service_account-resourceMetadata-writer",
            "module.infra.module.private-gke-standard-cluster.module.gke.google_service_account.cluster_service_account",
            "module.infra.module.private-gke-standard-cluster.module.gke.kubernetes_config_map.ip-masq-agent",
            "module.infra.module.private-gke-standard-cluster.module.gke.kubernetes_config_map_v1_data.kube-dns",
            "module.infra.module.private-gke-standard-cluster.module.gke.kubernetes_config_map_v1_data.kube-dns-upstream-nameservers-and-stub-domains",
            "module.infra.module.private-gke-standard-cluster.module.gke.kubernetes_config_map_v1_data.kube-dns-upstream-namservers",
            "module.infra.module.private-gke-standard-cluster.module.gke.random_shuffle.available_zones",
            "module.infra.module.private-gke-standard-cluster.module.gke.random_string.cluster_service_account_suffix",
            "module.infra.module.public-gke-autopilot-cluster.module.gke.data.google_compute_subnetwork.gke_subnetwork",
            "module.infra.module.public-gke-autopilot-cluster.module.gke.data.google_compute_zones.available",
            "module.infra.module.public-gke-autopilot-cluster.module.gke.data.google_container_engine_versions.region",
            "module.infra.module.public-gke-autopilot-cluster.module.gke.data.google_container_engine_versions.zone",
            "module.infra.module.public-gke-autopilot-cluster.module.gke.google_compute_firewall.intra_egress",
            "module.infra.module.public-gke-autopilot-cluster.module.gke.google_compute_firewall.master_webhooks",
            "module.infra.module.public-gke-autopilot-cluster.module.gke.google_compute_firewall.shadow_allow_inkubelet",
            "module.infra.module.public-gke-autopilot-cluster.module.gke.google_compute_firewall.shadow_allow_master",
            "module.infra.module.public-gke-autopilot-cluster.module.gke.google_compute_firewall.shadow_allow_nodes",
            "module.infra.module.public-gke-autopilot-cluster.module.gke.google_compute_firewall.shadow_allow_pods",
            "module.infra.module.public-gke-autopilot-cluster.module.gke.google_compute_firewall.shadow_deny_exkubelet",
            "module.infra.module.public-gke-autopilot-cluster.module.gke.google_compute_firewall.tpu_egress",
            "module.infra.module.public-gke-autopilot-cluster.module.gke.google_container_cluster.primary",
            "module.infra.module.public-gke-autopilot-cluster.module.gke.google_project_iam_member.cluster_service_account-artifact-registry",
            "module.infra.module.public-gke-autopilot-cluster.module.gke.google_project_iam_member.cluster_service_account-gcr",
            "module.infra.module.public-gke-autopilot-cluster.module.gke.google_project_iam_member.cluster_service_account-metric_writer",
            "module.infra.module.public-gke-autopilot-cluster.module.gke.google_project_iam_member.cluster_service_account-nodeService_account",
            "module.infra.module.public-gke-autopilot-cluster.module.gke.google_project_iam_member.cluster_service_account-resourceMetadata-writer",
            "module.infra.module.public-gke-autopilot-cluster.module.gke.google_project_iam_member.service_agent",
            "module.infra.module.public-gke-autopilot-cluster.module.gke.google_project_service_identity.fleet_project",
            "module.infra.module.public-gke-autopilot-cluster.module.gke.google_service_account.cluster_service_account",
            "module.infra.module.public-gke-autopilot-cluster.module.gke.kubernetes_config_map.ip-masq-agent",
            "module.infra.module.public-gke-autopilot-cluster.module.gke.kubernetes_config_map_v1_data.kube-dns",
            "module.infra.module.public-gke-autopilot-cluster.module.gke.kubernetes_config_map_v1_data.kube-dns-upstream-nameservers-and-stub-domains",
            "module.infra.module.public-gke-autopilot-cluster.module.gke.kubernetes_config_map_v1_data.kube-dns-upstream-namservers",
            "module.infra.module.public-gke-autopilot-cluster.module.gke.random_shuffle.available_zones",
            "module.infra.module.public-gke-autopilot-cluster.module.gke.random_string.cluster_service_account_suffix",
            "module.infra.module.public-gke-standard-cluster.module.gke.data.google_compute_subnetwork.gke_subnetwork",
            "module.infra.module.public-gke-standard-cluster.module.gke.data.google_compute_zones.available",
            "module.infra.module.public-gke-standard-cluster.module.gke.data.google_container_engine_versions.region",
            "module.infra.module.public-gke-standard-cluster.module.gke.data.google_container_engine_versions.zone",
            "module.infra.module.public-gke-standard-cluster.module.gke.google_compute_firewall.intra_egress",
            "module.infra.module.public-gke-standard-cluster.module.gke.google_compute_firewall.master_webhooks",
            "module.infra.module.public-gke-standard-cluster.module.gke.google_compute_firewall.shadow_allow_inkubelet",
            "module.infra.module.public-gke-standard-cluster.module.gke.google_compute_firewall.shadow_allow_master",
            "module.infra.module.public-gke-standard-cluster.module.gke.google_compute_firewall.shadow_allow_nodes",
            "module.infra.module.public-gke-standard-cluster.module.gke.google_compute_firewall.shadow_allow_pods",
            "module.infra.module.public-gke-standard-cluster.module.gke.google_compute_firewall.shadow_deny_exkubelet",
            "module.infra.module.public-gke-standard-cluster.module.gke.google_compute_firewall.tpu_egress",
            "module.infra.module.public-gke-standard-cluster.module.gke.google_container_cluster.primary",
            "module.infra.module.public-gke-standard-cluster.module.gke.google_container_node_pool.pools",
            "module.infra.module.public-gke-standard-cluster.module.gke.google_container_node_pool.windows_pools",
            "module.infra.module.public-gke-standard-cluster.module.gke.google_project_iam_member.cluster_service_account-artifact-registry",
            "module.infra.module.public-gke-standard-cluster.module.gke.google_project_iam_member.cluster_service_account-gcr",
            "module.infra.module.public-gke-standard-cluster.module.gke.google_project_iam_member.cluster_service_account-metric_writer",
            "module.infra.module.public-gke-standard-cluster.module.gke.google_project_iam_member.cluster_service_account-nodeService_account",
            "module.infra.module.public-gke-standard-cluster.module.gke.google_project_iam_member.cluster_service_account-resourceMetadata-writer",
            "module.infra.module.public-gke-standard-cluster.module.gke.google_service_account.cluster_service_account",
            "module.infra.module.public-gke-standard-cluster.module.gke.kubernetes_config_map.ip-masq-agent",
            "module.infra.module.public-gke-standard-cluster.module.gke.kubernetes_config_map_v1_data.kube-dns",
            "module.infra.module.public-gke-standard-cluster.module.gke.kubernetes_config_map_v1_data.kube-dns-upstream-nameservers-and-stub-domains",
            "module.infra.module.public-gke-standard-cluster.module.gke.kubernetes_config_map_v1_data.kube-dns-upstream-namservers",
            "module.infra.module.public-gke-standard-cluster.module.gke.random_shuffle.available_zones",
            "module.infra.module.public-gke-standard-cluster.module.gke.random_string.cluster_service_account_suffix",
            "module.kuberay-workload-identity.data.google_service_account.cluster_service_account",
            "module.kuberay-workload-identity.google_service_account.cluster_service_account",
            "module.namespace.helm_release.app-namespace",
            "module.project-services.data.google_compute_default_service_account.default",
            "module.project-services.google_project_iam_member.project_service_identity_roles",
            "module.project-services.google_project_service.project_services",
            "module.project-services.google_project_service_identity.project_service_identities"
          ]
        }
      ]
    },
    {
      "module": "module.namespace",
      "mode": "managed",
      "type": "helm_release",
      "name": "app-namespace",
      "provider": "provider[\"registry.terraform.io/hashicorp/helm\"].rag",
      "instances": [
        {
          "schema_version": 0,
          "attributes": {
            "atomic": false,
            "chart": "../../modules/kubernetes-namespace/charts/namespace/",
            "cleanup_on_fail": false,
            "create_namespace": true,
            "dependency_update": false,
            "description": null,
            "devel": null,
            "disable_crd_hooks": false,
            "disable_openapi_validation": false,
            "disable_webhooks": false,
            "force_update": false,
            "id": "app-namespace",
            "keyring": null,
            "lint": false,
            "manifest": null,
            "max_history": 0,
            "metadata": [
              {
                "app_version": "1.0.0",
                "chart": "ns",
                "name": "app-namespace",
                "namespace": "ai-on-gke",
                "revision": 1,
                "values": "null",
                "version": "0.1.0"
              }
            ],
            "name": "app-namespace",
            "namespace": "ai-on-gke",
            "pass_credentials": false,
            "postrender": [],
            "recreate_pods": false,
            "render_subchart_notes": true,
            "replace": false,
            "repository": null,
            "repository_ca_file": null,
            "repository_cert_file": null,
            "repository_key_file": null,
            "repository_password": null,
            "repository_username": null,
            "reset_values": false,
            "reuse_values": false,
            "set": [],
            "set_sensitive": [],
            "skip_crds": false,
            "status": "deployed",
            "timeout": 300,
            "values": null,
            "verify": false,
            "version": "0.1.0",
            "wait": true,
            "wait_for_jobs": false
          },
          "sensitive_attributes": [],
          "private": "bnVsbA==",
          "dependencies": [
            "data.google_client_config.default",
            "data.google_container_cluster.default",
            "data.google_project.project",
            "module.infra.data.google_compute_subnetwork.subnetwork",
            "module.infra.module.custom-network.google_compute_global_address.google-managed-services-range",
            "module.infra.module.custom-network.google_compute_network.network",
            "module.infra.module.custom-network.google_compute_subnetwork.subnetwork",
            "module.infra.module.custom-network.google_service_networking_connection.private_service_access",
            "module.infra.module.private-gke-autopilot-cluster.google_gke_hub_membership.gke-fleet",
            "module.infra.module.private-gke-autopilot-cluster.module.gke.data.google_compute_subnetwork.gke_subnetwork",
            "module.infra.module.private-gke-autopilot-cluster.module.gke.data.google_compute_zones.available",
            "module.infra.module.private-gke-autopilot-cluster.module.gke.data.google_container_engine_versions.region",
            "module.infra.module.private-gke-autopilot-cluster.module.gke.data.google_container_engine_versions.zone",
            "module.infra.module.private-gke-autopilot-cluster.module.gke.google_compute_firewall.intra_egress",
            "module.infra.module.private-gke-autopilot-cluster.module.gke.google_compute_firewall.master_webhooks",
            "module.infra.module.private-gke-autopilot-cluster.module.gke.google_compute_firewall.shadow_allow_inkubelet",
            "module.infra.module.private-gke-autopilot-cluster.module.gke.google_compute_firewall.shadow_allow_master",
            "module.infra.module.private-gke-autopilot-cluster.module.gke.google_compute_firewall.shadow_allow_nodes",
            "module.infra.module.private-gke-autopilot-cluster.module.gke.google_compute_firewall.shadow_allow_pods",
            "module.infra.module.private-gke-autopilot-cluster.module.gke.google_compute_firewall.shadow_deny_exkubelet",
            "module.infra.module.private-gke-autopilot-cluster.module.gke.google_compute_firewall.tpu_egress",
            "module.infra.module.private-gke-autopilot-cluster.module.gke.google_container_cluster.primary",
            "module.infra.module.private-gke-autopilot-cluster.module.gke.google_project_iam_member.cluster_service_account-artifact-registry",
            "module.infra.module.private-gke-autopilot-cluster.module.gke.google_project_iam_member.cluster_service_account-gcr",
            "module.infra.module.private-gke-autopilot-cluster.module.gke.google_project_iam_member.cluster_service_account-metric_writer",
            "module.infra.module.private-gke-autopilot-cluster.module.gke.google_project_iam_member.cluster_service_account-nodeService_account",
            "module.infra.module.private-gke-autopilot-cluster.module.gke.google_project_iam_member.cluster_service_account-resourceMetadata-writer",
            "module.infra.module.private-gke-autopilot-cluster.module.gke.google_project_iam_member.service_agent",
            "module.infra.module.private-gke-autopilot-cluster.module.gke.google_project_service_identity.fleet_project",
            "module.infra.module.private-gke-autopilot-cluster.module.gke.google_service_account.cluster_service_account",
            "module.infra.module.private-gke-autopilot-cluster.module.gke.kubernetes_config_map.ip-masq-agent",
            "module.infra.module.private-gke-autopilot-cluster.module.gke.kubernetes_config_map_v1_data.kube-dns",
            "module.infra.module.private-gke-autopilot-cluster.module.gke.kubernetes_config_map_v1_data.kube-dns-upstream-nameservers-and-stub-domains",
            "module.infra.module.private-gke-autopilot-cluster.module.gke.kubernetes_config_map_v1_data.kube-dns-upstream-namservers",
            "module.infra.module.private-gke-autopilot-cluster.module.gke.random_shuffle.available_zones",
            "module.infra.module.private-gke-autopilot-cluster.module.gke.random_string.cluster_service_account_suffix",
            "module.infra.module.private-gke-standard-cluster.google_gke_hub_membership.gke-fleet",
            "module.infra.module.private-gke-standard-cluster.module.gke.data.google_compute_subnetwork.gke_subnetwork",
            "module.infra.module.private-gke-standard-cluster.module.gke.data.google_compute_zones.available",
            "module.infra.module.private-gke-standard-cluster.module.gke.data.google_container_engine_versions.region",
            "module.infra.module.private-gke-standard-cluster.module.gke.data.google_container_engine_versions.zone",
            "module.infra.module.private-gke-standard-cluster.module.gke.google_compute_firewall.intra_egress",
            "module.infra.module.private-gke-standard-cluster.module.gke.google_compute_firewall.master_webhooks",
            "module.infra.module.private-gke-standard-cluster.module.gke.google_compute_firewall.shadow_allow_inkubelet",
            "module.infra.module.private-gke-standard-cluster.module.gke.google_compute_firewall.shadow_allow_master",
            "module.infra.module.private-gke-standard-cluster.module.gke.google_compute_firewall.shadow_allow_nodes",
            "module.infra.module.private-gke-standard-cluster.module.gke.google_compute_firewall.shadow_allow_pods",
            "module.infra.module.private-gke-standard-cluster.module.gke.google_compute_firewall.shadow_deny_exkubelet",
            "module.infra.module.private-gke-standard-cluster.module.gke.google_compute_firewall.tpu_egress",
            "module.infra.module.private-gke-standard-cluster.module.gke.google_container_cluster.primary",
            "module.infra.module.private-gke-standard-cluster.module.gke.google_container_node_pool.pools",
            "module.infra.module.private-gke-standard-cluster.module.gke.google_container_node_pool.windows_pools",
            "module.infra.module.private-gke-standard-cluster.module.gke.google_project_iam_member.cluster_service_account-artifact-registry",
            "module.infra.module.private-gke-standard-cluster.module.gke.google_project_iam_member.cluster_service_account-gcr",
            "module.infra.module.private-gke-standard-cluster.module.gke.google_project_iam_member.cluster_service_account-metric_writer",
            "module.infra.module.private-gke-standard-cluster.module.gke.google_project_iam_member.cluster_service_account-nodeService_account",
            "module.infra.module.private-gke-standard-cluster.module.gke.google_project_iam_member.cluster_service_account-resourceMetadata-writer",
            "module.infra.module.private-gke-standard-cluster.module.gke.google_service_account.cluster_service_account",
            "module.infra.module.private-gke-standard-cluster.module.gke.kubernetes_config_map.ip-masq-agent",
            "module.infra.module.private-gke-standard-cluster.module.gke.kubernetes_config_map_v1_data.kube-dns",
            "module.infra.module.private-gke-standard-cluster.module.gke.kubernetes_config_map_v1_data.kube-dns-upstream-nameservers-and-stub-domains",
            "module.infra.module.private-gke-standard-cluster.module.gke.kubernetes_config_map_v1_data.kube-dns-upstream-namservers",
            "module.infra.module.private-gke-standard-cluster.module.gke.random_shuffle.available_zones",
            "module.infra.module.private-gke-standard-cluster.module.gke.random_string.cluster_service_account_suffix",
            "module.infra.module.public-gke-autopilot-cluster.module.gke.data.google_compute_subnetwork.gke_subnetwork",
            "module.infra.module.public-gke-autopilot-cluster.module.gke.data.google_compute_zones.available",
            "module.infra.module.public-gke-autopilot-cluster.module.gke.data.google_container_engine_versions.region",
            "module.infra.module.public-gke-autopilot-cluster.module.gke.data.google_container_engine_versions.zone",
            "module.infra.module.public-gke-autopilot-cluster.module.gke.google_compute_firewall.intra_egress",
            "module.infra.module.public-gke-autopilot-cluster.module.gke.google_compute_firewall.master_webhooks",
            "module.infra.module.public-gke-autopilot-cluster.module.gke.google_compute_firewall.shadow_allow_inkubelet",
            "module.infra.module.public-gke-autopilot-cluster.module.gke.google_compute_firewall.shadow_allow_master",
            "module.infra.module.public-gke-autopilot-cluster.module.gke.google_compute_firewall.shadow_allow_nodes",
            "module.infra.module.public-gke-autopilot-cluster.module.gke.google_compute_firewall.shadow_allow_pods",
            "module.infra.module.public-gke-autopilot-cluster.module.gke.google_compute_firewall.shadow_deny_exkubelet",
            "module.infra.module.public-gke-autopilot-cluster.module.gke.google_compute_firewall.tpu_egress",
            "module.infra.module.public-gke-autopilot-cluster.module.gke.google_container_cluster.primary",
            "module.infra.module.public-gke-autopilot-cluster.module.gke.google_project_iam_member.cluster_service_account-artifact-registry",
            "module.infra.module.public-gke-autopilot-cluster.module.gke.google_project_iam_member.cluster_service_account-gcr",
            "module.infra.module.public-gke-autopilot-cluster.module.gke.google_project_iam_member.cluster_service_account-metric_writer",
            "module.infra.module.public-gke-autopilot-cluster.module.gke.google_project_iam_member.cluster_service_account-nodeService_account",
            "module.infra.module.public-gke-autopilot-cluster.module.gke.google_project_iam_member.cluster_service_account-resourceMetadata-writer",
            "module.infra.module.public-gke-autopilot-cluster.module.gke.google_project_iam_member.service_agent",
            "module.infra.module.public-gke-autopilot-cluster.module.gke.google_project_service_identity.fleet_project",
            "module.infra.module.public-gke-autopilot-cluster.module.gke.google_service_account.cluster_service_account",
            "module.infra.module.public-gke-autopilot-cluster.module.gke.kubernetes_config_map.ip-masq-agent",
            "module.infra.module.public-gke-autopilot-cluster.module.gke.kubernetes_config_map_v1_data.kube-dns",
            "module.infra.module.public-gke-autopilot-cluster.module.gke.kubernetes_config_map_v1_data.kube-dns-upstream-nameservers-and-stub-domains",
            "module.infra.module.public-gke-autopilot-cluster.module.gke.kubernetes_config_map_v1_data.kube-dns-upstream-namservers",
            "module.infra.module.public-gke-autopilot-cluster.module.gke.random_shuffle.available_zones",
            "module.infra.module.public-gke-autopilot-cluster.module.gke.random_string.cluster_service_account_suffix",
            "module.infra.module.public-gke-standard-cluster.module.gke.data.google_compute_subnetwork.gke_subnetwork",
            "module.infra.module.public-gke-standard-cluster.module.gke.data.google_compute_zones.available",
            "module.infra.module.public-gke-standard-cluster.module.gke.data.google_container_engine_versions.region",
            "module.infra.module.public-gke-standard-cluster.module.gke.data.google_container_engine_versions.zone",
            "module.infra.module.public-gke-standard-cluster.module.gke.google_compute_firewall.intra_egress",
            "module.infra.module.public-gke-standard-cluster.module.gke.google_compute_firewall.master_webhooks",
            "module.infra.module.public-gke-standard-cluster.module.gke.google_compute_firewall.shadow_allow_inkubelet",
            "module.infra.module.public-gke-standard-cluster.module.gke.google_compute_firewall.shadow_allow_master",
            "module.infra.module.public-gke-standard-cluster.module.gke.google_compute_firewall.shadow_allow_nodes",
            "module.infra.module.public-gke-standard-cluster.module.gke.google_compute_firewall.shadow_allow_pods",
            "module.infra.module.public-gke-standard-cluster.module.gke.google_compute_firewall.shadow_deny_exkubelet",
            "module.infra.module.public-gke-standard-cluster.module.gke.google_compute_firewall.tpu_egress",
            "module.infra.module.public-gke-standard-cluster.module.gke.google_container_cluster.primary",
            "module.infra.module.public-gke-standard-cluster.module.gke.google_container_node_pool.pools",
            "module.infra.module.public-gke-standard-cluster.module.gke.google_container_node_pool.windows_pools",
            "module.infra.module.public-gke-standard-cluster.module.gke.google_project_iam_member.cluster_service_account-artifact-registry",
            "module.infra.module.public-gke-standard-cluster.module.gke.google_project_iam_member.cluster_service_account-gcr",
            "module.infra.module.public-gke-standard-cluster.module.gke.google_project_iam_member.cluster_service_account-metric_writer",
            "module.infra.module.public-gke-standard-cluster.module.gke.google_project_iam_member.cluster_service_account-nodeService_account",
            "module.infra.module.public-gke-standard-cluster.module.gke.google_project_iam_member.cluster_service_account-resourceMetadata-writer",
            "module.infra.module.public-gke-standard-cluster.module.gke.google_service_account.cluster_service_account",
            "module.infra.module.public-gke-standard-cluster.module.gke.kubernetes_config_map.ip-masq-agent",
            "module.infra.module.public-gke-standard-cluster.module.gke.kubernetes_config_map_v1_data.kube-dns",
            "module.infra.module.public-gke-standard-cluster.module.gke.kubernetes_config_map_v1_data.kube-dns-upstream-nameservers-and-stub-domains",
            "module.infra.module.public-gke-standard-cluster.module.gke.kubernetes_config_map_v1_data.kube-dns-upstream-namservers",
            "module.infra.module.public-gke-standard-cluster.module.gke.random_shuffle.available_zones",
            "module.infra.module.public-gke-standard-cluster.module.gke.random_string.cluster_service_account_suffix",
            "module.project-services.data.google_compute_default_service_account.default",
            "module.project-services.google_project_iam_member.project_service_identity_roles",
            "module.project-services.google_project_service.project_services",
            "module.project-services.google_project_service_identity.project_service_identities"
          ]
        }
      ]
    },
    {
      "module": "module.project-services",
      "mode": "managed",
      "type": "google_project_service",
      "name": "project_services",
      "provider": "provider[\"registry.terraform.io/hashicorp/google\"]",
      "instances": [
        {
          "index_key": "autoscaling.googleapis.com",
          "schema_version": 0,
          "attributes": {
            "disable_dependent_services": false,
            "disable_on_destroy": false,
            "id": "genlu-gke-dev/autoscaling.googleapis.com",
            "project": "genlu-gke-dev",
            "service": "autoscaling.googleapis.com",
            "timeouts": null
          },
          "sensitive_attributes": [],
          "private": "eyJlMmJmYjczMC1lY2FhLTExZTYtOGY4OC0zNDM2M2JjN2M0YzAiOnsiY3JlYXRlIjoxMjAwMDAwMDAwMDAwLCJkZWxldGUiOjEyMDAwMDAwMDAwMDAsInJlYWQiOjYwMDAwMDAwMDAwMCwidXBkYXRlIjoxMjAwMDAwMDAwMDAwfX0="
        },
        {
          "index_key": "cloudbuild.googleapis.com",
          "schema_version": 0,
          "attributes": {
            "disable_dependent_services": false,
            "disable_on_destroy": false,
            "id": "genlu-gke-dev/cloudbuild.googleapis.com",
            "project": "genlu-gke-dev",
            "service": "cloudbuild.googleapis.com",
            "timeouts": null
          },
          "sensitive_attributes": [],
          "private": "eyJlMmJmYjczMC1lY2FhLTExZTYtOGY4OC0zNDM2M2JjN2M0YzAiOnsiY3JlYXRlIjoxMjAwMDAwMDAwMDAwLCJkZWxldGUiOjEyMDAwMDAwMDAwMDAsInJlYWQiOjYwMDAwMDAwMDAwMCwidXBkYXRlIjoxMjAwMDAwMDAwMDAwfX0="
        },
        {
          "index_key": "cloudresourcemanager.googleapis.com",
          "schema_version": 0,
          "attributes": {
            "disable_dependent_services": false,
            "disable_on_destroy": false,
            "id": "genlu-gke-dev/cloudresourcemanager.googleapis.com",
            "project": "genlu-gke-dev",
            "service": "cloudresourcemanager.googleapis.com",
            "timeouts": null
          },
          "sensitive_attributes": [],
          "private": "eyJlMmJmYjczMC1lY2FhLTExZTYtOGY4OC0zNDM2M2JjN2M0YzAiOnsiY3JlYXRlIjoxMjAwMDAwMDAwMDAwLCJkZWxldGUiOjEyMDAwMDAwMDAwMDAsInJlYWQiOjYwMDAwMDAwMDAwMCwidXBkYXRlIjoxMjAwMDAwMDAwMDAwfX0="
        },
        {
          "index_key": "compute.googleapis.com",
          "schema_version": 0,
          "attributes": {
            "disable_dependent_services": false,
            "disable_on_destroy": false,
            "id": "genlu-gke-dev/compute.googleapis.com",
            "project": "genlu-gke-dev",
            "service": "compute.googleapis.com",
            "timeouts": null
          },
          "sensitive_attributes": [],
          "private": "eyJlMmJmYjczMC1lY2FhLTExZTYtOGY4OC0zNDM2M2JjN2M0YzAiOnsiY3JlYXRlIjoxMjAwMDAwMDAwMDAwLCJkZWxldGUiOjEyMDAwMDAwMDAwMDAsInJlYWQiOjYwMDAwMDAwMDAwMCwidXBkYXRlIjoxMjAwMDAwMDAwMDAwfX0="
        },
        {
          "index_key": "config.googleapis.com",
          "schema_version": 0,
          "attributes": {
            "disable_dependent_services": false,
            "disable_on_destroy": false,
            "id": "genlu-gke-dev/config.googleapis.com",
            "project": "genlu-gke-dev",
            "service": "config.googleapis.com",
            "timeouts": null
          },
          "sensitive_attributes": [],
          "private": "eyJlMmJmYjczMC1lY2FhLTExZTYtOGY4OC0zNDM2M2JjN2M0YzAiOnsiY3JlYXRlIjoxMjAwMDAwMDAwMDAwLCJkZWxldGUiOjEyMDAwMDAwMDAwMDAsInJlYWQiOjYwMDAwMDAwMDAwMCwidXBkYXRlIjoxMjAwMDAwMDAwMDAwfX0="
        },
        {
          "index_key": "connectgateway.googleapis.com",
          "schema_version": 0,
          "attributes": {
            "disable_dependent_services": false,
            "disable_on_destroy": false,
            "id": "genlu-gke-dev/connectgateway.googleapis.com",
            "project": "genlu-gke-dev",
            "service": "connectgateway.googleapis.com",
            "timeouts": null
          },
          "sensitive_attributes": [],
          "private": "eyJlMmJmYjczMC1lY2FhLTExZTYtOGY4OC0zNDM2M2JjN2M0YzAiOnsiY3JlYXRlIjoxMjAwMDAwMDAwMDAwLCJkZWxldGUiOjEyMDAwMDAwMDAwMDAsInJlYWQiOjYwMDAwMDAwMDAwMCwidXBkYXRlIjoxMjAwMDAwMDAwMDAwfX0="
        },
        {
          "index_key": "container.googleapis.com",
          "schema_version": 0,
          "attributes": {
            "disable_dependent_services": false,
            "disable_on_destroy": false,
            "id": "genlu-gke-dev/container.googleapis.com",
            "project": "genlu-gke-dev",
            "service": "container.googleapis.com",
            "timeouts": null
          },
          "sensitive_attributes": [],
          "private": "eyJlMmJmYjczMC1lY2FhLTExZTYtOGY4OC0zNDM2M2JjN2M0YzAiOnsiY3JlYXRlIjoxMjAwMDAwMDAwMDAwLCJkZWxldGUiOjEyMDAwMDAwMDAwMDAsInJlYWQiOjYwMDAwMDAwMDAwMCwidXBkYXRlIjoxMjAwMDAwMDAwMDAwfX0="
        },
        {
          "index_key": "containerfilesystem.googleapis.com",
          "schema_version": 0,
          "attributes": {
            "disable_dependent_services": false,
            "disable_on_destroy": false,
            "id": "genlu-gke-dev/containerfilesystem.googleapis.com",
            "project": "genlu-gke-dev",
            "service": "containerfilesystem.googleapis.com",
            "timeouts": null
          },
          "sensitive_attributes": [],
          "private": "eyJlMmJmYjczMC1lY2FhLTExZTYtOGY4OC0zNDM2M2JjN2M0YzAiOnsiY3JlYXRlIjoxMjAwMDAwMDAwMDAwLCJkZWxldGUiOjEyMDAwMDAwMDAwMDAsInJlYWQiOjYwMDAwMDAwMDAwMCwidXBkYXRlIjoxMjAwMDAwMDAwMDAwfX0="
        },
        {
          "index_key": "dlp.googleapis.com",
          "schema_version": 0,
          "attributes": {
            "disable_dependent_services": false,
            "disable_on_destroy": false,
            "id": "genlu-gke-dev/dlp.googleapis.com",
            "project": "genlu-gke-dev",
            "service": "dlp.googleapis.com",
            "timeouts": null
          },
          "sensitive_attributes": [],
          "private": "eyJlMmJmYjczMC1lY2FhLTExZTYtOGY4OC0zNDM2M2JjN2M0YzAiOnsiY3JlYXRlIjoxMjAwMDAwMDAwMDAwLCJkZWxldGUiOjEyMDAwMDAwMDAwMDAsInJlYWQiOjYwMDAwMDAwMDAwMCwidXBkYXRlIjoxMjAwMDAwMDAwMDAwfX0="
        },
        {
          "index_key": "dns.googleapis.com",
          "schema_version": 0,
          "attributes": {
            "disable_dependent_services": false,
            "disable_on_destroy": false,
            "id": "genlu-gke-dev/dns.googleapis.com",
            "project": "genlu-gke-dev",
            "service": "dns.googleapis.com",
            "timeouts": null
          },
          "sensitive_attributes": [],
          "private": "eyJlMmJmYjczMC1lY2FhLTExZTYtOGY4OC0zNDM2M2JjN2M0YzAiOnsiY3JlYXRlIjoxMjAwMDAwMDAwMDAwLCJkZWxldGUiOjEyMDAwMDAwMDAwMDAsInJlYWQiOjYwMDAwMDAwMDAwMCwidXBkYXRlIjoxMjAwMDAwMDAwMDAwfX0="
        },
        {
          "index_key": "gkehub.googleapis.com",
          "schema_version": 0,
          "attributes": {
            "disable_dependent_services": false,
            "disable_on_destroy": false,
            "id": "genlu-gke-dev/gkehub.googleapis.com",
            "project": "genlu-gke-dev",
            "service": "gkehub.googleapis.com",
            "timeouts": null
          },
          "sensitive_attributes": [],
          "private": "eyJlMmJmYjczMC1lY2FhLTExZTYtOGY4OC0zNDM2M2JjN2M0YzAiOnsiY3JlYXRlIjoxMjAwMDAwMDAwMDAwLCJkZWxldGUiOjEyMDAwMDAwMDAwMDAsInJlYWQiOjYwMDAwMDAwMDAwMCwidXBkYXRlIjoxMjAwMDAwMDAwMDAwfX0="
        },
        {
          "index_key": "iamcredentials.googleapis.com",
          "schema_version": 0,
          "attributes": {
            "disable_dependent_services": false,
            "disable_on_destroy": false,
            "id": "genlu-gke-dev/iamcredentials.googleapis.com",
            "project": "genlu-gke-dev",
            "service": "iamcredentials.googleapis.com",
            "timeouts": null
          },
          "sensitive_attributes": [],
          "private": "eyJlMmJmYjczMC1lY2FhLTExZTYtOGY4OC0zNDM2M2JjN2M0YzAiOnsiY3JlYXRlIjoxMjAwMDAwMDAwMDAwLCJkZWxldGUiOjEyMDAwMDAwMDAwMDAsInJlYWQiOjYwMDAwMDAwMDAwMCwidXBkYXRlIjoxMjAwMDAwMDAwMDAwfX0="
        },
        {
          "index_key": "iap.googleapis.com",
          "schema_version": 0,
          "attributes": {
            "disable_dependent_services": false,
            "disable_on_destroy": false,
            "id": "genlu-gke-dev/iap.googleapis.com",
            "project": "genlu-gke-dev",
            "service": "iap.googleapis.com",
            "timeouts": null
          },
          "sensitive_attributes": [],
          "private": "eyJlMmJmYjczMC1lY2FhLTExZTYtOGY4OC0zNDM2M2JjN2M0YzAiOnsiY3JlYXRlIjoxMjAwMDAwMDAwMDAwLCJkZWxldGUiOjEyMDAwMDAwMDAwMDAsInJlYWQiOjYwMDAwMDAwMDAwMCwidXBkYXRlIjoxMjAwMDAwMDAwMDAwfX0="
        },
        {
          "index_key": "language.googleapis.com",
          "schema_version": 0,
          "attributes": {
            "disable_dependent_services": false,
            "disable_on_destroy": false,
            "id": "genlu-gke-dev/language.googleapis.com",
            "project": "genlu-gke-dev",
            "service": "language.googleapis.com",
            "timeouts": null
          },
          "sensitive_attributes": [],
          "private": "eyJlMmJmYjczMC1lY2FhLTExZTYtOGY4OC0zNDM2M2JjN2M0YzAiOnsiY3JlYXRlIjoxMjAwMDAwMDAwMDAwLCJkZWxldGUiOjEyMDAwMDAwMDAwMDAsInJlYWQiOjYwMDAwMDAwMDAwMCwidXBkYXRlIjoxMjAwMDAwMDAwMDAwfX0="
        },
        {
          "index_key": "logging.googleapis.com",
          "schema_version": 0,
          "attributes": {
            "disable_dependent_services": false,
            "disable_on_destroy": false,
            "id": "genlu-gke-dev/logging.googleapis.com",
            "project": "genlu-gke-dev",
            "service": "logging.googleapis.com",
            "timeouts": null
          },
          "sensitive_attributes": [],
          "private": "eyJlMmJmYjczMC1lY2FhLTExZTYtOGY4OC0zNDM2M2JjN2M0YzAiOnsiY3JlYXRlIjoxMjAwMDAwMDAwMDAwLCJkZWxldGUiOjEyMDAwMDAwMDAwMDAsInJlYWQiOjYwMDAwMDAwMDAwMCwidXBkYXRlIjoxMjAwMDAwMDAwMDAwfX0="
        },
        {
          "index_key": "monitoring.googleapis.com",
          "schema_version": 0,
          "attributes": {
            "disable_dependent_services": false,
            "disable_on_destroy": false,
            "id": "genlu-gke-dev/monitoring.googleapis.com",
            "project": "genlu-gke-dev",
            "service": "monitoring.googleapis.com",
            "timeouts": null
          },
          "sensitive_attributes": [],
          "private": "eyJlMmJmYjczMC1lY2FhLTExZTYtOGY4OC0zNDM2M2JjN2M0YzAiOnsiY3JlYXRlIjoxMjAwMDAwMDAwMDAwLCJkZWxldGUiOjEyMDAwMDAwMDAwMDAsInJlYWQiOjYwMDAwMDAwMDAwMCwidXBkYXRlIjoxMjAwMDAwMDAwMDAwfX0="
        },
        {
          "index_key": "pubsub.googleapis.com",
          "schema_version": 0,
          "attributes": {
            "disable_dependent_services": false,
            "disable_on_destroy": false,
            "id": "genlu-gke-dev/pubsub.googleapis.com",
            "project": "genlu-gke-dev",
            "service": "pubsub.googleapis.com",
            "timeouts": null
          },
          "sensitive_attributes": [],
          "private": "eyJlMmJmYjczMC1lY2FhLTExZTYtOGY4OC0zNDM2M2JjN2M0YzAiOnsiY3JlYXRlIjoxMjAwMDAwMDAwMDAwLCJkZWxldGUiOjEyMDAwMDAwMDAwMDAsInJlYWQiOjYwMDAwMDAwMDAwMCwidXBkYXRlIjoxMjAwMDAwMDAwMDAwfX0="
        },
        {
          "index_key": "servicenetworking.googleapis.com",
          "schema_version": 0,
          "attributes": {
            "disable_dependent_services": false,
            "disable_on_destroy": false,
            "id": "genlu-gke-dev/servicenetworking.googleapis.com",
            "project": "genlu-gke-dev",
            "service": "servicenetworking.googleapis.com",
            "timeouts": null
          },
          "sensitive_attributes": [],
          "private": "eyJlMmJmYjczMC1lY2FhLTExZTYtOGY4OC0zNDM2M2JjN2M0YzAiOnsiY3JlYXRlIjoxMjAwMDAwMDAwMDAwLCJkZWxldGUiOjEyMDAwMDAwMDAwMDAsInJlYWQiOjYwMDAwMDAwMDAwMCwidXBkYXRlIjoxMjAwMDAwMDAwMDAwfX0="
        },
        {
          "index_key": "serviceusage.googleapis.com",
          "schema_version": 0,
          "attributes": {
            "disable_dependent_services": false,
            "disable_on_destroy": false,
            "id": "genlu-gke-dev/serviceusage.googleapis.com",
            "project": "genlu-gke-dev",
            "service": "serviceusage.googleapis.com",
            "timeouts": null
          },
          "sensitive_attributes": [],
          "private": "eyJlMmJmYjczMC1lY2FhLTExZTYtOGY4OC0zNDM2M2JjN2M0YzAiOnsiY3JlYXRlIjoxMjAwMDAwMDAwMDAwLCJkZWxldGUiOjEyMDAwMDAwMDAwMDAsInJlYWQiOjYwMDAwMDAwMDAwMCwidXBkYXRlIjoxMjAwMDAwMDAwMDAwfX0="
        },
        {
          "index_key": "sourcerepo.googleapis.com",
          "schema_version": 0,
          "attributes": {
            "disable_dependent_services": false,
            "disable_on_destroy": false,
            "id": "genlu-gke-dev/sourcerepo.googleapis.com",
            "project": "genlu-gke-dev",
            "service": "sourcerepo.googleapis.com",
            "timeouts": null
          },
          "sensitive_attributes": [],
          "private": "eyJlMmJmYjczMC1lY2FhLTExZTYtOGY4OC0zNDM2M2JjN2M0YzAiOnsiY3JlYXRlIjoxMjAwMDAwMDAwMDAwLCJkZWxldGUiOjEyMDAwMDAwMDAwMDAsInJlYWQiOjYwMDAwMDAwMDAwMCwidXBkYXRlIjoxMjAwMDAwMDAwMDAwfX0="
        },
        {
          "index_key": "sqladmin.googleapis.com",
          "schema_version": 0,
          "attributes": {
            "disable_dependent_services": false,
            "disable_on_destroy": false,
            "id": "genlu-gke-dev/sqladmin.googleapis.com",
            "project": "genlu-gke-dev",
            "service": "sqladmin.googleapis.com",
            "timeouts": null
          },
          "sensitive_attributes": [],
          "private": "eyJlMmJmYjczMC1lY2FhLTExZTYtOGY4OC0zNDM2M2JjN2M0YzAiOnsiY3JlYXRlIjoxMjAwMDAwMDAwMDAwLCJkZWxldGUiOjEyMDAwMDAwMDAwMDAsInJlYWQiOjYwMDAwMDAwMDAwMCwidXBkYXRlIjoxMjAwMDAwMDAwMDAwfX0="
        }
      ]
    }
  ],
  "check_results": [
    {
      "object_kind": "resource",
      "config_addr": "module.jupyterhub.module.iap_auth.terraform_data.domain_validation",
      "status": "pass",
      "objects": null
    },
    {
      "object_kind": "resource",
      "config_addr": "module.frontend.module.iap_auth.terraform_data.domain_validation",
      "status": "pass",
      "objects": null
    },
    {
      "object_kind": "resource",
      "config_addr": "module.kuberay-cluster.module.iap_auth.terraform_data.domain_validation",
      "status": "pass",
      "objects": null
    }
  ]
}
